{
  "version": 4,
  "terraform_version": "1.7.2",
  "serial": 1506,
  "lineage": "e23352bb-e634-f0cb-1a47-5e8f4a09a8ad",
  "outputs": {},
  "resources": [
    {
      "mode": "managed",
      "type": "local_file",
      "name": "ws",
      "provider": "provider[\"registry.terraform.io/hashicorp/local\"]",
      "instances": [
        {
          "index_key": 0,
          "schema_version": 0,
          "attributes": {
            "content": "#\n# Autogenerated by Terraform\n# https://github.com/hashi-strawb/tfc-monorepo-test/blob/main/repo_dirs/main.tf\n#\n\nmodule \"pet\" {\n  source = \"../../modules/random\"\n}\n",
            "content_base64": null,
            "content_base64sha256": "MezlB0fdrAmLX04grbiVeQ4tqo9lql8a/xhvvdmw8HI=",
            "content_base64sha512": "SR9IDbGH/PMhx1EKmSIq8BjcAhM/Avrg9RPYvXmRPAG6clMgl3ouB3eWyeG2a73AIhsvN/yzL5zcGTVwgeORBQ==",
            "content_md5": "3d0f588742e923989b4538f3a51644d0",
            "content_sha1": "7b9a1e00865d0e3bfa8535bceb1e7191e1171637",
            "content_sha256": "31ece50747ddac098b5f4e20adb895790e2daa8f65aa5f1aff186fbdd9b0f072",
            "content_sha512": "491f480db187fcf321c7510a99222af018dc02133f02fae0f513d8bd79913c01ba725320977a2e077796c9e1b66bbdc0221b2f37fcb32f9cdc19357081e39105",
            "directory_permission": "0777",
            "file_permission": "0777",
            "filename": "../individual-workspaces/ws-0000/main.tf",
            "id": "7b9a1e00865d0e3bfa8535bceb1e7191e1171637",
            "sensitive_content": null,
            "source": null
          },
          "sensitive_attributes": []
        },
        {
          "index_key": 1,
          "schema_version": 0,
          "attributes": {
            "content": "#\n# Autogenerated by Terraform\n# https://github.com/hashi-strawb/tfc-monorepo-test/blob/main/repo_dirs/main.tf\n#\n\nmodule \"pet\" {\n  source = \"../../modules/random\"\n}\n",
            "content_base64": null,
            "content_base64sha256": "MezlB0fdrAmLX04grbiVeQ4tqo9lql8a/xhvvdmw8HI=",
            "content_base64sha512": "SR9IDbGH/PMhx1EKmSIq8BjcAhM/Avrg9RPYvXmRPAG6clMgl3ouB3eWyeG2a73AIhsvN/yzL5zcGTVwgeORBQ==",
            "content_md5": "3d0f588742e923989b4538f3a51644d0",
            "content_sha1": "7b9a1e00865d0e3bfa8535bceb1e7191e1171637",
            "content_sha256": "31ece50747ddac098b5f4e20adb895790e2daa8f65aa5f1aff186fbdd9b0f072",
            "content_sha512": "491f480db187fcf321c7510a99222af018dc02133f02fae0f513d8bd79913c01ba725320977a2e077796c9e1b66bbdc0221b2f37fcb32f9cdc19357081e39105",
            "directory_permission": "0777",
            "file_permission": "0777",
            "filename": "../individual-workspaces/ws-0001/main.tf",
            "id": "7b9a1e00865d0e3bfa8535bceb1e7191e1171637",
            "sensitive_content": null,
            "source": null
          },
          "sensitive_attributes": []
        },
        {
          "index_key": 2,
          "schema_version": 0,
          "attributes": {
            "content": "#\n# Autogenerated by Terraform\n# https://github.com/hashi-strawb/tfc-monorepo-test/blob/main/repo_dirs/main.tf\n#\n\nmodule \"pet\" {\n  source = \"../../modules/random\"\n}\n",
            "content_base64": null,
            "content_base64sha256": "MezlB0fdrAmLX04grbiVeQ4tqo9lql8a/xhvvdmw8HI=",
            "content_base64sha512": "SR9IDbGH/PMhx1EKmSIq8BjcAhM/Avrg9RPYvXmRPAG6clMgl3ouB3eWyeG2a73AIhsvN/yzL5zcGTVwgeORBQ==",
            "content_md5": "3d0f588742e923989b4538f3a51644d0",
            "content_sha1": "7b9a1e00865d0e3bfa8535bceb1e7191e1171637",
            "content_sha256": "31ece50747ddac098b5f4e20adb895790e2daa8f65aa5f1aff186fbdd9b0f072",
            "content_sha512": "491f480db187fcf321c7510a99222af018dc02133f02fae0f513d8bd79913c01ba725320977a2e077796c9e1b66bbdc0221b2f37fcb32f9cdc19357081e39105",
            "directory_permission": "0777",
            "file_permission": "0777",
            "filename": "../individual-workspaces/ws-0002/main.tf",
            "id": "7b9a1e00865d0e3bfa8535bceb1e7191e1171637",
            "sensitive_content": null,
            "source": null
          },
          "sensitive_attributes": []
        },
        {
          "index_key": 3,
          "schema_version": 0,
          "attributes": {
            "content": "#\n# Autogenerated by Terraform\n# https://github.com/hashi-strawb/tfc-monorepo-test/blob/main/repo_dirs/main.tf\n#\n\nmodule \"pet\" {\n  source = \"../../modules/random\"\n}\n",
            "content_base64": null,
            "content_base64sha256": "MezlB0fdrAmLX04grbiVeQ4tqo9lql8a/xhvvdmw8HI=",
            "content_base64sha512": "SR9IDbGH/PMhx1EKmSIq8BjcAhM/Avrg9RPYvXmRPAG6clMgl3ouB3eWyeG2a73AIhsvN/yzL5zcGTVwgeORBQ==",
            "content_md5": "3d0f588742e923989b4538f3a51644d0",
            "content_sha1": "7b9a1e00865d0e3bfa8535bceb1e7191e1171637",
            "content_sha256": "31ece50747ddac098b5f4e20adb895790e2daa8f65aa5f1aff186fbdd9b0f072",
            "content_sha512": "491f480db187fcf321c7510a99222af018dc02133f02fae0f513d8bd79913c01ba725320977a2e077796c9e1b66bbdc0221b2f37fcb32f9cdc19357081e39105",
            "directory_permission": "0777",
            "file_permission": "0777",
            "filename": "../individual-workspaces/ws-0003/main.tf",
            "id": "7b9a1e00865d0e3bfa8535bceb1e7191e1171637",
            "sensitive_content": null,
            "source": null
          },
          "sensitive_attributes": []
        },
        {
          "index_key": 4,
          "schema_version": 0,
          "attributes": {
            "content": "#\n# Autogenerated by Terraform\n# https://github.com/hashi-strawb/tfc-monorepo-test/blob/main/repo_dirs/main.tf\n#\n\nmodule \"pet\" {\n  source = \"../../modules/random\"\n}\n",
            "content_base64": null,
            "content_base64sha256": "MezlB0fdrAmLX04grbiVeQ4tqo9lql8a/xhvvdmw8HI=",
            "content_base64sha512": "SR9IDbGH/PMhx1EKmSIq8BjcAhM/Avrg9RPYvXmRPAG6clMgl3ouB3eWyeG2a73AIhsvN/yzL5zcGTVwgeORBQ==",
            "content_md5": "3d0f588742e923989b4538f3a51644d0",
            "content_sha1": "7b9a1e00865d0e3bfa8535bceb1e7191e1171637",
            "content_sha256": "31ece50747ddac098b5f4e20adb895790e2daa8f65aa5f1aff186fbdd9b0f072",
            "content_sha512": "491f480db187fcf321c7510a99222af018dc02133f02fae0f513d8bd79913c01ba725320977a2e077796c9e1b66bbdc0221b2f37fcb32f9cdc19357081e39105",
            "directory_permission": "0777",
            "file_permission": "0777",
            "filename": "../individual-workspaces/ws-0004/main.tf",
            "id": "7b9a1e00865d0e3bfa8535bceb1e7191e1171637",
            "sensitive_content": null,
            "source": null
          },
          "sensitive_attributes": []
        },
        {
          "index_key": 5,
          "schema_version": 0,
          "attributes": {
            "content": "#\n# Autogenerated by Terraform\n# https://github.com/hashi-strawb/tfc-monorepo-test/blob/main/repo_dirs/main.tf\n#\n\nmodule \"pet\" {\n  source = \"../../modules/random\"\n}\n",
            "content_base64": null,
            "content_base64sha256": "MezlB0fdrAmLX04grbiVeQ4tqo9lql8a/xhvvdmw8HI=",
            "content_base64sha512": "SR9IDbGH/PMhx1EKmSIq8BjcAhM/Avrg9RPYvXmRPAG6clMgl3ouB3eWyeG2a73AIhsvN/yzL5zcGTVwgeORBQ==",
            "content_md5": "3d0f588742e923989b4538f3a51644d0",
            "content_sha1": "7b9a1e00865d0e3bfa8535bceb1e7191e1171637",
            "content_sha256": "31ece50747ddac098b5f4e20adb895790e2daa8f65aa5f1aff186fbdd9b0f072",
            "content_sha512": "491f480db187fcf321c7510a99222af018dc02133f02fae0f513d8bd79913c01ba725320977a2e077796c9e1b66bbdc0221b2f37fcb32f9cdc19357081e39105",
            "directory_permission": "0777",
            "file_permission": "0777",
            "filename": "../individual-workspaces/ws-0005/main.tf",
            "id": "7b9a1e00865d0e3bfa8535bceb1e7191e1171637",
            "sensitive_content": null,
            "source": null
          },
          "sensitive_attributes": []
        },
        {
          "index_key": 6,
          "schema_version": 0,
          "attributes": {
            "content": "#\n# Autogenerated by Terraform\n# https://github.com/hashi-strawb/tfc-monorepo-test/blob/main/repo_dirs/main.tf\n#\n\nmodule \"pet\" {\n  source = \"../../modules/random\"\n}\n",
            "content_base64": null,
            "content_base64sha256": "MezlB0fdrAmLX04grbiVeQ4tqo9lql8a/xhvvdmw8HI=",
            "content_base64sha512": "SR9IDbGH/PMhx1EKmSIq8BjcAhM/Avrg9RPYvXmRPAG6clMgl3ouB3eWyeG2a73AIhsvN/yzL5zcGTVwgeORBQ==",
            "content_md5": "3d0f588742e923989b4538f3a51644d0",
            "content_sha1": "7b9a1e00865d0e3bfa8535bceb1e7191e1171637",
            "content_sha256": "31ece50747ddac098b5f4e20adb895790e2daa8f65aa5f1aff186fbdd9b0f072",
            "content_sha512": "491f480db187fcf321c7510a99222af018dc02133f02fae0f513d8bd79913c01ba725320977a2e077796c9e1b66bbdc0221b2f37fcb32f9cdc19357081e39105",
            "directory_permission": "0777",
            "file_permission": "0777",
            "filename": "../individual-workspaces/ws-0006/main.tf",
            "id": "7b9a1e00865d0e3bfa8535bceb1e7191e1171637",
            "sensitive_content": null,
            "source": null
          },
          "sensitive_attributes": []
        },
        {
          "index_key": 7,
          "schema_version": 0,
          "attributes": {
            "content": "#\n# Autogenerated by Terraform\n# https://github.com/hashi-strawb/tfc-monorepo-test/blob/main/repo_dirs/main.tf\n#\n\nmodule \"pet\" {\n  source = \"../../modules/random\"\n}\n",
            "content_base64": null,
            "content_base64sha256": "MezlB0fdrAmLX04grbiVeQ4tqo9lql8a/xhvvdmw8HI=",
            "content_base64sha512": "SR9IDbGH/PMhx1EKmSIq8BjcAhM/Avrg9RPYvXmRPAG6clMgl3ouB3eWyeG2a73AIhsvN/yzL5zcGTVwgeORBQ==",
            "content_md5": "3d0f588742e923989b4538f3a51644d0",
            "content_sha1": "7b9a1e00865d0e3bfa8535bceb1e7191e1171637",
            "content_sha256": "31ece50747ddac098b5f4e20adb895790e2daa8f65aa5f1aff186fbdd9b0f072",
            "content_sha512": "491f480db187fcf321c7510a99222af018dc02133f02fae0f513d8bd79913c01ba725320977a2e077796c9e1b66bbdc0221b2f37fcb32f9cdc19357081e39105",
            "directory_permission": "0777",
            "file_permission": "0777",
            "filename": "../individual-workspaces/ws-0007/main.tf",
            "id": "7b9a1e00865d0e3bfa8535bceb1e7191e1171637",
            "sensitive_content": null,
            "source": null
          },
          "sensitive_attributes": []
        },
        {
          "index_key": 8,
          "schema_version": 0,
          "attributes": {
            "content": "#\n# Autogenerated by Terraform\n# https://github.com/hashi-strawb/tfc-monorepo-test/blob/main/repo_dirs/main.tf\n#\n\nmodule \"pet\" {\n  source = \"../../modules/random\"\n}\n",
            "content_base64": null,
            "content_base64sha256": "MezlB0fdrAmLX04grbiVeQ4tqo9lql8a/xhvvdmw8HI=",
            "content_base64sha512": "SR9IDbGH/PMhx1EKmSIq8BjcAhM/Avrg9RPYvXmRPAG6clMgl3ouB3eWyeG2a73AIhsvN/yzL5zcGTVwgeORBQ==",
            "content_md5": "3d0f588742e923989b4538f3a51644d0",
            "content_sha1": "7b9a1e00865d0e3bfa8535bceb1e7191e1171637",
            "content_sha256": "31ece50747ddac098b5f4e20adb895790e2daa8f65aa5f1aff186fbdd9b0f072",
            "content_sha512": "491f480db187fcf321c7510a99222af018dc02133f02fae0f513d8bd79913c01ba725320977a2e077796c9e1b66bbdc0221b2f37fcb32f9cdc19357081e39105",
            "directory_permission": "0777",
            "file_permission": "0777",
            "filename": "../individual-workspaces/ws-0008/main.tf",
            "id": "7b9a1e00865d0e3bfa8535bceb1e7191e1171637",
            "sensitive_content": null,
            "source": null
          },
          "sensitive_attributes": []
        },
        {
          "index_key": 9,
          "schema_version": 0,
          "attributes": {
            "content": "#\n# Autogenerated by Terraform\n# https://github.com/hashi-strawb/tfc-monorepo-test/blob/main/repo_dirs/main.tf\n#\n\nmodule \"pet\" {\n  source = \"../../modules/random\"\n}\n",
            "content_base64": null,
            "content_base64sha256": "MezlB0fdrAmLX04grbiVeQ4tqo9lql8a/xhvvdmw8HI=",
            "content_base64sha512": "SR9IDbGH/PMhx1EKmSIq8BjcAhM/Avrg9RPYvXmRPAG6clMgl3ouB3eWyeG2a73AIhsvN/yzL5zcGTVwgeORBQ==",
            "content_md5": "3d0f588742e923989b4538f3a51644d0",
            "content_sha1": "7b9a1e00865d0e3bfa8535bceb1e7191e1171637",
            "content_sha256": "31ece50747ddac098b5f4e20adb895790e2daa8f65aa5f1aff186fbdd9b0f072",
            "content_sha512": "491f480db187fcf321c7510a99222af018dc02133f02fae0f513d8bd79913c01ba725320977a2e077796c9e1b66bbdc0221b2f37fcb32f9cdc19357081e39105",
            "directory_permission": "0777",
            "file_permission": "0777",
            "filename": "../individual-workspaces/ws-0009/main.tf",
            "id": "7b9a1e00865d0e3bfa8535bceb1e7191e1171637",
            "sensitive_content": null,
            "source": null
          },
          "sensitive_attributes": []
        },
        {
          "index_key": 10,
          "schema_version": 0,
          "attributes": {
            "content": "#\n# Autogenerated by Terraform\n# https://github.com/hashi-strawb/tfc-monorepo-test/blob/main/repo_dirs/main.tf\n#\n\nmodule \"pet\" {\n  source = \"../../modules/random\"\n}\n",
            "content_base64": null,
            "content_base64sha256": "MezlB0fdrAmLX04grbiVeQ4tqo9lql8a/xhvvdmw8HI=",
            "content_base64sha512": "SR9IDbGH/PMhx1EKmSIq8BjcAhM/Avrg9RPYvXmRPAG6clMgl3ouB3eWyeG2a73AIhsvN/yzL5zcGTVwgeORBQ==",
            "content_md5": "3d0f588742e923989b4538f3a51644d0",
            "content_sha1": "7b9a1e00865d0e3bfa8535bceb1e7191e1171637",
            "content_sha256": "31ece50747ddac098b5f4e20adb895790e2daa8f65aa5f1aff186fbdd9b0f072",
            "content_sha512": "491f480db187fcf321c7510a99222af018dc02133f02fae0f513d8bd79913c01ba725320977a2e077796c9e1b66bbdc0221b2f37fcb32f9cdc19357081e39105",
            "directory_permission": "0777",
            "file_permission": "0777",
            "filename": "../individual-workspaces/ws-0010/main.tf",
            "id": "7b9a1e00865d0e3bfa8535bceb1e7191e1171637",
            "sensitive_content": null,
            "source": null
          },
          "sensitive_attributes": []
        },
        {
          "index_key": 11,
          "schema_version": 0,
          "attributes": {
            "content": "#\n# Autogenerated by Terraform\n# https://github.com/hashi-strawb/tfc-monorepo-test/blob/main/repo_dirs/main.tf\n#\n\nmodule \"pet\" {\n  source = \"../../modules/random\"\n}\n",
            "content_base64": null,
            "content_base64sha256": "MezlB0fdrAmLX04grbiVeQ4tqo9lql8a/xhvvdmw8HI=",
            "content_base64sha512": "SR9IDbGH/PMhx1EKmSIq8BjcAhM/Avrg9RPYvXmRPAG6clMgl3ouB3eWyeG2a73AIhsvN/yzL5zcGTVwgeORBQ==",
            "content_md5": "3d0f588742e923989b4538f3a51644d0",
            "content_sha1": "7b9a1e00865d0e3bfa8535bceb1e7191e1171637",
            "content_sha256": "31ece50747ddac098b5f4e20adb895790e2daa8f65aa5f1aff186fbdd9b0f072",
            "content_sha512": "491f480db187fcf321c7510a99222af018dc02133f02fae0f513d8bd79913c01ba725320977a2e077796c9e1b66bbdc0221b2f37fcb32f9cdc19357081e39105",
            "directory_permission": "0777",
            "file_permission": "0777",
            "filename": "../individual-workspaces/ws-0011/main.tf",
            "id": "7b9a1e00865d0e3bfa8535bceb1e7191e1171637",
            "sensitive_content": null,
            "source": null
          },
          "sensitive_attributes": []
        },
        {
          "index_key": 12,
          "schema_version": 0,
          "attributes": {
            "content": "#\n# Autogenerated by Terraform\n# https://github.com/hashi-strawb/tfc-monorepo-test/blob/main/repo_dirs/main.tf\n#\n\nmodule \"pet\" {\n  source = \"../../modules/random\"\n}\n",
            "content_base64": null,
            "content_base64sha256": "MezlB0fdrAmLX04grbiVeQ4tqo9lql8a/xhvvdmw8HI=",
            "content_base64sha512": "SR9IDbGH/PMhx1EKmSIq8BjcAhM/Avrg9RPYvXmRPAG6clMgl3ouB3eWyeG2a73AIhsvN/yzL5zcGTVwgeORBQ==",
            "content_md5": "3d0f588742e923989b4538f3a51644d0",
            "content_sha1": "7b9a1e00865d0e3bfa8535bceb1e7191e1171637",
            "content_sha256": "31ece50747ddac098b5f4e20adb895790e2daa8f65aa5f1aff186fbdd9b0f072",
            "content_sha512": "491f480db187fcf321c7510a99222af018dc02133f02fae0f513d8bd79913c01ba725320977a2e077796c9e1b66bbdc0221b2f37fcb32f9cdc19357081e39105",
            "directory_permission": "0777",
            "file_permission": "0777",
            "filename": "../individual-workspaces/ws-0012/main.tf",
            "id": "7b9a1e00865d0e3bfa8535bceb1e7191e1171637",
            "sensitive_content": null,
            "source": null
          },
          "sensitive_attributes": []
        },
        {
          "index_key": 13,
          "schema_version": 0,
          "attributes": {
            "content": "#\n# Autogenerated by Terraform\n# https://github.com/hashi-strawb/tfc-monorepo-test/blob/main/repo_dirs/main.tf\n#\n\nmodule \"pet\" {\n  source = \"../../modules/random\"\n}\n",
            "content_base64": null,
            "content_base64sha256": "MezlB0fdrAmLX04grbiVeQ4tqo9lql8a/xhvvdmw8HI=",
            "content_base64sha512": "SR9IDbGH/PMhx1EKmSIq8BjcAhM/Avrg9RPYvXmRPAG6clMgl3ouB3eWyeG2a73AIhsvN/yzL5zcGTVwgeORBQ==",
            "content_md5": "3d0f588742e923989b4538f3a51644d0",
            "content_sha1": "7b9a1e00865d0e3bfa8535bceb1e7191e1171637",
            "content_sha256": "31ece50747ddac098b5f4e20adb895790e2daa8f65aa5f1aff186fbdd9b0f072",
            "content_sha512": "491f480db187fcf321c7510a99222af018dc02133f02fae0f513d8bd79913c01ba725320977a2e077796c9e1b66bbdc0221b2f37fcb32f9cdc19357081e39105",
            "directory_permission": "0777",
            "file_permission": "0777",
            "filename": "../individual-workspaces/ws-0013/main.tf",
            "id": "7b9a1e00865d0e3bfa8535bceb1e7191e1171637",
            "sensitive_content": null,
            "source": null
          },
          "sensitive_attributes": []
        },
        {
          "index_key": 14,
          "schema_version": 0,
          "attributes": {
            "content": "#\n# Autogenerated by Terraform\n# https://github.com/hashi-strawb/tfc-monorepo-test/blob/main/repo_dirs/main.tf\n#\n\nmodule \"pet\" {\n  source = \"../../modules/random\"\n}\n",
            "content_base64": null,
            "content_base64sha256": "MezlB0fdrAmLX04grbiVeQ4tqo9lql8a/xhvvdmw8HI=",
            "content_base64sha512": "SR9IDbGH/PMhx1EKmSIq8BjcAhM/Avrg9RPYvXmRPAG6clMgl3ouB3eWyeG2a73AIhsvN/yzL5zcGTVwgeORBQ==",
            "content_md5": "3d0f588742e923989b4538f3a51644d0",
            "content_sha1": "7b9a1e00865d0e3bfa8535bceb1e7191e1171637",
            "content_sha256": "31ece50747ddac098b5f4e20adb895790e2daa8f65aa5f1aff186fbdd9b0f072",
            "content_sha512": "491f480db187fcf321c7510a99222af018dc02133f02fae0f513d8bd79913c01ba725320977a2e077796c9e1b66bbdc0221b2f37fcb32f9cdc19357081e39105",
            "directory_permission": "0777",
            "file_permission": "0777",
            "filename": "../individual-workspaces/ws-0014/main.tf",
            "id": "7b9a1e00865d0e3bfa8535bceb1e7191e1171637",
            "sensitive_content": null,
            "source": null
          },
          "sensitive_attributes": []
        },
        {
          "index_key": 15,
          "schema_version": 0,
          "attributes": {
            "content": "#\n# Autogenerated by Terraform\n# https://github.com/hashi-strawb/tfc-monorepo-test/blob/main/repo_dirs/main.tf\n#\n\nmodule \"pet\" {\n  source = \"../../modules/random\"\n}\n",
            "content_base64": null,
            "content_base64sha256": "MezlB0fdrAmLX04grbiVeQ4tqo9lql8a/xhvvdmw8HI=",
            "content_base64sha512": "SR9IDbGH/PMhx1EKmSIq8BjcAhM/Avrg9RPYvXmRPAG6clMgl3ouB3eWyeG2a73AIhsvN/yzL5zcGTVwgeORBQ==",
            "content_md5": "3d0f588742e923989b4538f3a51644d0",
            "content_sha1": "7b9a1e00865d0e3bfa8535bceb1e7191e1171637",
            "content_sha256": "31ece50747ddac098b5f4e20adb895790e2daa8f65aa5f1aff186fbdd9b0f072",
            "content_sha512": "491f480db187fcf321c7510a99222af018dc02133f02fae0f513d8bd79913c01ba725320977a2e077796c9e1b66bbdc0221b2f37fcb32f9cdc19357081e39105",
            "directory_permission": "0777",
            "file_permission": "0777",
            "filename": "../individual-workspaces/ws-0015/main.tf",
            "id": "7b9a1e00865d0e3bfa8535bceb1e7191e1171637",
            "sensitive_content": null,
            "source": null
          },
          "sensitive_attributes": []
        },
        {
          "index_key": 16,
          "schema_version": 0,
          "attributes": {
            "content": "#\n# Autogenerated by Terraform\n# https://github.com/hashi-strawb/tfc-monorepo-test/blob/main/repo_dirs/main.tf\n#\n\nmodule \"pet\" {\n  source = \"../../modules/random\"\n}\n",
            "content_base64": null,
            "content_base64sha256": "MezlB0fdrAmLX04grbiVeQ4tqo9lql8a/xhvvdmw8HI=",
            "content_base64sha512": "SR9IDbGH/PMhx1EKmSIq8BjcAhM/Avrg9RPYvXmRPAG6clMgl3ouB3eWyeG2a73AIhsvN/yzL5zcGTVwgeORBQ==",
            "content_md5": "3d0f588742e923989b4538f3a51644d0",
            "content_sha1": "7b9a1e00865d0e3bfa8535bceb1e7191e1171637",
            "content_sha256": "31ece50747ddac098b5f4e20adb895790e2daa8f65aa5f1aff186fbdd9b0f072",
            "content_sha512": "491f480db187fcf321c7510a99222af018dc02133f02fae0f513d8bd79913c01ba725320977a2e077796c9e1b66bbdc0221b2f37fcb32f9cdc19357081e39105",
            "directory_permission": "0777",
            "file_permission": "0777",
            "filename": "../individual-workspaces/ws-0016/main.tf",
            "id": "7b9a1e00865d0e3bfa8535bceb1e7191e1171637",
            "sensitive_content": null,
            "source": null
          },
          "sensitive_attributes": []
        },
        {
          "index_key": 17,
          "schema_version": 0,
          "attributes": {
            "content": "#\n# Autogenerated by Terraform\n# https://github.com/hashi-strawb/tfc-monorepo-test/blob/main/repo_dirs/main.tf\n#\n\nmodule \"pet\" {\n  source = \"../../modules/random\"\n}\n",
            "content_base64": null,
            "content_base64sha256": "MezlB0fdrAmLX04grbiVeQ4tqo9lql8a/xhvvdmw8HI=",
            "content_base64sha512": "SR9IDbGH/PMhx1EKmSIq8BjcAhM/Avrg9RPYvXmRPAG6clMgl3ouB3eWyeG2a73AIhsvN/yzL5zcGTVwgeORBQ==",
            "content_md5": "3d0f588742e923989b4538f3a51644d0",
            "content_sha1": "7b9a1e00865d0e3bfa8535bceb1e7191e1171637",
            "content_sha256": "31ece50747ddac098b5f4e20adb895790e2daa8f65aa5f1aff186fbdd9b0f072",
            "content_sha512": "491f480db187fcf321c7510a99222af018dc02133f02fae0f513d8bd79913c01ba725320977a2e077796c9e1b66bbdc0221b2f37fcb32f9cdc19357081e39105",
            "directory_permission": "0777",
            "file_permission": "0777",
            "filename": "../individual-workspaces/ws-0017/main.tf",
            "id": "7b9a1e00865d0e3bfa8535bceb1e7191e1171637",
            "sensitive_content": null,
            "source": null
          },
          "sensitive_attributes": []
        },
        {
          "index_key": 18,
          "schema_version": 0,
          "attributes": {
            "content": "#\n# Autogenerated by Terraform\n# https://github.com/hashi-strawb/tfc-monorepo-test/blob/main/repo_dirs/main.tf\n#\n\nmodule \"pet\" {\n  source = \"../../modules/random\"\n}\n",
            "content_base64": null,
            "content_base64sha256": "MezlB0fdrAmLX04grbiVeQ4tqo9lql8a/xhvvdmw8HI=",
            "content_base64sha512": "SR9IDbGH/PMhx1EKmSIq8BjcAhM/Avrg9RPYvXmRPAG6clMgl3ouB3eWyeG2a73AIhsvN/yzL5zcGTVwgeORBQ==",
            "content_md5": "3d0f588742e923989b4538f3a51644d0",
            "content_sha1": "7b9a1e00865d0e3bfa8535bceb1e7191e1171637",
            "content_sha256": "31ece50747ddac098b5f4e20adb895790e2daa8f65aa5f1aff186fbdd9b0f072",
            "content_sha512": "491f480db187fcf321c7510a99222af018dc02133f02fae0f513d8bd79913c01ba725320977a2e077796c9e1b66bbdc0221b2f37fcb32f9cdc19357081e39105",
            "directory_permission": "0777",
            "file_permission": "0777",
            "filename": "../individual-workspaces/ws-0018/main.tf",
            "id": "7b9a1e00865d0e3bfa8535bceb1e7191e1171637",
            "sensitive_content": null,
            "source": null
          },
          "sensitive_attributes": []
        },
        {
          "index_key": 19,
          "schema_version": 0,
          "attributes": {
            "content": "#\n# Autogenerated by Terraform\n# https://github.com/hashi-strawb/tfc-monorepo-test/blob/main/repo_dirs/main.tf\n#\n\nmodule \"pet\" {\n  source = \"../../modules/random\"\n}\n",
            "content_base64": null,
            "content_base64sha256": "MezlB0fdrAmLX04grbiVeQ4tqo9lql8a/xhvvdmw8HI=",
            "content_base64sha512": "SR9IDbGH/PMhx1EKmSIq8BjcAhM/Avrg9RPYvXmRPAG6clMgl3ouB3eWyeG2a73AIhsvN/yzL5zcGTVwgeORBQ==",
            "content_md5": "3d0f588742e923989b4538f3a51644d0",
            "content_sha1": "7b9a1e00865d0e3bfa8535bceb1e7191e1171637",
            "content_sha256": "31ece50747ddac098b5f4e20adb895790e2daa8f65aa5f1aff186fbdd9b0f072",
            "content_sha512": "491f480db187fcf321c7510a99222af018dc02133f02fae0f513d8bd79913c01ba725320977a2e077796c9e1b66bbdc0221b2f37fcb32f9cdc19357081e39105",
            "directory_permission": "0777",
            "file_permission": "0777",
            "filename": "../individual-workspaces/ws-0019/main.tf",
            "id": "7b9a1e00865d0e3bfa8535bceb1e7191e1171637",
            "sensitive_content": null,
            "source": null
          },
          "sensitive_attributes": []
        },
        {
          "index_key": 20,
          "schema_version": 0,
          "attributes": {
            "content": "#\n# Autogenerated by Terraform\n# https://github.com/hashi-strawb/tfc-monorepo-test/blob/main/repo_dirs/main.tf\n#\n\nmodule \"pet\" {\n  source = \"../../modules/random\"\n}\n",
            "content_base64": null,
            "content_base64sha256": "MezlB0fdrAmLX04grbiVeQ4tqo9lql8a/xhvvdmw8HI=",
            "content_base64sha512": "SR9IDbGH/PMhx1EKmSIq8BjcAhM/Avrg9RPYvXmRPAG6clMgl3ouB3eWyeG2a73AIhsvN/yzL5zcGTVwgeORBQ==",
            "content_md5": "3d0f588742e923989b4538f3a51644d0",
            "content_sha1": "7b9a1e00865d0e3bfa8535bceb1e7191e1171637",
            "content_sha256": "31ece50747ddac098b5f4e20adb895790e2daa8f65aa5f1aff186fbdd9b0f072",
            "content_sha512": "491f480db187fcf321c7510a99222af018dc02133f02fae0f513d8bd79913c01ba725320977a2e077796c9e1b66bbdc0221b2f37fcb32f9cdc19357081e39105",
            "directory_permission": "0777",
            "file_permission": "0777",
            "filename": "../individual-workspaces/ws-0020/main.tf",
            "id": "7b9a1e00865d0e3bfa8535bceb1e7191e1171637",
            "sensitive_content": null,
            "source": null
          },
          "sensitive_attributes": []
        },
        {
          "index_key": 21,
          "schema_version": 0,
          "attributes": {
            "content": "#\n# Autogenerated by Terraform\n# https://github.com/hashi-strawb/tfc-monorepo-test/blob/main/repo_dirs/main.tf\n#\n\nmodule \"pet\" {\n  source = \"../../modules/random\"\n}\n",
            "content_base64": null,
            "content_base64sha256": "MezlB0fdrAmLX04grbiVeQ4tqo9lql8a/xhvvdmw8HI=",
            "content_base64sha512": "SR9IDbGH/PMhx1EKmSIq8BjcAhM/Avrg9RPYvXmRPAG6clMgl3ouB3eWyeG2a73AIhsvN/yzL5zcGTVwgeORBQ==",
            "content_md5": "3d0f588742e923989b4538f3a51644d0",
            "content_sha1": "7b9a1e00865d0e3bfa8535bceb1e7191e1171637",
            "content_sha256": "31ece50747ddac098b5f4e20adb895790e2daa8f65aa5f1aff186fbdd9b0f072",
            "content_sha512": "491f480db187fcf321c7510a99222af018dc02133f02fae0f513d8bd79913c01ba725320977a2e077796c9e1b66bbdc0221b2f37fcb32f9cdc19357081e39105",
            "directory_permission": "0777",
            "file_permission": "0777",
            "filename": "../individual-workspaces/ws-0021/main.tf",
            "id": "7b9a1e00865d0e3bfa8535bceb1e7191e1171637",
            "sensitive_content": null,
            "source": null
          },
          "sensitive_attributes": []
        },
        {
          "index_key": 22,
          "schema_version": 0,
          "attributes": {
            "content": "#\n# Autogenerated by Terraform\n# https://github.com/hashi-strawb/tfc-monorepo-test/blob/main/repo_dirs/main.tf\n#\n\nmodule \"pet\" {\n  source = \"../../modules/random\"\n}\n",
            "content_base64": null,
            "content_base64sha256": "MezlB0fdrAmLX04grbiVeQ4tqo9lql8a/xhvvdmw8HI=",
            "content_base64sha512": "SR9IDbGH/PMhx1EKmSIq8BjcAhM/Avrg9RPYvXmRPAG6clMgl3ouB3eWyeG2a73AIhsvN/yzL5zcGTVwgeORBQ==",
            "content_md5": "3d0f588742e923989b4538f3a51644d0",
            "content_sha1": "7b9a1e00865d0e3bfa8535bceb1e7191e1171637",
            "content_sha256": "31ece50747ddac098b5f4e20adb895790e2daa8f65aa5f1aff186fbdd9b0f072",
            "content_sha512": "491f480db187fcf321c7510a99222af018dc02133f02fae0f513d8bd79913c01ba725320977a2e077796c9e1b66bbdc0221b2f37fcb32f9cdc19357081e39105",
            "directory_permission": "0777",
            "file_permission": "0777",
            "filename": "../individual-workspaces/ws-0022/main.tf",
            "id": "7b9a1e00865d0e3bfa8535bceb1e7191e1171637",
            "sensitive_content": null,
            "source": null
          },
          "sensitive_attributes": []
        },
        {
          "index_key": 23,
          "schema_version": 0,
          "attributes": {
            "content": "#\n# Autogenerated by Terraform\n# https://github.com/hashi-strawb/tfc-monorepo-test/blob/main/repo_dirs/main.tf\n#\n\nmodule \"pet\" {\n  source = \"../../modules/random\"\n}\n",
            "content_base64": null,
            "content_base64sha256": "MezlB0fdrAmLX04grbiVeQ4tqo9lql8a/xhvvdmw8HI=",
            "content_base64sha512": "SR9IDbGH/PMhx1EKmSIq8BjcAhM/Avrg9RPYvXmRPAG6clMgl3ouB3eWyeG2a73AIhsvN/yzL5zcGTVwgeORBQ==",
            "content_md5": "3d0f588742e923989b4538f3a51644d0",
            "content_sha1": "7b9a1e00865d0e3bfa8535bceb1e7191e1171637",
            "content_sha256": "31ece50747ddac098b5f4e20adb895790e2daa8f65aa5f1aff186fbdd9b0f072",
            "content_sha512": "491f480db187fcf321c7510a99222af018dc02133f02fae0f513d8bd79913c01ba725320977a2e077796c9e1b66bbdc0221b2f37fcb32f9cdc19357081e39105",
            "directory_permission": "0777",
            "file_permission": "0777",
            "filename": "../individual-workspaces/ws-0023/main.tf",
            "id": "7b9a1e00865d0e3bfa8535bceb1e7191e1171637",
            "sensitive_content": null,
            "source": null
          },
          "sensitive_attributes": []
        },
        {
          "index_key": 24,
          "schema_version": 0,
          "attributes": {
            "content": "#\n# Autogenerated by Terraform\n# https://github.com/hashi-strawb/tfc-monorepo-test/blob/main/repo_dirs/main.tf\n#\n\nmodule \"pet\" {\n  source = \"../../modules/random\"\n}\n",
            "content_base64": null,
            "content_base64sha256": "MezlB0fdrAmLX04grbiVeQ4tqo9lql8a/xhvvdmw8HI=",
            "content_base64sha512": "SR9IDbGH/PMhx1EKmSIq8BjcAhM/Avrg9RPYvXmRPAG6clMgl3ouB3eWyeG2a73AIhsvN/yzL5zcGTVwgeORBQ==",
            "content_md5": "3d0f588742e923989b4538f3a51644d0",
            "content_sha1": "7b9a1e00865d0e3bfa8535bceb1e7191e1171637",
            "content_sha256": "31ece50747ddac098b5f4e20adb895790e2daa8f65aa5f1aff186fbdd9b0f072",
            "content_sha512": "491f480db187fcf321c7510a99222af018dc02133f02fae0f513d8bd79913c01ba725320977a2e077796c9e1b66bbdc0221b2f37fcb32f9cdc19357081e39105",
            "directory_permission": "0777",
            "file_permission": "0777",
            "filename": "../individual-workspaces/ws-0024/main.tf",
            "id": "7b9a1e00865d0e3bfa8535bceb1e7191e1171637",
            "sensitive_content": null,
            "source": null
          },
          "sensitive_attributes": []
        },
        {
          "index_key": 25,
          "schema_version": 0,
          "attributes": {
            "content": "#\n# Autogenerated by Terraform\n# https://github.com/hashi-strawb/tfc-monorepo-test/blob/main/repo_dirs/main.tf\n#\n\nmodule \"pet\" {\n  source = \"../../modules/random\"\n}\n",
            "content_base64": null,
            "content_base64sha256": "MezlB0fdrAmLX04grbiVeQ4tqo9lql8a/xhvvdmw8HI=",
            "content_base64sha512": "SR9IDbGH/PMhx1EKmSIq8BjcAhM/Avrg9RPYvXmRPAG6clMgl3ouB3eWyeG2a73AIhsvN/yzL5zcGTVwgeORBQ==",
            "content_md5": "3d0f588742e923989b4538f3a51644d0",
            "content_sha1": "7b9a1e00865d0e3bfa8535bceb1e7191e1171637",
            "content_sha256": "31ece50747ddac098b5f4e20adb895790e2daa8f65aa5f1aff186fbdd9b0f072",
            "content_sha512": "491f480db187fcf321c7510a99222af018dc02133f02fae0f513d8bd79913c01ba725320977a2e077796c9e1b66bbdc0221b2f37fcb32f9cdc19357081e39105",
            "directory_permission": "0777",
            "file_permission": "0777",
            "filename": "../individual-workspaces/ws-0025/main.tf",
            "id": "7b9a1e00865d0e3bfa8535bceb1e7191e1171637",
            "sensitive_content": null,
            "source": null
          },
          "sensitive_attributes": []
        },
        {
          "index_key": 26,
          "schema_version": 0,
          "attributes": {
            "content": "#\n# Autogenerated by Terraform\n# https://github.com/hashi-strawb/tfc-monorepo-test/blob/main/repo_dirs/main.tf\n#\n\nmodule \"pet\" {\n  source = \"../../modules/random\"\n}\n",
            "content_base64": null,
            "content_base64sha256": "MezlB0fdrAmLX04grbiVeQ4tqo9lql8a/xhvvdmw8HI=",
            "content_base64sha512": "SR9IDbGH/PMhx1EKmSIq8BjcAhM/Avrg9RPYvXmRPAG6clMgl3ouB3eWyeG2a73AIhsvN/yzL5zcGTVwgeORBQ==",
            "content_md5": "3d0f588742e923989b4538f3a51644d0",
            "content_sha1": "7b9a1e00865d0e3bfa8535bceb1e7191e1171637",
            "content_sha256": "31ece50747ddac098b5f4e20adb895790e2daa8f65aa5f1aff186fbdd9b0f072",
            "content_sha512": "491f480db187fcf321c7510a99222af018dc02133f02fae0f513d8bd79913c01ba725320977a2e077796c9e1b66bbdc0221b2f37fcb32f9cdc19357081e39105",
            "directory_permission": "0777",
            "file_permission": "0777",
            "filename": "../individual-workspaces/ws-0026/main.tf",
            "id": "7b9a1e00865d0e3bfa8535bceb1e7191e1171637",
            "sensitive_content": null,
            "source": null
          },
          "sensitive_attributes": []
        },
        {
          "index_key": 27,
          "schema_version": 0,
          "attributes": {
            "content": "#\n# Autogenerated by Terraform\n# https://github.com/hashi-strawb/tfc-monorepo-test/blob/main/repo_dirs/main.tf\n#\n\nmodule \"pet\" {\n  source = \"../../modules/random\"\n}\n",
            "content_base64": null,
            "content_base64sha256": "MezlB0fdrAmLX04grbiVeQ4tqo9lql8a/xhvvdmw8HI=",
            "content_base64sha512": "SR9IDbGH/PMhx1EKmSIq8BjcAhM/Avrg9RPYvXmRPAG6clMgl3ouB3eWyeG2a73AIhsvN/yzL5zcGTVwgeORBQ==",
            "content_md5": "3d0f588742e923989b4538f3a51644d0",
            "content_sha1": "7b9a1e00865d0e3bfa8535bceb1e7191e1171637",
            "content_sha256": "31ece50747ddac098b5f4e20adb895790e2daa8f65aa5f1aff186fbdd9b0f072",
            "content_sha512": "491f480db187fcf321c7510a99222af018dc02133f02fae0f513d8bd79913c01ba725320977a2e077796c9e1b66bbdc0221b2f37fcb32f9cdc19357081e39105",
            "directory_permission": "0777",
            "file_permission": "0777",
            "filename": "../individual-workspaces/ws-0027/main.tf",
            "id": "7b9a1e00865d0e3bfa8535bceb1e7191e1171637",
            "sensitive_content": null,
            "source": null
          },
          "sensitive_attributes": []
        },
        {
          "index_key": 28,
          "schema_version": 0,
          "attributes": {
            "content": "#\n# Autogenerated by Terraform\n# https://github.com/hashi-strawb/tfc-monorepo-test/blob/main/repo_dirs/main.tf\n#\n\nmodule \"pet\" {\n  source = \"../../modules/random\"\n}\n",
            "content_base64": null,
            "content_base64sha256": "MezlB0fdrAmLX04grbiVeQ4tqo9lql8a/xhvvdmw8HI=",
            "content_base64sha512": "SR9IDbGH/PMhx1EKmSIq8BjcAhM/Avrg9RPYvXmRPAG6clMgl3ouB3eWyeG2a73AIhsvN/yzL5zcGTVwgeORBQ==",
            "content_md5": "3d0f588742e923989b4538f3a51644d0",
            "content_sha1": "7b9a1e00865d0e3bfa8535bceb1e7191e1171637",
            "content_sha256": "31ece50747ddac098b5f4e20adb895790e2daa8f65aa5f1aff186fbdd9b0f072",
            "content_sha512": "491f480db187fcf321c7510a99222af018dc02133f02fae0f513d8bd79913c01ba725320977a2e077796c9e1b66bbdc0221b2f37fcb32f9cdc19357081e39105",
            "directory_permission": "0777",
            "file_permission": "0777",
            "filename": "../individual-workspaces/ws-0028/main.tf",
            "id": "7b9a1e00865d0e3bfa8535bceb1e7191e1171637",
            "sensitive_content": null,
            "source": null
          },
          "sensitive_attributes": []
        },
        {
          "index_key": 29,
          "schema_version": 0,
          "attributes": {
            "content": "#\n# Autogenerated by Terraform\n# https://github.com/hashi-strawb/tfc-monorepo-test/blob/main/repo_dirs/main.tf\n#\n\nmodule \"pet\" {\n  source = \"../../modules/random\"\n}\n",
            "content_base64": null,
            "content_base64sha256": "MezlB0fdrAmLX04grbiVeQ4tqo9lql8a/xhvvdmw8HI=",
            "content_base64sha512": "SR9IDbGH/PMhx1EKmSIq8BjcAhM/Avrg9RPYvXmRPAG6clMgl3ouB3eWyeG2a73AIhsvN/yzL5zcGTVwgeORBQ==",
            "content_md5": "3d0f588742e923989b4538f3a51644d0",
            "content_sha1": "7b9a1e00865d0e3bfa8535bceb1e7191e1171637",
            "content_sha256": "31ece50747ddac098b5f4e20adb895790e2daa8f65aa5f1aff186fbdd9b0f072",
            "content_sha512": "491f480db187fcf321c7510a99222af018dc02133f02fae0f513d8bd79913c01ba725320977a2e077796c9e1b66bbdc0221b2f37fcb32f9cdc19357081e39105",
            "directory_permission": "0777",
            "file_permission": "0777",
            "filename": "../individual-workspaces/ws-0029/main.tf",
            "id": "7b9a1e00865d0e3bfa8535bceb1e7191e1171637",
            "sensitive_content": null,
            "source": null
          },
          "sensitive_attributes": []
        },
        {
          "index_key": 30,
          "schema_version": 0,
          "attributes": {
            "content": "#\n# Autogenerated by Terraform\n# https://github.com/hashi-strawb/tfc-monorepo-test/blob/main/repo_dirs/main.tf\n#\n\nmodule \"pet\" {\n  source = \"../../modules/random\"\n}\n",
            "content_base64": null,
            "content_base64sha256": "MezlB0fdrAmLX04grbiVeQ4tqo9lql8a/xhvvdmw8HI=",
            "content_base64sha512": "SR9IDbGH/PMhx1EKmSIq8BjcAhM/Avrg9RPYvXmRPAG6clMgl3ouB3eWyeG2a73AIhsvN/yzL5zcGTVwgeORBQ==",
            "content_md5": "3d0f588742e923989b4538f3a51644d0",
            "content_sha1": "7b9a1e00865d0e3bfa8535bceb1e7191e1171637",
            "content_sha256": "31ece50747ddac098b5f4e20adb895790e2daa8f65aa5f1aff186fbdd9b0f072",
            "content_sha512": "491f480db187fcf321c7510a99222af018dc02133f02fae0f513d8bd79913c01ba725320977a2e077796c9e1b66bbdc0221b2f37fcb32f9cdc19357081e39105",
            "directory_permission": "0777",
            "file_permission": "0777",
            "filename": "../individual-workspaces/ws-0030/main.tf",
            "id": "7b9a1e00865d0e3bfa8535bceb1e7191e1171637",
            "sensitive_content": null,
            "source": null
          },
          "sensitive_attributes": []
        },
        {
          "index_key": 31,
          "schema_version": 0,
          "attributes": {
            "content": "#\n# Autogenerated by Terraform\n# https://github.com/hashi-strawb/tfc-monorepo-test/blob/main/repo_dirs/main.tf\n#\n\nmodule \"pet\" {\n  source = \"../../modules/random\"\n}\n",
            "content_base64": null,
            "content_base64sha256": "MezlB0fdrAmLX04grbiVeQ4tqo9lql8a/xhvvdmw8HI=",
            "content_base64sha512": "SR9IDbGH/PMhx1EKmSIq8BjcAhM/Avrg9RPYvXmRPAG6clMgl3ouB3eWyeG2a73AIhsvN/yzL5zcGTVwgeORBQ==",
            "content_md5": "3d0f588742e923989b4538f3a51644d0",
            "content_sha1": "7b9a1e00865d0e3bfa8535bceb1e7191e1171637",
            "content_sha256": "31ece50747ddac098b5f4e20adb895790e2daa8f65aa5f1aff186fbdd9b0f072",
            "content_sha512": "491f480db187fcf321c7510a99222af018dc02133f02fae0f513d8bd79913c01ba725320977a2e077796c9e1b66bbdc0221b2f37fcb32f9cdc19357081e39105",
            "directory_permission": "0777",
            "file_permission": "0777",
            "filename": "../individual-workspaces/ws-0031/main.tf",
            "id": "7b9a1e00865d0e3bfa8535bceb1e7191e1171637",
            "sensitive_content": null,
            "source": null
          },
          "sensitive_attributes": []
        },
        {
          "index_key": 32,
          "schema_version": 0,
          "attributes": {
            "content": "#\n# Autogenerated by Terraform\n# https://github.com/hashi-strawb/tfc-monorepo-test/blob/main/repo_dirs/main.tf\n#\n\nmodule \"pet\" {\n  source = \"../../modules/random\"\n}\n",
            "content_base64": null,
            "content_base64sha256": "MezlB0fdrAmLX04grbiVeQ4tqo9lql8a/xhvvdmw8HI=",
            "content_base64sha512": "SR9IDbGH/PMhx1EKmSIq8BjcAhM/Avrg9RPYvXmRPAG6clMgl3ouB3eWyeG2a73AIhsvN/yzL5zcGTVwgeORBQ==",
            "content_md5": "3d0f588742e923989b4538f3a51644d0",
            "content_sha1": "7b9a1e00865d0e3bfa8535bceb1e7191e1171637",
            "content_sha256": "31ece50747ddac098b5f4e20adb895790e2daa8f65aa5f1aff186fbdd9b0f072",
            "content_sha512": "491f480db187fcf321c7510a99222af018dc02133f02fae0f513d8bd79913c01ba725320977a2e077796c9e1b66bbdc0221b2f37fcb32f9cdc19357081e39105",
            "directory_permission": "0777",
            "file_permission": "0777",
            "filename": "../individual-workspaces/ws-0032/main.tf",
            "id": "7b9a1e00865d0e3bfa8535bceb1e7191e1171637",
            "sensitive_content": null,
            "source": null
          },
          "sensitive_attributes": []
        },
        {
          "index_key": 33,
          "schema_version": 0,
          "attributes": {
            "content": "#\n# Autogenerated by Terraform\n# https://github.com/hashi-strawb/tfc-monorepo-test/blob/main/repo_dirs/main.tf\n#\n\nmodule \"pet\" {\n  source = \"../../modules/random\"\n}\n",
            "content_base64": null,
            "content_base64sha256": "MezlB0fdrAmLX04grbiVeQ4tqo9lql8a/xhvvdmw8HI=",
            "content_base64sha512": "SR9IDbGH/PMhx1EKmSIq8BjcAhM/Avrg9RPYvXmRPAG6clMgl3ouB3eWyeG2a73AIhsvN/yzL5zcGTVwgeORBQ==",
            "content_md5": "3d0f588742e923989b4538f3a51644d0",
            "content_sha1": "7b9a1e00865d0e3bfa8535bceb1e7191e1171637",
            "content_sha256": "31ece50747ddac098b5f4e20adb895790e2daa8f65aa5f1aff186fbdd9b0f072",
            "content_sha512": "491f480db187fcf321c7510a99222af018dc02133f02fae0f513d8bd79913c01ba725320977a2e077796c9e1b66bbdc0221b2f37fcb32f9cdc19357081e39105",
            "directory_permission": "0777",
            "file_permission": "0777",
            "filename": "../individual-workspaces/ws-0033/main.tf",
            "id": "7b9a1e00865d0e3bfa8535bceb1e7191e1171637",
            "sensitive_content": null,
            "source": null
          },
          "sensitive_attributes": []
        },
        {
          "index_key": 34,
          "schema_version": 0,
          "attributes": {
            "content": "#\n# Autogenerated by Terraform\n# https://github.com/hashi-strawb/tfc-monorepo-test/blob/main/repo_dirs/main.tf\n#\n\nmodule \"pet\" {\n  source = \"../../modules/random\"\n}\n",
            "content_base64": null,
            "content_base64sha256": "MezlB0fdrAmLX04grbiVeQ4tqo9lql8a/xhvvdmw8HI=",
            "content_base64sha512": "SR9IDbGH/PMhx1EKmSIq8BjcAhM/Avrg9RPYvXmRPAG6clMgl3ouB3eWyeG2a73AIhsvN/yzL5zcGTVwgeORBQ==",
            "content_md5": "3d0f588742e923989b4538f3a51644d0",
            "content_sha1": "7b9a1e00865d0e3bfa8535bceb1e7191e1171637",
            "content_sha256": "31ece50747ddac098b5f4e20adb895790e2daa8f65aa5f1aff186fbdd9b0f072",
            "content_sha512": "491f480db187fcf321c7510a99222af018dc02133f02fae0f513d8bd79913c01ba725320977a2e077796c9e1b66bbdc0221b2f37fcb32f9cdc19357081e39105",
            "directory_permission": "0777",
            "file_permission": "0777",
            "filename": "../individual-workspaces/ws-0034/main.tf",
            "id": "7b9a1e00865d0e3bfa8535bceb1e7191e1171637",
            "sensitive_content": null,
            "source": null
          },
          "sensitive_attributes": []
        },
        {
          "index_key": 35,
          "schema_version": 0,
          "attributes": {
            "content": "#\n# Autogenerated by Terraform\n# https://github.com/hashi-strawb/tfc-monorepo-test/blob/main/repo_dirs/main.tf\n#\n\nmodule \"pet\" {\n  source = \"../../modules/random\"\n}\n",
            "content_base64": null,
            "content_base64sha256": "MezlB0fdrAmLX04grbiVeQ4tqo9lql8a/xhvvdmw8HI=",
            "content_base64sha512": "SR9IDbGH/PMhx1EKmSIq8BjcAhM/Avrg9RPYvXmRPAG6clMgl3ouB3eWyeG2a73AIhsvN/yzL5zcGTVwgeORBQ==",
            "content_md5": "3d0f588742e923989b4538f3a51644d0",
            "content_sha1": "7b9a1e00865d0e3bfa8535bceb1e7191e1171637",
            "content_sha256": "31ece50747ddac098b5f4e20adb895790e2daa8f65aa5f1aff186fbdd9b0f072",
            "content_sha512": "491f480db187fcf321c7510a99222af018dc02133f02fae0f513d8bd79913c01ba725320977a2e077796c9e1b66bbdc0221b2f37fcb32f9cdc19357081e39105",
            "directory_permission": "0777",
            "file_permission": "0777",
            "filename": "../individual-workspaces/ws-0035/main.tf",
            "id": "7b9a1e00865d0e3bfa8535bceb1e7191e1171637",
            "sensitive_content": null,
            "source": null
          },
          "sensitive_attributes": []
        },
        {
          "index_key": 36,
          "schema_version": 0,
          "attributes": {
            "content": "#\n# Autogenerated by Terraform\n# https://github.com/hashi-strawb/tfc-monorepo-test/blob/main/repo_dirs/main.tf\n#\n\nmodule \"pet\" {\n  source = \"../../modules/random\"\n}\n",
            "content_base64": null,
            "content_base64sha256": "MezlB0fdrAmLX04grbiVeQ4tqo9lql8a/xhvvdmw8HI=",
            "content_base64sha512": "SR9IDbGH/PMhx1EKmSIq8BjcAhM/Avrg9RPYvXmRPAG6clMgl3ouB3eWyeG2a73AIhsvN/yzL5zcGTVwgeORBQ==",
            "content_md5": "3d0f588742e923989b4538f3a51644d0",
            "content_sha1": "7b9a1e00865d0e3bfa8535bceb1e7191e1171637",
            "content_sha256": "31ece50747ddac098b5f4e20adb895790e2daa8f65aa5f1aff186fbdd9b0f072",
            "content_sha512": "491f480db187fcf321c7510a99222af018dc02133f02fae0f513d8bd79913c01ba725320977a2e077796c9e1b66bbdc0221b2f37fcb32f9cdc19357081e39105",
            "directory_permission": "0777",
            "file_permission": "0777",
            "filename": "../individual-workspaces/ws-0036/main.tf",
            "id": "7b9a1e00865d0e3bfa8535bceb1e7191e1171637",
            "sensitive_content": null,
            "source": null
          },
          "sensitive_attributes": []
        },
        {
          "index_key": 37,
          "schema_version": 0,
          "attributes": {
            "content": "#\n# Autogenerated by Terraform\n# https://github.com/hashi-strawb/tfc-monorepo-test/blob/main/repo_dirs/main.tf\n#\n\nmodule \"pet\" {\n  source = \"../../modules/random\"\n}\n",
            "content_base64": null,
            "content_base64sha256": "MezlB0fdrAmLX04grbiVeQ4tqo9lql8a/xhvvdmw8HI=",
            "content_base64sha512": "SR9IDbGH/PMhx1EKmSIq8BjcAhM/Avrg9RPYvXmRPAG6clMgl3ouB3eWyeG2a73AIhsvN/yzL5zcGTVwgeORBQ==",
            "content_md5": "3d0f588742e923989b4538f3a51644d0",
            "content_sha1": "7b9a1e00865d0e3bfa8535bceb1e7191e1171637",
            "content_sha256": "31ece50747ddac098b5f4e20adb895790e2daa8f65aa5f1aff186fbdd9b0f072",
            "content_sha512": "491f480db187fcf321c7510a99222af018dc02133f02fae0f513d8bd79913c01ba725320977a2e077796c9e1b66bbdc0221b2f37fcb32f9cdc19357081e39105",
            "directory_permission": "0777",
            "file_permission": "0777",
            "filename": "../individual-workspaces/ws-0037/main.tf",
            "id": "7b9a1e00865d0e3bfa8535bceb1e7191e1171637",
            "sensitive_content": null,
            "source": null
          },
          "sensitive_attributes": []
        },
        {
          "index_key": 38,
          "schema_version": 0,
          "attributes": {
            "content": "#\n# Autogenerated by Terraform\n# https://github.com/hashi-strawb/tfc-monorepo-test/blob/main/repo_dirs/main.tf\n#\n\nmodule \"pet\" {\n  source = \"../../modules/random\"\n}\n",
            "content_base64": null,
            "content_base64sha256": "MezlB0fdrAmLX04grbiVeQ4tqo9lql8a/xhvvdmw8HI=",
            "content_base64sha512": "SR9IDbGH/PMhx1EKmSIq8BjcAhM/Avrg9RPYvXmRPAG6clMgl3ouB3eWyeG2a73AIhsvN/yzL5zcGTVwgeORBQ==",
            "content_md5": "3d0f588742e923989b4538f3a51644d0",
            "content_sha1": "7b9a1e00865d0e3bfa8535bceb1e7191e1171637",
            "content_sha256": "31ece50747ddac098b5f4e20adb895790e2daa8f65aa5f1aff186fbdd9b0f072",
            "content_sha512": "491f480db187fcf321c7510a99222af018dc02133f02fae0f513d8bd79913c01ba725320977a2e077796c9e1b66bbdc0221b2f37fcb32f9cdc19357081e39105",
            "directory_permission": "0777",
            "file_permission": "0777",
            "filename": "../individual-workspaces/ws-0038/main.tf",
            "id": "7b9a1e00865d0e3bfa8535bceb1e7191e1171637",
            "sensitive_content": null,
            "source": null
          },
          "sensitive_attributes": []
        },
        {
          "index_key": 39,
          "schema_version": 0,
          "attributes": {
            "content": "#\n# Autogenerated by Terraform\n# https://github.com/hashi-strawb/tfc-monorepo-test/blob/main/repo_dirs/main.tf\n#\n\nmodule \"pet\" {\n  source = \"../../modules/random\"\n}\n",
            "content_base64": null,
            "content_base64sha256": "MezlB0fdrAmLX04grbiVeQ4tqo9lql8a/xhvvdmw8HI=",
            "content_base64sha512": "SR9IDbGH/PMhx1EKmSIq8BjcAhM/Avrg9RPYvXmRPAG6clMgl3ouB3eWyeG2a73AIhsvN/yzL5zcGTVwgeORBQ==",
            "content_md5": "3d0f588742e923989b4538f3a51644d0",
            "content_sha1": "7b9a1e00865d0e3bfa8535bceb1e7191e1171637",
            "content_sha256": "31ece50747ddac098b5f4e20adb895790e2daa8f65aa5f1aff186fbdd9b0f072",
            "content_sha512": "491f480db187fcf321c7510a99222af018dc02133f02fae0f513d8bd79913c01ba725320977a2e077796c9e1b66bbdc0221b2f37fcb32f9cdc19357081e39105",
            "directory_permission": "0777",
            "file_permission": "0777",
            "filename": "../individual-workspaces/ws-0039/main.tf",
            "id": "7b9a1e00865d0e3bfa8535bceb1e7191e1171637",
            "sensitive_content": null,
            "source": null
          },
          "sensitive_attributes": []
        },
        {
          "index_key": 40,
          "schema_version": 0,
          "attributes": {
            "content": "#\n# Autogenerated by Terraform\n# https://github.com/hashi-strawb/tfc-monorepo-test/blob/main/repo_dirs/main.tf\n#\n\nmodule \"pet\" {\n  source = \"../../modules/random\"\n}\n",
            "content_base64": null,
            "content_base64sha256": "MezlB0fdrAmLX04grbiVeQ4tqo9lql8a/xhvvdmw8HI=",
            "content_base64sha512": "SR9IDbGH/PMhx1EKmSIq8BjcAhM/Avrg9RPYvXmRPAG6clMgl3ouB3eWyeG2a73AIhsvN/yzL5zcGTVwgeORBQ==",
            "content_md5": "3d0f588742e923989b4538f3a51644d0",
            "content_sha1": "7b9a1e00865d0e3bfa8535bceb1e7191e1171637",
            "content_sha256": "31ece50747ddac098b5f4e20adb895790e2daa8f65aa5f1aff186fbdd9b0f072",
            "content_sha512": "491f480db187fcf321c7510a99222af018dc02133f02fae0f513d8bd79913c01ba725320977a2e077796c9e1b66bbdc0221b2f37fcb32f9cdc19357081e39105",
            "directory_permission": "0777",
            "file_permission": "0777",
            "filename": "../individual-workspaces/ws-0040/main.tf",
            "id": "7b9a1e00865d0e3bfa8535bceb1e7191e1171637",
            "sensitive_content": null,
            "source": null
          },
          "sensitive_attributes": []
        },
        {
          "index_key": 41,
          "schema_version": 0,
          "attributes": {
            "content": "#\n# Autogenerated by Terraform\n# https://github.com/hashi-strawb/tfc-monorepo-test/blob/main/repo_dirs/main.tf\n#\n\nmodule \"pet\" {\n  source = \"../../modules/random\"\n}\n",
            "content_base64": null,
            "content_base64sha256": "MezlB0fdrAmLX04grbiVeQ4tqo9lql8a/xhvvdmw8HI=",
            "content_base64sha512": "SR9IDbGH/PMhx1EKmSIq8BjcAhM/Avrg9RPYvXmRPAG6clMgl3ouB3eWyeG2a73AIhsvN/yzL5zcGTVwgeORBQ==",
            "content_md5": "3d0f588742e923989b4538f3a51644d0",
            "content_sha1": "7b9a1e00865d0e3bfa8535bceb1e7191e1171637",
            "content_sha256": "31ece50747ddac098b5f4e20adb895790e2daa8f65aa5f1aff186fbdd9b0f072",
            "content_sha512": "491f480db187fcf321c7510a99222af018dc02133f02fae0f513d8bd79913c01ba725320977a2e077796c9e1b66bbdc0221b2f37fcb32f9cdc19357081e39105",
            "directory_permission": "0777",
            "file_permission": "0777",
            "filename": "../individual-workspaces/ws-0041/main.tf",
            "id": "7b9a1e00865d0e3bfa8535bceb1e7191e1171637",
            "sensitive_content": null,
            "source": null
          },
          "sensitive_attributes": []
        },
        {
          "index_key": 42,
          "schema_version": 0,
          "attributes": {
            "content": "#\n# Autogenerated by Terraform\n# https://github.com/hashi-strawb/tfc-monorepo-test/blob/main/repo_dirs/main.tf\n#\n\nmodule \"pet\" {\n  source = \"../../modules/random\"\n}\n",
            "content_base64": null,
            "content_base64sha256": "MezlB0fdrAmLX04grbiVeQ4tqo9lql8a/xhvvdmw8HI=",
            "content_base64sha512": "SR9IDbGH/PMhx1EKmSIq8BjcAhM/Avrg9RPYvXmRPAG6clMgl3ouB3eWyeG2a73AIhsvN/yzL5zcGTVwgeORBQ==",
            "content_md5": "3d0f588742e923989b4538f3a51644d0",
            "content_sha1": "7b9a1e00865d0e3bfa8535bceb1e7191e1171637",
            "content_sha256": "31ece50747ddac098b5f4e20adb895790e2daa8f65aa5f1aff186fbdd9b0f072",
            "content_sha512": "491f480db187fcf321c7510a99222af018dc02133f02fae0f513d8bd79913c01ba725320977a2e077796c9e1b66bbdc0221b2f37fcb32f9cdc19357081e39105",
            "directory_permission": "0777",
            "file_permission": "0777",
            "filename": "../individual-workspaces/ws-0042/main.tf",
            "id": "7b9a1e00865d0e3bfa8535bceb1e7191e1171637",
            "sensitive_content": null,
            "source": null
          },
          "sensitive_attributes": []
        },
        {
          "index_key": 43,
          "schema_version": 0,
          "attributes": {
            "content": "#\n# Autogenerated by Terraform\n# https://github.com/hashi-strawb/tfc-monorepo-test/blob/main/repo_dirs/main.tf\n#\n\nmodule \"pet\" {\n  source = \"../../modules/random\"\n}\n",
            "content_base64": null,
            "content_base64sha256": "MezlB0fdrAmLX04grbiVeQ4tqo9lql8a/xhvvdmw8HI=",
            "content_base64sha512": "SR9IDbGH/PMhx1EKmSIq8BjcAhM/Avrg9RPYvXmRPAG6clMgl3ouB3eWyeG2a73AIhsvN/yzL5zcGTVwgeORBQ==",
            "content_md5": "3d0f588742e923989b4538f3a51644d0",
            "content_sha1": "7b9a1e00865d0e3bfa8535bceb1e7191e1171637",
            "content_sha256": "31ece50747ddac098b5f4e20adb895790e2daa8f65aa5f1aff186fbdd9b0f072",
            "content_sha512": "491f480db187fcf321c7510a99222af018dc02133f02fae0f513d8bd79913c01ba725320977a2e077796c9e1b66bbdc0221b2f37fcb32f9cdc19357081e39105",
            "directory_permission": "0777",
            "file_permission": "0777",
            "filename": "../individual-workspaces/ws-0043/main.tf",
            "id": "7b9a1e00865d0e3bfa8535bceb1e7191e1171637",
            "sensitive_content": null,
            "source": null
          },
          "sensitive_attributes": []
        },
        {
          "index_key": 44,
          "schema_version": 0,
          "attributes": {
            "content": "#\n# Autogenerated by Terraform\n# https://github.com/hashi-strawb/tfc-monorepo-test/blob/main/repo_dirs/main.tf\n#\n\nmodule \"pet\" {\n  source = \"../../modules/random\"\n}\n",
            "content_base64": null,
            "content_base64sha256": "MezlB0fdrAmLX04grbiVeQ4tqo9lql8a/xhvvdmw8HI=",
            "content_base64sha512": "SR9IDbGH/PMhx1EKmSIq8BjcAhM/Avrg9RPYvXmRPAG6clMgl3ouB3eWyeG2a73AIhsvN/yzL5zcGTVwgeORBQ==",
            "content_md5": "3d0f588742e923989b4538f3a51644d0",
            "content_sha1": "7b9a1e00865d0e3bfa8535bceb1e7191e1171637",
            "content_sha256": "31ece50747ddac098b5f4e20adb895790e2daa8f65aa5f1aff186fbdd9b0f072",
            "content_sha512": "491f480db187fcf321c7510a99222af018dc02133f02fae0f513d8bd79913c01ba725320977a2e077796c9e1b66bbdc0221b2f37fcb32f9cdc19357081e39105",
            "directory_permission": "0777",
            "file_permission": "0777",
            "filename": "../individual-workspaces/ws-0044/main.tf",
            "id": "7b9a1e00865d0e3bfa8535bceb1e7191e1171637",
            "sensitive_content": null,
            "source": null
          },
          "sensitive_attributes": []
        },
        {
          "index_key": 45,
          "schema_version": 0,
          "attributes": {
            "content": "#\n# Autogenerated by Terraform\n# https://github.com/hashi-strawb/tfc-monorepo-test/blob/main/repo_dirs/main.tf\n#\n\nmodule \"pet\" {\n  source = \"../../modules/random\"\n}\n",
            "content_base64": null,
            "content_base64sha256": "MezlB0fdrAmLX04grbiVeQ4tqo9lql8a/xhvvdmw8HI=",
            "content_base64sha512": "SR9IDbGH/PMhx1EKmSIq8BjcAhM/Avrg9RPYvXmRPAG6clMgl3ouB3eWyeG2a73AIhsvN/yzL5zcGTVwgeORBQ==",
            "content_md5": "3d0f588742e923989b4538f3a51644d0",
            "content_sha1": "7b9a1e00865d0e3bfa8535bceb1e7191e1171637",
            "content_sha256": "31ece50747ddac098b5f4e20adb895790e2daa8f65aa5f1aff186fbdd9b0f072",
            "content_sha512": "491f480db187fcf321c7510a99222af018dc02133f02fae0f513d8bd79913c01ba725320977a2e077796c9e1b66bbdc0221b2f37fcb32f9cdc19357081e39105",
            "directory_permission": "0777",
            "file_permission": "0777",
            "filename": "../individual-workspaces/ws-0045/main.tf",
            "id": "7b9a1e00865d0e3bfa8535bceb1e7191e1171637",
            "sensitive_content": null,
            "source": null
          },
          "sensitive_attributes": []
        },
        {
          "index_key": 46,
          "schema_version": 0,
          "attributes": {
            "content": "#\n# Autogenerated by Terraform\n# https://github.com/hashi-strawb/tfc-monorepo-test/blob/main/repo_dirs/main.tf\n#\n\nmodule \"pet\" {\n  source = \"../../modules/random\"\n}\n",
            "content_base64": null,
            "content_base64sha256": "MezlB0fdrAmLX04grbiVeQ4tqo9lql8a/xhvvdmw8HI=",
            "content_base64sha512": "SR9IDbGH/PMhx1EKmSIq8BjcAhM/Avrg9RPYvXmRPAG6clMgl3ouB3eWyeG2a73AIhsvN/yzL5zcGTVwgeORBQ==",
            "content_md5": "3d0f588742e923989b4538f3a51644d0",
            "content_sha1": "7b9a1e00865d0e3bfa8535bceb1e7191e1171637",
            "content_sha256": "31ece50747ddac098b5f4e20adb895790e2daa8f65aa5f1aff186fbdd9b0f072",
            "content_sha512": "491f480db187fcf321c7510a99222af018dc02133f02fae0f513d8bd79913c01ba725320977a2e077796c9e1b66bbdc0221b2f37fcb32f9cdc19357081e39105",
            "directory_permission": "0777",
            "file_permission": "0777",
            "filename": "../individual-workspaces/ws-0046/main.tf",
            "id": "7b9a1e00865d0e3bfa8535bceb1e7191e1171637",
            "sensitive_content": null,
            "source": null
          },
          "sensitive_attributes": []
        },
        {
          "index_key": 47,
          "schema_version": 0,
          "attributes": {
            "content": "#\n# Autogenerated by Terraform\n# https://github.com/hashi-strawb/tfc-monorepo-test/blob/main/repo_dirs/main.tf\n#\n\nmodule \"pet\" {\n  source = \"../../modules/random\"\n}\n",
            "content_base64": null,
            "content_base64sha256": "MezlB0fdrAmLX04grbiVeQ4tqo9lql8a/xhvvdmw8HI=",
            "content_base64sha512": "SR9IDbGH/PMhx1EKmSIq8BjcAhM/Avrg9RPYvXmRPAG6clMgl3ouB3eWyeG2a73AIhsvN/yzL5zcGTVwgeORBQ==",
            "content_md5": "3d0f588742e923989b4538f3a51644d0",
            "content_sha1": "7b9a1e00865d0e3bfa8535bceb1e7191e1171637",
            "content_sha256": "31ece50747ddac098b5f4e20adb895790e2daa8f65aa5f1aff186fbdd9b0f072",
            "content_sha512": "491f480db187fcf321c7510a99222af018dc02133f02fae0f513d8bd79913c01ba725320977a2e077796c9e1b66bbdc0221b2f37fcb32f9cdc19357081e39105",
            "directory_permission": "0777",
            "file_permission": "0777",
            "filename": "../individual-workspaces/ws-0047/main.tf",
            "id": "7b9a1e00865d0e3bfa8535bceb1e7191e1171637",
            "sensitive_content": null,
            "source": null
          },
          "sensitive_attributes": []
        },
        {
          "index_key": 48,
          "schema_version": 0,
          "attributes": {
            "content": "#\n# Autogenerated by Terraform\n# https://github.com/hashi-strawb/tfc-monorepo-test/blob/main/repo_dirs/main.tf\n#\n\nmodule \"pet\" {\n  source = \"../../modules/random\"\n}\n",
            "content_base64": null,
            "content_base64sha256": "MezlB0fdrAmLX04grbiVeQ4tqo9lql8a/xhvvdmw8HI=",
            "content_base64sha512": "SR9IDbGH/PMhx1EKmSIq8BjcAhM/Avrg9RPYvXmRPAG6clMgl3ouB3eWyeG2a73AIhsvN/yzL5zcGTVwgeORBQ==",
            "content_md5": "3d0f588742e923989b4538f3a51644d0",
            "content_sha1": "7b9a1e00865d0e3bfa8535bceb1e7191e1171637",
            "content_sha256": "31ece50747ddac098b5f4e20adb895790e2daa8f65aa5f1aff186fbdd9b0f072",
            "content_sha512": "491f480db187fcf321c7510a99222af018dc02133f02fae0f513d8bd79913c01ba725320977a2e077796c9e1b66bbdc0221b2f37fcb32f9cdc19357081e39105",
            "directory_permission": "0777",
            "file_permission": "0777",
            "filename": "../individual-workspaces/ws-0048/main.tf",
            "id": "7b9a1e00865d0e3bfa8535bceb1e7191e1171637",
            "sensitive_content": null,
            "source": null
          },
          "sensitive_attributes": []
        },
        {
          "index_key": 49,
          "schema_version": 0,
          "attributes": {
            "content": "#\n# Autogenerated by Terraform\n# https://github.com/hashi-strawb/tfc-monorepo-test/blob/main/repo_dirs/main.tf\n#\n\nmodule \"pet\" {\n  source = \"../../modules/random\"\n}\n",
            "content_base64": null,
            "content_base64sha256": "MezlB0fdrAmLX04grbiVeQ4tqo9lql8a/xhvvdmw8HI=",
            "content_base64sha512": "SR9IDbGH/PMhx1EKmSIq8BjcAhM/Avrg9RPYvXmRPAG6clMgl3ouB3eWyeG2a73AIhsvN/yzL5zcGTVwgeORBQ==",
            "content_md5": "3d0f588742e923989b4538f3a51644d0",
            "content_sha1": "7b9a1e00865d0e3bfa8535bceb1e7191e1171637",
            "content_sha256": "31ece50747ddac098b5f4e20adb895790e2daa8f65aa5f1aff186fbdd9b0f072",
            "content_sha512": "491f480db187fcf321c7510a99222af018dc02133f02fae0f513d8bd79913c01ba725320977a2e077796c9e1b66bbdc0221b2f37fcb32f9cdc19357081e39105",
            "directory_permission": "0777",
            "file_permission": "0777",
            "filename": "../individual-workspaces/ws-0049/main.tf",
            "id": "7b9a1e00865d0e3bfa8535bceb1e7191e1171637",
            "sensitive_content": null,
            "source": null
          },
          "sensitive_attributes": []
        },
        {
          "index_key": 50,
          "schema_version": 0,
          "attributes": {
            "content": "#\n# Autogenerated by Terraform\n# https://github.com/hashi-strawb/tfc-monorepo-test/blob/main/repo_dirs/main.tf\n#\n\nmodule \"pet\" {\n  source = \"../../modules/random\"\n}\n",
            "content_base64": null,
            "content_base64sha256": "MezlB0fdrAmLX04grbiVeQ4tqo9lql8a/xhvvdmw8HI=",
            "content_base64sha512": "SR9IDbGH/PMhx1EKmSIq8BjcAhM/Avrg9RPYvXmRPAG6clMgl3ouB3eWyeG2a73AIhsvN/yzL5zcGTVwgeORBQ==",
            "content_md5": "3d0f588742e923989b4538f3a51644d0",
            "content_sha1": "7b9a1e00865d0e3bfa8535bceb1e7191e1171637",
            "content_sha256": "31ece50747ddac098b5f4e20adb895790e2daa8f65aa5f1aff186fbdd9b0f072",
            "content_sha512": "491f480db187fcf321c7510a99222af018dc02133f02fae0f513d8bd79913c01ba725320977a2e077796c9e1b66bbdc0221b2f37fcb32f9cdc19357081e39105",
            "directory_permission": "0777",
            "file_permission": "0777",
            "filename": "../individual-workspaces/ws-0050/main.tf",
            "id": "7b9a1e00865d0e3bfa8535bceb1e7191e1171637",
            "sensitive_content": null,
            "source": null
          },
          "sensitive_attributes": []
        },
        {
          "index_key": 51,
          "schema_version": 0,
          "attributes": {
            "content": "#\n# Autogenerated by Terraform\n# https://github.com/hashi-strawb/tfc-monorepo-test/blob/main/repo_dirs/main.tf\n#\n\nmodule \"pet\" {\n  source = \"../../modules/random\"\n}\n",
            "content_base64": null,
            "content_base64sha256": "MezlB0fdrAmLX04grbiVeQ4tqo9lql8a/xhvvdmw8HI=",
            "content_base64sha512": "SR9IDbGH/PMhx1EKmSIq8BjcAhM/Avrg9RPYvXmRPAG6clMgl3ouB3eWyeG2a73AIhsvN/yzL5zcGTVwgeORBQ==",
            "content_md5": "3d0f588742e923989b4538f3a51644d0",
            "content_sha1": "7b9a1e00865d0e3bfa8535bceb1e7191e1171637",
            "content_sha256": "31ece50747ddac098b5f4e20adb895790e2daa8f65aa5f1aff186fbdd9b0f072",
            "content_sha512": "491f480db187fcf321c7510a99222af018dc02133f02fae0f513d8bd79913c01ba725320977a2e077796c9e1b66bbdc0221b2f37fcb32f9cdc19357081e39105",
            "directory_permission": "0777",
            "file_permission": "0777",
            "filename": "../individual-workspaces/ws-0051/main.tf",
            "id": "7b9a1e00865d0e3bfa8535bceb1e7191e1171637",
            "sensitive_content": null,
            "source": null
          },
          "sensitive_attributes": []
        },
        {
          "index_key": 52,
          "schema_version": 0,
          "attributes": {
            "content": "#\n# Autogenerated by Terraform\n# https://github.com/hashi-strawb/tfc-monorepo-test/blob/main/repo_dirs/main.tf\n#\n\nmodule \"pet\" {\n  source = \"../../modules/random\"\n}\n",
            "content_base64": null,
            "content_base64sha256": "MezlB0fdrAmLX04grbiVeQ4tqo9lql8a/xhvvdmw8HI=",
            "content_base64sha512": "SR9IDbGH/PMhx1EKmSIq8BjcAhM/Avrg9RPYvXmRPAG6clMgl3ouB3eWyeG2a73AIhsvN/yzL5zcGTVwgeORBQ==",
            "content_md5": "3d0f588742e923989b4538f3a51644d0",
            "content_sha1": "7b9a1e00865d0e3bfa8535bceb1e7191e1171637",
            "content_sha256": "31ece50747ddac098b5f4e20adb895790e2daa8f65aa5f1aff186fbdd9b0f072",
            "content_sha512": "491f480db187fcf321c7510a99222af018dc02133f02fae0f513d8bd79913c01ba725320977a2e077796c9e1b66bbdc0221b2f37fcb32f9cdc19357081e39105",
            "directory_permission": "0777",
            "file_permission": "0777",
            "filename": "../individual-workspaces/ws-0052/main.tf",
            "id": "7b9a1e00865d0e3bfa8535bceb1e7191e1171637",
            "sensitive_content": null,
            "source": null
          },
          "sensitive_attributes": []
        },
        {
          "index_key": 53,
          "schema_version": 0,
          "attributes": {
            "content": "#\n# Autogenerated by Terraform\n# https://github.com/hashi-strawb/tfc-monorepo-test/blob/main/repo_dirs/main.tf\n#\n\nmodule \"pet\" {\n  source = \"../../modules/random\"\n}\n",
            "content_base64": null,
            "content_base64sha256": "MezlB0fdrAmLX04grbiVeQ4tqo9lql8a/xhvvdmw8HI=",
            "content_base64sha512": "SR9IDbGH/PMhx1EKmSIq8BjcAhM/Avrg9RPYvXmRPAG6clMgl3ouB3eWyeG2a73AIhsvN/yzL5zcGTVwgeORBQ==",
            "content_md5": "3d0f588742e923989b4538f3a51644d0",
            "content_sha1": "7b9a1e00865d0e3bfa8535bceb1e7191e1171637",
            "content_sha256": "31ece50747ddac098b5f4e20adb895790e2daa8f65aa5f1aff186fbdd9b0f072",
            "content_sha512": "491f480db187fcf321c7510a99222af018dc02133f02fae0f513d8bd79913c01ba725320977a2e077796c9e1b66bbdc0221b2f37fcb32f9cdc19357081e39105",
            "directory_permission": "0777",
            "file_permission": "0777",
            "filename": "../individual-workspaces/ws-0053/main.tf",
            "id": "7b9a1e00865d0e3bfa8535bceb1e7191e1171637",
            "sensitive_content": null,
            "source": null
          },
          "sensitive_attributes": []
        },
        {
          "index_key": 54,
          "schema_version": 0,
          "attributes": {
            "content": "#\n# Autogenerated by Terraform\n# https://github.com/hashi-strawb/tfc-monorepo-test/blob/main/repo_dirs/main.tf\n#\n\nmodule \"pet\" {\n  source = \"../../modules/random\"\n}\n",
            "content_base64": null,
            "content_base64sha256": "MezlB0fdrAmLX04grbiVeQ4tqo9lql8a/xhvvdmw8HI=",
            "content_base64sha512": "SR9IDbGH/PMhx1EKmSIq8BjcAhM/Avrg9RPYvXmRPAG6clMgl3ouB3eWyeG2a73AIhsvN/yzL5zcGTVwgeORBQ==",
            "content_md5": "3d0f588742e923989b4538f3a51644d0",
            "content_sha1": "7b9a1e00865d0e3bfa8535bceb1e7191e1171637",
            "content_sha256": "31ece50747ddac098b5f4e20adb895790e2daa8f65aa5f1aff186fbdd9b0f072",
            "content_sha512": "491f480db187fcf321c7510a99222af018dc02133f02fae0f513d8bd79913c01ba725320977a2e077796c9e1b66bbdc0221b2f37fcb32f9cdc19357081e39105",
            "directory_permission": "0777",
            "file_permission": "0777",
            "filename": "../individual-workspaces/ws-0054/main.tf",
            "id": "7b9a1e00865d0e3bfa8535bceb1e7191e1171637",
            "sensitive_content": null,
            "source": null
          },
          "sensitive_attributes": []
        },
        {
          "index_key": 55,
          "schema_version": 0,
          "attributes": {
            "content": "#\n# Autogenerated by Terraform\n# https://github.com/hashi-strawb/tfc-monorepo-test/blob/main/repo_dirs/main.tf\n#\n\nmodule \"pet\" {\n  source = \"../../modules/random\"\n}\n",
            "content_base64": null,
            "content_base64sha256": "MezlB0fdrAmLX04grbiVeQ4tqo9lql8a/xhvvdmw8HI=",
            "content_base64sha512": "SR9IDbGH/PMhx1EKmSIq8BjcAhM/Avrg9RPYvXmRPAG6clMgl3ouB3eWyeG2a73AIhsvN/yzL5zcGTVwgeORBQ==",
            "content_md5": "3d0f588742e923989b4538f3a51644d0",
            "content_sha1": "7b9a1e00865d0e3bfa8535bceb1e7191e1171637",
            "content_sha256": "31ece50747ddac098b5f4e20adb895790e2daa8f65aa5f1aff186fbdd9b0f072",
            "content_sha512": "491f480db187fcf321c7510a99222af018dc02133f02fae0f513d8bd79913c01ba725320977a2e077796c9e1b66bbdc0221b2f37fcb32f9cdc19357081e39105",
            "directory_permission": "0777",
            "file_permission": "0777",
            "filename": "../individual-workspaces/ws-0055/main.tf",
            "id": "7b9a1e00865d0e3bfa8535bceb1e7191e1171637",
            "sensitive_content": null,
            "source": null
          },
          "sensitive_attributes": []
        },
        {
          "index_key": 56,
          "schema_version": 0,
          "attributes": {
            "content": "#\n# Autogenerated by Terraform\n# https://github.com/hashi-strawb/tfc-monorepo-test/blob/main/repo_dirs/main.tf\n#\n\nmodule \"pet\" {\n  source = \"../../modules/random\"\n}\n",
            "content_base64": null,
            "content_base64sha256": "MezlB0fdrAmLX04grbiVeQ4tqo9lql8a/xhvvdmw8HI=",
            "content_base64sha512": "SR9IDbGH/PMhx1EKmSIq8BjcAhM/Avrg9RPYvXmRPAG6clMgl3ouB3eWyeG2a73AIhsvN/yzL5zcGTVwgeORBQ==",
            "content_md5": "3d0f588742e923989b4538f3a51644d0",
            "content_sha1": "7b9a1e00865d0e3bfa8535bceb1e7191e1171637",
            "content_sha256": "31ece50747ddac098b5f4e20adb895790e2daa8f65aa5f1aff186fbdd9b0f072",
            "content_sha512": "491f480db187fcf321c7510a99222af018dc02133f02fae0f513d8bd79913c01ba725320977a2e077796c9e1b66bbdc0221b2f37fcb32f9cdc19357081e39105",
            "directory_permission": "0777",
            "file_permission": "0777",
            "filename": "../individual-workspaces/ws-0056/main.tf",
            "id": "7b9a1e00865d0e3bfa8535bceb1e7191e1171637",
            "sensitive_content": null,
            "source": null
          },
          "sensitive_attributes": []
        },
        {
          "index_key": 57,
          "schema_version": 0,
          "attributes": {
            "content": "#\n# Autogenerated by Terraform\n# https://github.com/hashi-strawb/tfc-monorepo-test/blob/main/repo_dirs/main.tf\n#\n\nmodule \"pet\" {\n  source = \"../../modules/random\"\n}\n",
            "content_base64": null,
            "content_base64sha256": "MezlB0fdrAmLX04grbiVeQ4tqo9lql8a/xhvvdmw8HI=",
            "content_base64sha512": "SR9IDbGH/PMhx1EKmSIq8BjcAhM/Avrg9RPYvXmRPAG6clMgl3ouB3eWyeG2a73AIhsvN/yzL5zcGTVwgeORBQ==",
            "content_md5": "3d0f588742e923989b4538f3a51644d0",
            "content_sha1": "7b9a1e00865d0e3bfa8535bceb1e7191e1171637",
            "content_sha256": "31ece50747ddac098b5f4e20adb895790e2daa8f65aa5f1aff186fbdd9b0f072",
            "content_sha512": "491f480db187fcf321c7510a99222af018dc02133f02fae0f513d8bd79913c01ba725320977a2e077796c9e1b66bbdc0221b2f37fcb32f9cdc19357081e39105",
            "directory_permission": "0777",
            "file_permission": "0777",
            "filename": "../individual-workspaces/ws-0057/main.tf",
            "id": "7b9a1e00865d0e3bfa8535bceb1e7191e1171637",
            "sensitive_content": null,
            "source": null
          },
          "sensitive_attributes": []
        },
        {
          "index_key": 58,
          "schema_version": 0,
          "attributes": {
            "content": "#\n# Autogenerated by Terraform\n# https://github.com/hashi-strawb/tfc-monorepo-test/blob/main/repo_dirs/main.tf\n#\n\nmodule \"pet\" {\n  source = \"../../modules/random\"\n}\n",
            "content_base64": null,
            "content_base64sha256": "MezlB0fdrAmLX04grbiVeQ4tqo9lql8a/xhvvdmw8HI=",
            "content_base64sha512": "SR9IDbGH/PMhx1EKmSIq8BjcAhM/Avrg9RPYvXmRPAG6clMgl3ouB3eWyeG2a73AIhsvN/yzL5zcGTVwgeORBQ==",
            "content_md5": "3d0f588742e923989b4538f3a51644d0",
            "content_sha1": "7b9a1e00865d0e3bfa8535bceb1e7191e1171637",
            "content_sha256": "31ece50747ddac098b5f4e20adb895790e2daa8f65aa5f1aff186fbdd9b0f072",
            "content_sha512": "491f480db187fcf321c7510a99222af018dc02133f02fae0f513d8bd79913c01ba725320977a2e077796c9e1b66bbdc0221b2f37fcb32f9cdc19357081e39105",
            "directory_permission": "0777",
            "file_permission": "0777",
            "filename": "../individual-workspaces/ws-0058/main.tf",
            "id": "7b9a1e00865d0e3bfa8535bceb1e7191e1171637",
            "sensitive_content": null,
            "source": null
          },
          "sensitive_attributes": []
        },
        {
          "index_key": 59,
          "schema_version": 0,
          "attributes": {
            "content": "#\n# Autogenerated by Terraform\n# https://github.com/hashi-strawb/tfc-monorepo-test/blob/main/repo_dirs/main.tf\n#\n\nmodule \"pet\" {\n  source = \"../../modules/random\"\n}\n",
            "content_base64": null,
            "content_base64sha256": "MezlB0fdrAmLX04grbiVeQ4tqo9lql8a/xhvvdmw8HI=",
            "content_base64sha512": "SR9IDbGH/PMhx1EKmSIq8BjcAhM/Avrg9RPYvXmRPAG6clMgl3ouB3eWyeG2a73AIhsvN/yzL5zcGTVwgeORBQ==",
            "content_md5": "3d0f588742e923989b4538f3a51644d0",
            "content_sha1": "7b9a1e00865d0e3bfa8535bceb1e7191e1171637",
            "content_sha256": "31ece50747ddac098b5f4e20adb895790e2daa8f65aa5f1aff186fbdd9b0f072",
            "content_sha512": "491f480db187fcf321c7510a99222af018dc02133f02fae0f513d8bd79913c01ba725320977a2e077796c9e1b66bbdc0221b2f37fcb32f9cdc19357081e39105",
            "directory_permission": "0777",
            "file_permission": "0777",
            "filename": "../individual-workspaces/ws-0059/main.tf",
            "id": "7b9a1e00865d0e3bfa8535bceb1e7191e1171637",
            "sensitive_content": null,
            "source": null
          },
          "sensitive_attributes": []
        },
        {
          "index_key": 60,
          "schema_version": 0,
          "attributes": {
            "content": "#\n# Autogenerated by Terraform\n# https://github.com/hashi-strawb/tfc-monorepo-test/blob/main/repo_dirs/main.tf\n#\n\nmodule \"pet\" {\n  source = \"../../modules/random\"\n}\n",
            "content_base64": null,
            "content_base64sha256": "MezlB0fdrAmLX04grbiVeQ4tqo9lql8a/xhvvdmw8HI=",
            "content_base64sha512": "SR9IDbGH/PMhx1EKmSIq8BjcAhM/Avrg9RPYvXmRPAG6clMgl3ouB3eWyeG2a73AIhsvN/yzL5zcGTVwgeORBQ==",
            "content_md5": "3d0f588742e923989b4538f3a51644d0",
            "content_sha1": "7b9a1e00865d0e3bfa8535bceb1e7191e1171637",
            "content_sha256": "31ece50747ddac098b5f4e20adb895790e2daa8f65aa5f1aff186fbdd9b0f072",
            "content_sha512": "491f480db187fcf321c7510a99222af018dc02133f02fae0f513d8bd79913c01ba725320977a2e077796c9e1b66bbdc0221b2f37fcb32f9cdc19357081e39105",
            "directory_permission": "0777",
            "file_permission": "0777",
            "filename": "../individual-workspaces/ws-0060/main.tf",
            "id": "7b9a1e00865d0e3bfa8535bceb1e7191e1171637",
            "sensitive_content": null,
            "source": null
          },
          "sensitive_attributes": []
        },
        {
          "index_key": 61,
          "schema_version": 0,
          "attributes": {
            "content": "#\n# Autogenerated by Terraform\n# https://github.com/hashi-strawb/tfc-monorepo-test/blob/main/repo_dirs/main.tf\n#\n\nmodule \"pet\" {\n  source = \"../../modules/random\"\n}\n",
            "content_base64": null,
            "content_base64sha256": "MezlB0fdrAmLX04grbiVeQ4tqo9lql8a/xhvvdmw8HI=",
            "content_base64sha512": "SR9IDbGH/PMhx1EKmSIq8BjcAhM/Avrg9RPYvXmRPAG6clMgl3ouB3eWyeG2a73AIhsvN/yzL5zcGTVwgeORBQ==",
            "content_md5": "3d0f588742e923989b4538f3a51644d0",
            "content_sha1": "7b9a1e00865d0e3bfa8535bceb1e7191e1171637",
            "content_sha256": "31ece50747ddac098b5f4e20adb895790e2daa8f65aa5f1aff186fbdd9b0f072",
            "content_sha512": "491f480db187fcf321c7510a99222af018dc02133f02fae0f513d8bd79913c01ba725320977a2e077796c9e1b66bbdc0221b2f37fcb32f9cdc19357081e39105",
            "directory_permission": "0777",
            "file_permission": "0777",
            "filename": "../individual-workspaces/ws-0061/main.tf",
            "id": "7b9a1e00865d0e3bfa8535bceb1e7191e1171637",
            "sensitive_content": null,
            "source": null
          },
          "sensitive_attributes": []
        },
        {
          "index_key": 62,
          "schema_version": 0,
          "attributes": {
            "content": "#\n# Autogenerated by Terraform\n# https://github.com/hashi-strawb/tfc-monorepo-test/blob/main/repo_dirs/main.tf\n#\n\nmodule \"pet\" {\n  source = \"../../modules/random\"\n}\n",
            "content_base64": null,
            "content_base64sha256": "MezlB0fdrAmLX04grbiVeQ4tqo9lql8a/xhvvdmw8HI=",
            "content_base64sha512": "SR9IDbGH/PMhx1EKmSIq8BjcAhM/Avrg9RPYvXmRPAG6clMgl3ouB3eWyeG2a73AIhsvN/yzL5zcGTVwgeORBQ==",
            "content_md5": "3d0f588742e923989b4538f3a51644d0",
            "content_sha1": "7b9a1e00865d0e3bfa8535bceb1e7191e1171637",
            "content_sha256": "31ece50747ddac098b5f4e20adb895790e2daa8f65aa5f1aff186fbdd9b0f072",
            "content_sha512": "491f480db187fcf321c7510a99222af018dc02133f02fae0f513d8bd79913c01ba725320977a2e077796c9e1b66bbdc0221b2f37fcb32f9cdc19357081e39105",
            "directory_permission": "0777",
            "file_permission": "0777",
            "filename": "../individual-workspaces/ws-0062/main.tf",
            "id": "7b9a1e00865d0e3bfa8535bceb1e7191e1171637",
            "sensitive_content": null,
            "source": null
          },
          "sensitive_attributes": []
        },
        {
          "index_key": 63,
          "schema_version": 0,
          "attributes": {
            "content": "#\n# Autogenerated by Terraform\n# https://github.com/hashi-strawb/tfc-monorepo-test/blob/main/repo_dirs/main.tf\n#\n\nmodule \"pet\" {\n  source = \"../../modules/random\"\n}\n",
            "content_base64": null,
            "content_base64sha256": "MezlB0fdrAmLX04grbiVeQ4tqo9lql8a/xhvvdmw8HI=",
            "content_base64sha512": "SR9IDbGH/PMhx1EKmSIq8BjcAhM/Avrg9RPYvXmRPAG6clMgl3ouB3eWyeG2a73AIhsvN/yzL5zcGTVwgeORBQ==",
            "content_md5": "3d0f588742e923989b4538f3a51644d0",
            "content_sha1": "7b9a1e00865d0e3bfa8535bceb1e7191e1171637",
            "content_sha256": "31ece50747ddac098b5f4e20adb895790e2daa8f65aa5f1aff186fbdd9b0f072",
            "content_sha512": "491f480db187fcf321c7510a99222af018dc02133f02fae0f513d8bd79913c01ba725320977a2e077796c9e1b66bbdc0221b2f37fcb32f9cdc19357081e39105",
            "directory_permission": "0777",
            "file_permission": "0777",
            "filename": "../individual-workspaces/ws-0063/main.tf",
            "id": "7b9a1e00865d0e3bfa8535bceb1e7191e1171637",
            "sensitive_content": null,
            "source": null
          },
          "sensitive_attributes": []
        },
        {
          "index_key": 64,
          "schema_version": 0,
          "attributes": {
            "content": "#\n# Autogenerated by Terraform\n# https://github.com/hashi-strawb/tfc-monorepo-test/blob/main/repo_dirs/main.tf\n#\n\nmodule \"pet\" {\n  source = \"../../modules/random\"\n}\n",
            "content_base64": null,
            "content_base64sha256": "MezlB0fdrAmLX04grbiVeQ4tqo9lql8a/xhvvdmw8HI=",
            "content_base64sha512": "SR9IDbGH/PMhx1EKmSIq8BjcAhM/Avrg9RPYvXmRPAG6clMgl3ouB3eWyeG2a73AIhsvN/yzL5zcGTVwgeORBQ==",
            "content_md5": "3d0f588742e923989b4538f3a51644d0",
            "content_sha1": "7b9a1e00865d0e3bfa8535bceb1e7191e1171637",
            "content_sha256": "31ece50747ddac098b5f4e20adb895790e2daa8f65aa5f1aff186fbdd9b0f072",
            "content_sha512": "491f480db187fcf321c7510a99222af018dc02133f02fae0f513d8bd79913c01ba725320977a2e077796c9e1b66bbdc0221b2f37fcb32f9cdc19357081e39105",
            "directory_permission": "0777",
            "file_permission": "0777",
            "filename": "../individual-workspaces/ws-0064/main.tf",
            "id": "7b9a1e00865d0e3bfa8535bceb1e7191e1171637",
            "sensitive_content": null,
            "source": null
          },
          "sensitive_attributes": []
        },
        {
          "index_key": 65,
          "schema_version": 0,
          "attributes": {
            "content": "#\n# Autogenerated by Terraform\n# https://github.com/hashi-strawb/tfc-monorepo-test/blob/main/repo_dirs/main.tf\n#\n\nmodule \"pet\" {\n  source = \"../../modules/random\"\n}\n",
            "content_base64": null,
            "content_base64sha256": "MezlB0fdrAmLX04grbiVeQ4tqo9lql8a/xhvvdmw8HI=",
            "content_base64sha512": "SR9IDbGH/PMhx1EKmSIq8BjcAhM/Avrg9RPYvXmRPAG6clMgl3ouB3eWyeG2a73AIhsvN/yzL5zcGTVwgeORBQ==",
            "content_md5": "3d0f588742e923989b4538f3a51644d0",
            "content_sha1": "7b9a1e00865d0e3bfa8535bceb1e7191e1171637",
            "content_sha256": "31ece50747ddac098b5f4e20adb895790e2daa8f65aa5f1aff186fbdd9b0f072",
            "content_sha512": "491f480db187fcf321c7510a99222af018dc02133f02fae0f513d8bd79913c01ba725320977a2e077796c9e1b66bbdc0221b2f37fcb32f9cdc19357081e39105",
            "directory_permission": "0777",
            "file_permission": "0777",
            "filename": "../individual-workspaces/ws-0065/main.tf",
            "id": "7b9a1e00865d0e3bfa8535bceb1e7191e1171637",
            "sensitive_content": null,
            "source": null
          },
          "sensitive_attributes": []
        },
        {
          "index_key": 66,
          "schema_version": 0,
          "attributes": {
            "content": "#\n# Autogenerated by Terraform\n# https://github.com/hashi-strawb/tfc-monorepo-test/blob/main/repo_dirs/main.tf\n#\n\nmodule \"pet\" {\n  source = \"../../modules/random\"\n}\n",
            "content_base64": null,
            "content_base64sha256": "MezlB0fdrAmLX04grbiVeQ4tqo9lql8a/xhvvdmw8HI=",
            "content_base64sha512": "SR9IDbGH/PMhx1EKmSIq8BjcAhM/Avrg9RPYvXmRPAG6clMgl3ouB3eWyeG2a73AIhsvN/yzL5zcGTVwgeORBQ==",
            "content_md5": "3d0f588742e923989b4538f3a51644d0",
            "content_sha1": "7b9a1e00865d0e3bfa8535bceb1e7191e1171637",
            "content_sha256": "31ece50747ddac098b5f4e20adb895790e2daa8f65aa5f1aff186fbdd9b0f072",
            "content_sha512": "491f480db187fcf321c7510a99222af018dc02133f02fae0f513d8bd79913c01ba725320977a2e077796c9e1b66bbdc0221b2f37fcb32f9cdc19357081e39105",
            "directory_permission": "0777",
            "file_permission": "0777",
            "filename": "../individual-workspaces/ws-0066/main.tf",
            "id": "7b9a1e00865d0e3bfa8535bceb1e7191e1171637",
            "sensitive_content": null,
            "source": null
          },
          "sensitive_attributes": []
        },
        {
          "index_key": 67,
          "schema_version": 0,
          "attributes": {
            "content": "#\n# Autogenerated by Terraform\n# https://github.com/hashi-strawb/tfc-monorepo-test/blob/main/repo_dirs/main.tf\n#\n\nmodule \"pet\" {\n  source = \"../../modules/random\"\n}\n",
            "content_base64": null,
            "content_base64sha256": "MezlB0fdrAmLX04grbiVeQ4tqo9lql8a/xhvvdmw8HI=",
            "content_base64sha512": "SR9IDbGH/PMhx1EKmSIq8BjcAhM/Avrg9RPYvXmRPAG6clMgl3ouB3eWyeG2a73AIhsvN/yzL5zcGTVwgeORBQ==",
            "content_md5": "3d0f588742e923989b4538f3a51644d0",
            "content_sha1": "7b9a1e00865d0e3bfa8535bceb1e7191e1171637",
            "content_sha256": "31ece50747ddac098b5f4e20adb895790e2daa8f65aa5f1aff186fbdd9b0f072",
            "content_sha512": "491f480db187fcf321c7510a99222af018dc02133f02fae0f513d8bd79913c01ba725320977a2e077796c9e1b66bbdc0221b2f37fcb32f9cdc19357081e39105",
            "directory_permission": "0777",
            "file_permission": "0777",
            "filename": "../individual-workspaces/ws-0067/main.tf",
            "id": "7b9a1e00865d0e3bfa8535bceb1e7191e1171637",
            "sensitive_content": null,
            "source": null
          },
          "sensitive_attributes": []
        },
        {
          "index_key": 68,
          "schema_version": 0,
          "attributes": {
            "content": "#\n# Autogenerated by Terraform\n# https://github.com/hashi-strawb/tfc-monorepo-test/blob/main/repo_dirs/main.tf\n#\n\nmodule \"pet\" {\n  source = \"../../modules/random\"\n}\n",
            "content_base64": null,
            "content_base64sha256": "MezlB0fdrAmLX04grbiVeQ4tqo9lql8a/xhvvdmw8HI=",
            "content_base64sha512": "SR9IDbGH/PMhx1EKmSIq8BjcAhM/Avrg9RPYvXmRPAG6clMgl3ouB3eWyeG2a73AIhsvN/yzL5zcGTVwgeORBQ==",
            "content_md5": "3d0f588742e923989b4538f3a51644d0",
            "content_sha1": "7b9a1e00865d0e3bfa8535bceb1e7191e1171637",
            "content_sha256": "31ece50747ddac098b5f4e20adb895790e2daa8f65aa5f1aff186fbdd9b0f072",
            "content_sha512": "491f480db187fcf321c7510a99222af018dc02133f02fae0f513d8bd79913c01ba725320977a2e077796c9e1b66bbdc0221b2f37fcb32f9cdc19357081e39105",
            "directory_permission": "0777",
            "file_permission": "0777",
            "filename": "../individual-workspaces/ws-0068/main.tf",
            "id": "7b9a1e00865d0e3bfa8535bceb1e7191e1171637",
            "sensitive_content": null,
            "source": null
          },
          "sensitive_attributes": []
        },
        {
          "index_key": 69,
          "schema_version": 0,
          "attributes": {
            "content": "#\n# Autogenerated by Terraform\n# https://github.com/hashi-strawb/tfc-monorepo-test/blob/main/repo_dirs/main.tf\n#\n\nmodule \"pet\" {\n  source = \"../../modules/random\"\n}\n",
            "content_base64": null,
            "content_base64sha256": "MezlB0fdrAmLX04grbiVeQ4tqo9lql8a/xhvvdmw8HI=",
            "content_base64sha512": "SR9IDbGH/PMhx1EKmSIq8BjcAhM/Avrg9RPYvXmRPAG6clMgl3ouB3eWyeG2a73AIhsvN/yzL5zcGTVwgeORBQ==",
            "content_md5": "3d0f588742e923989b4538f3a51644d0",
            "content_sha1": "7b9a1e00865d0e3bfa8535bceb1e7191e1171637",
            "content_sha256": "31ece50747ddac098b5f4e20adb895790e2daa8f65aa5f1aff186fbdd9b0f072",
            "content_sha512": "491f480db187fcf321c7510a99222af018dc02133f02fae0f513d8bd79913c01ba725320977a2e077796c9e1b66bbdc0221b2f37fcb32f9cdc19357081e39105",
            "directory_permission": "0777",
            "file_permission": "0777",
            "filename": "../individual-workspaces/ws-0069/main.tf",
            "id": "7b9a1e00865d0e3bfa8535bceb1e7191e1171637",
            "sensitive_content": null,
            "source": null
          },
          "sensitive_attributes": []
        },
        {
          "index_key": 70,
          "schema_version": 0,
          "attributes": {
            "content": "#\n# Autogenerated by Terraform\n# https://github.com/hashi-strawb/tfc-monorepo-test/blob/main/repo_dirs/main.tf\n#\n\nmodule \"pet\" {\n  source = \"../../modules/random\"\n}\n",
            "content_base64": null,
            "content_base64sha256": "MezlB0fdrAmLX04grbiVeQ4tqo9lql8a/xhvvdmw8HI=",
            "content_base64sha512": "SR9IDbGH/PMhx1EKmSIq8BjcAhM/Avrg9RPYvXmRPAG6clMgl3ouB3eWyeG2a73AIhsvN/yzL5zcGTVwgeORBQ==",
            "content_md5": "3d0f588742e923989b4538f3a51644d0",
            "content_sha1": "7b9a1e00865d0e3bfa8535bceb1e7191e1171637",
            "content_sha256": "31ece50747ddac098b5f4e20adb895790e2daa8f65aa5f1aff186fbdd9b0f072",
            "content_sha512": "491f480db187fcf321c7510a99222af018dc02133f02fae0f513d8bd79913c01ba725320977a2e077796c9e1b66bbdc0221b2f37fcb32f9cdc19357081e39105",
            "directory_permission": "0777",
            "file_permission": "0777",
            "filename": "../individual-workspaces/ws-0070/main.tf",
            "id": "7b9a1e00865d0e3bfa8535bceb1e7191e1171637",
            "sensitive_content": null,
            "source": null
          },
          "sensitive_attributes": []
        },
        {
          "index_key": 71,
          "schema_version": 0,
          "attributes": {
            "content": "#\n# Autogenerated by Terraform\n# https://github.com/hashi-strawb/tfc-monorepo-test/blob/main/repo_dirs/main.tf\n#\n\nmodule \"pet\" {\n  source = \"../../modules/random\"\n}\n",
            "content_base64": null,
            "content_base64sha256": "MezlB0fdrAmLX04grbiVeQ4tqo9lql8a/xhvvdmw8HI=",
            "content_base64sha512": "SR9IDbGH/PMhx1EKmSIq8BjcAhM/Avrg9RPYvXmRPAG6clMgl3ouB3eWyeG2a73AIhsvN/yzL5zcGTVwgeORBQ==",
            "content_md5": "3d0f588742e923989b4538f3a51644d0",
            "content_sha1": "7b9a1e00865d0e3bfa8535bceb1e7191e1171637",
            "content_sha256": "31ece50747ddac098b5f4e20adb895790e2daa8f65aa5f1aff186fbdd9b0f072",
            "content_sha512": "491f480db187fcf321c7510a99222af018dc02133f02fae0f513d8bd79913c01ba725320977a2e077796c9e1b66bbdc0221b2f37fcb32f9cdc19357081e39105",
            "directory_permission": "0777",
            "file_permission": "0777",
            "filename": "../individual-workspaces/ws-0071/main.tf",
            "id": "7b9a1e00865d0e3bfa8535bceb1e7191e1171637",
            "sensitive_content": null,
            "source": null
          },
          "sensitive_attributes": []
        },
        {
          "index_key": 72,
          "schema_version": 0,
          "attributes": {
            "content": "#\n# Autogenerated by Terraform\n# https://github.com/hashi-strawb/tfc-monorepo-test/blob/main/repo_dirs/main.tf\n#\n\nmodule \"pet\" {\n  source = \"../../modules/random\"\n}\n",
            "content_base64": null,
            "content_base64sha256": "MezlB0fdrAmLX04grbiVeQ4tqo9lql8a/xhvvdmw8HI=",
            "content_base64sha512": "SR9IDbGH/PMhx1EKmSIq8BjcAhM/Avrg9RPYvXmRPAG6clMgl3ouB3eWyeG2a73AIhsvN/yzL5zcGTVwgeORBQ==",
            "content_md5": "3d0f588742e923989b4538f3a51644d0",
            "content_sha1": "7b9a1e00865d0e3bfa8535bceb1e7191e1171637",
            "content_sha256": "31ece50747ddac098b5f4e20adb895790e2daa8f65aa5f1aff186fbdd9b0f072",
            "content_sha512": "491f480db187fcf321c7510a99222af018dc02133f02fae0f513d8bd79913c01ba725320977a2e077796c9e1b66bbdc0221b2f37fcb32f9cdc19357081e39105",
            "directory_permission": "0777",
            "file_permission": "0777",
            "filename": "../individual-workspaces/ws-0072/main.tf",
            "id": "7b9a1e00865d0e3bfa8535bceb1e7191e1171637",
            "sensitive_content": null,
            "source": null
          },
          "sensitive_attributes": []
        },
        {
          "index_key": 73,
          "schema_version": 0,
          "attributes": {
            "content": "#\n# Autogenerated by Terraform\n# https://github.com/hashi-strawb/tfc-monorepo-test/blob/main/repo_dirs/main.tf\n#\n\nmodule \"pet\" {\n  source = \"../../modules/random\"\n}\n",
            "content_base64": null,
            "content_base64sha256": "MezlB0fdrAmLX04grbiVeQ4tqo9lql8a/xhvvdmw8HI=",
            "content_base64sha512": "SR9IDbGH/PMhx1EKmSIq8BjcAhM/Avrg9RPYvXmRPAG6clMgl3ouB3eWyeG2a73AIhsvN/yzL5zcGTVwgeORBQ==",
            "content_md5": "3d0f588742e923989b4538f3a51644d0",
            "content_sha1": "7b9a1e00865d0e3bfa8535bceb1e7191e1171637",
            "content_sha256": "31ece50747ddac098b5f4e20adb895790e2daa8f65aa5f1aff186fbdd9b0f072",
            "content_sha512": "491f480db187fcf321c7510a99222af018dc02133f02fae0f513d8bd79913c01ba725320977a2e077796c9e1b66bbdc0221b2f37fcb32f9cdc19357081e39105",
            "directory_permission": "0777",
            "file_permission": "0777",
            "filename": "../individual-workspaces/ws-0073/main.tf",
            "id": "7b9a1e00865d0e3bfa8535bceb1e7191e1171637",
            "sensitive_content": null,
            "source": null
          },
          "sensitive_attributes": []
        },
        {
          "index_key": 74,
          "schema_version": 0,
          "attributes": {
            "content": "#\n# Autogenerated by Terraform\n# https://github.com/hashi-strawb/tfc-monorepo-test/blob/main/repo_dirs/main.tf\n#\n\nmodule \"pet\" {\n  source = \"../../modules/random\"\n}\n",
            "content_base64": null,
            "content_base64sha256": "MezlB0fdrAmLX04grbiVeQ4tqo9lql8a/xhvvdmw8HI=",
            "content_base64sha512": "SR9IDbGH/PMhx1EKmSIq8BjcAhM/Avrg9RPYvXmRPAG6clMgl3ouB3eWyeG2a73AIhsvN/yzL5zcGTVwgeORBQ==",
            "content_md5": "3d0f588742e923989b4538f3a51644d0",
            "content_sha1": "7b9a1e00865d0e3bfa8535bceb1e7191e1171637",
            "content_sha256": "31ece50747ddac098b5f4e20adb895790e2daa8f65aa5f1aff186fbdd9b0f072",
            "content_sha512": "491f480db187fcf321c7510a99222af018dc02133f02fae0f513d8bd79913c01ba725320977a2e077796c9e1b66bbdc0221b2f37fcb32f9cdc19357081e39105",
            "directory_permission": "0777",
            "file_permission": "0777",
            "filename": "../individual-workspaces/ws-0074/main.tf",
            "id": "7b9a1e00865d0e3bfa8535bceb1e7191e1171637",
            "sensitive_content": null,
            "source": null
          },
          "sensitive_attributes": []
        },
        {
          "index_key": 75,
          "schema_version": 0,
          "attributes": {
            "content": "#\n# Autogenerated by Terraform\n# https://github.com/hashi-strawb/tfc-monorepo-test/blob/main/repo_dirs/main.tf\n#\n\nmodule \"pet\" {\n  source = \"../../modules/random\"\n}\n",
            "content_base64": null,
            "content_base64sha256": "MezlB0fdrAmLX04grbiVeQ4tqo9lql8a/xhvvdmw8HI=",
            "content_base64sha512": "SR9IDbGH/PMhx1EKmSIq8BjcAhM/Avrg9RPYvXmRPAG6clMgl3ouB3eWyeG2a73AIhsvN/yzL5zcGTVwgeORBQ==",
            "content_md5": "3d0f588742e923989b4538f3a51644d0",
            "content_sha1": "7b9a1e00865d0e3bfa8535bceb1e7191e1171637",
            "content_sha256": "31ece50747ddac098b5f4e20adb895790e2daa8f65aa5f1aff186fbdd9b0f072",
            "content_sha512": "491f480db187fcf321c7510a99222af018dc02133f02fae0f513d8bd79913c01ba725320977a2e077796c9e1b66bbdc0221b2f37fcb32f9cdc19357081e39105",
            "directory_permission": "0777",
            "file_permission": "0777",
            "filename": "../individual-workspaces/ws-0075/main.tf",
            "id": "7b9a1e00865d0e3bfa8535bceb1e7191e1171637",
            "sensitive_content": null,
            "source": null
          },
          "sensitive_attributes": []
        },
        {
          "index_key": 76,
          "schema_version": 0,
          "attributes": {
            "content": "#\n# Autogenerated by Terraform\n# https://github.com/hashi-strawb/tfc-monorepo-test/blob/main/repo_dirs/main.tf\n#\n\nmodule \"pet\" {\n  source = \"../../modules/random\"\n}\n",
            "content_base64": null,
            "content_base64sha256": "MezlB0fdrAmLX04grbiVeQ4tqo9lql8a/xhvvdmw8HI=",
            "content_base64sha512": "SR9IDbGH/PMhx1EKmSIq8BjcAhM/Avrg9RPYvXmRPAG6clMgl3ouB3eWyeG2a73AIhsvN/yzL5zcGTVwgeORBQ==",
            "content_md5": "3d0f588742e923989b4538f3a51644d0",
            "content_sha1": "7b9a1e00865d0e3bfa8535bceb1e7191e1171637",
            "content_sha256": "31ece50747ddac098b5f4e20adb895790e2daa8f65aa5f1aff186fbdd9b0f072",
            "content_sha512": "491f480db187fcf321c7510a99222af018dc02133f02fae0f513d8bd79913c01ba725320977a2e077796c9e1b66bbdc0221b2f37fcb32f9cdc19357081e39105",
            "directory_permission": "0777",
            "file_permission": "0777",
            "filename": "../individual-workspaces/ws-0076/main.tf",
            "id": "7b9a1e00865d0e3bfa8535bceb1e7191e1171637",
            "sensitive_content": null,
            "source": null
          },
          "sensitive_attributes": []
        },
        {
          "index_key": 77,
          "schema_version": 0,
          "attributes": {
            "content": "#\n# Autogenerated by Terraform\n# https://github.com/hashi-strawb/tfc-monorepo-test/blob/main/repo_dirs/main.tf\n#\n\nmodule \"pet\" {\n  source = \"../../modules/random\"\n}\n",
            "content_base64": null,
            "content_base64sha256": "MezlB0fdrAmLX04grbiVeQ4tqo9lql8a/xhvvdmw8HI=",
            "content_base64sha512": "SR9IDbGH/PMhx1EKmSIq8BjcAhM/Avrg9RPYvXmRPAG6clMgl3ouB3eWyeG2a73AIhsvN/yzL5zcGTVwgeORBQ==",
            "content_md5": "3d0f588742e923989b4538f3a51644d0",
            "content_sha1": "7b9a1e00865d0e3bfa8535bceb1e7191e1171637",
            "content_sha256": "31ece50747ddac098b5f4e20adb895790e2daa8f65aa5f1aff186fbdd9b0f072",
            "content_sha512": "491f480db187fcf321c7510a99222af018dc02133f02fae0f513d8bd79913c01ba725320977a2e077796c9e1b66bbdc0221b2f37fcb32f9cdc19357081e39105",
            "directory_permission": "0777",
            "file_permission": "0777",
            "filename": "../individual-workspaces/ws-0077/main.tf",
            "id": "7b9a1e00865d0e3bfa8535bceb1e7191e1171637",
            "sensitive_content": null,
            "source": null
          },
          "sensitive_attributes": []
        },
        {
          "index_key": 78,
          "schema_version": 0,
          "attributes": {
            "content": "#\n# Autogenerated by Terraform\n# https://github.com/hashi-strawb/tfc-monorepo-test/blob/main/repo_dirs/main.tf\n#\n\nmodule \"pet\" {\n  source = \"../../modules/random\"\n}\n",
            "content_base64": null,
            "content_base64sha256": "MezlB0fdrAmLX04grbiVeQ4tqo9lql8a/xhvvdmw8HI=",
            "content_base64sha512": "SR9IDbGH/PMhx1EKmSIq8BjcAhM/Avrg9RPYvXmRPAG6clMgl3ouB3eWyeG2a73AIhsvN/yzL5zcGTVwgeORBQ==",
            "content_md5": "3d0f588742e923989b4538f3a51644d0",
            "content_sha1": "7b9a1e00865d0e3bfa8535bceb1e7191e1171637",
            "content_sha256": "31ece50747ddac098b5f4e20adb895790e2daa8f65aa5f1aff186fbdd9b0f072",
            "content_sha512": "491f480db187fcf321c7510a99222af018dc02133f02fae0f513d8bd79913c01ba725320977a2e077796c9e1b66bbdc0221b2f37fcb32f9cdc19357081e39105",
            "directory_permission": "0777",
            "file_permission": "0777",
            "filename": "../individual-workspaces/ws-0078/main.tf",
            "id": "7b9a1e00865d0e3bfa8535bceb1e7191e1171637",
            "sensitive_content": null,
            "source": null
          },
          "sensitive_attributes": []
        },
        {
          "index_key": 79,
          "schema_version": 0,
          "attributes": {
            "content": "#\n# Autogenerated by Terraform\n# https://github.com/hashi-strawb/tfc-monorepo-test/blob/main/repo_dirs/main.tf\n#\n\nmodule \"pet\" {\n  source = \"../../modules/random\"\n}\n",
            "content_base64": null,
            "content_base64sha256": "MezlB0fdrAmLX04grbiVeQ4tqo9lql8a/xhvvdmw8HI=",
            "content_base64sha512": "SR9IDbGH/PMhx1EKmSIq8BjcAhM/Avrg9RPYvXmRPAG6clMgl3ouB3eWyeG2a73AIhsvN/yzL5zcGTVwgeORBQ==",
            "content_md5": "3d0f588742e923989b4538f3a51644d0",
            "content_sha1": "7b9a1e00865d0e3bfa8535bceb1e7191e1171637",
            "content_sha256": "31ece50747ddac098b5f4e20adb895790e2daa8f65aa5f1aff186fbdd9b0f072",
            "content_sha512": "491f480db187fcf321c7510a99222af018dc02133f02fae0f513d8bd79913c01ba725320977a2e077796c9e1b66bbdc0221b2f37fcb32f9cdc19357081e39105",
            "directory_permission": "0777",
            "file_permission": "0777",
            "filename": "../individual-workspaces/ws-0079/main.tf",
            "id": "7b9a1e00865d0e3bfa8535bceb1e7191e1171637",
            "sensitive_content": null,
            "source": null
          },
          "sensitive_attributes": []
        },
        {
          "index_key": 80,
          "schema_version": 0,
          "attributes": {
            "content": "#\n# Autogenerated by Terraform\n# https://github.com/hashi-strawb/tfc-monorepo-test/blob/main/repo_dirs/main.tf\n#\n\nmodule \"pet\" {\n  source = \"../../modules/random\"\n}\n",
            "content_base64": null,
            "content_base64sha256": "MezlB0fdrAmLX04grbiVeQ4tqo9lql8a/xhvvdmw8HI=",
            "content_base64sha512": "SR9IDbGH/PMhx1EKmSIq8BjcAhM/Avrg9RPYvXmRPAG6clMgl3ouB3eWyeG2a73AIhsvN/yzL5zcGTVwgeORBQ==",
            "content_md5": "3d0f588742e923989b4538f3a51644d0",
            "content_sha1": "7b9a1e00865d0e3bfa8535bceb1e7191e1171637",
            "content_sha256": "31ece50747ddac098b5f4e20adb895790e2daa8f65aa5f1aff186fbdd9b0f072",
            "content_sha512": "491f480db187fcf321c7510a99222af018dc02133f02fae0f513d8bd79913c01ba725320977a2e077796c9e1b66bbdc0221b2f37fcb32f9cdc19357081e39105",
            "directory_permission": "0777",
            "file_permission": "0777",
            "filename": "../individual-workspaces/ws-0080/main.tf",
            "id": "7b9a1e00865d0e3bfa8535bceb1e7191e1171637",
            "sensitive_content": null,
            "source": null
          },
          "sensitive_attributes": []
        },
        {
          "index_key": 81,
          "schema_version": 0,
          "attributes": {
            "content": "#\n# Autogenerated by Terraform\n# https://github.com/hashi-strawb/tfc-monorepo-test/blob/main/repo_dirs/main.tf\n#\n\nmodule \"pet\" {\n  source = \"../../modules/random\"\n}\n",
            "content_base64": null,
            "content_base64sha256": "MezlB0fdrAmLX04grbiVeQ4tqo9lql8a/xhvvdmw8HI=",
            "content_base64sha512": "SR9IDbGH/PMhx1EKmSIq8BjcAhM/Avrg9RPYvXmRPAG6clMgl3ouB3eWyeG2a73AIhsvN/yzL5zcGTVwgeORBQ==",
            "content_md5": "3d0f588742e923989b4538f3a51644d0",
            "content_sha1": "7b9a1e00865d0e3bfa8535bceb1e7191e1171637",
            "content_sha256": "31ece50747ddac098b5f4e20adb895790e2daa8f65aa5f1aff186fbdd9b0f072",
            "content_sha512": "491f480db187fcf321c7510a99222af018dc02133f02fae0f513d8bd79913c01ba725320977a2e077796c9e1b66bbdc0221b2f37fcb32f9cdc19357081e39105",
            "directory_permission": "0777",
            "file_permission": "0777",
            "filename": "../individual-workspaces/ws-0081/main.tf",
            "id": "7b9a1e00865d0e3bfa8535bceb1e7191e1171637",
            "sensitive_content": null,
            "source": null
          },
          "sensitive_attributes": []
        },
        {
          "index_key": 82,
          "schema_version": 0,
          "attributes": {
            "content": "#\n# Autogenerated by Terraform\n# https://github.com/hashi-strawb/tfc-monorepo-test/blob/main/repo_dirs/main.tf\n#\n\nmodule \"pet\" {\n  source = \"../../modules/random\"\n}\n",
            "content_base64": null,
            "content_base64sha256": "MezlB0fdrAmLX04grbiVeQ4tqo9lql8a/xhvvdmw8HI=",
            "content_base64sha512": "SR9IDbGH/PMhx1EKmSIq8BjcAhM/Avrg9RPYvXmRPAG6clMgl3ouB3eWyeG2a73AIhsvN/yzL5zcGTVwgeORBQ==",
            "content_md5": "3d0f588742e923989b4538f3a51644d0",
            "content_sha1": "7b9a1e00865d0e3bfa8535bceb1e7191e1171637",
            "content_sha256": "31ece50747ddac098b5f4e20adb895790e2daa8f65aa5f1aff186fbdd9b0f072",
            "content_sha512": "491f480db187fcf321c7510a99222af018dc02133f02fae0f513d8bd79913c01ba725320977a2e077796c9e1b66bbdc0221b2f37fcb32f9cdc19357081e39105",
            "directory_permission": "0777",
            "file_permission": "0777",
            "filename": "../individual-workspaces/ws-0082/main.tf",
            "id": "7b9a1e00865d0e3bfa8535bceb1e7191e1171637",
            "sensitive_content": null,
            "source": null
          },
          "sensitive_attributes": []
        },
        {
          "index_key": 83,
          "schema_version": 0,
          "attributes": {
            "content": "#\n# Autogenerated by Terraform\n# https://github.com/hashi-strawb/tfc-monorepo-test/blob/main/repo_dirs/main.tf\n#\n\nmodule \"pet\" {\n  source = \"../../modules/random\"\n}\n",
            "content_base64": null,
            "content_base64sha256": "MezlB0fdrAmLX04grbiVeQ4tqo9lql8a/xhvvdmw8HI=",
            "content_base64sha512": "SR9IDbGH/PMhx1EKmSIq8BjcAhM/Avrg9RPYvXmRPAG6clMgl3ouB3eWyeG2a73AIhsvN/yzL5zcGTVwgeORBQ==",
            "content_md5": "3d0f588742e923989b4538f3a51644d0",
            "content_sha1": "7b9a1e00865d0e3bfa8535bceb1e7191e1171637",
            "content_sha256": "31ece50747ddac098b5f4e20adb895790e2daa8f65aa5f1aff186fbdd9b0f072",
            "content_sha512": "491f480db187fcf321c7510a99222af018dc02133f02fae0f513d8bd79913c01ba725320977a2e077796c9e1b66bbdc0221b2f37fcb32f9cdc19357081e39105",
            "directory_permission": "0777",
            "file_permission": "0777",
            "filename": "../individual-workspaces/ws-0083/main.tf",
            "id": "7b9a1e00865d0e3bfa8535bceb1e7191e1171637",
            "sensitive_content": null,
            "source": null
          },
          "sensitive_attributes": []
        },
        {
          "index_key": 84,
          "schema_version": 0,
          "attributes": {
            "content": "#\n# Autogenerated by Terraform\n# https://github.com/hashi-strawb/tfc-monorepo-test/blob/main/repo_dirs/main.tf\n#\n\nmodule \"pet\" {\n  source = \"../../modules/random\"\n}\n",
            "content_base64": null,
            "content_base64sha256": "MezlB0fdrAmLX04grbiVeQ4tqo9lql8a/xhvvdmw8HI=",
            "content_base64sha512": "SR9IDbGH/PMhx1EKmSIq8BjcAhM/Avrg9RPYvXmRPAG6clMgl3ouB3eWyeG2a73AIhsvN/yzL5zcGTVwgeORBQ==",
            "content_md5": "3d0f588742e923989b4538f3a51644d0",
            "content_sha1": "7b9a1e00865d0e3bfa8535bceb1e7191e1171637",
            "content_sha256": "31ece50747ddac098b5f4e20adb895790e2daa8f65aa5f1aff186fbdd9b0f072",
            "content_sha512": "491f480db187fcf321c7510a99222af018dc02133f02fae0f513d8bd79913c01ba725320977a2e077796c9e1b66bbdc0221b2f37fcb32f9cdc19357081e39105",
            "directory_permission": "0777",
            "file_permission": "0777",
            "filename": "../individual-workspaces/ws-0084/main.tf",
            "id": "7b9a1e00865d0e3bfa8535bceb1e7191e1171637",
            "sensitive_content": null,
            "source": null
          },
          "sensitive_attributes": []
        },
        {
          "index_key": 85,
          "schema_version": 0,
          "attributes": {
            "content": "#\n# Autogenerated by Terraform\n# https://github.com/hashi-strawb/tfc-monorepo-test/blob/main/repo_dirs/main.tf\n#\n\nmodule \"pet\" {\n  source = \"../../modules/random\"\n}\n",
            "content_base64": null,
            "content_base64sha256": "MezlB0fdrAmLX04grbiVeQ4tqo9lql8a/xhvvdmw8HI=",
            "content_base64sha512": "SR9IDbGH/PMhx1EKmSIq8BjcAhM/Avrg9RPYvXmRPAG6clMgl3ouB3eWyeG2a73AIhsvN/yzL5zcGTVwgeORBQ==",
            "content_md5": "3d0f588742e923989b4538f3a51644d0",
            "content_sha1": "7b9a1e00865d0e3bfa8535bceb1e7191e1171637",
            "content_sha256": "31ece50747ddac098b5f4e20adb895790e2daa8f65aa5f1aff186fbdd9b0f072",
            "content_sha512": "491f480db187fcf321c7510a99222af018dc02133f02fae0f513d8bd79913c01ba725320977a2e077796c9e1b66bbdc0221b2f37fcb32f9cdc19357081e39105",
            "directory_permission": "0777",
            "file_permission": "0777",
            "filename": "../individual-workspaces/ws-0085/main.tf",
            "id": "7b9a1e00865d0e3bfa8535bceb1e7191e1171637",
            "sensitive_content": null,
            "source": null
          },
          "sensitive_attributes": []
        },
        {
          "index_key": 86,
          "schema_version": 0,
          "attributes": {
            "content": "#\n# Autogenerated by Terraform\n# https://github.com/hashi-strawb/tfc-monorepo-test/blob/main/repo_dirs/main.tf\n#\n\nmodule \"pet\" {\n  source = \"../../modules/random\"\n}\n",
            "content_base64": null,
            "content_base64sha256": "MezlB0fdrAmLX04grbiVeQ4tqo9lql8a/xhvvdmw8HI=",
            "content_base64sha512": "SR9IDbGH/PMhx1EKmSIq8BjcAhM/Avrg9RPYvXmRPAG6clMgl3ouB3eWyeG2a73AIhsvN/yzL5zcGTVwgeORBQ==",
            "content_md5": "3d0f588742e923989b4538f3a51644d0",
            "content_sha1": "7b9a1e00865d0e3bfa8535bceb1e7191e1171637",
            "content_sha256": "31ece50747ddac098b5f4e20adb895790e2daa8f65aa5f1aff186fbdd9b0f072",
            "content_sha512": "491f480db187fcf321c7510a99222af018dc02133f02fae0f513d8bd79913c01ba725320977a2e077796c9e1b66bbdc0221b2f37fcb32f9cdc19357081e39105",
            "directory_permission": "0777",
            "file_permission": "0777",
            "filename": "../individual-workspaces/ws-0086/main.tf",
            "id": "7b9a1e00865d0e3bfa8535bceb1e7191e1171637",
            "sensitive_content": null,
            "source": null
          },
          "sensitive_attributes": []
        },
        {
          "index_key": 87,
          "schema_version": 0,
          "attributes": {
            "content": "#\n# Autogenerated by Terraform\n# https://github.com/hashi-strawb/tfc-monorepo-test/blob/main/repo_dirs/main.tf\n#\n\nmodule \"pet\" {\n  source = \"../../modules/random\"\n}\n",
            "content_base64": null,
            "content_base64sha256": "MezlB0fdrAmLX04grbiVeQ4tqo9lql8a/xhvvdmw8HI=",
            "content_base64sha512": "SR9IDbGH/PMhx1EKmSIq8BjcAhM/Avrg9RPYvXmRPAG6clMgl3ouB3eWyeG2a73AIhsvN/yzL5zcGTVwgeORBQ==",
            "content_md5": "3d0f588742e923989b4538f3a51644d0",
            "content_sha1": "7b9a1e00865d0e3bfa8535bceb1e7191e1171637",
            "content_sha256": "31ece50747ddac098b5f4e20adb895790e2daa8f65aa5f1aff186fbdd9b0f072",
            "content_sha512": "491f480db187fcf321c7510a99222af018dc02133f02fae0f513d8bd79913c01ba725320977a2e077796c9e1b66bbdc0221b2f37fcb32f9cdc19357081e39105",
            "directory_permission": "0777",
            "file_permission": "0777",
            "filename": "../individual-workspaces/ws-0087/main.tf",
            "id": "7b9a1e00865d0e3bfa8535bceb1e7191e1171637",
            "sensitive_content": null,
            "source": null
          },
          "sensitive_attributes": []
        },
        {
          "index_key": 88,
          "schema_version": 0,
          "attributes": {
            "content": "#\n# Autogenerated by Terraform\n# https://github.com/hashi-strawb/tfc-monorepo-test/blob/main/repo_dirs/main.tf\n#\n\nmodule \"pet\" {\n  source = \"../../modules/random\"\n}\n",
            "content_base64": null,
            "content_base64sha256": "MezlB0fdrAmLX04grbiVeQ4tqo9lql8a/xhvvdmw8HI=",
            "content_base64sha512": "SR9IDbGH/PMhx1EKmSIq8BjcAhM/Avrg9RPYvXmRPAG6clMgl3ouB3eWyeG2a73AIhsvN/yzL5zcGTVwgeORBQ==",
            "content_md5": "3d0f588742e923989b4538f3a51644d0",
            "content_sha1": "7b9a1e00865d0e3bfa8535bceb1e7191e1171637",
            "content_sha256": "31ece50747ddac098b5f4e20adb895790e2daa8f65aa5f1aff186fbdd9b0f072",
            "content_sha512": "491f480db187fcf321c7510a99222af018dc02133f02fae0f513d8bd79913c01ba725320977a2e077796c9e1b66bbdc0221b2f37fcb32f9cdc19357081e39105",
            "directory_permission": "0777",
            "file_permission": "0777",
            "filename": "../individual-workspaces/ws-0088/main.tf",
            "id": "7b9a1e00865d0e3bfa8535bceb1e7191e1171637",
            "sensitive_content": null,
            "source": null
          },
          "sensitive_attributes": []
        },
        {
          "index_key": 89,
          "schema_version": 0,
          "attributes": {
            "content": "#\n# Autogenerated by Terraform\n# https://github.com/hashi-strawb/tfc-monorepo-test/blob/main/repo_dirs/main.tf\n#\n\nmodule \"pet\" {\n  source = \"../../modules/random\"\n}\n",
            "content_base64": null,
            "content_base64sha256": "MezlB0fdrAmLX04grbiVeQ4tqo9lql8a/xhvvdmw8HI=",
            "content_base64sha512": "SR9IDbGH/PMhx1EKmSIq8BjcAhM/Avrg9RPYvXmRPAG6clMgl3ouB3eWyeG2a73AIhsvN/yzL5zcGTVwgeORBQ==",
            "content_md5": "3d0f588742e923989b4538f3a51644d0",
            "content_sha1": "7b9a1e00865d0e3bfa8535bceb1e7191e1171637",
            "content_sha256": "31ece50747ddac098b5f4e20adb895790e2daa8f65aa5f1aff186fbdd9b0f072",
            "content_sha512": "491f480db187fcf321c7510a99222af018dc02133f02fae0f513d8bd79913c01ba725320977a2e077796c9e1b66bbdc0221b2f37fcb32f9cdc19357081e39105",
            "directory_permission": "0777",
            "file_permission": "0777",
            "filename": "../individual-workspaces/ws-0089/main.tf",
            "id": "7b9a1e00865d0e3bfa8535bceb1e7191e1171637",
            "sensitive_content": null,
            "source": null
          },
          "sensitive_attributes": []
        },
        {
          "index_key": 90,
          "schema_version": 0,
          "attributes": {
            "content": "#\n# Autogenerated by Terraform\n# https://github.com/hashi-strawb/tfc-monorepo-test/blob/main/repo_dirs/main.tf\n#\n\nmodule \"pet\" {\n  source = \"../../modules/random\"\n}\n",
            "content_base64": null,
            "content_base64sha256": "MezlB0fdrAmLX04grbiVeQ4tqo9lql8a/xhvvdmw8HI=",
            "content_base64sha512": "SR9IDbGH/PMhx1EKmSIq8BjcAhM/Avrg9RPYvXmRPAG6clMgl3ouB3eWyeG2a73AIhsvN/yzL5zcGTVwgeORBQ==",
            "content_md5": "3d0f588742e923989b4538f3a51644d0",
            "content_sha1": "7b9a1e00865d0e3bfa8535bceb1e7191e1171637",
            "content_sha256": "31ece50747ddac098b5f4e20adb895790e2daa8f65aa5f1aff186fbdd9b0f072",
            "content_sha512": "491f480db187fcf321c7510a99222af018dc02133f02fae0f513d8bd79913c01ba725320977a2e077796c9e1b66bbdc0221b2f37fcb32f9cdc19357081e39105",
            "directory_permission": "0777",
            "file_permission": "0777",
            "filename": "../individual-workspaces/ws-0090/main.tf",
            "id": "7b9a1e00865d0e3bfa8535bceb1e7191e1171637",
            "sensitive_content": null,
            "source": null
          },
          "sensitive_attributes": []
        },
        {
          "index_key": 91,
          "schema_version": 0,
          "attributes": {
            "content": "#\n# Autogenerated by Terraform\n# https://github.com/hashi-strawb/tfc-monorepo-test/blob/main/repo_dirs/main.tf\n#\n\nmodule \"pet\" {\n  source = \"../../modules/random\"\n}\n",
            "content_base64": null,
            "content_base64sha256": "MezlB0fdrAmLX04grbiVeQ4tqo9lql8a/xhvvdmw8HI=",
            "content_base64sha512": "SR9IDbGH/PMhx1EKmSIq8BjcAhM/Avrg9RPYvXmRPAG6clMgl3ouB3eWyeG2a73AIhsvN/yzL5zcGTVwgeORBQ==",
            "content_md5": "3d0f588742e923989b4538f3a51644d0",
            "content_sha1": "7b9a1e00865d0e3bfa8535bceb1e7191e1171637",
            "content_sha256": "31ece50747ddac098b5f4e20adb895790e2daa8f65aa5f1aff186fbdd9b0f072",
            "content_sha512": "491f480db187fcf321c7510a99222af018dc02133f02fae0f513d8bd79913c01ba725320977a2e077796c9e1b66bbdc0221b2f37fcb32f9cdc19357081e39105",
            "directory_permission": "0777",
            "file_permission": "0777",
            "filename": "../individual-workspaces/ws-0091/main.tf",
            "id": "7b9a1e00865d0e3bfa8535bceb1e7191e1171637",
            "sensitive_content": null,
            "source": null
          },
          "sensitive_attributes": []
        },
        {
          "index_key": 92,
          "schema_version": 0,
          "attributes": {
            "content": "#\n# Autogenerated by Terraform\n# https://github.com/hashi-strawb/tfc-monorepo-test/blob/main/repo_dirs/main.tf\n#\n\nmodule \"pet\" {\n  source = \"../../modules/random\"\n}\n",
            "content_base64": null,
            "content_base64sha256": "MezlB0fdrAmLX04grbiVeQ4tqo9lql8a/xhvvdmw8HI=",
            "content_base64sha512": "SR9IDbGH/PMhx1EKmSIq8BjcAhM/Avrg9RPYvXmRPAG6clMgl3ouB3eWyeG2a73AIhsvN/yzL5zcGTVwgeORBQ==",
            "content_md5": "3d0f588742e923989b4538f3a51644d0",
            "content_sha1": "7b9a1e00865d0e3bfa8535bceb1e7191e1171637",
            "content_sha256": "31ece50747ddac098b5f4e20adb895790e2daa8f65aa5f1aff186fbdd9b0f072",
            "content_sha512": "491f480db187fcf321c7510a99222af018dc02133f02fae0f513d8bd79913c01ba725320977a2e077796c9e1b66bbdc0221b2f37fcb32f9cdc19357081e39105",
            "directory_permission": "0777",
            "file_permission": "0777",
            "filename": "../individual-workspaces/ws-0092/main.tf",
            "id": "7b9a1e00865d0e3bfa8535bceb1e7191e1171637",
            "sensitive_content": null,
            "source": null
          },
          "sensitive_attributes": []
        },
        {
          "index_key": 93,
          "schema_version": 0,
          "attributes": {
            "content": "#\n# Autogenerated by Terraform\n# https://github.com/hashi-strawb/tfc-monorepo-test/blob/main/repo_dirs/main.tf\n#\n\nmodule \"pet\" {\n  source = \"../../modules/random\"\n}\n",
            "content_base64": null,
            "content_base64sha256": "MezlB0fdrAmLX04grbiVeQ4tqo9lql8a/xhvvdmw8HI=",
            "content_base64sha512": "SR9IDbGH/PMhx1EKmSIq8BjcAhM/Avrg9RPYvXmRPAG6clMgl3ouB3eWyeG2a73AIhsvN/yzL5zcGTVwgeORBQ==",
            "content_md5": "3d0f588742e923989b4538f3a51644d0",
            "content_sha1": "7b9a1e00865d0e3bfa8535bceb1e7191e1171637",
            "content_sha256": "31ece50747ddac098b5f4e20adb895790e2daa8f65aa5f1aff186fbdd9b0f072",
            "content_sha512": "491f480db187fcf321c7510a99222af018dc02133f02fae0f513d8bd79913c01ba725320977a2e077796c9e1b66bbdc0221b2f37fcb32f9cdc19357081e39105",
            "directory_permission": "0777",
            "file_permission": "0777",
            "filename": "../individual-workspaces/ws-0093/main.tf",
            "id": "7b9a1e00865d0e3bfa8535bceb1e7191e1171637",
            "sensitive_content": null,
            "source": null
          },
          "sensitive_attributes": []
        },
        {
          "index_key": 94,
          "schema_version": 0,
          "attributes": {
            "content": "#\n# Autogenerated by Terraform\n# https://github.com/hashi-strawb/tfc-monorepo-test/blob/main/repo_dirs/main.tf\n#\n\nmodule \"pet\" {\n  source = \"../../modules/random\"\n}\n",
            "content_base64": null,
            "content_base64sha256": "MezlB0fdrAmLX04grbiVeQ4tqo9lql8a/xhvvdmw8HI=",
            "content_base64sha512": "SR9IDbGH/PMhx1EKmSIq8BjcAhM/Avrg9RPYvXmRPAG6clMgl3ouB3eWyeG2a73AIhsvN/yzL5zcGTVwgeORBQ==",
            "content_md5": "3d0f588742e923989b4538f3a51644d0",
            "content_sha1": "7b9a1e00865d0e3bfa8535bceb1e7191e1171637",
            "content_sha256": "31ece50747ddac098b5f4e20adb895790e2daa8f65aa5f1aff186fbdd9b0f072",
            "content_sha512": "491f480db187fcf321c7510a99222af018dc02133f02fae0f513d8bd79913c01ba725320977a2e077796c9e1b66bbdc0221b2f37fcb32f9cdc19357081e39105",
            "directory_permission": "0777",
            "file_permission": "0777",
            "filename": "../individual-workspaces/ws-0094/main.tf",
            "id": "7b9a1e00865d0e3bfa8535bceb1e7191e1171637",
            "sensitive_content": null,
            "source": null
          },
          "sensitive_attributes": []
        },
        {
          "index_key": 95,
          "schema_version": 0,
          "attributes": {
            "content": "#\n# Autogenerated by Terraform\n# https://github.com/hashi-strawb/tfc-monorepo-test/blob/main/repo_dirs/main.tf\n#\n\nmodule \"pet\" {\n  source = \"../../modules/random\"\n}\n",
            "content_base64": null,
            "content_base64sha256": "MezlB0fdrAmLX04grbiVeQ4tqo9lql8a/xhvvdmw8HI=",
            "content_base64sha512": "SR9IDbGH/PMhx1EKmSIq8BjcAhM/Avrg9RPYvXmRPAG6clMgl3ouB3eWyeG2a73AIhsvN/yzL5zcGTVwgeORBQ==",
            "content_md5": "3d0f588742e923989b4538f3a51644d0",
            "content_sha1": "7b9a1e00865d0e3bfa8535bceb1e7191e1171637",
            "content_sha256": "31ece50747ddac098b5f4e20adb895790e2daa8f65aa5f1aff186fbdd9b0f072",
            "content_sha512": "491f480db187fcf321c7510a99222af018dc02133f02fae0f513d8bd79913c01ba725320977a2e077796c9e1b66bbdc0221b2f37fcb32f9cdc19357081e39105",
            "directory_permission": "0777",
            "file_permission": "0777",
            "filename": "../individual-workspaces/ws-0095/main.tf",
            "id": "7b9a1e00865d0e3bfa8535bceb1e7191e1171637",
            "sensitive_content": null,
            "source": null
          },
          "sensitive_attributes": []
        },
        {
          "index_key": 96,
          "schema_version": 0,
          "attributes": {
            "content": "#\n# Autogenerated by Terraform\n# https://github.com/hashi-strawb/tfc-monorepo-test/blob/main/repo_dirs/main.tf\n#\n\nmodule \"pet\" {\n  source = \"../../modules/random\"\n}\n",
            "content_base64": null,
            "content_base64sha256": "MezlB0fdrAmLX04grbiVeQ4tqo9lql8a/xhvvdmw8HI=",
            "content_base64sha512": "SR9IDbGH/PMhx1EKmSIq8BjcAhM/Avrg9RPYvXmRPAG6clMgl3ouB3eWyeG2a73AIhsvN/yzL5zcGTVwgeORBQ==",
            "content_md5": "3d0f588742e923989b4538f3a51644d0",
            "content_sha1": "7b9a1e00865d0e3bfa8535bceb1e7191e1171637",
            "content_sha256": "31ece50747ddac098b5f4e20adb895790e2daa8f65aa5f1aff186fbdd9b0f072",
            "content_sha512": "491f480db187fcf321c7510a99222af018dc02133f02fae0f513d8bd79913c01ba725320977a2e077796c9e1b66bbdc0221b2f37fcb32f9cdc19357081e39105",
            "directory_permission": "0777",
            "file_permission": "0777",
            "filename": "../individual-workspaces/ws-0096/main.tf",
            "id": "7b9a1e00865d0e3bfa8535bceb1e7191e1171637",
            "sensitive_content": null,
            "source": null
          },
          "sensitive_attributes": []
        },
        {
          "index_key": 97,
          "schema_version": 0,
          "attributes": {
            "content": "#\n# Autogenerated by Terraform\n# https://github.com/hashi-strawb/tfc-monorepo-test/blob/main/repo_dirs/main.tf\n#\n\nmodule \"pet\" {\n  source = \"../../modules/random\"\n}\n",
            "content_base64": null,
            "content_base64sha256": "MezlB0fdrAmLX04grbiVeQ4tqo9lql8a/xhvvdmw8HI=",
            "content_base64sha512": "SR9IDbGH/PMhx1EKmSIq8BjcAhM/Avrg9RPYvXmRPAG6clMgl3ouB3eWyeG2a73AIhsvN/yzL5zcGTVwgeORBQ==",
            "content_md5": "3d0f588742e923989b4538f3a51644d0",
            "content_sha1": "7b9a1e00865d0e3bfa8535bceb1e7191e1171637",
            "content_sha256": "31ece50747ddac098b5f4e20adb895790e2daa8f65aa5f1aff186fbdd9b0f072",
            "content_sha512": "491f480db187fcf321c7510a99222af018dc02133f02fae0f513d8bd79913c01ba725320977a2e077796c9e1b66bbdc0221b2f37fcb32f9cdc19357081e39105",
            "directory_permission": "0777",
            "file_permission": "0777",
            "filename": "../individual-workspaces/ws-0097/main.tf",
            "id": "7b9a1e00865d0e3bfa8535bceb1e7191e1171637",
            "sensitive_content": null,
            "source": null
          },
          "sensitive_attributes": []
        },
        {
          "index_key": 98,
          "schema_version": 0,
          "attributes": {
            "content": "#\n# Autogenerated by Terraform\n# https://github.com/hashi-strawb/tfc-monorepo-test/blob/main/repo_dirs/main.tf\n#\n\nmodule \"pet\" {\n  source = \"../../modules/random\"\n}\n",
            "content_base64": null,
            "content_base64sha256": "MezlB0fdrAmLX04grbiVeQ4tqo9lql8a/xhvvdmw8HI=",
            "content_base64sha512": "SR9IDbGH/PMhx1EKmSIq8BjcAhM/Avrg9RPYvXmRPAG6clMgl3ouB3eWyeG2a73AIhsvN/yzL5zcGTVwgeORBQ==",
            "content_md5": "3d0f588742e923989b4538f3a51644d0",
            "content_sha1": "7b9a1e00865d0e3bfa8535bceb1e7191e1171637",
            "content_sha256": "31ece50747ddac098b5f4e20adb895790e2daa8f65aa5f1aff186fbdd9b0f072",
            "content_sha512": "491f480db187fcf321c7510a99222af018dc02133f02fae0f513d8bd79913c01ba725320977a2e077796c9e1b66bbdc0221b2f37fcb32f9cdc19357081e39105",
            "directory_permission": "0777",
            "file_permission": "0777",
            "filename": "../individual-workspaces/ws-0098/main.tf",
            "id": "7b9a1e00865d0e3bfa8535bceb1e7191e1171637",
            "sensitive_content": null,
            "source": null
          },
          "sensitive_attributes": []
        },
        {
          "index_key": 99,
          "schema_version": 0,
          "attributes": {
            "content": "#\n# Autogenerated by Terraform\n# https://github.com/hashi-strawb/tfc-monorepo-test/blob/main/repo_dirs/main.tf\n#\n\nmodule \"pet\" {\n  source = \"../../modules/random\"\n}\n",
            "content_base64": null,
            "content_base64sha256": "MezlB0fdrAmLX04grbiVeQ4tqo9lql8a/xhvvdmw8HI=",
            "content_base64sha512": "SR9IDbGH/PMhx1EKmSIq8BjcAhM/Avrg9RPYvXmRPAG6clMgl3ouB3eWyeG2a73AIhsvN/yzL5zcGTVwgeORBQ==",
            "content_md5": "3d0f588742e923989b4538f3a51644d0",
            "content_sha1": "7b9a1e00865d0e3bfa8535bceb1e7191e1171637",
            "content_sha256": "31ece50747ddac098b5f4e20adb895790e2daa8f65aa5f1aff186fbdd9b0f072",
            "content_sha512": "491f480db187fcf321c7510a99222af018dc02133f02fae0f513d8bd79913c01ba725320977a2e077796c9e1b66bbdc0221b2f37fcb32f9cdc19357081e39105",
            "directory_permission": "0777",
            "file_permission": "0777",
            "filename": "../individual-workspaces/ws-0099/main.tf",
            "id": "7b9a1e00865d0e3bfa8535bceb1e7191e1171637",
            "sensitive_content": null,
            "source": null
          },
          "sensitive_attributes": []
        },
        {
          "index_key": 100,
          "schema_version": 0,
          "attributes": {
            "content": "#\n# Autogenerated by Terraform\n# https://github.com/hashi-strawb/tfc-monorepo-test/blob/main/repo_dirs/main.tf\n#\n\nmodule \"pet\" {\n  source = \"../../modules/random\"\n}\n",
            "content_base64": null,
            "content_base64sha256": "MezlB0fdrAmLX04grbiVeQ4tqo9lql8a/xhvvdmw8HI=",
            "content_base64sha512": "SR9IDbGH/PMhx1EKmSIq8BjcAhM/Avrg9RPYvXmRPAG6clMgl3ouB3eWyeG2a73AIhsvN/yzL5zcGTVwgeORBQ==",
            "content_md5": "3d0f588742e923989b4538f3a51644d0",
            "content_sha1": "7b9a1e00865d0e3bfa8535bceb1e7191e1171637",
            "content_sha256": "31ece50747ddac098b5f4e20adb895790e2daa8f65aa5f1aff186fbdd9b0f072",
            "content_sha512": "491f480db187fcf321c7510a99222af018dc02133f02fae0f513d8bd79913c01ba725320977a2e077796c9e1b66bbdc0221b2f37fcb32f9cdc19357081e39105",
            "directory_permission": "0777",
            "file_permission": "0777",
            "filename": "../individual-workspaces/ws-0100/main.tf",
            "id": "7b9a1e00865d0e3bfa8535bceb1e7191e1171637",
            "sensitive_content": null,
            "source": null
          },
          "sensitive_attributes": []
        },
        {
          "index_key": 101,
          "schema_version": 0,
          "attributes": {
            "content": "#\n# Autogenerated by Terraform\n# https://github.com/hashi-strawb/tfc-monorepo-test/blob/main/repo_dirs/main.tf\n#\n\nmodule \"pet\" {\n  source = \"../../modules/random\"\n}\n",
            "content_base64": null,
            "content_base64sha256": "MezlB0fdrAmLX04grbiVeQ4tqo9lql8a/xhvvdmw8HI=",
            "content_base64sha512": "SR9IDbGH/PMhx1EKmSIq8BjcAhM/Avrg9RPYvXmRPAG6clMgl3ouB3eWyeG2a73AIhsvN/yzL5zcGTVwgeORBQ==",
            "content_md5": "3d0f588742e923989b4538f3a51644d0",
            "content_sha1": "7b9a1e00865d0e3bfa8535bceb1e7191e1171637",
            "content_sha256": "31ece50747ddac098b5f4e20adb895790e2daa8f65aa5f1aff186fbdd9b0f072",
            "content_sha512": "491f480db187fcf321c7510a99222af018dc02133f02fae0f513d8bd79913c01ba725320977a2e077796c9e1b66bbdc0221b2f37fcb32f9cdc19357081e39105",
            "directory_permission": "0777",
            "file_permission": "0777",
            "filename": "../individual-workspaces/ws-0101/main.tf",
            "id": "7b9a1e00865d0e3bfa8535bceb1e7191e1171637",
            "sensitive_content": null,
            "source": null
          },
          "sensitive_attributes": []
        },
        {
          "index_key": 102,
          "schema_version": 0,
          "attributes": {
            "content": "#\n# Autogenerated by Terraform\n# https://github.com/hashi-strawb/tfc-monorepo-test/blob/main/repo_dirs/main.tf\n#\n\nmodule \"pet\" {\n  source = \"../../modules/random\"\n}\n",
            "content_base64": null,
            "content_base64sha256": "MezlB0fdrAmLX04grbiVeQ4tqo9lql8a/xhvvdmw8HI=",
            "content_base64sha512": "SR9IDbGH/PMhx1EKmSIq8BjcAhM/Avrg9RPYvXmRPAG6clMgl3ouB3eWyeG2a73AIhsvN/yzL5zcGTVwgeORBQ==",
            "content_md5": "3d0f588742e923989b4538f3a51644d0",
            "content_sha1": "7b9a1e00865d0e3bfa8535bceb1e7191e1171637",
            "content_sha256": "31ece50747ddac098b5f4e20adb895790e2daa8f65aa5f1aff186fbdd9b0f072",
            "content_sha512": "491f480db187fcf321c7510a99222af018dc02133f02fae0f513d8bd79913c01ba725320977a2e077796c9e1b66bbdc0221b2f37fcb32f9cdc19357081e39105",
            "directory_permission": "0777",
            "file_permission": "0777",
            "filename": "../individual-workspaces/ws-0102/main.tf",
            "id": "7b9a1e00865d0e3bfa8535bceb1e7191e1171637",
            "sensitive_content": null,
            "source": null
          },
          "sensitive_attributes": []
        },
        {
          "index_key": 103,
          "schema_version": 0,
          "attributes": {
            "content": "#\n# Autogenerated by Terraform\n# https://github.com/hashi-strawb/tfc-monorepo-test/blob/main/repo_dirs/main.tf\n#\n\nmodule \"pet\" {\n  source = \"../../modules/random\"\n}\n",
            "content_base64": null,
            "content_base64sha256": "MezlB0fdrAmLX04grbiVeQ4tqo9lql8a/xhvvdmw8HI=",
            "content_base64sha512": "SR9IDbGH/PMhx1EKmSIq8BjcAhM/Avrg9RPYvXmRPAG6clMgl3ouB3eWyeG2a73AIhsvN/yzL5zcGTVwgeORBQ==",
            "content_md5": "3d0f588742e923989b4538f3a51644d0",
            "content_sha1": "7b9a1e00865d0e3bfa8535bceb1e7191e1171637",
            "content_sha256": "31ece50747ddac098b5f4e20adb895790e2daa8f65aa5f1aff186fbdd9b0f072",
            "content_sha512": "491f480db187fcf321c7510a99222af018dc02133f02fae0f513d8bd79913c01ba725320977a2e077796c9e1b66bbdc0221b2f37fcb32f9cdc19357081e39105",
            "directory_permission": "0777",
            "file_permission": "0777",
            "filename": "../individual-workspaces/ws-0103/main.tf",
            "id": "7b9a1e00865d0e3bfa8535bceb1e7191e1171637",
            "sensitive_content": null,
            "source": null
          },
          "sensitive_attributes": []
        },
        {
          "index_key": 104,
          "schema_version": 0,
          "attributes": {
            "content": "#\n# Autogenerated by Terraform\n# https://github.com/hashi-strawb/tfc-monorepo-test/blob/main/repo_dirs/main.tf\n#\n\nmodule \"pet\" {\n  source = \"../../modules/random\"\n}\n",
            "content_base64": null,
            "content_base64sha256": "MezlB0fdrAmLX04grbiVeQ4tqo9lql8a/xhvvdmw8HI=",
            "content_base64sha512": "SR9IDbGH/PMhx1EKmSIq8BjcAhM/Avrg9RPYvXmRPAG6clMgl3ouB3eWyeG2a73AIhsvN/yzL5zcGTVwgeORBQ==",
            "content_md5": "3d0f588742e923989b4538f3a51644d0",
            "content_sha1": "7b9a1e00865d0e3bfa8535bceb1e7191e1171637",
            "content_sha256": "31ece50747ddac098b5f4e20adb895790e2daa8f65aa5f1aff186fbdd9b0f072",
            "content_sha512": "491f480db187fcf321c7510a99222af018dc02133f02fae0f513d8bd79913c01ba725320977a2e077796c9e1b66bbdc0221b2f37fcb32f9cdc19357081e39105",
            "directory_permission": "0777",
            "file_permission": "0777",
            "filename": "../individual-workspaces/ws-0104/main.tf",
            "id": "7b9a1e00865d0e3bfa8535bceb1e7191e1171637",
            "sensitive_content": null,
            "source": null
          },
          "sensitive_attributes": []
        },
        {
          "index_key": 105,
          "schema_version": 0,
          "attributes": {
            "content": "#\n# Autogenerated by Terraform\n# https://github.com/hashi-strawb/tfc-monorepo-test/blob/main/repo_dirs/main.tf\n#\n\nmodule \"pet\" {\n  source = \"../../modules/random\"\n}\n",
            "content_base64": null,
            "content_base64sha256": "MezlB0fdrAmLX04grbiVeQ4tqo9lql8a/xhvvdmw8HI=",
            "content_base64sha512": "SR9IDbGH/PMhx1EKmSIq8BjcAhM/Avrg9RPYvXmRPAG6clMgl3ouB3eWyeG2a73AIhsvN/yzL5zcGTVwgeORBQ==",
            "content_md5": "3d0f588742e923989b4538f3a51644d0",
            "content_sha1": "7b9a1e00865d0e3bfa8535bceb1e7191e1171637",
            "content_sha256": "31ece50747ddac098b5f4e20adb895790e2daa8f65aa5f1aff186fbdd9b0f072",
            "content_sha512": "491f480db187fcf321c7510a99222af018dc02133f02fae0f513d8bd79913c01ba725320977a2e077796c9e1b66bbdc0221b2f37fcb32f9cdc19357081e39105",
            "directory_permission": "0777",
            "file_permission": "0777",
            "filename": "../individual-workspaces/ws-0105/main.tf",
            "id": "7b9a1e00865d0e3bfa8535bceb1e7191e1171637",
            "sensitive_content": null,
            "source": null
          },
          "sensitive_attributes": []
        },
        {
          "index_key": 106,
          "schema_version": 0,
          "attributes": {
            "content": "#\n# Autogenerated by Terraform\n# https://github.com/hashi-strawb/tfc-monorepo-test/blob/main/repo_dirs/main.tf\n#\n\nmodule \"pet\" {\n  source = \"../../modules/random\"\n}\n",
            "content_base64": null,
            "content_base64sha256": "MezlB0fdrAmLX04grbiVeQ4tqo9lql8a/xhvvdmw8HI=",
            "content_base64sha512": "SR9IDbGH/PMhx1EKmSIq8BjcAhM/Avrg9RPYvXmRPAG6clMgl3ouB3eWyeG2a73AIhsvN/yzL5zcGTVwgeORBQ==",
            "content_md5": "3d0f588742e923989b4538f3a51644d0",
            "content_sha1": "7b9a1e00865d0e3bfa8535bceb1e7191e1171637",
            "content_sha256": "31ece50747ddac098b5f4e20adb895790e2daa8f65aa5f1aff186fbdd9b0f072",
            "content_sha512": "491f480db187fcf321c7510a99222af018dc02133f02fae0f513d8bd79913c01ba725320977a2e077796c9e1b66bbdc0221b2f37fcb32f9cdc19357081e39105",
            "directory_permission": "0777",
            "file_permission": "0777",
            "filename": "../individual-workspaces/ws-0106/main.tf",
            "id": "7b9a1e00865d0e3bfa8535bceb1e7191e1171637",
            "sensitive_content": null,
            "source": null
          },
          "sensitive_attributes": []
        },
        {
          "index_key": 107,
          "schema_version": 0,
          "attributes": {
            "content": "#\n# Autogenerated by Terraform\n# https://github.com/hashi-strawb/tfc-monorepo-test/blob/main/repo_dirs/main.tf\n#\n\nmodule \"pet\" {\n  source = \"../../modules/random\"\n}\n",
            "content_base64": null,
            "content_base64sha256": "MezlB0fdrAmLX04grbiVeQ4tqo9lql8a/xhvvdmw8HI=",
            "content_base64sha512": "SR9IDbGH/PMhx1EKmSIq8BjcAhM/Avrg9RPYvXmRPAG6clMgl3ouB3eWyeG2a73AIhsvN/yzL5zcGTVwgeORBQ==",
            "content_md5": "3d0f588742e923989b4538f3a51644d0",
            "content_sha1": "7b9a1e00865d0e3bfa8535bceb1e7191e1171637",
            "content_sha256": "31ece50747ddac098b5f4e20adb895790e2daa8f65aa5f1aff186fbdd9b0f072",
            "content_sha512": "491f480db187fcf321c7510a99222af018dc02133f02fae0f513d8bd79913c01ba725320977a2e077796c9e1b66bbdc0221b2f37fcb32f9cdc19357081e39105",
            "directory_permission": "0777",
            "file_permission": "0777",
            "filename": "../individual-workspaces/ws-0107/main.tf",
            "id": "7b9a1e00865d0e3bfa8535bceb1e7191e1171637",
            "sensitive_content": null,
            "source": null
          },
          "sensitive_attributes": []
        },
        {
          "index_key": 108,
          "schema_version": 0,
          "attributes": {
            "content": "#\n# Autogenerated by Terraform\n# https://github.com/hashi-strawb/tfc-monorepo-test/blob/main/repo_dirs/main.tf\n#\n\nmodule \"pet\" {\n  source = \"../../modules/random\"\n}\n",
            "content_base64": null,
            "content_base64sha256": "MezlB0fdrAmLX04grbiVeQ4tqo9lql8a/xhvvdmw8HI=",
            "content_base64sha512": "SR9IDbGH/PMhx1EKmSIq8BjcAhM/Avrg9RPYvXmRPAG6clMgl3ouB3eWyeG2a73AIhsvN/yzL5zcGTVwgeORBQ==",
            "content_md5": "3d0f588742e923989b4538f3a51644d0",
            "content_sha1": "7b9a1e00865d0e3bfa8535bceb1e7191e1171637",
            "content_sha256": "31ece50747ddac098b5f4e20adb895790e2daa8f65aa5f1aff186fbdd9b0f072",
            "content_sha512": "491f480db187fcf321c7510a99222af018dc02133f02fae0f513d8bd79913c01ba725320977a2e077796c9e1b66bbdc0221b2f37fcb32f9cdc19357081e39105",
            "directory_permission": "0777",
            "file_permission": "0777",
            "filename": "../individual-workspaces/ws-0108/main.tf",
            "id": "7b9a1e00865d0e3bfa8535bceb1e7191e1171637",
            "sensitive_content": null,
            "source": null
          },
          "sensitive_attributes": []
        },
        {
          "index_key": 109,
          "schema_version": 0,
          "attributes": {
            "content": "#\n# Autogenerated by Terraform\n# https://github.com/hashi-strawb/tfc-monorepo-test/blob/main/repo_dirs/main.tf\n#\n\nmodule \"pet\" {\n  source = \"../../modules/random\"\n}\n",
            "content_base64": null,
            "content_base64sha256": "MezlB0fdrAmLX04grbiVeQ4tqo9lql8a/xhvvdmw8HI=",
            "content_base64sha512": "SR9IDbGH/PMhx1EKmSIq8BjcAhM/Avrg9RPYvXmRPAG6clMgl3ouB3eWyeG2a73AIhsvN/yzL5zcGTVwgeORBQ==",
            "content_md5": "3d0f588742e923989b4538f3a51644d0",
            "content_sha1": "7b9a1e00865d0e3bfa8535bceb1e7191e1171637",
            "content_sha256": "31ece50747ddac098b5f4e20adb895790e2daa8f65aa5f1aff186fbdd9b0f072",
            "content_sha512": "491f480db187fcf321c7510a99222af018dc02133f02fae0f513d8bd79913c01ba725320977a2e077796c9e1b66bbdc0221b2f37fcb32f9cdc19357081e39105",
            "directory_permission": "0777",
            "file_permission": "0777",
            "filename": "../individual-workspaces/ws-0109/main.tf",
            "id": "7b9a1e00865d0e3bfa8535bceb1e7191e1171637",
            "sensitive_content": null,
            "source": null
          },
          "sensitive_attributes": []
        },
        {
          "index_key": 110,
          "schema_version": 0,
          "attributes": {
            "content": "#\n# Autogenerated by Terraform\n# https://github.com/hashi-strawb/tfc-monorepo-test/blob/main/repo_dirs/main.tf\n#\n\nmodule \"pet\" {\n  source = \"../../modules/random\"\n}\n",
            "content_base64": null,
            "content_base64sha256": "MezlB0fdrAmLX04grbiVeQ4tqo9lql8a/xhvvdmw8HI=",
            "content_base64sha512": "SR9IDbGH/PMhx1EKmSIq8BjcAhM/Avrg9RPYvXmRPAG6clMgl3ouB3eWyeG2a73AIhsvN/yzL5zcGTVwgeORBQ==",
            "content_md5": "3d0f588742e923989b4538f3a51644d0",
            "content_sha1": "7b9a1e00865d0e3bfa8535bceb1e7191e1171637",
            "content_sha256": "31ece50747ddac098b5f4e20adb895790e2daa8f65aa5f1aff186fbdd9b0f072",
            "content_sha512": "491f480db187fcf321c7510a99222af018dc02133f02fae0f513d8bd79913c01ba725320977a2e077796c9e1b66bbdc0221b2f37fcb32f9cdc19357081e39105",
            "directory_permission": "0777",
            "file_permission": "0777",
            "filename": "../individual-workspaces/ws-0110/main.tf",
            "id": "7b9a1e00865d0e3bfa8535bceb1e7191e1171637",
            "sensitive_content": null,
            "source": null
          },
          "sensitive_attributes": []
        },
        {
          "index_key": 111,
          "schema_version": 0,
          "attributes": {
            "content": "#\n# Autogenerated by Terraform\n# https://github.com/hashi-strawb/tfc-monorepo-test/blob/main/repo_dirs/main.tf\n#\n\nmodule \"pet\" {\n  source = \"../../modules/random\"\n}\n",
            "content_base64": null,
            "content_base64sha256": "MezlB0fdrAmLX04grbiVeQ4tqo9lql8a/xhvvdmw8HI=",
            "content_base64sha512": "SR9IDbGH/PMhx1EKmSIq8BjcAhM/Avrg9RPYvXmRPAG6clMgl3ouB3eWyeG2a73AIhsvN/yzL5zcGTVwgeORBQ==",
            "content_md5": "3d0f588742e923989b4538f3a51644d0",
            "content_sha1": "7b9a1e00865d0e3bfa8535bceb1e7191e1171637",
            "content_sha256": "31ece50747ddac098b5f4e20adb895790e2daa8f65aa5f1aff186fbdd9b0f072",
            "content_sha512": "491f480db187fcf321c7510a99222af018dc02133f02fae0f513d8bd79913c01ba725320977a2e077796c9e1b66bbdc0221b2f37fcb32f9cdc19357081e39105",
            "directory_permission": "0777",
            "file_permission": "0777",
            "filename": "../individual-workspaces/ws-0111/main.tf",
            "id": "7b9a1e00865d0e3bfa8535bceb1e7191e1171637",
            "sensitive_content": null,
            "source": null
          },
          "sensitive_attributes": []
        },
        {
          "index_key": 112,
          "schema_version": 0,
          "attributes": {
            "content": "#\n# Autogenerated by Terraform\n# https://github.com/hashi-strawb/tfc-monorepo-test/blob/main/repo_dirs/main.tf\n#\n\nmodule \"pet\" {\n  source = \"../../modules/random\"\n}\n",
            "content_base64": null,
            "content_base64sha256": "MezlB0fdrAmLX04grbiVeQ4tqo9lql8a/xhvvdmw8HI=",
            "content_base64sha512": "SR9IDbGH/PMhx1EKmSIq8BjcAhM/Avrg9RPYvXmRPAG6clMgl3ouB3eWyeG2a73AIhsvN/yzL5zcGTVwgeORBQ==",
            "content_md5": "3d0f588742e923989b4538f3a51644d0",
            "content_sha1": "7b9a1e00865d0e3bfa8535bceb1e7191e1171637",
            "content_sha256": "31ece50747ddac098b5f4e20adb895790e2daa8f65aa5f1aff186fbdd9b0f072",
            "content_sha512": "491f480db187fcf321c7510a99222af018dc02133f02fae0f513d8bd79913c01ba725320977a2e077796c9e1b66bbdc0221b2f37fcb32f9cdc19357081e39105",
            "directory_permission": "0777",
            "file_permission": "0777",
            "filename": "../individual-workspaces/ws-0112/main.tf",
            "id": "7b9a1e00865d0e3bfa8535bceb1e7191e1171637",
            "sensitive_content": null,
            "source": null
          },
          "sensitive_attributes": []
        },
        {
          "index_key": 113,
          "schema_version": 0,
          "attributes": {
            "content": "#\n# Autogenerated by Terraform\n# https://github.com/hashi-strawb/tfc-monorepo-test/blob/main/repo_dirs/main.tf\n#\n\nmodule \"pet\" {\n  source = \"../../modules/random\"\n}\n",
            "content_base64": null,
            "content_base64sha256": "MezlB0fdrAmLX04grbiVeQ4tqo9lql8a/xhvvdmw8HI=",
            "content_base64sha512": "SR9IDbGH/PMhx1EKmSIq8BjcAhM/Avrg9RPYvXmRPAG6clMgl3ouB3eWyeG2a73AIhsvN/yzL5zcGTVwgeORBQ==",
            "content_md5": "3d0f588742e923989b4538f3a51644d0",
            "content_sha1": "7b9a1e00865d0e3bfa8535bceb1e7191e1171637",
            "content_sha256": "31ece50747ddac098b5f4e20adb895790e2daa8f65aa5f1aff186fbdd9b0f072",
            "content_sha512": "491f480db187fcf321c7510a99222af018dc02133f02fae0f513d8bd79913c01ba725320977a2e077796c9e1b66bbdc0221b2f37fcb32f9cdc19357081e39105",
            "directory_permission": "0777",
            "file_permission": "0777",
            "filename": "../individual-workspaces/ws-0113/main.tf",
            "id": "7b9a1e00865d0e3bfa8535bceb1e7191e1171637",
            "sensitive_content": null,
            "source": null
          },
          "sensitive_attributes": []
        },
        {
          "index_key": 114,
          "schema_version": 0,
          "attributes": {
            "content": "#\n# Autogenerated by Terraform\n# https://github.com/hashi-strawb/tfc-monorepo-test/blob/main/repo_dirs/main.tf\n#\n\nmodule \"pet\" {\n  source = \"../../modules/random\"\n}\n",
            "content_base64": null,
            "content_base64sha256": "MezlB0fdrAmLX04grbiVeQ4tqo9lql8a/xhvvdmw8HI=",
            "content_base64sha512": "SR9IDbGH/PMhx1EKmSIq8BjcAhM/Avrg9RPYvXmRPAG6clMgl3ouB3eWyeG2a73AIhsvN/yzL5zcGTVwgeORBQ==",
            "content_md5": "3d0f588742e923989b4538f3a51644d0",
            "content_sha1": "7b9a1e00865d0e3bfa8535bceb1e7191e1171637",
            "content_sha256": "31ece50747ddac098b5f4e20adb895790e2daa8f65aa5f1aff186fbdd9b0f072",
            "content_sha512": "491f480db187fcf321c7510a99222af018dc02133f02fae0f513d8bd79913c01ba725320977a2e077796c9e1b66bbdc0221b2f37fcb32f9cdc19357081e39105",
            "directory_permission": "0777",
            "file_permission": "0777",
            "filename": "../individual-workspaces/ws-0114/main.tf",
            "id": "7b9a1e00865d0e3bfa8535bceb1e7191e1171637",
            "sensitive_content": null,
            "source": null
          },
          "sensitive_attributes": []
        },
        {
          "index_key": 115,
          "schema_version": 0,
          "attributes": {
            "content": "#\n# Autogenerated by Terraform\n# https://github.com/hashi-strawb/tfc-monorepo-test/blob/main/repo_dirs/main.tf\n#\n\nmodule \"pet\" {\n  source = \"../../modules/random\"\n}\n",
            "content_base64": null,
            "content_base64sha256": "MezlB0fdrAmLX04grbiVeQ4tqo9lql8a/xhvvdmw8HI=",
            "content_base64sha512": "SR9IDbGH/PMhx1EKmSIq8BjcAhM/Avrg9RPYvXmRPAG6clMgl3ouB3eWyeG2a73AIhsvN/yzL5zcGTVwgeORBQ==",
            "content_md5": "3d0f588742e923989b4538f3a51644d0",
            "content_sha1": "7b9a1e00865d0e3bfa8535bceb1e7191e1171637",
            "content_sha256": "31ece50747ddac098b5f4e20adb895790e2daa8f65aa5f1aff186fbdd9b0f072",
            "content_sha512": "491f480db187fcf321c7510a99222af018dc02133f02fae0f513d8bd79913c01ba725320977a2e077796c9e1b66bbdc0221b2f37fcb32f9cdc19357081e39105",
            "directory_permission": "0777",
            "file_permission": "0777",
            "filename": "../individual-workspaces/ws-0115/main.tf",
            "id": "7b9a1e00865d0e3bfa8535bceb1e7191e1171637",
            "sensitive_content": null,
            "source": null
          },
          "sensitive_attributes": []
        },
        {
          "index_key": 116,
          "schema_version": 0,
          "attributes": {
            "content": "#\n# Autogenerated by Terraform\n# https://github.com/hashi-strawb/tfc-monorepo-test/blob/main/repo_dirs/main.tf\n#\n\nmodule \"pet\" {\n  source = \"../../modules/random\"\n}\n",
            "content_base64": null,
            "content_base64sha256": "MezlB0fdrAmLX04grbiVeQ4tqo9lql8a/xhvvdmw8HI=",
            "content_base64sha512": "SR9IDbGH/PMhx1EKmSIq8BjcAhM/Avrg9RPYvXmRPAG6clMgl3ouB3eWyeG2a73AIhsvN/yzL5zcGTVwgeORBQ==",
            "content_md5": "3d0f588742e923989b4538f3a51644d0",
            "content_sha1": "7b9a1e00865d0e3bfa8535bceb1e7191e1171637",
            "content_sha256": "31ece50747ddac098b5f4e20adb895790e2daa8f65aa5f1aff186fbdd9b0f072",
            "content_sha512": "491f480db187fcf321c7510a99222af018dc02133f02fae0f513d8bd79913c01ba725320977a2e077796c9e1b66bbdc0221b2f37fcb32f9cdc19357081e39105",
            "directory_permission": "0777",
            "file_permission": "0777",
            "filename": "../individual-workspaces/ws-0116/main.tf",
            "id": "7b9a1e00865d0e3bfa8535bceb1e7191e1171637",
            "sensitive_content": null,
            "source": null
          },
          "sensitive_attributes": []
        },
        {
          "index_key": 117,
          "schema_version": 0,
          "attributes": {
            "content": "#\n# Autogenerated by Terraform\n# https://github.com/hashi-strawb/tfc-monorepo-test/blob/main/repo_dirs/main.tf\n#\n\nmodule \"pet\" {\n  source = \"../../modules/random\"\n}\n",
            "content_base64": null,
            "content_base64sha256": "MezlB0fdrAmLX04grbiVeQ4tqo9lql8a/xhvvdmw8HI=",
            "content_base64sha512": "SR9IDbGH/PMhx1EKmSIq8BjcAhM/Avrg9RPYvXmRPAG6clMgl3ouB3eWyeG2a73AIhsvN/yzL5zcGTVwgeORBQ==",
            "content_md5": "3d0f588742e923989b4538f3a51644d0",
            "content_sha1": "7b9a1e00865d0e3bfa8535bceb1e7191e1171637",
            "content_sha256": "31ece50747ddac098b5f4e20adb895790e2daa8f65aa5f1aff186fbdd9b0f072",
            "content_sha512": "491f480db187fcf321c7510a99222af018dc02133f02fae0f513d8bd79913c01ba725320977a2e077796c9e1b66bbdc0221b2f37fcb32f9cdc19357081e39105",
            "directory_permission": "0777",
            "file_permission": "0777",
            "filename": "../individual-workspaces/ws-0117/main.tf",
            "id": "7b9a1e00865d0e3bfa8535bceb1e7191e1171637",
            "sensitive_content": null,
            "source": null
          },
          "sensitive_attributes": []
        },
        {
          "index_key": 118,
          "schema_version": 0,
          "attributes": {
            "content": "#\n# Autogenerated by Terraform\n# https://github.com/hashi-strawb/tfc-monorepo-test/blob/main/repo_dirs/main.tf\n#\n\nmodule \"pet\" {\n  source = \"../../modules/random\"\n}\n",
            "content_base64": null,
            "content_base64sha256": "MezlB0fdrAmLX04grbiVeQ4tqo9lql8a/xhvvdmw8HI=",
            "content_base64sha512": "SR9IDbGH/PMhx1EKmSIq8BjcAhM/Avrg9RPYvXmRPAG6clMgl3ouB3eWyeG2a73AIhsvN/yzL5zcGTVwgeORBQ==",
            "content_md5": "3d0f588742e923989b4538f3a51644d0",
            "content_sha1": "7b9a1e00865d0e3bfa8535bceb1e7191e1171637",
            "content_sha256": "31ece50747ddac098b5f4e20adb895790e2daa8f65aa5f1aff186fbdd9b0f072",
            "content_sha512": "491f480db187fcf321c7510a99222af018dc02133f02fae0f513d8bd79913c01ba725320977a2e077796c9e1b66bbdc0221b2f37fcb32f9cdc19357081e39105",
            "directory_permission": "0777",
            "file_permission": "0777",
            "filename": "../individual-workspaces/ws-0118/main.tf",
            "id": "7b9a1e00865d0e3bfa8535bceb1e7191e1171637",
            "sensitive_content": null,
            "source": null
          },
          "sensitive_attributes": []
        },
        {
          "index_key": 119,
          "schema_version": 0,
          "attributes": {
            "content": "#\n# Autogenerated by Terraform\n# https://github.com/hashi-strawb/tfc-monorepo-test/blob/main/repo_dirs/main.tf\n#\n\nmodule \"pet\" {\n  source = \"../../modules/random\"\n}\n",
            "content_base64": null,
            "content_base64sha256": "MezlB0fdrAmLX04grbiVeQ4tqo9lql8a/xhvvdmw8HI=",
            "content_base64sha512": "SR9IDbGH/PMhx1EKmSIq8BjcAhM/Avrg9RPYvXmRPAG6clMgl3ouB3eWyeG2a73AIhsvN/yzL5zcGTVwgeORBQ==",
            "content_md5": "3d0f588742e923989b4538f3a51644d0",
            "content_sha1": "7b9a1e00865d0e3bfa8535bceb1e7191e1171637",
            "content_sha256": "31ece50747ddac098b5f4e20adb895790e2daa8f65aa5f1aff186fbdd9b0f072",
            "content_sha512": "491f480db187fcf321c7510a99222af018dc02133f02fae0f513d8bd79913c01ba725320977a2e077796c9e1b66bbdc0221b2f37fcb32f9cdc19357081e39105",
            "directory_permission": "0777",
            "file_permission": "0777",
            "filename": "../individual-workspaces/ws-0119/main.tf",
            "id": "7b9a1e00865d0e3bfa8535bceb1e7191e1171637",
            "sensitive_content": null,
            "source": null
          },
          "sensitive_attributes": []
        },
        {
          "index_key": 120,
          "schema_version": 0,
          "attributes": {
            "content": "#\n# Autogenerated by Terraform\n# https://github.com/hashi-strawb/tfc-monorepo-test/blob/main/repo_dirs/main.tf\n#\n\nmodule \"pet\" {\n  source = \"../../modules/random\"\n}\n",
            "content_base64": null,
            "content_base64sha256": "MezlB0fdrAmLX04grbiVeQ4tqo9lql8a/xhvvdmw8HI=",
            "content_base64sha512": "SR9IDbGH/PMhx1EKmSIq8BjcAhM/Avrg9RPYvXmRPAG6clMgl3ouB3eWyeG2a73AIhsvN/yzL5zcGTVwgeORBQ==",
            "content_md5": "3d0f588742e923989b4538f3a51644d0",
            "content_sha1": "7b9a1e00865d0e3bfa8535bceb1e7191e1171637",
            "content_sha256": "31ece50747ddac098b5f4e20adb895790e2daa8f65aa5f1aff186fbdd9b0f072",
            "content_sha512": "491f480db187fcf321c7510a99222af018dc02133f02fae0f513d8bd79913c01ba725320977a2e077796c9e1b66bbdc0221b2f37fcb32f9cdc19357081e39105",
            "directory_permission": "0777",
            "file_permission": "0777",
            "filename": "../individual-workspaces/ws-0120/main.tf",
            "id": "7b9a1e00865d0e3bfa8535bceb1e7191e1171637",
            "sensitive_content": null,
            "source": null
          },
          "sensitive_attributes": []
        },
        {
          "index_key": 121,
          "schema_version": 0,
          "attributes": {
            "content": "#\n# Autogenerated by Terraform\n# https://github.com/hashi-strawb/tfc-monorepo-test/blob/main/repo_dirs/main.tf\n#\n\nmodule \"pet\" {\n  source = \"../../modules/random\"\n}\n",
            "content_base64": null,
            "content_base64sha256": "MezlB0fdrAmLX04grbiVeQ4tqo9lql8a/xhvvdmw8HI=",
            "content_base64sha512": "SR9IDbGH/PMhx1EKmSIq8BjcAhM/Avrg9RPYvXmRPAG6clMgl3ouB3eWyeG2a73AIhsvN/yzL5zcGTVwgeORBQ==",
            "content_md5": "3d0f588742e923989b4538f3a51644d0",
            "content_sha1": "7b9a1e00865d0e3bfa8535bceb1e7191e1171637",
            "content_sha256": "31ece50747ddac098b5f4e20adb895790e2daa8f65aa5f1aff186fbdd9b0f072",
            "content_sha512": "491f480db187fcf321c7510a99222af018dc02133f02fae0f513d8bd79913c01ba725320977a2e077796c9e1b66bbdc0221b2f37fcb32f9cdc19357081e39105",
            "directory_permission": "0777",
            "file_permission": "0777",
            "filename": "../individual-workspaces/ws-0121/main.tf",
            "id": "7b9a1e00865d0e3bfa8535bceb1e7191e1171637",
            "sensitive_content": null,
            "source": null
          },
          "sensitive_attributes": []
        },
        {
          "index_key": 122,
          "schema_version": 0,
          "attributes": {
            "content": "#\n# Autogenerated by Terraform\n# https://github.com/hashi-strawb/tfc-monorepo-test/blob/main/repo_dirs/main.tf\n#\n\nmodule \"pet\" {\n  source = \"../../modules/random\"\n}\n",
            "content_base64": null,
            "content_base64sha256": "MezlB0fdrAmLX04grbiVeQ4tqo9lql8a/xhvvdmw8HI=",
            "content_base64sha512": "SR9IDbGH/PMhx1EKmSIq8BjcAhM/Avrg9RPYvXmRPAG6clMgl3ouB3eWyeG2a73AIhsvN/yzL5zcGTVwgeORBQ==",
            "content_md5": "3d0f588742e923989b4538f3a51644d0",
            "content_sha1": "7b9a1e00865d0e3bfa8535bceb1e7191e1171637",
            "content_sha256": "31ece50747ddac098b5f4e20adb895790e2daa8f65aa5f1aff186fbdd9b0f072",
            "content_sha512": "491f480db187fcf321c7510a99222af018dc02133f02fae0f513d8bd79913c01ba725320977a2e077796c9e1b66bbdc0221b2f37fcb32f9cdc19357081e39105",
            "directory_permission": "0777",
            "file_permission": "0777",
            "filename": "../individual-workspaces/ws-0122/main.tf",
            "id": "7b9a1e00865d0e3bfa8535bceb1e7191e1171637",
            "sensitive_content": null,
            "source": null
          },
          "sensitive_attributes": []
        },
        {
          "index_key": 123,
          "schema_version": 0,
          "attributes": {
            "content": "#\n# Autogenerated by Terraform\n# https://github.com/hashi-strawb/tfc-monorepo-test/blob/main/repo_dirs/main.tf\n#\n\nmodule \"pet\" {\n  source = \"../../modules/random\"\n}\n",
            "content_base64": null,
            "content_base64sha256": "MezlB0fdrAmLX04grbiVeQ4tqo9lql8a/xhvvdmw8HI=",
            "content_base64sha512": "SR9IDbGH/PMhx1EKmSIq8BjcAhM/Avrg9RPYvXmRPAG6clMgl3ouB3eWyeG2a73AIhsvN/yzL5zcGTVwgeORBQ==",
            "content_md5": "3d0f588742e923989b4538f3a51644d0",
            "content_sha1": "7b9a1e00865d0e3bfa8535bceb1e7191e1171637",
            "content_sha256": "31ece50747ddac098b5f4e20adb895790e2daa8f65aa5f1aff186fbdd9b0f072",
            "content_sha512": "491f480db187fcf321c7510a99222af018dc02133f02fae0f513d8bd79913c01ba725320977a2e077796c9e1b66bbdc0221b2f37fcb32f9cdc19357081e39105",
            "directory_permission": "0777",
            "file_permission": "0777",
            "filename": "../individual-workspaces/ws-0123/main.tf",
            "id": "7b9a1e00865d0e3bfa8535bceb1e7191e1171637",
            "sensitive_content": null,
            "source": null
          },
          "sensitive_attributes": []
        },
        {
          "index_key": 124,
          "schema_version": 0,
          "attributes": {
            "content": "#\n# Autogenerated by Terraform\n# https://github.com/hashi-strawb/tfc-monorepo-test/blob/main/repo_dirs/main.tf\n#\n\nmodule \"pet\" {\n  source = \"../../modules/random\"\n}\n",
            "content_base64": null,
            "content_base64sha256": "MezlB0fdrAmLX04grbiVeQ4tqo9lql8a/xhvvdmw8HI=",
            "content_base64sha512": "SR9IDbGH/PMhx1EKmSIq8BjcAhM/Avrg9RPYvXmRPAG6clMgl3ouB3eWyeG2a73AIhsvN/yzL5zcGTVwgeORBQ==",
            "content_md5": "3d0f588742e923989b4538f3a51644d0",
            "content_sha1": "7b9a1e00865d0e3bfa8535bceb1e7191e1171637",
            "content_sha256": "31ece50747ddac098b5f4e20adb895790e2daa8f65aa5f1aff186fbdd9b0f072",
            "content_sha512": "491f480db187fcf321c7510a99222af018dc02133f02fae0f513d8bd79913c01ba725320977a2e077796c9e1b66bbdc0221b2f37fcb32f9cdc19357081e39105",
            "directory_permission": "0777",
            "file_permission": "0777",
            "filename": "../individual-workspaces/ws-0124/main.tf",
            "id": "7b9a1e00865d0e3bfa8535bceb1e7191e1171637",
            "sensitive_content": null,
            "source": null
          },
          "sensitive_attributes": []
        },
        {
          "index_key": 125,
          "schema_version": 0,
          "attributes": {
            "content": "#\n# Autogenerated by Terraform\n# https://github.com/hashi-strawb/tfc-monorepo-test/blob/main/repo_dirs/main.tf\n#\n\nmodule \"pet\" {\n  source = \"../../modules/random\"\n}\n",
            "content_base64": null,
            "content_base64sha256": "MezlB0fdrAmLX04grbiVeQ4tqo9lql8a/xhvvdmw8HI=",
            "content_base64sha512": "SR9IDbGH/PMhx1EKmSIq8BjcAhM/Avrg9RPYvXmRPAG6clMgl3ouB3eWyeG2a73AIhsvN/yzL5zcGTVwgeORBQ==",
            "content_md5": "3d0f588742e923989b4538f3a51644d0",
            "content_sha1": "7b9a1e00865d0e3bfa8535bceb1e7191e1171637",
            "content_sha256": "31ece50747ddac098b5f4e20adb895790e2daa8f65aa5f1aff186fbdd9b0f072",
            "content_sha512": "491f480db187fcf321c7510a99222af018dc02133f02fae0f513d8bd79913c01ba725320977a2e077796c9e1b66bbdc0221b2f37fcb32f9cdc19357081e39105",
            "directory_permission": "0777",
            "file_permission": "0777",
            "filename": "../individual-workspaces/ws-0125/main.tf",
            "id": "7b9a1e00865d0e3bfa8535bceb1e7191e1171637",
            "sensitive_content": null,
            "source": null
          },
          "sensitive_attributes": []
        },
        {
          "index_key": 126,
          "schema_version": 0,
          "attributes": {
            "content": "#\n# Autogenerated by Terraform\n# https://github.com/hashi-strawb/tfc-monorepo-test/blob/main/repo_dirs/main.tf\n#\n\nmodule \"pet\" {\n  source = \"../../modules/random\"\n}\n",
            "content_base64": null,
            "content_base64sha256": "MezlB0fdrAmLX04grbiVeQ4tqo9lql8a/xhvvdmw8HI=",
            "content_base64sha512": "SR9IDbGH/PMhx1EKmSIq8BjcAhM/Avrg9RPYvXmRPAG6clMgl3ouB3eWyeG2a73AIhsvN/yzL5zcGTVwgeORBQ==",
            "content_md5": "3d0f588742e923989b4538f3a51644d0",
            "content_sha1": "7b9a1e00865d0e3bfa8535bceb1e7191e1171637",
            "content_sha256": "31ece50747ddac098b5f4e20adb895790e2daa8f65aa5f1aff186fbdd9b0f072",
            "content_sha512": "491f480db187fcf321c7510a99222af018dc02133f02fae0f513d8bd79913c01ba725320977a2e077796c9e1b66bbdc0221b2f37fcb32f9cdc19357081e39105",
            "directory_permission": "0777",
            "file_permission": "0777",
            "filename": "../individual-workspaces/ws-0126/main.tf",
            "id": "7b9a1e00865d0e3bfa8535bceb1e7191e1171637",
            "sensitive_content": null,
            "source": null
          },
          "sensitive_attributes": []
        },
        {
          "index_key": 127,
          "schema_version": 0,
          "attributes": {
            "content": "#\n# Autogenerated by Terraform\n# https://github.com/hashi-strawb/tfc-monorepo-test/blob/main/repo_dirs/main.tf\n#\n\nmodule \"pet\" {\n  source = \"../../modules/random\"\n}\n",
            "content_base64": null,
            "content_base64sha256": "MezlB0fdrAmLX04grbiVeQ4tqo9lql8a/xhvvdmw8HI=",
            "content_base64sha512": "SR9IDbGH/PMhx1EKmSIq8BjcAhM/Avrg9RPYvXmRPAG6clMgl3ouB3eWyeG2a73AIhsvN/yzL5zcGTVwgeORBQ==",
            "content_md5": "3d0f588742e923989b4538f3a51644d0",
            "content_sha1": "7b9a1e00865d0e3bfa8535bceb1e7191e1171637",
            "content_sha256": "31ece50747ddac098b5f4e20adb895790e2daa8f65aa5f1aff186fbdd9b0f072",
            "content_sha512": "491f480db187fcf321c7510a99222af018dc02133f02fae0f513d8bd79913c01ba725320977a2e077796c9e1b66bbdc0221b2f37fcb32f9cdc19357081e39105",
            "directory_permission": "0777",
            "file_permission": "0777",
            "filename": "../individual-workspaces/ws-0127/main.tf",
            "id": "7b9a1e00865d0e3bfa8535bceb1e7191e1171637",
            "sensitive_content": null,
            "source": null
          },
          "sensitive_attributes": []
        },
        {
          "index_key": 128,
          "schema_version": 0,
          "attributes": {
            "content": "#\n# Autogenerated by Terraform\n# https://github.com/hashi-strawb/tfc-monorepo-test/blob/main/repo_dirs/main.tf\n#\n\nmodule \"pet\" {\n  source = \"../../modules/random\"\n}\n",
            "content_base64": null,
            "content_base64sha256": "MezlB0fdrAmLX04grbiVeQ4tqo9lql8a/xhvvdmw8HI=",
            "content_base64sha512": "SR9IDbGH/PMhx1EKmSIq8BjcAhM/Avrg9RPYvXmRPAG6clMgl3ouB3eWyeG2a73AIhsvN/yzL5zcGTVwgeORBQ==",
            "content_md5": "3d0f588742e923989b4538f3a51644d0",
            "content_sha1": "7b9a1e00865d0e3bfa8535bceb1e7191e1171637",
            "content_sha256": "31ece50747ddac098b5f4e20adb895790e2daa8f65aa5f1aff186fbdd9b0f072",
            "content_sha512": "491f480db187fcf321c7510a99222af018dc02133f02fae0f513d8bd79913c01ba725320977a2e077796c9e1b66bbdc0221b2f37fcb32f9cdc19357081e39105",
            "directory_permission": "0777",
            "file_permission": "0777",
            "filename": "../individual-workspaces/ws-0128/main.tf",
            "id": "7b9a1e00865d0e3bfa8535bceb1e7191e1171637",
            "sensitive_content": null,
            "source": null
          },
          "sensitive_attributes": []
        },
        {
          "index_key": 129,
          "schema_version": 0,
          "attributes": {
            "content": "#\n# Autogenerated by Terraform\n# https://github.com/hashi-strawb/tfc-monorepo-test/blob/main/repo_dirs/main.tf\n#\n\nmodule \"pet\" {\n  source = \"../../modules/random\"\n}\n",
            "content_base64": null,
            "content_base64sha256": "MezlB0fdrAmLX04grbiVeQ4tqo9lql8a/xhvvdmw8HI=",
            "content_base64sha512": "SR9IDbGH/PMhx1EKmSIq8BjcAhM/Avrg9RPYvXmRPAG6clMgl3ouB3eWyeG2a73AIhsvN/yzL5zcGTVwgeORBQ==",
            "content_md5": "3d0f588742e923989b4538f3a51644d0",
            "content_sha1": "7b9a1e00865d0e3bfa8535bceb1e7191e1171637",
            "content_sha256": "31ece50747ddac098b5f4e20adb895790e2daa8f65aa5f1aff186fbdd9b0f072",
            "content_sha512": "491f480db187fcf321c7510a99222af018dc02133f02fae0f513d8bd79913c01ba725320977a2e077796c9e1b66bbdc0221b2f37fcb32f9cdc19357081e39105",
            "directory_permission": "0777",
            "file_permission": "0777",
            "filename": "../individual-workspaces/ws-0129/main.tf",
            "id": "7b9a1e00865d0e3bfa8535bceb1e7191e1171637",
            "sensitive_content": null,
            "source": null
          },
          "sensitive_attributes": []
        },
        {
          "index_key": 130,
          "schema_version": 0,
          "attributes": {
            "content": "#\n# Autogenerated by Terraform\n# https://github.com/hashi-strawb/tfc-monorepo-test/blob/main/repo_dirs/main.tf\n#\n\nmodule \"pet\" {\n  source = \"../../modules/random\"\n}\n",
            "content_base64": null,
            "content_base64sha256": "MezlB0fdrAmLX04grbiVeQ4tqo9lql8a/xhvvdmw8HI=",
            "content_base64sha512": "SR9IDbGH/PMhx1EKmSIq8BjcAhM/Avrg9RPYvXmRPAG6clMgl3ouB3eWyeG2a73AIhsvN/yzL5zcGTVwgeORBQ==",
            "content_md5": "3d0f588742e923989b4538f3a51644d0",
            "content_sha1": "7b9a1e00865d0e3bfa8535bceb1e7191e1171637",
            "content_sha256": "31ece50747ddac098b5f4e20adb895790e2daa8f65aa5f1aff186fbdd9b0f072",
            "content_sha512": "491f480db187fcf321c7510a99222af018dc02133f02fae0f513d8bd79913c01ba725320977a2e077796c9e1b66bbdc0221b2f37fcb32f9cdc19357081e39105",
            "directory_permission": "0777",
            "file_permission": "0777",
            "filename": "../individual-workspaces/ws-0130/main.tf",
            "id": "7b9a1e00865d0e3bfa8535bceb1e7191e1171637",
            "sensitive_content": null,
            "source": null
          },
          "sensitive_attributes": []
        },
        {
          "index_key": 131,
          "schema_version": 0,
          "attributes": {
            "content": "#\n# Autogenerated by Terraform\n# https://github.com/hashi-strawb/tfc-monorepo-test/blob/main/repo_dirs/main.tf\n#\n\nmodule \"pet\" {\n  source = \"../../modules/random\"\n}\n",
            "content_base64": null,
            "content_base64sha256": "MezlB0fdrAmLX04grbiVeQ4tqo9lql8a/xhvvdmw8HI=",
            "content_base64sha512": "SR9IDbGH/PMhx1EKmSIq8BjcAhM/Avrg9RPYvXmRPAG6clMgl3ouB3eWyeG2a73AIhsvN/yzL5zcGTVwgeORBQ==",
            "content_md5": "3d0f588742e923989b4538f3a51644d0",
            "content_sha1": "7b9a1e00865d0e3bfa8535bceb1e7191e1171637",
            "content_sha256": "31ece50747ddac098b5f4e20adb895790e2daa8f65aa5f1aff186fbdd9b0f072",
            "content_sha512": "491f480db187fcf321c7510a99222af018dc02133f02fae0f513d8bd79913c01ba725320977a2e077796c9e1b66bbdc0221b2f37fcb32f9cdc19357081e39105",
            "directory_permission": "0777",
            "file_permission": "0777",
            "filename": "../individual-workspaces/ws-0131/main.tf",
            "id": "7b9a1e00865d0e3bfa8535bceb1e7191e1171637",
            "sensitive_content": null,
            "source": null
          },
          "sensitive_attributes": []
        },
        {
          "index_key": 132,
          "schema_version": 0,
          "attributes": {
            "content": "#\n# Autogenerated by Terraform\n# https://github.com/hashi-strawb/tfc-monorepo-test/blob/main/repo_dirs/main.tf\n#\n\nmodule \"pet\" {\n  source = \"../../modules/random\"\n}\n",
            "content_base64": null,
            "content_base64sha256": "MezlB0fdrAmLX04grbiVeQ4tqo9lql8a/xhvvdmw8HI=",
            "content_base64sha512": "SR9IDbGH/PMhx1EKmSIq8BjcAhM/Avrg9RPYvXmRPAG6clMgl3ouB3eWyeG2a73AIhsvN/yzL5zcGTVwgeORBQ==",
            "content_md5": "3d0f588742e923989b4538f3a51644d0",
            "content_sha1": "7b9a1e00865d0e3bfa8535bceb1e7191e1171637",
            "content_sha256": "31ece50747ddac098b5f4e20adb895790e2daa8f65aa5f1aff186fbdd9b0f072",
            "content_sha512": "491f480db187fcf321c7510a99222af018dc02133f02fae0f513d8bd79913c01ba725320977a2e077796c9e1b66bbdc0221b2f37fcb32f9cdc19357081e39105",
            "directory_permission": "0777",
            "file_permission": "0777",
            "filename": "../individual-workspaces/ws-0132/main.tf",
            "id": "7b9a1e00865d0e3bfa8535bceb1e7191e1171637",
            "sensitive_content": null,
            "source": null
          },
          "sensitive_attributes": []
        },
        {
          "index_key": 133,
          "schema_version": 0,
          "attributes": {
            "content": "#\n# Autogenerated by Terraform\n# https://github.com/hashi-strawb/tfc-monorepo-test/blob/main/repo_dirs/main.tf\n#\n\nmodule \"pet\" {\n  source = \"../../modules/random\"\n}\n",
            "content_base64": null,
            "content_base64sha256": "MezlB0fdrAmLX04grbiVeQ4tqo9lql8a/xhvvdmw8HI=",
            "content_base64sha512": "SR9IDbGH/PMhx1EKmSIq8BjcAhM/Avrg9RPYvXmRPAG6clMgl3ouB3eWyeG2a73AIhsvN/yzL5zcGTVwgeORBQ==",
            "content_md5": "3d0f588742e923989b4538f3a51644d0",
            "content_sha1": "7b9a1e00865d0e3bfa8535bceb1e7191e1171637",
            "content_sha256": "31ece50747ddac098b5f4e20adb895790e2daa8f65aa5f1aff186fbdd9b0f072",
            "content_sha512": "491f480db187fcf321c7510a99222af018dc02133f02fae0f513d8bd79913c01ba725320977a2e077796c9e1b66bbdc0221b2f37fcb32f9cdc19357081e39105",
            "directory_permission": "0777",
            "file_permission": "0777",
            "filename": "../individual-workspaces/ws-0133/main.tf",
            "id": "7b9a1e00865d0e3bfa8535bceb1e7191e1171637",
            "sensitive_content": null,
            "source": null
          },
          "sensitive_attributes": []
        },
        {
          "index_key": 134,
          "schema_version": 0,
          "attributes": {
            "content": "#\n# Autogenerated by Terraform\n# https://github.com/hashi-strawb/tfc-monorepo-test/blob/main/repo_dirs/main.tf\n#\n\nmodule \"pet\" {\n  source = \"../../modules/random\"\n}\n",
            "content_base64": null,
            "content_base64sha256": "MezlB0fdrAmLX04grbiVeQ4tqo9lql8a/xhvvdmw8HI=",
            "content_base64sha512": "SR9IDbGH/PMhx1EKmSIq8BjcAhM/Avrg9RPYvXmRPAG6clMgl3ouB3eWyeG2a73AIhsvN/yzL5zcGTVwgeORBQ==",
            "content_md5": "3d0f588742e923989b4538f3a51644d0",
            "content_sha1": "7b9a1e00865d0e3bfa8535bceb1e7191e1171637",
            "content_sha256": "31ece50747ddac098b5f4e20adb895790e2daa8f65aa5f1aff186fbdd9b0f072",
            "content_sha512": "491f480db187fcf321c7510a99222af018dc02133f02fae0f513d8bd79913c01ba725320977a2e077796c9e1b66bbdc0221b2f37fcb32f9cdc19357081e39105",
            "directory_permission": "0777",
            "file_permission": "0777",
            "filename": "../individual-workspaces/ws-0134/main.tf",
            "id": "7b9a1e00865d0e3bfa8535bceb1e7191e1171637",
            "sensitive_content": null,
            "source": null
          },
          "sensitive_attributes": []
        },
        {
          "index_key": 135,
          "schema_version": 0,
          "attributes": {
            "content": "#\n# Autogenerated by Terraform\n# https://github.com/hashi-strawb/tfc-monorepo-test/blob/main/repo_dirs/main.tf\n#\n\nmodule \"pet\" {\n  source = \"../../modules/random\"\n}\n",
            "content_base64": null,
            "content_base64sha256": "MezlB0fdrAmLX04grbiVeQ4tqo9lql8a/xhvvdmw8HI=",
            "content_base64sha512": "SR9IDbGH/PMhx1EKmSIq8BjcAhM/Avrg9RPYvXmRPAG6clMgl3ouB3eWyeG2a73AIhsvN/yzL5zcGTVwgeORBQ==",
            "content_md5": "3d0f588742e923989b4538f3a51644d0",
            "content_sha1": "7b9a1e00865d0e3bfa8535bceb1e7191e1171637",
            "content_sha256": "31ece50747ddac098b5f4e20adb895790e2daa8f65aa5f1aff186fbdd9b0f072",
            "content_sha512": "491f480db187fcf321c7510a99222af018dc02133f02fae0f513d8bd79913c01ba725320977a2e077796c9e1b66bbdc0221b2f37fcb32f9cdc19357081e39105",
            "directory_permission": "0777",
            "file_permission": "0777",
            "filename": "../individual-workspaces/ws-0135/main.tf",
            "id": "7b9a1e00865d0e3bfa8535bceb1e7191e1171637",
            "sensitive_content": null,
            "source": null
          },
          "sensitive_attributes": []
        },
        {
          "index_key": 136,
          "schema_version": 0,
          "attributes": {
            "content": "#\n# Autogenerated by Terraform\n# https://github.com/hashi-strawb/tfc-monorepo-test/blob/main/repo_dirs/main.tf\n#\n\nmodule \"pet\" {\n  source = \"../../modules/random\"\n}\n",
            "content_base64": null,
            "content_base64sha256": "MezlB0fdrAmLX04grbiVeQ4tqo9lql8a/xhvvdmw8HI=",
            "content_base64sha512": "SR9IDbGH/PMhx1EKmSIq8BjcAhM/Avrg9RPYvXmRPAG6clMgl3ouB3eWyeG2a73AIhsvN/yzL5zcGTVwgeORBQ==",
            "content_md5": "3d0f588742e923989b4538f3a51644d0",
            "content_sha1": "7b9a1e00865d0e3bfa8535bceb1e7191e1171637",
            "content_sha256": "31ece50747ddac098b5f4e20adb895790e2daa8f65aa5f1aff186fbdd9b0f072",
            "content_sha512": "491f480db187fcf321c7510a99222af018dc02133f02fae0f513d8bd79913c01ba725320977a2e077796c9e1b66bbdc0221b2f37fcb32f9cdc19357081e39105",
            "directory_permission": "0777",
            "file_permission": "0777",
            "filename": "../individual-workspaces/ws-0136/main.tf",
            "id": "7b9a1e00865d0e3bfa8535bceb1e7191e1171637",
            "sensitive_content": null,
            "source": null
          },
          "sensitive_attributes": []
        },
        {
          "index_key": 137,
          "schema_version": 0,
          "attributes": {
            "content": "#\n# Autogenerated by Terraform\n# https://github.com/hashi-strawb/tfc-monorepo-test/blob/main/repo_dirs/main.tf\n#\n\nmodule \"pet\" {\n  source = \"../../modules/random\"\n}\n",
            "content_base64": null,
            "content_base64sha256": "MezlB0fdrAmLX04grbiVeQ4tqo9lql8a/xhvvdmw8HI=",
            "content_base64sha512": "SR9IDbGH/PMhx1EKmSIq8BjcAhM/Avrg9RPYvXmRPAG6clMgl3ouB3eWyeG2a73AIhsvN/yzL5zcGTVwgeORBQ==",
            "content_md5": "3d0f588742e923989b4538f3a51644d0",
            "content_sha1": "7b9a1e00865d0e3bfa8535bceb1e7191e1171637",
            "content_sha256": "31ece50747ddac098b5f4e20adb895790e2daa8f65aa5f1aff186fbdd9b0f072",
            "content_sha512": "491f480db187fcf321c7510a99222af018dc02133f02fae0f513d8bd79913c01ba725320977a2e077796c9e1b66bbdc0221b2f37fcb32f9cdc19357081e39105",
            "directory_permission": "0777",
            "file_permission": "0777",
            "filename": "../individual-workspaces/ws-0137/main.tf",
            "id": "7b9a1e00865d0e3bfa8535bceb1e7191e1171637",
            "sensitive_content": null,
            "source": null
          },
          "sensitive_attributes": []
        },
        {
          "index_key": 138,
          "schema_version": 0,
          "attributes": {
            "content": "#\n# Autogenerated by Terraform\n# https://github.com/hashi-strawb/tfc-monorepo-test/blob/main/repo_dirs/main.tf\n#\n\nmodule \"pet\" {\n  source = \"../../modules/random\"\n}\n",
            "content_base64": null,
            "content_base64sha256": "MezlB0fdrAmLX04grbiVeQ4tqo9lql8a/xhvvdmw8HI=",
            "content_base64sha512": "SR9IDbGH/PMhx1EKmSIq8BjcAhM/Avrg9RPYvXmRPAG6clMgl3ouB3eWyeG2a73AIhsvN/yzL5zcGTVwgeORBQ==",
            "content_md5": "3d0f588742e923989b4538f3a51644d0",
            "content_sha1": "7b9a1e00865d0e3bfa8535bceb1e7191e1171637",
            "content_sha256": "31ece50747ddac098b5f4e20adb895790e2daa8f65aa5f1aff186fbdd9b0f072",
            "content_sha512": "491f480db187fcf321c7510a99222af018dc02133f02fae0f513d8bd79913c01ba725320977a2e077796c9e1b66bbdc0221b2f37fcb32f9cdc19357081e39105",
            "directory_permission": "0777",
            "file_permission": "0777",
            "filename": "../individual-workspaces/ws-0138/main.tf",
            "id": "7b9a1e00865d0e3bfa8535bceb1e7191e1171637",
            "sensitive_content": null,
            "source": null
          },
          "sensitive_attributes": []
        },
        {
          "index_key": 139,
          "schema_version": 0,
          "attributes": {
            "content": "#\n# Autogenerated by Terraform\n# https://github.com/hashi-strawb/tfc-monorepo-test/blob/main/repo_dirs/main.tf\n#\n\nmodule \"pet\" {\n  source = \"../../modules/random\"\n}\n",
            "content_base64": null,
            "content_base64sha256": "MezlB0fdrAmLX04grbiVeQ4tqo9lql8a/xhvvdmw8HI=",
            "content_base64sha512": "SR9IDbGH/PMhx1EKmSIq8BjcAhM/Avrg9RPYvXmRPAG6clMgl3ouB3eWyeG2a73AIhsvN/yzL5zcGTVwgeORBQ==",
            "content_md5": "3d0f588742e923989b4538f3a51644d0",
            "content_sha1": "7b9a1e00865d0e3bfa8535bceb1e7191e1171637",
            "content_sha256": "31ece50747ddac098b5f4e20adb895790e2daa8f65aa5f1aff186fbdd9b0f072",
            "content_sha512": "491f480db187fcf321c7510a99222af018dc02133f02fae0f513d8bd79913c01ba725320977a2e077796c9e1b66bbdc0221b2f37fcb32f9cdc19357081e39105",
            "directory_permission": "0777",
            "file_permission": "0777",
            "filename": "../individual-workspaces/ws-0139/main.tf",
            "id": "7b9a1e00865d0e3bfa8535bceb1e7191e1171637",
            "sensitive_content": null,
            "source": null
          },
          "sensitive_attributes": []
        },
        {
          "index_key": 140,
          "schema_version": 0,
          "attributes": {
            "content": "#\n# Autogenerated by Terraform\n# https://github.com/hashi-strawb/tfc-monorepo-test/blob/main/repo_dirs/main.tf\n#\n\nmodule \"pet\" {\n  source = \"../../modules/random\"\n}\n",
            "content_base64": null,
            "content_base64sha256": "MezlB0fdrAmLX04grbiVeQ4tqo9lql8a/xhvvdmw8HI=",
            "content_base64sha512": "SR9IDbGH/PMhx1EKmSIq8BjcAhM/Avrg9RPYvXmRPAG6clMgl3ouB3eWyeG2a73AIhsvN/yzL5zcGTVwgeORBQ==",
            "content_md5": "3d0f588742e923989b4538f3a51644d0",
            "content_sha1": "7b9a1e00865d0e3bfa8535bceb1e7191e1171637",
            "content_sha256": "31ece50747ddac098b5f4e20adb895790e2daa8f65aa5f1aff186fbdd9b0f072",
            "content_sha512": "491f480db187fcf321c7510a99222af018dc02133f02fae0f513d8bd79913c01ba725320977a2e077796c9e1b66bbdc0221b2f37fcb32f9cdc19357081e39105",
            "directory_permission": "0777",
            "file_permission": "0777",
            "filename": "../individual-workspaces/ws-0140/main.tf",
            "id": "7b9a1e00865d0e3bfa8535bceb1e7191e1171637",
            "sensitive_content": null,
            "source": null
          },
          "sensitive_attributes": []
        },
        {
          "index_key": 141,
          "schema_version": 0,
          "attributes": {
            "content": "#\n# Autogenerated by Terraform\n# https://github.com/hashi-strawb/tfc-monorepo-test/blob/main/repo_dirs/main.tf\n#\n\nmodule \"pet\" {\n  source = \"../../modules/random\"\n}\n",
            "content_base64": null,
            "content_base64sha256": "MezlB0fdrAmLX04grbiVeQ4tqo9lql8a/xhvvdmw8HI=",
            "content_base64sha512": "SR9IDbGH/PMhx1EKmSIq8BjcAhM/Avrg9RPYvXmRPAG6clMgl3ouB3eWyeG2a73AIhsvN/yzL5zcGTVwgeORBQ==",
            "content_md5": "3d0f588742e923989b4538f3a51644d0",
            "content_sha1": "7b9a1e00865d0e3bfa8535bceb1e7191e1171637",
            "content_sha256": "31ece50747ddac098b5f4e20adb895790e2daa8f65aa5f1aff186fbdd9b0f072",
            "content_sha512": "491f480db187fcf321c7510a99222af018dc02133f02fae0f513d8bd79913c01ba725320977a2e077796c9e1b66bbdc0221b2f37fcb32f9cdc19357081e39105",
            "directory_permission": "0777",
            "file_permission": "0777",
            "filename": "../individual-workspaces/ws-0141/main.tf",
            "id": "7b9a1e00865d0e3bfa8535bceb1e7191e1171637",
            "sensitive_content": null,
            "source": null
          },
          "sensitive_attributes": []
        },
        {
          "index_key": 142,
          "schema_version": 0,
          "attributes": {
            "content": "#\n# Autogenerated by Terraform\n# https://github.com/hashi-strawb/tfc-monorepo-test/blob/main/repo_dirs/main.tf\n#\n\nmodule \"pet\" {\n  source = \"../../modules/random\"\n}\n",
            "content_base64": null,
            "content_base64sha256": "MezlB0fdrAmLX04grbiVeQ4tqo9lql8a/xhvvdmw8HI=",
            "content_base64sha512": "SR9IDbGH/PMhx1EKmSIq8BjcAhM/Avrg9RPYvXmRPAG6clMgl3ouB3eWyeG2a73AIhsvN/yzL5zcGTVwgeORBQ==",
            "content_md5": "3d0f588742e923989b4538f3a51644d0",
            "content_sha1": "7b9a1e00865d0e3bfa8535bceb1e7191e1171637",
            "content_sha256": "31ece50747ddac098b5f4e20adb895790e2daa8f65aa5f1aff186fbdd9b0f072",
            "content_sha512": "491f480db187fcf321c7510a99222af018dc02133f02fae0f513d8bd79913c01ba725320977a2e077796c9e1b66bbdc0221b2f37fcb32f9cdc19357081e39105",
            "directory_permission": "0777",
            "file_permission": "0777",
            "filename": "../individual-workspaces/ws-0142/main.tf",
            "id": "7b9a1e00865d0e3bfa8535bceb1e7191e1171637",
            "sensitive_content": null,
            "source": null
          },
          "sensitive_attributes": []
        },
        {
          "index_key": 143,
          "schema_version": 0,
          "attributes": {
            "content": "#\n# Autogenerated by Terraform\n# https://github.com/hashi-strawb/tfc-monorepo-test/blob/main/repo_dirs/main.tf\n#\n\nmodule \"pet\" {\n  source = \"../../modules/random\"\n}\n",
            "content_base64": null,
            "content_base64sha256": "MezlB0fdrAmLX04grbiVeQ4tqo9lql8a/xhvvdmw8HI=",
            "content_base64sha512": "SR9IDbGH/PMhx1EKmSIq8BjcAhM/Avrg9RPYvXmRPAG6clMgl3ouB3eWyeG2a73AIhsvN/yzL5zcGTVwgeORBQ==",
            "content_md5": "3d0f588742e923989b4538f3a51644d0",
            "content_sha1": "7b9a1e00865d0e3bfa8535bceb1e7191e1171637",
            "content_sha256": "31ece50747ddac098b5f4e20adb895790e2daa8f65aa5f1aff186fbdd9b0f072",
            "content_sha512": "491f480db187fcf321c7510a99222af018dc02133f02fae0f513d8bd79913c01ba725320977a2e077796c9e1b66bbdc0221b2f37fcb32f9cdc19357081e39105",
            "directory_permission": "0777",
            "file_permission": "0777",
            "filename": "../individual-workspaces/ws-0143/main.tf",
            "id": "7b9a1e00865d0e3bfa8535bceb1e7191e1171637",
            "sensitive_content": null,
            "source": null
          },
          "sensitive_attributes": []
        },
        {
          "index_key": 144,
          "schema_version": 0,
          "attributes": {
            "content": "#\n# Autogenerated by Terraform\n# https://github.com/hashi-strawb/tfc-monorepo-test/blob/main/repo_dirs/main.tf\n#\n\nmodule \"pet\" {\n  source = \"../../modules/random\"\n}\n",
            "content_base64": null,
            "content_base64sha256": "MezlB0fdrAmLX04grbiVeQ4tqo9lql8a/xhvvdmw8HI=",
            "content_base64sha512": "SR9IDbGH/PMhx1EKmSIq8BjcAhM/Avrg9RPYvXmRPAG6clMgl3ouB3eWyeG2a73AIhsvN/yzL5zcGTVwgeORBQ==",
            "content_md5": "3d0f588742e923989b4538f3a51644d0",
            "content_sha1": "7b9a1e00865d0e3bfa8535bceb1e7191e1171637",
            "content_sha256": "31ece50747ddac098b5f4e20adb895790e2daa8f65aa5f1aff186fbdd9b0f072",
            "content_sha512": "491f480db187fcf321c7510a99222af018dc02133f02fae0f513d8bd79913c01ba725320977a2e077796c9e1b66bbdc0221b2f37fcb32f9cdc19357081e39105",
            "directory_permission": "0777",
            "file_permission": "0777",
            "filename": "../individual-workspaces/ws-0144/main.tf",
            "id": "7b9a1e00865d0e3bfa8535bceb1e7191e1171637",
            "sensitive_content": null,
            "source": null
          },
          "sensitive_attributes": []
        },
        {
          "index_key": 145,
          "schema_version": 0,
          "attributes": {
            "content": "#\n# Autogenerated by Terraform\n# https://github.com/hashi-strawb/tfc-monorepo-test/blob/main/repo_dirs/main.tf\n#\n\nmodule \"pet\" {\n  source = \"../../modules/random\"\n}\n",
            "content_base64": null,
            "content_base64sha256": "MezlB0fdrAmLX04grbiVeQ4tqo9lql8a/xhvvdmw8HI=",
            "content_base64sha512": "SR9IDbGH/PMhx1EKmSIq8BjcAhM/Avrg9RPYvXmRPAG6clMgl3ouB3eWyeG2a73AIhsvN/yzL5zcGTVwgeORBQ==",
            "content_md5": "3d0f588742e923989b4538f3a51644d0",
            "content_sha1": "7b9a1e00865d0e3bfa8535bceb1e7191e1171637",
            "content_sha256": "31ece50747ddac098b5f4e20adb895790e2daa8f65aa5f1aff186fbdd9b0f072",
            "content_sha512": "491f480db187fcf321c7510a99222af018dc02133f02fae0f513d8bd79913c01ba725320977a2e077796c9e1b66bbdc0221b2f37fcb32f9cdc19357081e39105",
            "directory_permission": "0777",
            "file_permission": "0777",
            "filename": "../individual-workspaces/ws-0145/main.tf",
            "id": "7b9a1e00865d0e3bfa8535bceb1e7191e1171637",
            "sensitive_content": null,
            "source": null
          },
          "sensitive_attributes": []
        },
        {
          "index_key": 146,
          "schema_version": 0,
          "attributes": {
            "content": "#\n# Autogenerated by Terraform\n# https://github.com/hashi-strawb/tfc-monorepo-test/blob/main/repo_dirs/main.tf\n#\n\nmodule \"pet\" {\n  source = \"../../modules/random\"\n}\n",
            "content_base64": null,
            "content_base64sha256": "MezlB0fdrAmLX04grbiVeQ4tqo9lql8a/xhvvdmw8HI=",
            "content_base64sha512": "SR9IDbGH/PMhx1EKmSIq8BjcAhM/Avrg9RPYvXmRPAG6clMgl3ouB3eWyeG2a73AIhsvN/yzL5zcGTVwgeORBQ==",
            "content_md5": "3d0f588742e923989b4538f3a51644d0",
            "content_sha1": "7b9a1e00865d0e3bfa8535bceb1e7191e1171637",
            "content_sha256": "31ece50747ddac098b5f4e20adb895790e2daa8f65aa5f1aff186fbdd9b0f072",
            "content_sha512": "491f480db187fcf321c7510a99222af018dc02133f02fae0f513d8bd79913c01ba725320977a2e077796c9e1b66bbdc0221b2f37fcb32f9cdc19357081e39105",
            "directory_permission": "0777",
            "file_permission": "0777",
            "filename": "../individual-workspaces/ws-0146/main.tf",
            "id": "7b9a1e00865d0e3bfa8535bceb1e7191e1171637",
            "sensitive_content": null,
            "source": null
          },
          "sensitive_attributes": []
        },
        {
          "index_key": 147,
          "schema_version": 0,
          "attributes": {
            "content": "#\n# Autogenerated by Terraform\n# https://github.com/hashi-strawb/tfc-monorepo-test/blob/main/repo_dirs/main.tf\n#\n\nmodule \"pet\" {\n  source = \"../../modules/random\"\n}\n",
            "content_base64": null,
            "content_base64sha256": "MezlB0fdrAmLX04grbiVeQ4tqo9lql8a/xhvvdmw8HI=",
            "content_base64sha512": "SR9IDbGH/PMhx1EKmSIq8BjcAhM/Avrg9RPYvXmRPAG6clMgl3ouB3eWyeG2a73AIhsvN/yzL5zcGTVwgeORBQ==",
            "content_md5": "3d0f588742e923989b4538f3a51644d0",
            "content_sha1": "7b9a1e00865d0e3bfa8535bceb1e7191e1171637",
            "content_sha256": "31ece50747ddac098b5f4e20adb895790e2daa8f65aa5f1aff186fbdd9b0f072",
            "content_sha512": "491f480db187fcf321c7510a99222af018dc02133f02fae0f513d8bd79913c01ba725320977a2e077796c9e1b66bbdc0221b2f37fcb32f9cdc19357081e39105",
            "directory_permission": "0777",
            "file_permission": "0777",
            "filename": "../individual-workspaces/ws-0147/main.tf",
            "id": "7b9a1e00865d0e3bfa8535bceb1e7191e1171637",
            "sensitive_content": null,
            "source": null
          },
          "sensitive_attributes": []
        },
        {
          "index_key": 148,
          "schema_version": 0,
          "attributes": {
            "content": "#\n# Autogenerated by Terraform\n# https://github.com/hashi-strawb/tfc-monorepo-test/blob/main/repo_dirs/main.tf\n#\n\nmodule \"pet\" {\n  source = \"../../modules/random\"\n}\n",
            "content_base64": null,
            "content_base64sha256": "MezlB0fdrAmLX04grbiVeQ4tqo9lql8a/xhvvdmw8HI=",
            "content_base64sha512": "SR9IDbGH/PMhx1EKmSIq8BjcAhM/Avrg9RPYvXmRPAG6clMgl3ouB3eWyeG2a73AIhsvN/yzL5zcGTVwgeORBQ==",
            "content_md5": "3d0f588742e923989b4538f3a51644d0",
            "content_sha1": "7b9a1e00865d0e3bfa8535bceb1e7191e1171637",
            "content_sha256": "31ece50747ddac098b5f4e20adb895790e2daa8f65aa5f1aff186fbdd9b0f072",
            "content_sha512": "491f480db187fcf321c7510a99222af018dc02133f02fae0f513d8bd79913c01ba725320977a2e077796c9e1b66bbdc0221b2f37fcb32f9cdc19357081e39105",
            "directory_permission": "0777",
            "file_permission": "0777",
            "filename": "../individual-workspaces/ws-0148/main.tf",
            "id": "7b9a1e00865d0e3bfa8535bceb1e7191e1171637",
            "sensitive_content": null,
            "source": null
          },
          "sensitive_attributes": []
        },
        {
          "index_key": 149,
          "schema_version": 0,
          "attributes": {
            "content": "#\n# Autogenerated by Terraform\n# https://github.com/hashi-strawb/tfc-monorepo-test/blob/main/repo_dirs/main.tf\n#\n\nmodule \"pet\" {\n  source = \"../../modules/random\"\n}\n",
            "content_base64": null,
            "content_base64sha256": "MezlB0fdrAmLX04grbiVeQ4tqo9lql8a/xhvvdmw8HI=",
            "content_base64sha512": "SR9IDbGH/PMhx1EKmSIq8BjcAhM/Avrg9RPYvXmRPAG6clMgl3ouB3eWyeG2a73AIhsvN/yzL5zcGTVwgeORBQ==",
            "content_md5": "3d0f588742e923989b4538f3a51644d0",
            "content_sha1": "7b9a1e00865d0e3bfa8535bceb1e7191e1171637",
            "content_sha256": "31ece50747ddac098b5f4e20adb895790e2daa8f65aa5f1aff186fbdd9b0f072",
            "content_sha512": "491f480db187fcf321c7510a99222af018dc02133f02fae0f513d8bd79913c01ba725320977a2e077796c9e1b66bbdc0221b2f37fcb32f9cdc19357081e39105",
            "directory_permission": "0777",
            "file_permission": "0777",
            "filename": "../individual-workspaces/ws-0149/main.tf",
            "id": "7b9a1e00865d0e3bfa8535bceb1e7191e1171637",
            "sensitive_content": null,
            "source": null
          },
          "sensitive_attributes": []
        },
        {
          "index_key": 150,
          "schema_version": 0,
          "attributes": {
            "content": "#\n# Autogenerated by Terraform\n# https://github.com/hashi-strawb/tfc-monorepo-test/blob/main/repo_dirs/main.tf\n#\n\nmodule \"pet\" {\n  source = \"../../modules/random\"\n}\n",
            "content_base64": null,
            "content_base64sha256": "MezlB0fdrAmLX04grbiVeQ4tqo9lql8a/xhvvdmw8HI=",
            "content_base64sha512": "SR9IDbGH/PMhx1EKmSIq8BjcAhM/Avrg9RPYvXmRPAG6clMgl3ouB3eWyeG2a73AIhsvN/yzL5zcGTVwgeORBQ==",
            "content_md5": "3d0f588742e923989b4538f3a51644d0",
            "content_sha1": "7b9a1e00865d0e3bfa8535bceb1e7191e1171637",
            "content_sha256": "31ece50747ddac098b5f4e20adb895790e2daa8f65aa5f1aff186fbdd9b0f072",
            "content_sha512": "491f480db187fcf321c7510a99222af018dc02133f02fae0f513d8bd79913c01ba725320977a2e077796c9e1b66bbdc0221b2f37fcb32f9cdc19357081e39105",
            "directory_permission": "0777",
            "file_permission": "0777",
            "filename": "../individual-workspaces/ws-0150/main.tf",
            "id": "7b9a1e00865d0e3bfa8535bceb1e7191e1171637",
            "sensitive_content": null,
            "source": null
          },
          "sensitive_attributes": []
        },
        {
          "index_key": 151,
          "schema_version": 0,
          "attributes": {
            "content": "#\n# Autogenerated by Terraform\n# https://github.com/hashi-strawb/tfc-monorepo-test/blob/main/repo_dirs/main.tf\n#\n\nmodule \"pet\" {\n  source = \"../../modules/random\"\n}\n",
            "content_base64": null,
            "content_base64sha256": "MezlB0fdrAmLX04grbiVeQ4tqo9lql8a/xhvvdmw8HI=",
            "content_base64sha512": "SR9IDbGH/PMhx1EKmSIq8BjcAhM/Avrg9RPYvXmRPAG6clMgl3ouB3eWyeG2a73AIhsvN/yzL5zcGTVwgeORBQ==",
            "content_md5": "3d0f588742e923989b4538f3a51644d0",
            "content_sha1": "7b9a1e00865d0e3bfa8535bceb1e7191e1171637",
            "content_sha256": "31ece50747ddac098b5f4e20adb895790e2daa8f65aa5f1aff186fbdd9b0f072",
            "content_sha512": "491f480db187fcf321c7510a99222af018dc02133f02fae0f513d8bd79913c01ba725320977a2e077796c9e1b66bbdc0221b2f37fcb32f9cdc19357081e39105",
            "directory_permission": "0777",
            "file_permission": "0777",
            "filename": "../individual-workspaces/ws-0151/main.tf",
            "id": "7b9a1e00865d0e3bfa8535bceb1e7191e1171637",
            "sensitive_content": null,
            "source": null
          },
          "sensitive_attributes": []
        },
        {
          "index_key": 152,
          "schema_version": 0,
          "attributes": {
            "content": "#\n# Autogenerated by Terraform\n# https://github.com/hashi-strawb/tfc-monorepo-test/blob/main/repo_dirs/main.tf\n#\n\nmodule \"pet\" {\n  source = \"../../modules/random\"\n}\n",
            "content_base64": null,
            "content_base64sha256": "MezlB0fdrAmLX04grbiVeQ4tqo9lql8a/xhvvdmw8HI=",
            "content_base64sha512": "SR9IDbGH/PMhx1EKmSIq8BjcAhM/Avrg9RPYvXmRPAG6clMgl3ouB3eWyeG2a73AIhsvN/yzL5zcGTVwgeORBQ==",
            "content_md5": "3d0f588742e923989b4538f3a51644d0",
            "content_sha1": "7b9a1e00865d0e3bfa8535bceb1e7191e1171637",
            "content_sha256": "31ece50747ddac098b5f4e20adb895790e2daa8f65aa5f1aff186fbdd9b0f072",
            "content_sha512": "491f480db187fcf321c7510a99222af018dc02133f02fae0f513d8bd79913c01ba725320977a2e077796c9e1b66bbdc0221b2f37fcb32f9cdc19357081e39105",
            "directory_permission": "0777",
            "file_permission": "0777",
            "filename": "../individual-workspaces/ws-0152/main.tf",
            "id": "7b9a1e00865d0e3bfa8535bceb1e7191e1171637",
            "sensitive_content": null,
            "source": null
          },
          "sensitive_attributes": []
        },
        {
          "index_key": 153,
          "schema_version": 0,
          "attributes": {
            "content": "#\n# Autogenerated by Terraform\n# https://github.com/hashi-strawb/tfc-monorepo-test/blob/main/repo_dirs/main.tf\n#\n\nmodule \"pet\" {\n  source = \"../../modules/random\"\n}\n",
            "content_base64": null,
            "content_base64sha256": "MezlB0fdrAmLX04grbiVeQ4tqo9lql8a/xhvvdmw8HI=",
            "content_base64sha512": "SR9IDbGH/PMhx1EKmSIq8BjcAhM/Avrg9RPYvXmRPAG6clMgl3ouB3eWyeG2a73AIhsvN/yzL5zcGTVwgeORBQ==",
            "content_md5": "3d0f588742e923989b4538f3a51644d0",
            "content_sha1": "7b9a1e00865d0e3bfa8535bceb1e7191e1171637",
            "content_sha256": "31ece50747ddac098b5f4e20adb895790e2daa8f65aa5f1aff186fbdd9b0f072",
            "content_sha512": "491f480db187fcf321c7510a99222af018dc02133f02fae0f513d8bd79913c01ba725320977a2e077796c9e1b66bbdc0221b2f37fcb32f9cdc19357081e39105",
            "directory_permission": "0777",
            "file_permission": "0777",
            "filename": "../individual-workspaces/ws-0153/main.tf",
            "id": "7b9a1e00865d0e3bfa8535bceb1e7191e1171637",
            "sensitive_content": null,
            "source": null
          },
          "sensitive_attributes": []
        },
        {
          "index_key": 154,
          "schema_version": 0,
          "attributes": {
            "content": "#\n# Autogenerated by Terraform\n# https://github.com/hashi-strawb/tfc-monorepo-test/blob/main/repo_dirs/main.tf\n#\n\nmodule \"pet\" {\n  source = \"../../modules/random\"\n}\n",
            "content_base64": null,
            "content_base64sha256": "MezlB0fdrAmLX04grbiVeQ4tqo9lql8a/xhvvdmw8HI=",
            "content_base64sha512": "SR9IDbGH/PMhx1EKmSIq8BjcAhM/Avrg9RPYvXmRPAG6clMgl3ouB3eWyeG2a73AIhsvN/yzL5zcGTVwgeORBQ==",
            "content_md5": "3d0f588742e923989b4538f3a51644d0",
            "content_sha1": "7b9a1e00865d0e3bfa8535bceb1e7191e1171637",
            "content_sha256": "31ece50747ddac098b5f4e20adb895790e2daa8f65aa5f1aff186fbdd9b0f072",
            "content_sha512": "491f480db187fcf321c7510a99222af018dc02133f02fae0f513d8bd79913c01ba725320977a2e077796c9e1b66bbdc0221b2f37fcb32f9cdc19357081e39105",
            "directory_permission": "0777",
            "file_permission": "0777",
            "filename": "../individual-workspaces/ws-0154/main.tf",
            "id": "7b9a1e00865d0e3bfa8535bceb1e7191e1171637",
            "sensitive_content": null,
            "source": null
          },
          "sensitive_attributes": []
        },
        {
          "index_key": 155,
          "schema_version": 0,
          "attributes": {
            "content": "#\n# Autogenerated by Terraform\n# https://github.com/hashi-strawb/tfc-monorepo-test/blob/main/repo_dirs/main.tf\n#\n\nmodule \"pet\" {\n  source = \"../../modules/random\"\n}\n",
            "content_base64": null,
            "content_base64sha256": "MezlB0fdrAmLX04grbiVeQ4tqo9lql8a/xhvvdmw8HI=",
            "content_base64sha512": "SR9IDbGH/PMhx1EKmSIq8BjcAhM/Avrg9RPYvXmRPAG6clMgl3ouB3eWyeG2a73AIhsvN/yzL5zcGTVwgeORBQ==",
            "content_md5": "3d0f588742e923989b4538f3a51644d0",
            "content_sha1": "7b9a1e00865d0e3bfa8535bceb1e7191e1171637",
            "content_sha256": "31ece50747ddac098b5f4e20adb895790e2daa8f65aa5f1aff186fbdd9b0f072",
            "content_sha512": "491f480db187fcf321c7510a99222af018dc02133f02fae0f513d8bd79913c01ba725320977a2e077796c9e1b66bbdc0221b2f37fcb32f9cdc19357081e39105",
            "directory_permission": "0777",
            "file_permission": "0777",
            "filename": "../individual-workspaces/ws-0155/main.tf",
            "id": "7b9a1e00865d0e3bfa8535bceb1e7191e1171637",
            "sensitive_content": null,
            "source": null
          },
          "sensitive_attributes": []
        },
        {
          "index_key": 156,
          "schema_version": 0,
          "attributes": {
            "content": "#\n# Autogenerated by Terraform\n# https://github.com/hashi-strawb/tfc-monorepo-test/blob/main/repo_dirs/main.tf\n#\n\nmodule \"pet\" {\n  source = \"../../modules/random\"\n}\n",
            "content_base64": null,
            "content_base64sha256": "MezlB0fdrAmLX04grbiVeQ4tqo9lql8a/xhvvdmw8HI=",
            "content_base64sha512": "SR9IDbGH/PMhx1EKmSIq8BjcAhM/Avrg9RPYvXmRPAG6clMgl3ouB3eWyeG2a73AIhsvN/yzL5zcGTVwgeORBQ==",
            "content_md5": "3d0f588742e923989b4538f3a51644d0",
            "content_sha1": "7b9a1e00865d0e3bfa8535bceb1e7191e1171637",
            "content_sha256": "31ece50747ddac098b5f4e20adb895790e2daa8f65aa5f1aff186fbdd9b0f072",
            "content_sha512": "491f480db187fcf321c7510a99222af018dc02133f02fae0f513d8bd79913c01ba725320977a2e077796c9e1b66bbdc0221b2f37fcb32f9cdc19357081e39105",
            "directory_permission": "0777",
            "file_permission": "0777",
            "filename": "../individual-workspaces/ws-0156/main.tf",
            "id": "7b9a1e00865d0e3bfa8535bceb1e7191e1171637",
            "sensitive_content": null,
            "source": null
          },
          "sensitive_attributes": []
        },
        {
          "index_key": 157,
          "schema_version": 0,
          "attributes": {
            "content": "#\n# Autogenerated by Terraform\n# https://github.com/hashi-strawb/tfc-monorepo-test/blob/main/repo_dirs/main.tf\n#\n\nmodule \"pet\" {\n  source = \"../../modules/random\"\n}\n",
            "content_base64": null,
            "content_base64sha256": "MezlB0fdrAmLX04grbiVeQ4tqo9lql8a/xhvvdmw8HI=",
            "content_base64sha512": "SR9IDbGH/PMhx1EKmSIq8BjcAhM/Avrg9RPYvXmRPAG6clMgl3ouB3eWyeG2a73AIhsvN/yzL5zcGTVwgeORBQ==",
            "content_md5": "3d0f588742e923989b4538f3a51644d0",
            "content_sha1": "7b9a1e00865d0e3bfa8535bceb1e7191e1171637",
            "content_sha256": "31ece50747ddac098b5f4e20adb895790e2daa8f65aa5f1aff186fbdd9b0f072",
            "content_sha512": "491f480db187fcf321c7510a99222af018dc02133f02fae0f513d8bd79913c01ba725320977a2e077796c9e1b66bbdc0221b2f37fcb32f9cdc19357081e39105",
            "directory_permission": "0777",
            "file_permission": "0777",
            "filename": "../individual-workspaces/ws-0157/main.tf",
            "id": "7b9a1e00865d0e3bfa8535bceb1e7191e1171637",
            "sensitive_content": null,
            "source": null
          },
          "sensitive_attributes": []
        },
        {
          "index_key": 158,
          "schema_version": 0,
          "attributes": {
            "content": "#\n# Autogenerated by Terraform\n# https://github.com/hashi-strawb/tfc-monorepo-test/blob/main/repo_dirs/main.tf\n#\n\nmodule \"pet\" {\n  source = \"../../modules/random\"\n}\n",
            "content_base64": null,
            "content_base64sha256": "MezlB0fdrAmLX04grbiVeQ4tqo9lql8a/xhvvdmw8HI=",
            "content_base64sha512": "SR9IDbGH/PMhx1EKmSIq8BjcAhM/Avrg9RPYvXmRPAG6clMgl3ouB3eWyeG2a73AIhsvN/yzL5zcGTVwgeORBQ==",
            "content_md5": "3d0f588742e923989b4538f3a51644d0",
            "content_sha1": "7b9a1e00865d0e3bfa8535bceb1e7191e1171637",
            "content_sha256": "31ece50747ddac098b5f4e20adb895790e2daa8f65aa5f1aff186fbdd9b0f072",
            "content_sha512": "491f480db187fcf321c7510a99222af018dc02133f02fae0f513d8bd79913c01ba725320977a2e077796c9e1b66bbdc0221b2f37fcb32f9cdc19357081e39105",
            "directory_permission": "0777",
            "file_permission": "0777",
            "filename": "../individual-workspaces/ws-0158/main.tf",
            "id": "7b9a1e00865d0e3bfa8535bceb1e7191e1171637",
            "sensitive_content": null,
            "source": null
          },
          "sensitive_attributes": []
        },
        {
          "index_key": 159,
          "schema_version": 0,
          "attributes": {
            "content": "#\n# Autogenerated by Terraform\n# https://github.com/hashi-strawb/tfc-monorepo-test/blob/main/repo_dirs/main.tf\n#\n\nmodule \"pet\" {\n  source = \"../../modules/random\"\n}\n",
            "content_base64": null,
            "content_base64sha256": "MezlB0fdrAmLX04grbiVeQ4tqo9lql8a/xhvvdmw8HI=",
            "content_base64sha512": "SR9IDbGH/PMhx1EKmSIq8BjcAhM/Avrg9RPYvXmRPAG6clMgl3ouB3eWyeG2a73AIhsvN/yzL5zcGTVwgeORBQ==",
            "content_md5": "3d0f588742e923989b4538f3a51644d0",
            "content_sha1": "7b9a1e00865d0e3bfa8535bceb1e7191e1171637",
            "content_sha256": "31ece50747ddac098b5f4e20adb895790e2daa8f65aa5f1aff186fbdd9b0f072",
            "content_sha512": "491f480db187fcf321c7510a99222af018dc02133f02fae0f513d8bd79913c01ba725320977a2e077796c9e1b66bbdc0221b2f37fcb32f9cdc19357081e39105",
            "directory_permission": "0777",
            "file_permission": "0777",
            "filename": "../individual-workspaces/ws-0159/main.tf",
            "id": "7b9a1e00865d0e3bfa8535bceb1e7191e1171637",
            "sensitive_content": null,
            "source": null
          },
          "sensitive_attributes": []
        },
        {
          "index_key": 160,
          "schema_version": 0,
          "attributes": {
            "content": "#\n# Autogenerated by Terraform\n# https://github.com/hashi-strawb/tfc-monorepo-test/blob/main/repo_dirs/main.tf\n#\n\nmodule \"pet\" {\n  source = \"../../modules/random\"\n}\n",
            "content_base64": null,
            "content_base64sha256": "MezlB0fdrAmLX04grbiVeQ4tqo9lql8a/xhvvdmw8HI=",
            "content_base64sha512": "SR9IDbGH/PMhx1EKmSIq8BjcAhM/Avrg9RPYvXmRPAG6clMgl3ouB3eWyeG2a73AIhsvN/yzL5zcGTVwgeORBQ==",
            "content_md5": "3d0f588742e923989b4538f3a51644d0",
            "content_sha1": "7b9a1e00865d0e3bfa8535bceb1e7191e1171637",
            "content_sha256": "31ece50747ddac098b5f4e20adb895790e2daa8f65aa5f1aff186fbdd9b0f072",
            "content_sha512": "491f480db187fcf321c7510a99222af018dc02133f02fae0f513d8bd79913c01ba725320977a2e077796c9e1b66bbdc0221b2f37fcb32f9cdc19357081e39105",
            "directory_permission": "0777",
            "file_permission": "0777",
            "filename": "../individual-workspaces/ws-0160/main.tf",
            "id": "7b9a1e00865d0e3bfa8535bceb1e7191e1171637",
            "sensitive_content": null,
            "source": null
          },
          "sensitive_attributes": []
        },
        {
          "index_key": 161,
          "schema_version": 0,
          "attributes": {
            "content": "#\n# Autogenerated by Terraform\n# https://github.com/hashi-strawb/tfc-monorepo-test/blob/main/repo_dirs/main.tf\n#\n\nmodule \"pet\" {\n  source = \"../../modules/random\"\n}\n",
            "content_base64": null,
            "content_base64sha256": "MezlB0fdrAmLX04grbiVeQ4tqo9lql8a/xhvvdmw8HI=",
            "content_base64sha512": "SR9IDbGH/PMhx1EKmSIq8BjcAhM/Avrg9RPYvXmRPAG6clMgl3ouB3eWyeG2a73AIhsvN/yzL5zcGTVwgeORBQ==",
            "content_md5": "3d0f588742e923989b4538f3a51644d0",
            "content_sha1": "7b9a1e00865d0e3bfa8535bceb1e7191e1171637",
            "content_sha256": "31ece50747ddac098b5f4e20adb895790e2daa8f65aa5f1aff186fbdd9b0f072",
            "content_sha512": "491f480db187fcf321c7510a99222af018dc02133f02fae0f513d8bd79913c01ba725320977a2e077796c9e1b66bbdc0221b2f37fcb32f9cdc19357081e39105",
            "directory_permission": "0777",
            "file_permission": "0777",
            "filename": "../individual-workspaces/ws-0161/main.tf",
            "id": "7b9a1e00865d0e3bfa8535bceb1e7191e1171637",
            "sensitive_content": null,
            "source": null
          },
          "sensitive_attributes": []
        },
        {
          "index_key": 162,
          "schema_version": 0,
          "attributes": {
            "content": "#\n# Autogenerated by Terraform\n# https://github.com/hashi-strawb/tfc-monorepo-test/blob/main/repo_dirs/main.tf\n#\n\nmodule \"pet\" {\n  source = \"../../modules/random\"\n}\n",
            "content_base64": null,
            "content_base64sha256": "MezlB0fdrAmLX04grbiVeQ4tqo9lql8a/xhvvdmw8HI=",
            "content_base64sha512": "SR9IDbGH/PMhx1EKmSIq8BjcAhM/Avrg9RPYvXmRPAG6clMgl3ouB3eWyeG2a73AIhsvN/yzL5zcGTVwgeORBQ==",
            "content_md5": "3d0f588742e923989b4538f3a51644d0",
            "content_sha1": "7b9a1e00865d0e3bfa8535bceb1e7191e1171637",
            "content_sha256": "31ece50747ddac098b5f4e20adb895790e2daa8f65aa5f1aff186fbdd9b0f072",
            "content_sha512": "491f480db187fcf321c7510a99222af018dc02133f02fae0f513d8bd79913c01ba725320977a2e077796c9e1b66bbdc0221b2f37fcb32f9cdc19357081e39105",
            "directory_permission": "0777",
            "file_permission": "0777",
            "filename": "../individual-workspaces/ws-0162/main.tf",
            "id": "7b9a1e00865d0e3bfa8535bceb1e7191e1171637",
            "sensitive_content": null,
            "source": null
          },
          "sensitive_attributes": []
        },
        {
          "index_key": 163,
          "schema_version": 0,
          "attributes": {
            "content": "#\n# Autogenerated by Terraform\n# https://github.com/hashi-strawb/tfc-monorepo-test/blob/main/repo_dirs/main.tf\n#\n\nmodule \"pet\" {\n  source = \"../../modules/random\"\n}\n",
            "content_base64": null,
            "content_base64sha256": "MezlB0fdrAmLX04grbiVeQ4tqo9lql8a/xhvvdmw8HI=",
            "content_base64sha512": "SR9IDbGH/PMhx1EKmSIq8BjcAhM/Avrg9RPYvXmRPAG6clMgl3ouB3eWyeG2a73AIhsvN/yzL5zcGTVwgeORBQ==",
            "content_md5": "3d0f588742e923989b4538f3a51644d0",
            "content_sha1": "7b9a1e00865d0e3bfa8535bceb1e7191e1171637",
            "content_sha256": "31ece50747ddac098b5f4e20adb895790e2daa8f65aa5f1aff186fbdd9b0f072",
            "content_sha512": "491f480db187fcf321c7510a99222af018dc02133f02fae0f513d8bd79913c01ba725320977a2e077796c9e1b66bbdc0221b2f37fcb32f9cdc19357081e39105",
            "directory_permission": "0777",
            "file_permission": "0777",
            "filename": "../individual-workspaces/ws-0163/main.tf",
            "id": "7b9a1e00865d0e3bfa8535bceb1e7191e1171637",
            "sensitive_content": null,
            "source": null
          },
          "sensitive_attributes": []
        },
        {
          "index_key": 164,
          "schema_version": 0,
          "attributes": {
            "content": "#\n# Autogenerated by Terraform\n# https://github.com/hashi-strawb/tfc-monorepo-test/blob/main/repo_dirs/main.tf\n#\n\nmodule \"pet\" {\n  source = \"../../modules/random\"\n}\n",
            "content_base64": null,
            "content_base64sha256": "MezlB0fdrAmLX04grbiVeQ4tqo9lql8a/xhvvdmw8HI=",
            "content_base64sha512": "SR9IDbGH/PMhx1EKmSIq8BjcAhM/Avrg9RPYvXmRPAG6clMgl3ouB3eWyeG2a73AIhsvN/yzL5zcGTVwgeORBQ==",
            "content_md5": "3d0f588742e923989b4538f3a51644d0",
            "content_sha1": "7b9a1e00865d0e3bfa8535bceb1e7191e1171637",
            "content_sha256": "31ece50747ddac098b5f4e20adb895790e2daa8f65aa5f1aff186fbdd9b0f072",
            "content_sha512": "491f480db187fcf321c7510a99222af018dc02133f02fae0f513d8bd79913c01ba725320977a2e077796c9e1b66bbdc0221b2f37fcb32f9cdc19357081e39105",
            "directory_permission": "0777",
            "file_permission": "0777",
            "filename": "../individual-workspaces/ws-0164/main.tf",
            "id": "7b9a1e00865d0e3bfa8535bceb1e7191e1171637",
            "sensitive_content": null,
            "source": null
          },
          "sensitive_attributes": []
        },
        {
          "index_key": 165,
          "schema_version": 0,
          "attributes": {
            "content": "#\n# Autogenerated by Terraform\n# https://github.com/hashi-strawb/tfc-monorepo-test/blob/main/repo_dirs/main.tf\n#\n\nmodule \"pet\" {\n  source = \"../../modules/random\"\n}\n",
            "content_base64": null,
            "content_base64sha256": "MezlB0fdrAmLX04grbiVeQ4tqo9lql8a/xhvvdmw8HI=",
            "content_base64sha512": "SR9IDbGH/PMhx1EKmSIq8BjcAhM/Avrg9RPYvXmRPAG6clMgl3ouB3eWyeG2a73AIhsvN/yzL5zcGTVwgeORBQ==",
            "content_md5": "3d0f588742e923989b4538f3a51644d0",
            "content_sha1": "7b9a1e00865d0e3bfa8535bceb1e7191e1171637",
            "content_sha256": "31ece50747ddac098b5f4e20adb895790e2daa8f65aa5f1aff186fbdd9b0f072",
            "content_sha512": "491f480db187fcf321c7510a99222af018dc02133f02fae0f513d8bd79913c01ba725320977a2e077796c9e1b66bbdc0221b2f37fcb32f9cdc19357081e39105",
            "directory_permission": "0777",
            "file_permission": "0777",
            "filename": "../individual-workspaces/ws-0165/main.tf",
            "id": "7b9a1e00865d0e3bfa8535bceb1e7191e1171637",
            "sensitive_content": null,
            "source": null
          },
          "sensitive_attributes": []
        },
        {
          "index_key": 166,
          "schema_version": 0,
          "attributes": {
            "content": "#\n# Autogenerated by Terraform\n# https://github.com/hashi-strawb/tfc-monorepo-test/blob/main/repo_dirs/main.tf\n#\n\nmodule \"pet\" {\n  source = \"../../modules/random\"\n}\n",
            "content_base64": null,
            "content_base64sha256": "MezlB0fdrAmLX04grbiVeQ4tqo9lql8a/xhvvdmw8HI=",
            "content_base64sha512": "SR9IDbGH/PMhx1EKmSIq8BjcAhM/Avrg9RPYvXmRPAG6clMgl3ouB3eWyeG2a73AIhsvN/yzL5zcGTVwgeORBQ==",
            "content_md5": "3d0f588742e923989b4538f3a51644d0",
            "content_sha1": "7b9a1e00865d0e3bfa8535bceb1e7191e1171637",
            "content_sha256": "31ece50747ddac098b5f4e20adb895790e2daa8f65aa5f1aff186fbdd9b0f072",
            "content_sha512": "491f480db187fcf321c7510a99222af018dc02133f02fae0f513d8bd79913c01ba725320977a2e077796c9e1b66bbdc0221b2f37fcb32f9cdc19357081e39105",
            "directory_permission": "0777",
            "file_permission": "0777",
            "filename": "../individual-workspaces/ws-0166/main.tf",
            "id": "7b9a1e00865d0e3bfa8535bceb1e7191e1171637",
            "sensitive_content": null,
            "source": null
          },
          "sensitive_attributes": []
        },
        {
          "index_key": 167,
          "schema_version": 0,
          "attributes": {
            "content": "#\n# Autogenerated by Terraform\n# https://github.com/hashi-strawb/tfc-monorepo-test/blob/main/repo_dirs/main.tf\n#\n\nmodule \"pet\" {\n  source = \"../../modules/random\"\n}\n",
            "content_base64": null,
            "content_base64sha256": "MezlB0fdrAmLX04grbiVeQ4tqo9lql8a/xhvvdmw8HI=",
            "content_base64sha512": "SR9IDbGH/PMhx1EKmSIq8BjcAhM/Avrg9RPYvXmRPAG6clMgl3ouB3eWyeG2a73AIhsvN/yzL5zcGTVwgeORBQ==",
            "content_md5": "3d0f588742e923989b4538f3a51644d0",
            "content_sha1": "7b9a1e00865d0e3bfa8535bceb1e7191e1171637",
            "content_sha256": "31ece50747ddac098b5f4e20adb895790e2daa8f65aa5f1aff186fbdd9b0f072",
            "content_sha512": "491f480db187fcf321c7510a99222af018dc02133f02fae0f513d8bd79913c01ba725320977a2e077796c9e1b66bbdc0221b2f37fcb32f9cdc19357081e39105",
            "directory_permission": "0777",
            "file_permission": "0777",
            "filename": "../individual-workspaces/ws-0167/main.tf",
            "id": "7b9a1e00865d0e3bfa8535bceb1e7191e1171637",
            "sensitive_content": null,
            "source": null
          },
          "sensitive_attributes": []
        },
        {
          "index_key": 168,
          "schema_version": 0,
          "attributes": {
            "content": "#\n# Autogenerated by Terraform\n# https://github.com/hashi-strawb/tfc-monorepo-test/blob/main/repo_dirs/main.tf\n#\n\nmodule \"pet\" {\n  source = \"../../modules/random\"\n}\n",
            "content_base64": null,
            "content_base64sha256": "MezlB0fdrAmLX04grbiVeQ4tqo9lql8a/xhvvdmw8HI=",
            "content_base64sha512": "SR9IDbGH/PMhx1EKmSIq8BjcAhM/Avrg9RPYvXmRPAG6clMgl3ouB3eWyeG2a73AIhsvN/yzL5zcGTVwgeORBQ==",
            "content_md5": "3d0f588742e923989b4538f3a51644d0",
            "content_sha1": "7b9a1e00865d0e3bfa8535bceb1e7191e1171637",
            "content_sha256": "31ece50747ddac098b5f4e20adb895790e2daa8f65aa5f1aff186fbdd9b0f072",
            "content_sha512": "491f480db187fcf321c7510a99222af018dc02133f02fae0f513d8bd79913c01ba725320977a2e077796c9e1b66bbdc0221b2f37fcb32f9cdc19357081e39105",
            "directory_permission": "0777",
            "file_permission": "0777",
            "filename": "../individual-workspaces/ws-0168/main.tf",
            "id": "7b9a1e00865d0e3bfa8535bceb1e7191e1171637",
            "sensitive_content": null,
            "source": null
          },
          "sensitive_attributes": []
        },
        {
          "index_key": 169,
          "schema_version": 0,
          "attributes": {
            "content": "#\n# Autogenerated by Terraform\n# https://github.com/hashi-strawb/tfc-monorepo-test/blob/main/repo_dirs/main.tf\n#\n\nmodule \"pet\" {\n  source = \"../../modules/random\"\n}\n",
            "content_base64": null,
            "content_base64sha256": "MezlB0fdrAmLX04grbiVeQ4tqo9lql8a/xhvvdmw8HI=",
            "content_base64sha512": "SR9IDbGH/PMhx1EKmSIq8BjcAhM/Avrg9RPYvXmRPAG6clMgl3ouB3eWyeG2a73AIhsvN/yzL5zcGTVwgeORBQ==",
            "content_md5": "3d0f588742e923989b4538f3a51644d0",
            "content_sha1": "7b9a1e00865d0e3bfa8535bceb1e7191e1171637",
            "content_sha256": "31ece50747ddac098b5f4e20adb895790e2daa8f65aa5f1aff186fbdd9b0f072",
            "content_sha512": "491f480db187fcf321c7510a99222af018dc02133f02fae0f513d8bd79913c01ba725320977a2e077796c9e1b66bbdc0221b2f37fcb32f9cdc19357081e39105",
            "directory_permission": "0777",
            "file_permission": "0777",
            "filename": "../individual-workspaces/ws-0169/main.tf",
            "id": "7b9a1e00865d0e3bfa8535bceb1e7191e1171637",
            "sensitive_content": null,
            "source": null
          },
          "sensitive_attributes": []
        },
        {
          "index_key": 170,
          "schema_version": 0,
          "attributes": {
            "content": "#\n# Autogenerated by Terraform\n# https://github.com/hashi-strawb/tfc-monorepo-test/blob/main/repo_dirs/main.tf\n#\n\nmodule \"pet\" {\n  source = \"../../modules/random\"\n}\n",
            "content_base64": null,
            "content_base64sha256": "MezlB0fdrAmLX04grbiVeQ4tqo9lql8a/xhvvdmw8HI=",
            "content_base64sha512": "SR9IDbGH/PMhx1EKmSIq8BjcAhM/Avrg9RPYvXmRPAG6clMgl3ouB3eWyeG2a73AIhsvN/yzL5zcGTVwgeORBQ==",
            "content_md5": "3d0f588742e923989b4538f3a51644d0",
            "content_sha1": "7b9a1e00865d0e3bfa8535bceb1e7191e1171637",
            "content_sha256": "31ece50747ddac098b5f4e20adb895790e2daa8f65aa5f1aff186fbdd9b0f072",
            "content_sha512": "491f480db187fcf321c7510a99222af018dc02133f02fae0f513d8bd79913c01ba725320977a2e077796c9e1b66bbdc0221b2f37fcb32f9cdc19357081e39105",
            "directory_permission": "0777",
            "file_permission": "0777",
            "filename": "../individual-workspaces/ws-0170/main.tf",
            "id": "7b9a1e00865d0e3bfa8535bceb1e7191e1171637",
            "sensitive_content": null,
            "source": null
          },
          "sensitive_attributes": []
        },
        {
          "index_key": 171,
          "schema_version": 0,
          "attributes": {
            "content": "#\n# Autogenerated by Terraform\n# https://github.com/hashi-strawb/tfc-monorepo-test/blob/main/repo_dirs/main.tf\n#\n\nmodule \"pet\" {\n  source = \"../../modules/random\"\n}\n",
            "content_base64": null,
            "content_base64sha256": "MezlB0fdrAmLX04grbiVeQ4tqo9lql8a/xhvvdmw8HI=",
            "content_base64sha512": "SR9IDbGH/PMhx1EKmSIq8BjcAhM/Avrg9RPYvXmRPAG6clMgl3ouB3eWyeG2a73AIhsvN/yzL5zcGTVwgeORBQ==",
            "content_md5": "3d0f588742e923989b4538f3a51644d0",
            "content_sha1": "7b9a1e00865d0e3bfa8535bceb1e7191e1171637",
            "content_sha256": "31ece50747ddac098b5f4e20adb895790e2daa8f65aa5f1aff186fbdd9b0f072",
            "content_sha512": "491f480db187fcf321c7510a99222af018dc02133f02fae0f513d8bd79913c01ba725320977a2e077796c9e1b66bbdc0221b2f37fcb32f9cdc19357081e39105",
            "directory_permission": "0777",
            "file_permission": "0777",
            "filename": "../individual-workspaces/ws-0171/main.tf",
            "id": "7b9a1e00865d0e3bfa8535bceb1e7191e1171637",
            "sensitive_content": null,
            "source": null
          },
          "sensitive_attributes": []
        },
        {
          "index_key": 172,
          "schema_version": 0,
          "attributes": {
            "content": "#\n# Autogenerated by Terraform\n# https://github.com/hashi-strawb/tfc-monorepo-test/blob/main/repo_dirs/main.tf\n#\n\nmodule \"pet\" {\n  source = \"../../modules/random\"\n}\n",
            "content_base64": null,
            "content_base64sha256": "MezlB0fdrAmLX04grbiVeQ4tqo9lql8a/xhvvdmw8HI=",
            "content_base64sha512": "SR9IDbGH/PMhx1EKmSIq8BjcAhM/Avrg9RPYvXmRPAG6clMgl3ouB3eWyeG2a73AIhsvN/yzL5zcGTVwgeORBQ==",
            "content_md5": "3d0f588742e923989b4538f3a51644d0",
            "content_sha1": "7b9a1e00865d0e3bfa8535bceb1e7191e1171637",
            "content_sha256": "31ece50747ddac098b5f4e20adb895790e2daa8f65aa5f1aff186fbdd9b0f072",
            "content_sha512": "491f480db187fcf321c7510a99222af018dc02133f02fae0f513d8bd79913c01ba725320977a2e077796c9e1b66bbdc0221b2f37fcb32f9cdc19357081e39105",
            "directory_permission": "0777",
            "file_permission": "0777",
            "filename": "../individual-workspaces/ws-0172/main.tf",
            "id": "7b9a1e00865d0e3bfa8535bceb1e7191e1171637",
            "sensitive_content": null,
            "source": null
          },
          "sensitive_attributes": []
        },
        {
          "index_key": 173,
          "schema_version": 0,
          "attributes": {
            "content": "#\n# Autogenerated by Terraform\n# https://github.com/hashi-strawb/tfc-monorepo-test/blob/main/repo_dirs/main.tf\n#\n\nmodule \"pet\" {\n  source = \"../../modules/random\"\n}\n",
            "content_base64": null,
            "content_base64sha256": "MezlB0fdrAmLX04grbiVeQ4tqo9lql8a/xhvvdmw8HI=",
            "content_base64sha512": "SR9IDbGH/PMhx1EKmSIq8BjcAhM/Avrg9RPYvXmRPAG6clMgl3ouB3eWyeG2a73AIhsvN/yzL5zcGTVwgeORBQ==",
            "content_md5": "3d0f588742e923989b4538f3a51644d0",
            "content_sha1": "7b9a1e00865d0e3bfa8535bceb1e7191e1171637",
            "content_sha256": "31ece50747ddac098b5f4e20adb895790e2daa8f65aa5f1aff186fbdd9b0f072",
            "content_sha512": "491f480db187fcf321c7510a99222af018dc02133f02fae0f513d8bd79913c01ba725320977a2e077796c9e1b66bbdc0221b2f37fcb32f9cdc19357081e39105",
            "directory_permission": "0777",
            "file_permission": "0777",
            "filename": "../individual-workspaces/ws-0173/main.tf",
            "id": "7b9a1e00865d0e3bfa8535bceb1e7191e1171637",
            "sensitive_content": null,
            "source": null
          },
          "sensitive_attributes": []
        },
        {
          "index_key": 174,
          "schema_version": 0,
          "attributes": {
            "content": "#\n# Autogenerated by Terraform\n# https://github.com/hashi-strawb/tfc-monorepo-test/blob/main/repo_dirs/main.tf\n#\n\nmodule \"pet\" {\n  source = \"../../modules/random\"\n}\n",
            "content_base64": null,
            "content_base64sha256": "MezlB0fdrAmLX04grbiVeQ4tqo9lql8a/xhvvdmw8HI=",
            "content_base64sha512": "SR9IDbGH/PMhx1EKmSIq8BjcAhM/Avrg9RPYvXmRPAG6clMgl3ouB3eWyeG2a73AIhsvN/yzL5zcGTVwgeORBQ==",
            "content_md5": "3d0f588742e923989b4538f3a51644d0",
            "content_sha1": "7b9a1e00865d0e3bfa8535bceb1e7191e1171637",
            "content_sha256": "31ece50747ddac098b5f4e20adb895790e2daa8f65aa5f1aff186fbdd9b0f072",
            "content_sha512": "491f480db187fcf321c7510a99222af018dc02133f02fae0f513d8bd79913c01ba725320977a2e077796c9e1b66bbdc0221b2f37fcb32f9cdc19357081e39105",
            "directory_permission": "0777",
            "file_permission": "0777",
            "filename": "../individual-workspaces/ws-0174/main.tf",
            "id": "7b9a1e00865d0e3bfa8535bceb1e7191e1171637",
            "sensitive_content": null,
            "source": null
          },
          "sensitive_attributes": []
        },
        {
          "index_key": 175,
          "schema_version": 0,
          "attributes": {
            "content": "#\n# Autogenerated by Terraform\n# https://github.com/hashi-strawb/tfc-monorepo-test/blob/main/repo_dirs/main.tf\n#\n\nmodule \"pet\" {\n  source = \"../../modules/random\"\n}\n",
            "content_base64": null,
            "content_base64sha256": "MezlB0fdrAmLX04grbiVeQ4tqo9lql8a/xhvvdmw8HI=",
            "content_base64sha512": "SR9IDbGH/PMhx1EKmSIq8BjcAhM/Avrg9RPYvXmRPAG6clMgl3ouB3eWyeG2a73AIhsvN/yzL5zcGTVwgeORBQ==",
            "content_md5": "3d0f588742e923989b4538f3a51644d0",
            "content_sha1": "7b9a1e00865d0e3bfa8535bceb1e7191e1171637",
            "content_sha256": "31ece50747ddac098b5f4e20adb895790e2daa8f65aa5f1aff186fbdd9b0f072",
            "content_sha512": "491f480db187fcf321c7510a99222af018dc02133f02fae0f513d8bd79913c01ba725320977a2e077796c9e1b66bbdc0221b2f37fcb32f9cdc19357081e39105",
            "directory_permission": "0777",
            "file_permission": "0777",
            "filename": "../individual-workspaces/ws-0175/main.tf",
            "id": "7b9a1e00865d0e3bfa8535bceb1e7191e1171637",
            "sensitive_content": null,
            "source": null
          },
          "sensitive_attributes": []
        },
        {
          "index_key": 176,
          "schema_version": 0,
          "attributes": {
            "content": "#\n# Autogenerated by Terraform\n# https://github.com/hashi-strawb/tfc-monorepo-test/blob/main/repo_dirs/main.tf\n#\n\nmodule \"pet\" {\n  source = \"../../modules/random\"\n}\n",
            "content_base64": null,
            "content_base64sha256": "MezlB0fdrAmLX04grbiVeQ4tqo9lql8a/xhvvdmw8HI=",
            "content_base64sha512": "SR9IDbGH/PMhx1EKmSIq8BjcAhM/Avrg9RPYvXmRPAG6clMgl3ouB3eWyeG2a73AIhsvN/yzL5zcGTVwgeORBQ==",
            "content_md5": "3d0f588742e923989b4538f3a51644d0",
            "content_sha1": "7b9a1e00865d0e3bfa8535bceb1e7191e1171637",
            "content_sha256": "31ece50747ddac098b5f4e20adb895790e2daa8f65aa5f1aff186fbdd9b0f072",
            "content_sha512": "491f480db187fcf321c7510a99222af018dc02133f02fae0f513d8bd79913c01ba725320977a2e077796c9e1b66bbdc0221b2f37fcb32f9cdc19357081e39105",
            "directory_permission": "0777",
            "file_permission": "0777",
            "filename": "../individual-workspaces/ws-0176/main.tf",
            "id": "7b9a1e00865d0e3bfa8535bceb1e7191e1171637",
            "sensitive_content": null,
            "source": null
          },
          "sensitive_attributes": []
        },
        {
          "index_key": 177,
          "schema_version": 0,
          "attributes": {
            "content": "#\n# Autogenerated by Terraform\n# https://github.com/hashi-strawb/tfc-monorepo-test/blob/main/repo_dirs/main.tf\n#\n\nmodule \"pet\" {\n  source = \"../../modules/random\"\n}\n",
            "content_base64": null,
            "content_base64sha256": "MezlB0fdrAmLX04grbiVeQ4tqo9lql8a/xhvvdmw8HI=",
            "content_base64sha512": "SR9IDbGH/PMhx1EKmSIq8BjcAhM/Avrg9RPYvXmRPAG6clMgl3ouB3eWyeG2a73AIhsvN/yzL5zcGTVwgeORBQ==",
            "content_md5": "3d0f588742e923989b4538f3a51644d0",
            "content_sha1": "7b9a1e00865d0e3bfa8535bceb1e7191e1171637",
            "content_sha256": "31ece50747ddac098b5f4e20adb895790e2daa8f65aa5f1aff186fbdd9b0f072",
            "content_sha512": "491f480db187fcf321c7510a99222af018dc02133f02fae0f513d8bd79913c01ba725320977a2e077796c9e1b66bbdc0221b2f37fcb32f9cdc19357081e39105",
            "directory_permission": "0777",
            "file_permission": "0777",
            "filename": "../individual-workspaces/ws-0177/main.tf",
            "id": "7b9a1e00865d0e3bfa8535bceb1e7191e1171637",
            "sensitive_content": null,
            "source": null
          },
          "sensitive_attributes": []
        },
        {
          "index_key": 178,
          "schema_version": 0,
          "attributes": {
            "content": "#\n# Autogenerated by Terraform\n# https://github.com/hashi-strawb/tfc-monorepo-test/blob/main/repo_dirs/main.tf\n#\n\nmodule \"pet\" {\n  source = \"../../modules/random\"\n}\n",
            "content_base64": null,
            "content_base64sha256": "MezlB0fdrAmLX04grbiVeQ4tqo9lql8a/xhvvdmw8HI=",
            "content_base64sha512": "SR9IDbGH/PMhx1EKmSIq8BjcAhM/Avrg9RPYvXmRPAG6clMgl3ouB3eWyeG2a73AIhsvN/yzL5zcGTVwgeORBQ==",
            "content_md5": "3d0f588742e923989b4538f3a51644d0",
            "content_sha1": "7b9a1e00865d0e3bfa8535bceb1e7191e1171637",
            "content_sha256": "31ece50747ddac098b5f4e20adb895790e2daa8f65aa5f1aff186fbdd9b0f072",
            "content_sha512": "491f480db187fcf321c7510a99222af018dc02133f02fae0f513d8bd79913c01ba725320977a2e077796c9e1b66bbdc0221b2f37fcb32f9cdc19357081e39105",
            "directory_permission": "0777",
            "file_permission": "0777",
            "filename": "../individual-workspaces/ws-0178/main.tf",
            "id": "7b9a1e00865d0e3bfa8535bceb1e7191e1171637",
            "sensitive_content": null,
            "source": null
          },
          "sensitive_attributes": []
        },
        {
          "index_key": 179,
          "schema_version": 0,
          "attributes": {
            "content": "#\n# Autogenerated by Terraform\n# https://github.com/hashi-strawb/tfc-monorepo-test/blob/main/repo_dirs/main.tf\n#\n\nmodule \"pet\" {\n  source = \"../../modules/random\"\n}\n",
            "content_base64": null,
            "content_base64sha256": "MezlB0fdrAmLX04grbiVeQ4tqo9lql8a/xhvvdmw8HI=",
            "content_base64sha512": "SR9IDbGH/PMhx1EKmSIq8BjcAhM/Avrg9RPYvXmRPAG6clMgl3ouB3eWyeG2a73AIhsvN/yzL5zcGTVwgeORBQ==",
            "content_md5": "3d0f588742e923989b4538f3a51644d0",
            "content_sha1": "7b9a1e00865d0e3bfa8535bceb1e7191e1171637",
            "content_sha256": "31ece50747ddac098b5f4e20adb895790e2daa8f65aa5f1aff186fbdd9b0f072",
            "content_sha512": "491f480db187fcf321c7510a99222af018dc02133f02fae0f513d8bd79913c01ba725320977a2e077796c9e1b66bbdc0221b2f37fcb32f9cdc19357081e39105",
            "directory_permission": "0777",
            "file_permission": "0777",
            "filename": "../individual-workspaces/ws-0179/main.tf",
            "id": "7b9a1e00865d0e3bfa8535bceb1e7191e1171637",
            "sensitive_content": null,
            "source": null
          },
          "sensitive_attributes": []
        },
        {
          "index_key": 180,
          "schema_version": 0,
          "attributes": {
            "content": "#\n# Autogenerated by Terraform\n# https://github.com/hashi-strawb/tfc-monorepo-test/blob/main/repo_dirs/main.tf\n#\n\nmodule \"pet\" {\n  source = \"../../modules/random\"\n}\n",
            "content_base64": null,
            "content_base64sha256": "MezlB0fdrAmLX04grbiVeQ4tqo9lql8a/xhvvdmw8HI=",
            "content_base64sha512": "SR9IDbGH/PMhx1EKmSIq8BjcAhM/Avrg9RPYvXmRPAG6clMgl3ouB3eWyeG2a73AIhsvN/yzL5zcGTVwgeORBQ==",
            "content_md5": "3d0f588742e923989b4538f3a51644d0",
            "content_sha1": "7b9a1e00865d0e3bfa8535bceb1e7191e1171637",
            "content_sha256": "31ece50747ddac098b5f4e20adb895790e2daa8f65aa5f1aff186fbdd9b0f072",
            "content_sha512": "491f480db187fcf321c7510a99222af018dc02133f02fae0f513d8bd79913c01ba725320977a2e077796c9e1b66bbdc0221b2f37fcb32f9cdc19357081e39105",
            "directory_permission": "0777",
            "file_permission": "0777",
            "filename": "../individual-workspaces/ws-0180/main.tf",
            "id": "7b9a1e00865d0e3bfa8535bceb1e7191e1171637",
            "sensitive_content": null,
            "source": null
          },
          "sensitive_attributes": []
        },
        {
          "index_key": 181,
          "schema_version": 0,
          "attributes": {
            "content": "#\n# Autogenerated by Terraform\n# https://github.com/hashi-strawb/tfc-monorepo-test/blob/main/repo_dirs/main.tf\n#\n\nmodule \"pet\" {\n  source = \"../../modules/random\"\n}\n",
            "content_base64": null,
            "content_base64sha256": "MezlB0fdrAmLX04grbiVeQ4tqo9lql8a/xhvvdmw8HI=",
            "content_base64sha512": "SR9IDbGH/PMhx1EKmSIq8BjcAhM/Avrg9RPYvXmRPAG6clMgl3ouB3eWyeG2a73AIhsvN/yzL5zcGTVwgeORBQ==",
            "content_md5": "3d0f588742e923989b4538f3a51644d0",
            "content_sha1": "7b9a1e00865d0e3bfa8535bceb1e7191e1171637",
            "content_sha256": "31ece50747ddac098b5f4e20adb895790e2daa8f65aa5f1aff186fbdd9b0f072",
            "content_sha512": "491f480db187fcf321c7510a99222af018dc02133f02fae0f513d8bd79913c01ba725320977a2e077796c9e1b66bbdc0221b2f37fcb32f9cdc19357081e39105",
            "directory_permission": "0777",
            "file_permission": "0777",
            "filename": "../individual-workspaces/ws-0181/main.tf",
            "id": "7b9a1e00865d0e3bfa8535bceb1e7191e1171637",
            "sensitive_content": null,
            "source": null
          },
          "sensitive_attributes": []
        },
        {
          "index_key": 182,
          "schema_version": 0,
          "attributes": {
            "content": "#\n# Autogenerated by Terraform\n# https://github.com/hashi-strawb/tfc-monorepo-test/blob/main/repo_dirs/main.tf\n#\n\nmodule \"pet\" {\n  source = \"../../modules/random\"\n}\n",
            "content_base64": null,
            "content_base64sha256": "MezlB0fdrAmLX04grbiVeQ4tqo9lql8a/xhvvdmw8HI=",
            "content_base64sha512": "SR9IDbGH/PMhx1EKmSIq8BjcAhM/Avrg9RPYvXmRPAG6clMgl3ouB3eWyeG2a73AIhsvN/yzL5zcGTVwgeORBQ==",
            "content_md5": "3d0f588742e923989b4538f3a51644d0",
            "content_sha1": "7b9a1e00865d0e3bfa8535bceb1e7191e1171637",
            "content_sha256": "31ece50747ddac098b5f4e20adb895790e2daa8f65aa5f1aff186fbdd9b0f072",
            "content_sha512": "491f480db187fcf321c7510a99222af018dc02133f02fae0f513d8bd79913c01ba725320977a2e077796c9e1b66bbdc0221b2f37fcb32f9cdc19357081e39105",
            "directory_permission": "0777",
            "file_permission": "0777",
            "filename": "../individual-workspaces/ws-0182/main.tf",
            "id": "7b9a1e00865d0e3bfa8535bceb1e7191e1171637",
            "sensitive_content": null,
            "source": null
          },
          "sensitive_attributes": []
        },
        {
          "index_key": 183,
          "schema_version": 0,
          "attributes": {
            "content": "#\n# Autogenerated by Terraform\n# https://github.com/hashi-strawb/tfc-monorepo-test/blob/main/repo_dirs/main.tf\n#\n\nmodule \"pet\" {\n  source = \"../../modules/random\"\n}\n",
            "content_base64": null,
            "content_base64sha256": "MezlB0fdrAmLX04grbiVeQ4tqo9lql8a/xhvvdmw8HI=",
            "content_base64sha512": "SR9IDbGH/PMhx1EKmSIq8BjcAhM/Avrg9RPYvXmRPAG6clMgl3ouB3eWyeG2a73AIhsvN/yzL5zcGTVwgeORBQ==",
            "content_md5": "3d0f588742e923989b4538f3a51644d0",
            "content_sha1": "7b9a1e00865d0e3bfa8535bceb1e7191e1171637",
            "content_sha256": "31ece50747ddac098b5f4e20adb895790e2daa8f65aa5f1aff186fbdd9b0f072",
            "content_sha512": "491f480db187fcf321c7510a99222af018dc02133f02fae0f513d8bd79913c01ba725320977a2e077796c9e1b66bbdc0221b2f37fcb32f9cdc19357081e39105",
            "directory_permission": "0777",
            "file_permission": "0777",
            "filename": "../individual-workspaces/ws-0183/main.tf",
            "id": "7b9a1e00865d0e3bfa8535bceb1e7191e1171637",
            "sensitive_content": null,
            "source": null
          },
          "sensitive_attributes": []
        },
        {
          "index_key": 184,
          "schema_version": 0,
          "attributes": {
            "content": "#\n# Autogenerated by Terraform\n# https://github.com/hashi-strawb/tfc-monorepo-test/blob/main/repo_dirs/main.tf\n#\n\nmodule \"pet\" {\n  source = \"../../modules/random\"\n}\n",
            "content_base64": null,
            "content_base64sha256": "MezlB0fdrAmLX04grbiVeQ4tqo9lql8a/xhvvdmw8HI=",
            "content_base64sha512": "SR9IDbGH/PMhx1EKmSIq8BjcAhM/Avrg9RPYvXmRPAG6clMgl3ouB3eWyeG2a73AIhsvN/yzL5zcGTVwgeORBQ==",
            "content_md5": "3d0f588742e923989b4538f3a51644d0",
            "content_sha1": "7b9a1e00865d0e3bfa8535bceb1e7191e1171637",
            "content_sha256": "31ece50747ddac098b5f4e20adb895790e2daa8f65aa5f1aff186fbdd9b0f072",
            "content_sha512": "491f480db187fcf321c7510a99222af018dc02133f02fae0f513d8bd79913c01ba725320977a2e077796c9e1b66bbdc0221b2f37fcb32f9cdc19357081e39105",
            "directory_permission": "0777",
            "file_permission": "0777",
            "filename": "../individual-workspaces/ws-0184/main.tf",
            "id": "7b9a1e00865d0e3bfa8535bceb1e7191e1171637",
            "sensitive_content": null,
            "source": null
          },
          "sensitive_attributes": []
        },
        {
          "index_key": 185,
          "schema_version": 0,
          "attributes": {
            "content": "#\n# Autogenerated by Terraform\n# https://github.com/hashi-strawb/tfc-monorepo-test/blob/main/repo_dirs/main.tf\n#\n\nmodule \"pet\" {\n  source = \"../../modules/random\"\n}\n",
            "content_base64": null,
            "content_base64sha256": "MezlB0fdrAmLX04grbiVeQ4tqo9lql8a/xhvvdmw8HI=",
            "content_base64sha512": "SR9IDbGH/PMhx1EKmSIq8BjcAhM/Avrg9RPYvXmRPAG6clMgl3ouB3eWyeG2a73AIhsvN/yzL5zcGTVwgeORBQ==",
            "content_md5": "3d0f588742e923989b4538f3a51644d0",
            "content_sha1": "7b9a1e00865d0e3bfa8535bceb1e7191e1171637",
            "content_sha256": "31ece50747ddac098b5f4e20adb895790e2daa8f65aa5f1aff186fbdd9b0f072",
            "content_sha512": "491f480db187fcf321c7510a99222af018dc02133f02fae0f513d8bd79913c01ba725320977a2e077796c9e1b66bbdc0221b2f37fcb32f9cdc19357081e39105",
            "directory_permission": "0777",
            "file_permission": "0777",
            "filename": "../individual-workspaces/ws-0185/main.tf",
            "id": "7b9a1e00865d0e3bfa8535bceb1e7191e1171637",
            "sensitive_content": null,
            "source": null
          },
          "sensitive_attributes": []
        },
        {
          "index_key": 186,
          "schema_version": 0,
          "attributes": {
            "content": "#\n# Autogenerated by Terraform\n# https://github.com/hashi-strawb/tfc-monorepo-test/blob/main/repo_dirs/main.tf\n#\n\nmodule \"pet\" {\n  source = \"../../modules/random\"\n}\n",
            "content_base64": null,
            "content_base64sha256": "MezlB0fdrAmLX04grbiVeQ4tqo9lql8a/xhvvdmw8HI=",
            "content_base64sha512": "SR9IDbGH/PMhx1EKmSIq8BjcAhM/Avrg9RPYvXmRPAG6clMgl3ouB3eWyeG2a73AIhsvN/yzL5zcGTVwgeORBQ==",
            "content_md5": "3d0f588742e923989b4538f3a51644d0",
            "content_sha1": "7b9a1e00865d0e3bfa8535bceb1e7191e1171637",
            "content_sha256": "31ece50747ddac098b5f4e20adb895790e2daa8f65aa5f1aff186fbdd9b0f072",
            "content_sha512": "491f480db187fcf321c7510a99222af018dc02133f02fae0f513d8bd79913c01ba725320977a2e077796c9e1b66bbdc0221b2f37fcb32f9cdc19357081e39105",
            "directory_permission": "0777",
            "file_permission": "0777",
            "filename": "../individual-workspaces/ws-0186/main.tf",
            "id": "7b9a1e00865d0e3bfa8535bceb1e7191e1171637",
            "sensitive_content": null,
            "source": null
          },
          "sensitive_attributes": []
        },
        {
          "index_key": 187,
          "schema_version": 0,
          "attributes": {
            "content": "#\n# Autogenerated by Terraform\n# https://github.com/hashi-strawb/tfc-monorepo-test/blob/main/repo_dirs/main.tf\n#\n\nmodule \"pet\" {\n  source = \"../../modules/random\"\n}\n",
            "content_base64": null,
            "content_base64sha256": "MezlB0fdrAmLX04grbiVeQ4tqo9lql8a/xhvvdmw8HI=",
            "content_base64sha512": "SR9IDbGH/PMhx1EKmSIq8BjcAhM/Avrg9RPYvXmRPAG6clMgl3ouB3eWyeG2a73AIhsvN/yzL5zcGTVwgeORBQ==",
            "content_md5": "3d0f588742e923989b4538f3a51644d0",
            "content_sha1": "7b9a1e00865d0e3bfa8535bceb1e7191e1171637",
            "content_sha256": "31ece50747ddac098b5f4e20adb895790e2daa8f65aa5f1aff186fbdd9b0f072",
            "content_sha512": "491f480db187fcf321c7510a99222af018dc02133f02fae0f513d8bd79913c01ba725320977a2e077796c9e1b66bbdc0221b2f37fcb32f9cdc19357081e39105",
            "directory_permission": "0777",
            "file_permission": "0777",
            "filename": "../individual-workspaces/ws-0187/main.tf",
            "id": "7b9a1e00865d0e3bfa8535bceb1e7191e1171637",
            "sensitive_content": null,
            "source": null
          },
          "sensitive_attributes": []
        },
        {
          "index_key": 188,
          "schema_version": 0,
          "attributes": {
            "content": "#\n# Autogenerated by Terraform\n# https://github.com/hashi-strawb/tfc-monorepo-test/blob/main/repo_dirs/main.tf\n#\n\nmodule \"pet\" {\n  source = \"../../modules/random\"\n}\n",
            "content_base64": null,
            "content_base64sha256": "MezlB0fdrAmLX04grbiVeQ4tqo9lql8a/xhvvdmw8HI=",
            "content_base64sha512": "SR9IDbGH/PMhx1EKmSIq8BjcAhM/Avrg9RPYvXmRPAG6clMgl3ouB3eWyeG2a73AIhsvN/yzL5zcGTVwgeORBQ==",
            "content_md5": "3d0f588742e923989b4538f3a51644d0",
            "content_sha1": "7b9a1e00865d0e3bfa8535bceb1e7191e1171637",
            "content_sha256": "31ece50747ddac098b5f4e20adb895790e2daa8f65aa5f1aff186fbdd9b0f072",
            "content_sha512": "491f480db187fcf321c7510a99222af018dc02133f02fae0f513d8bd79913c01ba725320977a2e077796c9e1b66bbdc0221b2f37fcb32f9cdc19357081e39105",
            "directory_permission": "0777",
            "file_permission": "0777",
            "filename": "../individual-workspaces/ws-0188/main.tf",
            "id": "7b9a1e00865d0e3bfa8535bceb1e7191e1171637",
            "sensitive_content": null,
            "source": null
          },
          "sensitive_attributes": []
        },
        {
          "index_key": 189,
          "schema_version": 0,
          "attributes": {
            "content": "#\n# Autogenerated by Terraform\n# https://github.com/hashi-strawb/tfc-monorepo-test/blob/main/repo_dirs/main.tf\n#\n\nmodule \"pet\" {\n  source = \"../../modules/random\"\n}\n",
            "content_base64": null,
            "content_base64sha256": "MezlB0fdrAmLX04grbiVeQ4tqo9lql8a/xhvvdmw8HI=",
            "content_base64sha512": "SR9IDbGH/PMhx1EKmSIq8BjcAhM/Avrg9RPYvXmRPAG6clMgl3ouB3eWyeG2a73AIhsvN/yzL5zcGTVwgeORBQ==",
            "content_md5": "3d0f588742e923989b4538f3a51644d0",
            "content_sha1": "7b9a1e00865d0e3bfa8535bceb1e7191e1171637",
            "content_sha256": "31ece50747ddac098b5f4e20adb895790e2daa8f65aa5f1aff186fbdd9b0f072",
            "content_sha512": "491f480db187fcf321c7510a99222af018dc02133f02fae0f513d8bd79913c01ba725320977a2e077796c9e1b66bbdc0221b2f37fcb32f9cdc19357081e39105",
            "directory_permission": "0777",
            "file_permission": "0777",
            "filename": "../individual-workspaces/ws-0189/main.tf",
            "id": "7b9a1e00865d0e3bfa8535bceb1e7191e1171637",
            "sensitive_content": null,
            "source": null
          },
          "sensitive_attributes": []
        },
        {
          "index_key": 190,
          "schema_version": 0,
          "attributes": {
            "content": "#\n# Autogenerated by Terraform\n# https://github.com/hashi-strawb/tfc-monorepo-test/blob/main/repo_dirs/main.tf\n#\n\nmodule \"pet\" {\n  source = \"../../modules/random\"\n}\n",
            "content_base64": null,
            "content_base64sha256": "MezlB0fdrAmLX04grbiVeQ4tqo9lql8a/xhvvdmw8HI=",
            "content_base64sha512": "SR9IDbGH/PMhx1EKmSIq8BjcAhM/Avrg9RPYvXmRPAG6clMgl3ouB3eWyeG2a73AIhsvN/yzL5zcGTVwgeORBQ==",
            "content_md5": "3d0f588742e923989b4538f3a51644d0",
            "content_sha1": "7b9a1e00865d0e3bfa8535bceb1e7191e1171637",
            "content_sha256": "31ece50747ddac098b5f4e20adb895790e2daa8f65aa5f1aff186fbdd9b0f072",
            "content_sha512": "491f480db187fcf321c7510a99222af018dc02133f02fae0f513d8bd79913c01ba725320977a2e077796c9e1b66bbdc0221b2f37fcb32f9cdc19357081e39105",
            "directory_permission": "0777",
            "file_permission": "0777",
            "filename": "../individual-workspaces/ws-0190/main.tf",
            "id": "7b9a1e00865d0e3bfa8535bceb1e7191e1171637",
            "sensitive_content": null,
            "source": null
          },
          "sensitive_attributes": []
        },
        {
          "index_key": 191,
          "schema_version": 0,
          "attributes": {
            "content": "#\n# Autogenerated by Terraform\n# https://github.com/hashi-strawb/tfc-monorepo-test/blob/main/repo_dirs/main.tf\n#\n\nmodule \"pet\" {\n  source = \"../../modules/random\"\n}\n",
            "content_base64": null,
            "content_base64sha256": "MezlB0fdrAmLX04grbiVeQ4tqo9lql8a/xhvvdmw8HI=",
            "content_base64sha512": "SR9IDbGH/PMhx1EKmSIq8BjcAhM/Avrg9RPYvXmRPAG6clMgl3ouB3eWyeG2a73AIhsvN/yzL5zcGTVwgeORBQ==",
            "content_md5": "3d0f588742e923989b4538f3a51644d0",
            "content_sha1": "7b9a1e00865d0e3bfa8535bceb1e7191e1171637",
            "content_sha256": "31ece50747ddac098b5f4e20adb895790e2daa8f65aa5f1aff186fbdd9b0f072",
            "content_sha512": "491f480db187fcf321c7510a99222af018dc02133f02fae0f513d8bd79913c01ba725320977a2e077796c9e1b66bbdc0221b2f37fcb32f9cdc19357081e39105",
            "directory_permission": "0777",
            "file_permission": "0777",
            "filename": "../individual-workspaces/ws-0191/main.tf",
            "id": "7b9a1e00865d0e3bfa8535bceb1e7191e1171637",
            "sensitive_content": null,
            "source": null
          },
          "sensitive_attributes": []
        },
        {
          "index_key": 192,
          "schema_version": 0,
          "attributes": {
            "content": "#\n# Autogenerated by Terraform\n# https://github.com/hashi-strawb/tfc-monorepo-test/blob/main/repo_dirs/main.tf\n#\n\nmodule \"pet\" {\n  source = \"../../modules/random\"\n}\n",
            "content_base64": null,
            "content_base64sha256": "MezlB0fdrAmLX04grbiVeQ4tqo9lql8a/xhvvdmw8HI=",
            "content_base64sha512": "SR9IDbGH/PMhx1EKmSIq8BjcAhM/Avrg9RPYvXmRPAG6clMgl3ouB3eWyeG2a73AIhsvN/yzL5zcGTVwgeORBQ==",
            "content_md5": "3d0f588742e923989b4538f3a51644d0",
            "content_sha1": "7b9a1e00865d0e3bfa8535bceb1e7191e1171637",
            "content_sha256": "31ece50747ddac098b5f4e20adb895790e2daa8f65aa5f1aff186fbdd9b0f072",
            "content_sha512": "491f480db187fcf321c7510a99222af018dc02133f02fae0f513d8bd79913c01ba725320977a2e077796c9e1b66bbdc0221b2f37fcb32f9cdc19357081e39105",
            "directory_permission": "0777",
            "file_permission": "0777",
            "filename": "../individual-workspaces/ws-0192/main.tf",
            "id": "7b9a1e00865d0e3bfa8535bceb1e7191e1171637",
            "sensitive_content": null,
            "source": null
          },
          "sensitive_attributes": []
        },
        {
          "index_key": 193,
          "schema_version": 0,
          "attributes": {
            "content": "#\n# Autogenerated by Terraform\n# https://github.com/hashi-strawb/tfc-monorepo-test/blob/main/repo_dirs/main.tf\n#\n\nmodule \"pet\" {\n  source = \"../../modules/random\"\n}\n",
            "content_base64": null,
            "content_base64sha256": "MezlB0fdrAmLX04grbiVeQ4tqo9lql8a/xhvvdmw8HI=",
            "content_base64sha512": "SR9IDbGH/PMhx1EKmSIq8BjcAhM/Avrg9RPYvXmRPAG6clMgl3ouB3eWyeG2a73AIhsvN/yzL5zcGTVwgeORBQ==",
            "content_md5": "3d0f588742e923989b4538f3a51644d0",
            "content_sha1": "7b9a1e00865d0e3bfa8535bceb1e7191e1171637",
            "content_sha256": "31ece50747ddac098b5f4e20adb895790e2daa8f65aa5f1aff186fbdd9b0f072",
            "content_sha512": "491f480db187fcf321c7510a99222af018dc02133f02fae0f513d8bd79913c01ba725320977a2e077796c9e1b66bbdc0221b2f37fcb32f9cdc19357081e39105",
            "directory_permission": "0777",
            "file_permission": "0777",
            "filename": "../individual-workspaces/ws-0193/main.tf",
            "id": "7b9a1e00865d0e3bfa8535bceb1e7191e1171637",
            "sensitive_content": null,
            "source": null
          },
          "sensitive_attributes": []
        },
        {
          "index_key": 194,
          "schema_version": 0,
          "attributes": {
            "content": "#\n# Autogenerated by Terraform\n# https://github.com/hashi-strawb/tfc-monorepo-test/blob/main/repo_dirs/main.tf\n#\n\nmodule \"pet\" {\n  source = \"../../modules/random\"\n}\n",
            "content_base64": null,
            "content_base64sha256": "MezlB0fdrAmLX04grbiVeQ4tqo9lql8a/xhvvdmw8HI=",
            "content_base64sha512": "SR9IDbGH/PMhx1EKmSIq8BjcAhM/Avrg9RPYvXmRPAG6clMgl3ouB3eWyeG2a73AIhsvN/yzL5zcGTVwgeORBQ==",
            "content_md5": "3d0f588742e923989b4538f3a51644d0",
            "content_sha1": "7b9a1e00865d0e3bfa8535bceb1e7191e1171637",
            "content_sha256": "31ece50747ddac098b5f4e20adb895790e2daa8f65aa5f1aff186fbdd9b0f072",
            "content_sha512": "491f480db187fcf321c7510a99222af018dc02133f02fae0f513d8bd79913c01ba725320977a2e077796c9e1b66bbdc0221b2f37fcb32f9cdc19357081e39105",
            "directory_permission": "0777",
            "file_permission": "0777",
            "filename": "../individual-workspaces/ws-0194/main.tf",
            "id": "7b9a1e00865d0e3bfa8535bceb1e7191e1171637",
            "sensitive_content": null,
            "source": null
          },
          "sensitive_attributes": []
        },
        {
          "index_key": 195,
          "schema_version": 0,
          "attributes": {
            "content": "#\n# Autogenerated by Terraform\n# https://github.com/hashi-strawb/tfc-monorepo-test/blob/main/repo_dirs/main.tf\n#\n\nmodule \"pet\" {\n  source = \"../../modules/random\"\n}\n",
            "content_base64": null,
            "content_base64sha256": "MezlB0fdrAmLX04grbiVeQ4tqo9lql8a/xhvvdmw8HI=",
            "content_base64sha512": "SR9IDbGH/PMhx1EKmSIq8BjcAhM/Avrg9RPYvXmRPAG6clMgl3ouB3eWyeG2a73AIhsvN/yzL5zcGTVwgeORBQ==",
            "content_md5": "3d0f588742e923989b4538f3a51644d0",
            "content_sha1": "7b9a1e00865d0e3bfa8535bceb1e7191e1171637",
            "content_sha256": "31ece50747ddac098b5f4e20adb895790e2daa8f65aa5f1aff186fbdd9b0f072",
            "content_sha512": "491f480db187fcf321c7510a99222af018dc02133f02fae0f513d8bd79913c01ba725320977a2e077796c9e1b66bbdc0221b2f37fcb32f9cdc19357081e39105",
            "directory_permission": "0777",
            "file_permission": "0777",
            "filename": "../individual-workspaces/ws-0195/main.tf",
            "id": "7b9a1e00865d0e3bfa8535bceb1e7191e1171637",
            "sensitive_content": null,
            "source": null
          },
          "sensitive_attributes": []
        },
        {
          "index_key": 196,
          "schema_version": 0,
          "attributes": {
            "content": "#\n# Autogenerated by Terraform\n# https://github.com/hashi-strawb/tfc-monorepo-test/blob/main/repo_dirs/main.tf\n#\n\nmodule \"pet\" {\n  source = \"../../modules/random\"\n}\n",
            "content_base64": null,
            "content_base64sha256": "MezlB0fdrAmLX04grbiVeQ4tqo9lql8a/xhvvdmw8HI=",
            "content_base64sha512": "SR9IDbGH/PMhx1EKmSIq8BjcAhM/Avrg9RPYvXmRPAG6clMgl3ouB3eWyeG2a73AIhsvN/yzL5zcGTVwgeORBQ==",
            "content_md5": "3d0f588742e923989b4538f3a51644d0",
            "content_sha1": "7b9a1e00865d0e3bfa8535bceb1e7191e1171637",
            "content_sha256": "31ece50747ddac098b5f4e20adb895790e2daa8f65aa5f1aff186fbdd9b0f072",
            "content_sha512": "491f480db187fcf321c7510a99222af018dc02133f02fae0f513d8bd79913c01ba725320977a2e077796c9e1b66bbdc0221b2f37fcb32f9cdc19357081e39105",
            "directory_permission": "0777",
            "file_permission": "0777",
            "filename": "../individual-workspaces/ws-0196/main.tf",
            "id": "7b9a1e00865d0e3bfa8535bceb1e7191e1171637",
            "sensitive_content": null,
            "source": null
          },
          "sensitive_attributes": []
        },
        {
          "index_key": 197,
          "schema_version": 0,
          "attributes": {
            "content": "#\n# Autogenerated by Terraform\n# https://github.com/hashi-strawb/tfc-monorepo-test/blob/main/repo_dirs/main.tf\n#\n\nmodule \"pet\" {\n  source = \"../../modules/random\"\n}\n",
            "content_base64": null,
            "content_base64sha256": "MezlB0fdrAmLX04grbiVeQ4tqo9lql8a/xhvvdmw8HI=",
            "content_base64sha512": "SR9IDbGH/PMhx1EKmSIq8BjcAhM/Avrg9RPYvXmRPAG6clMgl3ouB3eWyeG2a73AIhsvN/yzL5zcGTVwgeORBQ==",
            "content_md5": "3d0f588742e923989b4538f3a51644d0",
            "content_sha1": "7b9a1e00865d0e3bfa8535bceb1e7191e1171637",
            "content_sha256": "31ece50747ddac098b5f4e20adb895790e2daa8f65aa5f1aff186fbdd9b0f072",
            "content_sha512": "491f480db187fcf321c7510a99222af018dc02133f02fae0f513d8bd79913c01ba725320977a2e077796c9e1b66bbdc0221b2f37fcb32f9cdc19357081e39105",
            "directory_permission": "0777",
            "file_permission": "0777",
            "filename": "../individual-workspaces/ws-0197/main.tf",
            "id": "7b9a1e00865d0e3bfa8535bceb1e7191e1171637",
            "sensitive_content": null,
            "source": null
          },
          "sensitive_attributes": []
        },
        {
          "index_key": 198,
          "schema_version": 0,
          "attributes": {
            "content": "#\n# Autogenerated by Terraform\n# https://github.com/hashi-strawb/tfc-monorepo-test/blob/main/repo_dirs/main.tf\n#\n\nmodule \"pet\" {\n  source = \"../../modules/random\"\n}\n",
            "content_base64": null,
            "content_base64sha256": "MezlB0fdrAmLX04grbiVeQ4tqo9lql8a/xhvvdmw8HI=",
            "content_base64sha512": "SR9IDbGH/PMhx1EKmSIq8BjcAhM/Avrg9RPYvXmRPAG6clMgl3ouB3eWyeG2a73AIhsvN/yzL5zcGTVwgeORBQ==",
            "content_md5": "3d0f588742e923989b4538f3a51644d0",
            "content_sha1": "7b9a1e00865d0e3bfa8535bceb1e7191e1171637",
            "content_sha256": "31ece50747ddac098b5f4e20adb895790e2daa8f65aa5f1aff186fbdd9b0f072",
            "content_sha512": "491f480db187fcf321c7510a99222af018dc02133f02fae0f513d8bd79913c01ba725320977a2e077796c9e1b66bbdc0221b2f37fcb32f9cdc19357081e39105",
            "directory_permission": "0777",
            "file_permission": "0777",
            "filename": "../individual-workspaces/ws-0198/main.tf",
            "id": "7b9a1e00865d0e3bfa8535bceb1e7191e1171637",
            "sensitive_content": null,
            "source": null
          },
          "sensitive_attributes": []
        },
        {
          "index_key": 199,
          "schema_version": 0,
          "attributes": {
            "content": "#\n# Autogenerated by Terraform\n# https://github.com/hashi-strawb/tfc-monorepo-test/blob/main/repo_dirs/main.tf\n#\n\nmodule \"pet\" {\n  source = \"../../modules/random\"\n}\n",
            "content_base64": null,
            "content_base64sha256": "MezlB0fdrAmLX04grbiVeQ4tqo9lql8a/xhvvdmw8HI=",
            "content_base64sha512": "SR9IDbGH/PMhx1EKmSIq8BjcAhM/Avrg9RPYvXmRPAG6clMgl3ouB3eWyeG2a73AIhsvN/yzL5zcGTVwgeORBQ==",
            "content_md5": "3d0f588742e923989b4538f3a51644d0",
            "content_sha1": "7b9a1e00865d0e3bfa8535bceb1e7191e1171637",
            "content_sha256": "31ece50747ddac098b5f4e20adb895790e2daa8f65aa5f1aff186fbdd9b0f072",
            "content_sha512": "491f480db187fcf321c7510a99222af018dc02133f02fae0f513d8bd79913c01ba725320977a2e077796c9e1b66bbdc0221b2f37fcb32f9cdc19357081e39105",
            "directory_permission": "0777",
            "file_permission": "0777",
            "filename": "../individual-workspaces/ws-0199/main.tf",
            "id": "7b9a1e00865d0e3bfa8535bceb1e7191e1171637",
            "sensitive_content": null,
            "source": null
          },
          "sensitive_attributes": []
        },
        {
          "index_key": 200,
          "schema_version": 0,
          "attributes": {
            "content": "#\n# Autogenerated by Terraform\n# https://github.com/hashi-strawb/tfc-monorepo-test/blob/main/repo_dirs/main.tf\n#\n\nmodule \"pet\" {\n  source = \"../../modules/random\"\n}\n",
            "content_base64": null,
            "content_base64sha256": "MezlB0fdrAmLX04grbiVeQ4tqo9lql8a/xhvvdmw8HI=",
            "content_base64sha512": "SR9IDbGH/PMhx1EKmSIq8BjcAhM/Avrg9RPYvXmRPAG6clMgl3ouB3eWyeG2a73AIhsvN/yzL5zcGTVwgeORBQ==",
            "content_md5": "3d0f588742e923989b4538f3a51644d0",
            "content_sha1": "7b9a1e00865d0e3bfa8535bceb1e7191e1171637",
            "content_sha256": "31ece50747ddac098b5f4e20adb895790e2daa8f65aa5f1aff186fbdd9b0f072",
            "content_sha512": "491f480db187fcf321c7510a99222af018dc02133f02fae0f513d8bd79913c01ba725320977a2e077796c9e1b66bbdc0221b2f37fcb32f9cdc19357081e39105",
            "directory_permission": "0777",
            "file_permission": "0777",
            "filename": "../individual-workspaces/ws-0200/main.tf",
            "id": "7b9a1e00865d0e3bfa8535bceb1e7191e1171637",
            "sensitive_content": null,
            "source": null
          },
          "sensitive_attributes": []
        },
        {
          "index_key": 201,
          "schema_version": 0,
          "attributes": {
            "content": "#\n# Autogenerated by Terraform\n# https://github.com/hashi-strawb/tfc-monorepo-test/blob/main/repo_dirs/main.tf\n#\n\nmodule \"pet\" {\n  source = \"../../modules/random\"\n}\n",
            "content_base64": null,
            "content_base64sha256": "MezlB0fdrAmLX04grbiVeQ4tqo9lql8a/xhvvdmw8HI=",
            "content_base64sha512": "SR9IDbGH/PMhx1EKmSIq8BjcAhM/Avrg9RPYvXmRPAG6clMgl3ouB3eWyeG2a73AIhsvN/yzL5zcGTVwgeORBQ==",
            "content_md5": "3d0f588742e923989b4538f3a51644d0",
            "content_sha1": "7b9a1e00865d0e3bfa8535bceb1e7191e1171637",
            "content_sha256": "31ece50747ddac098b5f4e20adb895790e2daa8f65aa5f1aff186fbdd9b0f072",
            "content_sha512": "491f480db187fcf321c7510a99222af018dc02133f02fae0f513d8bd79913c01ba725320977a2e077796c9e1b66bbdc0221b2f37fcb32f9cdc19357081e39105",
            "directory_permission": "0777",
            "file_permission": "0777",
            "filename": "../individual-workspaces/ws-0201/main.tf",
            "id": "7b9a1e00865d0e3bfa8535bceb1e7191e1171637",
            "sensitive_content": null,
            "source": null
          },
          "sensitive_attributes": []
        },
        {
          "index_key": 202,
          "schema_version": 0,
          "attributes": {
            "content": "#\n# Autogenerated by Terraform\n# https://github.com/hashi-strawb/tfc-monorepo-test/blob/main/repo_dirs/main.tf\n#\n\nmodule \"pet\" {\n  source = \"../../modules/random\"\n}\n",
            "content_base64": null,
            "content_base64sha256": "MezlB0fdrAmLX04grbiVeQ4tqo9lql8a/xhvvdmw8HI=",
            "content_base64sha512": "SR9IDbGH/PMhx1EKmSIq8BjcAhM/Avrg9RPYvXmRPAG6clMgl3ouB3eWyeG2a73AIhsvN/yzL5zcGTVwgeORBQ==",
            "content_md5": "3d0f588742e923989b4538f3a51644d0",
            "content_sha1": "7b9a1e00865d0e3bfa8535bceb1e7191e1171637",
            "content_sha256": "31ece50747ddac098b5f4e20adb895790e2daa8f65aa5f1aff186fbdd9b0f072",
            "content_sha512": "491f480db187fcf321c7510a99222af018dc02133f02fae0f513d8bd79913c01ba725320977a2e077796c9e1b66bbdc0221b2f37fcb32f9cdc19357081e39105",
            "directory_permission": "0777",
            "file_permission": "0777",
            "filename": "../individual-workspaces/ws-0202/main.tf",
            "id": "7b9a1e00865d0e3bfa8535bceb1e7191e1171637",
            "sensitive_content": null,
            "source": null
          },
          "sensitive_attributes": []
        },
        {
          "index_key": 203,
          "schema_version": 0,
          "attributes": {
            "content": "#\n# Autogenerated by Terraform\n# https://github.com/hashi-strawb/tfc-monorepo-test/blob/main/repo_dirs/main.tf\n#\n\nmodule \"pet\" {\n  source = \"../../modules/random\"\n}\n",
            "content_base64": null,
            "content_base64sha256": "MezlB0fdrAmLX04grbiVeQ4tqo9lql8a/xhvvdmw8HI=",
            "content_base64sha512": "SR9IDbGH/PMhx1EKmSIq8BjcAhM/Avrg9RPYvXmRPAG6clMgl3ouB3eWyeG2a73AIhsvN/yzL5zcGTVwgeORBQ==",
            "content_md5": "3d0f588742e923989b4538f3a51644d0",
            "content_sha1": "7b9a1e00865d0e3bfa8535bceb1e7191e1171637",
            "content_sha256": "31ece50747ddac098b5f4e20adb895790e2daa8f65aa5f1aff186fbdd9b0f072",
            "content_sha512": "491f480db187fcf321c7510a99222af018dc02133f02fae0f513d8bd79913c01ba725320977a2e077796c9e1b66bbdc0221b2f37fcb32f9cdc19357081e39105",
            "directory_permission": "0777",
            "file_permission": "0777",
            "filename": "../individual-workspaces/ws-0203/main.tf",
            "id": "7b9a1e00865d0e3bfa8535bceb1e7191e1171637",
            "sensitive_content": null,
            "source": null
          },
          "sensitive_attributes": []
        },
        {
          "index_key": 204,
          "schema_version": 0,
          "attributes": {
            "content": "#\n# Autogenerated by Terraform\n# https://github.com/hashi-strawb/tfc-monorepo-test/blob/main/repo_dirs/main.tf\n#\n\nmodule \"pet\" {\n  source = \"../../modules/random\"\n}\n",
            "content_base64": null,
            "content_base64sha256": "MezlB0fdrAmLX04grbiVeQ4tqo9lql8a/xhvvdmw8HI=",
            "content_base64sha512": "SR9IDbGH/PMhx1EKmSIq8BjcAhM/Avrg9RPYvXmRPAG6clMgl3ouB3eWyeG2a73AIhsvN/yzL5zcGTVwgeORBQ==",
            "content_md5": "3d0f588742e923989b4538f3a51644d0",
            "content_sha1": "7b9a1e00865d0e3bfa8535bceb1e7191e1171637",
            "content_sha256": "31ece50747ddac098b5f4e20adb895790e2daa8f65aa5f1aff186fbdd9b0f072",
            "content_sha512": "491f480db187fcf321c7510a99222af018dc02133f02fae0f513d8bd79913c01ba725320977a2e077796c9e1b66bbdc0221b2f37fcb32f9cdc19357081e39105",
            "directory_permission": "0777",
            "file_permission": "0777",
            "filename": "../individual-workspaces/ws-0204/main.tf",
            "id": "7b9a1e00865d0e3bfa8535bceb1e7191e1171637",
            "sensitive_content": null,
            "source": null
          },
          "sensitive_attributes": []
        },
        {
          "index_key": 205,
          "schema_version": 0,
          "attributes": {
            "content": "#\n# Autogenerated by Terraform\n# https://github.com/hashi-strawb/tfc-monorepo-test/blob/main/repo_dirs/main.tf\n#\n\nmodule \"pet\" {\n  source = \"../../modules/random\"\n}\n",
            "content_base64": null,
            "content_base64sha256": "MezlB0fdrAmLX04grbiVeQ4tqo9lql8a/xhvvdmw8HI=",
            "content_base64sha512": "SR9IDbGH/PMhx1EKmSIq8BjcAhM/Avrg9RPYvXmRPAG6clMgl3ouB3eWyeG2a73AIhsvN/yzL5zcGTVwgeORBQ==",
            "content_md5": "3d0f588742e923989b4538f3a51644d0",
            "content_sha1": "7b9a1e00865d0e3bfa8535bceb1e7191e1171637",
            "content_sha256": "31ece50747ddac098b5f4e20adb895790e2daa8f65aa5f1aff186fbdd9b0f072",
            "content_sha512": "491f480db187fcf321c7510a99222af018dc02133f02fae0f513d8bd79913c01ba725320977a2e077796c9e1b66bbdc0221b2f37fcb32f9cdc19357081e39105",
            "directory_permission": "0777",
            "file_permission": "0777",
            "filename": "../individual-workspaces/ws-0205/main.tf",
            "id": "7b9a1e00865d0e3bfa8535bceb1e7191e1171637",
            "sensitive_content": null,
            "source": null
          },
          "sensitive_attributes": []
        },
        {
          "index_key": 206,
          "schema_version": 0,
          "attributes": {
            "content": "#\n# Autogenerated by Terraform\n# https://github.com/hashi-strawb/tfc-monorepo-test/blob/main/repo_dirs/main.tf\n#\n\nmodule \"pet\" {\n  source = \"../../modules/random\"\n}\n",
            "content_base64": null,
            "content_base64sha256": "MezlB0fdrAmLX04grbiVeQ4tqo9lql8a/xhvvdmw8HI=",
            "content_base64sha512": "SR9IDbGH/PMhx1EKmSIq8BjcAhM/Avrg9RPYvXmRPAG6clMgl3ouB3eWyeG2a73AIhsvN/yzL5zcGTVwgeORBQ==",
            "content_md5": "3d0f588742e923989b4538f3a51644d0",
            "content_sha1": "7b9a1e00865d0e3bfa8535bceb1e7191e1171637",
            "content_sha256": "31ece50747ddac098b5f4e20adb895790e2daa8f65aa5f1aff186fbdd9b0f072",
            "content_sha512": "491f480db187fcf321c7510a99222af018dc02133f02fae0f513d8bd79913c01ba725320977a2e077796c9e1b66bbdc0221b2f37fcb32f9cdc19357081e39105",
            "directory_permission": "0777",
            "file_permission": "0777",
            "filename": "../individual-workspaces/ws-0206/main.tf",
            "id": "7b9a1e00865d0e3bfa8535bceb1e7191e1171637",
            "sensitive_content": null,
            "source": null
          },
          "sensitive_attributes": []
        },
        {
          "index_key": 207,
          "schema_version": 0,
          "attributes": {
            "content": "#\n# Autogenerated by Terraform\n# https://github.com/hashi-strawb/tfc-monorepo-test/blob/main/repo_dirs/main.tf\n#\n\nmodule \"pet\" {\n  source = \"../../modules/random\"\n}\n",
            "content_base64": null,
            "content_base64sha256": "MezlB0fdrAmLX04grbiVeQ4tqo9lql8a/xhvvdmw8HI=",
            "content_base64sha512": "SR9IDbGH/PMhx1EKmSIq8BjcAhM/Avrg9RPYvXmRPAG6clMgl3ouB3eWyeG2a73AIhsvN/yzL5zcGTVwgeORBQ==",
            "content_md5": "3d0f588742e923989b4538f3a51644d0",
            "content_sha1": "7b9a1e00865d0e3bfa8535bceb1e7191e1171637",
            "content_sha256": "31ece50747ddac098b5f4e20adb895790e2daa8f65aa5f1aff186fbdd9b0f072",
            "content_sha512": "491f480db187fcf321c7510a99222af018dc02133f02fae0f513d8bd79913c01ba725320977a2e077796c9e1b66bbdc0221b2f37fcb32f9cdc19357081e39105",
            "directory_permission": "0777",
            "file_permission": "0777",
            "filename": "../individual-workspaces/ws-0207/main.tf",
            "id": "7b9a1e00865d0e3bfa8535bceb1e7191e1171637",
            "sensitive_content": null,
            "source": null
          },
          "sensitive_attributes": []
        },
        {
          "index_key": 208,
          "schema_version": 0,
          "attributes": {
            "content": "#\n# Autogenerated by Terraform\n# https://github.com/hashi-strawb/tfc-monorepo-test/blob/main/repo_dirs/main.tf\n#\n\nmodule \"pet\" {\n  source = \"../../modules/random\"\n}\n",
            "content_base64": null,
            "content_base64sha256": "MezlB0fdrAmLX04grbiVeQ4tqo9lql8a/xhvvdmw8HI=",
            "content_base64sha512": "SR9IDbGH/PMhx1EKmSIq8BjcAhM/Avrg9RPYvXmRPAG6clMgl3ouB3eWyeG2a73AIhsvN/yzL5zcGTVwgeORBQ==",
            "content_md5": "3d0f588742e923989b4538f3a51644d0",
            "content_sha1": "7b9a1e00865d0e3bfa8535bceb1e7191e1171637",
            "content_sha256": "31ece50747ddac098b5f4e20adb895790e2daa8f65aa5f1aff186fbdd9b0f072",
            "content_sha512": "491f480db187fcf321c7510a99222af018dc02133f02fae0f513d8bd79913c01ba725320977a2e077796c9e1b66bbdc0221b2f37fcb32f9cdc19357081e39105",
            "directory_permission": "0777",
            "file_permission": "0777",
            "filename": "../individual-workspaces/ws-0208/main.tf",
            "id": "7b9a1e00865d0e3bfa8535bceb1e7191e1171637",
            "sensitive_content": null,
            "source": null
          },
          "sensitive_attributes": []
        },
        {
          "index_key": 209,
          "schema_version": 0,
          "attributes": {
            "content": "#\n# Autogenerated by Terraform\n# https://github.com/hashi-strawb/tfc-monorepo-test/blob/main/repo_dirs/main.tf\n#\n\nmodule \"pet\" {\n  source = \"../../modules/random\"\n}\n",
            "content_base64": null,
            "content_base64sha256": "MezlB0fdrAmLX04grbiVeQ4tqo9lql8a/xhvvdmw8HI=",
            "content_base64sha512": "SR9IDbGH/PMhx1EKmSIq8BjcAhM/Avrg9RPYvXmRPAG6clMgl3ouB3eWyeG2a73AIhsvN/yzL5zcGTVwgeORBQ==",
            "content_md5": "3d0f588742e923989b4538f3a51644d0",
            "content_sha1": "7b9a1e00865d0e3bfa8535bceb1e7191e1171637",
            "content_sha256": "31ece50747ddac098b5f4e20adb895790e2daa8f65aa5f1aff186fbdd9b0f072",
            "content_sha512": "491f480db187fcf321c7510a99222af018dc02133f02fae0f513d8bd79913c01ba725320977a2e077796c9e1b66bbdc0221b2f37fcb32f9cdc19357081e39105",
            "directory_permission": "0777",
            "file_permission": "0777",
            "filename": "../individual-workspaces/ws-0209/main.tf",
            "id": "7b9a1e00865d0e3bfa8535bceb1e7191e1171637",
            "sensitive_content": null,
            "source": null
          },
          "sensitive_attributes": []
        },
        {
          "index_key": 210,
          "schema_version": 0,
          "attributes": {
            "content": "#\n# Autogenerated by Terraform\n# https://github.com/hashi-strawb/tfc-monorepo-test/blob/main/repo_dirs/main.tf\n#\n\nmodule \"pet\" {\n  source = \"../../modules/random\"\n}\n",
            "content_base64": null,
            "content_base64sha256": "MezlB0fdrAmLX04grbiVeQ4tqo9lql8a/xhvvdmw8HI=",
            "content_base64sha512": "SR9IDbGH/PMhx1EKmSIq8BjcAhM/Avrg9RPYvXmRPAG6clMgl3ouB3eWyeG2a73AIhsvN/yzL5zcGTVwgeORBQ==",
            "content_md5": "3d0f588742e923989b4538f3a51644d0",
            "content_sha1": "7b9a1e00865d0e3bfa8535bceb1e7191e1171637",
            "content_sha256": "31ece50747ddac098b5f4e20adb895790e2daa8f65aa5f1aff186fbdd9b0f072",
            "content_sha512": "491f480db187fcf321c7510a99222af018dc02133f02fae0f513d8bd79913c01ba725320977a2e077796c9e1b66bbdc0221b2f37fcb32f9cdc19357081e39105",
            "directory_permission": "0777",
            "file_permission": "0777",
            "filename": "../individual-workspaces/ws-0210/main.tf",
            "id": "7b9a1e00865d0e3bfa8535bceb1e7191e1171637",
            "sensitive_content": null,
            "source": null
          },
          "sensitive_attributes": []
        },
        {
          "index_key": 211,
          "schema_version": 0,
          "attributes": {
            "content": "#\n# Autogenerated by Terraform\n# https://github.com/hashi-strawb/tfc-monorepo-test/blob/main/repo_dirs/main.tf\n#\n\nmodule \"pet\" {\n  source = \"../../modules/random\"\n}\n",
            "content_base64": null,
            "content_base64sha256": "MezlB0fdrAmLX04grbiVeQ4tqo9lql8a/xhvvdmw8HI=",
            "content_base64sha512": "SR9IDbGH/PMhx1EKmSIq8BjcAhM/Avrg9RPYvXmRPAG6clMgl3ouB3eWyeG2a73AIhsvN/yzL5zcGTVwgeORBQ==",
            "content_md5": "3d0f588742e923989b4538f3a51644d0",
            "content_sha1": "7b9a1e00865d0e3bfa8535bceb1e7191e1171637",
            "content_sha256": "31ece50747ddac098b5f4e20adb895790e2daa8f65aa5f1aff186fbdd9b0f072",
            "content_sha512": "491f480db187fcf321c7510a99222af018dc02133f02fae0f513d8bd79913c01ba725320977a2e077796c9e1b66bbdc0221b2f37fcb32f9cdc19357081e39105",
            "directory_permission": "0777",
            "file_permission": "0777",
            "filename": "../individual-workspaces/ws-0211/main.tf",
            "id": "7b9a1e00865d0e3bfa8535bceb1e7191e1171637",
            "sensitive_content": null,
            "source": null
          },
          "sensitive_attributes": []
        },
        {
          "index_key": 212,
          "schema_version": 0,
          "attributes": {
            "content": "#\n# Autogenerated by Terraform\n# https://github.com/hashi-strawb/tfc-monorepo-test/blob/main/repo_dirs/main.tf\n#\n\nmodule \"pet\" {\n  source = \"../../modules/random\"\n}\n",
            "content_base64": null,
            "content_base64sha256": "MezlB0fdrAmLX04grbiVeQ4tqo9lql8a/xhvvdmw8HI=",
            "content_base64sha512": "SR9IDbGH/PMhx1EKmSIq8BjcAhM/Avrg9RPYvXmRPAG6clMgl3ouB3eWyeG2a73AIhsvN/yzL5zcGTVwgeORBQ==",
            "content_md5": "3d0f588742e923989b4538f3a51644d0",
            "content_sha1": "7b9a1e00865d0e3bfa8535bceb1e7191e1171637",
            "content_sha256": "31ece50747ddac098b5f4e20adb895790e2daa8f65aa5f1aff186fbdd9b0f072",
            "content_sha512": "491f480db187fcf321c7510a99222af018dc02133f02fae0f513d8bd79913c01ba725320977a2e077796c9e1b66bbdc0221b2f37fcb32f9cdc19357081e39105",
            "directory_permission": "0777",
            "file_permission": "0777",
            "filename": "../individual-workspaces/ws-0212/main.tf",
            "id": "7b9a1e00865d0e3bfa8535bceb1e7191e1171637",
            "sensitive_content": null,
            "source": null
          },
          "sensitive_attributes": []
        },
        {
          "index_key": 213,
          "schema_version": 0,
          "attributes": {
            "content": "#\n# Autogenerated by Terraform\n# https://github.com/hashi-strawb/tfc-monorepo-test/blob/main/repo_dirs/main.tf\n#\n\nmodule \"pet\" {\n  source = \"../../modules/random\"\n}\n",
            "content_base64": null,
            "content_base64sha256": "MezlB0fdrAmLX04grbiVeQ4tqo9lql8a/xhvvdmw8HI=",
            "content_base64sha512": "SR9IDbGH/PMhx1EKmSIq8BjcAhM/Avrg9RPYvXmRPAG6clMgl3ouB3eWyeG2a73AIhsvN/yzL5zcGTVwgeORBQ==",
            "content_md5": "3d0f588742e923989b4538f3a51644d0",
            "content_sha1": "7b9a1e00865d0e3bfa8535bceb1e7191e1171637",
            "content_sha256": "31ece50747ddac098b5f4e20adb895790e2daa8f65aa5f1aff186fbdd9b0f072",
            "content_sha512": "491f480db187fcf321c7510a99222af018dc02133f02fae0f513d8bd79913c01ba725320977a2e077796c9e1b66bbdc0221b2f37fcb32f9cdc19357081e39105",
            "directory_permission": "0777",
            "file_permission": "0777",
            "filename": "../individual-workspaces/ws-0213/main.tf",
            "id": "7b9a1e00865d0e3bfa8535bceb1e7191e1171637",
            "sensitive_content": null,
            "source": null
          },
          "sensitive_attributes": []
        },
        {
          "index_key": 214,
          "schema_version": 0,
          "attributes": {
            "content": "#\n# Autogenerated by Terraform\n# https://github.com/hashi-strawb/tfc-monorepo-test/blob/main/repo_dirs/main.tf\n#\n\nmodule \"pet\" {\n  source = \"../../modules/random\"\n}\n",
            "content_base64": null,
            "content_base64sha256": "MezlB0fdrAmLX04grbiVeQ4tqo9lql8a/xhvvdmw8HI=",
            "content_base64sha512": "SR9IDbGH/PMhx1EKmSIq8BjcAhM/Avrg9RPYvXmRPAG6clMgl3ouB3eWyeG2a73AIhsvN/yzL5zcGTVwgeORBQ==",
            "content_md5": "3d0f588742e923989b4538f3a51644d0",
            "content_sha1": "7b9a1e00865d0e3bfa8535bceb1e7191e1171637",
            "content_sha256": "31ece50747ddac098b5f4e20adb895790e2daa8f65aa5f1aff186fbdd9b0f072",
            "content_sha512": "491f480db187fcf321c7510a99222af018dc02133f02fae0f513d8bd79913c01ba725320977a2e077796c9e1b66bbdc0221b2f37fcb32f9cdc19357081e39105",
            "directory_permission": "0777",
            "file_permission": "0777",
            "filename": "../individual-workspaces/ws-0214/main.tf",
            "id": "7b9a1e00865d0e3bfa8535bceb1e7191e1171637",
            "sensitive_content": null,
            "source": null
          },
          "sensitive_attributes": []
        },
        {
          "index_key": 215,
          "schema_version": 0,
          "attributes": {
            "content": "#\n# Autogenerated by Terraform\n# https://github.com/hashi-strawb/tfc-monorepo-test/blob/main/repo_dirs/main.tf\n#\n\nmodule \"pet\" {\n  source = \"../../modules/random\"\n}\n",
            "content_base64": null,
            "content_base64sha256": "MezlB0fdrAmLX04grbiVeQ4tqo9lql8a/xhvvdmw8HI=",
            "content_base64sha512": "SR9IDbGH/PMhx1EKmSIq8BjcAhM/Avrg9RPYvXmRPAG6clMgl3ouB3eWyeG2a73AIhsvN/yzL5zcGTVwgeORBQ==",
            "content_md5": "3d0f588742e923989b4538f3a51644d0",
            "content_sha1": "7b9a1e00865d0e3bfa8535bceb1e7191e1171637",
            "content_sha256": "31ece50747ddac098b5f4e20adb895790e2daa8f65aa5f1aff186fbdd9b0f072",
            "content_sha512": "491f480db187fcf321c7510a99222af018dc02133f02fae0f513d8bd79913c01ba725320977a2e077796c9e1b66bbdc0221b2f37fcb32f9cdc19357081e39105",
            "directory_permission": "0777",
            "file_permission": "0777",
            "filename": "../individual-workspaces/ws-0215/main.tf",
            "id": "7b9a1e00865d0e3bfa8535bceb1e7191e1171637",
            "sensitive_content": null,
            "source": null
          },
          "sensitive_attributes": []
        },
        {
          "index_key": 216,
          "schema_version": 0,
          "attributes": {
            "content": "#\n# Autogenerated by Terraform\n# https://github.com/hashi-strawb/tfc-monorepo-test/blob/main/repo_dirs/main.tf\n#\n\nmodule \"pet\" {\n  source = \"../../modules/random\"\n}\n",
            "content_base64": null,
            "content_base64sha256": "MezlB0fdrAmLX04grbiVeQ4tqo9lql8a/xhvvdmw8HI=",
            "content_base64sha512": "SR9IDbGH/PMhx1EKmSIq8BjcAhM/Avrg9RPYvXmRPAG6clMgl3ouB3eWyeG2a73AIhsvN/yzL5zcGTVwgeORBQ==",
            "content_md5": "3d0f588742e923989b4538f3a51644d0",
            "content_sha1": "7b9a1e00865d0e3bfa8535bceb1e7191e1171637",
            "content_sha256": "31ece50747ddac098b5f4e20adb895790e2daa8f65aa5f1aff186fbdd9b0f072",
            "content_sha512": "491f480db187fcf321c7510a99222af018dc02133f02fae0f513d8bd79913c01ba725320977a2e077796c9e1b66bbdc0221b2f37fcb32f9cdc19357081e39105",
            "directory_permission": "0777",
            "file_permission": "0777",
            "filename": "../individual-workspaces/ws-0216/main.tf",
            "id": "7b9a1e00865d0e3bfa8535bceb1e7191e1171637",
            "sensitive_content": null,
            "source": null
          },
          "sensitive_attributes": []
        },
        {
          "index_key": 217,
          "schema_version": 0,
          "attributes": {
            "content": "#\n# Autogenerated by Terraform\n# https://github.com/hashi-strawb/tfc-monorepo-test/blob/main/repo_dirs/main.tf\n#\n\nmodule \"pet\" {\n  source = \"../../modules/random\"\n}\n",
            "content_base64": null,
            "content_base64sha256": "MezlB0fdrAmLX04grbiVeQ4tqo9lql8a/xhvvdmw8HI=",
            "content_base64sha512": "SR9IDbGH/PMhx1EKmSIq8BjcAhM/Avrg9RPYvXmRPAG6clMgl3ouB3eWyeG2a73AIhsvN/yzL5zcGTVwgeORBQ==",
            "content_md5": "3d0f588742e923989b4538f3a51644d0",
            "content_sha1": "7b9a1e00865d0e3bfa8535bceb1e7191e1171637",
            "content_sha256": "31ece50747ddac098b5f4e20adb895790e2daa8f65aa5f1aff186fbdd9b0f072",
            "content_sha512": "491f480db187fcf321c7510a99222af018dc02133f02fae0f513d8bd79913c01ba725320977a2e077796c9e1b66bbdc0221b2f37fcb32f9cdc19357081e39105",
            "directory_permission": "0777",
            "file_permission": "0777",
            "filename": "../individual-workspaces/ws-0217/main.tf",
            "id": "7b9a1e00865d0e3bfa8535bceb1e7191e1171637",
            "sensitive_content": null,
            "source": null
          },
          "sensitive_attributes": []
        },
        {
          "index_key": 218,
          "schema_version": 0,
          "attributes": {
            "content": "#\n# Autogenerated by Terraform\n# https://github.com/hashi-strawb/tfc-monorepo-test/blob/main/repo_dirs/main.tf\n#\n\nmodule \"pet\" {\n  source = \"../../modules/random\"\n}\n",
            "content_base64": null,
            "content_base64sha256": "MezlB0fdrAmLX04grbiVeQ4tqo9lql8a/xhvvdmw8HI=",
            "content_base64sha512": "SR9IDbGH/PMhx1EKmSIq8BjcAhM/Avrg9RPYvXmRPAG6clMgl3ouB3eWyeG2a73AIhsvN/yzL5zcGTVwgeORBQ==",
            "content_md5": "3d0f588742e923989b4538f3a51644d0",
            "content_sha1": "7b9a1e00865d0e3bfa8535bceb1e7191e1171637",
            "content_sha256": "31ece50747ddac098b5f4e20adb895790e2daa8f65aa5f1aff186fbdd9b0f072",
            "content_sha512": "491f480db187fcf321c7510a99222af018dc02133f02fae0f513d8bd79913c01ba725320977a2e077796c9e1b66bbdc0221b2f37fcb32f9cdc19357081e39105",
            "directory_permission": "0777",
            "file_permission": "0777",
            "filename": "../individual-workspaces/ws-0218/main.tf",
            "id": "7b9a1e00865d0e3bfa8535bceb1e7191e1171637",
            "sensitive_content": null,
            "source": null
          },
          "sensitive_attributes": []
        },
        {
          "index_key": 219,
          "schema_version": 0,
          "attributes": {
            "content": "#\n# Autogenerated by Terraform\n# https://github.com/hashi-strawb/tfc-monorepo-test/blob/main/repo_dirs/main.tf\n#\n\nmodule \"pet\" {\n  source = \"../../modules/random\"\n}\n",
            "content_base64": null,
            "content_base64sha256": "MezlB0fdrAmLX04grbiVeQ4tqo9lql8a/xhvvdmw8HI=",
            "content_base64sha512": "SR9IDbGH/PMhx1EKmSIq8BjcAhM/Avrg9RPYvXmRPAG6clMgl3ouB3eWyeG2a73AIhsvN/yzL5zcGTVwgeORBQ==",
            "content_md5": "3d0f588742e923989b4538f3a51644d0",
            "content_sha1": "7b9a1e00865d0e3bfa8535bceb1e7191e1171637",
            "content_sha256": "31ece50747ddac098b5f4e20adb895790e2daa8f65aa5f1aff186fbdd9b0f072",
            "content_sha512": "491f480db187fcf321c7510a99222af018dc02133f02fae0f513d8bd79913c01ba725320977a2e077796c9e1b66bbdc0221b2f37fcb32f9cdc19357081e39105",
            "directory_permission": "0777",
            "file_permission": "0777",
            "filename": "../individual-workspaces/ws-0219/main.tf",
            "id": "7b9a1e00865d0e3bfa8535bceb1e7191e1171637",
            "sensitive_content": null,
            "source": null
          },
          "sensitive_attributes": []
        },
        {
          "index_key": 220,
          "schema_version": 0,
          "attributes": {
            "content": "#\n# Autogenerated by Terraform\n# https://github.com/hashi-strawb/tfc-monorepo-test/blob/main/repo_dirs/main.tf\n#\n\nmodule \"pet\" {\n  source = \"../../modules/random\"\n}\n",
            "content_base64": null,
            "content_base64sha256": "MezlB0fdrAmLX04grbiVeQ4tqo9lql8a/xhvvdmw8HI=",
            "content_base64sha512": "SR9IDbGH/PMhx1EKmSIq8BjcAhM/Avrg9RPYvXmRPAG6clMgl3ouB3eWyeG2a73AIhsvN/yzL5zcGTVwgeORBQ==",
            "content_md5": "3d0f588742e923989b4538f3a51644d0",
            "content_sha1": "7b9a1e00865d0e3bfa8535bceb1e7191e1171637",
            "content_sha256": "31ece50747ddac098b5f4e20adb895790e2daa8f65aa5f1aff186fbdd9b0f072",
            "content_sha512": "491f480db187fcf321c7510a99222af018dc02133f02fae0f513d8bd79913c01ba725320977a2e077796c9e1b66bbdc0221b2f37fcb32f9cdc19357081e39105",
            "directory_permission": "0777",
            "file_permission": "0777",
            "filename": "../individual-workspaces/ws-0220/main.tf",
            "id": "7b9a1e00865d0e3bfa8535bceb1e7191e1171637",
            "sensitive_content": null,
            "source": null
          },
          "sensitive_attributes": []
        },
        {
          "index_key": 221,
          "schema_version": 0,
          "attributes": {
            "content": "#\n# Autogenerated by Terraform\n# https://github.com/hashi-strawb/tfc-monorepo-test/blob/main/repo_dirs/main.tf\n#\n\nmodule \"pet\" {\n  source = \"../../modules/random\"\n}\n",
            "content_base64": null,
            "content_base64sha256": "MezlB0fdrAmLX04grbiVeQ4tqo9lql8a/xhvvdmw8HI=",
            "content_base64sha512": "SR9IDbGH/PMhx1EKmSIq8BjcAhM/Avrg9RPYvXmRPAG6clMgl3ouB3eWyeG2a73AIhsvN/yzL5zcGTVwgeORBQ==",
            "content_md5": "3d0f588742e923989b4538f3a51644d0",
            "content_sha1": "7b9a1e00865d0e3bfa8535bceb1e7191e1171637",
            "content_sha256": "31ece50747ddac098b5f4e20adb895790e2daa8f65aa5f1aff186fbdd9b0f072",
            "content_sha512": "491f480db187fcf321c7510a99222af018dc02133f02fae0f513d8bd79913c01ba725320977a2e077796c9e1b66bbdc0221b2f37fcb32f9cdc19357081e39105",
            "directory_permission": "0777",
            "file_permission": "0777",
            "filename": "../individual-workspaces/ws-0221/main.tf",
            "id": "7b9a1e00865d0e3bfa8535bceb1e7191e1171637",
            "sensitive_content": null,
            "source": null
          },
          "sensitive_attributes": []
        },
        {
          "index_key": 222,
          "schema_version": 0,
          "attributes": {
            "content": "#\n# Autogenerated by Terraform\n# https://github.com/hashi-strawb/tfc-monorepo-test/blob/main/repo_dirs/main.tf\n#\n\nmodule \"pet\" {\n  source = \"../../modules/random\"\n}\n",
            "content_base64": null,
            "content_base64sha256": "MezlB0fdrAmLX04grbiVeQ4tqo9lql8a/xhvvdmw8HI=",
            "content_base64sha512": "SR9IDbGH/PMhx1EKmSIq8BjcAhM/Avrg9RPYvXmRPAG6clMgl3ouB3eWyeG2a73AIhsvN/yzL5zcGTVwgeORBQ==",
            "content_md5": "3d0f588742e923989b4538f3a51644d0",
            "content_sha1": "7b9a1e00865d0e3bfa8535bceb1e7191e1171637",
            "content_sha256": "31ece50747ddac098b5f4e20adb895790e2daa8f65aa5f1aff186fbdd9b0f072",
            "content_sha512": "491f480db187fcf321c7510a99222af018dc02133f02fae0f513d8bd79913c01ba725320977a2e077796c9e1b66bbdc0221b2f37fcb32f9cdc19357081e39105",
            "directory_permission": "0777",
            "file_permission": "0777",
            "filename": "../individual-workspaces/ws-0222/main.tf",
            "id": "7b9a1e00865d0e3bfa8535bceb1e7191e1171637",
            "sensitive_content": null,
            "source": null
          },
          "sensitive_attributes": []
        },
        {
          "index_key": 223,
          "schema_version": 0,
          "attributes": {
            "content": "#\n# Autogenerated by Terraform\n# https://github.com/hashi-strawb/tfc-monorepo-test/blob/main/repo_dirs/main.tf\n#\n\nmodule \"pet\" {\n  source = \"../../modules/random\"\n}\n",
            "content_base64": null,
            "content_base64sha256": "MezlB0fdrAmLX04grbiVeQ4tqo9lql8a/xhvvdmw8HI=",
            "content_base64sha512": "SR9IDbGH/PMhx1EKmSIq8BjcAhM/Avrg9RPYvXmRPAG6clMgl3ouB3eWyeG2a73AIhsvN/yzL5zcGTVwgeORBQ==",
            "content_md5": "3d0f588742e923989b4538f3a51644d0",
            "content_sha1": "7b9a1e00865d0e3bfa8535bceb1e7191e1171637",
            "content_sha256": "31ece50747ddac098b5f4e20adb895790e2daa8f65aa5f1aff186fbdd9b0f072",
            "content_sha512": "491f480db187fcf321c7510a99222af018dc02133f02fae0f513d8bd79913c01ba725320977a2e077796c9e1b66bbdc0221b2f37fcb32f9cdc19357081e39105",
            "directory_permission": "0777",
            "file_permission": "0777",
            "filename": "../individual-workspaces/ws-0223/main.tf",
            "id": "7b9a1e00865d0e3bfa8535bceb1e7191e1171637",
            "sensitive_content": null,
            "source": null
          },
          "sensitive_attributes": []
        },
        {
          "index_key": 224,
          "schema_version": 0,
          "attributes": {
            "content": "#\n# Autogenerated by Terraform\n# https://github.com/hashi-strawb/tfc-monorepo-test/blob/main/repo_dirs/main.tf\n#\n\nmodule \"pet\" {\n  source = \"../../modules/random\"\n}\n",
            "content_base64": null,
            "content_base64sha256": "MezlB0fdrAmLX04grbiVeQ4tqo9lql8a/xhvvdmw8HI=",
            "content_base64sha512": "SR9IDbGH/PMhx1EKmSIq8BjcAhM/Avrg9RPYvXmRPAG6clMgl3ouB3eWyeG2a73AIhsvN/yzL5zcGTVwgeORBQ==",
            "content_md5": "3d0f588742e923989b4538f3a51644d0",
            "content_sha1": "7b9a1e00865d0e3bfa8535bceb1e7191e1171637",
            "content_sha256": "31ece50747ddac098b5f4e20adb895790e2daa8f65aa5f1aff186fbdd9b0f072",
            "content_sha512": "491f480db187fcf321c7510a99222af018dc02133f02fae0f513d8bd79913c01ba725320977a2e077796c9e1b66bbdc0221b2f37fcb32f9cdc19357081e39105",
            "directory_permission": "0777",
            "file_permission": "0777",
            "filename": "../individual-workspaces/ws-0224/main.tf",
            "id": "7b9a1e00865d0e3bfa8535bceb1e7191e1171637",
            "sensitive_content": null,
            "source": null
          },
          "sensitive_attributes": []
        },
        {
          "index_key": 225,
          "schema_version": 0,
          "attributes": {
            "content": "#\n# Autogenerated by Terraform\n# https://github.com/hashi-strawb/tfc-monorepo-test/blob/main/repo_dirs/main.tf\n#\n\nmodule \"pet\" {\n  source = \"../../modules/random\"\n}\n",
            "content_base64": null,
            "content_base64sha256": "MezlB0fdrAmLX04grbiVeQ4tqo9lql8a/xhvvdmw8HI=",
            "content_base64sha512": "SR9IDbGH/PMhx1EKmSIq8BjcAhM/Avrg9RPYvXmRPAG6clMgl3ouB3eWyeG2a73AIhsvN/yzL5zcGTVwgeORBQ==",
            "content_md5": "3d0f588742e923989b4538f3a51644d0",
            "content_sha1": "7b9a1e00865d0e3bfa8535bceb1e7191e1171637",
            "content_sha256": "31ece50747ddac098b5f4e20adb895790e2daa8f65aa5f1aff186fbdd9b0f072",
            "content_sha512": "491f480db187fcf321c7510a99222af018dc02133f02fae0f513d8bd79913c01ba725320977a2e077796c9e1b66bbdc0221b2f37fcb32f9cdc19357081e39105",
            "directory_permission": "0777",
            "file_permission": "0777",
            "filename": "../individual-workspaces/ws-0225/main.tf",
            "id": "7b9a1e00865d0e3bfa8535bceb1e7191e1171637",
            "sensitive_content": null,
            "source": null
          },
          "sensitive_attributes": []
        },
        {
          "index_key": 226,
          "schema_version": 0,
          "attributes": {
            "content": "#\n# Autogenerated by Terraform\n# https://github.com/hashi-strawb/tfc-monorepo-test/blob/main/repo_dirs/main.tf\n#\n\nmodule \"pet\" {\n  source = \"../../modules/random\"\n}\n",
            "content_base64": null,
            "content_base64sha256": "MezlB0fdrAmLX04grbiVeQ4tqo9lql8a/xhvvdmw8HI=",
            "content_base64sha512": "SR9IDbGH/PMhx1EKmSIq8BjcAhM/Avrg9RPYvXmRPAG6clMgl3ouB3eWyeG2a73AIhsvN/yzL5zcGTVwgeORBQ==",
            "content_md5": "3d0f588742e923989b4538f3a51644d0",
            "content_sha1": "7b9a1e00865d0e3bfa8535bceb1e7191e1171637",
            "content_sha256": "31ece50747ddac098b5f4e20adb895790e2daa8f65aa5f1aff186fbdd9b0f072",
            "content_sha512": "491f480db187fcf321c7510a99222af018dc02133f02fae0f513d8bd79913c01ba725320977a2e077796c9e1b66bbdc0221b2f37fcb32f9cdc19357081e39105",
            "directory_permission": "0777",
            "file_permission": "0777",
            "filename": "../individual-workspaces/ws-0226/main.tf",
            "id": "7b9a1e00865d0e3bfa8535bceb1e7191e1171637",
            "sensitive_content": null,
            "source": null
          },
          "sensitive_attributes": []
        },
        {
          "index_key": 227,
          "schema_version": 0,
          "attributes": {
            "content": "#\n# Autogenerated by Terraform\n# https://github.com/hashi-strawb/tfc-monorepo-test/blob/main/repo_dirs/main.tf\n#\n\nmodule \"pet\" {\n  source = \"../../modules/random\"\n}\n",
            "content_base64": null,
            "content_base64sha256": "MezlB0fdrAmLX04grbiVeQ4tqo9lql8a/xhvvdmw8HI=",
            "content_base64sha512": "SR9IDbGH/PMhx1EKmSIq8BjcAhM/Avrg9RPYvXmRPAG6clMgl3ouB3eWyeG2a73AIhsvN/yzL5zcGTVwgeORBQ==",
            "content_md5": "3d0f588742e923989b4538f3a51644d0",
            "content_sha1": "7b9a1e00865d0e3bfa8535bceb1e7191e1171637",
            "content_sha256": "31ece50747ddac098b5f4e20adb895790e2daa8f65aa5f1aff186fbdd9b0f072",
            "content_sha512": "491f480db187fcf321c7510a99222af018dc02133f02fae0f513d8bd79913c01ba725320977a2e077796c9e1b66bbdc0221b2f37fcb32f9cdc19357081e39105",
            "directory_permission": "0777",
            "file_permission": "0777",
            "filename": "../individual-workspaces/ws-0227/main.tf",
            "id": "7b9a1e00865d0e3bfa8535bceb1e7191e1171637",
            "sensitive_content": null,
            "source": null
          },
          "sensitive_attributes": []
        },
        {
          "index_key": 228,
          "schema_version": 0,
          "attributes": {
            "content": "#\n# Autogenerated by Terraform\n# https://github.com/hashi-strawb/tfc-monorepo-test/blob/main/repo_dirs/main.tf\n#\n\nmodule \"pet\" {\n  source = \"../../modules/random\"\n}\n",
            "content_base64": null,
            "content_base64sha256": "MezlB0fdrAmLX04grbiVeQ4tqo9lql8a/xhvvdmw8HI=",
            "content_base64sha512": "SR9IDbGH/PMhx1EKmSIq8BjcAhM/Avrg9RPYvXmRPAG6clMgl3ouB3eWyeG2a73AIhsvN/yzL5zcGTVwgeORBQ==",
            "content_md5": "3d0f588742e923989b4538f3a51644d0",
            "content_sha1": "7b9a1e00865d0e3bfa8535bceb1e7191e1171637",
            "content_sha256": "31ece50747ddac098b5f4e20adb895790e2daa8f65aa5f1aff186fbdd9b0f072",
            "content_sha512": "491f480db187fcf321c7510a99222af018dc02133f02fae0f513d8bd79913c01ba725320977a2e077796c9e1b66bbdc0221b2f37fcb32f9cdc19357081e39105",
            "directory_permission": "0777",
            "file_permission": "0777",
            "filename": "../individual-workspaces/ws-0228/main.tf",
            "id": "7b9a1e00865d0e3bfa8535bceb1e7191e1171637",
            "sensitive_content": null,
            "source": null
          },
          "sensitive_attributes": []
        },
        {
          "index_key": 229,
          "schema_version": 0,
          "attributes": {
            "content": "#\n# Autogenerated by Terraform\n# https://github.com/hashi-strawb/tfc-monorepo-test/blob/main/repo_dirs/main.tf\n#\n\nmodule \"pet\" {\n  source = \"../../modules/random\"\n}\n",
            "content_base64": null,
            "content_base64sha256": "MezlB0fdrAmLX04grbiVeQ4tqo9lql8a/xhvvdmw8HI=",
            "content_base64sha512": "SR9IDbGH/PMhx1EKmSIq8BjcAhM/Avrg9RPYvXmRPAG6clMgl3ouB3eWyeG2a73AIhsvN/yzL5zcGTVwgeORBQ==",
            "content_md5": "3d0f588742e923989b4538f3a51644d0",
            "content_sha1": "7b9a1e00865d0e3bfa8535bceb1e7191e1171637",
            "content_sha256": "31ece50747ddac098b5f4e20adb895790e2daa8f65aa5f1aff186fbdd9b0f072",
            "content_sha512": "491f480db187fcf321c7510a99222af018dc02133f02fae0f513d8bd79913c01ba725320977a2e077796c9e1b66bbdc0221b2f37fcb32f9cdc19357081e39105",
            "directory_permission": "0777",
            "file_permission": "0777",
            "filename": "../individual-workspaces/ws-0229/main.tf",
            "id": "7b9a1e00865d0e3bfa8535bceb1e7191e1171637",
            "sensitive_content": null,
            "source": null
          },
          "sensitive_attributes": []
        },
        {
          "index_key": 230,
          "schema_version": 0,
          "attributes": {
            "content": "#\n# Autogenerated by Terraform\n# https://github.com/hashi-strawb/tfc-monorepo-test/blob/main/repo_dirs/main.tf\n#\n\nmodule \"pet\" {\n  source = \"../../modules/random\"\n}\n",
            "content_base64": null,
            "content_base64sha256": "MezlB0fdrAmLX04grbiVeQ4tqo9lql8a/xhvvdmw8HI=",
            "content_base64sha512": "SR9IDbGH/PMhx1EKmSIq8BjcAhM/Avrg9RPYvXmRPAG6clMgl3ouB3eWyeG2a73AIhsvN/yzL5zcGTVwgeORBQ==",
            "content_md5": "3d0f588742e923989b4538f3a51644d0",
            "content_sha1": "7b9a1e00865d0e3bfa8535bceb1e7191e1171637",
            "content_sha256": "31ece50747ddac098b5f4e20adb895790e2daa8f65aa5f1aff186fbdd9b0f072",
            "content_sha512": "491f480db187fcf321c7510a99222af018dc02133f02fae0f513d8bd79913c01ba725320977a2e077796c9e1b66bbdc0221b2f37fcb32f9cdc19357081e39105",
            "directory_permission": "0777",
            "file_permission": "0777",
            "filename": "../individual-workspaces/ws-0230/main.tf",
            "id": "7b9a1e00865d0e3bfa8535bceb1e7191e1171637",
            "sensitive_content": null,
            "source": null
          },
          "sensitive_attributes": []
        },
        {
          "index_key": 231,
          "schema_version": 0,
          "attributes": {
            "content": "#\n# Autogenerated by Terraform\n# https://github.com/hashi-strawb/tfc-monorepo-test/blob/main/repo_dirs/main.tf\n#\n\nmodule \"pet\" {\n  source = \"../../modules/random\"\n}\n",
            "content_base64": null,
            "content_base64sha256": "MezlB0fdrAmLX04grbiVeQ4tqo9lql8a/xhvvdmw8HI=",
            "content_base64sha512": "SR9IDbGH/PMhx1EKmSIq8BjcAhM/Avrg9RPYvXmRPAG6clMgl3ouB3eWyeG2a73AIhsvN/yzL5zcGTVwgeORBQ==",
            "content_md5": "3d0f588742e923989b4538f3a51644d0",
            "content_sha1": "7b9a1e00865d0e3bfa8535bceb1e7191e1171637",
            "content_sha256": "31ece50747ddac098b5f4e20adb895790e2daa8f65aa5f1aff186fbdd9b0f072",
            "content_sha512": "491f480db187fcf321c7510a99222af018dc02133f02fae0f513d8bd79913c01ba725320977a2e077796c9e1b66bbdc0221b2f37fcb32f9cdc19357081e39105",
            "directory_permission": "0777",
            "file_permission": "0777",
            "filename": "../individual-workspaces/ws-0231/main.tf",
            "id": "7b9a1e00865d0e3bfa8535bceb1e7191e1171637",
            "sensitive_content": null,
            "source": null
          },
          "sensitive_attributes": []
        },
        {
          "index_key": 232,
          "schema_version": 0,
          "attributes": {
            "content": "#\n# Autogenerated by Terraform\n# https://github.com/hashi-strawb/tfc-monorepo-test/blob/main/repo_dirs/main.tf\n#\n\nmodule \"pet\" {\n  source = \"../../modules/random\"\n}\n",
            "content_base64": null,
            "content_base64sha256": "MezlB0fdrAmLX04grbiVeQ4tqo9lql8a/xhvvdmw8HI=",
            "content_base64sha512": "SR9IDbGH/PMhx1EKmSIq8BjcAhM/Avrg9RPYvXmRPAG6clMgl3ouB3eWyeG2a73AIhsvN/yzL5zcGTVwgeORBQ==",
            "content_md5": "3d0f588742e923989b4538f3a51644d0",
            "content_sha1": "7b9a1e00865d0e3bfa8535bceb1e7191e1171637",
            "content_sha256": "31ece50747ddac098b5f4e20adb895790e2daa8f65aa5f1aff186fbdd9b0f072",
            "content_sha512": "491f480db187fcf321c7510a99222af018dc02133f02fae0f513d8bd79913c01ba725320977a2e077796c9e1b66bbdc0221b2f37fcb32f9cdc19357081e39105",
            "directory_permission": "0777",
            "file_permission": "0777",
            "filename": "../individual-workspaces/ws-0232/main.tf",
            "id": "7b9a1e00865d0e3bfa8535bceb1e7191e1171637",
            "sensitive_content": null,
            "source": null
          },
          "sensitive_attributes": []
        },
        {
          "index_key": 233,
          "schema_version": 0,
          "attributes": {
            "content": "#\n# Autogenerated by Terraform\n# https://github.com/hashi-strawb/tfc-monorepo-test/blob/main/repo_dirs/main.tf\n#\n\nmodule \"pet\" {\n  source = \"../../modules/random\"\n}\n",
            "content_base64": null,
            "content_base64sha256": "MezlB0fdrAmLX04grbiVeQ4tqo9lql8a/xhvvdmw8HI=",
            "content_base64sha512": "SR9IDbGH/PMhx1EKmSIq8BjcAhM/Avrg9RPYvXmRPAG6clMgl3ouB3eWyeG2a73AIhsvN/yzL5zcGTVwgeORBQ==",
            "content_md5": "3d0f588742e923989b4538f3a51644d0",
            "content_sha1": "7b9a1e00865d0e3bfa8535bceb1e7191e1171637",
            "content_sha256": "31ece50747ddac098b5f4e20adb895790e2daa8f65aa5f1aff186fbdd9b0f072",
            "content_sha512": "491f480db187fcf321c7510a99222af018dc02133f02fae0f513d8bd79913c01ba725320977a2e077796c9e1b66bbdc0221b2f37fcb32f9cdc19357081e39105",
            "directory_permission": "0777",
            "file_permission": "0777",
            "filename": "../individual-workspaces/ws-0233/main.tf",
            "id": "7b9a1e00865d0e3bfa8535bceb1e7191e1171637",
            "sensitive_content": null,
            "source": null
          },
          "sensitive_attributes": []
        },
        {
          "index_key": 234,
          "schema_version": 0,
          "attributes": {
            "content": "#\n# Autogenerated by Terraform\n# https://github.com/hashi-strawb/tfc-monorepo-test/blob/main/repo_dirs/main.tf\n#\n\nmodule \"pet\" {\n  source = \"../../modules/random\"\n}\n",
            "content_base64": null,
            "content_base64sha256": "MezlB0fdrAmLX04grbiVeQ4tqo9lql8a/xhvvdmw8HI=",
            "content_base64sha512": "SR9IDbGH/PMhx1EKmSIq8BjcAhM/Avrg9RPYvXmRPAG6clMgl3ouB3eWyeG2a73AIhsvN/yzL5zcGTVwgeORBQ==",
            "content_md5": "3d0f588742e923989b4538f3a51644d0",
            "content_sha1": "7b9a1e00865d0e3bfa8535bceb1e7191e1171637",
            "content_sha256": "31ece50747ddac098b5f4e20adb895790e2daa8f65aa5f1aff186fbdd9b0f072",
            "content_sha512": "491f480db187fcf321c7510a99222af018dc02133f02fae0f513d8bd79913c01ba725320977a2e077796c9e1b66bbdc0221b2f37fcb32f9cdc19357081e39105",
            "directory_permission": "0777",
            "file_permission": "0777",
            "filename": "../individual-workspaces/ws-0234/main.tf",
            "id": "7b9a1e00865d0e3bfa8535bceb1e7191e1171637",
            "sensitive_content": null,
            "source": null
          },
          "sensitive_attributes": []
        },
        {
          "index_key": 235,
          "schema_version": 0,
          "attributes": {
            "content": "#\n# Autogenerated by Terraform\n# https://github.com/hashi-strawb/tfc-monorepo-test/blob/main/repo_dirs/main.tf\n#\n\nmodule \"pet\" {\n  source = \"../../modules/random\"\n}\n",
            "content_base64": null,
            "content_base64sha256": "MezlB0fdrAmLX04grbiVeQ4tqo9lql8a/xhvvdmw8HI=",
            "content_base64sha512": "SR9IDbGH/PMhx1EKmSIq8BjcAhM/Avrg9RPYvXmRPAG6clMgl3ouB3eWyeG2a73AIhsvN/yzL5zcGTVwgeORBQ==",
            "content_md5": "3d0f588742e923989b4538f3a51644d0",
            "content_sha1": "7b9a1e00865d0e3bfa8535bceb1e7191e1171637",
            "content_sha256": "31ece50747ddac098b5f4e20adb895790e2daa8f65aa5f1aff186fbdd9b0f072",
            "content_sha512": "491f480db187fcf321c7510a99222af018dc02133f02fae0f513d8bd79913c01ba725320977a2e077796c9e1b66bbdc0221b2f37fcb32f9cdc19357081e39105",
            "directory_permission": "0777",
            "file_permission": "0777",
            "filename": "../individual-workspaces/ws-0235/main.tf",
            "id": "7b9a1e00865d0e3bfa8535bceb1e7191e1171637",
            "sensitive_content": null,
            "source": null
          },
          "sensitive_attributes": []
        },
        {
          "index_key": 236,
          "schema_version": 0,
          "attributes": {
            "content": "#\n# Autogenerated by Terraform\n# https://github.com/hashi-strawb/tfc-monorepo-test/blob/main/repo_dirs/main.tf\n#\n\nmodule \"pet\" {\n  source = \"../../modules/random\"\n}\n",
            "content_base64": null,
            "content_base64sha256": "MezlB0fdrAmLX04grbiVeQ4tqo9lql8a/xhvvdmw8HI=",
            "content_base64sha512": "SR9IDbGH/PMhx1EKmSIq8BjcAhM/Avrg9RPYvXmRPAG6clMgl3ouB3eWyeG2a73AIhsvN/yzL5zcGTVwgeORBQ==",
            "content_md5": "3d0f588742e923989b4538f3a51644d0",
            "content_sha1": "7b9a1e00865d0e3bfa8535bceb1e7191e1171637",
            "content_sha256": "31ece50747ddac098b5f4e20adb895790e2daa8f65aa5f1aff186fbdd9b0f072",
            "content_sha512": "491f480db187fcf321c7510a99222af018dc02133f02fae0f513d8bd79913c01ba725320977a2e077796c9e1b66bbdc0221b2f37fcb32f9cdc19357081e39105",
            "directory_permission": "0777",
            "file_permission": "0777",
            "filename": "../individual-workspaces/ws-0236/main.tf",
            "id": "7b9a1e00865d0e3bfa8535bceb1e7191e1171637",
            "sensitive_content": null,
            "source": null
          },
          "sensitive_attributes": []
        },
        {
          "index_key": 237,
          "schema_version": 0,
          "attributes": {
            "content": "#\n# Autogenerated by Terraform\n# https://github.com/hashi-strawb/tfc-monorepo-test/blob/main/repo_dirs/main.tf\n#\n\nmodule \"pet\" {\n  source = \"../../modules/random\"\n}\n",
            "content_base64": null,
            "content_base64sha256": "MezlB0fdrAmLX04grbiVeQ4tqo9lql8a/xhvvdmw8HI=",
            "content_base64sha512": "SR9IDbGH/PMhx1EKmSIq8BjcAhM/Avrg9RPYvXmRPAG6clMgl3ouB3eWyeG2a73AIhsvN/yzL5zcGTVwgeORBQ==",
            "content_md5": "3d0f588742e923989b4538f3a51644d0",
            "content_sha1": "7b9a1e00865d0e3bfa8535bceb1e7191e1171637",
            "content_sha256": "31ece50747ddac098b5f4e20adb895790e2daa8f65aa5f1aff186fbdd9b0f072",
            "content_sha512": "491f480db187fcf321c7510a99222af018dc02133f02fae0f513d8bd79913c01ba725320977a2e077796c9e1b66bbdc0221b2f37fcb32f9cdc19357081e39105",
            "directory_permission": "0777",
            "file_permission": "0777",
            "filename": "../individual-workspaces/ws-0237/main.tf",
            "id": "7b9a1e00865d0e3bfa8535bceb1e7191e1171637",
            "sensitive_content": null,
            "source": null
          },
          "sensitive_attributes": []
        },
        {
          "index_key": 238,
          "schema_version": 0,
          "attributes": {
            "content": "#\n# Autogenerated by Terraform\n# https://github.com/hashi-strawb/tfc-monorepo-test/blob/main/repo_dirs/main.tf\n#\n\nmodule \"pet\" {\n  source = \"../../modules/random\"\n}\n",
            "content_base64": null,
            "content_base64sha256": "MezlB0fdrAmLX04grbiVeQ4tqo9lql8a/xhvvdmw8HI=",
            "content_base64sha512": "SR9IDbGH/PMhx1EKmSIq8BjcAhM/Avrg9RPYvXmRPAG6clMgl3ouB3eWyeG2a73AIhsvN/yzL5zcGTVwgeORBQ==",
            "content_md5": "3d0f588742e923989b4538f3a51644d0",
            "content_sha1": "7b9a1e00865d0e3bfa8535bceb1e7191e1171637",
            "content_sha256": "31ece50747ddac098b5f4e20adb895790e2daa8f65aa5f1aff186fbdd9b0f072",
            "content_sha512": "491f480db187fcf321c7510a99222af018dc02133f02fae0f513d8bd79913c01ba725320977a2e077796c9e1b66bbdc0221b2f37fcb32f9cdc19357081e39105",
            "directory_permission": "0777",
            "file_permission": "0777",
            "filename": "../individual-workspaces/ws-0238/main.tf",
            "id": "7b9a1e00865d0e3bfa8535bceb1e7191e1171637",
            "sensitive_content": null,
            "source": null
          },
          "sensitive_attributes": []
        },
        {
          "index_key": 239,
          "schema_version": 0,
          "attributes": {
            "content": "#\n# Autogenerated by Terraform\n# https://github.com/hashi-strawb/tfc-monorepo-test/blob/main/repo_dirs/main.tf\n#\n\nmodule \"pet\" {\n  source = \"../../modules/random\"\n}\n",
            "content_base64": null,
            "content_base64sha256": "MezlB0fdrAmLX04grbiVeQ4tqo9lql8a/xhvvdmw8HI=",
            "content_base64sha512": "SR9IDbGH/PMhx1EKmSIq8BjcAhM/Avrg9RPYvXmRPAG6clMgl3ouB3eWyeG2a73AIhsvN/yzL5zcGTVwgeORBQ==",
            "content_md5": "3d0f588742e923989b4538f3a51644d0",
            "content_sha1": "7b9a1e00865d0e3bfa8535bceb1e7191e1171637",
            "content_sha256": "31ece50747ddac098b5f4e20adb895790e2daa8f65aa5f1aff186fbdd9b0f072",
            "content_sha512": "491f480db187fcf321c7510a99222af018dc02133f02fae0f513d8bd79913c01ba725320977a2e077796c9e1b66bbdc0221b2f37fcb32f9cdc19357081e39105",
            "directory_permission": "0777",
            "file_permission": "0777",
            "filename": "../individual-workspaces/ws-0239/main.tf",
            "id": "7b9a1e00865d0e3bfa8535bceb1e7191e1171637",
            "sensitive_content": null,
            "source": null
          },
          "sensitive_attributes": []
        },
        {
          "index_key": 240,
          "schema_version": 0,
          "attributes": {
            "content": "#\n# Autogenerated by Terraform\n# https://github.com/hashi-strawb/tfc-monorepo-test/blob/main/repo_dirs/main.tf\n#\n\nmodule \"pet\" {\n  source = \"../../modules/random\"\n}\n",
            "content_base64": null,
            "content_base64sha256": "MezlB0fdrAmLX04grbiVeQ4tqo9lql8a/xhvvdmw8HI=",
            "content_base64sha512": "SR9IDbGH/PMhx1EKmSIq8BjcAhM/Avrg9RPYvXmRPAG6clMgl3ouB3eWyeG2a73AIhsvN/yzL5zcGTVwgeORBQ==",
            "content_md5": "3d0f588742e923989b4538f3a51644d0",
            "content_sha1": "7b9a1e00865d0e3bfa8535bceb1e7191e1171637",
            "content_sha256": "31ece50747ddac098b5f4e20adb895790e2daa8f65aa5f1aff186fbdd9b0f072",
            "content_sha512": "491f480db187fcf321c7510a99222af018dc02133f02fae0f513d8bd79913c01ba725320977a2e077796c9e1b66bbdc0221b2f37fcb32f9cdc19357081e39105",
            "directory_permission": "0777",
            "file_permission": "0777",
            "filename": "../individual-workspaces/ws-0240/main.tf",
            "id": "7b9a1e00865d0e3bfa8535bceb1e7191e1171637",
            "sensitive_content": null,
            "source": null
          },
          "sensitive_attributes": []
        },
        {
          "index_key": 241,
          "schema_version": 0,
          "attributes": {
            "content": "#\n# Autogenerated by Terraform\n# https://github.com/hashi-strawb/tfc-monorepo-test/blob/main/repo_dirs/main.tf\n#\n\nmodule \"pet\" {\n  source = \"../../modules/random\"\n}\n",
            "content_base64": null,
            "content_base64sha256": "MezlB0fdrAmLX04grbiVeQ4tqo9lql8a/xhvvdmw8HI=",
            "content_base64sha512": "SR9IDbGH/PMhx1EKmSIq8BjcAhM/Avrg9RPYvXmRPAG6clMgl3ouB3eWyeG2a73AIhsvN/yzL5zcGTVwgeORBQ==",
            "content_md5": "3d0f588742e923989b4538f3a51644d0",
            "content_sha1": "7b9a1e00865d0e3bfa8535bceb1e7191e1171637",
            "content_sha256": "31ece50747ddac098b5f4e20adb895790e2daa8f65aa5f1aff186fbdd9b0f072",
            "content_sha512": "491f480db187fcf321c7510a99222af018dc02133f02fae0f513d8bd79913c01ba725320977a2e077796c9e1b66bbdc0221b2f37fcb32f9cdc19357081e39105",
            "directory_permission": "0777",
            "file_permission": "0777",
            "filename": "../individual-workspaces/ws-0241/main.tf",
            "id": "7b9a1e00865d0e3bfa8535bceb1e7191e1171637",
            "sensitive_content": null,
            "source": null
          },
          "sensitive_attributes": []
        },
        {
          "index_key": 242,
          "schema_version": 0,
          "attributes": {
            "content": "#\n# Autogenerated by Terraform\n# https://github.com/hashi-strawb/tfc-monorepo-test/blob/main/repo_dirs/main.tf\n#\n\nmodule \"pet\" {\n  source = \"../../modules/random\"\n}\n",
            "content_base64": null,
            "content_base64sha256": "MezlB0fdrAmLX04grbiVeQ4tqo9lql8a/xhvvdmw8HI=",
            "content_base64sha512": "SR9IDbGH/PMhx1EKmSIq8BjcAhM/Avrg9RPYvXmRPAG6clMgl3ouB3eWyeG2a73AIhsvN/yzL5zcGTVwgeORBQ==",
            "content_md5": "3d0f588742e923989b4538f3a51644d0",
            "content_sha1": "7b9a1e00865d0e3bfa8535bceb1e7191e1171637",
            "content_sha256": "31ece50747ddac098b5f4e20adb895790e2daa8f65aa5f1aff186fbdd9b0f072",
            "content_sha512": "491f480db187fcf321c7510a99222af018dc02133f02fae0f513d8bd79913c01ba725320977a2e077796c9e1b66bbdc0221b2f37fcb32f9cdc19357081e39105",
            "directory_permission": "0777",
            "file_permission": "0777",
            "filename": "../individual-workspaces/ws-0242/main.tf",
            "id": "7b9a1e00865d0e3bfa8535bceb1e7191e1171637",
            "sensitive_content": null,
            "source": null
          },
          "sensitive_attributes": []
        },
        {
          "index_key": 243,
          "schema_version": 0,
          "attributes": {
            "content": "#\n# Autogenerated by Terraform\n# https://github.com/hashi-strawb/tfc-monorepo-test/blob/main/repo_dirs/main.tf\n#\n\nmodule \"pet\" {\n  source = \"../../modules/random\"\n}\n",
            "content_base64": null,
            "content_base64sha256": "MezlB0fdrAmLX04grbiVeQ4tqo9lql8a/xhvvdmw8HI=",
            "content_base64sha512": "SR9IDbGH/PMhx1EKmSIq8BjcAhM/Avrg9RPYvXmRPAG6clMgl3ouB3eWyeG2a73AIhsvN/yzL5zcGTVwgeORBQ==",
            "content_md5": "3d0f588742e923989b4538f3a51644d0",
            "content_sha1": "7b9a1e00865d0e3bfa8535bceb1e7191e1171637",
            "content_sha256": "31ece50747ddac098b5f4e20adb895790e2daa8f65aa5f1aff186fbdd9b0f072",
            "content_sha512": "491f480db187fcf321c7510a99222af018dc02133f02fae0f513d8bd79913c01ba725320977a2e077796c9e1b66bbdc0221b2f37fcb32f9cdc19357081e39105",
            "directory_permission": "0777",
            "file_permission": "0777",
            "filename": "../individual-workspaces/ws-0243/main.tf",
            "id": "7b9a1e00865d0e3bfa8535bceb1e7191e1171637",
            "sensitive_content": null,
            "source": null
          },
          "sensitive_attributes": []
        },
        {
          "index_key": 244,
          "schema_version": 0,
          "attributes": {
            "content": "#\n# Autogenerated by Terraform\n# https://github.com/hashi-strawb/tfc-monorepo-test/blob/main/repo_dirs/main.tf\n#\n\nmodule \"pet\" {\n  source = \"../../modules/random\"\n}\n",
            "content_base64": null,
            "content_base64sha256": "MezlB0fdrAmLX04grbiVeQ4tqo9lql8a/xhvvdmw8HI=",
            "content_base64sha512": "SR9IDbGH/PMhx1EKmSIq8BjcAhM/Avrg9RPYvXmRPAG6clMgl3ouB3eWyeG2a73AIhsvN/yzL5zcGTVwgeORBQ==",
            "content_md5": "3d0f588742e923989b4538f3a51644d0",
            "content_sha1": "7b9a1e00865d0e3bfa8535bceb1e7191e1171637",
            "content_sha256": "31ece50747ddac098b5f4e20adb895790e2daa8f65aa5f1aff186fbdd9b0f072",
            "content_sha512": "491f480db187fcf321c7510a99222af018dc02133f02fae0f513d8bd79913c01ba725320977a2e077796c9e1b66bbdc0221b2f37fcb32f9cdc19357081e39105",
            "directory_permission": "0777",
            "file_permission": "0777",
            "filename": "../individual-workspaces/ws-0244/main.tf",
            "id": "7b9a1e00865d0e3bfa8535bceb1e7191e1171637",
            "sensitive_content": null,
            "source": null
          },
          "sensitive_attributes": []
        },
        {
          "index_key": 245,
          "schema_version": 0,
          "attributes": {
            "content": "#\n# Autogenerated by Terraform\n# https://github.com/hashi-strawb/tfc-monorepo-test/blob/main/repo_dirs/main.tf\n#\n\nmodule \"pet\" {\n  source = \"../../modules/random\"\n}\n",
            "content_base64": null,
            "content_base64sha256": "MezlB0fdrAmLX04grbiVeQ4tqo9lql8a/xhvvdmw8HI=",
            "content_base64sha512": "SR9IDbGH/PMhx1EKmSIq8BjcAhM/Avrg9RPYvXmRPAG6clMgl3ouB3eWyeG2a73AIhsvN/yzL5zcGTVwgeORBQ==",
            "content_md5": "3d0f588742e923989b4538f3a51644d0",
            "content_sha1": "7b9a1e00865d0e3bfa8535bceb1e7191e1171637",
            "content_sha256": "31ece50747ddac098b5f4e20adb895790e2daa8f65aa5f1aff186fbdd9b0f072",
            "content_sha512": "491f480db187fcf321c7510a99222af018dc02133f02fae0f513d8bd79913c01ba725320977a2e077796c9e1b66bbdc0221b2f37fcb32f9cdc19357081e39105",
            "directory_permission": "0777",
            "file_permission": "0777",
            "filename": "../individual-workspaces/ws-0245/main.tf",
            "id": "7b9a1e00865d0e3bfa8535bceb1e7191e1171637",
            "sensitive_content": null,
            "source": null
          },
          "sensitive_attributes": []
        },
        {
          "index_key": 246,
          "schema_version": 0,
          "attributes": {
            "content": "#\n# Autogenerated by Terraform\n# https://github.com/hashi-strawb/tfc-monorepo-test/blob/main/repo_dirs/main.tf\n#\n\nmodule \"pet\" {\n  source = \"../../modules/random\"\n}\n",
            "content_base64": null,
            "content_base64sha256": "MezlB0fdrAmLX04grbiVeQ4tqo9lql8a/xhvvdmw8HI=",
            "content_base64sha512": "SR9IDbGH/PMhx1EKmSIq8BjcAhM/Avrg9RPYvXmRPAG6clMgl3ouB3eWyeG2a73AIhsvN/yzL5zcGTVwgeORBQ==",
            "content_md5": "3d0f588742e923989b4538f3a51644d0",
            "content_sha1": "7b9a1e00865d0e3bfa8535bceb1e7191e1171637",
            "content_sha256": "31ece50747ddac098b5f4e20adb895790e2daa8f65aa5f1aff186fbdd9b0f072",
            "content_sha512": "491f480db187fcf321c7510a99222af018dc02133f02fae0f513d8bd79913c01ba725320977a2e077796c9e1b66bbdc0221b2f37fcb32f9cdc19357081e39105",
            "directory_permission": "0777",
            "file_permission": "0777",
            "filename": "../individual-workspaces/ws-0246/main.tf",
            "id": "7b9a1e00865d0e3bfa8535bceb1e7191e1171637",
            "sensitive_content": null,
            "source": null
          },
          "sensitive_attributes": []
        },
        {
          "index_key": 247,
          "schema_version": 0,
          "attributes": {
            "content": "#\n# Autogenerated by Terraform\n# https://github.com/hashi-strawb/tfc-monorepo-test/blob/main/repo_dirs/main.tf\n#\n\nmodule \"pet\" {\n  source = \"../../modules/random\"\n}\n",
            "content_base64": null,
            "content_base64sha256": "MezlB0fdrAmLX04grbiVeQ4tqo9lql8a/xhvvdmw8HI=",
            "content_base64sha512": "SR9IDbGH/PMhx1EKmSIq8BjcAhM/Avrg9RPYvXmRPAG6clMgl3ouB3eWyeG2a73AIhsvN/yzL5zcGTVwgeORBQ==",
            "content_md5": "3d0f588742e923989b4538f3a51644d0",
            "content_sha1": "7b9a1e00865d0e3bfa8535bceb1e7191e1171637",
            "content_sha256": "31ece50747ddac098b5f4e20adb895790e2daa8f65aa5f1aff186fbdd9b0f072",
            "content_sha512": "491f480db187fcf321c7510a99222af018dc02133f02fae0f513d8bd79913c01ba725320977a2e077796c9e1b66bbdc0221b2f37fcb32f9cdc19357081e39105",
            "directory_permission": "0777",
            "file_permission": "0777",
            "filename": "../individual-workspaces/ws-0247/main.tf",
            "id": "7b9a1e00865d0e3bfa8535bceb1e7191e1171637",
            "sensitive_content": null,
            "source": null
          },
          "sensitive_attributes": []
        },
        {
          "index_key": 248,
          "schema_version": 0,
          "attributes": {
            "content": "#\n# Autogenerated by Terraform\n# https://github.com/hashi-strawb/tfc-monorepo-test/blob/main/repo_dirs/main.tf\n#\n\nmodule \"pet\" {\n  source = \"../../modules/random\"\n}\n",
            "content_base64": null,
            "content_base64sha256": "MezlB0fdrAmLX04grbiVeQ4tqo9lql8a/xhvvdmw8HI=",
            "content_base64sha512": "SR9IDbGH/PMhx1EKmSIq8BjcAhM/Avrg9RPYvXmRPAG6clMgl3ouB3eWyeG2a73AIhsvN/yzL5zcGTVwgeORBQ==",
            "content_md5": "3d0f588742e923989b4538f3a51644d0",
            "content_sha1": "7b9a1e00865d0e3bfa8535bceb1e7191e1171637",
            "content_sha256": "31ece50747ddac098b5f4e20adb895790e2daa8f65aa5f1aff186fbdd9b0f072",
            "content_sha512": "491f480db187fcf321c7510a99222af018dc02133f02fae0f513d8bd79913c01ba725320977a2e077796c9e1b66bbdc0221b2f37fcb32f9cdc19357081e39105",
            "directory_permission": "0777",
            "file_permission": "0777",
            "filename": "../individual-workspaces/ws-0248/main.tf",
            "id": "7b9a1e00865d0e3bfa8535bceb1e7191e1171637",
            "sensitive_content": null,
            "source": null
          },
          "sensitive_attributes": []
        },
        {
          "index_key": 249,
          "schema_version": 0,
          "attributes": {
            "content": "#\n# Autogenerated by Terraform\n# https://github.com/hashi-strawb/tfc-monorepo-test/blob/main/repo_dirs/main.tf\n#\n\nmodule \"pet\" {\n  source = \"../../modules/random\"\n}\n",
            "content_base64": null,
            "content_base64sha256": "MezlB0fdrAmLX04grbiVeQ4tqo9lql8a/xhvvdmw8HI=",
            "content_base64sha512": "SR9IDbGH/PMhx1EKmSIq8BjcAhM/Avrg9RPYvXmRPAG6clMgl3ouB3eWyeG2a73AIhsvN/yzL5zcGTVwgeORBQ==",
            "content_md5": "3d0f588742e923989b4538f3a51644d0",
            "content_sha1": "7b9a1e00865d0e3bfa8535bceb1e7191e1171637",
            "content_sha256": "31ece50747ddac098b5f4e20adb895790e2daa8f65aa5f1aff186fbdd9b0f072",
            "content_sha512": "491f480db187fcf321c7510a99222af018dc02133f02fae0f513d8bd79913c01ba725320977a2e077796c9e1b66bbdc0221b2f37fcb32f9cdc19357081e39105",
            "directory_permission": "0777",
            "file_permission": "0777",
            "filename": "../individual-workspaces/ws-0249/main.tf",
            "id": "7b9a1e00865d0e3bfa8535bceb1e7191e1171637",
            "sensitive_content": null,
            "source": null
          },
          "sensitive_attributes": []
        },
        {
          "index_key": 250,
          "schema_version": 0,
          "attributes": {
            "content": "#\n# Autogenerated by Terraform\n# https://github.com/hashi-strawb/tfc-monorepo-test/blob/main/repo_dirs/main.tf\n#\n\nmodule \"pet\" {\n  source = \"../../modules/random\"\n}\n",
            "content_base64": null,
            "content_base64sha256": "MezlB0fdrAmLX04grbiVeQ4tqo9lql8a/xhvvdmw8HI=",
            "content_base64sha512": "SR9IDbGH/PMhx1EKmSIq8BjcAhM/Avrg9RPYvXmRPAG6clMgl3ouB3eWyeG2a73AIhsvN/yzL5zcGTVwgeORBQ==",
            "content_md5": "3d0f588742e923989b4538f3a51644d0",
            "content_sha1": "7b9a1e00865d0e3bfa8535bceb1e7191e1171637",
            "content_sha256": "31ece50747ddac098b5f4e20adb895790e2daa8f65aa5f1aff186fbdd9b0f072",
            "content_sha512": "491f480db187fcf321c7510a99222af018dc02133f02fae0f513d8bd79913c01ba725320977a2e077796c9e1b66bbdc0221b2f37fcb32f9cdc19357081e39105",
            "directory_permission": "0777",
            "file_permission": "0777",
            "filename": "../individual-workspaces/ws-0250/main.tf",
            "id": "7b9a1e00865d0e3bfa8535bceb1e7191e1171637",
            "sensitive_content": null,
            "source": null
          },
          "sensitive_attributes": []
        },
        {
          "index_key": 251,
          "schema_version": 0,
          "attributes": {
            "content": "#\n# Autogenerated by Terraform\n# https://github.com/hashi-strawb/tfc-monorepo-test/blob/main/repo_dirs/main.tf\n#\n\nmodule \"pet\" {\n  source = \"../../modules/random\"\n}\n",
            "content_base64": null,
            "content_base64sha256": "MezlB0fdrAmLX04grbiVeQ4tqo9lql8a/xhvvdmw8HI=",
            "content_base64sha512": "SR9IDbGH/PMhx1EKmSIq8BjcAhM/Avrg9RPYvXmRPAG6clMgl3ouB3eWyeG2a73AIhsvN/yzL5zcGTVwgeORBQ==",
            "content_md5": "3d0f588742e923989b4538f3a51644d0",
            "content_sha1": "7b9a1e00865d0e3bfa8535bceb1e7191e1171637",
            "content_sha256": "31ece50747ddac098b5f4e20adb895790e2daa8f65aa5f1aff186fbdd9b0f072",
            "content_sha512": "491f480db187fcf321c7510a99222af018dc02133f02fae0f513d8bd79913c01ba725320977a2e077796c9e1b66bbdc0221b2f37fcb32f9cdc19357081e39105",
            "directory_permission": "0777",
            "file_permission": "0777",
            "filename": "../individual-workspaces/ws-0251/main.tf",
            "id": "7b9a1e00865d0e3bfa8535bceb1e7191e1171637",
            "sensitive_content": null,
            "source": null
          },
          "sensitive_attributes": []
        },
        {
          "index_key": 252,
          "schema_version": 0,
          "attributes": {
            "content": "#\n# Autogenerated by Terraform\n# https://github.com/hashi-strawb/tfc-monorepo-test/blob/main/repo_dirs/main.tf\n#\n\nmodule \"pet\" {\n  source = \"../../modules/random\"\n}\n",
            "content_base64": null,
            "content_base64sha256": "MezlB0fdrAmLX04grbiVeQ4tqo9lql8a/xhvvdmw8HI=",
            "content_base64sha512": "SR9IDbGH/PMhx1EKmSIq8BjcAhM/Avrg9RPYvXmRPAG6clMgl3ouB3eWyeG2a73AIhsvN/yzL5zcGTVwgeORBQ==",
            "content_md5": "3d0f588742e923989b4538f3a51644d0",
            "content_sha1": "7b9a1e00865d0e3bfa8535bceb1e7191e1171637",
            "content_sha256": "31ece50747ddac098b5f4e20adb895790e2daa8f65aa5f1aff186fbdd9b0f072",
            "content_sha512": "491f480db187fcf321c7510a99222af018dc02133f02fae0f513d8bd79913c01ba725320977a2e077796c9e1b66bbdc0221b2f37fcb32f9cdc19357081e39105",
            "directory_permission": "0777",
            "file_permission": "0777",
            "filename": "../individual-workspaces/ws-0252/main.tf",
            "id": "7b9a1e00865d0e3bfa8535bceb1e7191e1171637",
            "sensitive_content": null,
            "source": null
          },
          "sensitive_attributes": []
        },
        {
          "index_key": 253,
          "schema_version": 0,
          "attributes": {
            "content": "#\n# Autogenerated by Terraform\n# https://github.com/hashi-strawb/tfc-monorepo-test/blob/main/repo_dirs/main.tf\n#\n\nmodule \"pet\" {\n  source = \"../../modules/random\"\n}\n",
            "content_base64": null,
            "content_base64sha256": "MezlB0fdrAmLX04grbiVeQ4tqo9lql8a/xhvvdmw8HI=",
            "content_base64sha512": "SR9IDbGH/PMhx1EKmSIq8BjcAhM/Avrg9RPYvXmRPAG6clMgl3ouB3eWyeG2a73AIhsvN/yzL5zcGTVwgeORBQ==",
            "content_md5": "3d0f588742e923989b4538f3a51644d0",
            "content_sha1": "7b9a1e00865d0e3bfa8535bceb1e7191e1171637",
            "content_sha256": "31ece50747ddac098b5f4e20adb895790e2daa8f65aa5f1aff186fbdd9b0f072",
            "content_sha512": "491f480db187fcf321c7510a99222af018dc02133f02fae0f513d8bd79913c01ba725320977a2e077796c9e1b66bbdc0221b2f37fcb32f9cdc19357081e39105",
            "directory_permission": "0777",
            "file_permission": "0777",
            "filename": "../individual-workspaces/ws-0253/main.tf",
            "id": "7b9a1e00865d0e3bfa8535bceb1e7191e1171637",
            "sensitive_content": null,
            "source": null
          },
          "sensitive_attributes": []
        },
        {
          "index_key": 254,
          "schema_version": 0,
          "attributes": {
            "content": "#\n# Autogenerated by Terraform\n# https://github.com/hashi-strawb/tfc-monorepo-test/blob/main/repo_dirs/main.tf\n#\n\nmodule \"pet\" {\n  source = \"../../modules/random\"\n}\n",
            "content_base64": null,
            "content_base64sha256": "MezlB0fdrAmLX04grbiVeQ4tqo9lql8a/xhvvdmw8HI=",
            "content_base64sha512": "SR9IDbGH/PMhx1EKmSIq8BjcAhM/Avrg9RPYvXmRPAG6clMgl3ouB3eWyeG2a73AIhsvN/yzL5zcGTVwgeORBQ==",
            "content_md5": "3d0f588742e923989b4538f3a51644d0",
            "content_sha1": "7b9a1e00865d0e3bfa8535bceb1e7191e1171637",
            "content_sha256": "31ece50747ddac098b5f4e20adb895790e2daa8f65aa5f1aff186fbdd9b0f072",
            "content_sha512": "491f480db187fcf321c7510a99222af018dc02133f02fae0f513d8bd79913c01ba725320977a2e077796c9e1b66bbdc0221b2f37fcb32f9cdc19357081e39105",
            "directory_permission": "0777",
            "file_permission": "0777",
            "filename": "../individual-workspaces/ws-0254/main.tf",
            "id": "7b9a1e00865d0e3bfa8535bceb1e7191e1171637",
            "sensitive_content": null,
            "source": null
          },
          "sensitive_attributes": []
        },
        {
          "index_key": 255,
          "schema_version": 0,
          "attributes": {
            "content": "#\n# Autogenerated by Terraform\n# https://github.com/hashi-strawb/tfc-monorepo-test/blob/main/repo_dirs/main.tf\n#\n\nmodule \"pet\" {\n  source = \"../../modules/random\"\n}\n",
            "content_base64": null,
            "content_base64sha256": "MezlB0fdrAmLX04grbiVeQ4tqo9lql8a/xhvvdmw8HI=",
            "content_base64sha512": "SR9IDbGH/PMhx1EKmSIq8BjcAhM/Avrg9RPYvXmRPAG6clMgl3ouB3eWyeG2a73AIhsvN/yzL5zcGTVwgeORBQ==",
            "content_md5": "3d0f588742e923989b4538f3a51644d0",
            "content_sha1": "7b9a1e00865d0e3bfa8535bceb1e7191e1171637",
            "content_sha256": "31ece50747ddac098b5f4e20adb895790e2daa8f65aa5f1aff186fbdd9b0f072",
            "content_sha512": "491f480db187fcf321c7510a99222af018dc02133f02fae0f513d8bd79913c01ba725320977a2e077796c9e1b66bbdc0221b2f37fcb32f9cdc19357081e39105",
            "directory_permission": "0777",
            "file_permission": "0777",
            "filename": "../individual-workspaces/ws-0255/main.tf",
            "id": "7b9a1e00865d0e3bfa8535bceb1e7191e1171637",
            "sensitive_content": null,
            "source": null
          },
          "sensitive_attributes": []
        },
        {
          "index_key": 256,
          "schema_version": 0,
          "attributes": {
            "content": "#\n# Autogenerated by Terraform\n# https://github.com/hashi-strawb/tfc-monorepo-test/blob/main/repo_dirs/main.tf\n#\n\nmodule \"pet\" {\n  source = \"../../modules/random\"\n}\n",
            "content_base64": null,
            "content_base64sha256": "MezlB0fdrAmLX04grbiVeQ4tqo9lql8a/xhvvdmw8HI=",
            "content_base64sha512": "SR9IDbGH/PMhx1EKmSIq8BjcAhM/Avrg9RPYvXmRPAG6clMgl3ouB3eWyeG2a73AIhsvN/yzL5zcGTVwgeORBQ==",
            "content_md5": "3d0f588742e923989b4538f3a51644d0",
            "content_sha1": "7b9a1e00865d0e3bfa8535bceb1e7191e1171637",
            "content_sha256": "31ece50747ddac098b5f4e20adb895790e2daa8f65aa5f1aff186fbdd9b0f072",
            "content_sha512": "491f480db187fcf321c7510a99222af018dc02133f02fae0f513d8bd79913c01ba725320977a2e077796c9e1b66bbdc0221b2f37fcb32f9cdc19357081e39105",
            "directory_permission": "0777",
            "file_permission": "0777",
            "filename": "../individual-workspaces/ws-0256/main.tf",
            "id": "7b9a1e00865d0e3bfa8535bceb1e7191e1171637",
            "sensitive_content": null,
            "source": null
          },
          "sensitive_attributes": []
        },
        {
          "index_key": 257,
          "schema_version": 0,
          "attributes": {
            "content": "#\n# Autogenerated by Terraform\n# https://github.com/hashi-strawb/tfc-monorepo-test/blob/main/repo_dirs/main.tf\n#\n\nmodule \"pet\" {\n  source = \"../../modules/random\"\n}\n",
            "content_base64": null,
            "content_base64sha256": "MezlB0fdrAmLX04grbiVeQ4tqo9lql8a/xhvvdmw8HI=",
            "content_base64sha512": "SR9IDbGH/PMhx1EKmSIq8BjcAhM/Avrg9RPYvXmRPAG6clMgl3ouB3eWyeG2a73AIhsvN/yzL5zcGTVwgeORBQ==",
            "content_md5": "3d0f588742e923989b4538f3a51644d0",
            "content_sha1": "7b9a1e00865d0e3bfa8535bceb1e7191e1171637",
            "content_sha256": "31ece50747ddac098b5f4e20adb895790e2daa8f65aa5f1aff186fbdd9b0f072",
            "content_sha512": "491f480db187fcf321c7510a99222af018dc02133f02fae0f513d8bd79913c01ba725320977a2e077796c9e1b66bbdc0221b2f37fcb32f9cdc19357081e39105",
            "directory_permission": "0777",
            "file_permission": "0777",
            "filename": "../individual-workspaces/ws-0257/main.tf",
            "id": "7b9a1e00865d0e3bfa8535bceb1e7191e1171637",
            "sensitive_content": null,
            "source": null
          },
          "sensitive_attributes": []
        },
        {
          "index_key": 258,
          "schema_version": 0,
          "attributes": {
            "content": "#\n# Autogenerated by Terraform\n# https://github.com/hashi-strawb/tfc-monorepo-test/blob/main/repo_dirs/main.tf\n#\n\nmodule \"pet\" {\n  source = \"../../modules/random\"\n}\n",
            "content_base64": null,
            "content_base64sha256": "MezlB0fdrAmLX04grbiVeQ4tqo9lql8a/xhvvdmw8HI=",
            "content_base64sha512": "SR9IDbGH/PMhx1EKmSIq8BjcAhM/Avrg9RPYvXmRPAG6clMgl3ouB3eWyeG2a73AIhsvN/yzL5zcGTVwgeORBQ==",
            "content_md5": "3d0f588742e923989b4538f3a51644d0",
            "content_sha1": "7b9a1e00865d0e3bfa8535bceb1e7191e1171637",
            "content_sha256": "31ece50747ddac098b5f4e20adb895790e2daa8f65aa5f1aff186fbdd9b0f072",
            "content_sha512": "491f480db187fcf321c7510a99222af018dc02133f02fae0f513d8bd79913c01ba725320977a2e077796c9e1b66bbdc0221b2f37fcb32f9cdc19357081e39105",
            "directory_permission": "0777",
            "file_permission": "0777",
            "filename": "../individual-workspaces/ws-0258/main.tf",
            "id": "7b9a1e00865d0e3bfa8535bceb1e7191e1171637",
            "sensitive_content": null,
            "source": null
          },
          "sensitive_attributes": []
        },
        {
          "index_key": 259,
          "schema_version": 0,
          "attributes": {
            "content": "#\n# Autogenerated by Terraform\n# https://github.com/hashi-strawb/tfc-monorepo-test/blob/main/repo_dirs/main.tf\n#\n\nmodule \"pet\" {\n  source = \"../../modules/random\"\n}\n",
            "content_base64": null,
            "content_base64sha256": "MezlB0fdrAmLX04grbiVeQ4tqo9lql8a/xhvvdmw8HI=",
            "content_base64sha512": "SR9IDbGH/PMhx1EKmSIq8BjcAhM/Avrg9RPYvXmRPAG6clMgl3ouB3eWyeG2a73AIhsvN/yzL5zcGTVwgeORBQ==",
            "content_md5": "3d0f588742e923989b4538f3a51644d0",
            "content_sha1": "7b9a1e00865d0e3bfa8535bceb1e7191e1171637",
            "content_sha256": "31ece50747ddac098b5f4e20adb895790e2daa8f65aa5f1aff186fbdd9b0f072",
            "content_sha512": "491f480db187fcf321c7510a99222af018dc02133f02fae0f513d8bd79913c01ba725320977a2e077796c9e1b66bbdc0221b2f37fcb32f9cdc19357081e39105",
            "directory_permission": "0777",
            "file_permission": "0777",
            "filename": "../individual-workspaces/ws-0259/main.tf",
            "id": "7b9a1e00865d0e3bfa8535bceb1e7191e1171637",
            "sensitive_content": null,
            "source": null
          },
          "sensitive_attributes": []
        },
        {
          "index_key": 260,
          "schema_version": 0,
          "attributes": {
            "content": "#\n# Autogenerated by Terraform\n# https://github.com/hashi-strawb/tfc-monorepo-test/blob/main/repo_dirs/main.tf\n#\n\nmodule \"pet\" {\n  source = \"../../modules/random\"\n}\n",
            "content_base64": null,
            "content_base64sha256": "MezlB0fdrAmLX04grbiVeQ4tqo9lql8a/xhvvdmw8HI=",
            "content_base64sha512": "SR9IDbGH/PMhx1EKmSIq8BjcAhM/Avrg9RPYvXmRPAG6clMgl3ouB3eWyeG2a73AIhsvN/yzL5zcGTVwgeORBQ==",
            "content_md5": "3d0f588742e923989b4538f3a51644d0",
            "content_sha1": "7b9a1e00865d0e3bfa8535bceb1e7191e1171637",
            "content_sha256": "31ece50747ddac098b5f4e20adb895790e2daa8f65aa5f1aff186fbdd9b0f072",
            "content_sha512": "491f480db187fcf321c7510a99222af018dc02133f02fae0f513d8bd79913c01ba725320977a2e077796c9e1b66bbdc0221b2f37fcb32f9cdc19357081e39105",
            "directory_permission": "0777",
            "file_permission": "0777",
            "filename": "../individual-workspaces/ws-0260/main.tf",
            "id": "7b9a1e00865d0e3bfa8535bceb1e7191e1171637",
            "sensitive_content": null,
            "source": null
          },
          "sensitive_attributes": []
        },
        {
          "index_key": 261,
          "schema_version": 0,
          "attributes": {
            "content": "#\n# Autogenerated by Terraform\n# https://github.com/hashi-strawb/tfc-monorepo-test/blob/main/repo_dirs/main.tf\n#\n\nmodule \"pet\" {\n  source = \"../../modules/random\"\n}\n",
            "content_base64": null,
            "content_base64sha256": "MezlB0fdrAmLX04grbiVeQ4tqo9lql8a/xhvvdmw8HI=",
            "content_base64sha512": "SR9IDbGH/PMhx1EKmSIq8BjcAhM/Avrg9RPYvXmRPAG6clMgl3ouB3eWyeG2a73AIhsvN/yzL5zcGTVwgeORBQ==",
            "content_md5": "3d0f588742e923989b4538f3a51644d0",
            "content_sha1": "7b9a1e00865d0e3bfa8535bceb1e7191e1171637",
            "content_sha256": "31ece50747ddac098b5f4e20adb895790e2daa8f65aa5f1aff186fbdd9b0f072",
            "content_sha512": "491f480db187fcf321c7510a99222af018dc02133f02fae0f513d8bd79913c01ba725320977a2e077796c9e1b66bbdc0221b2f37fcb32f9cdc19357081e39105",
            "directory_permission": "0777",
            "file_permission": "0777",
            "filename": "../individual-workspaces/ws-0261/main.tf",
            "id": "7b9a1e00865d0e3bfa8535bceb1e7191e1171637",
            "sensitive_content": null,
            "source": null
          },
          "sensitive_attributes": []
        },
        {
          "index_key": 262,
          "schema_version": 0,
          "attributes": {
            "content": "#\n# Autogenerated by Terraform\n# https://github.com/hashi-strawb/tfc-monorepo-test/blob/main/repo_dirs/main.tf\n#\n\nmodule \"pet\" {\n  source = \"../../modules/random\"\n}\n",
            "content_base64": null,
            "content_base64sha256": "MezlB0fdrAmLX04grbiVeQ4tqo9lql8a/xhvvdmw8HI=",
            "content_base64sha512": "SR9IDbGH/PMhx1EKmSIq8BjcAhM/Avrg9RPYvXmRPAG6clMgl3ouB3eWyeG2a73AIhsvN/yzL5zcGTVwgeORBQ==",
            "content_md5": "3d0f588742e923989b4538f3a51644d0",
            "content_sha1": "7b9a1e00865d0e3bfa8535bceb1e7191e1171637",
            "content_sha256": "31ece50747ddac098b5f4e20adb895790e2daa8f65aa5f1aff186fbdd9b0f072",
            "content_sha512": "491f480db187fcf321c7510a99222af018dc02133f02fae0f513d8bd79913c01ba725320977a2e077796c9e1b66bbdc0221b2f37fcb32f9cdc19357081e39105",
            "directory_permission": "0777",
            "file_permission": "0777",
            "filename": "../individual-workspaces/ws-0262/main.tf",
            "id": "7b9a1e00865d0e3bfa8535bceb1e7191e1171637",
            "sensitive_content": null,
            "source": null
          },
          "sensitive_attributes": []
        },
        {
          "index_key": 263,
          "schema_version": 0,
          "attributes": {
            "content": "#\n# Autogenerated by Terraform\n# https://github.com/hashi-strawb/tfc-monorepo-test/blob/main/repo_dirs/main.tf\n#\n\nmodule \"pet\" {\n  source = \"../../modules/random\"\n}\n",
            "content_base64": null,
            "content_base64sha256": "MezlB0fdrAmLX04grbiVeQ4tqo9lql8a/xhvvdmw8HI=",
            "content_base64sha512": "SR9IDbGH/PMhx1EKmSIq8BjcAhM/Avrg9RPYvXmRPAG6clMgl3ouB3eWyeG2a73AIhsvN/yzL5zcGTVwgeORBQ==",
            "content_md5": "3d0f588742e923989b4538f3a51644d0",
            "content_sha1": "7b9a1e00865d0e3bfa8535bceb1e7191e1171637",
            "content_sha256": "31ece50747ddac098b5f4e20adb895790e2daa8f65aa5f1aff186fbdd9b0f072",
            "content_sha512": "491f480db187fcf321c7510a99222af018dc02133f02fae0f513d8bd79913c01ba725320977a2e077796c9e1b66bbdc0221b2f37fcb32f9cdc19357081e39105",
            "directory_permission": "0777",
            "file_permission": "0777",
            "filename": "../individual-workspaces/ws-0263/main.tf",
            "id": "7b9a1e00865d0e3bfa8535bceb1e7191e1171637",
            "sensitive_content": null,
            "source": null
          },
          "sensitive_attributes": []
        },
        {
          "index_key": 264,
          "schema_version": 0,
          "attributes": {
            "content": "#\n# Autogenerated by Terraform\n# https://github.com/hashi-strawb/tfc-monorepo-test/blob/main/repo_dirs/main.tf\n#\n\nmodule \"pet\" {\n  source = \"../../modules/random\"\n}\n",
            "content_base64": null,
            "content_base64sha256": "MezlB0fdrAmLX04grbiVeQ4tqo9lql8a/xhvvdmw8HI=",
            "content_base64sha512": "SR9IDbGH/PMhx1EKmSIq8BjcAhM/Avrg9RPYvXmRPAG6clMgl3ouB3eWyeG2a73AIhsvN/yzL5zcGTVwgeORBQ==",
            "content_md5": "3d0f588742e923989b4538f3a51644d0",
            "content_sha1": "7b9a1e00865d0e3bfa8535bceb1e7191e1171637",
            "content_sha256": "31ece50747ddac098b5f4e20adb895790e2daa8f65aa5f1aff186fbdd9b0f072",
            "content_sha512": "491f480db187fcf321c7510a99222af018dc02133f02fae0f513d8bd79913c01ba725320977a2e077796c9e1b66bbdc0221b2f37fcb32f9cdc19357081e39105",
            "directory_permission": "0777",
            "file_permission": "0777",
            "filename": "../individual-workspaces/ws-0264/main.tf",
            "id": "7b9a1e00865d0e3bfa8535bceb1e7191e1171637",
            "sensitive_content": null,
            "source": null
          },
          "sensitive_attributes": []
        },
        {
          "index_key": 265,
          "schema_version": 0,
          "attributes": {
            "content": "#\n# Autogenerated by Terraform\n# https://github.com/hashi-strawb/tfc-monorepo-test/blob/main/repo_dirs/main.tf\n#\n\nmodule \"pet\" {\n  source = \"../../modules/random\"\n}\n",
            "content_base64": null,
            "content_base64sha256": "MezlB0fdrAmLX04grbiVeQ4tqo9lql8a/xhvvdmw8HI=",
            "content_base64sha512": "SR9IDbGH/PMhx1EKmSIq8BjcAhM/Avrg9RPYvXmRPAG6clMgl3ouB3eWyeG2a73AIhsvN/yzL5zcGTVwgeORBQ==",
            "content_md5": "3d0f588742e923989b4538f3a51644d0",
            "content_sha1": "7b9a1e00865d0e3bfa8535bceb1e7191e1171637",
            "content_sha256": "31ece50747ddac098b5f4e20adb895790e2daa8f65aa5f1aff186fbdd9b0f072",
            "content_sha512": "491f480db187fcf321c7510a99222af018dc02133f02fae0f513d8bd79913c01ba725320977a2e077796c9e1b66bbdc0221b2f37fcb32f9cdc19357081e39105",
            "directory_permission": "0777",
            "file_permission": "0777",
            "filename": "../individual-workspaces/ws-0265/main.tf",
            "id": "7b9a1e00865d0e3bfa8535bceb1e7191e1171637",
            "sensitive_content": null,
            "source": null
          },
          "sensitive_attributes": []
        },
        {
          "index_key": 266,
          "schema_version": 0,
          "attributes": {
            "content": "#\n# Autogenerated by Terraform\n# https://github.com/hashi-strawb/tfc-monorepo-test/blob/main/repo_dirs/main.tf\n#\n\nmodule \"pet\" {\n  source = \"../../modules/random\"\n}\n",
            "content_base64": null,
            "content_base64sha256": "MezlB0fdrAmLX04grbiVeQ4tqo9lql8a/xhvvdmw8HI=",
            "content_base64sha512": "SR9IDbGH/PMhx1EKmSIq8BjcAhM/Avrg9RPYvXmRPAG6clMgl3ouB3eWyeG2a73AIhsvN/yzL5zcGTVwgeORBQ==",
            "content_md5": "3d0f588742e923989b4538f3a51644d0",
            "content_sha1": "7b9a1e00865d0e3bfa8535bceb1e7191e1171637",
            "content_sha256": "31ece50747ddac098b5f4e20adb895790e2daa8f65aa5f1aff186fbdd9b0f072",
            "content_sha512": "491f480db187fcf321c7510a99222af018dc02133f02fae0f513d8bd79913c01ba725320977a2e077796c9e1b66bbdc0221b2f37fcb32f9cdc19357081e39105",
            "directory_permission": "0777",
            "file_permission": "0777",
            "filename": "../individual-workspaces/ws-0266/main.tf",
            "id": "7b9a1e00865d0e3bfa8535bceb1e7191e1171637",
            "sensitive_content": null,
            "source": null
          },
          "sensitive_attributes": []
        },
        {
          "index_key": 267,
          "schema_version": 0,
          "attributes": {
            "content": "#\n# Autogenerated by Terraform\n# https://github.com/hashi-strawb/tfc-monorepo-test/blob/main/repo_dirs/main.tf\n#\n\nmodule \"pet\" {\n  source = \"../../modules/random\"\n}\n",
            "content_base64": null,
            "content_base64sha256": "MezlB0fdrAmLX04grbiVeQ4tqo9lql8a/xhvvdmw8HI=",
            "content_base64sha512": "SR9IDbGH/PMhx1EKmSIq8BjcAhM/Avrg9RPYvXmRPAG6clMgl3ouB3eWyeG2a73AIhsvN/yzL5zcGTVwgeORBQ==",
            "content_md5": "3d0f588742e923989b4538f3a51644d0",
            "content_sha1": "7b9a1e00865d0e3bfa8535bceb1e7191e1171637",
            "content_sha256": "31ece50747ddac098b5f4e20adb895790e2daa8f65aa5f1aff186fbdd9b0f072",
            "content_sha512": "491f480db187fcf321c7510a99222af018dc02133f02fae0f513d8bd79913c01ba725320977a2e077796c9e1b66bbdc0221b2f37fcb32f9cdc19357081e39105",
            "directory_permission": "0777",
            "file_permission": "0777",
            "filename": "../individual-workspaces/ws-0267/main.tf",
            "id": "7b9a1e00865d0e3bfa8535bceb1e7191e1171637",
            "sensitive_content": null,
            "source": null
          },
          "sensitive_attributes": []
        },
        {
          "index_key": 268,
          "schema_version": 0,
          "attributes": {
            "content": "#\n# Autogenerated by Terraform\n# https://github.com/hashi-strawb/tfc-monorepo-test/blob/main/repo_dirs/main.tf\n#\n\nmodule \"pet\" {\n  source = \"../../modules/random\"\n}\n",
            "content_base64": null,
            "content_base64sha256": "MezlB0fdrAmLX04grbiVeQ4tqo9lql8a/xhvvdmw8HI=",
            "content_base64sha512": "SR9IDbGH/PMhx1EKmSIq8BjcAhM/Avrg9RPYvXmRPAG6clMgl3ouB3eWyeG2a73AIhsvN/yzL5zcGTVwgeORBQ==",
            "content_md5": "3d0f588742e923989b4538f3a51644d0",
            "content_sha1": "7b9a1e00865d0e3bfa8535bceb1e7191e1171637",
            "content_sha256": "31ece50747ddac098b5f4e20adb895790e2daa8f65aa5f1aff186fbdd9b0f072",
            "content_sha512": "491f480db187fcf321c7510a99222af018dc02133f02fae0f513d8bd79913c01ba725320977a2e077796c9e1b66bbdc0221b2f37fcb32f9cdc19357081e39105",
            "directory_permission": "0777",
            "file_permission": "0777",
            "filename": "../individual-workspaces/ws-0268/main.tf",
            "id": "7b9a1e00865d0e3bfa8535bceb1e7191e1171637",
            "sensitive_content": null,
            "source": null
          },
          "sensitive_attributes": []
        },
        {
          "index_key": 269,
          "schema_version": 0,
          "attributes": {
            "content": "#\n# Autogenerated by Terraform\n# https://github.com/hashi-strawb/tfc-monorepo-test/blob/main/repo_dirs/main.tf\n#\n\nmodule \"pet\" {\n  source = \"../../modules/random\"\n}\n",
            "content_base64": null,
            "content_base64sha256": "MezlB0fdrAmLX04grbiVeQ4tqo9lql8a/xhvvdmw8HI=",
            "content_base64sha512": "SR9IDbGH/PMhx1EKmSIq8BjcAhM/Avrg9RPYvXmRPAG6clMgl3ouB3eWyeG2a73AIhsvN/yzL5zcGTVwgeORBQ==",
            "content_md5": "3d0f588742e923989b4538f3a51644d0",
            "content_sha1": "7b9a1e00865d0e3bfa8535bceb1e7191e1171637",
            "content_sha256": "31ece50747ddac098b5f4e20adb895790e2daa8f65aa5f1aff186fbdd9b0f072",
            "content_sha512": "491f480db187fcf321c7510a99222af018dc02133f02fae0f513d8bd79913c01ba725320977a2e077796c9e1b66bbdc0221b2f37fcb32f9cdc19357081e39105",
            "directory_permission": "0777",
            "file_permission": "0777",
            "filename": "../individual-workspaces/ws-0269/main.tf",
            "id": "7b9a1e00865d0e3bfa8535bceb1e7191e1171637",
            "sensitive_content": null,
            "source": null
          },
          "sensitive_attributes": []
        },
        {
          "index_key": 270,
          "schema_version": 0,
          "attributes": {
            "content": "#\n# Autogenerated by Terraform\n# https://github.com/hashi-strawb/tfc-monorepo-test/blob/main/repo_dirs/main.tf\n#\n\nmodule \"pet\" {\n  source = \"../../modules/random\"\n}\n",
            "content_base64": null,
            "content_base64sha256": "MezlB0fdrAmLX04grbiVeQ4tqo9lql8a/xhvvdmw8HI=",
            "content_base64sha512": "SR9IDbGH/PMhx1EKmSIq8BjcAhM/Avrg9RPYvXmRPAG6clMgl3ouB3eWyeG2a73AIhsvN/yzL5zcGTVwgeORBQ==",
            "content_md5": "3d0f588742e923989b4538f3a51644d0",
            "content_sha1": "7b9a1e00865d0e3bfa8535bceb1e7191e1171637",
            "content_sha256": "31ece50747ddac098b5f4e20adb895790e2daa8f65aa5f1aff186fbdd9b0f072",
            "content_sha512": "491f480db187fcf321c7510a99222af018dc02133f02fae0f513d8bd79913c01ba725320977a2e077796c9e1b66bbdc0221b2f37fcb32f9cdc19357081e39105",
            "directory_permission": "0777",
            "file_permission": "0777",
            "filename": "../individual-workspaces/ws-0270/main.tf",
            "id": "7b9a1e00865d0e3bfa8535bceb1e7191e1171637",
            "sensitive_content": null,
            "source": null
          },
          "sensitive_attributes": []
        },
        {
          "index_key": 271,
          "schema_version": 0,
          "attributes": {
            "content": "#\n# Autogenerated by Terraform\n# https://github.com/hashi-strawb/tfc-monorepo-test/blob/main/repo_dirs/main.tf\n#\n\nmodule \"pet\" {\n  source = \"../../modules/random\"\n}\n",
            "content_base64": null,
            "content_base64sha256": "MezlB0fdrAmLX04grbiVeQ4tqo9lql8a/xhvvdmw8HI=",
            "content_base64sha512": "SR9IDbGH/PMhx1EKmSIq8BjcAhM/Avrg9RPYvXmRPAG6clMgl3ouB3eWyeG2a73AIhsvN/yzL5zcGTVwgeORBQ==",
            "content_md5": "3d0f588742e923989b4538f3a51644d0",
            "content_sha1": "7b9a1e00865d0e3bfa8535bceb1e7191e1171637",
            "content_sha256": "31ece50747ddac098b5f4e20adb895790e2daa8f65aa5f1aff186fbdd9b0f072",
            "content_sha512": "491f480db187fcf321c7510a99222af018dc02133f02fae0f513d8bd79913c01ba725320977a2e077796c9e1b66bbdc0221b2f37fcb32f9cdc19357081e39105",
            "directory_permission": "0777",
            "file_permission": "0777",
            "filename": "../individual-workspaces/ws-0271/main.tf",
            "id": "7b9a1e00865d0e3bfa8535bceb1e7191e1171637",
            "sensitive_content": null,
            "source": null
          },
          "sensitive_attributes": []
        },
        {
          "index_key": 272,
          "schema_version": 0,
          "attributes": {
            "content": "#\n# Autogenerated by Terraform\n# https://github.com/hashi-strawb/tfc-monorepo-test/blob/main/repo_dirs/main.tf\n#\n\nmodule \"pet\" {\n  source = \"../../modules/random\"\n}\n",
            "content_base64": null,
            "content_base64sha256": "MezlB0fdrAmLX04grbiVeQ4tqo9lql8a/xhvvdmw8HI=",
            "content_base64sha512": "SR9IDbGH/PMhx1EKmSIq8BjcAhM/Avrg9RPYvXmRPAG6clMgl3ouB3eWyeG2a73AIhsvN/yzL5zcGTVwgeORBQ==",
            "content_md5": "3d0f588742e923989b4538f3a51644d0",
            "content_sha1": "7b9a1e00865d0e3bfa8535bceb1e7191e1171637",
            "content_sha256": "31ece50747ddac098b5f4e20adb895790e2daa8f65aa5f1aff186fbdd9b0f072",
            "content_sha512": "491f480db187fcf321c7510a99222af018dc02133f02fae0f513d8bd79913c01ba725320977a2e077796c9e1b66bbdc0221b2f37fcb32f9cdc19357081e39105",
            "directory_permission": "0777",
            "file_permission": "0777",
            "filename": "../individual-workspaces/ws-0272/main.tf",
            "id": "7b9a1e00865d0e3bfa8535bceb1e7191e1171637",
            "sensitive_content": null,
            "source": null
          },
          "sensitive_attributes": []
        },
        {
          "index_key": 273,
          "schema_version": 0,
          "attributes": {
            "content": "#\n# Autogenerated by Terraform\n# https://github.com/hashi-strawb/tfc-monorepo-test/blob/main/repo_dirs/main.tf\n#\n\nmodule \"pet\" {\n  source = \"../../modules/random\"\n}\n",
            "content_base64": null,
            "content_base64sha256": "MezlB0fdrAmLX04grbiVeQ4tqo9lql8a/xhvvdmw8HI=",
            "content_base64sha512": "SR9IDbGH/PMhx1EKmSIq8BjcAhM/Avrg9RPYvXmRPAG6clMgl3ouB3eWyeG2a73AIhsvN/yzL5zcGTVwgeORBQ==",
            "content_md5": "3d0f588742e923989b4538f3a51644d0",
            "content_sha1": "7b9a1e00865d0e3bfa8535bceb1e7191e1171637",
            "content_sha256": "31ece50747ddac098b5f4e20adb895790e2daa8f65aa5f1aff186fbdd9b0f072",
            "content_sha512": "491f480db187fcf321c7510a99222af018dc02133f02fae0f513d8bd79913c01ba725320977a2e077796c9e1b66bbdc0221b2f37fcb32f9cdc19357081e39105",
            "directory_permission": "0777",
            "file_permission": "0777",
            "filename": "../individual-workspaces/ws-0273/main.tf",
            "id": "7b9a1e00865d0e3bfa8535bceb1e7191e1171637",
            "sensitive_content": null,
            "source": null
          },
          "sensitive_attributes": []
        },
        {
          "index_key": 274,
          "schema_version": 0,
          "attributes": {
            "content": "#\n# Autogenerated by Terraform\n# https://github.com/hashi-strawb/tfc-monorepo-test/blob/main/repo_dirs/main.tf\n#\n\nmodule \"pet\" {\n  source = \"../../modules/random\"\n}\n",
            "content_base64": null,
            "content_base64sha256": "MezlB0fdrAmLX04grbiVeQ4tqo9lql8a/xhvvdmw8HI=",
            "content_base64sha512": "SR9IDbGH/PMhx1EKmSIq8BjcAhM/Avrg9RPYvXmRPAG6clMgl3ouB3eWyeG2a73AIhsvN/yzL5zcGTVwgeORBQ==",
            "content_md5": "3d0f588742e923989b4538f3a51644d0",
            "content_sha1": "7b9a1e00865d0e3bfa8535bceb1e7191e1171637",
            "content_sha256": "31ece50747ddac098b5f4e20adb895790e2daa8f65aa5f1aff186fbdd9b0f072",
            "content_sha512": "491f480db187fcf321c7510a99222af018dc02133f02fae0f513d8bd79913c01ba725320977a2e077796c9e1b66bbdc0221b2f37fcb32f9cdc19357081e39105",
            "directory_permission": "0777",
            "file_permission": "0777",
            "filename": "../individual-workspaces/ws-0274/main.tf",
            "id": "7b9a1e00865d0e3bfa8535bceb1e7191e1171637",
            "sensitive_content": null,
            "source": null
          },
          "sensitive_attributes": []
        },
        {
          "index_key": 275,
          "schema_version": 0,
          "attributes": {
            "content": "#\n# Autogenerated by Terraform\n# https://github.com/hashi-strawb/tfc-monorepo-test/blob/main/repo_dirs/main.tf\n#\n\nmodule \"pet\" {\n  source = \"../../modules/random\"\n}\n",
            "content_base64": null,
            "content_base64sha256": "MezlB0fdrAmLX04grbiVeQ4tqo9lql8a/xhvvdmw8HI=",
            "content_base64sha512": "SR9IDbGH/PMhx1EKmSIq8BjcAhM/Avrg9RPYvXmRPAG6clMgl3ouB3eWyeG2a73AIhsvN/yzL5zcGTVwgeORBQ==",
            "content_md5": "3d0f588742e923989b4538f3a51644d0",
            "content_sha1": "7b9a1e00865d0e3bfa8535bceb1e7191e1171637",
            "content_sha256": "31ece50747ddac098b5f4e20adb895790e2daa8f65aa5f1aff186fbdd9b0f072",
            "content_sha512": "491f480db187fcf321c7510a99222af018dc02133f02fae0f513d8bd79913c01ba725320977a2e077796c9e1b66bbdc0221b2f37fcb32f9cdc19357081e39105",
            "directory_permission": "0777",
            "file_permission": "0777",
            "filename": "../individual-workspaces/ws-0275/main.tf",
            "id": "7b9a1e00865d0e3bfa8535bceb1e7191e1171637",
            "sensitive_content": null,
            "source": null
          },
          "sensitive_attributes": []
        },
        {
          "index_key": 276,
          "schema_version": 0,
          "attributes": {
            "content": "#\n# Autogenerated by Terraform\n# https://github.com/hashi-strawb/tfc-monorepo-test/blob/main/repo_dirs/main.tf\n#\n\nmodule \"pet\" {\n  source = \"../../modules/random\"\n}\n",
            "content_base64": null,
            "content_base64sha256": "MezlB0fdrAmLX04grbiVeQ4tqo9lql8a/xhvvdmw8HI=",
            "content_base64sha512": "SR9IDbGH/PMhx1EKmSIq8BjcAhM/Avrg9RPYvXmRPAG6clMgl3ouB3eWyeG2a73AIhsvN/yzL5zcGTVwgeORBQ==",
            "content_md5": "3d0f588742e923989b4538f3a51644d0",
            "content_sha1": "7b9a1e00865d0e3bfa8535bceb1e7191e1171637",
            "content_sha256": "31ece50747ddac098b5f4e20adb895790e2daa8f65aa5f1aff186fbdd9b0f072",
            "content_sha512": "491f480db187fcf321c7510a99222af018dc02133f02fae0f513d8bd79913c01ba725320977a2e077796c9e1b66bbdc0221b2f37fcb32f9cdc19357081e39105",
            "directory_permission": "0777",
            "file_permission": "0777",
            "filename": "../individual-workspaces/ws-0276/main.tf",
            "id": "7b9a1e00865d0e3bfa8535bceb1e7191e1171637",
            "sensitive_content": null,
            "source": null
          },
          "sensitive_attributes": []
        },
        {
          "index_key": 277,
          "schema_version": 0,
          "attributes": {
            "content": "#\n# Autogenerated by Terraform\n# https://github.com/hashi-strawb/tfc-monorepo-test/blob/main/repo_dirs/main.tf\n#\n\nmodule \"pet\" {\n  source = \"../../modules/random\"\n}\n",
            "content_base64": null,
            "content_base64sha256": "MezlB0fdrAmLX04grbiVeQ4tqo9lql8a/xhvvdmw8HI=",
            "content_base64sha512": "SR9IDbGH/PMhx1EKmSIq8BjcAhM/Avrg9RPYvXmRPAG6clMgl3ouB3eWyeG2a73AIhsvN/yzL5zcGTVwgeORBQ==",
            "content_md5": "3d0f588742e923989b4538f3a51644d0",
            "content_sha1": "7b9a1e00865d0e3bfa8535bceb1e7191e1171637",
            "content_sha256": "31ece50747ddac098b5f4e20adb895790e2daa8f65aa5f1aff186fbdd9b0f072",
            "content_sha512": "491f480db187fcf321c7510a99222af018dc02133f02fae0f513d8bd79913c01ba725320977a2e077796c9e1b66bbdc0221b2f37fcb32f9cdc19357081e39105",
            "directory_permission": "0777",
            "file_permission": "0777",
            "filename": "../individual-workspaces/ws-0277/main.tf",
            "id": "7b9a1e00865d0e3bfa8535bceb1e7191e1171637",
            "sensitive_content": null,
            "source": null
          },
          "sensitive_attributes": []
        },
        {
          "index_key": 278,
          "schema_version": 0,
          "attributes": {
            "content": "#\n# Autogenerated by Terraform\n# https://github.com/hashi-strawb/tfc-monorepo-test/blob/main/repo_dirs/main.tf\n#\n\nmodule \"pet\" {\n  source = \"../../modules/random\"\n}\n",
            "content_base64": null,
            "content_base64sha256": "MezlB0fdrAmLX04grbiVeQ4tqo9lql8a/xhvvdmw8HI=",
            "content_base64sha512": "SR9IDbGH/PMhx1EKmSIq8BjcAhM/Avrg9RPYvXmRPAG6clMgl3ouB3eWyeG2a73AIhsvN/yzL5zcGTVwgeORBQ==",
            "content_md5": "3d0f588742e923989b4538f3a51644d0",
            "content_sha1": "7b9a1e00865d0e3bfa8535bceb1e7191e1171637",
            "content_sha256": "31ece50747ddac098b5f4e20adb895790e2daa8f65aa5f1aff186fbdd9b0f072",
            "content_sha512": "491f480db187fcf321c7510a99222af018dc02133f02fae0f513d8bd79913c01ba725320977a2e077796c9e1b66bbdc0221b2f37fcb32f9cdc19357081e39105",
            "directory_permission": "0777",
            "file_permission": "0777",
            "filename": "../individual-workspaces/ws-0278/main.tf",
            "id": "7b9a1e00865d0e3bfa8535bceb1e7191e1171637",
            "sensitive_content": null,
            "source": null
          },
          "sensitive_attributes": []
        },
        {
          "index_key": 279,
          "schema_version": 0,
          "attributes": {
            "content": "#\n# Autogenerated by Terraform\n# https://github.com/hashi-strawb/tfc-monorepo-test/blob/main/repo_dirs/main.tf\n#\n\nmodule \"pet\" {\n  source = \"../../modules/random\"\n}\n",
            "content_base64": null,
            "content_base64sha256": "MezlB0fdrAmLX04grbiVeQ4tqo9lql8a/xhvvdmw8HI=",
            "content_base64sha512": "SR9IDbGH/PMhx1EKmSIq8BjcAhM/Avrg9RPYvXmRPAG6clMgl3ouB3eWyeG2a73AIhsvN/yzL5zcGTVwgeORBQ==",
            "content_md5": "3d0f588742e923989b4538f3a51644d0",
            "content_sha1": "7b9a1e00865d0e3bfa8535bceb1e7191e1171637",
            "content_sha256": "31ece50747ddac098b5f4e20adb895790e2daa8f65aa5f1aff186fbdd9b0f072",
            "content_sha512": "491f480db187fcf321c7510a99222af018dc02133f02fae0f513d8bd79913c01ba725320977a2e077796c9e1b66bbdc0221b2f37fcb32f9cdc19357081e39105",
            "directory_permission": "0777",
            "file_permission": "0777",
            "filename": "../individual-workspaces/ws-0279/main.tf",
            "id": "7b9a1e00865d0e3bfa8535bceb1e7191e1171637",
            "sensitive_content": null,
            "source": null
          },
          "sensitive_attributes": []
        },
        {
          "index_key": 280,
          "schema_version": 0,
          "attributes": {
            "content": "#\n# Autogenerated by Terraform\n# https://github.com/hashi-strawb/tfc-monorepo-test/blob/main/repo_dirs/main.tf\n#\n\nmodule \"pet\" {\n  source = \"../../modules/random\"\n}\n",
            "content_base64": null,
            "content_base64sha256": "MezlB0fdrAmLX04grbiVeQ4tqo9lql8a/xhvvdmw8HI=",
            "content_base64sha512": "SR9IDbGH/PMhx1EKmSIq8BjcAhM/Avrg9RPYvXmRPAG6clMgl3ouB3eWyeG2a73AIhsvN/yzL5zcGTVwgeORBQ==",
            "content_md5": "3d0f588742e923989b4538f3a51644d0",
            "content_sha1": "7b9a1e00865d0e3bfa8535bceb1e7191e1171637",
            "content_sha256": "31ece50747ddac098b5f4e20adb895790e2daa8f65aa5f1aff186fbdd9b0f072",
            "content_sha512": "491f480db187fcf321c7510a99222af018dc02133f02fae0f513d8bd79913c01ba725320977a2e077796c9e1b66bbdc0221b2f37fcb32f9cdc19357081e39105",
            "directory_permission": "0777",
            "file_permission": "0777",
            "filename": "../individual-workspaces/ws-0280/main.tf",
            "id": "7b9a1e00865d0e3bfa8535bceb1e7191e1171637",
            "sensitive_content": null,
            "source": null
          },
          "sensitive_attributes": []
        },
        {
          "index_key": 281,
          "schema_version": 0,
          "attributes": {
            "content": "#\n# Autogenerated by Terraform\n# https://github.com/hashi-strawb/tfc-monorepo-test/blob/main/repo_dirs/main.tf\n#\n\nmodule \"pet\" {\n  source = \"../../modules/random\"\n}\n",
            "content_base64": null,
            "content_base64sha256": "MezlB0fdrAmLX04grbiVeQ4tqo9lql8a/xhvvdmw8HI=",
            "content_base64sha512": "SR9IDbGH/PMhx1EKmSIq8BjcAhM/Avrg9RPYvXmRPAG6clMgl3ouB3eWyeG2a73AIhsvN/yzL5zcGTVwgeORBQ==",
            "content_md5": "3d0f588742e923989b4538f3a51644d0",
            "content_sha1": "7b9a1e00865d0e3bfa8535bceb1e7191e1171637",
            "content_sha256": "31ece50747ddac098b5f4e20adb895790e2daa8f65aa5f1aff186fbdd9b0f072",
            "content_sha512": "491f480db187fcf321c7510a99222af018dc02133f02fae0f513d8bd79913c01ba725320977a2e077796c9e1b66bbdc0221b2f37fcb32f9cdc19357081e39105",
            "directory_permission": "0777",
            "file_permission": "0777",
            "filename": "../individual-workspaces/ws-0281/main.tf",
            "id": "7b9a1e00865d0e3bfa8535bceb1e7191e1171637",
            "sensitive_content": null,
            "source": null
          },
          "sensitive_attributes": []
        },
        {
          "index_key": 282,
          "schema_version": 0,
          "attributes": {
            "content": "#\n# Autogenerated by Terraform\n# https://github.com/hashi-strawb/tfc-monorepo-test/blob/main/repo_dirs/main.tf\n#\n\nmodule \"pet\" {\n  source = \"../../modules/random\"\n}\n",
            "content_base64": null,
            "content_base64sha256": "MezlB0fdrAmLX04grbiVeQ4tqo9lql8a/xhvvdmw8HI=",
            "content_base64sha512": "SR9IDbGH/PMhx1EKmSIq8BjcAhM/Avrg9RPYvXmRPAG6clMgl3ouB3eWyeG2a73AIhsvN/yzL5zcGTVwgeORBQ==",
            "content_md5": "3d0f588742e923989b4538f3a51644d0",
            "content_sha1": "7b9a1e00865d0e3bfa8535bceb1e7191e1171637",
            "content_sha256": "31ece50747ddac098b5f4e20adb895790e2daa8f65aa5f1aff186fbdd9b0f072",
            "content_sha512": "491f480db187fcf321c7510a99222af018dc02133f02fae0f513d8bd79913c01ba725320977a2e077796c9e1b66bbdc0221b2f37fcb32f9cdc19357081e39105",
            "directory_permission": "0777",
            "file_permission": "0777",
            "filename": "../individual-workspaces/ws-0282/main.tf",
            "id": "7b9a1e00865d0e3bfa8535bceb1e7191e1171637",
            "sensitive_content": null,
            "source": null
          },
          "sensitive_attributes": []
        },
        {
          "index_key": 283,
          "schema_version": 0,
          "attributes": {
            "content": "#\n# Autogenerated by Terraform\n# https://github.com/hashi-strawb/tfc-monorepo-test/blob/main/repo_dirs/main.tf\n#\n\nmodule \"pet\" {\n  source = \"../../modules/random\"\n}\n",
            "content_base64": null,
            "content_base64sha256": "MezlB0fdrAmLX04grbiVeQ4tqo9lql8a/xhvvdmw8HI=",
            "content_base64sha512": "SR9IDbGH/PMhx1EKmSIq8BjcAhM/Avrg9RPYvXmRPAG6clMgl3ouB3eWyeG2a73AIhsvN/yzL5zcGTVwgeORBQ==",
            "content_md5": "3d0f588742e923989b4538f3a51644d0",
            "content_sha1": "7b9a1e00865d0e3bfa8535bceb1e7191e1171637",
            "content_sha256": "31ece50747ddac098b5f4e20adb895790e2daa8f65aa5f1aff186fbdd9b0f072",
            "content_sha512": "491f480db187fcf321c7510a99222af018dc02133f02fae0f513d8bd79913c01ba725320977a2e077796c9e1b66bbdc0221b2f37fcb32f9cdc19357081e39105",
            "directory_permission": "0777",
            "file_permission": "0777",
            "filename": "../individual-workspaces/ws-0283/main.tf",
            "id": "7b9a1e00865d0e3bfa8535bceb1e7191e1171637",
            "sensitive_content": null,
            "source": null
          },
          "sensitive_attributes": []
        },
        {
          "index_key": 284,
          "schema_version": 0,
          "attributes": {
            "content": "#\n# Autogenerated by Terraform\n# https://github.com/hashi-strawb/tfc-monorepo-test/blob/main/repo_dirs/main.tf\n#\n\nmodule \"pet\" {\n  source = \"../../modules/random\"\n}\n",
            "content_base64": null,
            "content_base64sha256": "MezlB0fdrAmLX04grbiVeQ4tqo9lql8a/xhvvdmw8HI=",
            "content_base64sha512": "SR9IDbGH/PMhx1EKmSIq8BjcAhM/Avrg9RPYvXmRPAG6clMgl3ouB3eWyeG2a73AIhsvN/yzL5zcGTVwgeORBQ==",
            "content_md5": "3d0f588742e923989b4538f3a51644d0",
            "content_sha1": "7b9a1e00865d0e3bfa8535bceb1e7191e1171637",
            "content_sha256": "31ece50747ddac098b5f4e20adb895790e2daa8f65aa5f1aff186fbdd9b0f072",
            "content_sha512": "491f480db187fcf321c7510a99222af018dc02133f02fae0f513d8bd79913c01ba725320977a2e077796c9e1b66bbdc0221b2f37fcb32f9cdc19357081e39105",
            "directory_permission": "0777",
            "file_permission": "0777",
            "filename": "../individual-workspaces/ws-0284/main.tf",
            "id": "7b9a1e00865d0e3bfa8535bceb1e7191e1171637",
            "sensitive_content": null,
            "source": null
          },
          "sensitive_attributes": []
        },
        {
          "index_key": 285,
          "schema_version": 0,
          "attributes": {
            "content": "#\n# Autogenerated by Terraform\n# https://github.com/hashi-strawb/tfc-monorepo-test/blob/main/repo_dirs/main.tf\n#\n\nmodule \"pet\" {\n  source = \"../../modules/random\"\n}\n",
            "content_base64": null,
            "content_base64sha256": "MezlB0fdrAmLX04grbiVeQ4tqo9lql8a/xhvvdmw8HI=",
            "content_base64sha512": "SR9IDbGH/PMhx1EKmSIq8BjcAhM/Avrg9RPYvXmRPAG6clMgl3ouB3eWyeG2a73AIhsvN/yzL5zcGTVwgeORBQ==",
            "content_md5": "3d0f588742e923989b4538f3a51644d0",
            "content_sha1": "7b9a1e00865d0e3bfa8535bceb1e7191e1171637",
            "content_sha256": "31ece50747ddac098b5f4e20adb895790e2daa8f65aa5f1aff186fbdd9b0f072",
            "content_sha512": "491f480db187fcf321c7510a99222af018dc02133f02fae0f513d8bd79913c01ba725320977a2e077796c9e1b66bbdc0221b2f37fcb32f9cdc19357081e39105",
            "directory_permission": "0777",
            "file_permission": "0777",
            "filename": "../individual-workspaces/ws-0285/main.tf",
            "id": "7b9a1e00865d0e3bfa8535bceb1e7191e1171637",
            "sensitive_content": null,
            "source": null
          },
          "sensitive_attributes": []
        },
        {
          "index_key": 286,
          "schema_version": 0,
          "attributes": {
            "content": "#\n# Autogenerated by Terraform\n# https://github.com/hashi-strawb/tfc-monorepo-test/blob/main/repo_dirs/main.tf\n#\n\nmodule \"pet\" {\n  source = \"../../modules/random\"\n}\n",
            "content_base64": null,
            "content_base64sha256": "MezlB0fdrAmLX04grbiVeQ4tqo9lql8a/xhvvdmw8HI=",
            "content_base64sha512": "SR9IDbGH/PMhx1EKmSIq8BjcAhM/Avrg9RPYvXmRPAG6clMgl3ouB3eWyeG2a73AIhsvN/yzL5zcGTVwgeORBQ==",
            "content_md5": "3d0f588742e923989b4538f3a51644d0",
            "content_sha1": "7b9a1e00865d0e3bfa8535bceb1e7191e1171637",
            "content_sha256": "31ece50747ddac098b5f4e20adb895790e2daa8f65aa5f1aff186fbdd9b0f072",
            "content_sha512": "491f480db187fcf321c7510a99222af018dc02133f02fae0f513d8bd79913c01ba725320977a2e077796c9e1b66bbdc0221b2f37fcb32f9cdc19357081e39105",
            "directory_permission": "0777",
            "file_permission": "0777",
            "filename": "../individual-workspaces/ws-0286/main.tf",
            "id": "7b9a1e00865d0e3bfa8535bceb1e7191e1171637",
            "sensitive_content": null,
            "source": null
          },
          "sensitive_attributes": []
        },
        {
          "index_key": 287,
          "schema_version": 0,
          "attributes": {
            "content": "#\n# Autogenerated by Terraform\n# https://github.com/hashi-strawb/tfc-monorepo-test/blob/main/repo_dirs/main.tf\n#\n\nmodule \"pet\" {\n  source = \"../../modules/random\"\n}\n",
            "content_base64": null,
            "content_base64sha256": "MezlB0fdrAmLX04grbiVeQ4tqo9lql8a/xhvvdmw8HI=",
            "content_base64sha512": "SR9IDbGH/PMhx1EKmSIq8BjcAhM/Avrg9RPYvXmRPAG6clMgl3ouB3eWyeG2a73AIhsvN/yzL5zcGTVwgeORBQ==",
            "content_md5": "3d0f588742e923989b4538f3a51644d0",
            "content_sha1": "7b9a1e00865d0e3bfa8535bceb1e7191e1171637",
            "content_sha256": "31ece50747ddac098b5f4e20adb895790e2daa8f65aa5f1aff186fbdd9b0f072",
            "content_sha512": "491f480db187fcf321c7510a99222af018dc02133f02fae0f513d8bd79913c01ba725320977a2e077796c9e1b66bbdc0221b2f37fcb32f9cdc19357081e39105",
            "directory_permission": "0777",
            "file_permission": "0777",
            "filename": "../individual-workspaces/ws-0287/main.tf",
            "id": "7b9a1e00865d0e3bfa8535bceb1e7191e1171637",
            "sensitive_content": null,
            "source": null
          },
          "sensitive_attributes": []
        },
        {
          "index_key": 288,
          "schema_version": 0,
          "attributes": {
            "content": "#\n# Autogenerated by Terraform\n# https://github.com/hashi-strawb/tfc-monorepo-test/blob/main/repo_dirs/main.tf\n#\n\nmodule \"pet\" {\n  source = \"../../modules/random\"\n}\n",
            "content_base64": null,
            "content_base64sha256": "MezlB0fdrAmLX04grbiVeQ4tqo9lql8a/xhvvdmw8HI=",
            "content_base64sha512": "SR9IDbGH/PMhx1EKmSIq8BjcAhM/Avrg9RPYvXmRPAG6clMgl3ouB3eWyeG2a73AIhsvN/yzL5zcGTVwgeORBQ==",
            "content_md5": "3d0f588742e923989b4538f3a51644d0",
            "content_sha1": "7b9a1e00865d0e3bfa8535bceb1e7191e1171637",
            "content_sha256": "31ece50747ddac098b5f4e20adb895790e2daa8f65aa5f1aff186fbdd9b0f072",
            "content_sha512": "491f480db187fcf321c7510a99222af018dc02133f02fae0f513d8bd79913c01ba725320977a2e077796c9e1b66bbdc0221b2f37fcb32f9cdc19357081e39105",
            "directory_permission": "0777",
            "file_permission": "0777",
            "filename": "../individual-workspaces/ws-0288/main.tf",
            "id": "7b9a1e00865d0e3bfa8535bceb1e7191e1171637",
            "sensitive_content": null,
            "source": null
          },
          "sensitive_attributes": []
        },
        {
          "index_key": 289,
          "schema_version": 0,
          "attributes": {
            "content": "#\n# Autogenerated by Terraform\n# https://github.com/hashi-strawb/tfc-monorepo-test/blob/main/repo_dirs/main.tf\n#\n\nmodule \"pet\" {\n  source = \"../../modules/random\"\n}\n",
            "content_base64": null,
            "content_base64sha256": "MezlB0fdrAmLX04grbiVeQ4tqo9lql8a/xhvvdmw8HI=",
            "content_base64sha512": "SR9IDbGH/PMhx1EKmSIq8BjcAhM/Avrg9RPYvXmRPAG6clMgl3ouB3eWyeG2a73AIhsvN/yzL5zcGTVwgeORBQ==",
            "content_md5": "3d0f588742e923989b4538f3a51644d0",
            "content_sha1": "7b9a1e00865d0e3bfa8535bceb1e7191e1171637",
            "content_sha256": "31ece50747ddac098b5f4e20adb895790e2daa8f65aa5f1aff186fbdd9b0f072",
            "content_sha512": "491f480db187fcf321c7510a99222af018dc02133f02fae0f513d8bd79913c01ba725320977a2e077796c9e1b66bbdc0221b2f37fcb32f9cdc19357081e39105",
            "directory_permission": "0777",
            "file_permission": "0777",
            "filename": "../individual-workspaces/ws-0289/main.tf",
            "id": "7b9a1e00865d0e3bfa8535bceb1e7191e1171637",
            "sensitive_content": null,
            "source": null
          },
          "sensitive_attributes": []
        },
        {
          "index_key": 290,
          "schema_version": 0,
          "attributes": {
            "content": "#\n# Autogenerated by Terraform\n# https://github.com/hashi-strawb/tfc-monorepo-test/blob/main/repo_dirs/main.tf\n#\n\nmodule \"pet\" {\n  source = \"../../modules/random\"\n}\n",
            "content_base64": null,
            "content_base64sha256": "MezlB0fdrAmLX04grbiVeQ4tqo9lql8a/xhvvdmw8HI=",
            "content_base64sha512": "SR9IDbGH/PMhx1EKmSIq8BjcAhM/Avrg9RPYvXmRPAG6clMgl3ouB3eWyeG2a73AIhsvN/yzL5zcGTVwgeORBQ==",
            "content_md5": "3d0f588742e923989b4538f3a51644d0",
            "content_sha1": "7b9a1e00865d0e3bfa8535bceb1e7191e1171637",
            "content_sha256": "31ece50747ddac098b5f4e20adb895790e2daa8f65aa5f1aff186fbdd9b0f072",
            "content_sha512": "491f480db187fcf321c7510a99222af018dc02133f02fae0f513d8bd79913c01ba725320977a2e077796c9e1b66bbdc0221b2f37fcb32f9cdc19357081e39105",
            "directory_permission": "0777",
            "file_permission": "0777",
            "filename": "../individual-workspaces/ws-0290/main.tf",
            "id": "7b9a1e00865d0e3bfa8535bceb1e7191e1171637",
            "sensitive_content": null,
            "source": null
          },
          "sensitive_attributes": []
        },
        {
          "index_key": 291,
          "schema_version": 0,
          "attributes": {
            "content": "#\n# Autogenerated by Terraform\n# https://github.com/hashi-strawb/tfc-monorepo-test/blob/main/repo_dirs/main.tf\n#\n\nmodule \"pet\" {\n  source = \"../../modules/random\"\n}\n",
            "content_base64": null,
            "content_base64sha256": "MezlB0fdrAmLX04grbiVeQ4tqo9lql8a/xhvvdmw8HI=",
            "content_base64sha512": "SR9IDbGH/PMhx1EKmSIq8BjcAhM/Avrg9RPYvXmRPAG6clMgl3ouB3eWyeG2a73AIhsvN/yzL5zcGTVwgeORBQ==",
            "content_md5": "3d0f588742e923989b4538f3a51644d0",
            "content_sha1": "7b9a1e00865d0e3bfa8535bceb1e7191e1171637",
            "content_sha256": "31ece50747ddac098b5f4e20adb895790e2daa8f65aa5f1aff186fbdd9b0f072",
            "content_sha512": "491f480db187fcf321c7510a99222af018dc02133f02fae0f513d8bd79913c01ba725320977a2e077796c9e1b66bbdc0221b2f37fcb32f9cdc19357081e39105",
            "directory_permission": "0777",
            "file_permission": "0777",
            "filename": "../individual-workspaces/ws-0291/main.tf",
            "id": "7b9a1e00865d0e3bfa8535bceb1e7191e1171637",
            "sensitive_content": null,
            "source": null
          },
          "sensitive_attributes": []
        },
        {
          "index_key": 292,
          "schema_version": 0,
          "attributes": {
            "content": "#\n# Autogenerated by Terraform\n# https://github.com/hashi-strawb/tfc-monorepo-test/blob/main/repo_dirs/main.tf\n#\n\nmodule \"pet\" {\n  source = \"../../modules/random\"\n}\n",
            "content_base64": null,
            "content_base64sha256": "MezlB0fdrAmLX04grbiVeQ4tqo9lql8a/xhvvdmw8HI=",
            "content_base64sha512": "SR9IDbGH/PMhx1EKmSIq8BjcAhM/Avrg9RPYvXmRPAG6clMgl3ouB3eWyeG2a73AIhsvN/yzL5zcGTVwgeORBQ==",
            "content_md5": "3d0f588742e923989b4538f3a51644d0",
            "content_sha1": "7b9a1e00865d0e3bfa8535bceb1e7191e1171637",
            "content_sha256": "31ece50747ddac098b5f4e20adb895790e2daa8f65aa5f1aff186fbdd9b0f072",
            "content_sha512": "491f480db187fcf321c7510a99222af018dc02133f02fae0f513d8bd79913c01ba725320977a2e077796c9e1b66bbdc0221b2f37fcb32f9cdc19357081e39105",
            "directory_permission": "0777",
            "file_permission": "0777",
            "filename": "../individual-workspaces/ws-0292/main.tf",
            "id": "7b9a1e00865d0e3bfa8535bceb1e7191e1171637",
            "sensitive_content": null,
            "source": null
          },
          "sensitive_attributes": []
        },
        {
          "index_key": 293,
          "schema_version": 0,
          "attributes": {
            "content": "#\n# Autogenerated by Terraform\n# https://github.com/hashi-strawb/tfc-monorepo-test/blob/main/repo_dirs/main.tf\n#\n\nmodule \"pet\" {\n  source = \"../../modules/random\"\n}\n",
            "content_base64": null,
            "content_base64sha256": "MezlB0fdrAmLX04grbiVeQ4tqo9lql8a/xhvvdmw8HI=",
            "content_base64sha512": "SR9IDbGH/PMhx1EKmSIq8BjcAhM/Avrg9RPYvXmRPAG6clMgl3ouB3eWyeG2a73AIhsvN/yzL5zcGTVwgeORBQ==",
            "content_md5": "3d0f588742e923989b4538f3a51644d0",
            "content_sha1": "7b9a1e00865d0e3bfa8535bceb1e7191e1171637",
            "content_sha256": "31ece50747ddac098b5f4e20adb895790e2daa8f65aa5f1aff186fbdd9b0f072",
            "content_sha512": "491f480db187fcf321c7510a99222af018dc02133f02fae0f513d8bd79913c01ba725320977a2e077796c9e1b66bbdc0221b2f37fcb32f9cdc19357081e39105",
            "directory_permission": "0777",
            "file_permission": "0777",
            "filename": "../individual-workspaces/ws-0293/main.tf",
            "id": "7b9a1e00865d0e3bfa8535bceb1e7191e1171637",
            "sensitive_content": null,
            "source": null
          },
          "sensitive_attributes": []
        },
        {
          "index_key": 294,
          "schema_version": 0,
          "attributes": {
            "content": "#\n# Autogenerated by Terraform\n# https://github.com/hashi-strawb/tfc-monorepo-test/blob/main/repo_dirs/main.tf\n#\n\nmodule \"pet\" {\n  source = \"../../modules/random\"\n}\n",
            "content_base64": null,
            "content_base64sha256": "MezlB0fdrAmLX04grbiVeQ4tqo9lql8a/xhvvdmw8HI=",
            "content_base64sha512": "SR9IDbGH/PMhx1EKmSIq8BjcAhM/Avrg9RPYvXmRPAG6clMgl3ouB3eWyeG2a73AIhsvN/yzL5zcGTVwgeORBQ==",
            "content_md5": "3d0f588742e923989b4538f3a51644d0",
            "content_sha1": "7b9a1e00865d0e3bfa8535bceb1e7191e1171637",
            "content_sha256": "31ece50747ddac098b5f4e20adb895790e2daa8f65aa5f1aff186fbdd9b0f072",
            "content_sha512": "491f480db187fcf321c7510a99222af018dc02133f02fae0f513d8bd79913c01ba725320977a2e077796c9e1b66bbdc0221b2f37fcb32f9cdc19357081e39105",
            "directory_permission": "0777",
            "file_permission": "0777",
            "filename": "../individual-workspaces/ws-0294/main.tf",
            "id": "7b9a1e00865d0e3bfa8535bceb1e7191e1171637",
            "sensitive_content": null,
            "source": null
          },
          "sensitive_attributes": []
        },
        {
          "index_key": 295,
          "schema_version": 0,
          "attributes": {
            "content": "#\n# Autogenerated by Terraform\n# https://github.com/hashi-strawb/tfc-monorepo-test/blob/main/repo_dirs/main.tf\n#\n\nmodule \"pet\" {\n  source = \"../../modules/random\"\n}\n",
            "content_base64": null,
            "content_base64sha256": "MezlB0fdrAmLX04grbiVeQ4tqo9lql8a/xhvvdmw8HI=",
            "content_base64sha512": "SR9IDbGH/PMhx1EKmSIq8BjcAhM/Avrg9RPYvXmRPAG6clMgl3ouB3eWyeG2a73AIhsvN/yzL5zcGTVwgeORBQ==",
            "content_md5": "3d0f588742e923989b4538f3a51644d0",
            "content_sha1": "7b9a1e00865d0e3bfa8535bceb1e7191e1171637",
            "content_sha256": "31ece50747ddac098b5f4e20adb895790e2daa8f65aa5f1aff186fbdd9b0f072",
            "content_sha512": "491f480db187fcf321c7510a99222af018dc02133f02fae0f513d8bd79913c01ba725320977a2e077796c9e1b66bbdc0221b2f37fcb32f9cdc19357081e39105",
            "directory_permission": "0777",
            "file_permission": "0777",
            "filename": "../individual-workspaces/ws-0295/main.tf",
            "id": "7b9a1e00865d0e3bfa8535bceb1e7191e1171637",
            "sensitive_content": null,
            "source": null
          },
          "sensitive_attributes": []
        },
        {
          "index_key": 296,
          "schema_version": 0,
          "attributes": {
            "content": "#\n# Autogenerated by Terraform\n# https://github.com/hashi-strawb/tfc-monorepo-test/blob/main/repo_dirs/main.tf\n#\n\nmodule \"pet\" {\n  source = \"../../modules/random\"\n}\n",
            "content_base64": null,
            "content_base64sha256": "MezlB0fdrAmLX04grbiVeQ4tqo9lql8a/xhvvdmw8HI=",
            "content_base64sha512": "SR9IDbGH/PMhx1EKmSIq8BjcAhM/Avrg9RPYvXmRPAG6clMgl3ouB3eWyeG2a73AIhsvN/yzL5zcGTVwgeORBQ==",
            "content_md5": "3d0f588742e923989b4538f3a51644d0",
            "content_sha1": "7b9a1e00865d0e3bfa8535bceb1e7191e1171637",
            "content_sha256": "31ece50747ddac098b5f4e20adb895790e2daa8f65aa5f1aff186fbdd9b0f072",
            "content_sha512": "491f480db187fcf321c7510a99222af018dc02133f02fae0f513d8bd79913c01ba725320977a2e077796c9e1b66bbdc0221b2f37fcb32f9cdc19357081e39105",
            "directory_permission": "0777",
            "file_permission": "0777",
            "filename": "../individual-workspaces/ws-0296/main.tf",
            "id": "7b9a1e00865d0e3bfa8535bceb1e7191e1171637",
            "sensitive_content": null,
            "source": null
          },
          "sensitive_attributes": []
        },
        {
          "index_key": 297,
          "schema_version": 0,
          "attributes": {
            "content": "#\n# Autogenerated by Terraform\n# https://github.com/hashi-strawb/tfc-monorepo-test/blob/main/repo_dirs/main.tf\n#\n\nmodule \"pet\" {\n  source = \"../../modules/random\"\n}\n",
            "content_base64": null,
            "content_base64sha256": "MezlB0fdrAmLX04grbiVeQ4tqo9lql8a/xhvvdmw8HI=",
            "content_base64sha512": "SR9IDbGH/PMhx1EKmSIq8BjcAhM/Avrg9RPYvXmRPAG6clMgl3ouB3eWyeG2a73AIhsvN/yzL5zcGTVwgeORBQ==",
            "content_md5": "3d0f588742e923989b4538f3a51644d0",
            "content_sha1": "7b9a1e00865d0e3bfa8535bceb1e7191e1171637",
            "content_sha256": "31ece50747ddac098b5f4e20adb895790e2daa8f65aa5f1aff186fbdd9b0f072",
            "content_sha512": "491f480db187fcf321c7510a99222af018dc02133f02fae0f513d8bd79913c01ba725320977a2e077796c9e1b66bbdc0221b2f37fcb32f9cdc19357081e39105",
            "directory_permission": "0777",
            "file_permission": "0777",
            "filename": "../individual-workspaces/ws-0297/main.tf",
            "id": "7b9a1e00865d0e3bfa8535bceb1e7191e1171637",
            "sensitive_content": null,
            "source": null
          },
          "sensitive_attributes": []
        },
        {
          "index_key": 298,
          "schema_version": 0,
          "attributes": {
            "content": "#\n# Autogenerated by Terraform\n# https://github.com/hashi-strawb/tfc-monorepo-test/blob/main/repo_dirs/main.tf\n#\n\nmodule \"pet\" {\n  source = \"../../modules/random\"\n}\n",
            "content_base64": null,
            "content_base64sha256": "MezlB0fdrAmLX04grbiVeQ4tqo9lql8a/xhvvdmw8HI=",
            "content_base64sha512": "SR9IDbGH/PMhx1EKmSIq8BjcAhM/Avrg9RPYvXmRPAG6clMgl3ouB3eWyeG2a73AIhsvN/yzL5zcGTVwgeORBQ==",
            "content_md5": "3d0f588742e923989b4538f3a51644d0",
            "content_sha1": "7b9a1e00865d0e3bfa8535bceb1e7191e1171637",
            "content_sha256": "31ece50747ddac098b5f4e20adb895790e2daa8f65aa5f1aff186fbdd9b0f072",
            "content_sha512": "491f480db187fcf321c7510a99222af018dc02133f02fae0f513d8bd79913c01ba725320977a2e077796c9e1b66bbdc0221b2f37fcb32f9cdc19357081e39105",
            "directory_permission": "0777",
            "file_permission": "0777",
            "filename": "../individual-workspaces/ws-0298/main.tf",
            "id": "7b9a1e00865d0e3bfa8535bceb1e7191e1171637",
            "sensitive_content": null,
            "source": null
          },
          "sensitive_attributes": []
        },
        {
          "index_key": 299,
          "schema_version": 0,
          "attributes": {
            "content": "#\n# Autogenerated by Terraform\n# https://github.com/hashi-strawb/tfc-monorepo-test/blob/main/repo_dirs/main.tf\n#\n\nmodule \"pet\" {\n  source = \"../../modules/random\"\n}\n",
            "content_base64": null,
            "content_base64sha256": "MezlB0fdrAmLX04grbiVeQ4tqo9lql8a/xhvvdmw8HI=",
            "content_base64sha512": "SR9IDbGH/PMhx1EKmSIq8BjcAhM/Avrg9RPYvXmRPAG6clMgl3ouB3eWyeG2a73AIhsvN/yzL5zcGTVwgeORBQ==",
            "content_md5": "3d0f588742e923989b4538f3a51644d0",
            "content_sha1": "7b9a1e00865d0e3bfa8535bceb1e7191e1171637",
            "content_sha256": "31ece50747ddac098b5f4e20adb895790e2daa8f65aa5f1aff186fbdd9b0f072",
            "content_sha512": "491f480db187fcf321c7510a99222af018dc02133f02fae0f513d8bd79913c01ba725320977a2e077796c9e1b66bbdc0221b2f37fcb32f9cdc19357081e39105",
            "directory_permission": "0777",
            "file_permission": "0777",
            "filename": "../individual-workspaces/ws-0299/main.tf",
            "id": "7b9a1e00865d0e3bfa8535bceb1e7191e1171637",
            "sensitive_content": null,
            "source": null
          },
          "sensitive_attributes": []
        },
        {
          "index_key": 300,
          "schema_version": 0,
          "attributes": {
            "content": "#\n# Autogenerated by Terraform\n# https://github.com/hashi-strawb/tfc-monorepo-test/blob/main/repo_dirs/main.tf\n#\n\nmodule \"pet\" {\n  source = \"../../modules/random\"\n}\n",
            "content_base64": null,
            "content_base64sha256": "MezlB0fdrAmLX04grbiVeQ4tqo9lql8a/xhvvdmw8HI=",
            "content_base64sha512": "SR9IDbGH/PMhx1EKmSIq8BjcAhM/Avrg9RPYvXmRPAG6clMgl3ouB3eWyeG2a73AIhsvN/yzL5zcGTVwgeORBQ==",
            "content_md5": "3d0f588742e923989b4538f3a51644d0",
            "content_sha1": "7b9a1e00865d0e3bfa8535bceb1e7191e1171637",
            "content_sha256": "31ece50747ddac098b5f4e20adb895790e2daa8f65aa5f1aff186fbdd9b0f072",
            "content_sha512": "491f480db187fcf321c7510a99222af018dc02133f02fae0f513d8bd79913c01ba725320977a2e077796c9e1b66bbdc0221b2f37fcb32f9cdc19357081e39105",
            "directory_permission": "0777",
            "file_permission": "0777",
            "filename": "../individual-workspaces/ws-0300/main.tf",
            "id": "7b9a1e00865d0e3bfa8535bceb1e7191e1171637",
            "sensitive_content": null,
            "source": null
          },
          "sensitive_attributes": []
        },
        {
          "index_key": 301,
          "schema_version": 0,
          "attributes": {
            "content": "#\n# Autogenerated by Terraform\n# https://github.com/hashi-strawb/tfc-monorepo-test/blob/main/repo_dirs/main.tf\n#\n\nmodule \"pet\" {\n  source = \"../../modules/random\"\n}\n",
            "content_base64": null,
            "content_base64sha256": "MezlB0fdrAmLX04grbiVeQ4tqo9lql8a/xhvvdmw8HI=",
            "content_base64sha512": "SR9IDbGH/PMhx1EKmSIq8BjcAhM/Avrg9RPYvXmRPAG6clMgl3ouB3eWyeG2a73AIhsvN/yzL5zcGTVwgeORBQ==",
            "content_md5": "3d0f588742e923989b4538f3a51644d0",
            "content_sha1": "7b9a1e00865d0e3bfa8535bceb1e7191e1171637",
            "content_sha256": "31ece50747ddac098b5f4e20adb895790e2daa8f65aa5f1aff186fbdd9b0f072",
            "content_sha512": "491f480db187fcf321c7510a99222af018dc02133f02fae0f513d8bd79913c01ba725320977a2e077796c9e1b66bbdc0221b2f37fcb32f9cdc19357081e39105",
            "directory_permission": "0777",
            "file_permission": "0777",
            "filename": "../individual-workspaces/ws-0301/main.tf",
            "id": "7b9a1e00865d0e3bfa8535bceb1e7191e1171637",
            "sensitive_content": null,
            "source": null
          },
          "sensitive_attributes": []
        },
        {
          "index_key": 302,
          "schema_version": 0,
          "attributes": {
            "content": "#\n# Autogenerated by Terraform\n# https://github.com/hashi-strawb/tfc-monorepo-test/blob/main/repo_dirs/main.tf\n#\n\nmodule \"pet\" {\n  source = \"../../modules/random\"\n}\n",
            "content_base64": null,
            "content_base64sha256": "MezlB0fdrAmLX04grbiVeQ4tqo9lql8a/xhvvdmw8HI=",
            "content_base64sha512": "SR9IDbGH/PMhx1EKmSIq8BjcAhM/Avrg9RPYvXmRPAG6clMgl3ouB3eWyeG2a73AIhsvN/yzL5zcGTVwgeORBQ==",
            "content_md5": "3d0f588742e923989b4538f3a51644d0",
            "content_sha1": "7b9a1e00865d0e3bfa8535bceb1e7191e1171637",
            "content_sha256": "31ece50747ddac098b5f4e20adb895790e2daa8f65aa5f1aff186fbdd9b0f072",
            "content_sha512": "491f480db187fcf321c7510a99222af018dc02133f02fae0f513d8bd79913c01ba725320977a2e077796c9e1b66bbdc0221b2f37fcb32f9cdc19357081e39105",
            "directory_permission": "0777",
            "file_permission": "0777",
            "filename": "../individual-workspaces/ws-0302/main.tf",
            "id": "7b9a1e00865d0e3bfa8535bceb1e7191e1171637",
            "sensitive_content": null,
            "source": null
          },
          "sensitive_attributes": []
        },
        {
          "index_key": 303,
          "schema_version": 0,
          "attributes": {
            "content": "#\n# Autogenerated by Terraform\n# https://github.com/hashi-strawb/tfc-monorepo-test/blob/main/repo_dirs/main.tf\n#\n\nmodule \"pet\" {\n  source = \"../../modules/random\"\n}\n",
            "content_base64": null,
            "content_base64sha256": "MezlB0fdrAmLX04grbiVeQ4tqo9lql8a/xhvvdmw8HI=",
            "content_base64sha512": "SR9IDbGH/PMhx1EKmSIq8BjcAhM/Avrg9RPYvXmRPAG6clMgl3ouB3eWyeG2a73AIhsvN/yzL5zcGTVwgeORBQ==",
            "content_md5": "3d0f588742e923989b4538f3a51644d0",
            "content_sha1": "7b9a1e00865d0e3bfa8535bceb1e7191e1171637",
            "content_sha256": "31ece50747ddac098b5f4e20adb895790e2daa8f65aa5f1aff186fbdd9b0f072",
            "content_sha512": "491f480db187fcf321c7510a99222af018dc02133f02fae0f513d8bd79913c01ba725320977a2e077796c9e1b66bbdc0221b2f37fcb32f9cdc19357081e39105",
            "directory_permission": "0777",
            "file_permission": "0777",
            "filename": "../individual-workspaces/ws-0303/main.tf",
            "id": "7b9a1e00865d0e3bfa8535bceb1e7191e1171637",
            "sensitive_content": null,
            "source": null
          },
          "sensitive_attributes": []
        },
        {
          "index_key": 304,
          "schema_version": 0,
          "attributes": {
            "content": "#\n# Autogenerated by Terraform\n# https://github.com/hashi-strawb/tfc-monorepo-test/blob/main/repo_dirs/main.tf\n#\n\nmodule \"pet\" {\n  source = \"../../modules/random\"\n}\n",
            "content_base64": null,
            "content_base64sha256": "MezlB0fdrAmLX04grbiVeQ4tqo9lql8a/xhvvdmw8HI=",
            "content_base64sha512": "SR9IDbGH/PMhx1EKmSIq8BjcAhM/Avrg9RPYvXmRPAG6clMgl3ouB3eWyeG2a73AIhsvN/yzL5zcGTVwgeORBQ==",
            "content_md5": "3d0f588742e923989b4538f3a51644d0",
            "content_sha1": "7b9a1e00865d0e3bfa8535bceb1e7191e1171637",
            "content_sha256": "31ece50747ddac098b5f4e20adb895790e2daa8f65aa5f1aff186fbdd9b0f072",
            "content_sha512": "491f480db187fcf321c7510a99222af018dc02133f02fae0f513d8bd79913c01ba725320977a2e077796c9e1b66bbdc0221b2f37fcb32f9cdc19357081e39105",
            "directory_permission": "0777",
            "file_permission": "0777",
            "filename": "../individual-workspaces/ws-0304/main.tf",
            "id": "7b9a1e00865d0e3bfa8535bceb1e7191e1171637",
            "sensitive_content": null,
            "source": null
          },
          "sensitive_attributes": []
        },
        {
          "index_key": 305,
          "schema_version": 0,
          "attributes": {
            "content": "#\n# Autogenerated by Terraform\n# https://github.com/hashi-strawb/tfc-monorepo-test/blob/main/repo_dirs/main.tf\n#\n\nmodule \"pet\" {\n  source = \"../../modules/random\"\n}\n",
            "content_base64": null,
            "content_base64sha256": "MezlB0fdrAmLX04grbiVeQ4tqo9lql8a/xhvvdmw8HI=",
            "content_base64sha512": "SR9IDbGH/PMhx1EKmSIq8BjcAhM/Avrg9RPYvXmRPAG6clMgl3ouB3eWyeG2a73AIhsvN/yzL5zcGTVwgeORBQ==",
            "content_md5": "3d0f588742e923989b4538f3a51644d0",
            "content_sha1": "7b9a1e00865d0e3bfa8535bceb1e7191e1171637",
            "content_sha256": "31ece50747ddac098b5f4e20adb895790e2daa8f65aa5f1aff186fbdd9b0f072",
            "content_sha512": "491f480db187fcf321c7510a99222af018dc02133f02fae0f513d8bd79913c01ba725320977a2e077796c9e1b66bbdc0221b2f37fcb32f9cdc19357081e39105",
            "directory_permission": "0777",
            "file_permission": "0777",
            "filename": "../individual-workspaces/ws-0305/main.tf",
            "id": "7b9a1e00865d0e3bfa8535bceb1e7191e1171637",
            "sensitive_content": null,
            "source": null
          },
          "sensitive_attributes": []
        },
        {
          "index_key": 306,
          "schema_version": 0,
          "attributes": {
            "content": "#\n# Autogenerated by Terraform\n# https://github.com/hashi-strawb/tfc-monorepo-test/blob/main/repo_dirs/main.tf\n#\n\nmodule \"pet\" {\n  source = \"../../modules/random\"\n}\n",
            "content_base64": null,
            "content_base64sha256": "MezlB0fdrAmLX04grbiVeQ4tqo9lql8a/xhvvdmw8HI=",
            "content_base64sha512": "SR9IDbGH/PMhx1EKmSIq8BjcAhM/Avrg9RPYvXmRPAG6clMgl3ouB3eWyeG2a73AIhsvN/yzL5zcGTVwgeORBQ==",
            "content_md5": "3d0f588742e923989b4538f3a51644d0",
            "content_sha1": "7b9a1e00865d0e3bfa8535bceb1e7191e1171637",
            "content_sha256": "31ece50747ddac098b5f4e20adb895790e2daa8f65aa5f1aff186fbdd9b0f072",
            "content_sha512": "491f480db187fcf321c7510a99222af018dc02133f02fae0f513d8bd79913c01ba725320977a2e077796c9e1b66bbdc0221b2f37fcb32f9cdc19357081e39105",
            "directory_permission": "0777",
            "file_permission": "0777",
            "filename": "../individual-workspaces/ws-0306/main.tf",
            "id": "7b9a1e00865d0e3bfa8535bceb1e7191e1171637",
            "sensitive_content": null,
            "source": null
          },
          "sensitive_attributes": []
        },
        {
          "index_key": 307,
          "schema_version": 0,
          "attributes": {
            "content": "#\n# Autogenerated by Terraform\n# https://github.com/hashi-strawb/tfc-monorepo-test/blob/main/repo_dirs/main.tf\n#\n\nmodule \"pet\" {\n  source = \"../../modules/random\"\n}\n",
            "content_base64": null,
            "content_base64sha256": "MezlB0fdrAmLX04grbiVeQ4tqo9lql8a/xhvvdmw8HI=",
            "content_base64sha512": "SR9IDbGH/PMhx1EKmSIq8BjcAhM/Avrg9RPYvXmRPAG6clMgl3ouB3eWyeG2a73AIhsvN/yzL5zcGTVwgeORBQ==",
            "content_md5": "3d0f588742e923989b4538f3a51644d0",
            "content_sha1": "7b9a1e00865d0e3bfa8535bceb1e7191e1171637",
            "content_sha256": "31ece50747ddac098b5f4e20adb895790e2daa8f65aa5f1aff186fbdd9b0f072",
            "content_sha512": "491f480db187fcf321c7510a99222af018dc02133f02fae0f513d8bd79913c01ba725320977a2e077796c9e1b66bbdc0221b2f37fcb32f9cdc19357081e39105",
            "directory_permission": "0777",
            "file_permission": "0777",
            "filename": "../individual-workspaces/ws-0307/main.tf",
            "id": "7b9a1e00865d0e3bfa8535bceb1e7191e1171637",
            "sensitive_content": null,
            "source": null
          },
          "sensitive_attributes": []
        },
        {
          "index_key": 308,
          "schema_version": 0,
          "attributes": {
            "content": "#\n# Autogenerated by Terraform\n# https://github.com/hashi-strawb/tfc-monorepo-test/blob/main/repo_dirs/main.tf\n#\n\nmodule \"pet\" {\n  source = \"../../modules/random\"\n}\n",
            "content_base64": null,
            "content_base64sha256": "MezlB0fdrAmLX04grbiVeQ4tqo9lql8a/xhvvdmw8HI=",
            "content_base64sha512": "SR9IDbGH/PMhx1EKmSIq8BjcAhM/Avrg9RPYvXmRPAG6clMgl3ouB3eWyeG2a73AIhsvN/yzL5zcGTVwgeORBQ==",
            "content_md5": "3d0f588742e923989b4538f3a51644d0",
            "content_sha1": "7b9a1e00865d0e3bfa8535bceb1e7191e1171637",
            "content_sha256": "31ece50747ddac098b5f4e20adb895790e2daa8f65aa5f1aff186fbdd9b0f072",
            "content_sha512": "491f480db187fcf321c7510a99222af018dc02133f02fae0f513d8bd79913c01ba725320977a2e077796c9e1b66bbdc0221b2f37fcb32f9cdc19357081e39105",
            "directory_permission": "0777",
            "file_permission": "0777",
            "filename": "../individual-workspaces/ws-0308/main.tf",
            "id": "7b9a1e00865d0e3bfa8535bceb1e7191e1171637",
            "sensitive_content": null,
            "source": null
          },
          "sensitive_attributes": []
        },
        {
          "index_key": 309,
          "schema_version": 0,
          "attributes": {
            "content": "#\n# Autogenerated by Terraform\n# https://github.com/hashi-strawb/tfc-monorepo-test/blob/main/repo_dirs/main.tf\n#\n\nmodule \"pet\" {\n  source = \"../../modules/random\"\n}\n",
            "content_base64": null,
            "content_base64sha256": "MezlB0fdrAmLX04grbiVeQ4tqo9lql8a/xhvvdmw8HI=",
            "content_base64sha512": "SR9IDbGH/PMhx1EKmSIq8BjcAhM/Avrg9RPYvXmRPAG6clMgl3ouB3eWyeG2a73AIhsvN/yzL5zcGTVwgeORBQ==",
            "content_md5": "3d0f588742e923989b4538f3a51644d0",
            "content_sha1": "7b9a1e00865d0e3bfa8535bceb1e7191e1171637",
            "content_sha256": "31ece50747ddac098b5f4e20adb895790e2daa8f65aa5f1aff186fbdd9b0f072",
            "content_sha512": "491f480db187fcf321c7510a99222af018dc02133f02fae0f513d8bd79913c01ba725320977a2e077796c9e1b66bbdc0221b2f37fcb32f9cdc19357081e39105",
            "directory_permission": "0777",
            "file_permission": "0777",
            "filename": "../individual-workspaces/ws-0309/main.tf",
            "id": "7b9a1e00865d0e3bfa8535bceb1e7191e1171637",
            "sensitive_content": null,
            "source": null
          },
          "sensitive_attributes": []
        },
        {
          "index_key": 310,
          "schema_version": 0,
          "attributes": {
            "content": "#\n# Autogenerated by Terraform\n# https://github.com/hashi-strawb/tfc-monorepo-test/blob/main/repo_dirs/main.tf\n#\n\nmodule \"pet\" {\n  source = \"../../modules/random\"\n}\n",
            "content_base64": null,
            "content_base64sha256": "MezlB0fdrAmLX04grbiVeQ4tqo9lql8a/xhvvdmw8HI=",
            "content_base64sha512": "SR9IDbGH/PMhx1EKmSIq8BjcAhM/Avrg9RPYvXmRPAG6clMgl3ouB3eWyeG2a73AIhsvN/yzL5zcGTVwgeORBQ==",
            "content_md5": "3d0f588742e923989b4538f3a51644d0",
            "content_sha1": "7b9a1e00865d0e3bfa8535bceb1e7191e1171637",
            "content_sha256": "31ece50747ddac098b5f4e20adb895790e2daa8f65aa5f1aff186fbdd9b0f072",
            "content_sha512": "491f480db187fcf321c7510a99222af018dc02133f02fae0f513d8bd79913c01ba725320977a2e077796c9e1b66bbdc0221b2f37fcb32f9cdc19357081e39105",
            "directory_permission": "0777",
            "file_permission": "0777",
            "filename": "../individual-workspaces/ws-0310/main.tf",
            "id": "7b9a1e00865d0e3bfa8535bceb1e7191e1171637",
            "sensitive_content": null,
            "source": null
          },
          "sensitive_attributes": []
        },
        {
          "index_key": 311,
          "schema_version": 0,
          "attributes": {
            "content": "#\n# Autogenerated by Terraform\n# https://github.com/hashi-strawb/tfc-monorepo-test/blob/main/repo_dirs/main.tf\n#\n\nmodule \"pet\" {\n  source = \"../../modules/random\"\n}\n",
            "content_base64": null,
            "content_base64sha256": "MezlB0fdrAmLX04grbiVeQ4tqo9lql8a/xhvvdmw8HI=",
            "content_base64sha512": "SR9IDbGH/PMhx1EKmSIq8BjcAhM/Avrg9RPYvXmRPAG6clMgl3ouB3eWyeG2a73AIhsvN/yzL5zcGTVwgeORBQ==",
            "content_md5": "3d0f588742e923989b4538f3a51644d0",
            "content_sha1": "7b9a1e00865d0e3bfa8535bceb1e7191e1171637",
            "content_sha256": "31ece50747ddac098b5f4e20adb895790e2daa8f65aa5f1aff186fbdd9b0f072",
            "content_sha512": "491f480db187fcf321c7510a99222af018dc02133f02fae0f513d8bd79913c01ba725320977a2e077796c9e1b66bbdc0221b2f37fcb32f9cdc19357081e39105",
            "directory_permission": "0777",
            "file_permission": "0777",
            "filename": "../individual-workspaces/ws-0311/main.tf",
            "id": "7b9a1e00865d0e3bfa8535bceb1e7191e1171637",
            "sensitive_content": null,
            "source": null
          },
          "sensitive_attributes": []
        },
        {
          "index_key": 312,
          "schema_version": 0,
          "attributes": {
            "content": "#\n# Autogenerated by Terraform\n# https://github.com/hashi-strawb/tfc-monorepo-test/blob/main/repo_dirs/main.tf\n#\n\nmodule \"pet\" {\n  source = \"../../modules/random\"\n}\n",
            "content_base64": null,
            "content_base64sha256": "MezlB0fdrAmLX04grbiVeQ4tqo9lql8a/xhvvdmw8HI=",
            "content_base64sha512": "SR9IDbGH/PMhx1EKmSIq8BjcAhM/Avrg9RPYvXmRPAG6clMgl3ouB3eWyeG2a73AIhsvN/yzL5zcGTVwgeORBQ==",
            "content_md5": "3d0f588742e923989b4538f3a51644d0",
            "content_sha1": "7b9a1e00865d0e3bfa8535bceb1e7191e1171637",
            "content_sha256": "31ece50747ddac098b5f4e20adb895790e2daa8f65aa5f1aff186fbdd9b0f072",
            "content_sha512": "491f480db187fcf321c7510a99222af018dc02133f02fae0f513d8bd79913c01ba725320977a2e077796c9e1b66bbdc0221b2f37fcb32f9cdc19357081e39105",
            "directory_permission": "0777",
            "file_permission": "0777",
            "filename": "../individual-workspaces/ws-0312/main.tf",
            "id": "7b9a1e00865d0e3bfa8535bceb1e7191e1171637",
            "sensitive_content": null,
            "source": null
          },
          "sensitive_attributes": []
        },
        {
          "index_key": 313,
          "schema_version": 0,
          "attributes": {
            "content": "#\n# Autogenerated by Terraform\n# https://github.com/hashi-strawb/tfc-monorepo-test/blob/main/repo_dirs/main.tf\n#\n\nmodule \"pet\" {\n  source = \"../../modules/random\"\n}\n",
            "content_base64": null,
            "content_base64sha256": "MezlB0fdrAmLX04grbiVeQ4tqo9lql8a/xhvvdmw8HI=",
            "content_base64sha512": "SR9IDbGH/PMhx1EKmSIq8BjcAhM/Avrg9RPYvXmRPAG6clMgl3ouB3eWyeG2a73AIhsvN/yzL5zcGTVwgeORBQ==",
            "content_md5": "3d0f588742e923989b4538f3a51644d0",
            "content_sha1": "7b9a1e00865d0e3bfa8535bceb1e7191e1171637",
            "content_sha256": "31ece50747ddac098b5f4e20adb895790e2daa8f65aa5f1aff186fbdd9b0f072",
            "content_sha512": "491f480db187fcf321c7510a99222af018dc02133f02fae0f513d8bd79913c01ba725320977a2e077796c9e1b66bbdc0221b2f37fcb32f9cdc19357081e39105",
            "directory_permission": "0777",
            "file_permission": "0777",
            "filename": "../individual-workspaces/ws-0313/main.tf",
            "id": "7b9a1e00865d0e3bfa8535bceb1e7191e1171637",
            "sensitive_content": null,
            "source": null
          },
          "sensitive_attributes": []
        },
        {
          "index_key": 314,
          "schema_version": 0,
          "attributes": {
            "content": "#\n# Autogenerated by Terraform\n# https://github.com/hashi-strawb/tfc-monorepo-test/blob/main/repo_dirs/main.tf\n#\n\nmodule \"pet\" {\n  source = \"../../modules/random\"\n}\n",
            "content_base64": null,
            "content_base64sha256": "MezlB0fdrAmLX04grbiVeQ4tqo9lql8a/xhvvdmw8HI=",
            "content_base64sha512": "SR9IDbGH/PMhx1EKmSIq8BjcAhM/Avrg9RPYvXmRPAG6clMgl3ouB3eWyeG2a73AIhsvN/yzL5zcGTVwgeORBQ==",
            "content_md5": "3d0f588742e923989b4538f3a51644d0",
            "content_sha1": "7b9a1e00865d0e3bfa8535bceb1e7191e1171637",
            "content_sha256": "31ece50747ddac098b5f4e20adb895790e2daa8f65aa5f1aff186fbdd9b0f072",
            "content_sha512": "491f480db187fcf321c7510a99222af018dc02133f02fae0f513d8bd79913c01ba725320977a2e077796c9e1b66bbdc0221b2f37fcb32f9cdc19357081e39105",
            "directory_permission": "0777",
            "file_permission": "0777",
            "filename": "../individual-workspaces/ws-0314/main.tf",
            "id": "7b9a1e00865d0e3bfa8535bceb1e7191e1171637",
            "sensitive_content": null,
            "source": null
          },
          "sensitive_attributes": []
        },
        {
          "index_key": 315,
          "schema_version": 0,
          "attributes": {
            "content": "#\n# Autogenerated by Terraform\n# https://github.com/hashi-strawb/tfc-monorepo-test/blob/main/repo_dirs/main.tf\n#\n\nmodule \"pet\" {\n  source = \"../../modules/random\"\n}\n",
            "content_base64": null,
            "content_base64sha256": "MezlB0fdrAmLX04grbiVeQ4tqo9lql8a/xhvvdmw8HI=",
            "content_base64sha512": "SR9IDbGH/PMhx1EKmSIq8BjcAhM/Avrg9RPYvXmRPAG6clMgl3ouB3eWyeG2a73AIhsvN/yzL5zcGTVwgeORBQ==",
            "content_md5": "3d0f588742e923989b4538f3a51644d0",
            "content_sha1": "7b9a1e00865d0e3bfa8535bceb1e7191e1171637",
            "content_sha256": "31ece50747ddac098b5f4e20adb895790e2daa8f65aa5f1aff186fbdd9b0f072",
            "content_sha512": "491f480db187fcf321c7510a99222af018dc02133f02fae0f513d8bd79913c01ba725320977a2e077796c9e1b66bbdc0221b2f37fcb32f9cdc19357081e39105",
            "directory_permission": "0777",
            "file_permission": "0777",
            "filename": "../individual-workspaces/ws-0315/main.tf",
            "id": "7b9a1e00865d0e3bfa8535bceb1e7191e1171637",
            "sensitive_content": null,
            "source": null
          },
          "sensitive_attributes": []
        },
        {
          "index_key": 316,
          "schema_version": 0,
          "attributes": {
            "content": "#\n# Autogenerated by Terraform\n# https://github.com/hashi-strawb/tfc-monorepo-test/blob/main/repo_dirs/main.tf\n#\n\nmodule \"pet\" {\n  source = \"../../modules/random\"\n}\n",
            "content_base64": null,
            "content_base64sha256": "MezlB0fdrAmLX04grbiVeQ4tqo9lql8a/xhvvdmw8HI=",
            "content_base64sha512": "SR9IDbGH/PMhx1EKmSIq8BjcAhM/Avrg9RPYvXmRPAG6clMgl3ouB3eWyeG2a73AIhsvN/yzL5zcGTVwgeORBQ==",
            "content_md5": "3d0f588742e923989b4538f3a51644d0",
            "content_sha1": "7b9a1e00865d0e3bfa8535bceb1e7191e1171637",
            "content_sha256": "31ece50747ddac098b5f4e20adb895790e2daa8f65aa5f1aff186fbdd9b0f072",
            "content_sha512": "491f480db187fcf321c7510a99222af018dc02133f02fae0f513d8bd79913c01ba725320977a2e077796c9e1b66bbdc0221b2f37fcb32f9cdc19357081e39105",
            "directory_permission": "0777",
            "file_permission": "0777",
            "filename": "../individual-workspaces/ws-0316/main.tf",
            "id": "7b9a1e00865d0e3bfa8535bceb1e7191e1171637",
            "sensitive_content": null,
            "source": null
          },
          "sensitive_attributes": []
        },
        {
          "index_key": 317,
          "schema_version": 0,
          "attributes": {
            "content": "#\n# Autogenerated by Terraform\n# https://github.com/hashi-strawb/tfc-monorepo-test/blob/main/repo_dirs/main.tf\n#\n\nmodule \"pet\" {\n  source = \"../../modules/random\"\n}\n",
            "content_base64": null,
            "content_base64sha256": "MezlB0fdrAmLX04grbiVeQ4tqo9lql8a/xhvvdmw8HI=",
            "content_base64sha512": "SR9IDbGH/PMhx1EKmSIq8BjcAhM/Avrg9RPYvXmRPAG6clMgl3ouB3eWyeG2a73AIhsvN/yzL5zcGTVwgeORBQ==",
            "content_md5": "3d0f588742e923989b4538f3a51644d0",
            "content_sha1": "7b9a1e00865d0e3bfa8535bceb1e7191e1171637",
            "content_sha256": "31ece50747ddac098b5f4e20adb895790e2daa8f65aa5f1aff186fbdd9b0f072",
            "content_sha512": "491f480db187fcf321c7510a99222af018dc02133f02fae0f513d8bd79913c01ba725320977a2e077796c9e1b66bbdc0221b2f37fcb32f9cdc19357081e39105",
            "directory_permission": "0777",
            "file_permission": "0777",
            "filename": "../individual-workspaces/ws-0317/main.tf",
            "id": "7b9a1e00865d0e3bfa8535bceb1e7191e1171637",
            "sensitive_content": null,
            "source": null
          },
          "sensitive_attributes": []
        },
        {
          "index_key": 318,
          "schema_version": 0,
          "attributes": {
            "content": "#\n# Autogenerated by Terraform\n# https://github.com/hashi-strawb/tfc-monorepo-test/blob/main/repo_dirs/main.tf\n#\n\nmodule \"pet\" {\n  source = \"../../modules/random\"\n}\n",
            "content_base64": null,
            "content_base64sha256": "MezlB0fdrAmLX04grbiVeQ4tqo9lql8a/xhvvdmw8HI=",
            "content_base64sha512": "SR9IDbGH/PMhx1EKmSIq8BjcAhM/Avrg9RPYvXmRPAG6clMgl3ouB3eWyeG2a73AIhsvN/yzL5zcGTVwgeORBQ==",
            "content_md5": "3d0f588742e923989b4538f3a51644d0",
            "content_sha1": "7b9a1e00865d0e3bfa8535bceb1e7191e1171637",
            "content_sha256": "31ece50747ddac098b5f4e20adb895790e2daa8f65aa5f1aff186fbdd9b0f072",
            "content_sha512": "491f480db187fcf321c7510a99222af018dc02133f02fae0f513d8bd79913c01ba725320977a2e077796c9e1b66bbdc0221b2f37fcb32f9cdc19357081e39105",
            "directory_permission": "0777",
            "file_permission": "0777",
            "filename": "../individual-workspaces/ws-0318/main.tf",
            "id": "7b9a1e00865d0e3bfa8535bceb1e7191e1171637",
            "sensitive_content": null,
            "source": null
          },
          "sensitive_attributes": []
        },
        {
          "index_key": 319,
          "schema_version": 0,
          "attributes": {
            "content": "#\n# Autogenerated by Terraform\n# https://github.com/hashi-strawb/tfc-monorepo-test/blob/main/repo_dirs/main.tf\n#\n\nmodule \"pet\" {\n  source = \"../../modules/random\"\n}\n",
            "content_base64": null,
            "content_base64sha256": "MezlB0fdrAmLX04grbiVeQ4tqo9lql8a/xhvvdmw8HI=",
            "content_base64sha512": "SR9IDbGH/PMhx1EKmSIq8BjcAhM/Avrg9RPYvXmRPAG6clMgl3ouB3eWyeG2a73AIhsvN/yzL5zcGTVwgeORBQ==",
            "content_md5": "3d0f588742e923989b4538f3a51644d0",
            "content_sha1": "7b9a1e00865d0e3bfa8535bceb1e7191e1171637",
            "content_sha256": "31ece50747ddac098b5f4e20adb895790e2daa8f65aa5f1aff186fbdd9b0f072",
            "content_sha512": "491f480db187fcf321c7510a99222af018dc02133f02fae0f513d8bd79913c01ba725320977a2e077796c9e1b66bbdc0221b2f37fcb32f9cdc19357081e39105",
            "directory_permission": "0777",
            "file_permission": "0777",
            "filename": "../individual-workspaces/ws-0319/main.tf",
            "id": "7b9a1e00865d0e3bfa8535bceb1e7191e1171637",
            "sensitive_content": null,
            "source": null
          },
          "sensitive_attributes": []
        },
        {
          "index_key": 320,
          "schema_version": 0,
          "attributes": {
            "content": "#\n# Autogenerated by Terraform\n# https://github.com/hashi-strawb/tfc-monorepo-test/blob/main/repo_dirs/main.tf\n#\n\nmodule \"pet\" {\n  source = \"../../modules/random\"\n}\n",
            "content_base64": null,
            "content_base64sha256": "MezlB0fdrAmLX04grbiVeQ4tqo9lql8a/xhvvdmw8HI=",
            "content_base64sha512": "SR9IDbGH/PMhx1EKmSIq8BjcAhM/Avrg9RPYvXmRPAG6clMgl3ouB3eWyeG2a73AIhsvN/yzL5zcGTVwgeORBQ==",
            "content_md5": "3d0f588742e923989b4538f3a51644d0",
            "content_sha1": "7b9a1e00865d0e3bfa8535bceb1e7191e1171637",
            "content_sha256": "31ece50747ddac098b5f4e20adb895790e2daa8f65aa5f1aff186fbdd9b0f072",
            "content_sha512": "491f480db187fcf321c7510a99222af018dc02133f02fae0f513d8bd79913c01ba725320977a2e077796c9e1b66bbdc0221b2f37fcb32f9cdc19357081e39105",
            "directory_permission": "0777",
            "file_permission": "0777",
            "filename": "../individual-workspaces/ws-0320/main.tf",
            "id": "7b9a1e00865d0e3bfa8535bceb1e7191e1171637",
            "sensitive_content": null,
            "source": null
          },
          "sensitive_attributes": []
        },
        {
          "index_key": 321,
          "schema_version": 0,
          "attributes": {
            "content": "#\n# Autogenerated by Terraform\n# https://github.com/hashi-strawb/tfc-monorepo-test/blob/main/repo_dirs/main.tf\n#\n\nmodule \"pet\" {\n  source = \"../../modules/random\"\n}\n",
            "content_base64": null,
            "content_base64sha256": "MezlB0fdrAmLX04grbiVeQ4tqo9lql8a/xhvvdmw8HI=",
            "content_base64sha512": "SR9IDbGH/PMhx1EKmSIq8BjcAhM/Avrg9RPYvXmRPAG6clMgl3ouB3eWyeG2a73AIhsvN/yzL5zcGTVwgeORBQ==",
            "content_md5": "3d0f588742e923989b4538f3a51644d0",
            "content_sha1": "7b9a1e00865d0e3bfa8535bceb1e7191e1171637",
            "content_sha256": "31ece50747ddac098b5f4e20adb895790e2daa8f65aa5f1aff186fbdd9b0f072",
            "content_sha512": "491f480db187fcf321c7510a99222af018dc02133f02fae0f513d8bd79913c01ba725320977a2e077796c9e1b66bbdc0221b2f37fcb32f9cdc19357081e39105",
            "directory_permission": "0777",
            "file_permission": "0777",
            "filename": "../individual-workspaces/ws-0321/main.tf",
            "id": "7b9a1e00865d0e3bfa8535bceb1e7191e1171637",
            "sensitive_content": null,
            "source": null
          },
          "sensitive_attributes": []
        },
        {
          "index_key": 322,
          "schema_version": 0,
          "attributes": {
            "content": "#\n# Autogenerated by Terraform\n# https://github.com/hashi-strawb/tfc-monorepo-test/blob/main/repo_dirs/main.tf\n#\n\nmodule \"pet\" {\n  source = \"../../modules/random\"\n}\n",
            "content_base64": null,
            "content_base64sha256": "MezlB0fdrAmLX04grbiVeQ4tqo9lql8a/xhvvdmw8HI=",
            "content_base64sha512": "SR9IDbGH/PMhx1EKmSIq8BjcAhM/Avrg9RPYvXmRPAG6clMgl3ouB3eWyeG2a73AIhsvN/yzL5zcGTVwgeORBQ==",
            "content_md5": "3d0f588742e923989b4538f3a51644d0",
            "content_sha1": "7b9a1e00865d0e3bfa8535bceb1e7191e1171637",
            "content_sha256": "31ece50747ddac098b5f4e20adb895790e2daa8f65aa5f1aff186fbdd9b0f072",
            "content_sha512": "491f480db187fcf321c7510a99222af018dc02133f02fae0f513d8bd79913c01ba725320977a2e077796c9e1b66bbdc0221b2f37fcb32f9cdc19357081e39105",
            "directory_permission": "0777",
            "file_permission": "0777",
            "filename": "../individual-workspaces/ws-0322/main.tf",
            "id": "7b9a1e00865d0e3bfa8535bceb1e7191e1171637",
            "sensitive_content": null,
            "source": null
          },
          "sensitive_attributes": []
        },
        {
          "index_key": 323,
          "schema_version": 0,
          "attributes": {
            "content": "#\n# Autogenerated by Terraform\n# https://github.com/hashi-strawb/tfc-monorepo-test/blob/main/repo_dirs/main.tf\n#\n\nmodule \"pet\" {\n  source = \"../../modules/random\"\n}\n",
            "content_base64": null,
            "content_base64sha256": "MezlB0fdrAmLX04grbiVeQ4tqo9lql8a/xhvvdmw8HI=",
            "content_base64sha512": "SR9IDbGH/PMhx1EKmSIq8BjcAhM/Avrg9RPYvXmRPAG6clMgl3ouB3eWyeG2a73AIhsvN/yzL5zcGTVwgeORBQ==",
            "content_md5": "3d0f588742e923989b4538f3a51644d0",
            "content_sha1": "7b9a1e00865d0e3bfa8535bceb1e7191e1171637",
            "content_sha256": "31ece50747ddac098b5f4e20adb895790e2daa8f65aa5f1aff186fbdd9b0f072",
            "content_sha512": "491f480db187fcf321c7510a99222af018dc02133f02fae0f513d8bd79913c01ba725320977a2e077796c9e1b66bbdc0221b2f37fcb32f9cdc19357081e39105",
            "directory_permission": "0777",
            "file_permission": "0777",
            "filename": "../individual-workspaces/ws-0323/main.tf",
            "id": "7b9a1e00865d0e3bfa8535bceb1e7191e1171637",
            "sensitive_content": null,
            "source": null
          },
          "sensitive_attributes": []
        },
        {
          "index_key": 324,
          "schema_version": 0,
          "attributes": {
            "content": "#\n# Autogenerated by Terraform\n# https://github.com/hashi-strawb/tfc-monorepo-test/blob/main/repo_dirs/main.tf\n#\n\nmodule \"pet\" {\n  source = \"../../modules/random\"\n}\n",
            "content_base64": null,
            "content_base64sha256": "MezlB0fdrAmLX04grbiVeQ4tqo9lql8a/xhvvdmw8HI=",
            "content_base64sha512": "SR9IDbGH/PMhx1EKmSIq8BjcAhM/Avrg9RPYvXmRPAG6clMgl3ouB3eWyeG2a73AIhsvN/yzL5zcGTVwgeORBQ==",
            "content_md5": "3d0f588742e923989b4538f3a51644d0",
            "content_sha1": "7b9a1e00865d0e3bfa8535bceb1e7191e1171637",
            "content_sha256": "31ece50747ddac098b5f4e20adb895790e2daa8f65aa5f1aff186fbdd9b0f072",
            "content_sha512": "491f480db187fcf321c7510a99222af018dc02133f02fae0f513d8bd79913c01ba725320977a2e077796c9e1b66bbdc0221b2f37fcb32f9cdc19357081e39105",
            "directory_permission": "0777",
            "file_permission": "0777",
            "filename": "../individual-workspaces/ws-0324/main.tf",
            "id": "7b9a1e00865d0e3bfa8535bceb1e7191e1171637",
            "sensitive_content": null,
            "source": null
          },
          "sensitive_attributes": []
        },
        {
          "index_key": 325,
          "schema_version": 0,
          "attributes": {
            "content": "#\n# Autogenerated by Terraform\n# https://github.com/hashi-strawb/tfc-monorepo-test/blob/main/repo_dirs/main.tf\n#\n\nmodule \"pet\" {\n  source = \"../../modules/random\"\n}\n",
            "content_base64": null,
            "content_base64sha256": "MezlB0fdrAmLX04grbiVeQ4tqo9lql8a/xhvvdmw8HI=",
            "content_base64sha512": "SR9IDbGH/PMhx1EKmSIq8BjcAhM/Avrg9RPYvXmRPAG6clMgl3ouB3eWyeG2a73AIhsvN/yzL5zcGTVwgeORBQ==",
            "content_md5": "3d0f588742e923989b4538f3a51644d0",
            "content_sha1": "7b9a1e00865d0e3bfa8535bceb1e7191e1171637",
            "content_sha256": "31ece50747ddac098b5f4e20adb895790e2daa8f65aa5f1aff186fbdd9b0f072",
            "content_sha512": "491f480db187fcf321c7510a99222af018dc02133f02fae0f513d8bd79913c01ba725320977a2e077796c9e1b66bbdc0221b2f37fcb32f9cdc19357081e39105",
            "directory_permission": "0777",
            "file_permission": "0777",
            "filename": "../individual-workspaces/ws-0325/main.tf",
            "id": "7b9a1e00865d0e3bfa8535bceb1e7191e1171637",
            "sensitive_content": null,
            "source": null
          },
          "sensitive_attributes": []
        },
        {
          "index_key": 326,
          "schema_version": 0,
          "attributes": {
            "content": "#\n# Autogenerated by Terraform\n# https://github.com/hashi-strawb/tfc-monorepo-test/blob/main/repo_dirs/main.tf\n#\n\nmodule \"pet\" {\n  source = \"../../modules/random\"\n}\n",
            "content_base64": null,
            "content_base64sha256": "MezlB0fdrAmLX04grbiVeQ4tqo9lql8a/xhvvdmw8HI=",
            "content_base64sha512": "SR9IDbGH/PMhx1EKmSIq8BjcAhM/Avrg9RPYvXmRPAG6clMgl3ouB3eWyeG2a73AIhsvN/yzL5zcGTVwgeORBQ==",
            "content_md5": "3d0f588742e923989b4538f3a51644d0",
            "content_sha1": "7b9a1e00865d0e3bfa8535bceb1e7191e1171637",
            "content_sha256": "31ece50747ddac098b5f4e20adb895790e2daa8f65aa5f1aff186fbdd9b0f072",
            "content_sha512": "491f480db187fcf321c7510a99222af018dc02133f02fae0f513d8bd79913c01ba725320977a2e077796c9e1b66bbdc0221b2f37fcb32f9cdc19357081e39105",
            "directory_permission": "0777",
            "file_permission": "0777",
            "filename": "../individual-workspaces/ws-0326/main.tf",
            "id": "7b9a1e00865d0e3bfa8535bceb1e7191e1171637",
            "sensitive_content": null,
            "source": null
          },
          "sensitive_attributes": []
        },
        {
          "index_key": 327,
          "schema_version": 0,
          "attributes": {
            "content": "#\n# Autogenerated by Terraform\n# https://github.com/hashi-strawb/tfc-monorepo-test/blob/main/repo_dirs/main.tf\n#\n\nmodule \"pet\" {\n  source = \"../../modules/random\"\n}\n",
            "content_base64": null,
            "content_base64sha256": "MezlB0fdrAmLX04grbiVeQ4tqo9lql8a/xhvvdmw8HI=",
            "content_base64sha512": "SR9IDbGH/PMhx1EKmSIq8BjcAhM/Avrg9RPYvXmRPAG6clMgl3ouB3eWyeG2a73AIhsvN/yzL5zcGTVwgeORBQ==",
            "content_md5": "3d0f588742e923989b4538f3a51644d0",
            "content_sha1": "7b9a1e00865d0e3bfa8535bceb1e7191e1171637",
            "content_sha256": "31ece50747ddac098b5f4e20adb895790e2daa8f65aa5f1aff186fbdd9b0f072",
            "content_sha512": "491f480db187fcf321c7510a99222af018dc02133f02fae0f513d8bd79913c01ba725320977a2e077796c9e1b66bbdc0221b2f37fcb32f9cdc19357081e39105",
            "directory_permission": "0777",
            "file_permission": "0777",
            "filename": "../individual-workspaces/ws-0327/main.tf",
            "id": "7b9a1e00865d0e3bfa8535bceb1e7191e1171637",
            "sensitive_content": null,
            "source": null
          },
          "sensitive_attributes": []
        },
        {
          "index_key": 328,
          "schema_version": 0,
          "attributes": {
            "content": "#\n# Autogenerated by Terraform\n# https://github.com/hashi-strawb/tfc-monorepo-test/blob/main/repo_dirs/main.tf\n#\n\nmodule \"pet\" {\n  source = \"../../modules/random\"\n}\n",
            "content_base64": null,
            "content_base64sha256": "MezlB0fdrAmLX04grbiVeQ4tqo9lql8a/xhvvdmw8HI=",
            "content_base64sha512": "SR9IDbGH/PMhx1EKmSIq8BjcAhM/Avrg9RPYvXmRPAG6clMgl3ouB3eWyeG2a73AIhsvN/yzL5zcGTVwgeORBQ==",
            "content_md5": "3d0f588742e923989b4538f3a51644d0",
            "content_sha1": "7b9a1e00865d0e3bfa8535bceb1e7191e1171637",
            "content_sha256": "31ece50747ddac098b5f4e20adb895790e2daa8f65aa5f1aff186fbdd9b0f072",
            "content_sha512": "491f480db187fcf321c7510a99222af018dc02133f02fae0f513d8bd79913c01ba725320977a2e077796c9e1b66bbdc0221b2f37fcb32f9cdc19357081e39105",
            "directory_permission": "0777",
            "file_permission": "0777",
            "filename": "../individual-workspaces/ws-0328/main.tf",
            "id": "7b9a1e00865d0e3bfa8535bceb1e7191e1171637",
            "sensitive_content": null,
            "source": null
          },
          "sensitive_attributes": []
        },
        {
          "index_key": 329,
          "schema_version": 0,
          "attributes": {
            "content": "#\n# Autogenerated by Terraform\n# https://github.com/hashi-strawb/tfc-monorepo-test/blob/main/repo_dirs/main.tf\n#\n\nmodule \"pet\" {\n  source = \"../../modules/random\"\n}\n",
            "content_base64": null,
            "content_base64sha256": "MezlB0fdrAmLX04grbiVeQ4tqo9lql8a/xhvvdmw8HI=",
            "content_base64sha512": "SR9IDbGH/PMhx1EKmSIq8BjcAhM/Avrg9RPYvXmRPAG6clMgl3ouB3eWyeG2a73AIhsvN/yzL5zcGTVwgeORBQ==",
            "content_md5": "3d0f588742e923989b4538f3a51644d0",
            "content_sha1": "7b9a1e00865d0e3bfa8535bceb1e7191e1171637",
            "content_sha256": "31ece50747ddac098b5f4e20adb895790e2daa8f65aa5f1aff186fbdd9b0f072",
            "content_sha512": "491f480db187fcf321c7510a99222af018dc02133f02fae0f513d8bd79913c01ba725320977a2e077796c9e1b66bbdc0221b2f37fcb32f9cdc19357081e39105",
            "directory_permission": "0777",
            "file_permission": "0777",
            "filename": "../individual-workspaces/ws-0329/main.tf",
            "id": "7b9a1e00865d0e3bfa8535bceb1e7191e1171637",
            "sensitive_content": null,
            "source": null
          },
          "sensitive_attributes": []
        },
        {
          "index_key": 330,
          "schema_version": 0,
          "attributes": {
            "content": "#\n# Autogenerated by Terraform\n# https://github.com/hashi-strawb/tfc-monorepo-test/blob/main/repo_dirs/main.tf\n#\n\nmodule \"pet\" {\n  source = \"../../modules/random\"\n}\n",
            "content_base64": null,
            "content_base64sha256": "MezlB0fdrAmLX04grbiVeQ4tqo9lql8a/xhvvdmw8HI=",
            "content_base64sha512": "SR9IDbGH/PMhx1EKmSIq8BjcAhM/Avrg9RPYvXmRPAG6clMgl3ouB3eWyeG2a73AIhsvN/yzL5zcGTVwgeORBQ==",
            "content_md5": "3d0f588742e923989b4538f3a51644d0",
            "content_sha1": "7b9a1e00865d0e3bfa8535bceb1e7191e1171637",
            "content_sha256": "31ece50747ddac098b5f4e20adb895790e2daa8f65aa5f1aff186fbdd9b0f072",
            "content_sha512": "491f480db187fcf321c7510a99222af018dc02133f02fae0f513d8bd79913c01ba725320977a2e077796c9e1b66bbdc0221b2f37fcb32f9cdc19357081e39105",
            "directory_permission": "0777",
            "file_permission": "0777",
            "filename": "../individual-workspaces/ws-0330/main.tf",
            "id": "7b9a1e00865d0e3bfa8535bceb1e7191e1171637",
            "sensitive_content": null,
            "source": null
          },
          "sensitive_attributes": []
        },
        {
          "index_key": 331,
          "schema_version": 0,
          "attributes": {
            "content": "#\n# Autogenerated by Terraform\n# https://github.com/hashi-strawb/tfc-monorepo-test/blob/main/repo_dirs/main.tf\n#\n\nmodule \"pet\" {\n  source = \"../../modules/random\"\n}\n",
            "content_base64": null,
            "content_base64sha256": "MezlB0fdrAmLX04grbiVeQ4tqo9lql8a/xhvvdmw8HI=",
            "content_base64sha512": "SR9IDbGH/PMhx1EKmSIq8BjcAhM/Avrg9RPYvXmRPAG6clMgl3ouB3eWyeG2a73AIhsvN/yzL5zcGTVwgeORBQ==",
            "content_md5": "3d0f588742e923989b4538f3a51644d0",
            "content_sha1": "7b9a1e00865d0e3bfa8535bceb1e7191e1171637",
            "content_sha256": "31ece50747ddac098b5f4e20adb895790e2daa8f65aa5f1aff186fbdd9b0f072",
            "content_sha512": "491f480db187fcf321c7510a99222af018dc02133f02fae0f513d8bd79913c01ba725320977a2e077796c9e1b66bbdc0221b2f37fcb32f9cdc19357081e39105",
            "directory_permission": "0777",
            "file_permission": "0777",
            "filename": "../individual-workspaces/ws-0331/main.tf",
            "id": "7b9a1e00865d0e3bfa8535bceb1e7191e1171637",
            "sensitive_content": null,
            "source": null
          },
          "sensitive_attributes": []
        },
        {
          "index_key": 332,
          "schema_version": 0,
          "attributes": {
            "content": "#\n# Autogenerated by Terraform\n# https://github.com/hashi-strawb/tfc-monorepo-test/blob/main/repo_dirs/main.tf\n#\n\nmodule \"pet\" {\n  source = \"../../modules/random\"\n}\n",
            "content_base64": null,
            "content_base64sha256": "MezlB0fdrAmLX04grbiVeQ4tqo9lql8a/xhvvdmw8HI=",
            "content_base64sha512": "SR9IDbGH/PMhx1EKmSIq8BjcAhM/Avrg9RPYvXmRPAG6clMgl3ouB3eWyeG2a73AIhsvN/yzL5zcGTVwgeORBQ==",
            "content_md5": "3d0f588742e923989b4538f3a51644d0",
            "content_sha1": "7b9a1e00865d0e3bfa8535bceb1e7191e1171637",
            "content_sha256": "31ece50747ddac098b5f4e20adb895790e2daa8f65aa5f1aff186fbdd9b0f072",
            "content_sha512": "491f480db187fcf321c7510a99222af018dc02133f02fae0f513d8bd79913c01ba725320977a2e077796c9e1b66bbdc0221b2f37fcb32f9cdc19357081e39105",
            "directory_permission": "0777",
            "file_permission": "0777",
            "filename": "../individual-workspaces/ws-0332/main.tf",
            "id": "7b9a1e00865d0e3bfa8535bceb1e7191e1171637",
            "sensitive_content": null,
            "source": null
          },
          "sensitive_attributes": []
        },
        {
          "index_key": 333,
          "schema_version": 0,
          "attributes": {
            "content": "#\n# Autogenerated by Terraform\n# https://github.com/hashi-strawb/tfc-monorepo-test/blob/main/repo_dirs/main.tf\n#\n\nmodule \"pet\" {\n  source = \"../../modules/random\"\n}\n",
            "content_base64": null,
            "content_base64sha256": "MezlB0fdrAmLX04grbiVeQ4tqo9lql8a/xhvvdmw8HI=",
            "content_base64sha512": "SR9IDbGH/PMhx1EKmSIq8BjcAhM/Avrg9RPYvXmRPAG6clMgl3ouB3eWyeG2a73AIhsvN/yzL5zcGTVwgeORBQ==",
            "content_md5": "3d0f588742e923989b4538f3a51644d0",
            "content_sha1": "7b9a1e00865d0e3bfa8535bceb1e7191e1171637",
            "content_sha256": "31ece50747ddac098b5f4e20adb895790e2daa8f65aa5f1aff186fbdd9b0f072",
            "content_sha512": "491f480db187fcf321c7510a99222af018dc02133f02fae0f513d8bd79913c01ba725320977a2e077796c9e1b66bbdc0221b2f37fcb32f9cdc19357081e39105",
            "directory_permission": "0777",
            "file_permission": "0777",
            "filename": "../individual-workspaces/ws-0333/main.tf",
            "id": "7b9a1e00865d0e3bfa8535bceb1e7191e1171637",
            "sensitive_content": null,
            "source": null
          },
          "sensitive_attributes": []
        },
        {
          "index_key": 334,
          "schema_version": 0,
          "attributes": {
            "content": "#\n# Autogenerated by Terraform\n# https://github.com/hashi-strawb/tfc-monorepo-test/blob/main/repo_dirs/main.tf\n#\n\nmodule \"pet\" {\n  source = \"../../modules/random\"\n}\n",
            "content_base64": null,
            "content_base64sha256": "MezlB0fdrAmLX04grbiVeQ4tqo9lql8a/xhvvdmw8HI=",
            "content_base64sha512": "SR9IDbGH/PMhx1EKmSIq8BjcAhM/Avrg9RPYvXmRPAG6clMgl3ouB3eWyeG2a73AIhsvN/yzL5zcGTVwgeORBQ==",
            "content_md5": "3d0f588742e923989b4538f3a51644d0",
            "content_sha1": "7b9a1e00865d0e3bfa8535bceb1e7191e1171637",
            "content_sha256": "31ece50747ddac098b5f4e20adb895790e2daa8f65aa5f1aff186fbdd9b0f072",
            "content_sha512": "491f480db187fcf321c7510a99222af018dc02133f02fae0f513d8bd79913c01ba725320977a2e077796c9e1b66bbdc0221b2f37fcb32f9cdc19357081e39105",
            "directory_permission": "0777",
            "file_permission": "0777",
            "filename": "../individual-workspaces/ws-0334/main.tf",
            "id": "7b9a1e00865d0e3bfa8535bceb1e7191e1171637",
            "sensitive_content": null,
            "source": null
          },
          "sensitive_attributes": []
        },
        {
          "index_key": 335,
          "schema_version": 0,
          "attributes": {
            "content": "#\n# Autogenerated by Terraform\n# https://github.com/hashi-strawb/tfc-monorepo-test/blob/main/repo_dirs/main.tf\n#\n\nmodule \"pet\" {\n  source = \"../../modules/random\"\n}\n",
            "content_base64": null,
            "content_base64sha256": "MezlB0fdrAmLX04grbiVeQ4tqo9lql8a/xhvvdmw8HI=",
            "content_base64sha512": "SR9IDbGH/PMhx1EKmSIq8BjcAhM/Avrg9RPYvXmRPAG6clMgl3ouB3eWyeG2a73AIhsvN/yzL5zcGTVwgeORBQ==",
            "content_md5": "3d0f588742e923989b4538f3a51644d0",
            "content_sha1": "7b9a1e00865d0e3bfa8535bceb1e7191e1171637",
            "content_sha256": "31ece50747ddac098b5f4e20adb895790e2daa8f65aa5f1aff186fbdd9b0f072",
            "content_sha512": "491f480db187fcf321c7510a99222af018dc02133f02fae0f513d8bd79913c01ba725320977a2e077796c9e1b66bbdc0221b2f37fcb32f9cdc19357081e39105",
            "directory_permission": "0777",
            "file_permission": "0777",
            "filename": "../individual-workspaces/ws-0335/main.tf",
            "id": "7b9a1e00865d0e3bfa8535bceb1e7191e1171637",
            "sensitive_content": null,
            "source": null
          },
          "sensitive_attributes": []
        },
        {
          "index_key": 336,
          "schema_version": 0,
          "attributes": {
            "content": "#\n# Autogenerated by Terraform\n# https://github.com/hashi-strawb/tfc-monorepo-test/blob/main/repo_dirs/main.tf\n#\n\nmodule \"pet\" {\n  source = \"../../modules/random\"\n}\n",
            "content_base64": null,
            "content_base64sha256": "MezlB0fdrAmLX04grbiVeQ4tqo9lql8a/xhvvdmw8HI=",
            "content_base64sha512": "SR9IDbGH/PMhx1EKmSIq8BjcAhM/Avrg9RPYvXmRPAG6clMgl3ouB3eWyeG2a73AIhsvN/yzL5zcGTVwgeORBQ==",
            "content_md5": "3d0f588742e923989b4538f3a51644d0",
            "content_sha1": "7b9a1e00865d0e3bfa8535bceb1e7191e1171637",
            "content_sha256": "31ece50747ddac098b5f4e20adb895790e2daa8f65aa5f1aff186fbdd9b0f072",
            "content_sha512": "491f480db187fcf321c7510a99222af018dc02133f02fae0f513d8bd79913c01ba725320977a2e077796c9e1b66bbdc0221b2f37fcb32f9cdc19357081e39105",
            "directory_permission": "0777",
            "file_permission": "0777",
            "filename": "../individual-workspaces/ws-0336/main.tf",
            "id": "7b9a1e00865d0e3bfa8535bceb1e7191e1171637",
            "sensitive_content": null,
            "source": null
          },
          "sensitive_attributes": []
        },
        {
          "index_key": 337,
          "schema_version": 0,
          "attributes": {
            "content": "#\n# Autogenerated by Terraform\n# https://github.com/hashi-strawb/tfc-monorepo-test/blob/main/repo_dirs/main.tf\n#\n\nmodule \"pet\" {\n  source = \"../../modules/random\"\n}\n",
            "content_base64": null,
            "content_base64sha256": "MezlB0fdrAmLX04grbiVeQ4tqo9lql8a/xhvvdmw8HI=",
            "content_base64sha512": "SR9IDbGH/PMhx1EKmSIq8BjcAhM/Avrg9RPYvXmRPAG6clMgl3ouB3eWyeG2a73AIhsvN/yzL5zcGTVwgeORBQ==",
            "content_md5": "3d0f588742e923989b4538f3a51644d0",
            "content_sha1": "7b9a1e00865d0e3bfa8535bceb1e7191e1171637",
            "content_sha256": "31ece50747ddac098b5f4e20adb895790e2daa8f65aa5f1aff186fbdd9b0f072",
            "content_sha512": "491f480db187fcf321c7510a99222af018dc02133f02fae0f513d8bd79913c01ba725320977a2e077796c9e1b66bbdc0221b2f37fcb32f9cdc19357081e39105",
            "directory_permission": "0777",
            "file_permission": "0777",
            "filename": "../individual-workspaces/ws-0337/main.tf",
            "id": "7b9a1e00865d0e3bfa8535bceb1e7191e1171637",
            "sensitive_content": null,
            "source": null
          },
          "sensitive_attributes": []
        },
        {
          "index_key": 338,
          "schema_version": 0,
          "attributes": {
            "content": "#\n# Autogenerated by Terraform\n# https://github.com/hashi-strawb/tfc-monorepo-test/blob/main/repo_dirs/main.tf\n#\n\nmodule \"pet\" {\n  source = \"../../modules/random\"\n}\n",
            "content_base64": null,
            "content_base64sha256": "MezlB0fdrAmLX04grbiVeQ4tqo9lql8a/xhvvdmw8HI=",
            "content_base64sha512": "SR9IDbGH/PMhx1EKmSIq8BjcAhM/Avrg9RPYvXmRPAG6clMgl3ouB3eWyeG2a73AIhsvN/yzL5zcGTVwgeORBQ==",
            "content_md5": "3d0f588742e923989b4538f3a51644d0",
            "content_sha1": "7b9a1e00865d0e3bfa8535bceb1e7191e1171637",
            "content_sha256": "31ece50747ddac098b5f4e20adb895790e2daa8f65aa5f1aff186fbdd9b0f072",
            "content_sha512": "491f480db187fcf321c7510a99222af018dc02133f02fae0f513d8bd79913c01ba725320977a2e077796c9e1b66bbdc0221b2f37fcb32f9cdc19357081e39105",
            "directory_permission": "0777",
            "file_permission": "0777",
            "filename": "../individual-workspaces/ws-0338/main.tf",
            "id": "7b9a1e00865d0e3bfa8535bceb1e7191e1171637",
            "sensitive_content": null,
            "source": null
          },
          "sensitive_attributes": []
        },
        {
          "index_key": 339,
          "schema_version": 0,
          "attributes": {
            "content": "#\n# Autogenerated by Terraform\n# https://github.com/hashi-strawb/tfc-monorepo-test/blob/main/repo_dirs/main.tf\n#\n\nmodule \"pet\" {\n  source = \"../../modules/random\"\n}\n",
            "content_base64": null,
            "content_base64sha256": "MezlB0fdrAmLX04grbiVeQ4tqo9lql8a/xhvvdmw8HI=",
            "content_base64sha512": "SR9IDbGH/PMhx1EKmSIq8BjcAhM/Avrg9RPYvXmRPAG6clMgl3ouB3eWyeG2a73AIhsvN/yzL5zcGTVwgeORBQ==",
            "content_md5": "3d0f588742e923989b4538f3a51644d0",
            "content_sha1": "7b9a1e00865d0e3bfa8535bceb1e7191e1171637",
            "content_sha256": "31ece50747ddac098b5f4e20adb895790e2daa8f65aa5f1aff186fbdd9b0f072",
            "content_sha512": "491f480db187fcf321c7510a99222af018dc02133f02fae0f513d8bd79913c01ba725320977a2e077796c9e1b66bbdc0221b2f37fcb32f9cdc19357081e39105",
            "directory_permission": "0777",
            "file_permission": "0777",
            "filename": "../individual-workspaces/ws-0339/main.tf",
            "id": "7b9a1e00865d0e3bfa8535bceb1e7191e1171637",
            "sensitive_content": null,
            "source": null
          },
          "sensitive_attributes": []
        },
        {
          "index_key": 340,
          "schema_version": 0,
          "attributes": {
            "content": "#\n# Autogenerated by Terraform\n# https://github.com/hashi-strawb/tfc-monorepo-test/blob/main/repo_dirs/main.tf\n#\n\nmodule \"pet\" {\n  source = \"../../modules/random\"\n}\n",
            "content_base64": null,
            "content_base64sha256": "MezlB0fdrAmLX04grbiVeQ4tqo9lql8a/xhvvdmw8HI=",
            "content_base64sha512": "SR9IDbGH/PMhx1EKmSIq8BjcAhM/Avrg9RPYvXmRPAG6clMgl3ouB3eWyeG2a73AIhsvN/yzL5zcGTVwgeORBQ==",
            "content_md5": "3d0f588742e923989b4538f3a51644d0",
            "content_sha1": "7b9a1e00865d0e3bfa8535bceb1e7191e1171637",
            "content_sha256": "31ece50747ddac098b5f4e20adb895790e2daa8f65aa5f1aff186fbdd9b0f072",
            "content_sha512": "491f480db187fcf321c7510a99222af018dc02133f02fae0f513d8bd79913c01ba725320977a2e077796c9e1b66bbdc0221b2f37fcb32f9cdc19357081e39105",
            "directory_permission": "0777",
            "file_permission": "0777",
            "filename": "../individual-workspaces/ws-0340/main.tf",
            "id": "7b9a1e00865d0e3bfa8535bceb1e7191e1171637",
            "sensitive_content": null,
            "source": null
          },
          "sensitive_attributes": []
        },
        {
          "index_key": 341,
          "schema_version": 0,
          "attributes": {
            "content": "#\n# Autogenerated by Terraform\n# https://github.com/hashi-strawb/tfc-monorepo-test/blob/main/repo_dirs/main.tf\n#\n\nmodule \"pet\" {\n  source = \"../../modules/random\"\n}\n",
            "content_base64": null,
            "content_base64sha256": "MezlB0fdrAmLX04grbiVeQ4tqo9lql8a/xhvvdmw8HI=",
            "content_base64sha512": "SR9IDbGH/PMhx1EKmSIq8BjcAhM/Avrg9RPYvXmRPAG6clMgl3ouB3eWyeG2a73AIhsvN/yzL5zcGTVwgeORBQ==",
            "content_md5": "3d0f588742e923989b4538f3a51644d0",
            "content_sha1": "7b9a1e00865d0e3bfa8535bceb1e7191e1171637",
            "content_sha256": "31ece50747ddac098b5f4e20adb895790e2daa8f65aa5f1aff186fbdd9b0f072",
            "content_sha512": "491f480db187fcf321c7510a99222af018dc02133f02fae0f513d8bd79913c01ba725320977a2e077796c9e1b66bbdc0221b2f37fcb32f9cdc19357081e39105",
            "directory_permission": "0777",
            "file_permission": "0777",
            "filename": "../individual-workspaces/ws-0341/main.tf",
            "id": "7b9a1e00865d0e3bfa8535bceb1e7191e1171637",
            "sensitive_content": null,
            "source": null
          },
          "sensitive_attributes": []
        },
        {
          "index_key": 342,
          "schema_version": 0,
          "attributes": {
            "content": "#\n# Autogenerated by Terraform\n# https://github.com/hashi-strawb/tfc-monorepo-test/blob/main/repo_dirs/main.tf\n#\n\nmodule \"pet\" {\n  source = \"../../modules/random\"\n}\n",
            "content_base64": null,
            "content_base64sha256": "MezlB0fdrAmLX04grbiVeQ4tqo9lql8a/xhvvdmw8HI=",
            "content_base64sha512": "SR9IDbGH/PMhx1EKmSIq8BjcAhM/Avrg9RPYvXmRPAG6clMgl3ouB3eWyeG2a73AIhsvN/yzL5zcGTVwgeORBQ==",
            "content_md5": "3d0f588742e923989b4538f3a51644d0",
            "content_sha1": "7b9a1e00865d0e3bfa8535bceb1e7191e1171637",
            "content_sha256": "31ece50747ddac098b5f4e20adb895790e2daa8f65aa5f1aff186fbdd9b0f072",
            "content_sha512": "491f480db187fcf321c7510a99222af018dc02133f02fae0f513d8bd79913c01ba725320977a2e077796c9e1b66bbdc0221b2f37fcb32f9cdc19357081e39105",
            "directory_permission": "0777",
            "file_permission": "0777",
            "filename": "../individual-workspaces/ws-0342/main.tf",
            "id": "7b9a1e00865d0e3bfa8535bceb1e7191e1171637",
            "sensitive_content": null,
            "source": null
          },
          "sensitive_attributes": []
        },
        {
          "index_key": 343,
          "schema_version": 0,
          "attributes": {
            "content": "#\n# Autogenerated by Terraform\n# https://github.com/hashi-strawb/tfc-monorepo-test/blob/main/repo_dirs/main.tf\n#\n\nmodule \"pet\" {\n  source = \"../../modules/random\"\n}\n",
            "content_base64": null,
            "content_base64sha256": "MezlB0fdrAmLX04grbiVeQ4tqo9lql8a/xhvvdmw8HI=",
            "content_base64sha512": "SR9IDbGH/PMhx1EKmSIq8BjcAhM/Avrg9RPYvXmRPAG6clMgl3ouB3eWyeG2a73AIhsvN/yzL5zcGTVwgeORBQ==",
            "content_md5": "3d0f588742e923989b4538f3a51644d0",
            "content_sha1": "7b9a1e00865d0e3bfa8535bceb1e7191e1171637",
            "content_sha256": "31ece50747ddac098b5f4e20adb895790e2daa8f65aa5f1aff186fbdd9b0f072",
            "content_sha512": "491f480db187fcf321c7510a99222af018dc02133f02fae0f513d8bd79913c01ba725320977a2e077796c9e1b66bbdc0221b2f37fcb32f9cdc19357081e39105",
            "directory_permission": "0777",
            "file_permission": "0777",
            "filename": "../individual-workspaces/ws-0343/main.tf",
            "id": "7b9a1e00865d0e3bfa8535bceb1e7191e1171637",
            "sensitive_content": null,
            "source": null
          },
          "sensitive_attributes": []
        },
        {
          "index_key": 344,
          "schema_version": 0,
          "attributes": {
            "content": "#\n# Autogenerated by Terraform\n# https://github.com/hashi-strawb/tfc-monorepo-test/blob/main/repo_dirs/main.tf\n#\n\nmodule \"pet\" {\n  source = \"../../modules/random\"\n}\n",
            "content_base64": null,
            "content_base64sha256": "MezlB0fdrAmLX04grbiVeQ4tqo9lql8a/xhvvdmw8HI=",
            "content_base64sha512": "SR9IDbGH/PMhx1EKmSIq8BjcAhM/Avrg9RPYvXmRPAG6clMgl3ouB3eWyeG2a73AIhsvN/yzL5zcGTVwgeORBQ==",
            "content_md5": "3d0f588742e923989b4538f3a51644d0",
            "content_sha1": "7b9a1e00865d0e3bfa8535bceb1e7191e1171637",
            "content_sha256": "31ece50747ddac098b5f4e20adb895790e2daa8f65aa5f1aff186fbdd9b0f072",
            "content_sha512": "491f480db187fcf321c7510a99222af018dc02133f02fae0f513d8bd79913c01ba725320977a2e077796c9e1b66bbdc0221b2f37fcb32f9cdc19357081e39105",
            "directory_permission": "0777",
            "file_permission": "0777",
            "filename": "../individual-workspaces/ws-0344/main.tf",
            "id": "7b9a1e00865d0e3bfa8535bceb1e7191e1171637",
            "sensitive_content": null,
            "source": null
          },
          "sensitive_attributes": []
        },
        {
          "index_key": 345,
          "schema_version": 0,
          "attributes": {
            "content": "#\n# Autogenerated by Terraform\n# https://github.com/hashi-strawb/tfc-monorepo-test/blob/main/repo_dirs/main.tf\n#\n\nmodule \"pet\" {\n  source = \"../../modules/random\"\n}\n",
            "content_base64": null,
            "content_base64sha256": "MezlB0fdrAmLX04grbiVeQ4tqo9lql8a/xhvvdmw8HI=",
            "content_base64sha512": "SR9IDbGH/PMhx1EKmSIq8BjcAhM/Avrg9RPYvXmRPAG6clMgl3ouB3eWyeG2a73AIhsvN/yzL5zcGTVwgeORBQ==",
            "content_md5": "3d0f588742e923989b4538f3a51644d0",
            "content_sha1": "7b9a1e00865d0e3bfa8535bceb1e7191e1171637",
            "content_sha256": "31ece50747ddac098b5f4e20adb895790e2daa8f65aa5f1aff186fbdd9b0f072",
            "content_sha512": "491f480db187fcf321c7510a99222af018dc02133f02fae0f513d8bd79913c01ba725320977a2e077796c9e1b66bbdc0221b2f37fcb32f9cdc19357081e39105",
            "directory_permission": "0777",
            "file_permission": "0777",
            "filename": "../individual-workspaces/ws-0345/main.tf",
            "id": "7b9a1e00865d0e3bfa8535bceb1e7191e1171637",
            "sensitive_content": null,
            "source": null
          },
          "sensitive_attributes": []
        },
        {
          "index_key": 346,
          "schema_version": 0,
          "attributes": {
            "content": "#\n# Autogenerated by Terraform\n# https://github.com/hashi-strawb/tfc-monorepo-test/blob/main/repo_dirs/main.tf\n#\n\nmodule \"pet\" {\n  source = \"../../modules/random\"\n}\n",
            "content_base64": null,
            "content_base64sha256": "MezlB0fdrAmLX04grbiVeQ4tqo9lql8a/xhvvdmw8HI=",
            "content_base64sha512": "SR9IDbGH/PMhx1EKmSIq8BjcAhM/Avrg9RPYvXmRPAG6clMgl3ouB3eWyeG2a73AIhsvN/yzL5zcGTVwgeORBQ==",
            "content_md5": "3d0f588742e923989b4538f3a51644d0",
            "content_sha1": "7b9a1e00865d0e3bfa8535bceb1e7191e1171637",
            "content_sha256": "31ece50747ddac098b5f4e20adb895790e2daa8f65aa5f1aff186fbdd9b0f072",
            "content_sha512": "491f480db187fcf321c7510a99222af018dc02133f02fae0f513d8bd79913c01ba725320977a2e077796c9e1b66bbdc0221b2f37fcb32f9cdc19357081e39105",
            "directory_permission": "0777",
            "file_permission": "0777",
            "filename": "../individual-workspaces/ws-0346/main.tf",
            "id": "7b9a1e00865d0e3bfa8535bceb1e7191e1171637",
            "sensitive_content": null,
            "source": null
          },
          "sensitive_attributes": []
        },
        {
          "index_key": 347,
          "schema_version": 0,
          "attributes": {
            "content": "#\n# Autogenerated by Terraform\n# https://github.com/hashi-strawb/tfc-monorepo-test/blob/main/repo_dirs/main.tf\n#\n\nmodule \"pet\" {\n  source = \"../../modules/random\"\n}\n",
            "content_base64": null,
            "content_base64sha256": "MezlB0fdrAmLX04grbiVeQ4tqo9lql8a/xhvvdmw8HI=",
            "content_base64sha512": "SR9IDbGH/PMhx1EKmSIq8BjcAhM/Avrg9RPYvXmRPAG6clMgl3ouB3eWyeG2a73AIhsvN/yzL5zcGTVwgeORBQ==",
            "content_md5": "3d0f588742e923989b4538f3a51644d0",
            "content_sha1": "7b9a1e00865d0e3bfa8535bceb1e7191e1171637",
            "content_sha256": "31ece50747ddac098b5f4e20adb895790e2daa8f65aa5f1aff186fbdd9b0f072",
            "content_sha512": "491f480db187fcf321c7510a99222af018dc02133f02fae0f513d8bd79913c01ba725320977a2e077796c9e1b66bbdc0221b2f37fcb32f9cdc19357081e39105",
            "directory_permission": "0777",
            "file_permission": "0777",
            "filename": "../individual-workspaces/ws-0347/main.tf",
            "id": "7b9a1e00865d0e3bfa8535bceb1e7191e1171637",
            "sensitive_content": null,
            "source": null
          },
          "sensitive_attributes": []
        },
        {
          "index_key": 348,
          "schema_version": 0,
          "attributes": {
            "content": "#\n# Autogenerated by Terraform\n# https://github.com/hashi-strawb/tfc-monorepo-test/blob/main/repo_dirs/main.tf\n#\n\nmodule \"pet\" {\n  source = \"../../modules/random\"\n}\n",
            "content_base64": null,
            "content_base64sha256": "MezlB0fdrAmLX04grbiVeQ4tqo9lql8a/xhvvdmw8HI=",
            "content_base64sha512": "SR9IDbGH/PMhx1EKmSIq8BjcAhM/Avrg9RPYvXmRPAG6clMgl3ouB3eWyeG2a73AIhsvN/yzL5zcGTVwgeORBQ==",
            "content_md5": "3d0f588742e923989b4538f3a51644d0",
            "content_sha1": "7b9a1e00865d0e3bfa8535bceb1e7191e1171637",
            "content_sha256": "31ece50747ddac098b5f4e20adb895790e2daa8f65aa5f1aff186fbdd9b0f072",
            "content_sha512": "491f480db187fcf321c7510a99222af018dc02133f02fae0f513d8bd79913c01ba725320977a2e077796c9e1b66bbdc0221b2f37fcb32f9cdc19357081e39105",
            "directory_permission": "0777",
            "file_permission": "0777",
            "filename": "../individual-workspaces/ws-0348/main.tf",
            "id": "7b9a1e00865d0e3bfa8535bceb1e7191e1171637",
            "sensitive_content": null,
            "source": null
          },
          "sensitive_attributes": []
        },
        {
          "index_key": 349,
          "schema_version": 0,
          "attributes": {
            "content": "#\n# Autogenerated by Terraform\n# https://github.com/hashi-strawb/tfc-monorepo-test/blob/main/repo_dirs/main.tf\n#\n\nmodule \"pet\" {\n  source = \"../../modules/random\"\n}\n",
            "content_base64": null,
            "content_base64sha256": "MezlB0fdrAmLX04grbiVeQ4tqo9lql8a/xhvvdmw8HI=",
            "content_base64sha512": "SR9IDbGH/PMhx1EKmSIq8BjcAhM/Avrg9RPYvXmRPAG6clMgl3ouB3eWyeG2a73AIhsvN/yzL5zcGTVwgeORBQ==",
            "content_md5": "3d0f588742e923989b4538f3a51644d0",
            "content_sha1": "7b9a1e00865d0e3bfa8535bceb1e7191e1171637",
            "content_sha256": "31ece50747ddac098b5f4e20adb895790e2daa8f65aa5f1aff186fbdd9b0f072",
            "content_sha512": "491f480db187fcf321c7510a99222af018dc02133f02fae0f513d8bd79913c01ba725320977a2e077796c9e1b66bbdc0221b2f37fcb32f9cdc19357081e39105",
            "directory_permission": "0777",
            "file_permission": "0777",
            "filename": "../individual-workspaces/ws-0349/main.tf",
            "id": "7b9a1e00865d0e3bfa8535bceb1e7191e1171637",
            "sensitive_content": null,
            "source": null
          },
          "sensitive_attributes": []
        },
        {
          "index_key": 350,
          "schema_version": 0,
          "attributes": {
            "content": "#\n# Autogenerated by Terraform\n# https://github.com/hashi-strawb/tfc-monorepo-test/blob/main/repo_dirs/main.tf\n#\n\nmodule \"pet\" {\n  source = \"../../modules/random\"\n}\n",
            "content_base64": null,
            "content_base64sha256": "MezlB0fdrAmLX04grbiVeQ4tqo9lql8a/xhvvdmw8HI=",
            "content_base64sha512": "SR9IDbGH/PMhx1EKmSIq8BjcAhM/Avrg9RPYvXmRPAG6clMgl3ouB3eWyeG2a73AIhsvN/yzL5zcGTVwgeORBQ==",
            "content_md5": "3d0f588742e923989b4538f3a51644d0",
            "content_sha1": "7b9a1e00865d0e3bfa8535bceb1e7191e1171637",
            "content_sha256": "31ece50747ddac098b5f4e20adb895790e2daa8f65aa5f1aff186fbdd9b0f072",
            "content_sha512": "491f480db187fcf321c7510a99222af018dc02133f02fae0f513d8bd79913c01ba725320977a2e077796c9e1b66bbdc0221b2f37fcb32f9cdc19357081e39105",
            "directory_permission": "0777",
            "file_permission": "0777",
            "filename": "../individual-workspaces/ws-0350/main.tf",
            "id": "7b9a1e00865d0e3bfa8535bceb1e7191e1171637",
            "sensitive_content": null,
            "source": null
          },
          "sensitive_attributes": []
        },
        {
          "index_key": 351,
          "schema_version": 0,
          "attributes": {
            "content": "#\n# Autogenerated by Terraform\n# https://github.com/hashi-strawb/tfc-monorepo-test/blob/main/repo_dirs/main.tf\n#\n\nmodule \"pet\" {\n  source = \"../../modules/random\"\n}\n",
            "content_base64": null,
            "content_base64sha256": "MezlB0fdrAmLX04grbiVeQ4tqo9lql8a/xhvvdmw8HI=",
            "content_base64sha512": "SR9IDbGH/PMhx1EKmSIq8BjcAhM/Avrg9RPYvXmRPAG6clMgl3ouB3eWyeG2a73AIhsvN/yzL5zcGTVwgeORBQ==",
            "content_md5": "3d0f588742e923989b4538f3a51644d0",
            "content_sha1": "7b9a1e00865d0e3bfa8535bceb1e7191e1171637",
            "content_sha256": "31ece50747ddac098b5f4e20adb895790e2daa8f65aa5f1aff186fbdd9b0f072",
            "content_sha512": "491f480db187fcf321c7510a99222af018dc02133f02fae0f513d8bd79913c01ba725320977a2e077796c9e1b66bbdc0221b2f37fcb32f9cdc19357081e39105",
            "directory_permission": "0777",
            "file_permission": "0777",
            "filename": "../individual-workspaces/ws-0351/main.tf",
            "id": "7b9a1e00865d0e3bfa8535bceb1e7191e1171637",
            "sensitive_content": null,
            "source": null
          },
          "sensitive_attributes": []
        },
        {
          "index_key": 352,
          "schema_version": 0,
          "attributes": {
            "content": "#\n# Autogenerated by Terraform\n# https://github.com/hashi-strawb/tfc-monorepo-test/blob/main/repo_dirs/main.tf\n#\n\nmodule \"pet\" {\n  source = \"../../modules/random\"\n}\n",
            "content_base64": null,
            "content_base64sha256": "MezlB0fdrAmLX04grbiVeQ4tqo9lql8a/xhvvdmw8HI=",
            "content_base64sha512": "SR9IDbGH/PMhx1EKmSIq8BjcAhM/Avrg9RPYvXmRPAG6clMgl3ouB3eWyeG2a73AIhsvN/yzL5zcGTVwgeORBQ==",
            "content_md5": "3d0f588742e923989b4538f3a51644d0",
            "content_sha1": "7b9a1e00865d0e3bfa8535bceb1e7191e1171637",
            "content_sha256": "31ece50747ddac098b5f4e20adb895790e2daa8f65aa5f1aff186fbdd9b0f072",
            "content_sha512": "491f480db187fcf321c7510a99222af018dc02133f02fae0f513d8bd79913c01ba725320977a2e077796c9e1b66bbdc0221b2f37fcb32f9cdc19357081e39105",
            "directory_permission": "0777",
            "file_permission": "0777",
            "filename": "../individual-workspaces/ws-0352/main.tf",
            "id": "7b9a1e00865d0e3bfa8535bceb1e7191e1171637",
            "sensitive_content": null,
            "source": null
          },
          "sensitive_attributes": []
        },
        {
          "index_key": 353,
          "schema_version": 0,
          "attributes": {
            "content": "#\n# Autogenerated by Terraform\n# https://github.com/hashi-strawb/tfc-monorepo-test/blob/main/repo_dirs/main.tf\n#\n\nmodule \"pet\" {\n  source = \"../../modules/random\"\n}\n",
            "content_base64": null,
            "content_base64sha256": "MezlB0fdrAmLX04grbiVeQ4tqo9lql8a/xhvvdmw8HI=",
            "content_base64sha512": "SR9IDbGH/PMhx1EKmSIq8BjcAhM/Avrg9RPYvXmRPAG6clMgl3ouB3eWyeG2a73AIhsvN/yzL5zcGTVwgeORBQ==",
            "content_md5": "3d0f588742e923989b4538f3a51644d0",
            "content_sha1": "7b9a1e00865d0e3bfa8535bceb1e7191e1171637",
            "content_sha256": "31ece50747ddac098b5f4e20adb895790e2daa8f65aa5f1aff186fbdd9b0f072",
            "content_sha512": "491f480db187fcf321c7510a99222af018dc02133f02fae0f513d8bd79913c01ba725320977a2e077796c9e1b66bbdc0221b2f37fcb32f9cdc19357081e39105",
            "directory_permission": "0777",
            "file_permission": "0777",
            "filename": "../individual-workspaces/ws-0353/main.tf",
            "id": "7b9a1e00865d0e3bfa8535bceb1e7191e1171637",
            "sensitive_content": null,
            "source": null
          },
          "sensitive_attributes": []
        },
        {
          "index_key": 354,
          "schema_version": 0,
          "attributes": {
            "content": "#\n# Autogenerated by Terraform\n# https://github.com/hashi-strawb/tfc-monorepo-test/blob/main/repo_dirs/main.tf\n#\n\nmodule \"pet\" {\n  source = \"../../modules/random\"\n}\n",
            "content_base64": null,
            "content_base64sha256": "MezlB0fdrAmLX04grbiVeQ4tqo9lql8a/xhvvdmw8HI=",
            "content_base64sha512": "SR9IDbGH/PMhx1EKmSIq8BjcAhM/Avrg9RPYvXmRPAG6clMgl3ouB3eWyeG2a73AIhsvN/yzL5zcGTVwgeORBQ==",
            "content_md5": "3d0f588742e923989b4538f3a51644d0",
            "content_sha1": "7b9a1e00865d0e3bfa8535bceb1e7191e1171637",
            "content_sha256": "31ece50747ddac098b5f4e20adb895790e2daa8f65aa5f1aff186fbdd9b0f072",
            "content_sha512": "491f480db187fcf321c7510a99222af018dc02133f02fae0f513d8bd79913c01ba725320977a2e077796c9e1b66bbdc0221b2f37fcb32f9cdc19357081e39105",
            "directory_permission": "0777",
            "file_permission": "0777",
            "filename": "../individual-workspaces/ws-0354/main.tf",
            "id": "7b9a1e00865d0e3bfa8535bceb1e7191e1171637",
            "sensitive_content": null,
            "source": null
          },
          "sensitive_attributes": []
        },
        {
          "index_key": 355,
          "schema_version": 0,
          "attributes": {
            "content": "#\n# Autogenerated by Terraform\n# https://github.com/hashi-strawb/tfc-monorepo-test/blob/main/repo_dirs/main.tf\n#\n\nmodule \"pet\" {\n  source = \"../../modules/random\"\n}\n",
            "content_base64": null,
            "content_base64sha256": "MezlB0fdrAmLX04grbiVeQ4tqo9lql8a/xhvvdmw8HI=",
            "content_base64sha512": "SR9IDbGH/PMhx1EKmSIq8BjcAhM/Avrg9RPYvXmRPAG6clMgl3ouB3eWyeG2a73AIhsvN/yzL5zcGTVwgeORBQ==",
            "content_md5": "3d0f588742e923989b4538f3a51644d0",
            "content_sha1": "7b9a1e00865d0e3bfa8535bceb1e7191e1171637",
            "content_sha256": "31ece50747ddac098b5f4e20adb895790e2daa8f65aa5f1aff186fbdd9b0f072",
            "content_sha512": "491f480db187fcf321c7510a99222af018dc02133f02fae0f513d8bd79913c01ba725320977a2e077796c9e1b66bbdc0221b2f37fcb32f9cdc19357081e39105",
            "directory_permission": "0777",
            "file_permission": "0777",
            "filename": "../individual-workspaces/ws-0355/main.tf",
            "id": "7b9a1e00865d0e3bfa8535bceb1e7191e1171637",
            "sensitive_content": null,
            "source": null
          },
          "sensitive_attributes": []
        },
        {
          "index_key": 356,
          "schema_version": 0,
          "attributes": {
            "content": "#\n# Autogenerated by Terraform\n# https://github.com/hashi-strawb/tfc-monorepo-test/blob/main/repo_dirs/main.tf\n#\n\nmodule \"pet\" {\n  source = \"../../modules/random\"\n}\n",
            "content_base64": null,
            "content_base64sha256": "MezlB0fdrAmLX04grbiVeQ4tqo9lql8a/xhvvdmw8HI=",
            "content_base64sha512": "SR9IDbGH/PMhx1EKmSIq8BjcAhM/Avrg9RPYvXmRPAG6clMgl3ouB3eWyeG2a73AIhsvN/yzL5zcGTVwgeORBQ==",
            "content_md5": "3d0f588742e923989b4538f3a51644d0",
            "content_sha1": "7b9a1e00865d0e3bfa8535bceb1e7191e1171637",
            "content_sha256": "31ece50747ddac098b5f4e20adb895790e2daa8f65aa5f1aff186fbdd9b0f072",
            "content_sha512": "491f480db187fcf321c7510a99222af018dc02133f02fae0f513d8bd79913c01ba725320977a2e077796c9e1b66bbdc0221b2f37fcb32f9cdc19357081e39105",
            "directory_permission": "0777",
            "file_permission": "0777",
            "filename": "../individual-workspaces/ws-0356/main.tf",
            "id": "7b9a1e00865d0e3bfa8535bceb1e7191e1171637",
            "sensitive_content": null,
            "source": null
          },
          "sensitive_attributes": []
        },
        {
          "index_key": 357,
          "schema_version": 0,
          "attributes": {
            "content": "#\n# Autogenerated by Terraform\n# https://github.com/hashi-strawb/tfc-monorepo-test/blob/main/repo_dirs/main.tf\n#\n\nmodule \"pet\" {\n  source = \"../../modules/random\"\n}\n",
            "content_base64": null,
            "content_base64sha256": "MezlB0fdrAmLX04grbiVeQ4tqo9lql8a/xhvvdmw8HI=",
            "content_base64sha512": "SR9IDbGH/PMhx1EKmSIq8BjcAhM/Avrg9RPYvXmRPAG6clMgl3ouB3eWyeG2a73AIhsvN/yzL5zcGTVwgeORBQ==",
            "content_md5": "3d0f588742e923989b4538f3a51644d0",
            "content_sha1": "7b9a1e00865d0e3bfa8535bceb1e7191e1171637",
            "content_sha256": "31ece50747ddac098b5f4e20adb895790e2daa8f65aa5f1aff186fbdd9b0f072",
            "content_sha512": "491f480db187fcf321c7510a99222af018dc02133f02fae0f513d8bd79913c01ba725320977a2e077796c9e1b66bbdc0221b2f37fcb32f9cdc19357081e39105",
            "directory_permission": "0777",
            "file_permission": "0777",
            "filename": "../individual-workspaces/ws-0357/main.tf",
            "id": "7b9a1e00865d0e3bfa8535bceb1e7191e1171637",
            "sensitive_content": null,
            "source": null
          },
          "sensitive_attributes": []
        },
        {
          "index_key": 358,
          "schema_version": 0,
          "attributes": {
            "content": "#\n# Autogenerated by Terraform\n# https://github.com/hashi-strawb/tfc-monorepo-test/blob/main/repo_dirs/main.tf\n#\n\nmodule \"pet\" {\n  source = \"../../modules/random\"\n}\n",
            "content_base64": null,
            "content_base64sha256": "MezlB0fdrAmLX04grbiVeQ4tqo9lql8a/xhvvdmw8HI=",
            "content_base64sha512": "SR9IDbGH/PMhx1EKmSIq8BjcAhM/Avrg9RPYvXmRPAG6clMgl3ouB3eWyeG2a73AIhsvN/yzL5zcGTVwgeORBQ==",
            "content_md5": "3d0f588742e923989b4538f3a51644d0",
            "content_sha1": "7b9a1e00865d0e3bfa8535bceb1e7191e1171637",
            "content_sha256": "31ece50747ddac098b5f4e20adb895790e2daa8f65aa5f1aff186fbdd9b0f072",
            "content_sha512": "491f480db187fcf321c7510a99222af018dc02133f02fae0f513d8bd79913c01ba725320977a2e077796c9e1b66bbdc0221b2f37fcb32f9cdc19357081e39105",
            "directory_permission": "0777",
            "file_permission": "0777",
            "filename": "../individual-workspaces/ws-0358/main.tf",
            "id": "7b9a1e00865d0e3bfa8535bceb1e7191e1171637",
            "sensitive_content": null,
            "source": null
          },
          "sensitive_attributes": []
        },
        {
          "index_key": 359,
          "schema_version": 0,
          "attributes": {
            "content": "#\n# Autogenerated by Terraform\n# https://github.com/hashi-strawb/tfc-monorepo-test/blob/main/repo_dirs/main.tf\n#\n\nmodule \"pet\" {\n  source = \"../../modules/random\"\n}\n",
            "content_base64": null,
            "content_base64sha256": "MezlB0fdrAmLX04grbiVeQ4tqo9lql8a/xhvvdmw8HI=",
            "content_base64sha512": "SR9IDbGH/PMhx1EKmSIq8BjcAhM/Avrg9RPYvXmRPAG6clMgl3ouB3eWyeG2a73AIhsvN/yzL5zcGTVwgeORBQ==",
            "content_md5": "3d0f588742e923989b4538f3a51644d0",
            "content_sha1": "7b9a1e00865d0e3bfa8535bceb1e7191e1171637",
            "content_sha256": "31ece50747ddac098b5f4e20adb895790e2daa8f65aa5f1aff186fbdd9b0f072",
            "content_sha512": "491f480db187fcf321c7510a99222af018dc02133f02fae0f513d8bd79913c01ba725320977a2e077796c9e1b66bbdc0221b2f37fcb32f9cdc19357081e39105",
            "directory_permission": "0777",
            "file_permission": "0777",
            "filename": "../individual-workspaces/ws-0359/main.tf",
            "id": "7b9a1e00865d0e3bfa8535bceb1e7191e1171637",
            "sensitive_content": null,
            "source": null
          },
          "sensitive_attributes": []
        },
        {
          "index_key": 360,
          "schema_version": 0,
          "attributes": {
            "content": "#\n# Autogenerated by Terraform\n# https://github.com/hashi-strawb/tfc-monorepo-test/blob/main/repo_dirs/main.tf\n#\n\nmodule \"pet\" {\n  source = \"../../modules/random\"\n}\n",
            "content_base64": null,
            "content_base64sha256": "MezlB0fdrAmLX04grbiVeQ4tqo9lql8a/xhvvdmw8HI=",
            "content_base64sha512": "SR9IDbGH/PMhx1EKmSIq8BjcAhM/Avrg9RPYvXmRPAG6clMgl3ouB3eWyeG2a73AIhsvN/yzL5zcGTVwgeORBQ==",
            "content_md5": "3d0f588742e923989b4538f3a51644d0",
            "content_sha1": "7b9a1e00865d0e3bfa8535bceb1e7191e1171637",
            "content_sha256": "31ece50747ddac098b5f4e20adb895790e2daa8f65aa5f1aff186fbdd9b0f072",
            "content_sha512": "491f480db187fcf321c7510a99222af018dc02133f02fae0f513d8bd79913c01ba725320977a2e077796c9e1b66bbdc0221b2f37fcb32f9cdc19357081e39105",
            "directory_permission": "0777",
            "file_permission": "0777",
            "filename": "../individual-workspaces/ws-0360/main.tf",
            "id": "7b9a1e00865d0e3bfa8535bceb1e7191e1171637",
            "sensitive_content": null,
            "source": null
          },
          "sensitive_attributes": []
        },
        {
          "index_key": 361,
          "schema_version": 0,
          "attributes": {
            "content": "#\n# Autogenerated by Terraform\n# https://github.com/hashi-strawb/tfc-monorepo-test/blob/main/repo_dirs/main.tf\n#\n\nmodule \"pet\" {\n  source = \"../../modules/random\"\n}\n",
            "content_base64": null,
            "content_base64sha256": "MezlB0fdrAmLX04grbiVeQ4tqo9lql8a/xhvvdmw8HI=",
            "content_base64sha512": "SR9IDbGH/PMhx1EKmSIq8BjcAhM/Avrg9RPYvXmRPAG6clMgl3ouB3eWyeG2a73AIhsvN/yzL5zcGTVwgeORBQ==",
            "content_md5": "3d0f588742e923989b4538f3a51644d0",
            "content_sha1": "7b9a1e00865d0e3bfa8535bceb1e7191e1171637",
            "content_sha256": "31ece50747ddac098b5f4e20adb895790e2daa8f65aa5f1aff186fbdd9b0f072",
            "content_sha512": "491f480db187fcf321c7510a99222af018dc02133f02fae0f513d8bd79913c01ba725320977a2e077796c9e1b66bbdc0221b2f37fcb32f9cdc19357081e39105",
            "directory_permission": "0777",
            "file_permission": "0777",
            "filename": "../individual-workspaces/ws-0361/main.tf",
            "id": "7b9a1e00865d0e3bfa8535bceb1e7191e1171637",
            "sensitive_content": null,
            "source": null
          },
          "sensitive_attributes": []
        },
        {
          "index_key": 362,
          "schema_version": 0,
          "attributes": {
            "content": "#\n# Autogenerated by Terraform\n# https://github.com/hashi-strawb/tfc-monorepo-test/blob/main/repo_dirs/main.tf\n#\n\nmodule \"pet\" {\n  source = \"../../modules/random\"\n}\n",
            "content_base64": null,
            "content_base64sha256": "MezlB0fdrAmLX04grbiVeQ4tqo9lql8a/xhvvdmw8HI=",
            "content_base64sha512": "SR9IDbGH/PMhx1EKmSIq8BjcAhM/Avrg9RPYvXmRPAG6clMgl3ouB3eWyeG2a73AIhsvN/yzL5zcGTVwgeORBQ==",
            "content_md5": "3d0f588742e923989b4538f3a51644d0",
            "content_sha1": "7b9a1e00865d0e3bfa8535bceb1e7191e1171637",
            "content_sha256": "31ece50747ddac098b5f4e20adb895790e2daa8f65aa5f1aff186fbdd9b0f072",
            "content_sha512": "491f480db187fcf321c7510a99222af018dc02133f02fae0f513d8bd79913c01ba725320977a2e077796c9e1b66bbdc0221b2f37fcb32f9cdc19357081e39105",
            "directory_permission": "0777",
            "file_permission": "0777",
            "filename": "../individual-workspaces/ws-0362/main.tf",
            "id": "7b9a1e00865d0e3bfa8535bceb1e7191e1171637",
            "sensitive_content": null,
            "source": null
          },
          "sensitive_attributes": []
        },
        {
          "index_key": 363,
          "schema_version": 0,
          "attributes": {
            "content": "#\n# Autogenerated by Terraform\n# https://github.com/hashi-strawb/tfc-monorepo-test/blob/main/repo_dirs/main.tf\n#\n\nmodule \"pet\" {\n  source = \"../../modules/random\"\n}\n",
            "content_base64": null,
            "content_base64sha256": "MezlB0fdrAmLX04grbiVeQ4tqo9lql8a/xhvvdmw8HI=",
            "content_base64sha512": "SR9IDbGH/PMhx1EKmSIq8BjcAhM/Avrg9RPYvXmRPAG6clMgl3ouB3eWyeG2a73AIhsvN/yzL5zcGTVwgeORBQ==",
            "content_md5": "3d0f588742e923989b4538f3a51644d0",
            "content_sha1": "7b9a1e00865d0e3bfa8535bceb1e7191e1171637",
            "content_sha256": "31ece50747ddac098b5f4e20adb895790e2daa8f65aa5f1aff186fbdd9b0f072",
            "content_sha512": "491f480db187fcf321c7510a99222af018dc02133f02fae0f513d8bd79913c01ba725320977a2e077796c9e1b66bbdc0221b2f37fcb32f9cdc19357081e39105",
            "directory_permission": "0777",
            "file_permission": "0777",
            "filename": "../individual-workspaces/ws-0363/main.tf",
            "id": "7b9a1e00865d0e3bfa8535bceb1e7191e1171637",
            "sensitive_content": null,
            "source": null
          },
          "sensitive_attributes": []
        },
        {
          "index_key": 364,
          "schema_version": 0,
          "attributes": {
            "content": "#\n# Autogenerated by Terraform\n# https://github.com/hashi-strawb/tfc-monorepo-test/blob/main/repo_dirs/main.tf\n#\n\nmodule \"pet\" {\n  source = \"../../modules/random\"\n}\n",
            "content_base64": null,
            "content_base64sha256": "MezlB0fdrAmLX04grbiVeQ4tqo9lql8a/xhvvdmw8HI=",
            "content_base64sha512": "SR9IDbGH/PMhx1EKmSIq8BjcAhM/Avrg9RPYvXmRPAG6clMgl3ouB3eWyeG2a73AIhsvN/yzL5zcGTVwgeORBQ==",
            "content_md5": "3d0f588742e923989b4538f3a51644d0",
            "content_sha1": "7b9a1e00865d0e3bfa8535bceb1e7191e1171637",
            "content_sha256": "31ece50747ddac098b5f4e20adb895790e2daa8f65aa5f1aff186fbdd9b0f072",
            "content_sha512": "491f480db187fcf321c7510a99222af018dc02133f02fae0f513d8bd79913c01ba725320977a2e077796c9e1b66bbdc0221b2f37fcb32f9cdc19357081e39105",
            "directory_permission": "0777",
            "file_permission": "0777",
            "filename": "../individual-workspaces/ws-0364/main.tf",
            "id": "7b9a1e00865d0e3bfa8535bceb1e7191e1171637",
            "sensitive_content": null,
            "source": null
          },
          "sensitive_attributes": []
        },
        {
          "index_key": 365,
          "schema_version": 0,
          "attributes": {
            "content": "#\n# Autogenerated by Terraform\n# https://github.com/hashi-strawb/tfc-monorepo-test/blob/main/repo_dirs/main.tf\n#\n\nmodule \"pet\" {\n  source = \"../../modules/random\"\n}\n",
            "content_base64": null,
            "content_base64sha256": "MezlB0fdrAmLX04grbiVeQ4tqo9lql8a/xhvvdmw8HI=",
            "content_base64sha512": "SR9IDbGH/PMhx1EKmSIq8BjcAhM/Avrg9RPYvXmRPAG6clMgl3ouB3eWyeG2a73AIhsvN/yzL5zcGTVwgeORBQ==",
            "content_md5": "3d0f588742e923989b4538f3a51644d0",
            "content_sha1": "7b9a1e00865d0e3bfa8535bceb1e7191e1171637",
            "content_sha256": "31ece50747ddac098b5f4e20adb895790e2daa8f65aa5f1aff186fbdd9b0f072",
            "content_sha512": "491f480db187fcf321c7510a99222af018dc02133f02fae0f513d8bd79913c01ba725320977a2e077796c9e1b66bbdc0221b2f37fcb32f9cdc19357081e39105",
            "directory_permission": "0777",
            "file_permission": "0777",
            "filename": "../individual-workspaces/ws-0365/main.tf",
            "id": "7b9a1e00865d0e3bfa8535bceb1e7191e1171637",
            "sensitive_content": null,
            "source": null
          },
          "sensitive_attributes": []
        },
        {
          "index_key": 366,
          "schema_version": 0,
          "attributes": {
            "content": "#\n# Autogenerated by Terraform\n# https://github.com/hashi-strawb/tfc-monorepo-test/blob/main/repo_dirs/main.tf\n#\n\nmodule \"pet\" {\n  source = \"../../modules/random\"\n}\n",
            "content_base64": null,
            "content_base64sha256": "MezlB0fdrAmLX04grbiVeQ4tqo9lql8a/xhvvdmw8HI=",
            "content_base64sha512": "SR9IDbGH/PMhx1EKmSIq8BjcAhM/Avrg9RPYvXmRPAG6clMgl3ouB3eWyeG2a73AIhsvN/yzL5zcGTVwgeORBQ==",
            "content_md5": "3d0f588742e923989b4538f3a51644d0",
            "content_sha1": "7b9a1e00865d0e3bfa8535bceb1e7191e1171637",
            "content_sha256": "31ece50747ddac098b5f4e20adb895790e2daa8f65aa5f1aff186fbdd9b0f072",
            "content_sha512": "491f480db187fcf321c7510a99222af018dc02133f02fae0f513d8bd79913c01ba725320977a2e077796c9e1b66bbdc0221b2f37fcb32f9cdc19357081e39105",
            "directory_permission": "0777",
            "file_permission": "0777",
            "filename": "../individual-workspaces/ws-0366/main.tf",
            "id": "7b9a1e00865d0e3bfa8535bceb1e7191e1171637",
            "sensitive_content": null,
            "source": null
          },
          "sensitive_attributes": []
        },
        {
          "index_key": 367,
          "schema_version": 0,
          "attributes": {
            "content": "#\n# Autogenerated by Terraform\n# https://github.com/hashi-strawb/tfc-monorepo-test/blob/main/repo_dirs/main.tf\n#\n\nmodule \"pet\" {\n  source = \"../../modules/random\"\n}\n",
            "content_base64": null,
            "content_base64sha256": "MezlB0fdrAmLX04grbiVeQ4tqo9lql8a/xhvvdmw8HI=",
            "content_base64sha512": "SR9IDbGH/PMhx1EKmSIq8BjcAhM/Avrg9RPYvXmRPAG6clMgl3ouB3eWyeG2a73AIhsvN/yzL5zcGTVwgeORBQ==",
            "content_md5": "3d0f588742e923989b4538f3a51644d0",
            "content_sha1": "7b9a1e00865d0e3bfa8535bceb1e7191e1171637",
            "content_sha256": "31ece50747ddac098b5f4e20adb895790e2daa8f65aa5f1aff186fbdd9b0f072",
            "content_sha512": "491f480db187fcf321c7510a99222af018dc02133f02fae0f513d8bd79913c01ba725320977a2e077796c9e1b66bbdc0221b2f37fcb32f9cdc19357081e39105",
            "directory_permission": "0777",
            "file_permission": "0777",
            "filename": "../individual-workspaces/ws-0367/main.tf",
            "id": "7b9a1e00865d0e3bfa8535bceb1e7191e1171637",
            "sensitive_content": null,
            "source": null
          },
          "sensitive_attributes": []
        },
        {
          "index_key": 368,
          "schema_version": 0,
          "attributes": {
            "content": "#\n# Autogenerated by Terraform\n# https://github.com/hashi-strawb/tfc-monorepo-test/blob/main/repo_dirs/main.tf\n#\n\nmodule \"pet\" {\n  source = \"../../modules/random\"\n}\n",
            "content_base64": null,
            "content_base64sha256": "MezlB0fdrAmLX04grbiVeQ4tqo9lql8a/xhvvdmw8HI=",
            "content_base64sha512": "SR9IDbGH/PMhx1EKmSIq8BjcAhM/Avrg9RPYvXmRPAG6clMgl3ouB3eWyeG2a73AIhsvN/yzL5zcGTVwgeORBQ==",
            "content_md5": "3d0f588742e923989b4538f3a51644d0",
            "content_sha1": "7b9a1e00865d0e3bfa8535bceb1e7191e1171637",
            "content_sha256": "31ece50747ddac098b5f4e20adb895790e2daa8f65aa5f1aff186fbdd9b0f072",
            "content_sha512": "491f480db187fcf321c7510a99222af018dc02133f02fae0f513d8bd79913c01ba725320977a2e077796c9e1b66bbdc0221b2f37fcb32f9cdc19357081e39105",
            "directory_permission": "0777",
            "file_permission": "0777",
            "filename": "../individual-workspaces/ws-0368/main.tf",
            "id": "7b9a1e00865d0e3bfa8535bceb1e7191e1171637",
            "sensitive_content": null,
            "source": null
          },
          "sensitive_attributes": []
        },
        {
          "index_key": 369,
          "schema_version": 0,
          "attributes": {
            "content": "#\n# Autogenerated by Terraform\n# https://github.com/hashi-strawb/tfc-monorepo-test/blob/main/repo_dirs/main.tf\n#\n\nmodule \"pet\" {\n  source = \"../../modules/random\"\n}\n",
            "content_base64": null,
            "content_base64sha256": "MezlB0fdrAmLX04grbiVeQ4tqo9lql8a/xhvvdmw8HI=",
            "content_base64sha512": "SR9IDbGH/PMhx1EKmSIq8BjcAhM/Avrg9RPYvXmRPAG6clMgl3ouB3eWyeG2a73AIhsvN/yzL5zcGTVwgeORBQ==",
            "content_md5": "3d0f588742e923989b4538f3a51644d0",
            "content_sha1": "7b9a1e00865d0e3bfa8535bceb1e7191e1171637",
            "content_sha256": "31ece50747ddac098b5f4e20adb895790e2daa8f65aa5f1aff186fbdd9b0f072",
            "content_sha512": "491f480db187fcf321c7510a99222af018dc02133f02fae0f513d8bd79913c01ba725320977a2e077796c9e1b66bbdc0221b2f37fcb32f9cdc19357081e39105",
            "directory_permission": "0777",
            "file_permission": "0777",
            "filename": "../individual-workspaces/ws-0369/main.tf",
            "id": "7b9a1e00865d0e3bfa8535bceb1e7191e1171637",
            "sensitive_content": null,
            "source": null
          },
          "sensitive_attributes": []
        },
        {
          "index_key": 370,
          "schema_version": 0,
          "attributes": {
            "content": "#\n# Autogenerated by Terraform\n# https://github.com/hashi-strawb/tfc-monorepo-test/blob/main/repo_dirs/main.tf\n#\n\nmodule \"pet\" {\n  source = \"../../modules/random\"\n}\n",
            "content_base64": null,
            "content_base64sha256": "MezlB0fdrAmLX04grbiVeQ4tqo9lql8a/xhvvdmw8HI=",
            "content_base64sha512": "SR9IDbGH/PMhx1EKmSIq8BjcAhM/Avrg9RPYvXmRPAG6clMgl3ouB3eWyeG2a73AIhsvN/yzL5zcGTVwgeORBQ==",
            "content_md5": "3d0f588742e923989b4538f3a51644d0",
            "content_sha1": "7b9a1e00865d0e3bfa8535bceb1e7191e1171637",
            "content_sha256": "31ece50747ddac098b5f4e20adb895790e2daa8f65aa5f1aff186fbdd9b0f072",
            "content_sha512": "491f480db187fcf321c7510a99222af018dc02133f02fae0f513d8bd79913c01ba725320977a2e077796c9e1b66bbdc0221b2f37fcb32f9cdc19357081e39105",
            "directory_permission": "0777",
            "file_permission": "0777",
            "filename": "../individual-workspaces/ws-0370/main.tf",
            "id": "7b9a1e00865d0e3bfa8535bceb1e7191e1171637",
            "sensitive_content": null,
            "source": null
          },
          "sensitive_attributes": []
        },
        {
          "index_key": 371,
          "schema_version": 0,
          "attributes": {
            "content": "#\n# Autogenerated by Terraform\n# https://github.com/hashi-strawb/tfc-monorepo-test/blob/main/repo_dirs/main.tf\n#\n\nmodule \"pet\" {\n  source = \"../../modules/random\"\n}\n",
            "content_base64": null,
            "content_base64sha256": "MezlB0fdrAmLX04grbiVeQ4tqo9lql8a/xhvvdmw8HI=",
            "content_base64sha512": "SR9IDbGH/PMhx1EKmSIq8BjcAhM/Avrg9RPYvXmRPAG6clMgl3ouB3eWyeG2a73AIhsvN/yzL5zcGTVwgeORBQ==",
            "content_md5": "3d0f588742e923989b4538f3a51644d0",
            "content_sha1": "7b9a1e00865d0e3bfa8535bceb1e7191e1171637",
            "content_sha256": "31ece50747ddac098b5f4e20adb895790e2daa8f65aa5f1aff186fbdd9b0f072",
            "content_sha512": "491f480db187fcf321c7510a99222af018dc02133f02fae0f513d8bd79913c01ba725320977a2e077796c9e1b66bbdc0221b2f37fcb32f9cdc19357081e39105",
            "directory_permission": "0777",
            "file_permission": "0777",
            "filename": "../individual-workspaces/ws-0371/main.tf",
            "id": "7b9a1e00865d0e3bfa8535bceb1e7191e1171637",
            "sensitive_content": null,
            "source": null
          },
          "sensitive_attributes": []
        },
        {
          "index_key": 372,
          "schema_version": 0,
          "attributes": {
            "content": "#\n# Autogenerated by Terraform\n# https://github.com/hashi-strawb/tfc-monorepo-test/blob/main/repo_dirs/main.tf\n#\n\nmodule \"pet\" {\n  source = \"../../modules/random\"\n}\n",
            "content_base64": null,
            "content_base64sha256": "MezlB0fdrAmLX04grbiVeQ4tqo9lql8a/xhvvdmw8HI=",
            "content_base64sha512": "SR9IDbGH/PMhx1EKmSIq8BjcAhM/Avrg9RPYvXmRPAG6clMgl3ouB3eWyeG2a73AIhsvN/yzL5zcGTVwgeORBQ==",
            "content_md5": "3d0f588742e923989b4538f3a51644d0",
            "content_sha1": "7b9a1e00865d0e3bfa8535bceb1e7191e1171637",
            "content_sha256": "31ece50747ddac098b5f4e20adb895790e2daa8f65aa5f1aff186fbdd9b0f072",
            "content_sha512": "491f480db187fcf321c7510a99222af018dc02133f02fae0f513d8bd79913c01ba725320977a2e077796c9e1b66bbdc0221b2f37fcb32f9cdc19357081e39105",
            "directory_permission": "0777",
            "file_permission": "0777",
            "filename": "../individual-workspaces/ws-0372/main.tf",
            "id": "7b9a1e00865d0e3bfa8535bceb1e7191e1171637",
            "sensitive_content": null,
            "source": null
          },
          "sensitive_attributes": []
        },
        {
          "index_key": 373,
          "schema_version": 0,
          "attributes": {
            "content": "#\n# Autogenerated by Terraform\n# https://github.com/hashi-strawb/tfc-monorepo-test/blob/main/repo_dirs/main.tf\n#\n\nmodule \"pet\" {\n  source = \"../../modules/random\"\n}\n",
            "content_base64": null,
            "content_base64sha256": "MezlB0fdrAmLX04grbiVeQ4tqo9lql8a/xhvvdmw8HI=",
            "content_base64sha512": "SR9IDbGH/PMhx1EKmSIq8BjcAhM/Avrg9RPYvXmRPAG6clMgl3ouB3eWyeG2a73AIhsvN/yzL5zcGTVwgeORBQ==",
            "content_md5": "3d0f588742e923989b4538f3a51644d0",
            "content_sha1": "7b9a1e00865d0e3bfa8535bceb1e7191e1171637",
            "content_sha256": "31ece50747ddac098b5f4e20adb895790e2daa8f65aa5f1aff186fbdd9b0f072",
            "content_sha512": "491f480db187fcf321c7510a99222af018dc02133f02fae0f513d8bd79913c01ba725320977a2e077796c9e1b66bbdc0221b2f37fcb32f9cdc19357081e39105",
            "directory_permission": "0777",
            "file_permission": "0777",
            "filename": "../individual-workspaces/ws-0373/main.tf",
            "id": "7b9a1e00865d0e3bfa8535bceb1e7191e1171637",
            "sensitive_content": null,
            "source": null
          },
          "sensitive_attributes": []
        },
        {
          "index_key": 374,
          "schema_version": 0,
          "attributes": {
            "content": "#\n# Autogenerated by Terraform\n# https://github.com/hashi-strawb/tfc-monorepo-test/blob/main/repo_dirs/main.tf\n#\n\nmodule \"pet\" {\n  source = \"../../modules/random\"\n}\n",
            "content_base64": null,
            "content_base64sha256": "MezlB0fdrAmLX04grbiVeQ4tqo9lql8a/xhvvdmw8HI=",
            "content_base64sha512": "SR9IDbGH/PMhx1EKmSIq8BjcAhM/Avrg9RPYvXmRPAG6clMgl3ouB3eWyeG2a73AIhsvN/yzL5zcGTVwgeORBQ==",
            "content_md5": "3d0f588742e923989b4538f3a51644d0",
            "content_sha1": "7b9a1e00865d0e3bfa8535bceb1e7191e1171637",
            "content_sha256": "31ece50747ddac098b5f4e20adb895790e2daa8f65aa5f1aff186fbdd9b0f072",
            "content_sha512": "491f480db187fcf321c7510a99222af018dc02133f02fae0f513d8bd79913c01ba725320977a2e077796c9e1b66bbdc0221b2f37fcb32f9cdc19357081e39105",
            "directory_permission": "0777",
            "file_permission": "0777",
            "filename": "../individual-workspaces/ws-0374/main.tf",
            "id": "7b9a1e00865d0e3bfa8535bceb1e7191e1171637",
            "sensitive_content": null,
            "source": null
          },
          "sensitive_attributes": []
        },
        {
          "index_key": 375,
          "schema_version": 0,
          "attributes": {
            "content": "#\n# Autogenerated by Terraform\n# https://github.com/hashi-strawb/tfc-monorepo-test/blob/main/repo_dirs/main.tf\n#\n\nmodule \"pet\" {\n  source = \"../../modules/random\"\n}\n",
            "content_base64": null,
            "content_base64sha256": "MezlB0fdrAmLX04grbiVeQ4tqo9lql8a/xhvvdmw8HI=",
            "content_base64sha512": "SR9IDbGH/PMhx1EKmSIq8BjcAhM/Avrg9RPYvXmRPAG6clMgl3ouB3eWyeG2a73AIhsvN/yzL5zcGTVwgeORBQ==",
            "content_md5": "3d0f588742e923989b4538f3a51644d0",
            "content_sha1": "7b9a1e00865d0e3bfa8535bceb1e7191e1171637",
            "content_sha256": "31ece50747ddac098b5f4e20adb895790e2daa8f65aa5f1aff186fbdd9b0f072",
            "content_sha512": "491f480db187fcf321c7510a99222af018dc02133f02fae0f513d8bd79913c01ba725320977a2e077796c9e1b66bbdc0221b2f37fcb32f9cdc19357081e39105",
            "directory_permission": "0777",
            "file_permission": "0777",
            "filename": "../individual-workspaces/ws-0375/main.tf",
            "id": "7b9a1e00865d0e3bfa8535bceb1e7191e1171637",
            "sensitive_content": null,
            "source": null
          },
          "sensitive_attributes": []
        },
        {
          "index_key": 376,
          "schema_version": 0,
          "attributes": {
            "content": "#\n# Autogenerated by Terraform\n# https://github.com/hashi-strawb/tfc-monorepo-test/blob/main/repo_dirs/main.tf\n#\n\nmodule \"pet\" {\n  source = \"../../modules/random\"\n}\n",
            "content_base64": null,
            "content_base64sha256": "MezlB0fdrAmLX04grbiVeQ4tqo9lql8a/xhvvdmw8HI=",
            "content_base64sha512": "SR9IDbGH/PMhx1EKmSIq8BjcAhM/Avrg9RPYvXmRPAG6clMgl3ouB3eWyeG2a73AIhsvN/yzL5zcGTVwgeORBQ==",
            "content_md5": "3d0f588742e923989b4538f3a51644d0",
            "content_sha1": "7b9a1e00865d0e3bfa8535bceb1e7191e1171637",
            "content_sha256": "31ece50747ddac098b5f4e20adb895790e2daa8f65aa5f1aff186fbdd9b0f072",
            "content_sha512": "491f480db187fcf321c7510a99222af018dc02133f02fae0f513d8bd79913c01ba725320977a2e077796c9e1b66bbdc0221b2f37fcb32f9cdc19357081e39105",
            "directory_permission": "0777",
            "file_permission": "0777",
            "filename": "../individual-workspaces/ws-0376/main.tf",
            "id": "7b9a1e00865d0e3bfa8535bceb1e7191e1171637",
            "sensitive_content": null,
            "source": null
          },
          "sensitive_attributes": []
        },
        {
          "index_key": 377,
          "schema_version": 0,
          "attributes": {
            "content": "#\n# Autogenerated by Terraform\n# https://github.com/hashi-strawb/tfc-monorepo-test/blob/main/repo_dirs/main.tf\n#\n\nmodule \"pet\" {\n  source = \"../../modules/random\"\n}\n",
            "content_base64": null,
            "content_base64sha256": "MezlB0fdrAmLX04grbiVeQ4tqo9lql8a/xhvvdmw8HI=",
            "content_base64sha512": "SR9IDbGH/PMhx1EKmSIq8BjcAhM/Avrg9RPYvXmRPAG6clMgl3ouB3eWyeG2a73AIhsvN/yzL5zcGTVwgeORBQ==",
            "content_md5": "3d0f588742e923989b4538f3a51644d0",
            "content_sha1": "7b9a1e00865d0e3bfa8535bceb1e7191e1171637",
            "content_sha256": "31ece50747ddac098b5f4e20adb895790e2daa8f65aa5f1aff186fbdd9b0f072",
            "content_sha512": "491f480db187fcf321c7510a99222af018dc02133f02fae0f513d8bd79913c01ba725320977a2e077796c9e1b66bbdc0221b2f37fcb32f9cdc19357081e39105",
            "directory_permission": "0777",
            "file_permission": "0777",
            "filename": "../individual-workspaces/ws-0377/main.tf",
            "id": "7b9a1e00865d0e3bfa8535bceb1e7191e1171637",
            "sensitive_content": null,
            "source": null
          },
          "sensitive_attributes": []
        },
        {
          "index_key": 378,
          "schema_version": 0,
          "attributes": {
            "content": "#\n# Autogenerated by Terraform\n# https://github.com/hashi-strawb/tfc-monorepo-test/blob/main/repo_dirs/main.tf\n#\n\nmodule \"pet\" {\n  source = \"../../modules/random\"\n}\n",
            "content_base64": null,
            "content_base64sha256": "MezlB0fdrAmLX04grbiVeQ4tqo9lql8a/xhvvdmw8HI=",
            "content_base64sha512": "SR9IDbGH/PMhx1EKmSIq8BjcAhM/Avrg9RPYvXmRPAG6clMgl3ouB3eWyeG2a73AIhsvN/yzL5zcGTVwgeORBQ==",
            "content_md5": "3d0f588742e923989b4538f3a51644d0",
            "content_sha1": "7b9a1e00865d0e3bfa8535bceb1e7191e1171637",
            "content_sha256": "31ece50747ddac098b5f4e20adb895790e2daa8f65aa5f1aff186fbdd9b0f072",
            "content_sha512": "491f480db187fcf321c7510a99222af018dc02133f02fae0f513d8bd79913c01ba725320977a2e077796c9e1b66bbdc0221b2f37fcb32f9cdc19357081e39105",
            "directory_permission": "0777",
            "file_permission": "0777",
            "filename": "../individual-workspaces/ws-0378/main.tf",
            "id": "7b9a1e00865d0e3bfa8535bceb1e7191e1171637",
            "sensitive_content": null,
            "source": null
          },
          "sensitive_attributes": []
        },
        {
          "index_key": 379,
          "schema_version": 0,
          "attributes": {
            "content": "#\n# Autogenerated by Terraform\n# https://github.com/hashi-strawb/tfc-monorepo-test/blob/main/repo_dirs/main.tf\n#\n\nmodule \"pet\" {\n  source = \"../../modules/random\"\n}\n",
            "content_base64": null,
            "content_base64sha256": "MezlB0fdrAmLX04grbiVeQ4tqo9lql8a/xhvvdmw8HI=",
            "content_base64sha512": "SR9IDbGH/PMhx1EKmSIq8BjcAhM/Avrg9RPYvXmRPAG6clMgl3ouB3eWyeG2a73AIhsvN/yzL5zcGTVwgeORBQ==",
            "content_md5": "3d0f588742e923989b4538f3a51644d0",
            "content_sha1": "7b9a1e00865d0e3bfa8535bceb1e7191e1171637",
            "content_sha256": "31ece50747ddac098b5f4e20adb895790e2daa8f65aa5f1aff186fbdd9b0f072",
            "content_sha512": "491f480db187fcf321c7510a99222af018dc02133f02fae0f513d8bd79913c01ba725320977a2e077796c9e1b66bbdc0221b2f37fcb32f9cdc19357081e39105",
            "directory_permission": "0777",
            "file_permission": "0777",
            "filename": "../individual-workspaces/ws-0379/main.tf",
            "id": "7b9a1e00865d0e3bfa8535bceb1e7191e1171637",
            "sensitive_content": null,
            "source": null
          },
          "sensitive_attributes": []
        },
        {
          "index_key": 380,
          "schema_version": 0,
          "attributes": {
            "content": "#\n# Autogenerated by Terraform\n# https://github.com/hashi-strawb/tfc-monorepo-test/blob/main/repo_dirs/main.tf\n#\n\nmodule \"pet\" {\n  source = \"../../modules/random\"\n}\n",
            "content_base64": null,
            "content_base64sha256": "MezlB0fdrAmLX04grbiVeQ4tqo9lql8a/xhvvdmw8HI=",
            "content_base64sha512": "SR9IDbGH/PMhx1EKmSIq8BjcAhM/Avrg9RPYvXmRPAG6clMgl3ouB3eWyeG2a73AIhsvN/yzL5zcGTVwgeORBQ==",
            "content_md5": "3d0f588742e923989b4538f3a51644d0",
            "content_sha1": "7b9a1e00865d0e3bfa8535bceb1e7191e1171637",
            "content_sha256": "31ece50747ddac098b5f4e20adb895790e2daa8f65aa5f1aff186fbdd9b0f072",
            "content_sha512": "491f480db187fcf321c7510a99222af018dc02133f02fae0f513d8bd79913c01ba725320977a2e077796c9e1b66bbdc0221b2f37fcb32f9cdc19357081e39105",
            "directory_permission": "0777",
            "file_permission": "0777",
            "filename": "../individual-workspaces/ws-0380/main.tf",
            "id": "7b9a1e00865d0e3bfa8535bceb1e7191e1171637",
            "sensitive_content": null,
            "source": null
          },
          "sensitive_attributes": []
        },
        {
          "index_key": 381,
          "schema_version": 0,
          "attributes": {
            "content": "#\n# Autogenerated by Terraform\n# https://github.com/hashi-strawb/tfc-monorepo-test/blob/main/repo_dirs/main.tf\n#\n\nmodule \"pet\" {\n  source = \"../../modules/random\"\n}\n",
            "content_base64": null,
            "content_base64sha256": "MezlB0fdrAmLX04grbiVeQ4tqo9lql8a/xhvvdmw8HI=",
            "content_base64sha512": "SR9IDbGH/PMhx1EKmSIq8BjcAhM/Avrg9RPYvXmRPAG6clMgl3ouB3eWyeG2a73AIhsvN/yzL5zcGTVwgeORBQ==",
            "content_md5": "3d0f588742e923989b4538f3a51644d0",
            "content_sha1": "7b9a1e00865d0e3bfa8535bceb1e7191e1171637",
            "content_sha256": "31ece50747ddac098b5f4e20adb895790e2daa8f65aa5f1aff186fbdd9b0f072",
            "content_sha512": "491f480db187fcf321c7510a99222af018dc02133f02fae0f513d8bd79913c01ba725320977a2e077796c9e1b66bbdc0221b2f37fcb32f9cdc19357081e39105",
            "directory_permission": "0777",
            "file_permission": "0777",
            "filename": "../individual-workspaces/ws-0381/main.tf",
            "id": "7b9a1e00865d0e3bfa8535bceb1e7191e1171637",
            "sensitive_content": null,
            "source": null
          },
          "sensitive_attributes": []
        },
        {
          "index_key": 382,
          "schema_version": 0,
          "attributes": {
            "content": "#\n# Autogenerated by Terraform\n# https://github.com/hashi-strawb/tfc-monorepo-test/blob/main/repo_dirs/main.tf\n#\n\nmodule \"pet\" {\n  source = \"../../modules/random\"\n}\n",
            "content_base64": null,
            "content_base64sha256": "MezlB0fdrAmLX04grbiVeQ4tqo9lql8a/xhvvdmw8HI=",
            "content_base64sha512": "SR9IDbGH/PMhx1EKmSIq8BjcAhM/Avrg9RPYvXmRPAG6clMgl3ouB3eWyeG2a73AIhsvN/yzL5zcGTVwgeORBQ==",
            "content_md5": "3d0f588742e923989b4538f3a51644d0",
            "content_sha1": "7b9a1e00865d0e3bfa8535bceb1e7191e1171637",
            "content_sha256": "31ece50747ddac098b5f4e20adb895790e2daa8f65aa5f1aff186fbdd9b0f072",
            "content_sha512": "491f480db187fcf321c7510a99222af018dc02133f02fae0f513d8bd79913c01ba725320977a2e077796c9e1b66bbdc0221b2f37fcb32f9cdc19357081e39105",
            "directory_permission": "0777",
            "file_permission": "0777",
            "filename": "../individual-workspaces/ws-0382/main.tf",
            "id": "7b9a1e00865d0e3bfa8535bceb1e7191e1171637",
            "sensitive_content": null,
            "source": null
          },
          "sensitive_attributes": []
        },
        {
          "index_key": 383,
          "schema_version": 0,
          "attributes": {
            "content": "#\n# Autogenerated by Terraform\n# https://github.com/hashi-strawb/tfc-monorepo-test/blob/main/repo_dirs/main.tf\n#\n\nmodule \"pet\" {\n  source = \"../../modules/random\"\n}\n",
            "content_base64": null,
            "content_base64sha256": "MezlB0fdrAmLX04grbiVeQ4tqo9lql8a/xhvvdmw8HI=",
            "content_base64sha512": "SR9IDbGH/PMhx1EKmSIq8BjcAhM/Avrg9RPYvXmRPAG6clMgl3ouB3eWyeG2a73AIhsvN/yzL5zcGTVwgeORBQ==",
            "content_md5": "3d0f588742e923989b4538f3a51644d0",
            "content_sha1": "7b9a1e00865d0e3bfa8535bceb1e7191e1171637",
            "content_sha256": "31ece50747ddac098b5f4e20adb895790e2daa8f65aa5f1aff186fbdd9b0f072",
            "content_sha512": "491f480db187fcf321c7510a99222af018dc02133f02fae0f513d8bd79913c01ba725320977a2e077796c9e1b66bbdc0221b2f37fcb32f9cdc19357081e39105",
            "directory_permission": "0777",
            "file_permission": "0777",
            "filename": "../individual-workspaces/ws-0383/main.tf",
            "id": "7b9a1e00865d0e3bfa8535bceb1e7191e1171637",
            "sensitive_content": null,
            "source": null
          },
          "sensitive_attributes": []
        },
        {
          "index_key": 384,
          "schema_version": 0,
          "attributes": {
            "content": "#\n# Autogenerated by Terraform\n# https://github.com/hashi-strawb/tfc-monorepo-test/blob/main/repo_dirs/main.tf\n#\n\nmodule \"pet\" {\n  source = \"../../modules/random\"\n}\n",
            "content_base64": null,
            "content_base64sha256": "MezlB0fdrAmLX04grbiVeQ4tqo9lql8a/xhvvdmw8HI=",
            "content_base64sha512": "SR9IDbGH/PMhx1EKmSIq8BjcAhM/Avrg9RPYvXmRPAG6clMgl3ouB3eWyeG2a73AIhsvN/yzL5zcGTVwgeORBQ==",
            "content_md5": "3d0f588742e923989b4538f3a51644d0",
            "content_sha1": "7b9a1e00865d0e3bfa8535bceb1e7191e1171637",
            "content_sha256": "31ece50747ddac098b5f4e20adb895790e2daa8f65aa5f1aff186fbdd9b0f072",
            "content_sha512": "491f480db187fcf321c7510a99222af018dc02133f02fae0f513d8bd79913c01ba725320977a2e077796c9e1b66bbdc0221b2f37fcb32f9cdc19357081e39105",
            "directory_permission": "0777",
            "file_permission": "0777",
            "filename": "../individual-workspaces/ws-0384/main.tf",
            "id": "7b9a1e00865d0e3bfa8535bceb1e7191e1171637",
            "sensitive_content": null,
            "source": null
          },
          "sensitive_attributes": []
        },
        {
          "index_key": 385,
          "schema_version": 0,
          "attributes": {
            "content": "#\n# Autogenerated by Terraform\n# https://github.com/hashi-strawb/tfc-monorepo-test/blob/main/repo_dirs/main.tf\n#\n\nmodule \"pet\" {\n  source = \"../../modules/random\"\n}\n",
            "content_base64": null,
            "content_base64sha256": "MezlB0fdrAmLX04grbiVeQ4tqo9lql8a/xhvvdmw8HI=",
            "content_base64sha512": "SR9IDbGH/PMhx1EKmSIq8BjcAhM/Avrg9RPYvXmRPAG6clMgl3ouB3eWyeG2a73AIhsvN/yzL5zcGTVwgeORBQ==",
            "content_md5": "3d0f588742e923989b4538f3a51644d0",
            "content_sha1": "7b9a1e00865d0e3bfa8535bceb1e7191e1171637",
            "content_sha256": "31ece50747ddac098b5f4e20adb895790e2daa8f65aa5f1aff186fbdd9b0f072",
            "content_sha512": "491f480db187fcf321c7510a99222af018dc02133f02fae0f513d8bd79913c01ba725320977a2e077796c9e1b66bbdc0221b2f37fcb32f9cdc19357081e39105",
            "directory_permission": "0777",
            "file_permission": "0777",
            "filename": "../individual-workspaces/ws-0385/main.tf",
            "id": "7b9a1e00865d0e3bfa8535bceb1e7191e1171637",
            "sensitive_content": null,
            "source": null
          },
          "sensitive_attributes": []
        },
        {
          "index_key": 386,
          "schema_version": 0,
          "attributes": {
            "content": "#\n# Autogenerated by Terraform\n# https://github.com/hashi-strawb/tfc-monorepo-test/blob/main/repo_dirs/main.tf\n#\n\nmodule \"pet\" {\n  source = \"../../modules/random\"\n}\n",
            "content_base64": null,
            "content_base64sha256": "MezlB0fdrAmLX04grbiVeQ4tqo9lql8a/xhvvdmw8HI=",
            "content_base64sha512": "SR9IDbGH/PMhx1EKmSIq8BjcAhM/Avrg9RPYvXmRPAG6clMgl3ouB3eWyeG2a73AIhsvN/yzL5zcGTVwgeORBQ==",
            "content_md5": "3d0f588742e923989b4538f3a51644d0",
            "content_sha1": "7b9a1e00865d0e3bfa8535bceb1e7191e1171637",
            "content_sha256": "31ece50747ddac098b5f4e20adb895790e2daa8f65aa5f1aff186fbdd9b0f072",
            "content_sha512": "491f480db187fcf321c7510a99222af018dc02133f02fae0f513d8bd79913c01ba725320977a2e077796c9e1b66bbdc0221b2f37fcb32f9cdc19357081e39105",
            "directory_permission": "0777",
            "file_permission": "0777",
            "filename": "../individual-workspaces/ws-0386/main.tf",
            "id": "7b9a1e00865d0e3bfa8535bceb1e7191e1171637",
            "sensitive_content": null,
            "source": null
          },
          "sensitive_attributes": []
        },
        {
          "index_key": 387,
          "schema_version": 0,
          "attributes": {
            "content": "#\n# Autogenerated by Terraform\n# https://github.com/hashi-strawb/tfc-monorepo-test/blob/main/repo_dirs/main.tf\n#\n\nmodule \"pet\" {\n  source = \"../../modules/random\"\n}\n",
            "content_base64": null,
            "content_base64sha256": "MezlB0fdrAmLX04grbiVeQ4tqo9lql8a/xhvvdmw8HI=",
            "content_base64sha512": "SR9IDbGH/PMhx1EKmSIq8BjcAhM/Avrg9RPYvXmRPAG6clMgl3ouB3eWyeG2a73AIhsvN/yzL5zcGTVwgeORBQ==",
            "content_md5": "3d0f588742e923989b4538f3a51644d0",
            "content_sha1": "7b9a1e00865d0e3bfa8535bceb1e7191e1171637",
            "content_sha256": "31ece50747ddac098b5f4e20adb895790e2daa8f65aa5f1aff186fbdd9b0f072",
            "content_sha512": "491f480db187fcf321c7510a99222af018dc02133f02fae0f513d8bd79913c01ba725320977a2e077796c9e1b66bbdc0221b2f37fcb32f9cdc19357081e39105",
            "directory_permission": "0777",
            "file_permission": "0777",
            "filename": "../individual-workspaces/ws-0387/main.tf",
            "id": "7b9a1e00865d0e3bfa8535bceb1e7191e1171637",
            "sensitive_content": null,
            "source": null
          },
          "sensitive_attributes": []
        },
        {
          "index_key": 388,
          "schema_version": 0,
          "attributes": {
            "content": "#\n# Autogenerated by Terraform\n# https://github.com/hashi-strawb/tfc-monorepo-test/blob/main/repo_dirs/main.tf\n#\n\nmodule \"pet\" {\n  source = \"../../modules/random\"\n}\n",
            "content_base64": null,
            "content_base64sha256": "MezlB0fdrAmLX04grbiVeQ4tqo9lql8a/xhvvdmw8HI=",
            "content_base64sha512": "SR9IDbGH/PMhx1EKmSIq8BjcAhM/Avrg9RPYvXmRPAG6clMgl3ouB3eWyeG2a73AIhsvN/yzL5zcGTVwgeORBQ==",
            "content_md5": "3d0f588742e923989b4538f3a51644d0",
            "content_sha1": "7b9a1e00865d0e3bfa8535bceb1e7191e1171637",
            "content_sha256": "31ece50747ddac098b5f4e20adb895790e2daa8f65aa5f1aff186fbdd9b0f072",
            "content_sha512": "491f480db187fcf321c7510a99222af018dc02133f02fae0f513d8bd79913c01ba725320977a2e077796c9e1b66bbdc0221b2f37fcb32f9cdc19357081e39105",
            "directory_permission": "0777",
            "file_permission": "0777",
            "filename": "../individual-workspaces/ws-0388/main.tf",
            "id": "7b9a1e00865d0e3bfa8535bceb1e7191e1171637",
            "sensitive_content": null,
            "source": null
          },
          "sensitive_attributes": []
        },
        {
          "index_key": 389,
          "schema_version": 0,
          "attributes": {
            "content": "#\n# Autogenerated by Terraform\n# https://github.com/hashi-strawb/tfc-monorepo-test/blob/main/repo_dirs/main.tf\n#\n\nmodule \"pet\" {\n  source = \"../../modules/random\"\n}\n",
            "content_base64": null,
            "content_base64sha256": "MezlB0fdrAmLX04grbiVeQ4tqo9lql8a/xhvvdmw8HI=",
            "content_base64sha512": "SR9IDbGH/PMhx1EKmSIq8BjcAhM/Avrg9RPYvXmRPAG6clMgl3ouB3eWyeG2a73AIhsvN/yzL5zcGTVwgeORBQ==",
            "content_md5": "3d0f588742e923989b4538f3a51644d0",
            "content_sha1": "7b9a1e00865d0e3bfa8535bceb1e7191e1171637",
            "content_sha256": "31ece50747ddac098b5f4e20adb895790e2daa8f65aa5f1aff186fbdd9b0f072",
            "content_sha512": "491f480db187fcf321c7510a99222af018dc02133f02fae0f513d8bd79913c01ba725320977a2e077796c9e1b66bbdc0221b2f37fcb32f9cdc19357081e39105",
            "directory_permission": "0777",
            "file_permission": "0777",
            "filename": "../individual-workspaces/ws-0389/main.tf",
            "id": "7b9a1e00865d0e3bfa8535bceb1e7191e1171637",
            "sensitive_content": null,
            "source": null
          },
          "sensitive_attributes": []
        },
        {
          "index_key": 390,
          "schema_version": 0,
          "attributes": {
            "content": "#\n# Autogenerated by Terraform\n# https://github.com/hashi-strawb/tfc-monorepo-test/blob/main/repo_dirs/main.tf\n#\n\nmodule \"pet\" {\n  source = \"../../modules/random\"\n}\n",
            "content_base64": null,
            "content_base64sha256": "MezlB0fdrAmLX04grbiVeQ4tqo9lql8a/xhvvdmw8HI=",
            "content_base64sha512": "SR9IDbGH/PMhx1EKmSIq8BjcAhM/Avrg9RPYvXmRPAG6clMgl3ouB3eWyeG2a73AIhsvN/yzL5zcGTVwgeORBQ==",
            "content_md5": "3d0f588742e923989b4538f3a51644d0",
            "content_sha1": "7b9a1e00865d0e3bfa8535bceb1e7191e1171637",
            "content_sha256": "31ece50747ddac098b5f4e20adb895790e2daa8f65aa5f1aff186fbdd9b0f072",
            "content_sha512": "491f480db187fcf321c7510a99222af018dc02133f02fae0f513d8bd79913c01ba725320977a2e077796c9e1b66bbdc0221b2f37fcb32f9cdc19357081e39105",
            "directory_permission": "0777",
            "file_permission": "0777",
            "filename": "../individual-workspaces/ws-0390/main.tf",
            "id": "7b9a1e00865d0e3bfa8535bceb1e7191e1171637",
            "sensitive_content": null,
            "source": null
          },
          "sensitive_attributes": []
        },
        {
          "index_key": 391,
          "schema_version": 0,
          "attributes": {
            "content": "#\n# Autogenerated by Terraform\n# https://github.com/hashi-strawb/tfc-monorepo-test/blob/main/repo_dirs/main.tf\n#\n\nmodule \"pet\" {\n  source = \"../../modules/random\"\n}\n",
            "content_base64": null,
            "content_base64sha256": "MezlB0fdrAmLX04grbiVeQ4tqo9lql8a/xhvvdmw8HI=",
            "content_base64sha512": "SR9IDbGH/PMhx1EKmSIq8BjcAhM/Avrg9RPYvXmRPAG6clMgl3ouB3eWyeG2a73AIhsvN/yzL5zcGTVwgeORBQ==",
            "content_md5": "3d0f588742e923989b4538f3a51644d0",
            "content_sha1": "7b9a1e00865d0e3bfa8535bceb1e7191e1171637",
            "content_sha256": "31ece50747ddac098b5f4e20adb895790e2daa8f65aa5f1aff186fbdd9b0f072",
            "content_sha512": "491f480db187fcf321c7510a99222af018dc02133f02fae0f513d8bd79913c01ba725320977a2e077796c9e1b66bbdc0221b2f37fcb32f9cdc19357081e39105",
            "directory_permission": "0777",
            "file_permission": "0777",
            "filename": "../individual-workspaces/ws-0391/main.tf",
            "id": "7b9a1e00865d0e3bfa8535bceb1e7191e1171637",
            "sensitive_content": null,
            "source": null
          },
          "sensitive_attributes": []
        },
        {
          "index_key": 392,
          "schema_version": 0,
          "attributes": {
            "content": "#\n# Autogenerated by Terraform\n# https://github.com/hashi-strawb/tfc-monorepo-test/blob/main/repo_dirs/main.tf\n#\n\nmodule \"pet\" {\n  source = \"../../modules/random\"\n}\n",
            "content_base64": null,
            "content_base64sha256": "MezlB0fdrAmLX04grbiVeQ4tqo9lql8a/xhvvdmw8HI=",
            "content_base64sha512": "SR9IDbGH/PMhx1EKmSIq8BjcAhM/Avrg9RPYvXmRPAG6clMgl3ouB3eWyeG2a73AIhsvN/yzL5zcGTVwgeORBQ==",
            "content_md5": "3d0f588742e923989b4538f3a51644d0",
            "content_sha1": "7b9a1e00865d0e3bfa8535bceb1e7191e1171637",
            "content_sha256": "31ece50747ddac098b5f4e20adb895790e2daa8f65aa5f1aff186fbdd9b0f072",
            "content_sha512": "491f480db187fcf321c7510a99222af018dc02133f02fae0f513d8bd79913c01ba725320977a2e077796c9e1b66bbdc0221b2f37fcb32f9cdc19357081e39105",
            "directory_permission": "0777",
            "file_permission": "0777",
            "filename": "../individual-workspaces/ws-0392/main.tf",
            "id": "7b9a1e00865d0e3bfa8535bceb1e7191e1171637",
            "sensitive_content": null,
            "source": null
          },
          "sensitive_attributes": []
        },
        {
          "index_key": 393,
          "schema_version": 0,
          "attributes": {
            "content": "#\n# Autogenerated by Terraform\n# https://github.com/hashi-strawb/tfc-monorepo-test/blob/main/repo_dirs/main.tf\n#\n\nmodule \"pet\" {\n  source = \"../../modules/random\"\n}\n",
            "content_base64": null,
            "content_base64sha256": "MezlB0fdrAmLX04grbiVeQ4tqo9lql8a/xhvvdmw8HI=",
            "content_base64sha512": "SR9IDbGH/PMhx1EKmSIq8BjcAhM/Avrg9RPYvXmRPAG6clMgl3ouB3eWyeG2a73AIhsvN/yzL5zcGTVwgeORBQ==",
            "content_md5": "3d0f588742e923989b4538f3a51644d0",
            "content_sha1": "7b9a1e00865d0e3bfa8535bceb1e7191e1171637",
            "content_sha256": "31ece50747ddac098b5f4e20adb895790e2daa8f65aa5f1aff186fbdd9b0f072",
            "content_sha512": "491f480db187fcf321c7510a99222af018dc02133f02fae0f513d8bd79913c01ba725320977a2e077796c9e1b66bbdc0221b2f37fcb32f9cdc19357081e39105",
            "directory_permission": "0777",
            "file_permission": "0777",
            "filename": "../individual-workspaces/ws-0393/main.tf",
            "id": "7b9a1e00865d0e3bfa8535bceb1e7191e1171637",
            "sensitive_content": null,
            "source": null
          },
          "sensitive_attributes": []
        },
        {
          "index_key": 394,
          "schema_version": 0,
          "attributes": {
            "content": "#\n# Autogenerated by Terraform\n# https://github.com/hashi-strawb/tfc-monorepo-test/blob/main/repo_dirs/main.tf\n#\n\nmodule \"pet\" {\n  source = \"../../modules/random\"\n}\n",
            "content_base64": null,
            "content_base64sha256": "MezlB0fdrAmLX04grbiVeQ4tqo9lql8a/xhvvdmw8HI=",
            "content_base64sha512": "SR9IDbGH/PMhx1EKmSIq8BjcAhM/Avrg9RPYvXmRPAG6clMgl3ouB3eWyeG2a73AIhsvN/yzL5zcGTVwgeORBQ==",
            "content_md5": "3d0f588742e923989b4538f3a51644d0",
            "content_sha1": "7b9a1e00865d0e3bfa8535bceb1e7191e1171637",
            "content_sha256": "31ece50747ddac098b5f4e20adb895790e2daa8f65aa5f1aff186fbdd9b0f072",
            "content_sha512": "491f480db187fcf321c7510a99222af018dc02133f02fae0f513d8bd79913c01ba725320977a2e077796c9e1b66bbdc0221b2f37fcb32f9cdc19357081e39105",
            "directory_permission": "0777",
            "file_permission": "0777",
            "filename": "../individual-workspaces/ws-0394/main.tf",
            "id": "7b9a1e00865d0e3bfa8535bceb1e7191e1171637",
            "sensitive_content": null,
            "source": null
          },
          "sensitive_attributes": []
        },
        {
          "index_key": 395,
          "schema_version": 0,
          "attributes": {
            "content": "#\n# Autogenerated by Terraform\n# https://github.com/hashi-strawb/tfc-monorepo-test/blob/main/repo_dirs/main.tf\n#\n\nmodule \"pet\" {\n  source = \"../../modules/random\"\n}\n",
            "content_base64": null,
            "content_base64sha256": "MezlB0fdrAmLX04grbiVeQ4tqo9lql8a/xhvvdmw8HI=",
            "content_base64sha512": "SR9IDbGH/PMhx1EKmSIq8BjcAhM/Avrg9RPYvXmRPAG6clMgl3ouB3eWyeG2a73AIhsvN/yzL5zcGTVwgeORBQ==",
            "content_md5": "3d0f588742e923989b4538f3a51644d0",
            "content_sha1": "7b9a1e00865d0e3bfa8535bceb1e7191e1171637",
            "content_sha256": "31ece50747ddac098b5f4e20adb895790e2daa8f65aa5f1aff186fbdd9b0f072",
            "content_sha512": "491f480db187fcf321c7510a99222af018dc02133f02fae0f513d8bd79913c01ba725320977a2e077796c9e1b66bbdc0221b2f37fcb32f9cdc19357081e39105",
            "directory_permission": "0777",
            "file_permission": "0777",
            "filename": "../individual-workspaces/ws-0395/main.tf",
            "id": "7b9a1e00865d0e3bfa8535bceb1e7191e1171637",
            "sensitive_content": null,
            "source": null
          },
          "sensitive_attributes": []
        },
        {
          "index_key": 396,
          "schema_version": 0,
          "attributes": {
            "content": "#\n# Autogenerated by Terraform\n# https://github.com/hashi-strawb/tfc-monorepo-test/blob/main/repo_dirs/main.tf\n#\n\nmodule \"pet\" {\n  source = \"../../modules/random\"\n}\n",
            "content_base64": null,
            "content_base64sha256": "MezlB0fdrAmLX04grbiVeQ4tqo9lql8a/xhvvdmw8HI=",
            "content_base64sha512": "SR9IDbGH/PMhx1EKmSIq8BjcAhM/Avrg9RPYvXmRPAG6clMgl3ouB3eWyeG2a73AIhsvN/yzL5zcGTVwgeORBQ==",
            "content_md5": "3d0f588742e923989b4538f3a51644d0",
            "content_sha1": "7b9a1e00865d0e3bfa8535bceb1e7191e1171637",
            "content_sha256": "31ece50747ddac098b5f4e20adb895790e2daa8f65aa5f1aff186fbdd9b0f072",
            "content_sha512": "491f480db187fcf321c7510a99222af018dc02133f02fae0f513d8bd79913c01ba725320977a2e077796c9e1b66bbdc0221b2f37fcb32f9cdc19357081e39105",
            "directory_permission": "0777",
            "file_permission": "0777",
            "filename": "../individual-workspaces/ws-0396/main.tf",
            "id": "7b9a1e00865d0e3bfa8535bceb1e7191e1171637",
            "sensitive_content": null,
            "source": null
          },
          "sensitive_attributes": []
        },
        {
          "index_key": 397,
          "schema_version": 0,
          "attributes": {
            "content": "#\n# Autogenerated by Terraform\n# https://github.com/hashi-strawb/tfc-monorepo-test/blob/main/repo_dirs/main.tf\n#\n\nmodule \"pet\" {\n  source = \"../../modules/random\"\n}\n",
            "content_base64": null,
            "content_base64sha256": "MezlB0fdrAmLX04grbiVeQ4tqo9lql8a/xhvvdmw8HI=",
            "content_base64sha512": "SR9IDbGH/PMhx1EKmSIq8BjcAhM/Avrg9RPYvXmRPAG6clMgl3ouB3eWyeG2a73AIhsvN/yzL5zcGTVwgeORBQ==",
            "content_md5": "3d0f588742e923989b4538f3a51644d0",
            "content_sha1": "7b9a1e00865d0e3bfa8535bceb1e7191e1171637",
            "content_sha256": "31ece50747ddac098b5f4e20adb895790e2daa8f65aa5f1aff186fbdd9b0f072",
            "content_sha512": "491f480db187fcf321c7510a99222af018dc02133f02fae0f513d8bd79913c01ba725320977a2e077796c9e1b66bbdc0221b2f37fcb32f9cdc19357081e39105",
            "directory_permission": "0777",
            "file_permission": "0777",
            "filename": "../individual-workspaces/ws-0397/main.tf",
            "id": "7b9a1e00865d0e3bfa8535bceb1e7191e1171637",
            "sensitive_content": null,
            "source": null
          },
          "sensitive_attributes": []
        },
        {
          "index_key": 398,
          "schema_version": 0,
          "attributes": {
            "content": "#\n# Autogenerated by Terraform\n# https://github.com/hashi-strawb/tfc-monorepo-test/blob/main/repo_dirs/main.tf\n#\n\nmodule \"pet\" {\n  source = \"../../modules/random\"\n}\n",
            "content_base64": null,
            "content_base64sha256": "MezlB0fdrAmLX04grbiVeQ4tqo9lql8a/xhvvdmw8HI=",
            "content_base64sha512": "SR9IDbGH/PMhx1EKmSIq8BjcAhM/Avrg9RPYvXmRPAG6clMgl3ouB3eWyeG2a73AIhsvN/yzL5zcGTVwgeORBQ==",
            "content_md5": "3d0f588742e923989b4538f3a51644d0",
            "content_sha1": "7b9a1e00865d0e3bfa8535bceb1e7191e1171637",
            "content_sha256": "31ece50747ddac098b5f4e20adb895790e2daa8f65aa5f1aff186fbdd9b0f072",
            "content_sha512": "491f480db187fcf321c7510a99222af018dc02133f02fae0f513d8bd79913c01ba725320977a2e077796c9e1b66bbdc0221b2f37fcb32f9cdc19357081e39105",
            "directory_permission": "0777",
            "file_permission": "0777",
            "filename": "../individual-workspaces/ws-0398/main.tf",
            "id": "7b9a1e00865d0e3bfa8535bceb1e7191e1171637",
            "sensitive_content": null,
            "source": null
          },
          "sensitive_attributes": []
        },
        {
          "index_key": 399,
          "schema_version": 0,
          "attributes": {
            "content": "#\n# Autogenerated by Terraform\n# https://github.com/hashi-strawb/tfc-monorepo-test/blob/main/repo_dirs/main.tf\n#\n\nmodule \"pet\" {\n  source = \"../../modules/random\"\n}\n",
            "content_base64": null,
            "content_base64sha256": "MezlB0fdrAmLX04grbiVeQ4tqo9lql8a/xhvvdmw8HI=",
            "content_base64sha512": "SR9IDbGH/PMhx1EKmSIq8BjcAhM/Avrg9RPYvXmRPAG6clMgl3ouB3eWyeG2a73AIhsvN/yzL5zcGTVwgeORBQ==",
            "content_md5": "3d0f588742e923989b4538f3a51644d0",
            "content_sha1": "7b9a1e00865d0e3bfa8535bceb1e7191e1171637",
            "content_sha256": "31ece50747ddac098b5f4e20adb895790e2daa8f65aa5f1aff186fbdd9b0f072",
            "content_sha512": "491f480db187fcf321c7510a99222af018dc02133f02fae0f513d8bd79913c01ba725320977a2e077796c9e1b66bbdc0221b2f37fcb32f9cdc19357081e39105",
            "directory_permission": "0777",
            "file_permission": "0777",
            "filename": "../individual-workspaces/ws-0399/main.tf",
            "id": "7b9a1e00865d0e3bfa8535bceb1e7191e1171637",
            "sensitive_content": null,
            "source": null
          },
          "sensitive_attributes": []
        },
        {
          "index_key": 400,
          "schema_version": 0,
          "attributes": {
            "content": "#\n# Autogenerated by Terraform\n# https://github.com/hashi-strawb/tfc-monorepo-test/blob/main/repo_dirs/main.tf\n#\n\nmodule \"pet\" {\n  source = \"../../modules/random\"\n}\n",
            "content_base64": null,
            "content_base64sha256": "MezlB0fdrAmLX04grbiVeQ4tqo9lql8a/xhvvdmw8HI=",
            "content_base64sha512": "SR9IDbGH/PMhx1EKmSIq8BjcAhM/Avrg9RPYvXmRPAG6clMgl3ouB3eWyeG2a73AIhsvN/yzL5zcGTVwgeORBQ==",
            "content_md5": "3d0f588742e923989b4538f3a51644d0",
            "content_sha1": "7b9a1e00865d0e3bfa8535bceb1e7191e1171637",
            "content_sha256": "31ece50747ddac098b5f4e20adb895790e2daa8f65aa5f1aff186fbdd9b0f072",
            "content_sha512": "491f480db187fcf321c7510a99222af018dc02133f02fae0f513d8bd79913c01ba725320977a2e077796c9e1b66bbdc0221b2f37fcb32f9cdc19357081e39105",
            "directory_permission": "0777",
            "file_permission": "0777",
            "filename": "../individual-workspaces/ws-0400/main.tf",
            "id": "7b9a1e00865d0e3bfa8535bceb1e7191e1171637",
            "sensitive_content": null,
            "source": null
          },
          "sensitive_attributes": []
        },
        {
          "index_key": 401,
          "schema_version": 0,
          "attributes": {
            "content": "#\n# Autogenerated by Terraform\n# https://github.com/hashi-strawb/tfc-monorepo-test/blob/main/repo_dirs/main.tf\n#\n\nmodule \"pet\" {\n  source = \"../../modules/random\"\n}\n",
            "content_base64": null,
            "content_base64sha256": "MezlB0fdrAmLX04grbiVeQ4tqo9lql8a/xhvvdmw8HI=",
            "content_base64sha512": "SR9IDbGH/PMhx1EKmSIq8BjcAhM/Avrg9RPYvXmRPAG6clMgl3ouB3eWyeG2a73AIhsvN/yzL5zcGTVwgeORBQ==",
            "content_md5": "3d0f588742e923989b4538f3a51644d0",
            "content_sha1": "7b9a1e00865d0e3bfa8535bceb1e7191e1171637",
            "content_sha256": "31ece50747ddac098b5f4e20adb895790e2daa8f65aa5f1aff186fbdd9b0f072",
            "content_sha512": "491f480db187fcf321c7510a99222af018dc02133f02fae0f513d8bd79913c01ba725320977a2e077796c9e1b66bbdc0221b2f37fcb32f9cdc19357081e39105",
            "directory_permission": "0777",
            "file_permission": "0777",
            "filename": "../individual-workspaces/ws-0401/main.tf",
            "id": "7b9a1e00865d0e3bfa8535bceb1e7191e1171637",
            "sensitive_content": null,
            "source": null
          },
          "sensitive_attributes": []
        },
        {
          "index_key": 402,
          "schema_version": 0,
          "attributes": {
            "content": "#\n# Autogenerated by Terraform\n# https://github.com/hashi-strawb/tfc-monorepo-test/blob/main/repo_dirs/main.tf\n#\n\nmodule \"pet\" {\n  source = \"../../modules/random\"\n}\n",
            "content_base64": null,
            "content_base64sha256": "MezlB0fdrAmLX04grbiVeQ4tqo9lql8a/xhvvdmw8HI=",
            "content_base64sha512": "SR9IDbGH/PMhx1EKmSIq8BjcAhM/Avrg9RPYvXmRPAG6clMgl3ouB3eWyeG2a73AIhsvN/yzL5zcGTVwgeORBQ==",
            "content_md5": "3d0f588742e923989b4538f3a51644d0",
            "content_sha1": "7b9a1e00865d0e3bfa8535bceb1e7191e1171637",
            "content_sha256": "31ece50747ddac098b5f4e20adb895790e2daa8f65aa5f1aff186fbdd9b0f072",
            "content_sha512": "491f480db187fcf321c7510a99222af018dc02133f02fae0f513d8bd79913c01ba725320977a2e077796c9e1b66bbdc0221b2f37fcb32f9cdc19357081e39105",
            "directory_permission": "0777",
            "file_permission": "0777",
            "filename": "../individual-workspaces/ws-0402/main.tf",
            "id": "7b9a1e00865d0e3bfa8535bceb1e7191e1171637",
            "sensitive_content": null,
            "source": null
          },
          "sensitive_attributes": []
        },
        {
          "index_key": 403,
          "schema_version": 0,
          "attributes": {
            "content": "#\n# Autogenerated by Terraform\n# https://github.com/hashi-strawb/tfc-monorepo-test/blob/main/repo_dirs/main.tf\n#\n\nmodule \"pet\" {\n  source = \"../../modules/random\"\n}\n",
            "content_base64": null,
            "content_base64sha256": "MezlB0fdrAmLX04grbiVeQ4tqo9lql8a/xhvvdmw8HI=",
            "content_base64sha512": "SR9IDbGH/PMhx1EKmSIq8BjcAhM/Avrg9RPYvXmRPAG6clMgl3ouB3eWyeG2a73AIhsvN/yzL5zcGTVwgeORBQ==",
            "content_md5": "3d0f588742e923989b4538f3a51644d0",
            "content_sha1": "7b9a1e00865d0e3bfa8535bceb1e7191e1171637",
            "content_sha256": "31ece50747ddac098b5f4e20adb895790e2daa8f65aa5f1aff186fbdd9b0f072",
            "content_sha512": "491f480db187fcf321c7510a99222af018dc02133f02fae0f513d8bd79913c01ba725320977a2e077796c9e1b66bbdc0221b2f37fcb32f9cdc19357081e39105",
            "directory_permission": "0777",
            "file_permission": "0777",
            "filename": "../individual-workspaces/ws-0403/main.tf",
            "id": "7b9a1e00865d0e3bfa8535bceb1e7191e1171637",
            "sensitive_content": null,
            "source": null
          },
          "sensitive_attributes": []
        },
        {
          "index_key": 404,
          "schema_version": 0,
          "attributes": {
            "content": "#\n# Autogenerated by Terraform\n# https://github.com/hashi-strawb/tfc-monorepo-test/blob/main/repo_dirs/main.tf\n#\n\nmodule \"pet\" {\n  source = \"../../modules/random\"\n}\n",
            "content_base64": null,
            "content_base64sha256": "MezlB0fdrAmLX04grbiVeQ4tqo9lql8a/xhvvdmw8HI=",
            "content_base64sha512": "SR9IDbGH/PMhx1EKmSIq8BjcAhM/Avrg9RPYvXmRPAG6clMgl3ouB3eWyeG2a73AIhsvN/yzL5zcGTVwgeORBQ==",
            "content_md5": "3d0f588742e923989b4538f3a51644d0",
            "content_sha1": "7b9a1e00865d0e3bfa8535bceb1e7191e1171637",
            "content_sha256": "31ece50747ddac098b5f4e20adb895790e2daa8f65aa5f1aff186fbdd9b0f072",
            "content_sha512": "491f480db187fcf321c7510a99222af018dc02133f02fae0f513d8bd79913c01ba725320977a2e077796c9e1b66bbdc0221b2f37fcb32f9cdc19357081e39105",
            "directory_permission": "0777",
            "file_permission": "0777",
            "filename": "../individual-workspaces/ws-0404/main.tf",
            "id": "7b9a1e00865d0e3bfa8535bceb1e7191e1171637",
            "sensitive_content": null,
            "source": null
          },
          "sensitive_attributes": []
        },
        {
          "index_key": 405,
          "schema_version": 0,
          "attributes": {
            "content": "#\n# Autogenerated by Terraform\n# https://github.com/hashi-strawb/tfc-monorepo-test/blob/main/repo_dirs/main.tf\n#\n\nmodule \"pet\" {\n  source = \"../../modules/random\"\n}\n",
            "content_base64": null,
            "content_base64sha256": "MezlB0fdrAmLX04grbiVeQ4tqo9lql8a/xhvvdmw8HI=",
            "content_base64sha512": "SR9IDbGH/PMhx1EKmSIq8BjcAhM/Avrg9RPYvXmRPAG6clMgl3ouB3eWyeG2a73AIhsvN/yzL5zcGTVwgeORBQ==",
            "content_md5": "3d0f588742e923989b4538f3a51644d0",
            "content_sha1": "7b9a1e00865d0e3bfa8535bceb1e7191e1171637",
            "content_sha256": "31ece50747ddac098b5f4e20adb895790e2daa8f65aa5f1aff186fbdd9b0f072",
            "content_sha512": "491f480db187fcf321c7510a99222af018dc02133f02fae0f513d8bd79913c01ba725320977a2e077796c9e1b66bbdc0221b2f37fcb32f9cdc19357081e39105",
            "directory_permission": "0777",
            "file_permission": "0777",
            "filename": "../individual-workspaces/ws-0405/main.tf",
            "id": "7b9a1e00865d0e3bfa8535bceb1e7191e1171637",
            "sensitive_content": null,
            "source": null
          },
          "sensitive_attributes": []
        },
        {
          "index_key": 406,
          "schema_version": 0,
          "attributes": {
            "content": "#\n# Autogenerated by Terraform\n# https://github.com/hashi-strawb/tfc-monorepo-test/blob/main/repo_dirs/main.tf\n#\n\nmodule \"pet\" {\n  source = \"../../modules/random\"\n}\n",
            "content_base64": null,
            "content_base64sha256": "MezlB0fdrAmLX04grbiVeQ4tqo9lql8a/xhvvdmw8HI=",
            "content_base64sha512": "SR9IDbGH/PMhx1EKmSIq8BjcAhM/Avrg9RPYvXmRPAG6clMgl3ouB3eWyeG2a73AIhsvN/yzL5zcGTVwgeORBQ==",
            "content_md5": "3d0f588742e923989b4538f3a51644d0",
            "content_sha1": "7b9a1e00865d0e3bfa8535bceb1e7191e1171637",
            "content_sha256": "31ece50747ddac098b5f4e20adb895790e2daa8f65aa5f1aff186fbdd9b0f072",
            "content_sha512": "491f480db187fcf321c7510a99222af018dc02133f02fae0f513d8bd79913c01ba725320977a2e077796c9e1b66bbdc0221b2f37fcb32f9cdc19357081e39105",
            "directory_permission": "0777",
            "file_permission": "0777",
            "filename": "../individual-workspaces/ws-0406/main.tf",
            "id": "7b9a1e00865d0e3bfa8535bceb1e7191e1171637",
            "sensitive_content": null,
            "source": null
          },
          "sensitive_attributes": []
        },
        {
          "index_key": 407,
          "schema_version": 0,
          "attributes": {
            "content": "#\n# Autogenerated by Terraform\n# https://github.com/hashi-strawb/tfc-monorepo-test/blob/main/repo_dirs/main.tf\n#\n\nmodule \"pet\" {\n  source = \"../../modules/random\"\n}\n",
            "content_base64": null,
            "content_base64sha256": "MezlB0fdrAmLX04grbiVeQ4tqo9lql8a/xhvvdmw8HI=",
            "content_base64sha512": "SR9IDbGH/PMhx1EKmSIq8BjcAhM/Avrg9RPYvXmRPAG6clMgl3ouB3eWyeG2a73AIhsvN/yzL5zcGTVwgeORBQ==",
            "content_md5": "3d0f588742e923989b4538f3a51644d0",
            "content_sha1": "7b9a1e00865d0e3bfa8535bceb1e7191e1171637",
            "content_sha256": "31ece50747ddac098b5f4e20adb895790e2daa8f65aa5f1aff186fbdd9b0f072",
            "content_sha512": "491f480db187fcf321c7510a99222af018dc02133f02fae0f513d8bd79913c01ba725320977a2e077796c9e1b66bbdc0221b2f37fcb32f9cdc19357081e39105",
            "directory_permission": "0777",
            "file_permission": "0777",
            "filename": "../individual-workspaces/ws-0407/main.tf",
            "id": "7b9a1e00865d0e3bfa8535bceb1e7191e1171637",
            "sensitive_content": null,
            "source": null
          },
          "sensitive_attributes": []
        },
        {
          "index_key": 408,
          "schema_version": 0,
          "attributes": {
            "content": "#\n# Autogenerated by Terraform\n# https://github.com/hashi-strawb/tfc-monorepo-test/blob/main/repo_dirs/main.tf\n#\n\nmodule \"pet\" {\n  source = \"../../modules/random\"\n}\n",
            "content_base64": null,
            "content_base64sha256": "MezlB0fdrAmLX04grbiVeQ4tqo9lql8a/xhvvdmw8HI=",
            "content_base64sha512": "SR9IDbGH/PMhx1EKmSIq8BjcAhM/Avrg9RPYvXmRPAG6clMgl3ouB3eWyeG2a73AIhsvN/yzL5zcGTVwgeORBQ==",
            "content_md5": "3d0f588742e923989b4538f3a51644d0",
            "content_sha1": "7b9a1e00865d0e3bfa8535bceb1e7191e1171637",
            "content_sha256": "31ece50747ddac098b5f4e20adb895790e2daa8f65aa5f1aff186fbdd9b0f072",
            "content_sha512": "491f480db187fcf321c7510a99222af018dc02133f02fae0f513d8bd79913c01ba725320977a2e077796c9e1b66bbdc0221b2f37fcb32f9cdc19357081e39105",
            "directory_permission": "0777",
            "file_permission": "0777",
            "filename": "../individual-workspaces/ws-0408/main.tf",
            "id": "7b9a1e00865d0e3bfa8535bceb1e7191e1171637",
            "sensitive_content": null,
            "source": null
          },
          "sensitive_attributes": []
        },
        {
          "index_key": 409,
          "schema_version": 0,
          "attributes": {
            "content": "#\n# Autogenerated by Terraform\n# https://github.com/hashi-strawb/tfc-monorepo-test/blob/main/repo_dirs/main.tf\n#\n\nmodule \"pet\" {\n  source = \"../../modules/random\"\n}\n",
            "content_base64": null,
            "content_base64sha256": "MezlB0fdrAmLX04grbiVeQ4tqo9lql8a/xhvvdmw8HI=",
            "content_base64sha512": "SR9IDbGH/PMhx1EKmSIq8BjcAhM/Avrg9RPYvXmRPAG6clMgl3ouB3eWyeG2a73AIhsvN/yzL5zcGTVwgeORBQ==",
            "content_md5": "3d0f588742e923989b4538f3a51644d0",
            "content_sha1": "7b9a1e00865d0e3bfa8535bceb1e7191e1171637",
            "content_sha256": "31ece50747ddac098b5f4e20adb895790e2daa8f65aa5f1aff186fbdd9b0f072",
            "content_sha512": "491f480db187fcf321c7510a99222af018dc02133f02fae0f513d8bd79913c01ba725320977a2e077796c9e1b66bbdc0221b2f37fcb32f9cdc19357081e39105",
            "directory_permission": "0777",
            "file_permission": "0777",
            "filename": "../individual-workspaces/ws-0409/main.tf",
            "id": "7b9a1e00865d0e3bfa8535bceb1e7191e1171637",
            "sensitive_content": null,
            "source": null
          },
          "sensitive_attributes": []
        },
        {
          "index_key": 410,
          "schema_version": 0,
          "attributes": {
            "content": "#\n# Autogenerated by Terraform\n# https://github.com/hashi-strawb/tfc-monorepo-test/blob/main/repo_dirs/main.tf\n#\n\nmodule \"pet\" {\n  source = \"../../modules/random\"\n}\n",
            "content_base64": null,
            "content_base64sha256": "MezlB0fdrAmLX04grbiVeQ4tqo9lql8a/xhvvdmw8HI=",
            "content_base64sha512": "SR9IDbGH/PMhx1EKmSIq8BjcAhM/Avrg9RPYvXmRPAG6clMgl3ouB3eWyeG2a73AIhsvN/yzL5zcGTVwgeORBQ==",
            "content_md5": "3d0f588742e923989b4538f3a51644d0",
            "content_sha1": "7b9a1e00865d0e3bfa8535bceb1e7191e1171637",
            "content_sha256": "31ece50747ddac098b5f4e20adb895790e2daa8f65aa5f1aff186fbdd9b0f072",
            "content_sha512": "491f480db187fcf321c7510a99222af018dc02133f02fae0f513d8bd79913c01ba725320977a2e077796c9e1b66bbdc0221b2f37fcb32f9cdc19357081e39105",
            "directory_permission": "0777",
            "file_permission": "0777",
            "filename": "../individual-workspaces/ws-0410/main.tf",
            "id": "7b9a1e00865d0e3bfa8535bceb1e7191e1171637",
            "sensitive_content": null,
            "source": null
          },
          "sensitive_attributes": []
        },
        {
          "index_key": 411,
          "schema_version": 0,
          "attributes": {
            "content": "#\n# Autogenerated by Terraform\n# https://github.com/hashi-strawb/tfc-monorepo-test/blob/main/repo_dirs/main.tf\n#\n\nmodule \"pet\" {\n  source = \"../../modules/random\"\n}\n",
            "content_base64": null,
            "content_base64sha256": "MezlB0fdrAmLX04grbiVeQ4tqo9lql8a/xhvvdmw8HI=",
            "content_base64sha512": "SR9IDbGH/PMhx1EKmSIq8BjcAhM/Avrg9RPYvXmRPAG6clMgl3ouB3eWyeG2a73AIhsvN/yzL5zcGTVwgeORBQ==",
            "content_md5": "3d0f588742e923989b4538f3a51644d0",
            "content_sha1": "7b9a1e00865d0e3bfa8535bceb1e7191e1171637",
            "content_sha256": "31ece50747ddac098b5f4e20adb895790e2daa8f65aa5f1aff186fbdd9b0f072",
            "content_sha512": "491f480db187fcf321c7510a99222af018dc02133f02fae0f513d8bd79913c01ba725320977a2e077796c9e1b66bbdc0221b2f37fcb32f9cdc19357081e39105",
            "directory_permission": "0777",
            "file_permission": "0777",
            "filename": "../individual-workspaces/ws-0411/main.tf",
            "id": "7b9a1e00865d0e3bfa8535bceb1e7191e1171637",
            "sensitive_content": null,
            "source": null
          },
          "sensitive_attributes": []
        },
        {
          "index_key": 412,
          "schema_version": 0,
          "attributes": {
            "content": "#\n# Autogenerated by Terraform\n# https://github.com/hashi-strawb/tfc-monorepo-test/blob/main/repo_dirs/main.tf\n#\n\nmodule \"pet\" {\n  source = \"../../modules/random\"\n}\n",
            "content_base64": null,
            "content_base64sha256": "MezlB0fdrAmLX04grbiVeQ4tqo9lql8a/xhvvdmw8HI=",
            "content_base64sha512": "SR9IDbGH/PMhx1EKmSIq8BjcAhM/Avrg9RPYvXmRPAG6clMgl3ouB3eWyeG2a73AIhsvN/yzL5zcGTVwgeORBQ==",
            "content_md5": "3d0f588742e923989b4538f3a51644d0",
            "content_sha1": "7b9a1e00865d0e3bfa8535bceb1e7191e1171637",
            "content_sha256": "31ece50747ddac098b5f4e20adb895790e2daa8f65aa5f1aff186fbdd9b0f072",
            "content_sha512": "491f480db187fcf321c7510a99222af018dc02133f02fae0f513d8bd79913c01ba725320977a2e077796c9e1b66bbdc0221b2f37fcb32f9cdc19357081e39105",
            "directory_permission": "0777",
            "file_permission": "0777",
            "filename": "../individual-workspaces/ws-0412/main.tf",
            "id": "7b9a1e00865d0e3bfa8535bceb1e7191e1171637",
            "sensitive_content": null,
            "source": null
          },
          "sensitive_attributes": []
        },
        {
          "index_key": 413,
          "schema_version": 0,
          "attributes": {
            "content": "#\n# Autogenerated by Terraform\n# https://github.com/hashi-strawb/tfc-monorepo-test/blob/main/repo_dirs/main.tf\n#\n\nmodule \"pet\" {\n  source = \"../../modules/random\"\n}\n",
            "content_base64": null,
            "content_base64sha256": "MezlB0fdrAmLX04grbiVeQ4tqo9lql8a/xhvvdmw8HI=",
            "content_base64sha512": "SR9IDbGH/PMhx1EKmSIq8BjcAhM/Avrg9RPYvXmRPAG6clMgl3ouB3eWyeG2a73AIhsvN/yzL5zcGTVwgeORBQ==",
            "content_md5": "3d0f588742e923989b4538f3a51644d0",
            "content_sha1": "7b9a1e00865d0e3bfa8535bceb1e7191e1171637",
            "content_sha256": "31ece50747ddac098b5f4e20adb895790e2daa8f65aa5f1aff186fbdd9b0f072",
            "content_sha512": "491f480db187fcf321c7510a99222af018dc02133f02fae0f513d8bd79913c01ba725320977a2e077796c9e1b66bbdc0221b2f37fcb32f9cdc19357081e39105",
            "directory_permission": "0777",
            "file_permission": "0777",
            "filename": "../individual-workspaces/ws-0413/main.tf",
            "id": "7b9a1e00865d0e3bfa8535bceb1e7191e1171637",
            "sensitive_content": null,
            "source": null
          },
          "sensitive_attributes": []
        },
        {
          "index_key": 414,
          "schema_version": 0,
          "attributes": {
            "content": "#\n# Autogenerated by Terraform\n# https://github.com/hashi-strawb/tfc-monorepo-test/blob/main/repo_dirs/main.tf\n#\n\nmodule \"pet\" {\n  source = \"../../modules/random\"\n}\n",
            "content_base64": null,
            "content_base64sha256": "MezlB0fdrAmLX04grbiVeQ4tqo9lql8a/xhvvdmw8HI=",
            "content_base64sha512": "SR9IDbGH/PMhx1EKmSIq8BjcAhM/Avrg9RPYvXmRPAG6clMgl3ouB3eWyeG2a73AIhsvN/yzL5zcGTVwgeORBQ==",
            "content_md5": "3d0f588742e923989b4538f3a51644d0",
            "content_sha1": "7b9a1e00865d0e3bfa8535bceb1e7191e1171637",
            "content_sha256": "31ece50747ddac098b5f4e20adb895790e2daa8f65aa5f1aff186fbdd9b0f072",
            "content_sha512": "491f480db187fcf321c7510a99222af018dc02133f02fae0f513d8bd79913c01ba725320977a2e077796c9e1b66bbdc0221b2f37fcb32f9cdc19357081e39105",
            "directory_permission": "0777",
            "file_permission": "0777",
            "filename": "../individual-workspaces/ws-0414/main.tf",
            "id": "7b9a1e00865d0e3bfa8535bceb1e7191e1171637",
            "sensitive_content": null,
            "source": null
          },
          "sensitive_attributes": []
        },
        {
          "index_key": 415,
          "schema_version": 0,
          "attributes": {
            "content": "#\n# Autogenerated by Terraform\n# https://github.com/hashi-strawb/tfc-monorepo-test/blob/main/repo_dirs/main.tf\n#\n\nmodule \"pet\" {\n  source = \"../../modules/random\"\n}\n",
            "content_base64": null,
            "content_base64sha256": "MezlB0fdrAmLX04grbiVeQ4tqo9lql8a/xhvvdmw8HI=",
            "content_base64sha512": "SR9IDbGH/PMhx1EKmSIq8BjcAhM/Avrg9RPYvXmRPAG6clMgl3ouB3eWyeG2a73AIhsvN/yzL5zcGTVwgeORBQ==",
            "content_md5": "3d0f588742e923989b4538f3a51644d0",
            "content_sha1": "7b9a1e00865d0e3bfa8535bceb1e7191e1171637",
            "content_sha256": "31ece50747ddac098b5f4e20adb895790e2daa8f65aa5f1aff186fbdd9b0f072",
            "content_sha512": "491f480db187fcf321c7510a99222af018dc02133f02fae0f513d8bd79913c01ba725320977a2e077796c9e1b66bbdc0221b2f37fcb32f9cdc19357081e39105",
            "directory_permission": "0777",
            "file_permission": "0777",
            "filename": "../individual-workspaces/ws-0415/main.tf",
            "id": "7b9a1e00865d0e3bfa8535bceb1e7191e1171637",
            "sensitive_content": null,
            "source": null
          },
          "sensitive_attributes": []
        },
        {
          "index_key": 416,
          "schema_version": 0,
          "attributes": {
            "content": "#\n# Autogenerated by Terraform\n# https://github.com/hashi-strawb/tfc-monorepo-test/blob/main/repo_dirs/main.tf\n#\n\nmodule \"pet\" {\n  source = \"../../modules/random\"\n}\n",
            "content_base64": null,
            "content_base64sha256": "MezlB0fdrAmLX04grbiVeQ4tqo9lql8a/xhvvdmw8HI=",
            "content_base64sha512": "SR9IDbGH/PMhx1EKmSIq8BjcAhM/Avrg9RPYvXmRPAG6clMgl3ouB3eWyeG2a73AIhsvN/yzL5zcGTVwgeORBQ==",
            "content_md5": "3d0f588742e923989b4538f3a51644d0",
            "content_sha1": "7b9a1e00865d0e3bfa8535bceb1e7191e1171637",
            "content_sha256": "31ece50747ddac098b5f4e20adb895790e2daa8f65aa5f1aff186fbdd9b0f072",
            "content_sha512": "491f480db187fcf321c7510a99222af018dc02133f02fae0f513d8bd79913c01ba725320977a2e077796c9e1b66bbdc0221b2f37fcb32f9cdc19357081e39105",
            "directory_permission": "0777",
            "file_permission": "0777",
            "filename": "../individual-workspaces/ws-0416/main.tf",
            "id": "7b9a1e00865d0e3bfa8535bceb1e7191e1171637",
            "sensitive_content": null,
            "source": null
          },
          "sensitive_attributes": []
        },
        {
          "index_key": 417,
          "schema_version": 0,
          "attributes": {
            "content": "#\n# Autogenerated by Terraform\n# https://github.com/hashi-strawb/tfc-monorepo-test/blob/main/repo_dirs/main.tf\n#\n\nmodule \"pet\" {\n  source = \"../../modules/random\"\n}\n",
            "content_base64": null,
            "content_base64sha256": "MezlB0fdrAmLX04grbiVeQ4tqo9lql8a/xhvvdmw8HI=",
            "content_base64sha512": "SR9IDbGH/PMhx1EKmSIq8BjcAhM/Avrg9RPYvXmRPAG6clMgl3ouB3eWyeG2a73AIhsvN/yzL5zcGTVwgeORBQ==",
            "content_md5": "3d0f588742e923989b4538f3a51644d0",
            "content_sha1": "7b9a1e00865d0e3bfa8535bceb1e7191e1171637",
            "content_sha256": "31ece50747ddac098b5f4e20adb895790e2daa8f65aa5f1aff186fbdd9b0f072",
            "content_sha512": "491f480db187fcf321c7510a99222af018dc02133f02fae0f513d8bd79913c01ba725320977a2e077796c9e1b66bbdc0221b2f37fcb32f9cdc19357081e39105",
            "directory_permission": "0777",
            "file_permission": "0777",
            "filename": "../individual-workspaces/ws-0417/main.tf",
            "id": "7b9a1e00865d0e3bfa8535bceb1e7191e1171637",
            "sensitive_content": null,
            "source": null
          },
          "sensitive_attributes": []
        },
        {
          "index_key": 418,
          "schema_version": 0,
          "attributes": {
            "content": "#\n# Autogenerated by Terraform\n# https://github.com/hashi-strawb/tfc-monorepo-test/blob/main/repo_dirs/main.tf\n#\n\nmodule \"pet\" {\n  source = \"../../modules/random\"\n}\n",
            "content_base64": null,
            "content_base64sha256": "MezlB0fdrAmLX04grbiVeQ4tqo9lql8a/xhvvdmw8HI=",
            "content_base64sha512": "SR9IDbGH/PMhx1EKmSIq8BjcAhM/Avrg9RPYvXmRPAG6clMgl3ouB3eWyeG2a73AIhsvN/yzL5zcGTVwgeORBQ==",
            "content_md5": "3d0f588742e923989b4538f3a51644d0",
            "content_sha1": "7b9a1e00865d0e3bfa8535bceb1e7191e1171637",
            "content_sha256": "31ece50747ddac098b5f4e20adb895790e2daa8f65aa5f1aff186fbdd9b0f072",
            "content_sha512": "491f480db187fcf321c7510a99222af018dc02133f02fae0f513d8bd79913c01ba725320977a2e077796c9e1b66bbdc0221b2f37fcb32f9cdc19357081e39105",
            "directory_permission": "0777",
            "file_permission": "0777",
            "filename": "../individual-workspaces/ws-0418/main.tf",
            "id": "7b9a1e00865d0e3bfa8535bceb1e7191e1171637",
            "sensitive_content": null,
            "source": null
          },
          "sensitive_attributes": []
        },
        {
          "index_key": 419,
          "schema_version": 0,
          "attributes": {
            "content": "#\n# Autogenerated by Terraform\n# https://github.com/hashi-strawb/tfc-monorepo-test/blob/main/repo_dirs/main.tf\n#\n\nmodule \"pet\" {\n  source = \"../../modules/random\"\n}\n",
            "content_base64": null,
            "content_base64sha256": "MezlB0fdrAmLX04grbiVeQ4tqo9lql8a/xhvvdmw8HI=",
            "content_base64sha512": "SR9IDbGH/PMhx1EKmSIq8BjcAhM/Avrg9RPYvXmRPAG6clMgl3ouB3eWyeG2a73AIhsvN/yzL5zcGTVwgeORBQ==",
            "content_md5": "3d0f588742e923989b4538f3a51644d0",
            "content_sha1": "7b9a1e00865d0e3bfa8535bceb1e7191e1171637",
            "content_sha256": "31ece50747ddac098b5f4e20adb895790e2daa8f65aa5f1aff186fbdd9b0f072",
            "content_sha512": "491f480db187fcf321c7510a99222af018dc02133f02fae0f513d8bd79913c01ba725320977a2e077796c9e1b66bbdc0221b2f37fcb32f9cdc19357081e39105",
            "directory_permission": "0777",
            "file_permission": "0777",
            "filename": "../individual-workspaces/ws-0419/main.tf",
            "id": "7b9a1e00865d0e3bfa8535bceb1e7191e1171637",
            "sensitive_content": null,
            "source": null
          },
          "sensitive_attributes": []
        },
        {
          "index_key": 420,
          "schema_version": 0,
          "attributes": {
            "content": "#\n# Autogenerated by Terraform\n# https://github.com/hashi-strawb/tfc-monorepo-test/blob/main/repo_dirs/main.tf\n#\n\nmodule \"pet\" {\n  source = \"../../modules/random\"\n}\n",
            "content_base64": null,
            "content_base64sha256": "MezlB0fdrAmLX04grbiVeQ4tqo9lql8a/xhvvdmw8HI=",
            "content_base64sha512": "SR9IDbGH/PMhx1EKmSIq8BjcAhM/Avrg9RPYvXmRPAG6clMgl3ouB3eWyeG2a73AIhsvN/yzL5zcGTVwgeORBQ==",
            "content_md5": "3d0f588742e923989b4538f3a51644d0",
            "content_sha1": "7b9a1e00865d0e3bfa8535bceb1e7191e1171637",
            "content_sha256": "31ece50747ddac098b5f4e20adb895790e2daa8f65aa5f1aff186fbdd9b0f072",
            "content_sha512": "491f480db187fcf321c7510a99222af018dc02133f02fae0f513d8bd79913c01ba725320977a2e077796c9e1b66bbdc0221b2f37fcb32f9cdc19357081e39105",
            "directory_permission": "0777",
            "file_permission": "0777",
            "filename": "../individual-workspaces/ws-0420/main.tf",
            "id": "7b9a1e00865d0e3bfa8535bceb1e7191e1171637",
            "sensitive_content": null,
            "source": null
          },
          "sensitive_attributes": []
        },
        {
          "index_key": 421,
          "schema_version": 0,
          "attributes": {
            "content": "#\n# Autogenerated by Terraform\n# https://github.com/hashi-strawb/tfc-monorepo-test/blob/main/repo_dirs/main.tf\n#\n\nmodule \"pet\" {\n  source = \"../../modules/random\"\n}\n",
            "content_base64": null,
            "content_base64sha256": "MezlB0fdrAmLX04grbiVeQ4tqo9lql8a/xhvvdmw8HI=",
            "content_base64sha512": "SR9IDbGH/PMhx1EKmSIq8BjcAhM/Avrg9RPYvXmRPAG6clMgl3ouB3eWyeG2a73AIhsvN/yzL5zcGTVwgeORBQ==",
            "content_md5": "3d0f588742e923989b4538f3a51644d0",
            "content_sha1": "7b9a1e00865d0e3bfa8535bceb1e7191e1171637",
            "content_sha256": "31ece50747ddac098b5f4e20adb895790e2daa8f65aa5f1aff186fbdd9b0f072",
            "content_sha512": "491f480db187fcf321c7510a99222af018dc02133f02fae0f513d8bd79913c01ba725320977a2e077796c9e1b66bbdc0221b2f37fcb32f9cdc19357081e39105",
            "directory_permission": "0777",
            "file_permission": "0777",
            "filename": "../individual-workspaces/ws-0421/main.tf",
            "id": "7b9a1e00865d0e3bfa8535bceb1e7191e1171637",
            "sensitive_content": null,
            "source": null
          },
          "sensitive_attributes": []
        },
        {
          "index_key": 422,
          "schema_version": 0,
          "attributes": {
            "content": "#\n# Autogenerated by Terraform\n# https://github.com/hashi-strawb/tfc-monorepo-test/blob/main/repo_dirs/main.tf\n#\n\nmodule \"pet\" {\n  source = \"../../modules/random\"\n}\n",
            "content_base64": null,
            "content_base64sha256": "MezlB0fdrAmLX04grbiVeQ4tqo9lql8a/xhvvdmw8HI=",
            "content_base64sha512": "SR9IDbGH/PMhx1EKmSIq8BjcAhM/Avrg9RPYvXmRPAG6clMgl3ouB3eWyeG2a73AIhsvN/yzL5zcGTVwgeORBQ==",
            "content_md5": "3d0f588742e923989b4538f3a51644d0",
            "content_sha1": "7b9a1e00865d0e3bfa8535bceb1e7191e1171637",
            "content_sha256": "31ece50747ddac098b5f4e20adb895790e2daa8f65aa5f1aff186fbdd9b0f072",
            "content_sha512": "491f480db187fcf321c7510a99222af018dc02133f02fae0f513d8bd79913c01ba725320977a2e077796c9e1b66bbdc0221b2f37fcb32f9cdc19357081e39105",
            "directory_permission": "0777",
            "file_permission": "0777",
            "filename": "../individual-workspaces/ws-0422/main.tf",
            "id": "7b9a1e00865d0e3bfa8535bceb1e7191e1171637",
            "sensitive_content": null,
            "source": null
          },
          "sensitive_attributes": []
        },
        {
          "index_key": 423,
          "schema_version": 0,
          "attributes": {
            "content": "#\n# Autogenerated by Terraform\n# https://github.com/hashi-strawb/tfc-monorepo-test/blob/main/repo_dirs/main.tf\n#\n\nmodule \"pet\" {\n  source = \"../../modules/random\"\n}\n",
            "content_base64": null,
            "content_base64sha256": "MezlB0fdrAmLX04grbiVeQ4tqo9lql8a/xhvvdmw8HI=",
            "content_base64sha512": "SR9IDbGH/PMhx1EKmSIq8BjcAhM/Avrg9RPYvXmRPAG6clMgl3ouB3eWyeG2a73AIhsvN/yzL5zcGTVwgeORBQ==",
            "content_md5": "3d0f588742e923989b4538f3a51644d0",
            "content_sha1": "7b9a1e00865d0e3bfa8535bceb1e7191e1171637",
            "content_sha256": "31ece50747ddac098b5f4e20adb895790e2daa8f65aa5f1aff186fbdd9b0f072",
            "content_sha512": "491f480db187fcf321c7510a99222af018dc02133f02fae0f513d8bd79913c01ba725320977a2e077796c9e1b66bbdc0221b2f37fcb32f9cdc19357081e39105",
            "directory_permission": "0777",
            "file_permission": "0777",
            "filename": "../individual-workspaces/ws-0423/main.tf",
            "id": "7b9a1e00865d0e3bfa8535bceb1e7191e1171637",
            "sensitive_content": null,
            "source": null
          },
          "sensitive_attributes": []
        },
        {
          "index_key": 424,
          "schema_version": 0,
          "attributes": {
            "content": "#\n# Autogenerated by Terraform\n# https://github.com/hashi-strawb/tfc-monorepo-test/blob/main/repo_dirs/main.tf\n#\n\nmodule \"pet\" {\n  source = \"../../modules/random\"\n}\n",
            "content_base64": null,
            "content_base64sha256": "MezlB0fdrAmLX04grbiVeQ4tqo9lql8a/xhvvdmw8HI=",
            "content_base64sha512": "SR9IDbGH/PMhx1EKmSIq8BjcAhM/Avrg9RPYvXmRPAG6clMgl3ouB3eWyeG2a73AIhsvN/yzL5zcGTVwgeORBQ==",
            "content_md5": "3d0f588742e923989b4538f3a51644d0",
            "content_sha1": "7b9a1e00865d0e3bfa8535bceb1e7191e1171637",
            "content_sha256": "31ece50747ddac098b5f4e20adb895790e2daa8f65aa5f1aff186fbdd9b0f072",
            "content_sha512": "491f480db187fcf321c7510a99222af018dc02133f02fae0f513d8bd79913c01ba725320977a2e077796c9e1b66bbdc0221b2f37fcb32f9cdc19357081e39105",
            "directory_permission": "0777",
            "file_permission": "0777",
            "filename": "../individual-workspaces/ws-0424/main.tf",
            "id": "7b9a1e00865d0e3bfa8535bceb1e7191e1171637",
            "sensitive_content": null,
            "source": null
          },
          "sensitive_attributes": []
        },
        {
          "index_key": 425,
          "schema_version": 0,
          "attributes": {
            "content": "#\n# Autogenerated by Terraform\n# https://github.com/hashi-strawb/tfc-monorepo-test/blob/main/repo_dirs/main.tf\n#\n\nmodule \"pet\" {\n  source = \"../../modules/random\"\n}\n",
            "content_base64": null,
            "content_base64sha256": "MezlB0fdrAmLX04grbiVeQ4tqo9lql8a/xhvvdmw8HI=",
            "content_base64sha512": "SR9IDbGH/PMhx1EKmSIq8BjcAhM/Avrg9RPYvXmRPAG6clMgl3ouB3eWyeG2a73AIhsvN/yzL5zcGTVwgeORBQ==",
            "content_md5": "3d0f588742e923989b4538f3a51644d0",
            "content_sha1": "7b9a1e00865d0e3bfa8535bceb1e7191e1171637",
            "content_sha256": "31ece50747ddac098b5f4e20adb895790e2daa8f65aa5f1aff186fbdd9b0f072",
            "content_sha512": "491f480db187fcf321c7510a99222af018dc02133f02fae0f513d8bd79913c01ba725320977a2e077796c9e1b66bbdc0221b2f37fcb32f9cdc19357081e39105",
            "directory_permission": "0777",
            "file_permission": "0777",
            "filename": "../individual-workspaces/ws-0425/main.tf",
            "id": "7b9a1e00865d0e3bfa8535bceb1e7191e1171637",
            "sensitive_content": null,
            "source": null
          },
          "sensitive_attributes": []
        },
        {
          "index_key": 426,
          "schema_version": 0,
          "attributes": {
            "content": "#\n# Autogenerated by Terraform\n# https://github.com/hashi-strawb/tfc-monorepo-test/blob/main/repo_dirs/main.tf\n#\n\nmodule \"pet\" {\n  source = \"../../modules/random\"\n}\n",
            "content_base64": null,
            "content_base64sha256": "MezlB0fdrAmLX04grbiVeQ4tqo9lql8a/xhvvdmw8HI=",
            "content_base64sha512": "SR9IDbGH/PMhx1EKmSIq8BjcAhM/Avrg9RPYvXmRPAG6clMgl3ouB3eWyeG2a73AIhsvN/yzL5zcGTVwgeORBQ==",
            "content_md5": "3d0f588742e923989b4538f3a51644d0",
            "content_sha1": "7b9a1e00865d0e3bfa8535bceb1e7191e1171637",
            "content_sha256": "31ece50747ddac098b5f4e20adb895790e2daa8f65aa5f1aff186fbdd9b0f072",
            "content_sha512": "491f480db187fcf321c7510a99222af018dc02133f02fae0f513d8bd79913c01ba725320977a2e077796c9e1b66bbdc0221b2f37fcb32f9cdc19357081e39105",
            "directory_permission": "0777",
            "file_permission": "0777",
            "filename": "../individual-workspaces/ws-0426/main.tf",
            "id": "7b9a1e00865d0e3bfa8535bceb1e7191e1171637",
            "sensitive_content": null,
            "source": null
          },
          "sensitive_attributes": []
        },
        {
          "index_key": 427,
          "schema_version": 0,
          "attributes": {
            "content": "#\n# Autogenerated by Terraform\n# https://github.com/hashi-strawb/tfc-monorepo-test/blob/main/repo_dirs/main.tf\n#\n\nmodule \"pet\" {\n  source = \"../../modules/random\"\n}\n",
            "content_base64": null,
            "content_base64sha256": "MezlB0fdrAmLX04grbiVeQ4tqo9lql8a/xhvvdmw8HI=",
            "content_base64sha512": "SR9IDbGH/PMhx1EKmSIq8BjcAhM/Avrg9RPYvXmRPAG6clMgl3ouB3eWyeG2a73AIhsvN/yzL5zcGTVwgeORBQ==",
            "content_md5": "3d0f588742e923989b4538f3a51644d0",
            "content_sha1": "7b9a1e00865d0e3bfa8535bceb1e7191e1171637",
            "content_sha256": "31ece50747ddac098b5f4e20adb895790e2daa8f65aa5f1aff186fbdd9b0f072",
            "content_sha512": "491f480db187fcf321c7510a99222af018dc02133f02fae0f513d8bd79913c01ba725320977a2e077796c9e1b66bbdc0221b2f37fcb32f9cdc19357081e39105",
            "directory_permission": "0777",
            "file_permission": "0777",
            "filename": "../individual-workspaces/ws-0427/main.tf",
            "id": "7b9a1e00865d0e3bfa8535bceb1e7191e1171637",
            "sensitive_content": null,
            "source": null
          },
          "sensitive_attributes": []
        },
        {
          "index_key": 428,
          "schema_version": 0,
          "attributes": {
            "content": "#\n# Autogenerated by Terraform\n# https://github.com/hashi-strawb/tfc-monorepo-test/blob/main/repo_dirs/main.tf\n#\n\nmodule \"pet\" {\n  source = \"../../modules/random\"\n}\n",
            "content_base64": null,
            "content_base64sha256": "MezlB0fdrAmLX04grbiVeQ4tqo9lql8a/xhvvdmw8HI=",
            "content_base64sha512": "SR9IDbGH/PMhx1EKmSIq8BjcAhM/Avrg9RPYvXmRPAG6clMgl3ouB3eWyeG2a73AIhsvN/yzL5zcGTVwgeORBQ==",
            "content_md5": "3d0f588742e923989b4538f3a51644d0",
            "content_sha1": "7b9a1e00865d0e3bfa8535bceb1e7191e1171637",
            "content_sha256": "31ece50747ddac098b5f4e20adb895790e2daa8f65aa5f1aff186fbdd9b0f072",
            "content_sha512": "491f480db187fcf321c7510a99222af018dc02133f02fae0f513d8bd79913c01ba725320977a2e077796c9e1b66bbdc0221b2f37fcb32f9cdc19357081e39105",
            "directory_permission": "0777",
            "file_permission": "0777",
            "filename": "../individual-workspaces/ws-0428/main.tf",
            "id": "7b9a1e00865d0e3bfa8535bceb1e7191e1171637",
            "sensitive_content": null,
            "source": null
          },
          "sensitive_attributes": []
        },
        {
          "index_key": 429,
          "schema_version": 0,
          "attributes": {
            "content": "#\n# Autogenerated by Terraform\n# https://github.com/hashi-strawb/tfc-monorepo-test/blob/main/repo_dirs/main.tf\n#\n\nmodule \"pet\" {\n  source = \"../../modules/random\"\n}\n",
            "content_base64": null,
            "content_base64sha256": "MezlB0fdrAmLX04grbiVeQ4tqo9lql8a/xhvvdmw8HI=",
            "content_base64sha512": "SR9IDbGH/PMhx1EKmSIq8BjcAhM/Avrg9RPYvXmRPAG6clMgl3ouB3eWyeG2a73AIhsvN/yzL5zcGTVwgeORBQ==",
            "content_md5": "3d0f588742e923989b4538f3a51644d0",
            "content_sha1": "7b9a1e00865d0e3bfa8535bceb1e7191e1171637",
            "content_sha256": "31ece50747ddac098b5f4e20adb895790e2daa8f65aa5f1aff186fbdd9b0f072",
            "content_sha512": "491f480db187fcf321c7510a99222af018dc02133f02fae0f513d8bd79913c01ba725320977a2e077796c9e1b66bbdc0221b2f37fcb32f9cdc19357081e39105",
            "directory_permission": "0777",
            "file_permission": "0777",
            "filename": "../individual-workspaces/ws-0429/main.tf",
            "id": "7b9a1e00865d0e3bfa8535bceb1e7191e1171637",
            "sensitive_content": null,
            "source": null
          },
          "sensitive_attributes": []
        },
        {
          "index_key": 430,
          "schema_version": 0,
          "attributes": {
            "content": "#\n# Autogenerated by Terraform\n# https://github.com/hashi-strawb/tfc-monorepo-test/blob/main/repo_dirs/main.tf\n#\n\nmodule \"pet\" {\n  source = \"../../modules/random\"\n}\n",
            "content_base64": null,
            "content_base64sha256": "MezlB0fdrAmLX04grbiVeQ4tqo9lql8a/xhvvdmw8HI=",
            "content_base64sha512": "SR9IDbGH/PMhx1EKmSIq8BjcAhM/Avrg9RPYvXmRPAG6clMgl3ouB3eWyeG2a73AIhsvN/yzL5zcGTVwgeORBQ==",
            "content_md5": "3d0f588742e923989b4538f3a51644d0",
            "content_sha1": "7b9a1e00865d0e3bfa8535bceb1e7191e1171637",
            "content_sha256": "31ece50747ddac098b5f4e20adb895790e2daa8f65aa5f1aff186fbdd9b0f072",
            "content_sha512": "491f480db187fcf321c7510a99222af018dc02133f02fae0f513d8bd79913c01ba725320977a2e077796c9e1b66bbdc0221b2f37fcb32f9cdc19357081e39105",
            "directory_permission": "0777",
            "file_permission": "0777",
            "filename": "../individual-workspaces/ws-0430/main.tf",
            "id": "7b9a1e00865d0e3bfa8535bceb1e7191e1171637",
            "sensitive_content": null,
            "source": null
          },
          "sensitive_attributes": []
        },
        {
          "index_key": 431,
          "schema_version": 0,
          "attributes": {
            "content": "#\n# Autogenerated by Terraform\n# https://github.com/hashi-strawb/tfc-monorepo-test/blob/main/repo_dirs/main.tf\n#\n\nmodule \"pet\" {\n  source = \"../../modules/random\"\n}\n",
            "content_base64": null,
            "content_base64sha256": "MezlB0fdrAmLX04grbiVeQ4tqo9lql8a/xhvvdmw8HI=",
            "content_base64sha512": "SR9IDbGH/PMhx1EKmSIq8BjcAhM/Avrg9RPYvXmRPAG6clMgl3ouB3eWyeG2a73AIhsvN/yzL5zcGTVwgeORBQ==",
            "content_md5": "3d0f588742e923989b4538f3a51644d0",
            "content_sha1": "7b9a1e00865d0e3bfa8535bceb1e7191e1171637",
            "content_sha256": "31ece50747ddac098b5f4e20adb895790e2daa8f65aa5f1aff186fbdd9b0f072",
            "content_sha512": "491f480db187fcf321c7510a99222af018dc02133f02fae0f513d8bd79913c01ba725320977a2e077796c9e1b66bbdc0221b2f37fcb32f9cdc19357081e39105",
            "directory_permission": "0777",
            "file_permission": "0777",
            "filename": "../individual-workspaces/ws-0431/main.tf",
            "id": "7b9a1e00865d0e3bfa8535bceb1e7191e1171637",
            "sensitive_content": null,
            "source": null
          },
          "sensitive_attributes": []
        },
        {
          "index_key": 432,
          "schema_version": 0,
          "attributes": {
            "content": "#\n# Autogenerated by Terraform\n# https://github.com/hashi-strawb/tfc-monorepo-test/blob/main/repo_dirs/main.tf\n#\n\nmodule \"pet\" {\n  source = \"../../modules/random\"\n}\n",
            "content_base64": null,
            "content_base64sha256": "MezlB0fdrAmLX04grbiVeQ4tqo9lql8a/xhvvdmw8HI=",
            "content_base64sha512": "SR9IDbGH/PMhx1EKmSIq8BjcAhM/Avrg9RPYvXmRPAG6clMgl3ouB3eWyeG2a73AIhsvN/yzL5zcGTVwgeORBQ==",
            "content_md5": "3d0f588742e923989b4538f3a51644d0",
            "content_sha1": "7b9a1e00865d0e3bfa8535bceb1e7191e1171637",
            "content_sha256": "31ece50747ddac098b5f4e20adb895790e2daa8f65aa5f1aff186fbdd9b0f072",
            "content_sha512": "491f480db187fcf321c7510a99222af018dc02133f02fae0f513d8bd79913c01ba725320977a2e077796c9e1b66bbdc0221b2f37fcb32f9cdc19357081e39105",
            "directory_permission": "0777",
            "file_permission": "0777",
            "filename": "../individual-workspaces/ws-0432/main.tf",
            "id": "7b9a1e00865d0e3bfa8535bceb1e7191e1171637",
            "sensitive_content": null,
            "source": null
          },
          "sensitive_attributes": []
        },
        {
          "index_key": 433,
          "schema_version": 0,
          "attributes": {
            "content": "#\n# Autogenerated by Terraform\n# https://github.com/hashi-strawb/tfc-monorepo-test/blob/main/repo_dirs/main.tf\n#\n\nmodule \"pet\" {\n  source = \"../../modules/random\"\n}\n",
            "content_base64": null,
            "content_base64sha256": "MezlB0fdrAmLX04grbiVeQ4tqo9lql8a/xhvvdmw8HI=",
            "content_base64sha512": "SR9IDbGH/PMhx1EKmSIq8BjcAhM/Avrg9RPYvXmRPAG6clMgl3ouB3eWyeG2a73AIhsvN/yzL5zcGTVwgeORBQ==",
            "content_md5": "3d0f588742e923989b4538f3a51644d0",
            "content_sha1": "7b9a1e00865d0e3bfa8535bceb1e7191e1171637",
            "content_sha256": "31ece50747ddac098b5f4e20adb895790e2daa8f65aa5f1aff186fbdd9b0f072",
            "content_sha512": "491f480db187fcf321c7510a99222af018dc02133f02fae0f513d8bd79913c01ba725320977a2e077796c9e1b66bbdc0221b2f37fcb32f9cdc19357081e39105",
            "directory_permission": "0777",
            "file_permission": "0777",
            "filename": "../individual-workspaces/ws-0433/main.tf",
            "id": "7b9a1e00865d0e3bfa8535bceb1e7191e1171637",
            "sensitive_content": null,
            "source": null
          },
          "sensitive_attributes": []
        },
        {
          "index_key": 434,
          "schema_version": 0,
          "attributes": {
            "content": "#\n# Autogenerated by Terraform\n# https://github.com/hashi-strawb/tfc-monorepo-test/blob/main/repo_dirs/main.tf\n#\n\nmodule \"pet\" {\n  source = \"../../modules/random\"\n}\n",
            "content_base64": null,
            "content_base64sha256": "MezlB0fdrAmLX04grbiVeQ4tqo9lql8a/xhvvdmw8HI=",
            "content_base64sha512": "SR9IDbGH/PMhx1EKmSIq8BjcAhM/Avrg9RPYvXmRPAG6clMgl3ouB3eWyeG2a73AIhsvN/yzL5zcGTVwgeORBQ==",
            "content_md5": "3d0f588742e923989b4538f3a51644d0",
            "content_sha1": "7b9a1e00865d0e3bfa8535bceb1e7191e1171637",
            "content_sha256": "31ece50747ddac098b5f4e20adb895790e2daa8f65aa5f1aff186fbdd9b0f072",
            "content_sha512": "491f480db187fcf321c7510a99222af018dc02133f02fae0f513d8bd79913c01ba725320977a2e077796c9e1b66bbdc0221b2f37fcb32f9cdc19357081e39105",
            "directory_permission": "0777",
            "file_permission": "0777",
            "filename": "../individual-workspaces/ws-0434/main.tf",
            "id": "7b9a1e00865d0e3bfa8535bceb1e7191e1171637",
            "sensitive_content": null,
            "source": null
          },
          "sensitive_attributes": []
        },
        {
          "index_key": 435,
          "schema_version": 0,
          "attributes": {
            "content": "#\n# Autogenerated by Terraform\n# https://github.com/hashi-strawb/tfc-monorepo-test/blob/main/repo_dirs/main.tf\n#\n\nmodule \"pet\" {\n  source = \"../../modules/random\"\n}\n",
            "content_base64": null,
            "content_base64sha256": "MezlB0fdrAmLX04grbiVeQ4tqo9lql8a/xhvvdmw8HI=",
            "content_base64sha512": "SR9IDbGH/PMhx1EKmSIq8BjcAhM/Avrg9RPYvXmRPAG6clMgl3ouB3eWyeG2a73AIhsvN/yzL5zcGTVwgeORBQ==",
            "content_md5": "3d0f588742e923989b4538f3a51644d0",
            "content_sha1": "7b9a1e00865d0e3bfa8535bceb1e7191e1171637",
            "content_sha256": "31ece50747ddac098b5f4e20adb895790e2daa8f65aa5f1aff186fbdd9b0f072",
            "content_sha512": "491f480db187fcf321c7510a99222af018dc02133f02fae0f513d8bd79913c01ba725320977a2e077796c9e1b66bbdc0221b2f37fcb32f9cdc19357081e39105",
            "directory_permission": "0777",
            "file_permission": "0777",
            "filename": "../individual-workspaces/ws-0435/main.tf",
            "id": "7b9a1e00865d0e3bfa8535bceb1e7191e1171637",
            "sensitive_content": null,
            "source": null
          },
          "sensitive_attributes": []
        },
        {
          "index_key": 436,
          "schema_version": 0,
          "attributes": {
            "content": "#\n# Autogenerated by Terraform\n# https://github.com/hashi-strawb/tfc-monorepo-test/blob/main/repo_dirs/main.tf\n#\n\nmodule \"pet\" {\n  source = \"../../modules/random\"\n}\n",
            "content_base64": null,
            "content_base64sha256": "MezlB0fdrAmLX04grbiVeQ4tqo9lql8a/xhvvdmw8HI=",
            "content_base64sha512": "SR9IDbGH/PMhx1EKmSIq8BjcAhM/Avrg9RPYvXmRPAG6clMgl3ouB3eWyeG2a73AIhsvN/yzL5zcGTVwgeORBQ==",
            "content_md5": "3d0f588742e923989b4538f3a51644d0",
            "content_sha1": "7b9a1e00865d0e3bfa8535bceb1e7191e1171637",
            "content_sha256": "31ece50747ddac098b5f4e20adb895790e2daa8f65aa5f1aff186fbdd9b0f072",
            "content_sha512": "491f480db187fcf321c7510a99222af018dc02133f02fae0f513d8bd79913c01ba725320977a2e077796c9e1b66bbdc0221b2f37fcb32f9cdc19357081e39105",
            "directory_permission": "0777",
            "file_permission": "0777",
            "filename": "../individual-workspaces/ws-0436/main.tf",
            "id": "7b9a1e00865d0e3bfa8535bceb1e7191e1171637",
            "sensitive_content": null,
            "source": null
          },
          "sensitive_attributes": []
        },
        {
          "index_key": 437,
          "schema_version": 0,
          "attributes": {
            "content": "#\n# Autogenerated by Terraform\n# https://github.com/hashi-strawb/tfc-monorepo-test/blob/main/repo_dirs/main.tf\n#\n\nmodule \"pet\" {\n  source = \"../../modules/random\"\n}\n",
            "content_base64": null,
            "content_base64sha256": "MezlB0fdrAmLX04grbiVeQ4tqo9lql8a/xhvvdmw8HI=",
            "content_base64sha512": "SR9IDbGH/PMhx1EKmSIq8BjcAhM/Avrg9RPYvXmRPAG6clMgl3ouB3eWyeG2a73AIhsvN/yzL5zcGTVwgeORBQ==",
            "content_md5": "3d0f588742e923989b4538f3a51644d0",
            "content_sha1": "7b9a1e00865d0e3bfa8535bceb1e7191e1171637",
            "content_sha256": "31ece50747ddac098b5f4e20adb895790e2daa8f65aa5f1aff186fbdd9b0f072",
            "content_sha512": "491f480db187fcf321c7510a99222af018dc02133f02fae0f513d8bd79913c01ba725320977a2e077796c9e1b66bbdc0221b2f37fcb32f9cdc19357081e39105",
            "directory_permission": "0777",
            "file_permission": "0777",
            "filename": "../individual-workspaces/ws-0437/main.tf",
            "id": "7b9a1e00865d0e3bfa8535bceb1e7191e1171637",
            "sensitive_content": null,
            "source": null
          },
          "sensitive_attributes": []
        },
        {
          "index_key": 438,
          "schema_version": 0,
          "attributes": {
            "content": "#\n# Autogenerated by Terraform\n# https://github.com/hashi-strawb/tfc-monorepo-test/blob/main/repo_dirs/main.tf\n#\n\nmodule \"pet\" {\n  source = \"../../modules/random\"\n}\n",
            "content_base64": null,
            "content_base64sha256": "MezlB0fdrAmLX04grbiVeQ4tqo9lql8a/xhvvdmw8HI=",
            "content_base64sha512": "SR9IDbGH/PMhx1EKmSIq8BjcAhM/Avrg9RPYvXmRPAG6clMgl3ouB3eWyeG2a73AIhsvN/yzL5zcGTVwgeORBQ==",
            "content_md5": "3d0f588742e923989b4538f3a51644d0",
            "content_sha1": "7b9a1e00865d0e3bfa8535bceb1e7191e1171637",
            "content_sha256": "31ece50747ddac098b5f4e20adb895790e2daa8f65aa5f1aff186fbdd9b0f072",
            "content_sha512": "491f480db187fcf321c7510a99222af018dc02133f02fae0f513d8bd79913c01ba725320977a2e077796c9e1b66bbdc0221b2f37fcb32f9cdc19357081e39105",
            "directory_permission": "0777",
            "file_permission": "0777",
            "filename": "../individual-workspaces/ws-0438/main.tf",
            "id": "7b9a1e00865d0e3bfa8535bceb1e7191e1171637",
            "sensitive_content": null,
            "source": null
          },
          "sensitive_attributes": []
        },
        {
          "index_key": 439,
          "schema_version": 0,
          "attributes": {
            "content": "#\n# Autogenerated by Terraform\n# https://github.com/hashi-strawb/tfc-monorepo-test/blob/main/repo_dirs/main.tf\n#\n\nmodule \"pet\" {\n  source = \"../../modules/random\"\n}\n",
            "content_base64": null,
            "content_base64sha256": "MezlB0fdrAmLX04grbiVeQ4tqo9lql8a/xhvvdmw8HI=",
            "content_base64sha512": "SR9IDbGH/PMhx1EKmSIq8BjcAhM/Avrg9RPYvXmRPAG6clMgl3ouB3eWyeG2a73AIhsvN/yzL5zcGTVwgeORBQ==",
            "content_md5": "3d0f588742e923989b4538f3a51644d0",
            "content_sha1": "7b9a1e00865d0e3bfa8535bceb1e7191e1171637",
            "content_sha256": "31ece50747ddac098b5f4e20adb895790e2daa8f65aa5f1aff186fbdd9b0f072",
            "content_sha512": "491f480db187fcf321c7510a99222af018dc02133f02fae0f513d8bd79913c01ba725320977a2e077796c9e1b66bbdc0221b2f37fcb32f9cdc19357081e39105",
            "directory_permission": "0777",
            "file_permission": "0777",
            "filename": "../individual-workspaces/ws-0439/main.tf",
            "id": "7b9a1e00865d0e3bfa8535bceb1e7191e1171637",
            "sensitive_content": null,
            "source": null
          },
          "sensitive_attributes": []
        },
        {
          "index_key": 440,
          "schema_version": 0,
          "attributes": {
            "content": "#\n# Autogenerated by Terraform\n# https://github.com/hashi-strawb/tfc-monorepo-test/blob/main/repo_dirs/main.tf\n#\n\nmodule \"pet\" {\n  source = \"../../modules/random\"\n}\n",
            "content_base64": null,
            "content_base64sha256": "MezlB0fdrAmLX04grbiVeQ4tqo9lql8a/xhvvdmw8HI=",
            "content_base64sha512": "SR9IDbGH/PMhx1EKmSIq8BjcAhM/Avrg9RPYvXmRPAG6clMgl3ouB3eWyeG2a73AIhsvN/yzL5zcGTVwgeORBQ==",
            "content_md5": "3d0f588742e923989b4538f3a51644d0",
            "content_sha1": "7b9a1e00865d0e3bfa8535bceb1e7191e1171637",
            "content_sha256": "31ece50747ddac098b5f4e20adb895790e2daa8f65aa5f1aff186fbdd9b0f072",
            "content_sha512": "491f480db187fcf321c7510a99222af018dc02133f02fae0f513d8bd79913c01ba725320977a2e077796c9e1b66bbdc0221b2f37fcb32f9cdc19357081e39105",
            "directory_permission": "0777",
            "file_permission": "0777",
            "filename": "../individual-workspaces/ws-0440/main.tf",
            "id": "7b9a1e00865d0e3bfa8535bceb1e7191e1171637",
            "sensitive_content": null,
            "source": null
          },
          "sensitive_attributes": []
        },
        {
          "index_key": 441,
          "schema_version": 0,
          "attributes": {
            "content": "#\n# Autogenerated by Terraform\n# https://github.com/hashi-strawb/tfc-monorepo-test/blob/main/repo_dirs/main.tf\n#\n\nmodule \"pet\" {\n  source = \"../../modules/random\"\n}\n",
            "content_base64": null,
            "content_base64sha256": "MezlB0fdrAmLX04grbiVeQ4tqo9lql8a/xhvvdmw8HI=",
            "content_base64sha512": "SR9IDbGH/PMhx1EKmSIq8BjcAhM/Avrg9RPYvXmRPAG6clMgl3ouB3eWyeG2a73AIhsvN/yzL5zcGTVwgeORBQ==",
            "content_md5": "3d0f588742e923989b4538f3a51644d0",
            "content_sha1": "7b9a1e00865d0e3bfa8535bceb1e7191e1171637",
            "content_sha256": "31ece50747ddac098b5f4e20adb895790e2daa8f65aa5f1aff186fbdd9b0f072",
            "content_sha512": "491f480db187fcf321c7510a99222af018dc02133f02fae0f513d8bd79913c01ba725320977a2e077796c9e1b66bbdc0221b2f37fcb32f9cdc19357081e39105",
            "directory_permission": "0777",
            "file_permission": "0777",
            "filename": "../individual-workspaces/ws-0441/main.tf",
            "id": "7b9a1e00865d0e3bfa8535bceb1e7191e1171637",
            "sensitive_content": null,
            "source": null
          },
          "sensitive_attributes": []
        },
        {
          "index_key": 442,
          "schema_version": 0,
          "attributes": {
            "content": "#\n# Autogenerated by Terraform\n# https://github.com/hashi-strawb/tfc-monorepo-test/blob/main/repo_dirs/main.tf\n#\n\nmodule \"pet\" {\n  source = \"../../modules/random\"\n}\n",
            "content_base64": null,
            "content_base64sha256": "MezlB0fdrAmLX04grbiVeQ4tqo9lql8a/xhvvdmw8HI=",
            "content_base64sha512": "SR9IDbGH/PMhx1EKmSIq8BjcAhM/Avrg9RPYvXmRPAG6clMgl3ouB3eWyeG2a73AIhsvN/yzL5zcGTVwgeORBQ==",
            "content_md5": "3d0f588742e923989b4538f3a51644d0",
            "content_sha1": "7b9a1e00865d0e3bfa8535bceb1e7191e1171637",
            "content_sha256": "31ece50747ddac098b5f4e20adb895790e2daa8f65aa5f1aff186fbdd9b0f072",
            "content_sha512": "491f480db187fcf321c7510a99222af018dc02133f02fae0f513d8bd79913c01ba725320977a2e077796c9e1b66bbdc0221b2f37fcb32f9cdc19357081e39105",
            "directory_permission": "0777",
            "file_permission": "0777",
            "filename": "../individual-workspaces/ws-0442/main.tf",
            "id": "7b9a1e00865d0e3bfa8535bceb1e7191e1171637",
            "sensitive_content": null,
            "source": null
          },
          "sensitive_attributes": []
        },
        {
          "index_key": 443,
          "schema_version": 0,
          "attributes": {
            "content": "#\n# Autogenerated by Terraform\n# https://github.com/hashi-strawb/tfc-monorepo-test/blob/main/repo_dirs/main.tf\n#\n\nmodule \"pet\" {\n  source = \"../../modules/random\"\n}\n",
            "content_base64": null,
            "content_base64sha256": "MezlB0fdrAmLX04grbiVeQ4tqo9lql8a/xhvvdmw8HI=",
            "content_base64sha512": "SR9IDbGH/PMhx1EKmSIq8BjcAhM/Avrg9RPYvXmRPAG6clMgl3ouB3eWyeG2a73AIhsvN/yzL5zcGTVwgeORBQ==",
            "content_md5": "3d0f588742e923989b4538f3a51644d0",
            "content_sha1": "7b9a1e00865d0e3bfa8535bceb1e7191e1171637",
            "content_sha256": "31ece50747ddac098b5f4e20adb895790e2daa8f65aa5f1aff186fbdd9b0f072",
            "content_sha512": "491f480db187fcf321c7510a99222af018dc02133f02fae0f513d8bd79913c01ba725320977a2e077796c9e1b66bbdc0221b2f37fcb32f9cdc19357081e39105",
            "directory_permission": "0777",
            "file_permission": "0777",
            "filename": "../individual-workspaces/ws-0443/main.tf",
            "id": "7b9a1e00865d0e3bfa8535bceb1e7191e1171637",
            "sensitive_content": null,
            "source": null
          },
          "sensitive_attributes": []
        },
        {
          "index_key": 444,
          "schema_version": 0,
          "attributes": {
            "content": "#\n# Autogenerated by Terraform\n# https://github.com/hashi-strawb/tfc-monorepo-test/blob/main/repo_dirs/main.tf\n#\n\nmodule \"pet\" {\n  source = \"../../modules/random\"\n}\n",
            "content_base64": null,
            "content_base64sha256": "MezlB0fdrAmLX04grbiVeQ4tqo9lql8a/xhvvdmw8HI=",
            "content_base64sha512": "SR9IDbGH/PMhx1EKmSIq8BjcAhM/Avrg9RPYvXmRPAG6clMgl3ouB3eWyeG2a73AIhsvN/yzL5zcGTVwgeORBQ==",
            "content_md5": "3d0f588742e923989b4538f3a51644d0",
            "content_sha1": "7b9a1e00865d0e3bfa8535bceb1e7191e1171637",
            "content_sha256": "31ece50747ddac098b5f4e20adb895790e2daa8f65aa5f1aff186fbdd9b0f072",
            "content_sha512": "491f480db187fcf321c7510a99222af018dc02133f02fae0f513d8bd79913c01ba725320977a2e077796c9e1b66bbdc0221b2f37fcb32f9cdc19357081e39105",
            "directory_permission": "0777",
            "file_permission": "0777",
            "filename": "../individual-workspaces/ws-0444/main.tf",
            "id": "7b9a1e00865d0e3bfa8535bceb1e7191e1171637",
            "sensitive_content": null,
            "source": null
          },
          "sensitive_attributes": []
        },
        {
          "index_key": 445,
          "schema_version": 0,
          "attributes": {
            "content": "#\n# Autogenerated by Terraform\n# https://github.com/hashi-strawb/tfc-monorepo-test/blob/main/repo_dirs/main.tf\n#\n\nmodule \"pet\" {\n  source = \"../../modules/random\"\n}\n",
            "content_base64": null,
            "content_base64sha256": "MezlB0fdrAmLX04grbiVeQ4tqo9lql8a/xhvvdmw8HI=",
            "content_base64sha512": "SR9IDbGH/PMhx1EKmSIq8BjcAhM/Avrg9RPYvXmRPAG6clMgl3ouB3eWyeG2a73AIhsvN/yzL5zcGTVwgeORBQ==",
            "content_md5": "3d0f588742e923989b4538f3a51644d0",
            "content_sha1": "7b9a1e00865d0e3bfa8535bceb1e7191e1171637",
            "content_sha256": "31ece50747ddac098b5f4e20adb895790e2daa8f65aa5f1aff186fbdd9b0f072",
            "content_sha512": "491f480db187fcf321c7510a99222af018dc02133f02fae0f513d8bd79913c01ba725320977a2e077796c9e1b66bbdc0221b2f37fcb32f9cdc19357081e39105",
            "directory_permission": "0777",
            "file_permission": "0777",
            "filename": "../individual-workspaces/ws-0445/main.tf",
            "id": "7b9a1e00865d0e3bfa8535bceb1e7191e1171637",
            "sensitive_content": null,
            "source": null
          },
          "sensitive_attributes": []
        },
        {
          "index_key": 446,
          "schema_version": 0,
          "attributes": {
            "content": "#\n# Autogenerated by Terraform\n# https://github.com/hashi-strawb/tfc-monorepo-test/blob/main/repo_dirs/main.tf\n#\n\nmodule \"pet\" {\n  source = \"../../modules/random\"\n}\n",
            "content_base64": null,
            "content_base64sha256": "MezlB0fdrAmLX04grbiVeQ4tqo9lql8a/xhvvdmw8HI=",
            "content_base64sha512": "SR9IDbGH/PMhx1EKmSIq8BjcAhM/Avrg9RPYvXmRPAG6clMgl3ouB3eWyeG2a73AIhsvN/yzL5zcGTVwgeORBQ==",
            "content_md5": "3d0f588742e923989b4538f3a51644d0",
            "content_sha1": "7b9a1e00865d0e3bfa8535bceb1e7191e1171637",
            "content_sha256": "31ece50747ddac098b5f4e20adb895790e2daa8f65aa5f1aff186fbdd9b0f072",
            "content_sha512": "491f480db187fcf321c7510a99222af018dc02133f02fae0f513d8bd79913c01ba725320977a2e077796c9e1b66bbdc0221b2f37fcb32f9cdc19357081e39105",
            "directory_permission": "0777",
            "file_permission": "0777",
            "filename": "../individual-workspaces/ws-0446/main.tf",
            "id": "7b9a1e00865d0e3bfa8535bceb1e7191e1171637",
            "sensitive_content": null,
            "source": null
          },
          "sensitive_attributes": []
        },
        {
          "index_key": 447,
          "schema_version": 0,
          "attributes": {
            "content": "#\n# Autogenerated by Terraform\n# https://github.com/hashi-strawb/tfc-monorepo-test/blob/main/repo_dirs/main.tf\n#\n\nmodule \"pet\" {\n  source = \"../../modules/random\"\n}\n",
            "content_base64": null,
            "content_base64sha256": "MezlB0fdrAmLX04grbiVeQ4tqo9lql8a/xhvvdmw8HI=",
            "content_base64sha512": "SR9IDbGH/PMhx1EKmSIq8BjcAhM/Avrg9RPYvXmRPAG6clMgl3ouB3eWyeG2a73AIhsvN/yzL5zcGTVwgeORBQ==",
            "content_md5": "3d0f588742e923989b4538f3a51644d0",
            "content_sha1": "7b9a1e00865d0e3bfa8535bceb1e7191e1171637",
            "content_sha256": "31ece50747ddac098b5f4e20adb895790e2daa8f65aa5f1aff186fbdd9b0f072",
            "content_sha512": "491f480db187fcf321c7510a99222af018dc02133f02fae0f513d8bd79913c01ba725320977a2e077796c9e1b66bbdc0221b2f37fcb32f9cdc19357081e39105",
            "directory_permission": "0777",
            "file_permission": "0777",
            "filename": "../individual-workspaces/ws-0447/main.tf",
            "id": "7b9a1e00865d0e3bfa8535bceb1e7191e1171637",
            "sensitive_content": null,
            "source": null
          },
          "sensitive_attributes": []
        },
        {
          "index_key": 448,
          "schema_version": 0,
          "attributes": {
            "content": "#\n# Autogenerated by Terraform\n# https://github.com/hashi-strawb/tfc-monorepo-test/blob/main/repo_dirs/main.tf\n#\n\nmodule \"pet\" {\n  source = \"../../modules/random\"\n}\n",
            "content_base64": null,
            "content_base64sha256": "MezlB0fdrAmLX04grbiVeQ4tqo9lql8a/xhvvdmw8HI=",
            "content_base64sha512": "SR9IDbGH/PMhx1EKmSIq8BjcAhM/Avrg9RPYvXmRPAG6clMgl3ouB3eWyeG2a73AIhsvN/yzL5zcGTVwgeORBQ==",
            "content_md5": "3d0f588742e923989b4538f3a51644d0",
            "content_sha1": "7b9a1e00865d0e3bfa8535bceb1e7191e1171637",
            "content_sha256": "31ece50747ddac098b5f4e20adb895790e2daa8f65aa5f1aff186fbdd9b0f072",
            "content_sha512": "491f480db187fcf321c7510a99222af018dc02133f02fae0f513d8bd79913c01ba725320977a2e077796c9e1b66bbdc0221b2f37fcb32f9cdc19357081e39105",
            "directory_permission": "0777",
            "file_permission": "0777",
            "filename": "../individual-workspaces/ws-0448/main.tf",
            "id": "7b9a1e00865d0e3bfa8535bceb1e7191e1171637",
            "sensitive_content": null,
            "source": null
          },
          "sensitive_attributes": []
        },
        {
          "index_key": 449,
          "schema_version": 0,
          "attributes": {
            "content": "#\n# Autogenerated by Terraform\n# https://github.com/hashi-strawb/tfc-monorepo-test/blob/main/repo_dirs/main.tf\n#\n\nmodule \"pet\" {\n  source = \"../../modules/random\"\n}\n",
            "content_base64": null,
            "content_base64sha256": "MezlB0fdrAmLX04grbiVeQ4tqo9lql8a/xhvvdmw8HI=",
            "content_base64sha512": "SR9IDbGH/PMhx1EKmSIq8BjcAhM/Avrg9RPYvXmRPAG6clMgl3ouB3eWyeG2a73AIhsvN/yzL5zcGTVwgeORBQ==",
            "content_md5": "3d0f588742e923989b4538f3a51644d0",
            "content_sha1": "7b9a1e00865d0e3bfa8535bceb1e7191e1171637",
            "content_sha256": "31ece50747ddac098b5f4e20adb895790e2daa8f65aa5f1aff186fbdd9b0f072",
            "content_sha512": "491f480db187fcf321c7510a99222af018dc02133f02fae0f513d8bd79913c01ba725320977a2e077796c9e1b66bbdc0221b2f37fcb32f9cdc19357081e39105",
            "directory_permission": "0777",
            "file_permission": "0777",
            "filename": "../individual-workspaces/ws-0449/main.tf",
            "id": "7b9a1e00865d0e3bfa8535bceb1e7191e1171637",
            "sensitive_content": null,
            "source": null
          },
          "sensitive_attributes": []
        },
        {
          "index_key": 450,
          "schema_version": 0,
          "attributes": {
            "content": "#\n# Autogenerated by Terraform\n# https://github.com/hashi-strawb/tfc-monorepo-test/blob/main/repo_dirs/main.tf\n#\n\nmodule \"pet\" {\n  source = \"../../modules/random\"\n}\n",
            "content_base64": null,
            "content_base64sha256": "MezlB0fdrAmLX04grbiVeQ4tqo9lql8a/xhvvdmw8HI=",
            "content_base64sha512": "SR9IDbGH/PMhx1EKmSIq8BjcAhM/Avrg9RPYvXmRPAG6clMgl3ouB3eWyeG2a73AIhsvN/yzL5zcGTVwgeORBQ==",
            "content_md5": "3d0f588742e923989b4538f3a51644d0",
            "content_sha1": "7b9a1e00865d0e3bfa8535bceb1e7191e1171637",
            "content_sha256": "31ece50747ddac098b5f4e20adb895790e2daa8f65aa5f1aff186fbdd9b0f072",
            "content_sha512": "491f480db187fcf321c7510a99222af018dc02133f02fae0f513d8bd79913c01ba725320977a2e077796c9e1b66bbdc0221b2f37fcb32f9cdc19357081e39105",
            "directory_permission": "0777",
            "file_permission": "0777",
            "filename": "../individual-workspaces/ws-0450/main.tf",
            "id": "7b9a1e00865d0e3bfa8535bceb1e7191e1171637",
            "sensitive_content": null,
            "source": null
          },
          "sensitive_attributes": []
        },
        {
          "index_key": 451,
          "schema_version": 0,
          "attributes": {
            "content": "#\n# Autogenerated by Terraform\n# https://github.com/hashi-strawb/tfc-monorepo-test/blob/main/repo_dirs/main.tf\n#\n\nmodule \"pet\" {\n  source = \"../../modules/random\"\n}\n",
            "content_base64": null,
            "content_base64sha256": "MezlB0fdrAmLX04grbiVeQ4tqo9lql8a/xhvvdmw8HI=",
            "content_base64sha512": "SR9IDbGH/PMhx1EKmSIq8BjcAhM/Avrg9RPYvXmRPAG6clMgl3ouB3eWyeG2a73AIhsvN/yzL5zcGTVwgeORBQ==",
            "content_md5": "3d0f588742e923989b4538f3a51644d0",
            "content_sha1": "7b9a1e00865d0e3bfa8535bceb1e7191e1171637",
            "content_sha256": "31ece50747ddac098b5f4e20adb895790e2daa8f65aa5f1aff186fbdd9b0f072",
            "content_sha512": "491f480db187fcf321c7510a99222af018dc02133f02fae0f513d8bd79913c01ba725320977a2e077796c9e1b66bbdc0221b2f37fcb32f9cdc19357081e39105",
            "directory_permission": "0777",
            "file_permission": "0777",
            "filename": "../individual-workspaces/ws-0451/main.tf",
            "id": "7b9a1e00865d0e3bfa8535bceb1e7191e1171637",
            "sensitive_content": null,
            "source": null
          },
          "sensitive_attributes": []
        },
        {
          "index_key": 452,
          "schema_version": 0,
          "attributes": {
            "content": "#\n# Autogenerated by Terraform\n# https://github.com/hashi-strawb/tfc-monorepo-test/blob/main/repo_dirs/main.tf\n#\n\nmodule \"pet\" {\n  source = \"../../modules/random\"\n}\n",
            "content_base64": null,
            "content_base64sha256": "MezlB0fdrAmLX04grbiVeQ4tqo9lql8a/xhvvdmw8HI=",
            "content_base64sha512": "SR9IDbGH/PMhx1EKmSIq8BjcAhM/Avrg9RPYvXmRPAG6clMgl3ouB3eWyeG2a73AIhsvN/yzL5zcGTVwgeORBQ==",
            "content_md5": "3d0f588742e923989b4538f3a51644d0",
            "content_sha1": "7b9a1e00865d0e3bfa8535bceb1e7191e1171637",
            "content_sha256": "31ece50747ddac098b5f4e20adb895790e2daa8f65aa5f1aff186fbdd9b0f072",
            "content_sha512": "491f480db187fcf321c7510a99222af018dc02133f02fae0f513d8bd79913c01ba725320977a2e077796c9e1b66bbdc0221b2f37fcb32f9cdc19357081e39105",
            "directory_permission": "0777",
            "file_permission": "0777",
            "filename": "../individual-workspaces/ws-0452/main.tf",
            "id": "7b9a1e00865d0e3bfa8535bceb1e7191e1171637",
            "sensitive_content": null,
            "source": null
          },
          "sensitive_attributes": []
        },
        {
          "index_key": 453,
          "schema_version": 0,
          "attributes": {
            "content": "#\n# Autogenerated by Terraform\n# https://github.com/hashi-strawb/tfc-monorepo-test/blob/main/repo_dirs/main.tf\n#\n\nmodule \"pet\" {\n  source = \"../../modules/random\"\n}\n",
            "content_base64": null,
            "content_base64sha256": "MezlB0fdrAmLX04grbiVeQ4tqo9lql8a/xhvvdmw8HI=",
            "content_base64sha512": "SR9IDbGH/PMhx1EKmSIq8BjcAhM/Avrg9RPYvXmRPAG6clMgl3ouB3eWyeG2a73AIhsvN/yzL5zcGTVwgeORBQ==",
            "content_md5": "3d0f588742e923989b4538f3a51644d0",
            "content_sha1": "7b9a1e00865d0e3bfa8535bceb1e7191e1171637",
            "content_sha256": "31ece50747ddac098b5f4e20adb895790e2daa8f65aa5f1aff186fbdd9b0f072",
            "content_sha512": "491f480db187fcf321c7510a99222af018dc02133f02fae0f513d8bd79913c01ba725320977a2e077796c9e1b66bbdc0221b2f37fcb32f9cdc19357081e39105",
            "directory_permission": "0777",
            "file_permission": "0777",
            "filename": "../individual-workspaces/ws-0453/main.tf",
            "id": "7b9a1e00865d0e3bfa8535bceb1e7191e1171637",
            "sensitive_content": null,
            "source": null
          },
          "sensitive_attributes": []
        },
        {
          "index_key": 454,
          "schema_version": 0,
          "attributes": {
            "content": "#\n# Autogenerated by Terraform\n# https://github.com/hashi-strawb/tfc-monorepo-test/blob/main/repo_dirs/main.tf\n#\n\nmodule \"pet\" {\n  source = \"../../modules/random\"\n}\n",
            "content_base64": null,
            "content_base64sha256": "MezlB0fdrAmLX04grbiVeQ4tqo9lql8a/xhvvdmw8HI=",
            "content_base64sha512": "SR9IDbGH/PMhx1EKmSIq8BjcAhM/Avrg9RPYvXmRPAG6clMgl3ouB3eWyeG2a73AIhsvN/yzL5zcGTVwgeORBQ==",
            "content_md5": "3d0f588742e923989b4538f3a51644d0",
            "content_sha1": "7b9a1e00865d0e3bfa8535bceb1e7191e1171637",
            "content_sha256": "31ece50747ddac098b5f4e20adb895790e2daa8f65aa5f1aff186fbdd9b0f072",
            "content_sha512": "491f480db187fcf321c7510a99222af018dc02133f02fae0f513d8bd79913c01ba725320977a2e077796c9e1b66bbdc0221b2f37fcb32f9cdc19357081e39105",
            "directory_permission": "0777",
            "file_permission": "0777",
            "filename": "../individual-workspaces/ws-0454/main.tf",
            "id": "7b9a1e00865d0e3bfa8535bceb1e7191e1171637",
            "sensitive_content": null,
            "source": null
          },
          "sensitive_attributes": []
        },
        {
          "index_key": 455,
          "schema_version": 0,
          "attributes": {
            "content": "#\n# Autogenerated by Terraform\n# https://github.com/hashi-strawb/tfc-monorepo-test/blob/main/repo_dirs/main.tf\n#\n\nmodule \"pet\" {\n  source = \"../../modules/random\"\n}\n",
            "content_base64": null,
            "content_base64sha256": "MezlB0fdrAmLX04grbiVeQ4tqo9lql8a/xhvvdmw8HI=",
            "content_base64sha512": "SR9IDbGH/PMhx1EKmSIq8BjcAhM/Avrg9RPYvXmRPAG6clMgl3ouB3eWyeG2a73AIhsvN/yzL5zcGTVwgeORBQ==",
            "content_md5": "3d0f588742e923989b4538f3a51644d0",
            "content_sha1": "7b9a1e00865d0e3bfa8535bceb1e7191e1171637",
            "content_sha256": "31ece50747ddac098b5f4e20adb895790e2daa8f65aa5f1aff186fbdd9b0f072",
            "content_sha512": "491f480db187fcf321c7510a99222af018dc02133f02fae0f513d8bd79913c01ba725320977a2e077796c9e1b66bbdc0221b2f37fcb32f9cdc19357081e39105",
            "directory_permission": "0777",
            "file_permission": "0777",
            "filename": "../individual-workspaces/ws-0455/main.tf",
            "id": "7b9a1e00865d0e3bfa8535bceb1e7191e1171637",
            "sensitive_content": null,
            "source": null
          },
          "sensitive_attributes": []
        },
        {
          "index_key": 456,
          "schema_version": 0,
          "attributes": {
            "content": "#\n# Autogenerated by Terraform\n# https://github.com/hashi-strawb/tfc-monorepo-test/blob/main/repo_dirs/main.tf\n#\n\nmodule \"pet\" {\n  source = \"../../modules/random\"\n}\n",
            "content_base64": null,
            "content_base64sha256": "MezlB0fdrAmLX04grbiVeQ4tqo9lql8a/xhvvdmw8HI=",
            "content_base64sha512": "SR9IDbGH/PMhx1EKmSIq8BjcAhM/Avrg9RPYvXmRPAG6clMgl3ouB3eWyeG2a73AIhsvN/yzL5zcGTVwgeORBQ==",
            "content_md5": "3d0f588742e923989b4538f3a51644d0",
            "content_sha1": "7b9a1e00865d0e3bfa8535bceb1e7191e1171637",
            "content_sha256": "31ece50747ddac098b5f4e20adb895790e2daa8f65aa5f1aff186fbdd9b0f072",
            "content_sha512": "491f480db187fcf321c7510a99222af018dc02133f02fae0f513d8bd79913c01ba725320977a2e077796c9e1b66bbdc0221b2f37fcb32f9cdc19357081e39105",
            "directory_permission": "0777",
            "file_permission": "0777",
            "filename": "../individual-workspaces/ws-0456/main.tf",
            "id": "7b9a1e00865d0e3bfa8535bceb1e7191e1171637",
            "sensitive_content": null,
            "source": null
          },
          "sensitive_attributes": []
        },
        {
          "index_key": 457,
          "schema_version": 0,
          "attributes": {
            "content": "#\n# Autogenerated by Terraform\n# https://github.com/hashi-strawb/tfc-monorepo-test/blob/main/repo_dirs/main.tf\n#\n\nmodule \"pet\" {\n  source = \"../../modules/random\"\n}\n",
            "content_base64": null,
            "content_base64sha256": "MezlB0fdrAmLX04grbiVeQ4tqo9lql8a/xhvvdmw8HI=",
            "content_base64sha512": "SR9IDbGH/PMhx1EKmSIq8BjcAhM/Avrg9RPYvXmRPAG6clMgl3ouB3eWyeG2a73AIhsvN/yzL5zcGTVwgeORBQ==",
            "content_md5": "3d0f588742e923989b4538f3a51644d0",
            "content_sha1": "7b9a1e00865d0e3bfa8535bceb1e7191e1171637",
            "content_sha256": "31ece50747ddac098b5f4e20adb895790e2daa8f65aa5f1aff186fbdd9b0f072",
            "content_sha512": "491f480db187fcf321c7510a99222af018dc02133f02fae0f513d8bd79913c01ba725320977a2e077796c9e1b66bbdc0221b2f37fcb32f9cdc19357081e39105",
            "directory_permission": "0777",
            "file_permission": "0777",
            "filename": "../individual-workspaces/ws-0457/main.tf",
            "id": "7b9a1e00865d0e3bfa8535bceb1e7191e1171637",
            "sensitive_content": null,
            "source": null
          },
          "sensitive_attributes": []
        },
        {
          "index_key": 458,
          "schema_version": 0,
          "attributes": {
            "content": "#\n# Autogenerated by Terraform\n# https://github.com/hashi-strawb/tfc-monorepo-test/blob/main/repo_dirs/main.tf\n#\n\nmodule \"pet\" {\n  source = \"../../modules/random\"\n}\n",
            "content_base64": null,
            "content_base64sha256": "MezlB0fdrAmLX04grbiVeQ4tqo9lql8a/xhvvdmw8HI=",
            "content_base64sha512": "SR9IDbGH/PMhx1EKmSIq8BjcAhM/Avrg9RPYvXmRPAG6clMgl3ouB3eWyeG2a73AIhsvN/yzL5zcGTVwgeORBQ==",
            "content_md5": "3d0f588742e923989b4538f3a51644d0",
            "content_sha1": "7b9a1e00865d0e3bfa8535bceb1e7191e1171637",
            "content_sha256": "31ece50747ddac098b5f4e20adb895790e2daa8f65aa5f1aff186fbdd9b0f072",
            "content_sha512": "491f480db187fcf321c7510a99222af018dc02133f02fae0f513d8bd79913c01ba725320977a2e077796c9e1b66bbdc0221b2f37fcb32f9cdc19357081e39105",
            "directory_permission": "0777",
            "file_permission": "0777",
            "filename": "../individual-workspaces/ws-0458/main.tf",
            "id": "7b9a1e00865d0e3bfa8535bceb1e7191e1171637",
            "sensitive_content": null,
            "source": null
          },
          "sensitive_attributes": []
        },
        {
          "index_key": 459,
          "schema_version": 0,
          "attributes": {
            "content": "#\n# Autogenerated by Terraform\n# https://github.com/hashi-strawb/tfc-monorepo-test/blob/main/repo_dirs/main.tf\n#\n\nmodule \"pet\" {\n  source = \"../../modules/random\"\n}\n",
            "content_base64": null,
            "content_base64sha256": "MezlB0fdrAmLX04grbiVeQ4tqo9lql8a/xhvvdmw8HI=",
            "content_base64sha512": "SR9IDbGH/PMhx1EKmSIq8BjcAhM/Avrg9RPYvXmRPAG6clMgl3ouB3eWyeG2a73AIhsvN/yzL5zcGTVwgeORBQ==",
            "content_md5": "3d0f588742e923989b4538f3a51644d0",
            "content_sha1": "7b9a1e00865d0e3bfa8535bceb1e7191e1171637",
            "content_sha256": "31ece50747ddac098b5f4e20adb895790e2daa8f65aa5f1aff186fbdd9b0f072",
            "content_sha512": "491f480db187fcf321c7510a99222af018dc02133f02fae0f513d8bd79913c01ba725320977a2e077796c9e1b66bbdc0221b2f37fcb32f9cdc19357081e39105",
            "directory_permission": "0777",
            "file_permission": "0777",
            "filename": "../individual-workspaces/ws-0459/main.tf",
            "id": "7b9a1e00865d0e3bfa8535bceb1e7191e1171637",
            "sensitive_content": null,
            "source": null
          },
          "sensitive_attributes": []
        },
        {
          "index_key": 460,
          "schema_version": 0,
          "attributes": {
            "content": "#\n# Autogenerated by Terraform\n# https://github.com/hashi-strawb/tfc-monorepo-test/blob/main/repo_dirs/main.tf\n#\n\nmodule \"pet\" {\n  source = \"../../modules/random\"\n}\n",
            "content_base64": null,
            "content_base64sha256": "MezlB0fdrAmLX04grbiVeQ4tqo9lql8a/xhvvdmw8HI=",
            "content_base64sha512": "SR9IDbGH/PMhx1EKmSIq8BjcAhM/Avrg9RPYvXmRPAG6clMgl3ouB3eWyeG2a73AIhsvN/yzL5zcGTVwgeORBQ==",
            "content_md5": "3d0f588742e923989b4538f3a51644d0",
            "content_sha1": "7b9a1e00865d0e3bfa8535bceb1e7191e1171637",
            "content_sha256": "31ece50747ddac098b5f4e20adb895790e2daa8f65aa5f1aff186fbdd9b0f072",
            "content_sha512": "491f480db187fcf321c7510a99222af018dc02133f02fae0f513d8bd79913c01ba725320977a2e077796c9e1b66bbdc0221b2f37fcb32f9cdc19357081e39105",
            "directory_permission": "0777",
            "file_permission": "0777",
            "filename": "../individual-workspaces/ws-0460/main.tf",
            "id": "7b9a1e00865d0e3bfa8535bceb1e7191e1171637",
            "sensitive_content": null,
            "source": null
          },
          "sensitive_attributes": []
        },
        {
          "index_key": 461,
          "schema_version": 0,
          "attributes": {
            "content": "#\n# Autogenerated by Terraform\n# https://github.com/hashi-strawb/tfc-monorepo-test/blob/main/repo_dirs/main.tf\n#\n\nmodule \"pet\" {\n  source = \"../../modules/random\"\n}\n",
            "content_base64": null,
            "content_base64sha256": "MezlB0fdrAmLX04grbiVeQ4tqo9lql8a/xhvvdmw8HI=",
            "content_base64sha512": "SR9IDbGH/PMhx1EKmSIq8BjcAhM/Avrg9RPYvXmRPAG6clMgl3ouB3eWyeG2a73AIhsvN/yzL5zcGTVwgeORBQ==",
            "content_md5": "3d0f588742e923989b4538f3a51644d0",
            "content_sha1": "7b9a1e00865d0e3bfa8535bceb1e7191e1171637",
            "content_sha256": "31ece50747ddac098b5f4e20adb895790e2daa8f65aa5f1aff186fbdd9b0f072",
            "content_sha512": "491f480db187fcf321c7510a99222af018dc02133f02fae0f513d8bd79913c01ba725320977a2e077796c9e1b66bbdc0221b2f37fcb32f9cdc19357081e39105",
            "directory_permission": "0777",
            "file_permission": "0777",
            "filename": "../individual-workspaces/ws-0461/main.tf",
            "id": "7b9a1e00865d0e3bfa8535bceb1e7191e1171637",
            "sensitive_content": null,
            "source": null
          },
          "sensitive_attributes": []
        },
        {
          "index_key": 462,
          "schema_version": 0,
          "attributes": {
            "content": "#\n# Autogenerated by Terraform\n# https://github.com/hashi-strawb/tfc-monorepo-test/blob/main/repo_dirs/main.tf\n#\n\nmodule \"pet\" {\n  source = \"../../modules/random\"\n}\n",
            "content_base64": null,
            "content_base64sha256": "MezlB0fdrAmLX04grbiVeQ4tqo9lql8a/xhvvdmw8HI=",
            "content_base64sha512": "SR9IDbGH/PMhx1EKmSIq8BjcAhM/Avrg9RPYvXmRPAG6clMgl3ouB3eWyeG2a73AIhsvN/yzL5zcGTVwgeORBQ==",
            "content_md5": "3d0f588742e923989b4538f3a51644d0",
            "content_sha1": "7b9a1e00865d0e3bfa8535bceb1e7191e1171637",
            "content_sha256": "31ece50747ddac098b5f4e20adb895790e2daa8f65aa5f1aff186fbdd9b0f072",
            "content_sha512": "491f480db187fcf321c7510a99222af018dc02133f02fae0f513d8bd79913c01ba725320977a2e077796c9e1b66bbdc0221b2f37fcb32f9cdc19357081e39105",
            "directory_permission": "0777",
            "file_permission": "0777",
            "filename": "../individual-workspaces/ws-0462/main.tf",
            "id": "7b9a1e00865d0e3bfa8535bceb1e7191e1171637",
            "sensitive_content": null,
            "source": null
          },
          "sensitive_attributes": []
        },
        {
          "index_key": 463,
          "schema_version": 0,
          "attributes": {
            "content": "#\n# Autogenerated by Terraform\n# https://github.com/hashi-strawb/tfc-monorepo-test/blob/main/repo_dirs/main.tf\n#\n\nmodule \"pet\" {\n  source = \"../../modules/random\"\n}\n",
            "content_base64": null,
            "content_base64sha256": "MezlB0fdrAmLX04grbiVeQ4tqo9lql8a/xhvvdmw8HI=",
            "content_base64sha512": "SR9IDbGH/PMhx1EKmSIq8BjcAhM/Avrg9RPYvXmRPAG6clMgl3ouB3eWyeG2a73AIhsvN/yzL5zcGTVwgeORBQ==",
            "content_md5": "3d0f588742e923989b4538f3a51644d0",
            "content_sha1": "7b9a1e00865d0e3bfa8535bceb1e7191e1171637",
            "content_sha256": "31ece50747ddac098b5f4e20adb895790e2daa8f65aa5f1aff186fbdd9b0f072",
            "content_sha512": "491f480db187fcf321c7510a99222af018dc02133f02fae0f513d8bd79913c01ba725320977a2e077796c9e1b66bbdc0221b2f37fcb32f9cdc19357081e39105",
            "directory_permission": "0777",
            "file_permission": "0777",
            "filename": "../individual-workspaces/ws-0463/main.tf",
            "id": "7b9a1e00865d0e3bfa8535bceb1e7191e1171637",
            "sensitive_content": null,
            "source": null
          },
          "sensitive_attributes": []
        },
        {
          "index_key": 464,
          "schema_version": 0,
          "attributes": {
            "content": "#\n# Autogenerated by Terraform\n# https://github.com/hashi-strawb/tfc-monorepo-test/blob/main/repo_dirs/main.tf\n#\n\nmodule \"pet\" {\n  source = \"../../modules/random\"\n}\n",
            "content_base64": null,
            "content_base64sha256": "MezlB0fdrAmLX04grbiVeQ4tqo9lql8a/xhvvdmw8HI=",
            "content_base64sha512": "SR9IDbGH/PMhx1EKmSIq8BjcAhM/Avrg9RPYvXmRPAG6clMgl3ouB3eWyeG2a73AIhsvN/yzL5zcGTVwgeORBQ==",
            "content_md5": "3d0f588742e923989b4538f3a51644d0",
            "content_sha1": "7b9a1e00865d0e3bfa8535bceb1e7191e1171637",
            "content_sha256": "31ece50747ddac098b5f4e20adb895790e2daa8f65aa5f1aff186fbdd9b0f072",
            "content_sha512": "491f480db187fcf321c7510a99222af018dc02133f02fae0f513d8bd79913c01ba725320977a2e077796c9e1b66bbdc0221b2f37fcb32f9cdc19357081e39105",
            "directory_permission": "0777",
            "file_permission": "0777",
            "filename": "../individual-workspaces/ws-0464/main.tf",
            "id": "7b9a1e00865d0e3bfa8535bceb1e7191e1171637",
            "sensitive_content": null,
            "source": null
          },
          "sensitive_attributes": []
        },
        {
          "index_key": 465,
          "schema_version": 0,
          "attributes": {
            "content": "#\n# Autogenerated by Terraform\n# https://github.com/hashi-strawb/tfc-monorepo-test/blob/main/repo_dirs/main.tf\n#\n\nmodule \"pet\" {\n  source = \"../../modules/random\"\n}\n",
            "content_base64": null,
            "content_base64sha256": "MezlB0fdrAmLX04grbiVeQ4tqo9lql8a/xhvvdmw8HI=",
            "content_base64sha512": "SR9IDbGH/PMhx1EKmSIq8BjcAhM/Avrg9RPYvXmRPAG6clMgl3ouB3eWyeG2a73AIhsvN/yzL5zcGTVwgeORBQ==",
            "content_md5": "3d0f588742e923989b4538f3a51644d0",
            "content_sha1": "7b9a1e00865d0e3bfa8535bceb1e7191e1171637",
            "content_sha256": "31ece50747ddac098b5f4e20adb895790e2daa8f65aa5f1aff186fbdd9b0f072",
            "content_sha512": "491f480db187fcf321c7510a99222af018dc02133f02fae0f513d8bd79913c01ba725320977a2e077796c9e1b66bbdc0221b2f37fcb32f9cdc19357081e39105",
            "directory_permission": "0777",
            "file_permission": "0777",
            "filename": "../individual-workspaces/ws-0465/main.tf",
            "id": "7b9a1e00865d0e3bfa8535bceb1e7191e1171637",
            "sensitive_content": null,
            "source": null
          },
          "sensitive_attributes": []
        },
        {
          "index_key": 466,
          "schema_version": 0,
          "attributes": {
            "content": "#\n# Autogenerated by Terraform\n# https://github.com/hashi-strawb/tfc-monorepo-test/blob/main/repo_dirs/main.tf\n#\n\nmodule \"pet\" {\n  source = \"../../modules/random\"\n}\n",
            "content_base64": null,
            "content_base64sha256": "MezlB0fdrAmLX04grbiVeQ4tqo9lql8a/xhvvdmw8HI=",
            "content_base64sha512": "SR9IDbGH/PMhx1EKmSIq8BjcAhM/Avrg9RPYvXmRPAG6clMgl3ouB3eWyeG2a73AIhsvN/yzL5zcGTVwgeORBQ==",
            "content_md5": "3d0f588742e923989b4538f3a51644d0",
            "content_sha1": "7b9a1e00865d0e3bfa8535bceb1e7191e1171637",
            "content_sha256": "31ece50747ddac098b5f4e20adb895790e2daa8f65aa5f1aff186fbdd9b0f072",
            "content_sha512": "491f480db187fcf321c7510a99222af018dc02133f02fae0f513d8bd79913c01ba725320977a2e077796c9e1b66bbdc0221b2f37fcb32f9cdc19357081e39105",
            "directory_permission": "0777",
            "file_permission": "0777",
            "filename": "../individual-workspaces/ws-0466/main.tf",
            "id": "7b9a1e00865d0e3bfa8535bceb1e7191e1171637",
            "sensitive_content": null,
            "source": null
          },
          "sensitive_attributes": []
        },
        {
          "index_key": 467,
          "schema_version": 0,
          "attributes": {
            "content": "#\n# Autogenerated by Terraform\n# https://github.com/hashi-strawb/tfc-monorepo-test/blob/main/repo_dirs/main.tf\n#\n\nmodule \"pet\" {\n  source = \"../../modules/random\"\n}\n",
            "content_base64": null,
            "content_base64sha256": "MezlB0fdrAmLX04grbiVeQ4tqo9lql8a/xhvvdmw8HI=",
            "content_base64sha512": "SR9IDbGH/PMhx1EKmSIq8BjcAhM/Avrg9RPYvXmRPAG6clMgl3ouB3eWyeG2a73AIhsvN/yzL5zcGTVwgeORBQ==",
            "content_md5": "3d0f588742e923989b4538f3a51644d0",
            "content_sha1": "7b9a1e00865d0e3bfa8535bceb1e7191e1171637",
            "content_sha256": "31ece50747ddac098b5f4e20adb895790e2daa8f65aa5f1aff186fbdd9b0f072",
            "content_sha512": "491f480db187fcf321c7510a99222af018dc02133f02fae0f513d8bd79913c01ba725320977a2e077796c9e1b66bbdc0221b2f37fcb32f9cdc19357081e39105",
            "directory_permission": "0777",
            "file_permission": "0777",
            "filename": "../individual-workspaces/ws-0467/main.tf",
            "id": "7b9a1e00865d0e3bfa8535bceb1e7191e1171637",
            "sensitive_content": null,
            "source": null
          },
          "sensitive_attributes": []
        },
        {
          "index_key": 468,
          "schema_version": 0,
          "attributes": {
            "content": "#\n# Autogenerated by Terraform\n# https://github.com/hashi-strawb/tfc-monorepo-test/blob/main/repo_dirs/main.tf\n#\n\nmodule \"pet\" {\n  source = \"../../modules/random\"\n}\n",
            "content_base64": null,
            "content_base64sha256": "MezlB0fdrAmLX04grbiVeQ4tqo9lql8a/xhvvdmw8HI=",
            "content_base64sha512": "SR9IDbGH/PMhx1EKmSIq8BjcAhM/Avrg9RPYvXmRPAG6clMgl3ouB3eWyeG2a73AIhsvN/yzL5zcGTVwgeORBQ==",
            "content_md5": "3d0f588742e923989b4538f3a51644d0",
            "content_sha1": "7b9a1e00865d0e3bfa8535bceb1e7191e1171637",
            "content_sha256": "31ece50747ddac098b5f4e20adb895790e2daa8f65aa5f1aff186fbdd9b0f072",
            "content_sha512": "491f480db187fcf321c7510a99222af018dc02133f02fae0f513d8bd79913c01ba725320977a2e077796c9e1b66bbdc0221b2f37fcb32f9cdc19357081e39105",
            "directory_permission": "0777",
            "file_permission": "0777",
            "filename": "../individual-workspaces/ws-0468/main.tf",
            "id": "7b9a1e00865d0e3bfa8535bceb1e7191e1171637",
            "sensitive_content": null,
            "source": null
          },
          "sensitive_attributes": []
        },
        {
          "index_key": 469,
          "schema_version": 0,
          "attributes": {
            "content": "#\n# Autogenerated by Terraform\n# https://github.com/hashi-strawb/tfc-monorepo-test/blob/main/repo_dirs/main.tf\n#\n\nmodule \"pet\" {\n  source = \"../../modules/random\"\n}\n",
            "content_base64": null,
            "content_base64sha256": "MezlB0fdrAmLX04grbiVeQ4tqo9lql8a/xhvvdmw8HI=",
            "content_base64sha512": "SR9IDbGH/PMhx1EKmSIq8BjcAhM/Avrg9RPYvXmRPAG6clMgl3ouB3eWyeG2a73AIhsvN/yzL5zcGTVwgeORBQ==",
            "content_md5": "3d0f588742e923989b4538f3a51644d0",
            "content_sha1": "7b9a1e00865d0e3bfa8535bceb1e7191e1171637",
            "content_sha256": "31ece50747ddac098b5f4e20adb895790e2daa8f65aa5f1aff186fbdd9b0f072",
            "content_sha512": "491f480db187fcf321c7510a99222af018dc02133f02fae0f513d8bd79913c01ba725320977a2e077796c9e1b66bbdc0221b2f37fcb32f9cdc19357081e39105",
            "directory_permission": "0777",
            "file_permission": "0777",
            "filename": "../individual-workspaces/ws-0469/main.tf",
            "id": "7b9a1e00865d0e3bfa8535bceb1e7191e1171637",
            "sensitive_content": null,
            "source": null
          },
          "sensitive_attributes": []
        },
        {
          "index_key": 470,
          "schema_version": 0,
          "attributes": {
            "content": "#\n# Autogenerated by Terraform\n# https://github.com/hashi-strawb/tfc-monorepo-test/blob/main/repo_dirs/main.tf\n#\n\nmodule \"pet\" {\n  source = \"../../modules/random\"\n}\n",
            "content_base64": null,
            "content_base64sha256": "MezlB0fdrAmLX04grbiVeQ4tqo9lql8a/xhvvdmw8HI=",
            "content_base64sha512": "SR9IDbGH/PMhx1EKmSIq8BjcAhM/Avrg9RPYvXmRPAG6clMgl3ouB3eWyeG2a73AIhsvN/yzL5zcGTVwgeORBQ==",
            "content_md5": "3d0f588742e923989b4538f3a51644d0",
            "content_sha1": "7b9a1e00865d0e3bfa8535bceb1e7191e1171637",
            "content_sha256": "31ece50747ddac098b5f4e20adb895790e2daa8f65aa5f1aff186fbdd9b0f072",
            "content_sha512": "491f480db187fcf321c7510a99222af018dc02133f02fae0f513d8bd79913c01ba725320977a2e077796c9e1b66bbdc0221b2f37fcb32f9cdc19357081e39105",
            "directory_permission": "0777",
            "file_permission": "0777",
            "filename": "../individual-workspaces/ws-0470/main.tf",
            "id": "7b9a1e00865d0e3bfa8535bceb1e7191e1171637",
            "sensitive_content": null,
            "source": null
          },
          "sensitive_attributes": []
        },
        {
          "index_key": 471,
          "schema_version": 0,
          "attributes": {
            "content": "#\n# Autogenerated by Terraform\n# https://github.com/hashi-strawb/tfc-monorepo-test/blob/main/repo_dirs/main.tf\n#\n\nmodule \"pet\" {\n  source = \"../../modules/random\"\n}\n",
            "content_base64": null,
            "content_base64sha256": "MezlB0fdrAmLX04grbiVeQ4tqo9lql8a/xhvvdmw8HI=",
            "content_base64sha512": "SR9IDbGH/PMhx1EKmSIq8BjcAhM/Avrg9RPYvXmRPAG6clMgl3ouB3eWyeG2a73AIhsvN/yzL5zcGTVwgeORBQ==",
            "content_md5": "3d0f588742e923989b4538f3a51644d0",
            "content_sha1": "7b9a1e00865d0e3bfa8535bceb1e7191e1171637",
            "content_sha256": "31ece50747ddac098b5f4e20adb895790e2daa8f65aa5f1aff186fbdd9b0f072",
            "content_sha512": "491f480db187fcf321c7510a99222af018dc02133f02fae0f513d8bd79913c01ba725320977a2e077796c9e1b66bbdc0221b2f37fcb32f9cdc19357081e39105",
            "directory_permission": "0777",
            "file_permission": "0777",
            "filename": "../individual-workspaces/ws-0471/main.tf",
            "id": "7b9a1e00865d0e3bfa8535bceb1e7191e1171637",
            "sensitive_content": null,
            "source": null
          },
          "sensitive_attributes": []
        },
        {
          "index_key": 472,
          "schema_version": 0,
          "attributes": {
            "content": "#\n# Autogenerated by Terraform\n# https://github.com/hashi-strawb/tfc-monorepo-test/blob/main/repo_dirs/main.tf\n#\n\nmodule \"pet\" {\n  source = \"../../modules/random\"\n}\n",
            "content_base64": null,
            "content_base64sha256": "MezlB0fdrAmLX04grbiVeQ4tqo9lql8a/xhvvdmw8HI=",
            "content_base64sha512": "SR9IDbGH/PMhx1EKmSIq8BjcAhM/Avrg9RPYvXmRPAG6clMgl3ouB3eWyeG2a73AIhsvN/yzL5zcGTVwgeORBQ==",
            "content_md5": "3d0f588742e923989b4538f3a51644d0",
            "content_sha1": "7b9a1e00865d0e3bfa8535bceb1e7191e1171637",
            "content_sha256": "31ece50747ddac098b5f4e20adb895790e2daa8f65aa5f1aff186fbdd9b0f072",
            "content_sha512": "491f480db187fcf321c7510a99222af018dc02133f02fae0f513d8bd79913c01ba725320977a2e077796c9e1b66bbdc0221b2f37fcb32f9cdc19357081e39105",
            "directory_permission": "0777",
            "file_permission": "0777",
            "filename": "../individual-workspaces/ws-0472/main.tf",
            "id": "7b9a1e00865d0e3bfa8535bceb1e7191e1171637",
            "sensitive_content": null,
            "source": null
          },
          "sensitive_attributes": []
        },
        {
          "index_key": 473,
          "schema_version": 0,
          "attributes": {
            "content": "#\n# Autogenerated by Terraform\n# https://github.com/hashi-strawb/tfc-monorepo-test/blob/main/repo_dirs/main.tf\n#\n\nmodule \"pet\" {\n  source = \"../../modules/random\"\n}\n",
            "content_base64": null,
            "content_base64sha256": "MezlB0fdrAmLX04grbiVeQ4tqo9lql8a/xhvvdmw8HI=",
            "content_base64sha512": "SR9IDbGH/PMhx1EKmSIq8BjcAhM/Avrg9RPYvXmRPAG6clMgl3ouB3eWyeG2a73AIhsvN/yzL5zcGTVwgeORBQ==",
            "content_md5": "3d0f588742e923989b4538f3a51644d0",
            "content_sha1": "7b9a1e00865d0e3bfa8535bceb1e7191e1171637",
            "content_sha256": "31ece50747ddac098b5f4e20adb895790e2daa8f65aa5f1aff186fbdd9b0f072",
            "content_sha512": "491f480db187fcf321c7510a99222af018dc02133f02fae0f513d8bd79913c01ba725320977a2e077796c9e1b66bbdc0221b2f37fcb32f9cdc19357081e39105",
            "directory_permission": "0777",
            "file_permission": "0777",
            "filename": "../individual-workspaces/ws-0473/main.tf",
            "id": "7b9a1e00865d0e3bfa8535bceb1e7191e1171637",
            "sensitive_content": null,
            "source": null
          },
          "sensitive_attributes": []
        },
        {
          "index_key": 474,
          "schema_version": 0,
          "attributes": {
            "content": "#\n# Autogenerated by Terraform\n# https://github.com/hashi-strawb/tfc-monorepo-test/blob/main/repo_dirs/main.tf\n#\n\nmodule \"pet\" {\n  source = \"../../modules/random\"\n}\n",
            "content_base64": null,
            "content_base64sha256": "MezlB0fdrAmLX04grbiVeQ4tqo9lql8a/xhvvdmw8HI=",
            "content_base64sha512": "SR9IDbGH/PMhx1EKmSIq8BjcAhM/Avrg9RPYvXmRPAG6clMgl3ouB3eWyeG2a73AIhsvN/yzL5zcGTVwgeORBQ==",
            "content_md5": "3d0f588742e923989b4538f3a51644d0",
            "content_sha1": "7b9a1e00865d0e3bfa8535bceb1e7191e1171637",
            "content_sha256": "31ece50747ddac098b5f4e20adb895790e2daa8f65aa5f1aff186fbdd9b0f072",
            "content_sha512": "491f480db187fcf321c7510a99222af018dc02133f02fae0f513d8bd79913c01ba725320977a2e077796c9e1b66bbdc0221b2f37fcb32f9cdc19357081e39105",
            "directory_permission": "0777",
            "file_permission": "0777",
            "filename": "../individual-workspaces/ws-0474/main.tf",
            "id": "7b9a1e00865d0e3bfa8535bceb1e7191e1171637",
            "sensitive_content": null,
            "source": null
          },
          "sensitive_attributes": []
        },
        {
          "index_key": 475,
          "schema_version": 0,
          "attributes": {
            "content": "#\n# Autogenerated by Terraform\n# https://github.com/hashi-strawb/tfc-monorepo-test/blob/main/repo_dirs/main.tf\n#\n\nmodule \"pet\" {\n  source = \"../../modules/random\"\n}\n",
            "content_base64": null,
            "content_base64sha256": "MezlB0fdrAmLX04grbiVeQ4tqo9lql8a/xhvvdmw8HI=",
            "content_base64sha512": "SR9IDbGH/PMhx1EKmSIq8BjcAhM/Avrg9RPYvXmRPAG6clMgl3ouB3eWyeG2a73AIhsvN/yzL5zcGTVwgeORBQ==",
            "content_md5": "3d0f588742e923989b4538f3a51644d0",
            "content_sha1": "7b9a1e00865d0e3bfa8535bceb1e7191e1171637",
            "content_sha256": "31ece50747ddac098b5f4e20adb895790e2daa8f65aa5f1aff186fbdd9b0f072",
            "content_sha512": "491f480db187fcf321c7510a99222af018dc02133f02fae0f513d8bd79913c01ba725320977a2e077796c9e1b66bbdc0221b2f37fcb32f9cdc19357081e39105",
            "directory_permission": "0777",
            "file_permission": "0777",
            "filename": "../individual-workspaces/ws-0475/main.tf",
            "id": "7b9a1e00865d0e3bfa8535bceb1e7191e1171637",
            "sensitive_content": null,
            "source": null
          },
          "sensitive_attributes": []
        },
        {
          "index_key": 476,
          "schema_version": 0,
          "attributes": {
            "content": "#\n# Autogenerated by Terraform\n# https://github.com/hashi-strawb/tfc-monorepo-test/blob/main/repo_dirs/main.tf\n#\n\nmodule \"pet\" {\n  source = \"../../modules/random\"\n}\n",
            "content_base64": null,
            "content_base64sha256": "MezlB0fdrAmLX04grbiVeQ4tqo9lql8a/xhvvdmw8HI=",
            "content_base64sha512": "SR9IDbGH/PMhx1EKmSIq8BjcAhM/Avrg9RPYvXmRPAG6clMgl3ouB3eWyeG2a73AIhsvN/yzL5zcGTVwgeORBQ==",
            "content_md5": "3d0f588742e923989b4538f3a51644d0",
            "content_sha1": "7b9a1e00865d0e3bfa8535bceb1e7191e1171637",
            "content_sha256": "31ece50747ddac098b5f4e20adb895790e2daa8f65aa5f1aff186fbdd9b0f072",
            "content_sha512": "491f480db187fcf321c7510a99222af018dc02133f02fae0f513d8bd79913c01ba725320977a2e077796c9e1b66bbdc0221b2f37fcb32f9cdc19357081e39105",
            "directory_permission": "0777",
            "file_permission": "0777",
            "filename": "../individual-workspaces/ws-0476/main.tf",
            "id": "7b9a1e00865d0e3bfa8535bceb1e7191e1171637",
            "sensitive_content": null,
            "source": null
          },
          "sensitive_attributes": []
        },
        {
          "index_key": 477,
          "schema_version": 0,
          "attributes": {
            "content": "#\n# Autogenerated by Terraform\n# https://github.com/hashi-strawb/tfc-monorepo-test/blob/main/repo_dirs/main.tf\n#\n\nmodule \"pet\" {\n  source = \"../../modules/random\"\n}\n",
            "content_base64": null,
            "content_base64sha256": "MezlB0fdrAmLX04grbiVeQ4tqo9lql8a/xhvvdmw8HI=",
            "content_base64sha512": "SR9IDbGH/PMhx1EKmSIq8BjcAhM/Avrg9RPYvXmRPAG6clMgl3ouB3eWyeG2a73AIhsvN/yzL5zcGTVwgeORBQ==",
            "content_md5": "3d0f588742e923989b4538f3a51644d0",
            "content_sha1": "7b9a1e00865d0e3bfa8535bceb1e7191e1171637",
            "content_sha256": "31ece50747ddac098b5f4e20adb895790e2daa8f65aa5f1aff186fbdd9b0f072",
            "content_sha512": "491f480db187fcf321c7510a99222af018dc02133f02fae0f513d8bd79913c01ba725320977a2e077796c9e1b66bbdc0221b2f37fcb32f9cdc19357081e39105",
            "directory_permission": "0777",
            "file_permission": "0777",
            "filename": "../individual-workspaces/ws-0477/main.tf",
            "id": "7b9a1e00865d0e3bfa8535bceb1e7191e1171637",
            "sensitive_content": null,
            "source": null
          },
          "sensitive_attributes": []
        },
        {
          "index_key": 478,
          "schema_version": 0,
          "attributes": {
            "content": "#\n# Autogenerated by Terraform\n# https://github.com/hashi-strawb/tfc-monorepo-test/blob/main/repo_dirs/main.tf\n#\n\nmodule \"pet\" {\n  source = \"../../modules/random\"\n}\n",
            "content_base64": null,
            "content_base64sha256": "MezlB0fdrAmLX04grbiVeQ4tqo9lql8a/xhvvdmw8HI=",
            "content_base64sha512": "SR9IDbGH/PMhx1EKmSIq8BjcAhM/Avrg9RPYvXmRPAG6clMgl3ouB3eWyeG2a73AIhsvN/yzL5zcGTVwgeORBQ==",
            "content_md5": "3d0f588742e923989b4538f3a51644d0",
            "content_sha1": "7b9a1e00865d0e3bfa8535bceb1e7191e1171637",
            "content_sha256": "31ece50747ddac098b5f4e20adb895790e2daa8f65aa5f1aff186fbdd9b0f072",
            "content_sha512": "491f480db187fcf321c7510a99222af018dc02133f02fae0f513d8bd79913c01ba725320977a2e077796c9e1b66bbdc0221b2f37fcb32f9cdc19357081e39105",
            "directory_permission": "0777",
            "file_permission": "0777",
            "filename": "../individual-workspaces/ws-0478/main.tf",
            "id": "7b9a1e00865d0e3bfa8535bceb1e7191e1171637",
            "sensitive_content": null,
            "source": null
          },
          "sensitive_attributes": []
        },
        {
          "index_key": 479,
          "schema_version": 0,
          "attributes": {
            "content": "#\n# Autogenerated by Terraform\n# https://github.com/hashi-strawb/tfc-monorepo-test/blob/main/repo_dirs/main.tf\n#\n\nmodule \"pet\" {\n  source = \"../../modules/random\"\n}\n",
            "content_base64": null,
            "content_base64sha256": "MezlB0fdrAmLX04grbiVeQ4tqo9lql8a/xhvvdmw8HI=",
            "content_base64sha512": "SR9IDbGH/PMhx1EKmSIq8BjcAhM/Avrg9RPYvXmRPAG6clMgl3ouB3eWyeG2a73AIhsvN/yzL5zcGTVwgeORBQ==",
            "content_md5": "3d0f588742e923989b4538f3a51644d0",
            "content_sha1": "7b9a1e00865d0e3bfa8535bceb1e7191e1171637",
            "content_sha256": "31ece50747ddac098b5f4e20adb895790e2daa8f65aa5f1aff186fbdd9b0f072",
            "content_sha512": "491f480db187fcf321c7510a99222af018dc02133f02fae0f513d8bd79913c01ba725320977a2e077796c9e1b66bbdc0221b2f37fcb32f9cdc19357081e39105",
            "directory_permission": "0777",
            "file_permission": "0777",
            "filename": "../individual-workspaces/ws-0479/main.tf",
            "id": "7b9a1e00865d0e3bfa8535bceb1e7191e1171637",
            "sensitive_content": null,
            "source": null
          },
          "sensitive_attributes": []
        },
        {
          "index_key": 480,
          "schema_version": 0,
          "attributes": {
            "content": "#\n# Autogenerated by Terraform\n# https://github.com/hashi-strawb/tfc-monorepo-test/blob/main/repo_dirs/main.tf\n#\n\nmodule \"pet\" {\n  source = \"../../modules/random\"\n}\n",
            "content_base64": null,
            "content_base64sha256": "MezlB0fdrAmLX04grbiVeQ4tqo9lql8a/xhvvdmw8HI=",
            "content_base64sha512": "SR9IDbGH/PMhx1EKmSIq8BjcAhM/Avrg9RPYvXmRPAG6clMgl3ouB3eWyeG2a73AIhsvN/yzL5zcGTVwgeORBQ==",
            "content_md5": "3d0f588742e923989b4538f3a51644d0",
            "content_sha1": "7b9a1e00865d0e3bfa8535bceb1e7191e1171637",
            "content_sha256": "31ece50747ddac098b5f4e20adb895790e2daa8f65aa5f1aff186fbdd9b0f072",
            "content_sha512": "491f480db187fcf321c7510a99222af018dc02133f02fae0f513d8bd79913c01ba725320977a2e077796c9e1b66bbdc0221b2f37fcb32f9cdc19357081e39105",
            "directory_permission": "0777",
            "file_permission": "0777",
            "filename": "../individual-workspaces/ws-0480/main.tf",
            "id": "7b9a1e00865d0e3bfa8535bceb1e7191e1171637",
            "sensitive_content": null,
            "source": null
          },
          "sensitive_attributes": []
        },
        {
          "index_key": 481,
          "schema_version": 0,
          "attributes": {
            "content": "#\n# Autogenerated by Terraform\n# https://github.com/hashi-strawb/tfc-monorepo-test/blob/main/repo_dirs/main.tf\n#\n\nmodule \"pet\" {\n  source = \"../../modules/random\"\n}\n",
            "content_base64": null,
            "content_base64sha256": "MezlB0fdrAmLX04grbiVeQ4tqo9lql8a/xhvvdmw8HI=",
            "content_base64sha512": "SR9IDbGH/PMhx1EKmSIq8BjcAhM/Avrg9RPYvXmRPAG6clMgl3ouB3eWyeG2a73AIhsvN/yzL5zcGTVwgeORBQ==",
            "content_md5": "3d0f588742e923989b4538f3a51644d0",
            "content_sha1": "7b9a1e00865d0e3bfa8535bceb1e7191e1171637",
            "content_sha256": "31ece50747ddac098b5f4e20adb895790e2daa8f65aa5f1aff186fbdd9b0f072",
            "content_sha512": "491f480db187fcf321c7510a99222af018dc02133f02fae0f513d8bd79913c01ba725320977a2e077796c9e1b66bbdc0221b2f37fcb32f9cdc19357081e39105",
            "directory_permission": "0777",
            "file_permission": "0777",
            "filename": "../individual-workspaces/ws-0481/main.tf",
            "id": "7b9a1e00865d0e3bfa8535bceb1e7191e1171637",
            "sensitive_content": null,
            "source": null
          },
          "sensitive_attributes": []
        },
        {
          "index_key": 482,
          "schema_version": 0,
          "attributes": {
            "content": "#\n# Autogenerated by Terraform\n# https://github.com/hashi-strawb/tfc-monorepo-test/blob/main/repo_dirs/main.tf\n#\n\nmodule \"pet\" {\n  source = \"../../modules/random\"\n}\n",
            "content_base64": null,
            "content_base64sha256": "MezlB0fdrAmLX04grbiVeQ4tqo9lql8a/xhvvdmw8HI=",
            "content_base64sha512": "SR9IDbGH/PMhx1EKmSIq8BjcAhM/Avrg9RPYvXmRPAG6clMgl3ouB3eWyeG2a73AIhsvN/yzL5zcGTVwgeORBQ==",
            "content_md5": "3d0f588742e923989b4538f3a51644d0",
            "content_sha1": "7b9a1e00865d0e3bfa8535bceb1e7191e1171637",
            "content_sha256": "31ece50747ddac098b5f4e20adb895790e2daa8f65aa5f1aff186fbdd9b0f072",
            "content_sha512": "491f480db187fcf321c7510a99222af018dc02133f02fae0f513d8bd79913c01ba725320977a2e077796c9e1b66bbdc0221b2f37fcb32f9cdc19357081e39105",
            "directory_permission": "0777",
            "file_permission": "0777",
            "filename": "../individual-workspaces/ws-0482/main.tf",
            "id": "7b9a1e00865d0e3bfa8535bceb1e7191e1171637",
            "sensitive_content": null,
            "source": null
          },
          "sensitive_attributes": []
        },
        {
          "index_key": 483,
          "schema_version": 0,
          "attributes": {
            "content": "#\n# Autogenerated by Terraform\n# https://github.com/hashi-strawb/tfc-monorepo-test/blob/main/repo_dirs/main.tf\n#\n\nmodule \"pet\" {\n  source = \"../../modules/random\"\n}\n",
            "content_base64": null,
            "content_base64sha256": "MezlB0fdrAmLX04grbiVeQ4tqo9lql8a/xhvvdmw8HI=",
            "content_base64sha512": "SR9IDbGH/PMhx1EKmSIq8BjcAhM/Avrg9RPYvXmRPAG6clMgl3ouB3eWyeG2a73AIhsvN/yzL5zcGTVwgeORBQ==",
            "content_md5": "3d0f588742e923989b4538f3a51644d0",
            "content_sha1": "7b9a1e00865d0e3bfa8535bceb1e7191e1171637",
            "content_sha256": "31ece50747ddac098b5f4e20adb895790e2daa8f65aa5f1aff186fbdd9b0f072",
            "content_sha512": "491f480db187fcf321c7510a99222af018dc02133f02fae0f513d8bd79913c01ba725320977a2e077796c9e1b66bbdc0221b2f37fcb32f9cdc19357081e39105",
            "directory_permission": "0777",
            "file_permission": "0777",
            "filename": "../individual-workspaces/ws-0483/main.tf",
            "id": "7b9a1e00865d0e3bfa8535bceb1e7191e1171637",
            "sensitive_content": null,
            "source": null
          },
          "sensitive_attributes": []
        },
        {
          "index_key": 484,
          "schema_version": 0,
          "attributes": {
            "content": "#\n# Autogenerated by Terraform\n# https://github.com/hashi-strawb/tfc-monorepo-test/blob/main/repo_dirs/main.tf\n#\n\nmodule \"pet\" {\n  source = \"../../modules/random\"\n}\n",
            "content_base64": null,
            "content_base64sha256": "MezlB0fdrAmLX04grbiVeQ4tqo9lql8a/xhvvdmw8HI=",
            "content_base64sha512": "SR9IDbGH/PMhx1EKmSIq8BjcAhM/Avrg9RPYvXmRPAG6clMgl3ouB3eWyeG2a73AIhsvN/yzL5zcGTVwgeORBQ==",
            "content_md5": "3d0f588742e923989b4538f3a51644d0",
            "content_sha1": "7b9a1e00865d0e3bfa8535bceb1e7191e1171637",
            "content_sha256": "31ece50747ddac098b5f4e20adb895790e2daa8f65aa5f1aff186fbdd9b0f072",
            "content_sha512": "491f480db187fcf321c7510a99222af018dc02133f02fae0f513d8bd79913c01ba725320977a2e077796c9e1b66bbdc0221b2f37fcb32f9cdc19357081e39105",
            "directory_permission": "0777",
            "file_permission": "0777",
            "filename": "../individual-workspaces/ws-0484/main.tf",
            "id": "7b9a1e00865d0e3bfa8535bceb1e7191e1171637",
            "sensitive_content": null,
            "source": null
          },
          "sensitive_attributes": []
        },
        {
          "index_key": 485,
          "schema_version": 0,
          "attributes": {
            "content": "#\n# Autogenerated by Terraform\n# https://github.com/hashi-strawb/tfc-monorepo-test/blob/main/repo_dirs/main.tf\n#\n\nmodule \"pet\" {\n  source = \"../../modules/random\"\n}\n",
            "content_base64": null,
            "content_base64sha256": "MezlB0fdrAmLX04grbiVeQ4tqo9lql8a/xhvvdmw8HI=",
            "content_base64sha512": "SR9IDbGH/PMhx1EKmSIq8BjcAhM/Avrg9RPYvXmRPAG6clMgl3ouB3eWyeG2a73AIhsvN/yzL5zcGTVwgeORBQ==",
            "content_md5": "3d0f588742e923989b4538f3a51644d0",
            "content_sha1": "7b9a1e00865d0e3bfa8535bceb1e7191e1171637",
            "content_sha256": "31ece50747ddac098b5f4e20adb895790e2daa8f65aa5f1aff186fbdd9b0f072",
            "content_sha512": "491f480db187fcf321c7510a99222af018dc02133f02fae0f513d8bd79913c01ba725320977a2e077796c9e1b66bbdc0221b2f37fcb32f9cdc19357081e39105",
            "directory_permission": "0777",
            "file_permission": "0777",
            "filename": "../individual-workspaces/ws-0485/main.tf",
            "id": "7b9a1e00865d0e3bfa8535bceb1e7191e1171637",
            "sensitive_content": null,
            "source": null
          },
          "sensitive_attributes": []
        },
        {
          "index_key": 486,
          "schema_version": 0,
          "attributes": {
            "content": "#\n# Autogenerated by Terraform\n# https://github.com/hashi-strawb/tfc-monorepo-test/blob/main/repo_dirs/main.tf\n#\n\nmodule \"pet\" {\n  source = \"../../modules/random\"\n}\n",
            "content_base64": null,
            "content_base64sha256": "MezlB0fdrAmLX04grbiVeQ4tqo9lql8a/xhvvdmw8HI=",
            "content_base64sha512": "SR9IDbGH/PMhx1EKmSIq8BjcAhM/Avrg9RPYvXmRPAG6clMgl3ouB3eWyeG2a73AIhsvN/yzL5zcGTVwgeORBQ==",
            "content_md5": "3d0f588742e923989b4538f3a51644d0",
            "content_sha1": "7b9a1e00865d0e3bfa8535bceb1e7191e1171637",
            "content_sha256": "31ece50747ddac098b5f4e20adb895790e2daa8f65aa5f1aff186fbdd9b0f072",
            "content_sha512": "491f480db187fcf321c7510a99222af018dc02133f02fae0f513d8bd79913c01ba725320977a2e077796c9e1b66bbdc0221b2f37fcb32f9cdc19357081e39105",
            "directory_permission": "0777",
            "file_permission": "0777",
            "filename": "../individual-workspaces/ws-0486/main.tf",
            "id": "7b9a1e00865d0e3bfa8535bceb1e7191e1171637",
            "sensitive_content": null,
            "source": null
          },
          "sensitive_attributes": []
        },
        {
          "index_key": 487,
          "schema_version": 0,
          "attributes": {
            "content": "#\n# Autogenerated by Terraform\n# https://github.com/hashi-strawb/tfc-monorepo-test/blob/main/repo_dirs/main.tf\n#\n\nmodule \"pet\" {\n  source = \"../../modules/random\"\n}\n",
            "content_base64": null,
            "content_base64sha256": "MezlB0fdrAmLX04grbiVeQ4tqo9lql8a/xhvvdmw8HI=",
            "content_base64sha512": "SR9IDbGH/PMhx1EKmSIq8BjcAhM/Avrg9RPYvXmRPAG6clMgl3ouB3eWyeG2a73AIhsvN/yzL5zcGTVwgeORBQ==",
            "content_md5": "3d0f588742e923989b4538f3a51644d0",
            "content_sha1": "7b9a1e00865d0e3bfa8535bceb1e7191e1171637",
            "content_sha256": "31ece50747ddac098b5f4e20adb895790e2daa8f65aa5f1aff186fbdd9b0f072",
            "content_sha512": "491f480db187fcf321c7510a99222af018dc02133f02fae0f513d8bd79913c01ba725320977a2e077796c9e1b66bbdc0221b2f37fcb32f9cdc19357081e39105",
            "directory_permission": "0777",
            "file_permission": "0777",
            "filename": "../individual-workspaces/ws-0487/main.tf",
            "id": "7b9a1e00865d0e3bfa8535bceb1e7191e1171637",
            "sensitive_content": null,
            "source": null
          },
          "sensitive_attributes": []
        },
        {
          "index_key": 488,
          "schema_version": 0,
          "attributes": {
            "content": "#\n# Autogenerated by Terraform\n# https://github.com/hashi-strawb/tfc-monorepo-test/blob/main/repo_dirs/main.tf\n#\n\nmodule \"pet\" {\n  source = \"../../modules/random\"\n}\n",
            "content_base64": null,
            "content_base64sha256": "MezlB0fdrAmLX04grbiVeQ4tqo9lql8a/xhvvdmw8HI=",
            "content_base64sha512": "SR9IDbGH/PMhx1EKmSIq8BjcAhM/Avrg9RPYvXmRPAG6clMgl3ouB3eWyeG2a73AIhsvN/yzL5zcGTVwgeORBQ==",
            "content_md5": "3d0f588742e923989b4538f3a51644d0",
            "content_sha1": "7b9a1e00865d0e3bfa8535bceb1e7191e1171637",
            "content_sha256": "31ece50747ddac098b5f4e20adb895790e2daa8f65aa5f1aff186fbdd9b0f072",
            "content_sha512": "491f480db187fcf321c7510a99222af018dc02133f02fae0f513d8bd79913c01ba725320977a2e077796c9e1b66bbdc0221b2f37fcb32f9cdc19357081e39105",
            "directory_permission": "0777",
            "file_permission": "0777",
            "filename": "../individual-workspaces/ws-0488/main.tf",
            "id": "7b9a1e00865d0e3bfa8535bceb1e7191e1171637",
            "sensitive_content": null,
            "source": null
          },
          "sensitive_attributes": []
        },
        {
          "index_key": 489,
          "schema_version": 0,
          "attributes": {
            "content": "#\n# Autogenerated by Terraform\n# https://github.com/hashi-strawb/tfc-monorepo-test/blob/main/repo_dirs/main.tf\n#\n\nmodule \"pet\" {\n  source = \"../../modules/random\"\n}\n",
            "content_base64": null,
            "content_base64sha256": "MezlB0fdrAmLX04grbiVeQ4tqo9lql8a/xhvvdmw8HI=",
            "content_base64sha512": "SR9IDbGH/PMhx1EKmSIq8BjcAhM/Avrg9RPYvXmRPAG6clMgl3ouB3eWyeG2a73AIhsvN/yzL5zcGTVwgeORBQ==",
            "content_md5": "3d0f588742e923989b4538f3a51644d0",
            "content_sha1": "7b9a1e00865d0e3bfa8535bceb1e7191e1171637",
            "content_sha256": "31ece50747ddac098b5f4e20adb895790e2daa8f65aa5f1aff186fbdd9b0f072",
            "content_sha512": "491f480db187fcf321c7510a99222af018dc02133f02fae0f513d8bd79913c01ba725320977a2e077796c9e1b66bbdc0221b2f37fcb32f9cdc19357081e39105",
            "directory_permission": "0777",
            "file_permission": "0777",
            "filename": "../individual-workspaces/ws-0489/main.tf",
            "id": "7b9a1e00865d0e3bfa8535bceb1e7191e1171637",
            "sensitive_content": null,
            "source": null
          },
          "sensitive_attributes": []
        },
        {
          "index_key": 490,
          "schema_version": 0,
          "attributes": {
            "content": "#\n# Autogenerated by Terraform\n# https://github.com/hashi-strawb/tfc-monorepo-test/blob/main/repo_dirs/main.tf\n#\n\nmodule \"pet\" {\n  source = \"../../modules/random\"\n}\n",
            "content_base64": null,
            "content_base64sha256": "MezlB0fdrAmLX04grbiVeQ4tqo9lql8a/xhvvdmw8HI=",
            "content_base64sha512": "SR9IDbGH/PMhx1EKmSIq8BjcAhM/Avrg9RPYvXmRPAG6clMgl3ouB3eWyeG2a73AIhsvN/yzL5zcGTVwgeORBQ==",
            "content_md5": "3d0f588742e923989b4538f3a51644d0",
            "content_sha1": "7b9a1e00865d0e3bfa8535bceb1e7191e1171637",
            "content_sha256": "31ece50747ddac098b5f4e20adb895790e2daa8f65aa5f1aff186fbdd9b0f072",
            "content_sha512": "491f480db187fcf321c7510a99222af018dc02133f02fae0f513d8bd79913c01ba725320977a2e077796c9e1b66bbdc0221b2f37fcb32f9cdc19357081e39105",
            "directory_permission": "0777",
            "file_permission": "0777",
            "filename": "../individual-workspaces/ws-0490/main.tf",
            "id": "7b9a1e00865d0e3bfa8535bceb1e7191e1171637",
            "sensitive_content": null,
            "source": null
          },
          "sensitive_attributes": []
        },
        {
          "index_key": 491,
          "schema_version": 0,
          "attributes": {
            "content": "#\n# Autogenerated by Terraform\n# https://github.com/hashi-strawb/tfc-monorepo-test/blob/main/repo_dirs/main.tf\n#\n\nmodule \"pet\" {\n  source = \"../../modules/random\"\n}\n",
            "content_base64": null,
            "content_base64sha256": "MezlB0fdrAmLX04grbiVeQ4tqo9lql8a/xhvvdmw8HI=",
            "content_base64sha512": "SR9IDbGH/PMhx1EKmSIq8BjcAhM/Avrg9RPYvXmRPAG6clMgl3ouB3eWyeG2a73AIhsvN/yzL5zcGTVwgeORBQ==",
            "content_md5": "3d0f588742e923989b4538f3a51644d0",
            "content_sha1": "7b9a1e00865d0e3bfa8535bceb1e7191e1171637",
            "content_sha256": "31ece50747ddac098b5f4e20adb895790e2daa8f65aa5f1aff186fbdd9b0f072",
            "content_sha512": "491f480db187fcf321c7510a99222af018dc02133f02fae0f513d8bd79913c01ba725320977a2e077796c9e1b66bbdc0221b2f37fcb32f9cdc19357081e39105",
            "directory_permission": "0777",
            "file_permission": "0777",
            "filename": "../individual-workspaces/ws-0491/main.tf",
            "id": "7b9a1e00865d0e3bfa8535bceb1e7191e1171637",
            "sensitive_content": null,
            "source": null
          },
          "sensitive_attributes": []
        },
        {
          "index_key": 492,
          "schema_version": 0,
          "attributes": {
            "content": "#\n# Autogenerated by Terraform\n# https://github.com/hashi-strawb/tfc-monorepo-test/blob/main/repo_dirs/main.tf\n#\n\nmodule \"pet\" {\n  source = \"../../modules/random\"\n}\n",
            "content_base64": null,
            "content_base64sha256": "MezlB0fdrAmLX04grbiVeQ4tqo9lql8a/xhvvdmw8HI=",
            "content_base64sha512": "SR9IDbGH/PMhx1EKmSIq8BjcAhM/Avrg9RPYvXmRPAG6clMgl3ouB3eWyeG2a73AIhsvN/yzL5zcGTVwgeORBQ==",
            "content_md5": "3d0f588742e923989b4538f3a51644d0",
            "content_sha1": "7b9a1e00865d0e3bfa8535bceb1e7191e1171637",
            "content_sha256": "31ece50747ddac098b5f4e20adb895790e2daa8f65aa5f1aff186fbdd9b0f072",
            "content_sha512": "491f480db187fcf321c7510a99222af018dc02133f02fae0f513d8bd79913c01ba725320977a2e077796c9e1b66bbdc0221b2f37fcb32f9cdc19357081e39105",
            "directory_permission": "0777",
            "file_permission": "0777",
            "filename": "../individual-workspaces/ws-0492/main.tf",
            "id": "7b9a1e00865d0e3bfa8535bceb1e7191e1171637",
            "sensitive_content": null,
            "source": null
          },
          "sensitive_attributes": []
        },
        {
          "index_key": 493,
          "schema_version": 0,
          "attributes": {
            "content": "#\n# Autogenerated by Terraform\n# https://github.com/hashi-strawb/tfc-monorepo-test/blob/main/repo_dirs/main.tf\n#\n\nmodule \"pet\" {\n  source = \"../../modules/random\"\n}\n",
            "content_base64": null,
            "content_base64sha256": "MezlB0fdrAmLX04grbiVeQ4tqo9lql8a/xhvvdmw8HI=",
            "content_base64sha512": "SR9IDbGH/PMhx1EKmSIq8BjcAhM/Avrg9RPYvXmRPAG6clMgl3ouB3eWyeG2a73AIhsvN/yzL5zcGTVwgeORBQ==",
            "content_md5": "3d0f588742e923989b4538f3a51644d0",
            "content_sha1": "7b9a1e00865d0e3bfa8535bceb1e7191e1171637",
            "content_sha256": "31ece50747ddac098b5f4e20adb895790e2daa8f65aa5f1aff186fbdd9b0f072",
            "content_sha512": "491f480db187fcf321c7510a99222af018dc02133f02fae0f513d8bd79913c01ba725320977a2e077796c9e1b66bbdc0221b2f37fcb32f9cdc19357081e39105",
            "directory_permission": "0777",
            "file_permission": "0777",
            "filename": "../individual-workspaces/ws-0493/main.tf",
            "id": "7b9a1e00865d0e3bfa8535bceb1e7191e1171637",
            "sensitive_content": null,
            "source": null
          },
          "sensitive_attributes": []
        },
        {
          "index_key": 494,
          "schema_version": 0,
          "attributes": {
            "content": "#\n# Autogenerated by Terraform\n# https://github.com/hashi-strawb/tfc-monorepo-test/blob/main/repo_dirs/main.tf\n#\n\nmodule \"pet\" {\n  source = \"../../modules/random\"\n}\n",
            "content_base64": null,
            "content_base64sha256": "MezlB0fdrAmLX04grbiVeQ4tqo9lql8a/xhvvdmw8HI=",
            "content_base64sha512": "SR9IDbGH/PMhx1EKmSIq8BjcAhM/Avrg9RPYvXmRPAG6clMgl3ouB3eWyeG2a73AIhsvN/yzL5zcGTVwgeORBQ==",
            "content_md5": "3d0f588742e923989b4538f3a51644d0",
            "content_sha1": "7b9a1e00865d0e3bfa8535bceb1e7191e1171637",
            "content_sha256": "31ece50747ddac098b5f4e20adb895790e2daa8f65aa5f1aff186fbdd9b0f072",
            "content_sha512": "491f480db187fcf321c7510a99222af018dc02133f02fae0f513d8bd79913c01ba725320977a2e077796c9e1b66bbdc0221b2f37fcb32f9cdc19357081e39105",
            "directory_permission": "0777",
            "file_permission": "0777",
            "filename": "../individual-workspaces/ws-0494/main.tf",
            "id": "7b9a1e00865d0e3bfa8535bceb1e7191e1171637",
            "sensitive_content": null,
            "source": null
          },
          "sensitive_attributes": []
        },
        {
          "index_key": 495,
          "schema_version": 0,
          "attributes": {
            "content": "#\n# Autogenerated by Terraform\n# https://github.com/hashi-strawb/tfc-monorepo-test/blob/main/repo_dirs/main.tf\n#\n\nmodule \"pet\" {\n  source = \"../../modules/random\"\n}\n",
            "content_base64": null,
            "content_base64sha256": "MezlB0fdrAmLX04grbiVeQ4tqo9lql8a/xhvvdmw8HI=",
            "content_base64sha512": "SR9IDbGH/PMhx1EKmSIq8BjcAhM/Avrg9RPYvXmRPAG6clMgl3ouB3eWyeG2a73AIhsvN/yzL5zcGTVwgeORBQ==",
            "content_md5": "3d0f588742e923989b4538f3a51644d0",
            "content_sha1": "7b9a1e00865d0e3bfa8535bceb1e7191e1171637",
            "content_sha256": "31ece50747ddac098b5f4e20adb895790e2daa8f65aa5f1aff186fbdd9b0f072",
            "content_sha512": "491f480db187fcf321c7510a99222af018dc02133f02fae0f513d8bd79913c01ba725320977a2e077796c9e1b66bbdc0221b2f37fcb32f9cdc19357081e39105",
            "directory_permission": "0777",
            "file_permission": "0777",
            "filename": "../individual-workspaces/ws-0495/main.tf",
            "id": "7b9a1e00865d0e3bfa8535bceb1e7191e1171637",
            "sensitive_content": null,
            "source": null
          },
          "sensitive_attributes": []
        },
        {
          "index_key": 496,
          "schema_version": 0,
          "attributes": {
            "content": "#\n# Autogenerated by Terraform\n# https://github.com/hashi-strawb/tfc-monorepo-test/blob/main/repo_dirs/main.tf\n#\n\nmodule \"pet\" {\n  source = \"../../modules/random\"\n}\n",
            "content_base64": null,
            "content_base64sha256": "MezlB0fdrAmLX04grbiVeQ4tqo9lql8a/xhvvdmw8HI=",
            "content_base64sha512": "SR9IDbGH/PMhx1EKmSIq8BjcAhM/Avrg9RPYvXmRPAG6clMgl3ouB3eWyeG2a73AIhsvN/yzL5zcGTVwgeORBQ==",
            "content_md5": "3d0f588742e923989b4538f3a51644d0",
            "content_sha1": "7b9a1e00865d0e3bfa8535bceb1e7191e1171637",
            "content_sha256": "31ece50747ddac098b5f4e20adb895790e2daa8f65aa5f1aff186fbdd9b0f072",
            "content_sha512": "491f480db187fcf321c7510a99222af018dc02133f02fae0f513d8bd79913c01ba725320977a2e077796c9e1b66bbdc0221b2f37fcb32f9cdc19357081e39105",
            "directory_permission": "0777",
            "file_permission": "0777",
            "filename": "../individual-workspaces/ws-0496/main.tf",
            "id": "7b9a1e00865d0e3bfa8535bceb1e7191e1171637",
            "sensitive_content": null,
            "source": null
          },
          "sensitive_attributes": []
        },
        {
          "index_key": 497,
          "schema_version": 0,
          "attributes": {
            "content": "#\n# Autogenerated by Terraform\n# https://github.com/hashi-strawb/tfc-monorepo-test/blob/main/repo_dirs/main.tf\n#\n\nmodule \"pet\" {\n  source = \"../../modules/random\"\n}\n",
            "content_base64": null,
            "content_base64sha256": "MezlB0fdrAmLX04grbiVeQ4tqo9lql8a/xhvvdmw8HI=",
            "content_base64sha512": "SR9IDbGH/PMhx1EKmSIq8BjcAhM/Avrg9RPYvXmRPAG6clMgl3ouB3eWyeG2a73AIhsvN/yzL5zcGTVwgeORBQ==",
            "content_md5": "3d0f588742e923989b4538f3a51644d0",
            "content_sha1": "7b9a1e00865d0e3bfa8535bceb1e7191e1171637",
            "content_sha256": "31ece50747ddac098b5f4e20adb895790e2daa8f65aa5f1aff186fbdd9b0f072",
            "content_sha512": "491f480db187fcf321c7510a99222af018dc02133f02fae0f513d8bd79913c01ba725320977a2e077796c9e1b66bbdc0221b2f37fcb32f9cdc19357081e39105",
            "directory_permission": "0777",
            "file_permission": "0777",
            "filename": "../individual-workspaces/ws-0497/main.tf",
            "id": "7b9a1e00865d0e3bfa8535bceb1e7191e1171637",
            "sensitive_content": null,
            "source": null
          },
          "sensitive_attributes": []
        },
        {
          "index_key": 498,
          "schema_version": 0,
          "attributes": {
            "content": "#\n# Autogenerated by Terraform\n# https://github.com/hashi-strawb/tfc-monorepo-test/blob/main/repo_dirs/main.tf\n#\n\nmodule \"pet\" {\n  source = \"../../modules/random\"\n}\n",
            "content_base64": null,
            "content_base64sha256": "MezlB0fdrAmLX04grbiVeQ4tqo9lql8a/xhvvdmw8HI=",
            "content_base64sha512": "SR9IDbGH/PMhx1EKmSIq8BjcAhM/Avrg9RPYvXmRPAG6clMgl3ouB3eWyeG2a73AIhsvN/yzL5zcGTVwgeORBQ==",
            "content_md5": "3d0f588742e923989b4538f3a51644d0",
            "content_sha1": "7b9a1e00865d0e3bfa8535bceb1e7191e1171637",
            "content_sha256": "31ece50747ddac098b5f4e20adb895790e2daa8f65aa5f1aff186fbdd9b0f072",
            "content_sha512": "491f480db187fcf321c7510a99222af018dc02133f02fae0f513d8bd79913c01ba725320977a2e077796c9e1b66bbdc0221b2f37fcb32f9cdc19357081e39105",
            "directory_permission": "0777",
            "file_permission": "0777",
            "filename": "../individual-workspaces/ws-0498/main.tf",
            "id": "7b9a1e00865d0e3bfa8535bceb1e7191e1171637",
            "sensitive_content": null,
            "source": null
          },
          "sensitive_attributes": []
        },
        {
          "index_key": 499,
          "schema_version": 0,
          "attributes": {
            "content": "#\n# Autogenerated by Terraform\n# https://github.com/hashi-strawb/tfc-monorepo-test/blob/main/repo_dirs/main.tf\n#\n\nmodule \"pet\" {\n  source = \"../../modules/random\"\n}\n",
            "content_base64": null,
            "content_base64sha256": "MezlB0fdrAmLX04grbiVeQ4tqo9lql8a/xhvvdmw8HI=",
            "content_base64sha512": "SR9IDbGH/PMhx1EKmSIq8BjcAhM/Avrg9RPYvXmRPAG6clMgl3ouB3eWyeG2a73AIhsvN/yzL5zcGTVwgeORBQ==",
            "content_md5": "3d0f588742e923989b4538f3a51644d0",
            "content_sha1": "7b9a1e00865d0e3bfa8535bceb1e7191e1171637",
            "content_sha256": "31ece50747ddac098b5f4e20adb895790e2daa8f65aa5f1aff186fbdd9b0f072",
            "content_sha512": "491f480db187fcf321c7510a99222af018dc02133f02fae0f513d8bd79913c01ba725320977a2e077796c9e1b66bbdc0221b2f37fcb32f9cdc19357081e39105",
            "directory_permission": "0777",
            "file_permission": "0777",
            "filename": "../individual-workspaces/ws-0499/main.tf",
            "id": "7b9a1e00865d0e3bfa8535bceb1e7191e1171637",
            "sensitive_content": null,
            "source": null
          },
          "sensitive_attributes": []
        }
      ]
    }
  ],
  "check_results": null
}
