{
  "version": 4,
  "terraform_version": "1.6.0",
  "serial": 6,
  "lineage": "e23352bb-e634-f0cb-1a47-5e8f4a09a8ad",
  "outputs": {},
  "resources": [
    {
      "mode": "managed",
      "type": "local_file",
      "name": "ws",
      "provider": "provider[\"registry.terraform.io/hashicorp/local\"]",
      "instances": [
        {
          "index_key": 0,
          "schema_version": 0,
          "attributes": {
            "content": "module \"pet\" {\n  source = \"../../modules/random\"\n}\n",
            "content_base64": null,
            "content_base64sha256": "4IcuedftguDAzpz4tENLo+GwEMa7j30QLl+idsTIIOs=",
            "content_base64sha512": "q6ay6dxCM6vq4o4FHwWft6lg01rGK7VZsh37x2USLNovugBxL/bzp7S5eE/T3TaJG3hIOrbACZCAs3VFITR23g==",
            "content_md5": "e57d4889bb15a0c29bb2675089d02c32",
            "content_sha1": "c9efb9d05027a56982d65a1f63b4867c876cd4e7",
            "content_sha256": "e0872e79d7ed82e0c0ce9cf8b4434ba3e1b010c6bb8f7d102e5fa276c4c820eb",
            "content_sha512": "aba6b2e9dc4233abeae28e051f059fb7a960d35ac62bb559b21dfbc765122cda2fba00712ff6f3a7b4b9784fd3dd36891b78483ab6c0099080b37545213476de",
            "directory_permission": "0777",
            "file_permission": "0777",
            "filename": "../individual-workspaces/ws-0000/main.tf",
            "id": "c9efb9d05027a56982d65a1f63b4867c876cd4e7",
            "sensitive_content": null,
            "source": null
          },
          "sensitive_attributes": []
        },
        {
          "index_key": 1,
          "schema_version": 0,
          "attributes": {
            "content": "module \"pet\" {\n  source = \"../../modules/random\"\n}\n",
            "content_base64": null,
            "content_base64sha256": "4IcuedftguDAzpz4tENLo+GwEMa7j30QLl+idsTIIOs=",
            "content_base64sha512": "q6ay6dxCM6vq4o4FHwWft6lg01rGK7VZsh37x2USLNovugBxL/bzp7S5eE/T3TaJG3hIOrbACZCAs3VFITR23g==",
            "content_md5": "e57d4889bb15a0c29bb2675089d02c32",
            "content_sha1": "c9efb9d05027a56982d65a1f63b4867c876cd4e7",
            "content_sha256": "e0872e79d7ed82e0c0ce9cf8b4434ba3e1b010c6bb8f7d102e5fa276c4c820eb",
            "content_sha512": "aba6b2e9dc4233abeae28e051f059fb7a960d35ac62bb559b21dfbc765122cda2fba00712ff6f3a7b4b9784fd3dd36891b78483ab6c0099080b37545213476de",
            "directory_permission": "0777",
            "file_permission": "0777",
            "filename": "../individual-workspaces/ws-0001/main.tf",
            "id": "c9efb9d05027a56982d65a1f63b4867c876cd4e7",
            "sensitive_content": null,
            "source": null
          },
          "sensitive_attributes": []
        }
      ]
    }
  ],
  "check_results": null
}
