{
  "version": 4,
  "terraform_version": "1.6.0",
  "serial": 1780,
  "lineage": "d04fb3a5-b84d-3dbc-5677-e0ad91f5a777",
  "outputs": {},
  "resources": [
    {
      "mode": "managed",
      "type": "tfe_workspace",
      "name": "ws",
      "provider": "provider[\"registry.terraform.io/hashicorp/tfe\"]",
      "instances": [
        {
          "index_key": 0,
          "schema_version": 1,
          "attributes": {
            "agent_pool_id": "",
            "allow_destroy_plan": true,
            "assessments_enabled": false,
            "auto_apply": true,
            "description": "",
            "execution_mode": "remote",
            "file_triggers_enabled": true,
            "force_delete": true,
            "global_remote_state": false,
            "html_url": "https://app.terraform.io/app/hashi_strawb_testing/workspaces/many-workspace-test-0000",
            "id": "ws-qvmKNhYdDbgXMrmq",
            "name": "many-workspace-test-0000",
            "operations": true,
            "organization": "hashi_strawb_testing",
            "project_id": "prj-8rNEinGacXMAwCr4",
            "queue_all_runs": true,
            "remote_state_consumer_ids": [],
            "resource_count": 1,
            "source_name": "",
            "source_url": "",
            "speculative_enabled": true,
            "ssh_key_id": "",
            "structured_run_output_enabled": true,
            "tag_names": [],
            "terraform_version": "1.6.2",
            "trigger_patterns": [],
            "trigger_prefixes": [
              "/modules"
            ],
            "vcs_repo": [
              {
                "branch": "",
                "github_app_installation_id": "ghain-3JcBMQW48TPfPn4f",
                "identifier": "hashi-strawb/tfc-big-monorepo-test",
                "ingress_submodules": false,
                "oauth_token_id": "",
                "tags_regex": ""
              }
            ],
            "working_directory": "workspaces/"
          },
          "sensitive_attributes": [],
          "private": "eyJzY2hlbWFfdmVyc2lvbiI6IjEifQ=="
        },
        {
          "index_key": 1,
          "schema_version": 1,
          "attributes": {
            "agent_pool_id": "",
            "allow_destroy_plan": true,
            "assessments_enabled": false,
            "auto_apply": true,
            "description": "",
            "execution_mode": "remote",
            "file_triggers_enabled": true,
            "force_delete": true,
            "global_remote_state": false,
            "html_url": "https://app.terraform.io/app/hashi_strawb_testing/workspaces/many-workspace-test-0001",
            "id": "ws-4q9F5NfDnN3RxhYE",
            "name": "many-workspace-test-0001",
            "operations": true,
            "organization": "hashi_strawb_testing",
            "project_id": "prj-8rNEinGacXMAwCr4",
            "queue_all_runs": true,
            "remote_state_consumer_ids": [],
            "resource_count": 0,
            "source_name": "",
            "source_url": "",
            "speculative_enabled": true,
            "ssh_key_id": "",
            "structured_run_output_enabled": true,
            "tag_names": [],
            "terraform_version": "1.6.2",
            "trigger_patterns": [],
            "trigger_prefixes": [
              "/modules"
            ],
            "vcs_repo": [
              {
                "branch": "",
                "github_app_installation_id": "ghain-3JcBMQW48TPfPn4f",
                "identifier": "hashi-strawb/tfc-big-monorepo-test",
                "ingress_submodules": false,
                "oauth_token_id": "",
                "tags_regex": ""
              }
            ],
            "working_directory": "workspaces/"
          },
          "sensitive_attributes": [],
          "private": "eyJzY2hlbWFfdmVyc2lvbiI6IjEifQ=="
        },
        {
          "index_key": 2,
          "schema_version": 1,
          "attributes": {
            "agent_pool_id": "",
            "allow_destroy_plan": true,
            "assessments_enabled": false,
            "auto_apply": true,
            "description": "",
            "execution_mode": "remote",
            "file_triggers_enabled": true,
            "force_delete": true,
            "global_remote_state": false,
            "html_url": "https://app.terraform.io/app/hashi_strawb_testing/workspaces/many-workspace-test-0002",
            "id": "ws-LxGo8zb3Fhnddk1D",
            "name": "many-workspace-test-0002",
            "operations": true,
            "organization": "hashi_strawb_testing",
            "project_id": "prj-8rNEinGacXMAwCr4",
            "queue_all_runs": true,
            "remote_state_consumer_ids": [],
            "resource_count": 1,
            "source_name": "",
            "source_url": "",
            "speculative_enabled": true,
            "ssh_key_id": "",
            "structured_run_output_enabled": true,
            "tag_names": [],
            "terraform_version": "1.6.2",
            "trigger_patterns": [],
            "trigger_prefixes": [
              "/modules"
            ],
            "vcs_repo": [
              {
                "branch": "",
                "github_app_installation_id": "ghain-3JcBMQW48TPfPn4f",
                "identifier": "hashi-strawb/tfc-big-monorepo-test",
                "ingress_submodules": false,
                "oauth_token_id": "",
                "tags_regex": ""
              }
            ],
            "working_directory": "workspaces/"
          },
          "sensitive_attributes": [],
          "private": "eyJzY2hlbWFfdmVyc2lvbiI6IjEifQ=="
        },
        {
          "index_key": 3,
          "schema_version": 1,
          "attributes": {
            "agent_pool_id": "",
            "allow_destroy_plan": true,
            "assessments_enabled": false,
            "auto_apply": true,
            "description": "",
            "execution_mode": "remote",
            "file_triggers_enabled": true,
            "force_delete": true,
            "global_remote_state": false,
            "html_url": "https://app.terraform.io/app/hashi_strawb_testing/workspaces/many-workspace-test-0003",
            "id": "ws-WBConTijuuPDn2uD",
            "name": "many-workspace-test-0003",
            "operations": true,
            "organization": "hashi_strawb_testing",
            "project_id": "prj-8rNEinGacXMAwCr4",
            "queue_all_runs": true,
            "remote_state_consumer_ids": [],
            "resource_count": 1,
            "source_name": "",
            "source_url": "",
            "speculative_enabled": true,
            "ssh_key_id": "",
            "structured_run_output_enabled": true,
            "tag_names": [],
            "terraform_version": "1.6.2",
            "trigger_patterns": [],
            "trigger_prefixes": [
              "/modules"
            ],
            "vcs_repo": [
              {
                "branch": "",
                "github_app_installation_id": "ghain-3JcBMQW48TPfPn4f",
                "identifier": "hashi-strawb/tfc-big-monorepo-test",
                "ingress_submodules": false,
                "oauth_token_id": "",
                "tags_regex": ""
              }
            ],
            "working_directory": "workspaces/"
          },
          "sensitive_attributes": [],
          "private": "eyJzY2hlbWFfdmVyc2lvbiI6IjEifQ=="
        },
        {
          "index_key": 4,
          "schema_version": 1,
          "attributes": {
            "agent_pool_id": "",
            "allow_destroy_plan": true,
            "assessments_enabled": false,
            "auto_apply": true,
            "description": "",
            "execution_mode": "remote",
            "file_triggers_enabled": true,
            "force_delete": true,
            "global_remote_state": false,
            "html_url": "https://app.terraform.io/app/hashi_strawb_testing/workspaces/many-workspace-test-0004",
            "id": "ws-wQujYj7ZAa5fbUVa",
            "name": "many-workspace-test-0004",
            "operations": true,
            "organization": "hashi_strawb_testing",
            "project_id": "prj-8rNEinGacXMAwCr4",
            "queue_all_runs": true,
            "remote_state_consumer_ids": [],
            "resource_count": 1,
            "source_name": "",
            "source_url": "",
            "speculative_enabled": true,
            "ssh_key_id": "",
            "structured_run_output_enabled": true,
            "tag_names": [],
            "terraform_version": "1.6.2",
            "trigger_patterns": [],
            "trigger_prefixes": [
              "/modules"
            ],
            "vcs_repo": [
              {
                "branch": "",
                "github_app_installation_id": "ghain-3JcBMQW48TPfPn4f",
                "identifier": "hashi-strawb/tfc-big-monorepo-test",
                "ingress_submodules": false,
                "oauth_token_id": "",
                "tags_regex": ""
              }
            ],
            "working_directory": "workspaces/"
          },
          "sensitive_attributes": [],
          "private": "eyJzY2hlbWFfdmVyc2lvbiI6IjEifQ=="
        },
        {
          "index_key": 5,
          "schema_version": 1,
          "attributes": {
            "agent_pool_id": "",
            "allow_destroy_plan": true,
            "assessments_enabled": false,
            "auto_apply": true,
            "description": "",
            "execution_mode": "remote",
            "file_triggers_enabled": true,
            "force_delete": true,
            "global_remote_state": false,
            "html_url": "https://app.terraform.io/app/hashi_strawb_testing/workspaces/many-workspace-test-0005",
            "id": "ws-2wAujk3uMyVUfYSg",
            "name": "many-workspace-test-0005",
            "operations": true,
            "organization": "hashi_strawb_testing",
            "project_id": "prj-8rNEinGacXMAwCr4",
            "queue_all_runs": true,
            "remote_state_consumer_ids": [],
            "resource_count": 1,
            "source_name": "",
            "source_url": "",
            "speculative_enabled": true,
            "ssh_key_id": "",
            "structured_run_output_enabled": true,
            "tag_names": [],
            "terraform_version": "1.6.2",
            "trigger_patterns": [],
            "trigger_prefixes": [
              "/modules"
            ],
            "vcs_repo": [
              {
                "branch": "",
                "github_app_installation_id": "ghain-3JcBMQW48TPfPn4f",
                "identifier": "hashi-strawb/tfc-big-monorepo-test",
                "ingress_submodules": false,
                "oauth_token_id": "",
                "tags_regex": ""
              }
            ],
            "working_directory": "workspaces/"
          },
          "sensitive_attributes": [],
          "private": "eyJzY2hlbWFfdmVyc2lvbiI6IjEifQ=="
        },
        {
          "index_key": 6,
          "schema_version": 1,
          "attributes": {
            "agent_pool_id": "",
            "allow_destroy_plan": true,
            "assessments_enabled": false,
            "auto_apply": true,
            "description": "",
            "execution_mode": "remote",
            "file_triggers_enabled": true,
            "force_delete": true,
            "global_remote_state": false,
            "html_url": "https://app.terraform.io/app/hashi_strawb_testing/workspaces/many-workspace-test-0006",
            "id": "ws-t8GxeSfWT8w74teN",
            "name": "many-workspace-test-0006",
            "operations": true,
            "organization": "hashi_strawb_testing",
            "project_id": "prj-8rNEinGacXMAwCr4",
            "queue_all_runs": true,
            "remote_state_consumer_ids": [],
            "resource_count": 1,
            "source_name": "",
            "source_url": "",
            "speculative_enabled": true,
            "ssh_key_id": "",
            "structured_run_output_enabled": true,
            "tag_names": [],
            "terraform_version": "1.6.2",
            "trigger_patterns": [],
            "trigger_prefixes": [
              "/modules"
            ],
            "vcs_repo": [
              {
                "branch": "",
                "github_app_installation_id": "ghain-3JcBMQW48TPfPn4f",
                "identifier": "hashi-strawb/tfc-big-monorepo-test",
                "ingress_submodules": false,
                "oauth_token_id": "",
                "tags_regex": ""
              }
            ],
            "working_directory": "workspaces/"
          },
          "sensitive_attributes": [],
          "private": "eyJzY2hlbWFfdmVyc2lvbiI6IjEifQ=="
        },
        {
          "index_key": 7,
          "schema_version": 1,
          "attributes": {
            "agent_pool_id": "",
            "allow_destroy_plan": true,
            "assessments_enabled": false,
            "auto_apply": true,
            "description": "",
            "execution_mode": "remote",
            "file_triggers_enabled": true,
            "force_delete": true,
            "global_remote_state": false,
            "html_url": "https://app.terraform.io/app/hashi_strawb_testing/workspaces/many-workspace-test-0007",
            "id": "ws-xmXWS5y84wkAu6JV",
            "name": "many-workspace-test-0007",
            "operations": true,
            "organization": "hashi_strawb_testing",
            "project_id": "prj-8rNEinGacXMAwCr4",
            "queue_all_runs": true,
            "remote_state_consumer_ids": [],
            "resource_count": 0,
            "source_name": "",
            "source_url": "",
            "speculative_enabled": true,
            "ssh_key_id": "",
            "structured_run_output_enabled": true,
            "tag_names": [],
            "terraform_version": "1.6.2",
            "trigger_patterns": [],
            "trigger_prefixes": [
              "/modules"
            ],
            "vcs_repo": [
              {
                "branch": "",
                "github_app_installation_id": "ghain-3JcBMQW48TPfPn4f",
                "identifier": "hashi-strawb/tfc-big-monorepo-test",
                "ingress_submodules": false,
                "oauth_token_id": "",
                "tags_regex": ""
              }
            ],
            "working_directory": "workspaces/"
          },
          "sensitive_attributes": [],
          "private": "eyJzY2hlbWFfdmVyc2lvbiI6IjEifQ=="
        },
        {
          "index_key": 8,
          "schema_version": 1,
          "attributes": {
            "agent_pool_id": "",
            "allow_destroy_plan": true,
            "assessments_enabled": false,
            "auto_apply": true,
            "description": "",
            "execution_mode": "remote",
            "file_triggers_enabled": true,
            "force_delete": true,
            "global_remote_state": false,
            "html_url": "https://app.terraform.io/app/hashi_strawb_testing/workspaces/many-workspace-test-0008",
            "id": "ws-vQsN3H5Wt5Q2V6e5",
            "name": "many-workspace-test-0008",
            "operations": true,
            "organization": "hashi_strawb_testing",
            "project_id": "prj-8rNEinGacXMAwCr4",
            "queue_all_runs": true,
            "remote_state_consumer_ids": [],
            "resource_count": 0,
            "source_name": "",
            "source_url": "",
            "speculative_enabled": true,
            "ssh_key_id": "",
            "structured_run_output_enabled": true,
            "tag_names": [],
            "terraform_version": "1.6.2",
            "trigger_patterns": [],
            "trigger_prefixes": [
              "/modules"
            ],
            "vcs_repo": [
              {
                "branch": "",
                "github_app_installation_id": "ghain-3JcBMQW48TPfPn4f",
                "identifier": "hashi-strawb/tfc-big-monorepo-test",
                "ingress_submodules": false,
                "oauth_token_id": "",
                "tags_regex": ""
              }
            ],
            "working_directory": "workspaces/"
          },
          "sensitive_attributes": [],
          "private": "eyJzY2hlbWFfdmVyc2lvbiI6IjEifQ=="
        },
        {
          "index_key": 9,
          "schema_version": 1,
          "attributes": {
            "agent_pool_id": "",
            "allow_destroy_plan": true,
            "assessments_enabled": false,
            "auto_apply": true,
            "description": "",
            "execution_mode": "remote",
            "file_triggers_enabled": true,
            "force_delete": true,
            "global_remote_state": false,
            "html_url": "https://app.terraform.io/app/hashi_strawb_testing/workspaces/many-workspace-test-0009",
            "id": "ws-pL7fb69dGnsLsVxG",
            "name": "many-workspace-test-0009",
            "operations": true,
            "organization": "hashi_strawb_testing",
            "project_id": "prj-8rNEinGacXMAwCr4",
            "queue_all_runs": true,
            "remote_state_consumer_ids": [],
            "resource_count": 0,
            "source_name": "",
            "source_url": "",
            "speculative_enabled": true,
            "ssh_key_id": "",
            "structured_run_output_enabled": true,
            "tag_names": [],
            "terraform_version": "1.6.2",
            "trigger_patterns": [],
            "trigger_prefixes": [
              "/modules"
            ],
            "vcs_repo": [
              {
                "branch": "",
                "github_app_installation_id": "ghain-3JcBMQW48TPfPn4f",
                "identifier": "hashi-strawb/tfc-big-monorepo-test",
                "ingress_submodules": false,
                "oauth_token_id": "",
                "tags_regex": ""
              }
            ],
            "working_directory": "workspaces/"
          },
          "sensitive_attributes": [],
          "private": "eyJzY2hlbWFfdmVyc2lvbiI6IjEifQ=="
        },
        {
          "index_key": 10,
          "schema_version": 1,
          "attributes": {
            "agent_pool_id": "",
            "allow_destroy_plan": true,
            "assessments_enabled": false,
            "auto_apply": true,
            "description": "",
            "execution_mode": "remote",
            "file_triggers_enabled": true,
            "force_delete": true,
            "global_remote_state": false,
            "html_url": "https://app.terraform.io/app/hashi_strawb_testing/workspaces/many-workspace-test-0010",
            "id": "ws-cerAAszcyxFHNsSy",
            "name": "many-workspace-test-0010",
            "operations": true,
            "organization": "hashi_strawb_testing",
            "project_id": "prj-8rNEinGacXMAwCr4",
            "queue_all_runs": true,
            "remote_state_consumer_ids": [],
            "resource_count": 1,
            "source_name": "",
            "source_url": "",
            "speculative_enabled": true,
            "ssh_key_id": "",
            "structured_run_output_enabled": true,
            "tag_names": [],
            "terraform_version": "1.6.2",
            "trigger_patterns": [],
            "trigger_prefixes": [
              "/modules"
            ],
            "vcs_repo": [
              {
                "branch": "",
                "github_app_installation_id": "ghain-3JcBMQW48TPfPn4f",
                "identifier": "hashi-strawb/tfc-big-monorepo-test",
                "ingress_submodules": false,
                "oauth_token_id": "",
                "tags_regex": ""
              }
            ],
            "working_directory": "workspaces/"
          },
          "sensitive_attributes": [],
          "private": "eyJzY2hlbWFfdmVyc2lvbiI6IjEifQ=="
        },
        {
          "index_key": 11,
          "schema_version": 1,
          "attributes": {
            "agent_pool_id": "",
            "allow_destroy_plan": true,
            "assessments_enabled": false,
            "auto_apply": true,
            "description": "",
            "execution_mode": "remote",
            "file_triggers_enabled": true,
            "force_delete": true,
            "global_remote_state": false,
            "html_url": "https://app.terraform.io/app/hashi_strawb_testing/workspaces/many-workspace-test-0011",
            "id": "ws-RYuFSbCVYKPBrWmz",
            "name": "many-workspace-test-0011",
            "operations": true,
            "organization": "hashi_strawb_testing",
            "project_id": "prj-8rNEinGacXMAwCr4",
            "queue_all_runs": true,
            "remote_state_consumer_ids": [],
            "resource_count": 1,
            "source_name": "",
            "source_url": "",
            "speculative_enabled": true,
            "ssh_key_id": "",
            "structured_run_output_enabled": true,
            "tag_names": [],
            "terraform_version": "1.6.2",
            "trigger_patterns": [],
            "trigger_prefixes": [
              "/modules"
            ],
            "vcs_repo": [
              {
                "branch": "",
                "github_app_installation_id": "ghain-3JcBMQW48TPfPn4f",
                "identifier": "hashi-strawb/tfc-big-monorepo-test",
                "ingress_submodules": false,
                "oauth_token_id": "",
                "tags_regex": ""
              }
            ],
            "working_directory": "workspaces/"
          },
          "sensitive_attributes": [],
          "private": "eyJzY2hlbWFfdmVyc2lvbiI6IjEifQ=="
        },
        {
          "index_key": 12,
          "schema_version": 1,
          "attributes": {
            "agent_pool_id": "",
            "allow_destroy_plan": true,
            "assessments_enabled": false,
            "auto_apply": true,
            "description": "",
            "execution_mode": "remote",
            "file_triggers_enabled": true,
            "force_delete": true,
            "global_remote_state": false,
            "html_url": "https://app.terraform.io/app/hashi_strawb_testing/workspaces/many-workspace-test-0012",
            "id": "ws-fLV1C3LNLKEfgkQG",
            "name": "many-workspace-test-0012",
            "operations": true,
            "organization": "hashi_strawb_testing",
            "project_id": "prj-8rNEinGacXMAwCr4",
            "queue_all_runs": true,
            "remote_state_consumer_ids": [],
            "resource_count": 0,
            "source_name": "",
            "source_url": "",
            "speculative_enabled": true,
            "ssh_key_id": "",
            "structured_run_output_enabled": true,
            "tag_names": [],
            "terraform_version": "1.6.2",
            "trigger_patterns": [],
            "trigger_prefixes": [
              "/modules"
            ],
            "vcs_repo": [
              {
                "branch": "",
                "github_app_installation_id": "ghain-3JcBMQW48TPfPn4f",
                "identifier": "hashi-strawb/tfc-big-monorepo-test",
                "ingress_submodules": false,
                "oauth_token_id": "",
                "tags_regex": ""
              }
            ],
            "working_directory": "workspaces/"
          },
          "sensitive_attributes": [],
          "private": "eyJzY2hlbWFfdmVyc2lvbiI6IjEifQ=="
        },
        {
          "index_key": 13,
          "schema_version": 1,
          "attributes": {
            "agent_pool_id": "",
            "allow_destroy_plan": true,
            "assessments_enabled": false,
            "auto_apply": true,
            "description": "",
            "execution_mode": "remote",
            "file_triggers_enabled": true,
            "force_delete": true,
            "global_remote_state": false,
            "html_url": "https://app.terraform.io/app/hashi_strawb_testing/workspaces/many-workspace-test-0013",
            "id": "ws-GMSo3id9gJYa1fGe",
            "name": "many-workspace-test-0013",
            "operations": true,
            "organization": "hashi_strawb_testing",
            "project_id": "prj-8rNEinGacXMAwCr4",
            "queue_all_runs": true,
            "remote_state_consumer_ids": [],
            "resource_count": 0,
            "source_name": "",
            "source_url": "",
            "speculative_enabled": true,
            "ssh_key_id": "",
            "structured_run_output_enabled": true,
            "tag_names": [],
            "terraform_version": "1.6.2",
            "trigger_patterns": [],
            "trigger_prefixes": [
              "/modules"
            ],
            "vcs_repo": [
              {
                "branch": "",
                "github_app_installation_id": "ghain-3JcBMQW48TPfPn4f",
                "identifier": "hashi-strawb/tfc-big-monorepo-test",
                "ingress_submodules": false,
                "oauth_token_id": "",
                "tags_regex": ""
              }
            ],
            "working_directory": "workspaces/"
          },
          "sensitive_attributes": [],
          "private": "eyJzY2hlbWFfdmVyc2lvbiI6IjEifQ=="
        },
        {
          "index_key": 14,
          "schema_version": 1,
          "attributes": {
            "agent_pool_id": "",
            "allow_destroy_plan": true,
            "assessments_enabled": false,
            "auto_apply": true,
            "description": "",
            "execution_mode": "remote",
            "file_triggers_enabled": true,
            "force_delete": true,
            "global_remote_state": false,
            "html_url": "https://app.terraform.io/app/hashi_strawb_testing/workspaces/many-workspace-test-0014",
            "id": "ws-2Uqr5FmQHTSLyoTX",
            "name": "many-workspace-test-0014",
            "operations": true,
            "organization": "hashi_strawb_testing",
            "project_id": "prj-8rNEinGacXMAwCr4",
            "queue_all_runs": true,
            "remote_state_consumer_ids": [],
            "resource_count": 1,
            "source_name": "",
            "source_url": "",
            "speculative_enabled": true,
            "ssh_key_id": "",
            "structured_run_output_enabled": true,
            "tag_names": [],
            "terraform_version": "1.6.2",
            "trigger_patterns": [],
            "trigger_prefixes": [
              "/modules"
            ],
            "vcs_repo": [
              {
                "branch": "",
                "github_app_installation_id": "ghain-3JcBMQW48TPfPn4f",
                "identifier": "hashi-strawb/tfc-big-monorepo-test",
                "ingress_submodules": false,
                "oauth_token_id": "",
                "tags_regex": ""
              }
            ],
            "working_directory": "workspaces/"
          },
          "sensitive_attributes": [],
          "private": "eyJzY2hlbWFfdmVyc2lvbiI6IjEifQ=="
        },
        {
          "index_key": 15,
          "schema_version": 1,
          "attributes": {
            "agent_pool_id": "",
            "allow_destroy_plan": true,
            "assessments_enabled": false,
            "auto_apply": true,
            "description": "",
            "execution_mode": "remote",
            "file_triggers_enabled": true,
            "force_delete": true,
            "global_remote_state": false,
            "html_url": "https://app.terraform.io/app/hashi_strawb_testing/workspaces/many-workspace-test-0015",
            "id": "ws-w7puja71ZMcpRcC9",
            "name": "many-workspace-test-0015",
            "operations": true,
            "organization": "hashi_strawb_testing",
            "project_id": "prj-8rNEinGacXMAwCr4",
            "queue_all_runs": true,
            "remote_state_consumer_ids": [],
            "resource_count": 0,
            "source_name": "",
            "source_url": "",
            "speculative_enabled": true,
            "ssh_key_id": "",
            "structured_run_output_enabled": true,
            "tag_names": [],
            "terraform_version": "1.6.2",
            "trigger_patterns": [],
            "trigger_prefixes": [
              "/modules"
            ],
            "vcs_repo": [
              {
                "branch": "",
                "github_app_installation_id": "ghain-3JcBMQW48TPfPn4f",
                "identifier": "hashi-strawb/tfc-big-monorepo-test",
                "ingress_submodules": false,
                "oauth_token_id": "",
                "tags_regex": ""
              }
            ],
            "working_directory": "workspaces/"
          },
          "sensitive_attributes": [],
          "private": "eyJzY2hlbWFfdmVyc2lvbiI6IjEifQ=="
        },
        {
          "index_key": 16,
          "schema_version": 1,
          "attributes": {
            "agent_pool_id": "",
            "allow_destroy_plan": true,
            "assessments_enabled": false,
            "auto_apply": true,
            "description": "",
            "execution_mode": "remote",
            "file_triggers_enabled": true,
            "force_delete": true,
            "global_remote_state": false,
            "html_url": "https://app.terraform.io/app/hashi_strawb_testing/workspaces/many-workspace-test-0016",
            "id": "ws-kEKRU2aLJRC5J6bN",
            "name": "many-workspace-test-0016",
            "operations": true,
            "organization": "hashi_strawb_testing",
            "project_id": "prj-8rNEinGacXMAwCr4",
            "queue_all_runs": true,
            "remote_state_consumer_ids": [],
            "resource_count": 1,
            "source_name": "",
            "source_url": "",
            "speculative_enabled": true,
            "ssh_key_id": "",
            "structured_run_output_enabled": true,
            "tag_names": [],
            "terraform_version": "1.6.2",
            "trigger_patterns": [],
            "trigger_prefixes": [
              "/modules"
            ],
            "vcs_repo": [
              {
                "branch": "",
                "github_app_installation_id": "ghain-3JcBMQW48TPfPn4f",
                "identifier": "hashi-strawb/tfc-big-monorepo-test",
                "ingress_submodules": false,
                "oauth_token_id": "",
                "tags_regex": ""
              }
            ],
            "working_directory": "workspaces/"
          },
          "sensitive_attributes": [],
          "private": "eyJzY2hlbWFfdmVyc2lvbiI6IjEifQ=="
        },
        {
          "index_key": 17,
          "schema_version": 1,
          "attributes": {
            "agent_pool_id": "",
            "allow_destroy_plan": true,
            "assessments_enabled": false,
            "auto_apply": true,
            "description": "",
            "execution_mode": "remote",
            "file_triggers_enabled": true,
            "force_delete": true,
            "global_remote_state": false,
            "html_url": "https://app.terraform.io/app/hashi_strawb_testing/workspaces/many-workspace-test-0017",
            "id": "ws-utUA5EyWLyxTvuFg",
            "name": "many-workspace-test-0017",
            "operations": true,
            "organization": "hashi_strawb_testing",
            "project_id": "prj-8rNEinGacXMAwCr4",
            "queue_all_runs": true,
            "remote_state_consumer_ids": [],
            "resource_count": 0,
            "source_name": "",
            "source_url": "",
            "speculative_enabled": true,
            "ssh_key_id": "",
            "structured_run_output_enabled": true,
            "tag_names": [],
            "terraform_version": "1.6.2",
            "trigger_patterns": [],
            "trigger_prefixes": [
              "/modules"
            ],
            "vcs_repo": [
              {
                "branch": "",
                "github_app_installation_id": "ghain-3JcBMQW48TPfPn4f",
                "identifier": "hashi-strawb/tfc-big-monorepo-test",
                "ingress_submodules": false,
                "oauth_token_id": "",
                "tags_regex": ""
              }
            ],
            "working_directory": "workspaces/"
          },
          "sensitive_attributes": [],
          "private": "eyJzY2hlbWFfdmVyc2lvbiI6IjEifQ=="
        },
        {
          "index_key": 18,
          "schema_version": 1,
          "attributes": {
            "agent_pool_id": "",
            "allow_destroy_plan": true,
            "assessments_enabled": false,
            "auto_apply": true,
            "description": "",
            "execution_mode": "remote",
            "file_triggers_enabled": true,
            "force_delete": true,
            "global_remote_state": false,
            "html_url": "https://app.terraform.io/app/hashi_strawb_testing/workspaces/many-workspace-test-0018",
            "id": "ws-RrnGusjBxJ8J3oo1",
            "name": "many-workspace-test-0018",
            "operations": true,
            "organization": "hashi_strawb_testing",
            "project_id": "prj-8rNEinGacXMAwCr4",
            "queue_all_runs": true,
            "remote_state_consumer_ids": [],
            "resource_count": 0,
            "source_name": "",
            "source_url": "",
            "speculative_enabled": true,
            "ssh_key_id": "",
            "structured_run_output_enabled": true,
            "tag_names": [],
            "terraform_version": "1.6.2",
            "trigger_patterns": [],
            "trigger_prefixes": [
              "/modules"
            ],
            "vcs_repo": [
              {
                "branch": "",
                "github_app_installation_id": "ghain-3JcBMQW48TPfPn4f",
                "identifier": "hashi-strawb/tfc-big-monorepo-test",
                "ingress_submodules": false,
                "oauth_token_id": "",
                "tags_regex": ""
              }
            ],
            "working_directory": "workspaces/"
          },
          "sensitive_attributes": [],
          "private": "eyJzY2hlbWFfdmVyc2lvbiI6IjEifQ=="
        },
        {
          "index_key": 19,
          "schema_version": 1,
          "attributes": {
            "agent_pool_id": "",
            "allow_destroy_plan": true,
            "assessments_enabled": false,
            "auto_apply": true,
            "description": "",
            "execution_mode": "remote",
            "file_triggers_enabled": true,
            "force_delete": true,
            "global_remote_state": false,
            "html_url": "https://app.terraform.io/app/hashi_strawb_testing/workspaces/many-workspace-test-0019",
            "id": "ws-8GHmVttdrH7MiFtT",
            "name": "many-workspace-test-0019",
            "operations": true,
            "organization": "hashi_strawb_testing",
            "project_id": "prj-8rNEinGacXMAwCr4",
            "queue_all_runs": true,
            "remote_state_consumer_ids": [],
            "resource_count": 0,
            "source_name": "",
            "source_url": "",
            "speculative_enabled": true,
            "ssh_key_id": "",
            "structured_run_output_enabled": true,
            "tag_names": [],
            "terraform_version": "1.6.2",
            "trigger_patterns": [],
            "trigger_prefixes": [
              "/modules"
            ],
            "vcs_repo": [
              {
                "branch": "",
                "github_app_installation_id": "ghain-3JcBMQW48TPfPn4f",
                "identifier": "hashi-strawb/tfc-big-monorepo-test",
                "ingress_submodules": false,
                "oauth_token_id": "",
                "tags_regex": ""
              }
            ],
            "working_directory": "workspaces/"
          },
          "sensitive_attributes": [],
          "private": "eyJzY2hlbWFfdmVyc2lvbiI6IjEifQ=="
        },
        {
          "index_key": 20,
          "schema_version": 1,
          "attributes": {
            "agent_pool_id": "",
            "allow_destroy_plan": true,
            "assessments_enabled": false,
            "auto_apply": true,
            "description": "",
            "execution_mode": "remote",
            "file_triggers_enabled": true,
            "force_delete": true,
            "global_remote_state": false,
            "html_url": "https://app.terraform.io/app/hashi_strawb_testing/workspaces/many-workspace-test-0020",
            "id": "ws-XBDMGFHbQ8iRSU3h",
            "name": "many-workspace-test-0020",
            "operations": true,
            "organization": "hashi_strawb_testing",
            "project_id": "prj-8rNEinGacXMAwCr4",
            "queue_all_runs": true,
            "remote_state_consumer_ids": [],
            "resource_count": 0,
            "source_name": "",
            "source_url": "",
            "speculative_enabled": true,
            "ssh_key_id": "",
            "structured_run_output_enabled": true,
            "tag_names": [],
            "terraform_version": "1.6.2",
            "trigger_patterns": [],
            "trigger_prefixes": [
              "/modules"
            ],
            "vcs_repo": [
              {
                "branch": "",
                "github_app_installation_id": "ghain-3JcBMQW48TPfPn4f",
                "identifier": "hashi-strawb/tfc-big-monorepo-test",
                "ingress_submodules": false,
                "oauth_token_id": "",
                "tags_regex": ""
              }
            ],
            "working_directory": "workspaces/"
          },
          "sensitive_attributes": [],
          "private": "eyJzY2hlbWFfdmVyc2lvbiI6IjEifQ=="
        },
        {
          "index_key": 21,
          "schema_version": 1,
          "attributes": {
            "agent_pool_id": "",
            "allow_destroy_plan": true,
            "assessments_enabled": false,
            "auto_apply": true,
            "description": "",
            "execution_mode": "remote",
            "file_triggers_enabled": true,
            "force_delete": true,
            "global_remote_state": false,
            "html_url": "https://app.terraform.io/app/hashi_strawb_testing/workspaces/many-workspace-test-0021",
            "id": "ws-TnuBfZgP9eSC1H43",
            "name": "many-workspace-test-0021",
            "operations": true,
            "organization": "hashi_strawb_testing",
            "project_id": "prj-8rNEinGacXMAwCr4",
            "queue_all_runs": true,
            "remote_state_consumer_ids": [],
            "resource_count": 0,
            "source_name": "",
            "source_url": "",
            "speculative_enabled": true,
            "ssh_key_id": "",
            "structured_run_output_enabled": true,
            "tag_names": [],
            "terraform_version": "1.6.2",
            "trigger_patterns": [],
            "trigger_prefixes": [
              "/modules"
            ],
            "vcs_repo": [
              {
                "branch": "",
                "github_app_installation_id": "ghain-3JcBMQW48TPfPn4f",
                "identifier": "hashi-strawb/tfc-big-monorepo-test",
                "ingress_submodules": false,
                "oauth_token_id": "",
                "tags_regex": ""
              }
            ],
            "working_directory": "workspaces/"
          },
          "sensitive_attributes": [],
          "private": "eyJzY2hlbWFfdmVyc2lvbiI6IjEifQ=="
        },
        {
          "index_key": 22,
          "schema_version": 1,
          "attributes": {
            "agent_pool_id": "",
            "allow_destroy_plan": true,
            "assessments_enabled": false,
            "auto_apply": true,
            "description": "",
            "execution_mode": "remote",
            "file_triggers_enabled": true,
            "force_delete": true,
            "global_remote_state": false,
            "html_url": "https://app.terraform.io/app/hashi_strawb_testing/workspaces/many-workspace-test-0022",
            "id": "ws-NecTQSJ6GmJ7u6AE",
            "name": "many-workspace-test-0022",
            "operations": true,
            "organization": "hashi_strawb_testing",
            "project_id": "prj-8rNEinGacXMAwCr4",
            "queue_all_runs": true,
            "remote_state_consumer_ids": [],
            "resource_count": 0,
            "source_name": "",
            "source_url": "",
            "speculative_enabled": true,
            "ssh_key_id": "",
            "structured_run_output_enabled": true,
            "tag_names": [],
            "terraform_version": "1.6.2",
            "trigger_patterns": [],
            "trigger_prefixes": [
              "/modules"
            ],
            "vcs_repo": [
              {
                "branch": "",
                "github_app_installation_id": "ghain-3JcBMQW48TPfPn4f",
                "identifier": "hashi-strawb/tfc-big-monorepo-test",
                "ingress_submodules": false,
                "oauth_token_id": "",
                "tags_regex": ""
              }
            ],
            "working_directory": "workspaces/"
          },
          "sensitive_attributes": [],
          "private": "eyJzY2hlbWFfdmVyc2lvbiI6IjEifQ=="
        },
        {
          "index_key": 23,
          "schema_version": 1,
          "attributes": {
            "agent_pool_id": "",
            "allow_destroy_plan": true,
            "assessments_enabled": false,
            "auto_apply": true,
            "description": "",
            "execution_mode": "remote",
            "file_triggers_enabled": true,
            "force_delete": true,
            "global_remote_state": false,
            "html_url": "https://app.terraform.io/app/hashi_strawb_testing/workspaces/many-workspace-test-0023",
            "id": "ws-g36ssy7YQtE76Wp6",
            "name": "many-workspace-test-0023",
            "operations": true,
            "organization": "hashi_strawb_testing",
            "project_id": "prj-8rNEinGacXMAwCr4",
            "queue_all_runs": true,
            "remote_state_consumer_ids": [],
            "resource_count": 0,
            "source_name": "",
            "source_url": "",
            "speculative_enabled": true,
            "ssh_key_id": "",
            "structured_run_output_enabled": true,
            "tag_names": [],
            "terraform_version": "1.6.2",
            "trigger_patterns": [],
            "trigger_prefixes": [
              "/modules"
            ],
            "vcs_repo": [
              {
                "branch": "",
                "github_app_installation_id": "ghain-3JcBMQW48TPfPn4f",
                "identifier": "hashi-strawb/tfc-big-monorepo-test",
                "ingress_submodules": false,
                "oauth_token_id": "",
                "tags_regex": ""
              }
            ],
            "working_directory": "workspaces/"
          },
          "sensitive_attributes": [],
          "private": "eyJzY2hlbWFfdmVyc2lvbiI6IjEifQ=="
        },
        {
          "index_key": 24,
          "schema_version": 1,
          "attributes": {
            "agent_pool_id": "",
            "allow_destroy_plan": true,
            "assessments_enabled": false,
            "auto_apply": true,
            "description": "",
            "execution_mode": "remote",
            "file_triggers_enabled": true,
            "force_delete": true,
            "global_remote_state": false,
            "html_url": "https://app.terraform.io/app/hashi_strawb_testing/workspaces/many-workspace-test-0024",
            "id": "ws-YaYMVzAjsp5zNxyK",
            "name": "many-workspace-test-0024",
            "operations": true,
            "organization": "hashi_strawb_testing",
            "project_id": "prj-8rNEinGacXMAwCr4",
            "queue_all_runs": true,
            "remote_state_consumer_ids": [],
            "resource_count": 1,
            "source_name": "",
            "source_url": "",
            "speculative_enabled": true,
            "ssh_key_id": "",
            "structured_run_output_enabled": true,
            "tag_names": [],
            "terraform_version": "1.6.2",
            "trigger_patterns": [],
            "trigger_prefixes": [
              "/modules"
            ],
            "vcs_repo": [
              {
                "branch": "",
                "github_app_installation_id": "ghain-3JcBMQW48TPfPn4f",
                "identifier": "hashi-strawb/tfc-big-monorepo-test",
                "ingress_submodules": false,
                "oauth_token_id": "",
                "tags_regex": ""
              }
            ],
            "working_directory": "workspaces/"
          },
          "sensitive_attributes": [],
          "private": "eyJzY2hlbWFfdmVyc2lvbiI6IjEifQ=="
        },
        {
          "index_key": 25,
          "schema_version": 1,
          "attributes": {
            "agent_pool_id": "",
            "allow_destroy_plan": true,
            "assessments_enabled": false,
            "auto_apply": true,
            "description": "",
            "execution_mode": "remote",
            "file_triggers_enabled": true,
            "force_delete": true,
            "global_remote_state": false,
            "html_url": "https://app.terraform.io/app/hashi_strawb_testing/workspaces/many-workspace-test-0025",
            "id": "ws-F2bpB4pHF58PMHEG",
            "name": "many-workspace-test-0025",
            "operations": true,
            "organization": "hashi_strawb_testing",
            "project_id": "prj-8rNEinGacXMAwCr4",
            "queue_all_runs": true,
            "remote_state_consumer_ids": [],
            "resource_count": 0,
            "source_name": "",
            "source_url": "",
            "speculative_enabled": true,
            "ssh_key_id": "",
            "structured_run_output_enabled": true,
            "tag_names": [],
            "terraform_version": "1.6.2",
            "trigger_patterns": [],
            "trigger_prefixes": [
              "/modules"
            ],
            "vcs_repo": [
              {
                "branch": "",
                "github_app_installation_id": "ghain-3JcBMQW48TPfPn4f",
                "identifier": "hashi-strawb/tfc-big-monorepo-test",
                "ingress_submodules": false,
                "oauth_token_id": "",
                "tags_regex": ""
              }
            ],
            "working_directory": "workspaces/"
          },
          "sensitive_attributes": [],
          "private": "eyJzY2hlbWFfdmVyc2lvbiI6IjEifQ=="
        },
        {
          "index_key": 26,
          "schema_version": 1,
          "attributes": {
            "agent_pool_id": "",
            "allow_destroy_plan": true,
            "assessments_enabled": false,
            "auto_apply": true,
            "description": "",
            "execution_mode": "remote",
            "file_triggers_enabled": true,
            "force_delete": true,
            "global_remote_state": false,
            "html_url": "https://app.terraform.io/app/hashi_strawb_testing/workspaces/many-workspace-test-0026",
            "id": "ws-UDmF2ggj1PYKQSoU",
            "name": "many-workspace-test-0026",
            "operations": true,
            "organization": "hashi_strawb_testing",
            "project_id": "prj-8rNEinGacXMAwCr4",
            "queue_all_runs": true,
            "remote_state_consumer_ids": [],
            "resource_count": 0,
            "source_name": "",
            "source_url": "",
            "speculative_enabled": true,
            "ssh_key_id": "",
            "structured_run_output_enabled": true,
            "tag_names": [],
            "terraform_version": "1.6.2",
            "trigger_patterns": [],
            "trigger_prefixes": [
              "/modules"
            ],
            "vcs_repo": [
              {
                "branch": "",
                "github_app_installation_id": "ghain-3JcBMQW48TPfPn4f",
                "identifier": "hashi-strawb/tfc-big-monorepo-test",
                "ingress_submodules": false,
                "oauth_token_id": "",
                "tags_regex": ""
              }
            ],
            "working_directory": "workspaces/"
          },
          "sensitive_attributes": [],
          "private": "eyJzY2hlbWFfdmVyc2lvbiI6IjEifQ=="
        },
        {
          "index_key": 27,
          "schema_version": 1,
          "attributes": {
            "agent_pool_id": "",
            "allow_destroy_plan": true,
            "assessments_enabled": false,
            "auto_apply": true,
            "description": "",
            "execution_mode": "remote",
            "file_triggers_enabled": true,
            "force_delete": true,
            "global_remote_state": false,
            "html_url": "https://app.terraform.io/app/hashi_strawb_testing/workspaces/many-workspace-test-0027",
            "id": "ws-P14MgkCGDzP9ek5n",
            "name": "many-workspace-test-0027",
            "operations": true,
            "organization": "hashi_strawb_testing",
            "project_id": "prj-8rNEinGacXMAwCr4",
            "queue_all_runs": true,
            "remote_state_consumer_ids": [],
            "resource_count": 0,
            "source_name": "",
            "source_url": "",
            "speculative_enabled": true,
            "ssh_key_id": "",
            "structured_run_output_enabled": true,
            "tag_names": [],
            "terraform_version": "1.6.2",
            "trigger_patterns": [],
            "trigger_prefixes": [
              "/modules"
            ],
            "vcs_repo": [
              {
                "branch": "",
                "github_app_installation_id": "ghain-3JcBMQW48TPfPn4f",
                "identifier": "hashi-strawb/tfc-big-monorepo-test",
                "ingress_submodules": false,
                "oauth_token_id": "",
                "tags_regex": ""
              }
            ],
            "working_directory": "workspaces/"
          },
          "sensitive_attributes": [],
          "private": "eyJzY2hlbWFfdmVyc2lvbiI6IjEifQ=="
        },
        {
          "index_key": 28,
          "schema_version": 1,
          "attributes": {
            "agent_pool_id": "",
            "allow_destroy_plan": true,
            "assessments_enabled": false,
            "auto_apply": true,
            "description": "",
            "execution_mode": "remote",
            "file_triggers_enabled": true,
            "force_delete": true,
            "global_remote_state": false,
            "html_url": "https://app.terraform.io/app/hashi_strawb_testing/workspaces/many-workspace-test-0028",
            "id": "ws-yJZVRQy1ZQ3Esf9d",
            "name": "many-workspace-test-0028",
            "operations": true,
            "organization": "hashi_strawb_testing",
            "project_id": "prj-8rNEinGacXMAwCr4",
            "queue_all_runs": true,
            "remote_state_consumer_ids": [],
            "resource_count": 0,
            "source_name": "",
            "source_url": "",
            "speculative_enabled": true,
            "ssh_key_id": "",
            "structured_run_output_enabled": true,
            "tag_names": [],
            "terraform_version": "1.6.2",
            "trigger_patterns": [],
            "trigger_prefixes": [
              "/modules"
            ],
            "vcs_repo": [
              {
                "branch": "",
                "github_app_installation_id": "ghain-3JcBMQW48TPfPn4f",
                "identifier": "hashi-strawb/tfc-big-monorepo-test",
                "ingress_submodules": false,
                "oauth_token_id": "",
                "tags_regex": ""
              }
            ],
            "working_directory": "workspaces/"
          },
          "sensitive_attributes": [],
          "private": "eyJzY2hlbWFfdmVyc2lvbiI6IjEifQ=="
        },
        {
          "index_key": 29,
          "schema_version": 1,
          "attributes": {
            "agent_pool_id": "",
            "allow_destroy_plan": true,
            "assessments_enabled": false,
            "auto_apply": true,
            "description": "",
            "execution_mode": "remote",
            "file_triggers_enabled": true,
            "force_delete": true,
            "global_remote_state": false,
            "html_url": "https://app.terraform.io/app/hashi_strawb_testing/workspaces/many-workspace-test-0029",
            "id": "ws-WzZiKFXJMh4R3FkW",
            "name": "many-workspace-test-0029",
            "operations": true,
            "organization": "hashi_strawb_testing",
            "project_id": "prj-8rNEinGacXMAwCr4",
            "queue_all_runs": true,
            "remote_state_consumer_ids": [],
            "resource_count": 0,
            "source_name": "",
            "source_url": "",
            "speculative_enabled": true,
            "ssh_key_id": "",
            "structured_run_output_enabled": true,
            "tag_names": [],
            "terraform_version": "1.6.2",
            "trigger_patterns": [],
            "trigger_prefixes": [
              "/modules"
            ],
            "vcs_repo": [
              {
                "branch": "",
                "github_app_installation_id": "ghain-3JcBMQW48TPfPn4f",
                "identifier": "hashi-strawb/tfc-big-monorepo-test",
                "ingress_submodules": false,
                "oauth_token_id": "",
                "tags_regex": ""
              }
            ],
            "working_directory": "workspaces/"
          },
          "sensitive_attributes": [],
          "private": "eyJzY2hlbWFfdmVyc2lvbiI6IjEifQ=="
        },
        {
          "index_key": 30,
          "schema_version": 1,
          "attributes": {
            "agent_pool_id": "",
            "allow_destroy_plan": true,
            "assessments_enabled": false,
            "auto_apply": true,
            "description": "",
            "execution_mode": "remote",
            "file_triggers_enabled": true,
            "force_delete": true,
            "global_remote_state": false,
            "html_url": "https://app.terraform.io/app/hashi_strawb_testing/workspaces/many-workspace-test-0030",
            "id": "ws-yNXxR59N49xxNhZy",
            "name": "many-workspace-test-0030",
            "operations": true,
            "organization": "hashi_strawb_testing",
            "project_id": "prj-8rNEinGacXMAwCr4",
            "queue_all_runs": true,
            "remote_state_consumer_ids": [],
            "resource_count": 1,
            "source_name": "",
            "source_url": "",
            "speculative_enabled": true,
            "ssh_key_id": "",
            "structured_run_output_enabled": true,
            "tag_names": [],
            "terraform_version": "1.6.2",
            "trigger_patterns": [],
            "trigger_prefixes": [
              "/modules"
            ],
            "vcs_repo": [
              {
                "branch": "",
                "github_app_installation_id": "ghain-3JcBMQW48TPfPn4f",
                "identifier": "hashi-strawb/tfc-big-monorepo-test",
                "ingress_submodules": false,
                "oauth_token_id": "",
                "tags_regex": ""
              }
            ],
            "working_directory": "workspaces/"
          },
          "sensitive_attributes": [],
          "private": "eyJzY2hlbWFfdmVyc2lvbiI6IjEifQ=="
        },
        {
          "index_key": 31,
          "schema_version": 1,
          "attributes": {
            "agent_pool_id": "",
            "allow_destroy_plan": true,
            "assessments_enabled": false,
            "auto_apply": true,
            "description": "",
            "execution_mode": "remote",
            "file_triggers_enabled": true,
            "force_delete": true,
            "global_remote_state": false,
            "html_url": "https://app.terraform.io/app/hashi_strawb_testing/workspaces/many-workspace-test-0031",
            "id": "ws-HV4wBwvtxPpR4WE1",
            "name": "many-workspace-test-0031",
            "operations": true,
            "organization": "hashi_strawb_testing",
            "project_id": "prj-8rNEinGacXMAwCr4",
            "queue_all_runs": true,
            "remote_state_consumer_ids": [],
            "resource_count": 1,
            "source_name": "",
            "source_url": "",
            "speculative_enabled": true,
            "ssh_key_id": "",
            "structured_run_output_enabled": true,
            "tag_names": [],
            "terraform_version": "1.6.2",
            "trigger_patterns": [],
            "trigger_prefixes": [
              "/modules"
            ],
            "vcs_repo": [
              {
                "branch": "",
                "github_app_installation_id": "ghain-3JcBMQW48TPfPn4f",
                "identifier": "hashi-strawb/tfc-big-monorepo-test",
                "ingress_submodules": false,
                "oauth_token_id": "",
                "tags_regex": ""
              }
            ],
            "working_directory": "workspaces/"
          },
          "sensitive_attributes": [],
          "private": "eyJzY2hlbWFfdmVyc2lvbiI6IjEifQ=="
        },
        {
          "index_key": 32,
          "schema_version": 1,
          "attributes": {
            "agent_pool_id": "",
            "allow_destroy_plan": true,
            "assessments_enabled": false,
            "auto_apply": true,
            "description": "",
            "execution_mode": "remote",
            "file_triggers_enabled": true,
            "force_delete": true,
            "global_remote_state": false,
            "html_url": "https://app.terraform.io/app/hashi_strawb_testing/workspaces/many-workspace-test-0032",
            "id": "ws-pxEzLAAdpD7TNnnS",
            "name": "many-workspace-test-0032",
            "operations": true,
            "organization": "hashi_strawb_testing",
            "project_id": "prj-8rNEinGacXMAwCr4",
            "queue_all_runs": true,
            "remote_state_consumer_ids": [],
            "resource_count": 1,
            "source_name": "",
            "source_url": "",
            "speculative_enabled": true,
            "ssh_key_id": "",
            "structured_run_output_enabled": true,
            "tag_names": [],
            "terraform_version": "1.6.2",
            "trigger_patterns": [],
            "trigger_prefixes": [
              "/modules"
            ],
            "vcs_repo": [
              {
                "branch": "",
                "github_app_installation_id": "ghain-3JcBMQW48TPfPn4f",
                "identifier": "hashi-strawb/tfc-big-monorepo-test",
                "ingress_submodules": false,
                "oauth_token_id": "",
                "tags_regex": ""
              }
            ],
            "working_directory": "workspaces/"
          },
          "sensitive_attributes": [],
          "private": "eyJzY2hlbWFfdmVyc2lvbiI6IjEifQ=="
        },
        {
          "index_key": 33,
          "schema_version": 1,
          "attributes": {
            "agent_pool_id": "",
            "allow_destroy_plan": true,
            "assessments_enabled": false,
            "auto_apply": true,
            "description": "",
            "execution_mode": "remote",
            "file_triggers_enabled": true,
            "force_delete": true,
            "global_remote_state": false,
            "html_url": "https://app.terraform.io/app/hashi_strawb_testing/workspaces/many-workspace-test-0033",
            "id": "ws-bSJzfWb1GCCYA9xq",
            "name": "many-workspace-test-0033",
            "operations": true,
            "organization": "hashi_strawb_testing",
            "project_id": "prj-8rNEinGacXMAwCr4",
            "queue_all_runs": true,
            "remote_state_consumer_ids": [],
            "resource_count": 1,
            "source_name": "",
            "source_url": "",
            "speculative_enabled": true,
            "ssh_key_id": "",
            "structured_run_output_enabled": true,
            "tag_names": [],
            "terraform_version": "1.6.2",
            "trigger_patterns": [],
            "trigger_prefixes": [
              "/modules"
            ],
            "vcs_repo": [
              {
                "branch": "",
                "github_app_installation_id": "ghain-3JcBMQW48TPfPn4f",
                "identifier": "hashi-strawb/tfc-big-monorepo-test",
                "ingress_submodules": false,
                "oauth_token_id": "",
                "tags_regex": ""
              }
            ],
            "working_directory": "workspaces/"
          },
          "sensitive_attributes": [],
          "private": "eyJzY2hlbWFfdmVyc2lvbiI6IjEifQ=="
        },
        {
          "index_key": 34,
          "schema_version": 1,
          "attributes": {
            "agent_pool_id": "",
            "allow_destroy_plan": true,
            "assessments_enabled": false,
            "auto_apply": true,
            "description": "",
            "execution_mode": "remote",
            "file_triggers_enabled": true,
            "force_delete": true,
            "global_remote_state": false,
            "html_url": "https://app.terraform.io/app/hashi_strawb_testing/workspaces/many-workspace-test-0034",
            "id": "ws-hTEhvSZWSSk3WvH7",
            "name": "many-workspace-test-0034",
            "operations": true,
            "organization": "hashi_strawb_testing",
            "project_id": "prj-8rNEinGacXMAwCr4",
            "queue_all_runs": true,
            "remote_state_consumer_ids": [],
            "resource_count": 0,
            "source_name": "",
            "source_url": "",
            "speculative_enabled": true,
            "ssh_key_id": "",
            "structured_run_output_enabled": true,
            "tag_names": [],
            "terraform_version": "1.6.2",
            "trigger_patterns": [],
            "trigger_prefixes": [
              "/modules"
            ],
            "vcs_repo": [
              {
                "branch": "",
                "github_app_installation_id": "ghain-3JcBMQW48TPfPn4f",
                "identifier": "hashi-strawb/tfc-big-monorepo-test",
                "ingress_submodules": false,
                "oauth_token_id": "",
                "tags_regex": ""
              }
            ],
            "working_directory": "workspaces/"
          },
          "sensitive_attributes": [],
          "private": "eyJzY2hlbWFfdmVyc2lvbiI6IjEifQ=="
        },
        {
          "index_key": 35,
          "schema_version": 1,
          "attributes": {
            "agent_pool_id": "",
            "allow_destroy_plan": true,
            "assessments_enabled": false,
            "auto_apply": true,
            "description": "",
            "execution_mode": "remote",
            "file_triggers_enabled": true,
            "force_delete": true,
            "global_remote_state": false,
            "html_url": "https://app.terraform.io/app/hashi_strawb_testing/workspaces/many-workspace-test-0035",
            "id": "ws-nNhwUdyWRSs3FKWy",
            "name": "many-workspace-test-0035",
            "operations": true,
            "organization": "hashi_strawb_testing",
            "project_id": "prj-8rNEinGacXMAwCr4",
            "queue_all_runs": true,
            "remote_state_consumer_ids": [],
            "resource_count": 0,
            "source_name": "",
            "source_url": "",
            "speculative_enabled": true,
            "ssh_key_id": "",
            "structured_run_output_enabled": true,
            "tag_names": [],
            "terraform_version": "1.6.2",
            "trigger_patterns": [],
            "trigger_prefixes": [
              "/modules"
            ],
            "vcs_repo": [
              {
                "branch": "",
                "github_app_installation_id": "ghain-3JcBMQW48TPfPn4f",
                "identifier": "hashi-strawb/tfc-big-monorepo-test",
                "ingress_submodules": false,
                "oauth_token_id": "",
                "tags_regex": ""
              }
            ],
            "working_directory": "workspaces/"
          },
          "sensitive_attributes": [],
          "private": "eyJzY2hlbWFfdmVyc2lvbiI6IjEifQ=="
        },
        {
          "index_key": 36,
          "schema_version": 1,
          "attributes": {
            "agent_pool_id": "",
            "allow_destroy_plan": true,
            "assessments_enabled": false,
            "auto_apply": true,
            "description": "",
            "execution_mode": "remote",
            "file_triggers_enabled": true,
            "force_delete": true,
            "global_remote_state": false,
            "html_url": "https://app.terraform.io/app/hashi_strawb_testing/workspaces/many-workspace-test-0036",
            "id": "ws-iH3QHiE1Xh1w3mXT",
            "name": "many-workspace-test-0036",
            "operations": true,
            "organization": "hashi_strawb_testing",
            "project_id": "prj-8rNEinGacXMAwCr4",
            "queue_all_runs": true,
            "remote_state_consumer_ids": [],
            "resource_count": 0,
            "source_name": "",
            "source_url": "",
            "speculative_enabled": true,
            "ssh_key_id": "",
            "structured_run_output_enabled": true,
            "tag_names": [],
            "terraform_version": "1.6.2",
            "trigger_patterns": [],
            "trigger_prefixes": [
              "/modules"
            ],
            "vcs_repo": [
              {
                "branch": "",
                "github_app_installation_id": "ghain-3JcBMQW48TPfPn4f",
                "identifier": "hashi-strawb/tfc-big-monorepo-test",
                "ingress_submodules": false,
                "oauth_token_id": "",
                "tags_regex": ""
              }
            ],
            "working_directory": "workspaces/"
          },
          "sensitive_attributes": [],
          "private": "eyJzY2hlbWFfdmVyc2lvbiI6IjEifQ=="
        },
        {
          "index_key": 37,
          "schema_version": 1,
          "attributes": {
            "agent_pool_id": "",
            "allow_destroy_plan": true,
            "assessments_enabled": false,
            "auto_apply": true,
            "description": "",
            "execution_mode": "remote",
            "file_triggers_enabled": true,
            "force_delete": true,
            "global_remote_state": false,
            "html_url": "https://app.terraform.io/app/hashi_strawb_testing/workspaces/many-workspace-test-0037",
            "id": "ws-9Dnc6i2sGwKFk894",
            "name": "many-workspace-test-0037",
            "operations": true,
            "organization": "hashi_strawb_testing",
            "project_id": "prj-8rNEinGacXMAwCr4",
            "queue_all_runs": true,
            "remote_state_consumer_ids": [],
            "resource_count": 0,
            "source_name": "",
            "source_url": "",
            "speculative_enabled": true,
            "ssh_key_id": "",
            "structured_run_output_enabled": true,
            "tag_names": [],
            "terraform_version": "1.6.2",
            "trigger_patterns": [],
            "trigger_prefixes": [
              "/modules"
            ],
            "vcs_repo": [
              {
                "branch": "",
                "github_app_installation_id": "ghain-3JcBMQW48TPfPn4f",
                "identifier": "hashi-strawb/tfc-big-monorepo-test",
                "ingress_submodules": false,
                "oauth_token_id": "",
                "tags_regex": ""
              }
            ],
            "working_directory": "workspaces/"
          },
          "sensitive_attributes": [],
          "private": "eyJzY2hlbWFfdmVyc2lvbiI6IjEifQ=="
        },
        {
          "index_key": 38,
          "schema_version": 1,
          "attributes": {
            "agent_pool_id": "",
            "allow_destroy_plan": true,
            "assessments_enabled": false,
            "auto_apply": true,
            "description": "",
            "execution_mode": "remote",
            "file_triggers_enabled": true,
            "force_delete": true,
            "global_remote_state": false,
            "html_url": "https://app.terraform.io/app/hashi_strawb_testing/workspaces/many-workspace-test-0038",
            "id": "ws-UvMzhKnaBQBCRkX2",
            "name": "many-workspace-test-0038",
            "operations": true,
            "organization": "hashi_strawb_testing",
            "project_id": "prj-8rNEinGacXMAwCr4",
            "queue_all_runs": true,
            "remote_state_consumer_ids": [],
            "resource_count": 1,
            "source_name": "",
            "source_url": "",
            "speculative_enabled": true,
            "ssh_key_id": "",
            "structured_run_output_enabled": true,
            "tag_names": [],
            "terraform_version": "1.6.2",
            "trigger_patterns": [],
            "trigger_prefixes": [
              "/modules"
            ],
            "vcs_repo": [
              {
                "branch": "",
                "github_app_installation_id": "ghain-3JcBMQW48TPfPn4f",
                "identifier": "hashi-strawb/tfc-big-monorepo-test",
                "ingress_submodules": false,
                "oauth_token_id": "",
                "tags_regex": ""
              }
            ],
            "working_directory": "workspaces/"
          },
          "sensitive_attributes": [],
          "private": "eyJzY2hlbWFfdmVyc2lvbiI6IjEifQ=="
        },
        {
          "index_key": 39,
          "schema_version": 1,
          "attributes": {
            "agent_pool_id": "",
            "allow_destroy_plan": true,
            "assessments_enabled": false,
            "auto_apply": true,
            "description": "",
            "execution_mode": "remote",
            "file_triggers_enabled": true,
            "force_delete": true,
            "global_remote_state": false,
            "html_url": "https://app.terraform.io/app/hashi_strawb_testing/workspaces/many-workspace-test-0039",
            "id": "ws-kRrqeYeQC3sLB94m",
            "name": "many-workspace-test-0039",
            "operations": true,
            "organization": "hashi_strawb_testing",
            "project_id": "prj-8rNEinGacXMAwCr4",
            "queue_all_runs": true,
            "remote_state_consumer_ids": [],
            "resource_count": 0,
            "source_name": "",
            "source_url": "",
            "speculative_enabled": true,
            "ssh_key_id": "",
            "structured_run_output_enabled": true,
            "tag_names": [],
            "terraform_version": "1.6.2",
            "trigger_patterns": [],
            "trigger_prefixes": [
              "/modules"
            ],
            "vcs_repo": [
              {
                "branch": "",
                "github_app_installation_id": "ghain-3JcBMQW48TPfPn4f",
                "identifier": "hashi-strawb/tfc-big-monorepo-test",
                "ingress_submodules": false,
                "oauth_token_id": "",
                "tags_regex": ""
              }
            ],
            "working_directory": "workspaces/"
          },
          "sensitive_attributes": [],
          "private": "eyJzY2hlbWFfdmVyc2lvbiI6IjEifQ=="
        },
        {
          "index_key": 40,
          "schema_version": 1,
          "attributes": {
            "agent_pool_id": "",
            "allow_destroy_plan": true,
            "assessments_enabled": false,
            "auto_apply": true,
            "description": "",
            "execution_mode": "remote",
            "file_triggers_enabled": true,
            "force_delete": true,
            "global_remote_state": false,
            "html_url": "https://app.terraform.io/app/hashi_strawb_testing/workspaces/many-workspace-test-0040",
            "id": "ws-vz9mahvpPTRTHyPD",
            "name": "many-workspace-test-0040",
            "operations": true,
            "organization": "hashi_strawb_testing",
            "project_id": "prj-8rNEinGacXMAwCr4",
            "queue_all_runs": true,
            "remote_state_consumer_ids": [],
            "resource_count": 1,
            "source_name": "",
            "source_url": "",
            "speculative_enabled": true,
            "ssh_key_id": "",
            "structured_run_output_enabled": true,
            "tag_names": [],
            "terraform_version": "1.6.2",
            "trigger_patterns": [],
            "trigger_prefixes": [
              "/modules"
            ],
            "vcs_repo": [
              {
                "branch": "",
                "github_app_installation_id": "ghain-3JcBMQW48TPfPn4f",
                "identifier": "hashi-strawb/tfc-big-monorepo-test",
                "ingress_submodules": false,
                "oauth_token_id": "",
                "tags_regex": ""
              }
            ],
            "working_directory": "workspaces/"
          },
          "sensitive_attributes": [],
          "private": "eyJzY2hlbWFfdmVyc2lvbiI6IjEifQ=="
        },
        {
          "index_key": 41,
          "schema_version": 1,
          "attributes": {
            "agent_pool_id": "",
            "allow_destroy_plan": true,
            "assessments_enabled": false,
            "auto_apply": true,
            "description": "",
            "execution_mode": "remote",
            "file_triggers_enabled": true,
            "force_delete": true,
            "global_remote_state": false,
            "html_url": "https://app.terraform.io/app/hashi_strawb_testing/workspaces/many-workspace-test-0041",
            "id": "ws-VsaqcCKeQ5J1Awes",
            "name": "many-workspace-test-0041",
            "operations": true,
            "organization": "hashi_strawb_testing",
            "project_id": "prj-8rNEinGacXMAwCr4",
            "queue_all_runs": true,
            "remote_state_consumer_ids": [],
            "resource_count": 0,
            "source_name": "",
            "source_url": "",
            "speculative_enabled": true,
            "ssh_key_id": "",
            "structured_run_output_enabled": true,
            "tag_names": [],
            "terraform_version": "1.6.2",
            "trigger_patterns": [],
            "trigger_prefixes": [
              "/modules"
            ],
            "vcs_repo": [
              {
                "branch": "",
                "github_app_installation_id": "ghain-3JcBMQW48TPfPn4f",
                "identifier": "hashi-strawb/tfc-big-monorepo-test",
                "ingress_submodules": false,
                "oauth_token_id": "",
                "tags_regex": ""
              }
            ],
            "working_directory": "workspaces/"
          },
          "sensitive_attributes": [],
          "private": "eyJzY2hlbWFfdmVyc2lvbiI6IjEifQ=="
        },
        {
          "index_key": 42,
          "schema_version": 1,
          "attributes": {
            "agent_pool_id": "",
            "allow_destroy_plan": true,
            "assessments_enabled": false,
            "auto_apply": true,
            "description": "",
            "execution_mode": "remote",
            "file_triggers_enabled": true,
            "force_delete": true,
            "global_remote_state": false,
            "html_url": "https://app.terraform.io/app/hashi_strawb_testing/workspaces/many-workspace-test-0042",
            "id": "ws-gZk2xBCpVghMd2f4",
            "name": "many-workspace-test-0042",
            "operations": true,
            "organization": "hashi_strawb_testing",
            "project_id": "prj-8rNEinGacXMAwCr4",
            "queue_all_runs": true,
            "remote_state_consumer_ids": [],
            "resource_count": 0,
            "source_name": "",
            "source_url": "",
            "speculative_enabled": true,
            "ssh_key_id": "",
            "structured_run_output_enabled": true,
            "tag_names": [],
            "terraform_version": "1.6.2",
            "trigger_patterns": [],
            "trigger_prefixes": [
              "/modules"
            ],
            "vcs_repo": [
              {
                "branch": "",
                "github_app_installation_id": "ghain-3JcBMQW48TPfPn4f",
                "identifier": "hashi-strawb/tfc-big-monorepo-test",
                "ingress_submodules": false,
                "oauth_token_id": "",
                "tags_regex": ""
              }
            ],
            "working_directory": "workspaces/"
          },
          "sensitive_attributes": [],
          "private": "eyJzY2hlbWFfdmVyc2lvbiI6IjEifQ=="
        },
        {
          "index_key": 43,
          "schema_version": 1,
          "attributes": {
            "agent_pool_id": "",
            "allow_destroy_plan": true,
            "assessments_enabled": false,
            "auto_apply": true,
            "description": "",
            "execution_mode": "remote",
            "file_triggers_enabled": true,
            "force_delete": true,
            "global_remote_state": false,
            "html_url": "https://app.terraform.io/app/hashi_strawb_testing/workspaces/many-workspace-test-0043",
            "id": "ws-bS1nBq9vqwor9WKv",
            "name": "many-workspace-test-0043",
            "operations": true,
            "organization": "hashi_strawb_testing",
            "project_id": "prj-8rNEinGacXMAwCr4",
            "queue_all_runs": true,
            "remote_state_consumer_ids": [],
            "resource_count": 0,
            "source_name": "",
            "source_url": "",
            "speculative_enabled": true,
            "ssh_key_id": "",
            "structured_run_output_enabled": true,
            "tag_names": [],
            "terraform_version": "1.6.2",
            "trigger_patterns": [],
            "trigger_prefixes": [
              "/modules"
            ],
            "vcs_repo": [
              {
                "branch": "",
                "github_app_installation_id": "ghain-3JcBMQW48TPfPn4f",
                "identifier": "hashi-strawb/tfc-big-monorepo-test",
                "ingress_submodules": false,
                "oauth_token_id": "",
                "tags_regex": ""
              }
            ],
            "working_directory": "workspaces/"
          },
          "sensitive_attributes": [],
          "private": "eyJzY2hlbWFfdmVyc2lvbiI6IjEifQ=="
        },
        {
          "index_key": 44,
          "schema_version": 1,
          "attributes": {
            "agent_pool_id": "",
            "allow_destroy_plan": true,
            "assessments_enabled": false,
            "auto_apply": true,
            "description": "",
            "execution_mode": "remote",
            "file_triggers_enabled": true,
            "force_delete": true,
            "global_remote_state": false,
            "html_url": "https://app.terraform.io/app/hashi_strawb_testing/workspaces/many-workspace-test-0044",
            "id": "ws-LuhzexEVqY3NyeWJ",
            "name": "many-workspace-test-0044",
            "operations": true,
            "organization": "hashi_strawb_testing",
            "project_id": "prj-8rNEinGacXMAwCr4",
            "queue_all_runs": true,
            "remote_state_consumer_ids": [],
            "resource_count": 0,
            "source_name": "",
            "source_url": "",
            "speculative_enabled": true,
            "ssh_key_id": "",
            "structured_run_output_enabled": true,
            "tag_names": [],
            "terraform_version": "1.6.2",
            "trigger_patterns": [],
            "trigger_prefixes": [
              "/modules"
            ],
            "vcs_repo": [
              {
                "branch": "",
                "github_app_installation_id": "ghain-3JcBMQW48TPfPn4f",
                "identifier": "hashi-strawb/tfc-big-monorepo-test",
                "ingress_submodules": false,
                "oauth_token_id": "",
                "tags_regex": ""
              }
            ],
            "working_directory": "workspaces/"
          },
          "sensitive_attributes": [],
          "private": "eyJzY2hlbWFfdmVyc2lvbiI6IjEifQ=="
        },
        {
          "index_key": 45,
          "schema_version": 1,
          "attributes": {
            "agent_pool_id": "",
            "allow_destroy_plan": true,
            "assessments_enabled": false,
            "auto_apply": true,
            "description": "",
            "execution_mode": "remote",
            "file_triggers_enabled": true,
            "force_delete": true,
            "global_remote_state": false,
            "html_url": "https://app.terraform.io/app/hashi_strawb_testing/workspaces/many-workspace-test-0045",
            "id": "ws-a9bzk1JXPrjjpDFz",
            "name": "many-workspace-test-0045",
            "operations": true,
            "organization": "hashi_strawb_testing",
            "project_id": "prj-8rNEinGacXMAwCr4",
            "queue_all_runs": true,
            "remote_state_consumer_ids": [],
            "resource_count": 0,
            "source_name": "",
            "source_url": "",
            "speculative_enabled": true,
            "ssh_key_id": "",
            "structured_run_output_enabled": true,
            "tag_names": [],
            "terraform_version": "1.6.2",
            "trigger_patterns": [],
            "trigger_prefixes": [
              "/modules"
            ],
            "vcs_repo": [
              {
                "branch": "",
                "github_app_installation_id": "ghain-3JcBMQW48TPfPn4f",
                "identifier": "hashi-strawb/tfc-big-monorepo-test",
                "ingress_submodules": false,
                "oauth_token_id": "",
                "tags_regex": ""
              }
            ],
            "working_directory": "workspaces/"
          },
          "sensitive_attributes": [],
          "private": "eyJzY2hlbWFfdmVyc2lvbiI6IjEifQ=="
        },
        {
          "index_key": 46,
          "schema_version": 1,
          "attributes": {
            "agent_pool_id": "",
            "allow_destroy_plan": true,
            "assessments_enabled": false,
            "auto_apply": true,
            "description": "",
            "execution_mode": "remote",
            "file_triggers_enabled": true,
            "force_delete": true,
            "global_remote_state": false,
            "html_url": "https://app.terraform.io/app/hashi_strawb_testing/workspaces/many-workspace-test-0046",
            "id": "ws-6ZcWvdji6RTFkwa6",
            "name": "many-workspace-test-0046",
            "operations": true,
            "organization": "hashi_strawb_testing",
            "project_id": "prj-8rNEinGacXMAwCr4",
            "queue_all_runs": true,
            "remote_state_consumer_ids": [],
            "resource_count": 0,
            "source_name": "",
            "source_url": "",
            "speculative_enabled": true,
            "ssh_key_id": "",
            "structured_run_output_enabled": true,
            "tag_names": [],
            "terraform_version": "1.6.2",
            "trigger_patterns": [],
            "trigger_prefixes": [
              "/modules"
            ],
            "vcs_repo": [
              {
                "branch": "",
                "github_app_installation_id": "ghain-3JcBMQW48TPfPn4f",
                "identifier": "hashi-strawb/tfc-big-monorepo-test",
                "ingress_submodules": false,
                "oauth_token_id": "",
                "tags_regex": ""
              }
            ],
            "working_directory": "workspaces/"
          },
          "sensitive_attributes": [],
          "private": "eyJzY2hlbWFfdmVyc2lvbiI6IjEifQ=="
        },
        {
          "index_key": 47,
          "schema_version": 1,
          "attributes": {
            "agent_pool_id": "",
            "allow_destroy_plan": true,
            "assessments_enabled": false,
            "auto_apply": true,
            "description": "",
            "execution_mode": "remote",
            "file_triggers_enabled": true,
            "force_delete": true,
            "global_remote_state": false,
            "html_url": "https://app.terraform.io/app/hashi_strawb_testing/workspaces/many-workspace-test-0047",
            "id": "ws-2VziirZMy9NjzqYT",
            "name": "many-workspace-test-0047",
            "operations": true,
            "organization": "hashi_strawb_testing",
            "project_id": "prj-8rNEinGacXMAwCr4",
            "queue_all_runs": true,
            "remote_state_consumer_ids": [],
            "resource_count": 1,
            "source_name": "",
            "source_url": "",
            "speculative_enabled": true,
            "ssh_key_id": "",
            "structured_run_output_enabled": true,
            "tag_names": [],
            "terraform_version": "1.6.2",
            "trigger_patterns": [],
            "trigger_prefixes": [
              "/modules"
            ],
            "vcs_repo": [
              {
                "branch": "",
                "github_app_installation_id": "ghain-3JcBMQW48TPfPn4f",
                "identifier": "hashi-strawb/tfc-big-monorepo-test",
                "ingress_submodules": false,
                "oauth_token_id": "",
                "tags_regex": ""
              }
            ],
            "working_directory": "workspaces/"
          },
          "sensitive_attributes": [],
          "private": "eyJzY2hlbWFfdmVyc2lvbiI6IjEifQ=="
        },
        {
          "index_key": 48,
          "schema_version": 1,
          "attributes": {
            "agent_pool_id": "",
            "allow_destroy_plan": true,
            "assessments_enabled": false,
            "auto_apply": true,
            "description": "",
            "execution_mode": "remote",
            "file_triggers_enabled": true,
            "force_delete": true,
            "global_remote_state": false,
            "html_url": "https://app.terraform.io/app/hashi_strawb_testing/workspaces/many-workspace-test-0048",
            "id": "ws-LV3Xt1fsGvu8m6rx",
            "name": "many-workspace-test-0048",
            "operations": true,
            "organization": "hashi_strawb_testing",
            "project_id": "prj-8rNEinGacXMAwCr4",
            "queue_all_runs": true,
            "remote_state_consumer_ids": [],
            "resource_count": 0,
            "source_name": "",
            "source_url": "",
            "speculative_enabled": true,
            "ssh_key_id": "",
            "structured_run_output_enabled": true,
            "tag_names": [],
            "terraform_version": "1.6.2",
            "trigger_patterns": [],
            "trigger_prefixes": [
              "/modules"
            ],
            "vcs_repo": [
              {
                "branch": "",
                "github_app_installation_id": "ghain-3JcBMQW48TPfPn4f",
                "identifier": "hashi-strawb/tfc-big-monorepo-test",
                "ingress_submodules": false,
                "oauth_token_id": "",
                "tags_regex": ""
              }
            ],
            "working_directory": "workspaces/"
          },
          "sensitive_attributes": [],
          "private": "eyJzY2hlbWFfdmVyc2lvbiI6IjEifQ=="
        },
        {
          "index_key": 49,
          "schema_version": 1,
          "attributes": {
            "agent_pool_id": "",
            "allow_destroy_plan": true,
            "assessments_enabled": false,
            "auto_apply": true,
            "description": "",
            "execution_mode": "remote",
            "file_triggers_enabled": true,
            "force_delete": true,
            "global_remote_state": false,
            "html_url": "https://app.terraform.io/app/hashi_strawb_testing/workspaces/many-workspace-test-0049",
            "id": "ws-3EYZJ5XkRshibtQK",
            "name": "many-workspace-test-0049",
            "operations": true,
            "organization": "hashi_strawb_testing",
            "project_id": "prj-8rNEinGacXMAwCr4",
            "queue_all_runs": true,
            "remote_state_consumer_ids": [],
            "resource_count": 1,
            "source_name": "",
            "source_url": "",
            "speculative_enabled": true,
            "ssh_key_id": "",
            "structured_run_output_enabled": true,
            "tag_names": [],
            "terraform_version": "1.6.2",
            "trigger_patterns": [],
            "trigger_prefixes": [
              "/modules"
            ],
            "vcs_repo": [
              {
                "branch": "",
                "github_app_installation_id": "ghain-3JcBMQW48TPfPn4f",
                "identifier": "hashi-strawb/tfc-big-monorepo-test",
                "ingress_submodules": false,
                "oauth_token_id": "",
                "tags_regex": ""
              }
            ],
            "working_directory": "workspaces/"
          },
          "sensitive_attributes": [],
          "private": "eyJzY2hlbWFfdmVyc2lvbiI6IjEifQ=="
        },
        {
          "index_key": 50,
          "schema_version": 1,
          "attributes": {
            "agent_pool_id": "",
            "allow_destroy_plan": true,
            "assessments_enabled": false,
            "auto_apply": true,
            "description": "",
            "execution_mode": "remote",
            "file_triggers_enabled": true,
            "force_delete": true,
            "global_remote_state": false,
            "html_url": "https://app.terraform.io/app/hashi_strawb_testing/workspaces/many-workspace-test-0050",
            "id": "ws-PR4FNuRP1tPGNuHM",
            "name": "many-workspace-test-0050",
            "operations": true,
            "organization": "hashi_strawb_testing",
            "project_id": "prj-8rNEinGacXMAwCr4",
            "queue_all_runs": true,
            "remote_state_consumer_ids": [],
            "resource_count": 0,
            "source_name": "",
            "source_url": "",
            "speculative_enabled": true,
            "ssh_key_id": "",
            "structured_run_output_enabled": true,
            "tag_names": [],
            "terraform_version": "1.6.2",
            "trigger_patterns": [],
            "trigger_prefixes": [
              "/modules"
            ],
            "vcs_repo": [
              {
                "branch": "",
                "github_app_installation_id": "ghain-3JcBMQW48TPfPn4f",
                "identifier": "hashi-strawb/tfc-big-monorepo-test",
                "ingress_submodules": false,
                "oauth_token_id": "",
                "tags_regex": ""
              }
            ],
            "working_directory": "workspaces/"
          },
          "sensitive_attributes": [],
          "private": "eyJzY2hlbWFfdmVyc2lvbiI6IjEifQ=="
        },
        {
          "index_key": 51,
          "schema_version": 1,
          "attributes": {
            "agent_pool_id": "",
            "allow_destroy_plan": true,
            "assessments_enabled": false,
            "auto_apply": true,
            "description": "",
            "execution_mode": "remote",
            "file_triggers_enabled": true,
            "force_delete": true,
            "global_remote_state": false,
            "html_url": "https://app.terraform.io/app/hashi_strawb_testing/workspaces/many-workspace-test-0051",
            "id": "ws-ZrKTRUhutyAouFkA",
            "name": "many-workspace-test-0051",
            "operations": true,
            "organization": "hashi_strawb_testing",
            "project_id": "prj-8rNEinGacXMAwCr4",
            "queue_all_runs": true,
            "remote_state_consumer_ids": [],
            "resource_count": 1,
            "source_name": "",
            "source_url": "",
            "speculative_enabled": true,
            "ssh_key_id": "",
            "structured_run_output_enabled": true,
            "tag_names": [],
            "terraform_version": "1.6.2",
            "trigger_patterns": [],
            "trigger_prefixes": [
              "/modules"
            ],
            "vcs_repo": [
              {
                "branch": "",
                "github_app_installation_id": "ghain-3JcBMQW48TPfPn4f",
                "identifier": "hashi-strawb/tfc-big-monorepo-test",
                "ingress_submodules": false,
                "oauth_token_id": "",
                "tags_regex": ""
              }
            ],
            "working_directory": "workspaces/"
          },
          "sensitive_attributes": [],
          "private": "eyJzY2hlbWFfdmVyc2lvbiI6IjEifQ=="
        },
        {
          "index_key": 52,
          "schema_version": 1,
          "attributes": {
            "agent_pool_id": "",
            "allow_destroy_plan": true,
            "assessments_enabled": false,
            "auto_apply": true,
            "description": "",
            "execution_mode": "remote",
            "file_triggers_enabled": true,
            "force_delete": true,
            "global_remote_state": false,
            "html_url": "https://app.terraform.io/app/hashi_strawb_testing/workspaces/many-workspace-test-0052",
            "id": "ws-topzHc3sYx9an5Aa",
            "name": "many-workspace-test-0052",
            "operations": true,
            "organization": "hashi_strawb_testing",
            "project_id": "prj-8rNEinGacXMAwCr4",
            "queue_all_runs": true,
            "remote_state_consumer_ids": [],
            "resource_count": 1,
            "source_name": "",
            "source_url": "",
            "speculative_enabled": true,
            "ssh_key_id": "",
            "structured_run_output_enabled": true,
            "tag_names": [],
            "terraform_version": "1.6.2",
            "trigger_patterns": [],
            "trigger_prefixes": [
              "/modules"
            ],
            "vcs_repo": [
              {
                "branch": "",
                "github_app_installation_id": "ghain-3JcBMQW48TPfPn4f",
                "identifier": "hashi-strawb/tfc-big-monorepo-test",
                "ingress_submodules": false,
                "oauth_token_id": "",
                "tags_regex": ""
              }
            ],
            "working_directory": "workspaces/"
          },
          "sensitive_attributes": [],
          "private": "eyJzY2hlbWFfdmVyc2lvbiI6IjEifQ=="
        },
        {
          "index_key": 53,
          "schema_version": 1,
          "attributes": {
            "agent_pool_id": "",
            "allow_destroy_plan": true,
            "assessments_enabled": false,
            "auto_apply": true,
            "description": "",
            "execution_mode": "remote",
            "file_triggers_enabled": true,
            "force_delete": true,
            "global_remote_state": false,
            "html_url": "https://app.terraform.io/app/hashi_strawb_testing/workspaces/many-workspace-test-0053",
            "id": "ws-6PDYi1fEZYRvn8hk",
            "name": "many-workspace-test-0053",
            "operations": true,
            "organization": "hashi_strawb_testing",
            "project_id": "prj-8rNEinGacXMAwCr4",
            "queue_all_runs": true,
            "remote_state_consumer_ids": [],
            "resource_count": 1,
            "source_name": "",
            "source_url": "",
            "speculative_enabled": true,
            "ssh_key_id": "",
            "structured_run_output_enabled": true,
            "tag_names": [],
            "terraform_version": "1.6.2",
            "trigger_patterns": [],
            "trigger_prefixes": [
              "/modules"
            ],
            "vcs_repo": [
              {
                "branch": "",
                "github_app_installation_id": "ghain-3JcBMQW48TPfPn4f",
                "identifier": "hashi-strawb/tfc-big-monorepo-test",
                "ingress_submodules": false,
                "oauth_token_id": "",
                "tags_regex": ""
              }
            ],
            "working_directory": "workspaces/"
          },
          "sensitive_attributes": [],
          "private": "eyJzY2hlbWFfdmVyc2lvbiI6IjEifQ=="
        },
        {
          "index_key": 54,
          "schema_version": 1,
          "attributes": {
            "agent_pool_id": "",
            "allow_destroy_plan": true,
            "assessments_enabled": false,
            "auto_apply": true,
            "description": "",
            "execution_mode": "remote",
            "file_triggers_enabled": true,
            "force_delete": true,
            "global_remote_state": false,
            "html_url": "https://app.terraform.io/app/hashi_strawb_testing/workspaces/many-workspace-test-0054",
            "id": "ws-pgLFc5vakxDS22YF",
            "name": "many-workspace-test-0054",
            "operations": true,
            "organization": "hashi_strawb_testing",
            "project_id": "prj-8rNEinGacXMAwCr4",
            "queue_all_runs": true,
            "remote_state_consumer_ids": [],
            "resource_count": 0,
            "source_name": "",
            "source_url": "",
            "speculative_enabled": true,
            "ssh_key_id": "",
            "structured_run_output_enabled": true,
            "tag_names": [],
            "terraform_version": "1.6.2",
            "trigger_patterns": [],
            "trigger_prefixes": [
              "/modules"
            ],
            "vcs_repo": [
              {
                "branch": "",
                "github_app_installation_id": "ghain-3JcBMQW48TPfPn4f",
                "identifier": "hashi-strawb/tfc-big-monorepo-test",
                "ingress_submodules": false,
                "oauth_token_id": "",
                "tags_regex": ""
              }
            ],
            "working_directory": "workspaces/"
          },
          "sensitive_attributes": [],
          "private": "eyJzY2hlbWFfdmVyc2lvbiI6IjEifQ=="
        },
        {
          "index_key": 55,
          "schema_version": 1,
          "attributes": {
            "agent_pool_id": "",
            "allow_destroy_plan": true,
            "assessments_enabled": false,
            "auto_apply": true,
            "description": "",
            "execution_mode": "remote",
            "file_triggers_enabled": true,
            "force_delete": true,
            "global_remote_state": false,
            "html_url": "https://app.terraform.io/app/hashi_strawb_testing/workspaces/many-workspace-test-0055",
            "id": "ws-sN4NQnxrbfKvVu3t",
            "name": "many-workspace-test-0055",
            "operations": true,
            "organization": "hashi_strawb_testing",
            "project_id": "prj-8rNEinGacXMAwCr4",
            "queue_all_runs": true,
            "remote_state_consumer_ids": [],
            "resource_count": 0,
            "source_name": "",
            "source_url": "",
            "speculative_enabled": true,
            "ssh_key_id": "",
            "structured_run_output_enabled": true,
            "tag_names": [],
            "terraform_version": "1.6.2",
            "trigger_patterns": [],
            "trigger_prefixes": [
              "/modules"
            ],
            "vcs_repo": [
              {
                "branch": "",
                "github_app_installation_id": "ghain-3JcBMQW48TPfPn4f",
                "identifier": "hashi-strawb/tfc-big-monorepo-test",
                "ingress_submodules": false,
                "oauth_token_id": "",
                "tags_regex": ""
              }
            ],
            "working_directory": "workspaces/"
          },
          "sensitive_attributes": [],
          "private": "eyJzY2hlbWFfdmVyc2lvbiI6IjEifQ=="
        },
        {
          "index_key": 56,
          "schema_version": 1,
          "attributes": {
            "agent_pool_id": "",
            "allow_destroy_plan": true,
            "assessments_enabled": false,
            "auto_apply": true,
            "description": "",
            "execution_mode": "remote",
            "file_triggers_enabled": true,
            "force_delete": true,
            "global_remote_state": false,
            "html_url": "https://app.terraform.io/app/hashi_strawb_testing/workspaces/many-workspace-test-0056",
            "id": "ws-ZgTZMRSXd8mvDipy",
            "name": "many-workspace-test-0056",
            "operations": true,
            "organization": "hashi_strawb_testing",
            "project_id": "prj-8rNEinGacXMAwCr4",
            "queue_all_runs": true,
            "remote_state_consumer_ids": [],
            "resource_count": 0,
            "source_name": "",
            "source_url": "",
            "speculative_enabled": true,
            "ssh_key_id": "",
            "structured_run_output_enabled": true,
            "tag_names": [],
            "terraform_version": "1.6.2",
            "trigger_patterns": [],
            "trigger_prefixes": [
              "/modules"
            ],
            "vcs_repo": [
              {
                "branch": "",
                "github_app_installation_id": "ghain-3JcBMQW48TPfPn4f",
                "identifier": "hashi-strawb/tfc-big-monorepo-test",
                "ingress_submodules": false,
                "oauth_token_id": "",
                "tags_regex": ""
              }
            ],
            "working_directory": "workspaces/"
          },
          "sensitive_attributes": [],
          "private": "eyJzY2hlbWFfdmVyc2lvbiI6IjEifQ=="
        },
        {
          "index_key": 57,
          "schema_version": 1,
          "attributes": {
            "agent_pool_id": "",
            "allow_destroy_plan": true,
            "assessments_enabled": false,
            "auto_apply": true,
            "description": "",
            "execution_mode": "remote",
            "file_triggers_enabled": true,
            "force_delete": true,
            "global_remote_state": false,
            "html_url": "https://app.terraform.io/app/hashi_strawb_testing/workspaces/many-workspace-test-0057",
            "id": "ws-NzTL1zD6dDwFqY2a",
            "name": "many-workspace-test-0057",
            "operations": true,
            "organization": "hashi_strawb_testing",
            "project_id": "prj-8rNEinGacXMAwCr4",
            "queue_all_runs": true,
            "remote_state_consumer_ids": [],
            "resource_count": 0,
            "source_name": "",
            "source_url": "",
            "speculative_enabled": true,
            "ssh_key_id": "",
            "structured_run_output_enabled": true,
            "tag_names": [],
            "terraform_version": "1.6.2",
            "trigger_patterns": [],
            "trigger_prefixes": [
              "/modules"
            ],
            "vcs_repo": [
              {
                "branch": "",
                "github_app_installation_id": "ghain-3JcBMQW48TPfPn4f",
                "identifier": "hashi-strawb/tfc-big-monorepo-test",
                "ingress_submodules": false,
                "oauth_token_id": "",
                "tags_regex": ""
              }
            ],
            "working_directory": "workspaces/"
          },
          "sensitive_attributes": [],
          "private": "eyJzY2hlbWFfdmVyc2lvbiI6IjEifQ=="
        },
        {
          "index_key": 58,
          "schema_version": 1,
          "attributes": {
            "agent_pool_id": "",
            "allow_destroy_plan": true,
            "assessments_enabled": false,
            "auto_apply": true,
            "description": "",
            "execution_mode": "remote",
            "file_triggers_enabled": true,
            "force_delete": true,
            "global_remote_state": false,
            "html_url": "https://app.terraform.io/app/hashi_strawb_testing/workspaces/many-workspace-test-0058",
            "id": "ws-94eGytNvfX7HmKpi",
            "name": "many-workspace-test-0058",
            "operations": true,
            "organization": "hashi_strawb_testing",
            "project_id": "prj-8rNEinGacXMAwCr4",
            "queue_all_runs": true,
            "remote_state_consumer_ids": [],
            "resource_count": 0,
            "source_name": "",
            "source_url": "",
            "speculative_enabled": true,
            "ssh_key_id": "",
            "structured_run_output_enabled": true,
            "tag_names": [],
            "terraform_version": "1.6.2",
            "trigger_patterns": [],
            "trigger_prefixes": [
              "/modules"
            ],
            "vcs_repo": [
              {
                "branch": "",
                "github_app_installation_id": "ghain-3JcBMQW48TPfPn4f",
                "identifier": "hashi-strawb/tfc-big-monorepo-test",
                "ingress_submodules": false,
                "oauth_token_id": "",
                "tags_regex": ""
              }
            ],
            "working_directory": "workspaces/"
          },
          "sensitive_attributes": [],
          "private": "eyJzY2hlbWFfdmVyc2lvbiI6IjEifQ=="
        },
        {
          "index_key": 59,
          "schema_version": 1,
          "attributes": {
            "agent_pool_id": "",
            "allow_destroy_plan": true,
            "assessments_enabled": false,
            "auto_apply": true,
            "description": "",
            "execution_mode": "remote",
            "file_triggers_enabled": true,
            "force_delete": true,
            "global_remote_state": false,
            "html_url": "https://app.terraform.io/app/hashi_strawb_testing/workspaces/many-workspace-test-0059",
            "id": "ws-6hbQVFS7ScVkutPz",
            "name": "many-workspace-test-0059",
            "operations": true,
            "organization": "hashi_strawb_testing",
            "project_id": "prj-8rNEinGacXMAwCr4",
            "queue_all_runs": true,
            "remote_state_consumer_ids": [],
            "resource_count": 1,
            "source_name": "",
            "source_url": "",
            "speculative_enabled": true,
            "ssh_key_id": "",
            "structured_run_output_enabled": true,
            "tag_names": [],
            "terraform_version": "1.6.2",
            "trigger_patterns": [],
            "trigger_prefixes": [
              "/modules"
            ],
            "vcs_repo": [
              {
                "branch": "",
                "github_app_installation_id": "ghain-3JcBMQW48TPfPn4f",
                "identifier": "hashi-strawb/tfc-big-monorepo-test",
                "ingress_submodules": false,
                "oauth_token_id": "",
                "tags_regex": ""
              }
            ],
            "working_directory": "workspaces/"
          },
          "sensitive_attributes": [],
          "private": "eyJzY2hlbWFfdmVyc2lvbiI6IjEifQ=="
        },
        {
          "index_key": 60,
          "schema_version": 1,
          "attributes": {
            "agent_pool_id": "",
            "allow_destroy_plan": true,
            "assessments_enabled": false,
            "auto_apply": true,
            "description": "",
            "execution_mode": "remote",
            "file_triggers_enabled": true,
            "force_delete": true,
            "global_remote_state": false,
            "html_url": "https://app.terraform.io/app/hashi_strawb_testing/workspaces/many-workspace-test-0060",
            "id": "ws-vdmFveq2d4AmNsYi",
            "name": "many-workspace-test-0060",
            "operations": true,
            "organization": "hashi_strawb_testing",
            "project_id": "prj-8rNEinGacXMAwCr4",
            "queue_all_runs": true,
            "remote_state_consumer_ids": [],
            "resource_count": 1,
            "source_name": "",
            "source_url": "",
            "speculative_enabled": true,
            "ssh_key_id": "",
            "structured_run_output_enabled": true,
            "tag_names": [],
            "terraform_version": "1.6.2",
            "trigger_patterns": [],
            "trigger_prefixes": [
              "/modules"
            ],
            "vcs_repo": [
              {
                "branch": "",
                "github_app_installation_id": "ghain-3JcBMQW48TPfPn4f",
                "identifier": "hashi-strawb/tfc-big-monorepo-test",
                "ingress_submodules": false,
                "oauth_token_id": "",
                "tags_regex": ""
              }
            ],
            "working_directory": "workspaces/"
          },
          "sensitive_attributes": [],
          "private": "eyJzY2hlbWFfdmVyc2lvbiI6IjEifQ=="
        },
        {
          "index_key": 61,
          "schema_version": 1,
          "attributes": {
            "agent_pool_id": "",
            "allow_destroy_plan": true,
            "assessments_enabled": false,
            "auto_apply": true,
            "description": "",
            "execution_mode": "remote",
            "file_triggers_enabled": true,
            "force_delete": true,
            "global_remote_state": false,
            "html_url": "https://app.terraform.io/app/hashi_strawb_testing/workspaces/many-workspace-test-0061",
            "id": "ws-uHJGbKrL8ATti6V1",
            "name": "many-workspace-test-0061",
            "operations": true,
            "organization": "hashi_strawb_testing",
            "project_id": "prj-8rNEinGacXMAwCr4",
            "queue_all_runs": true,
            "remote_state_consumer_ids": [],
            "resource_count": 0,
            "source_name": "",
            "source_url": "",
            "speculative_enabled": true,
            "ssh_key_id": "",
            "structured_run_output_enabled": true,
            "tag_names": [],
            "terraform_version": "1.6.2",
            "trigger_patterns": [],
            "trigger_prefixes": [
              "/modules"
            ],
            "vcs_repo": [
              {
                "branch": "",
                "github_app_installation_id": "ghain-3JcBMQW48TPfPn4f",
                "identifier": "hashi-strawb/tfc-big-monorepo-test",
                "ingress_submodules": false,
                "oauth_token_id": "",
                "tags_regex": ""
              }
            ],
            "working_directory": "workspaces/"
          },
          "sensitive_attributes": [],
          "private": "eyJzY2hlbWFfdmVyc2lvbiI6IjEifQ=="
        },
        {
          "index_key": 62,
          "schema_version": 1,
          "attributes": {
            "agent_pool_id": "",
            "allow_destroy_plan": true,
            "assessments_enabled": false,
            "auto_apply": true,
            "description": "",
            "execution_mode": "remote",
            "file_triggers_enabled": true,
            "force_delete": true,
            "global_remote_state": false,
            "html_url": "https://app.terraform.io/app/hashi_strawb_testing/workspaces/many-workspace-test-0062",
            "id": "ws-uR2Achr5zyjvVng4",
            "name": "many-workspace-test-0062",
            "operations": true,
            "organization": "hashi_strawb_testing",
            "project_id": "prj-8rNEinGacXMAwCr4",
            "queue_all_runs": true,
            "remote_state_consumer_ids": [],
            "resource_count": 0,
            "source_name": "",
            "source_url": "",
            "speculative_enabled": true,
            "ssh_key_id": "",
            "structured_run_output_enabled": true,
            "tag_names": [],
            "terraform_version": "1.6.2",
            "trigger_patterns": [],
            "trigger_prefixes": [
              "/modules"
            ],
            "vcs_repo": [
              {
                "branch": "",
                "github_app_installation_id": "ghain-3JcBMQW48TPfPn4f",
                "identifier": "hashi-strawb/tfc-big-monorepo-test",
                "ingress_submodules": false,
                "oauth_token_id": "",
                "tags_regex": ""
              }
            ],
            "working_directory": "workspaces/"
          },
          "sensitive_attributes": [],
          "private": "eyJzY2hlbWFfdmVyc2lvbiI6IjEifQ=="
        },
        {
          "index_key": 63,
          "schema_version": 1,
          "attributes": {
            "agent_pool_id": "",
            "allow_destroy_plan": true,
            "assessments_enabled": false,
            "auto_apply": true,
            "description": "",
            "execution_mode": "remote",
            "file_triggers_enabled": true,
            "force_delete": true,
            "global_remote_state": false,
            "html_url": "https://app.terraform.io/app/hashi_strawb_testing/workspaces/many-workspace-test-0063",
            "id": "ws-We5hcRZULRXK6E6Y",
            "name": "many-workspace-test-0063",
            "operations": true,
            "organization": "hashi_strawb_testing",
            "project_id": "prj-8rNEinGacXMAwCr4",
            "queue_all_runs": true,
            "remote_state_consumer_ids": [],
            "resource_count": 0,
            "source_name": "",
            "source_url": "",
            "speculative_enabled": true,
            "ssh_key_id": "",
            "structured_run_output_enabled": true,
            "tag_names": [],
            "terraform_version": "1.6.2",
            "trigger_patterns": [],
            "trigger_prefixes": [
              "/modules"
            ],
            "vcs_repo": [
              {
                "branch": "",
                "github_app_installation_id": "ghain-3JcBMQW48TPfPn4f",
                "identifier": "hashi-strawb/tfc-big-monorepo-test",
                "ingress_submodules": false,
                "oauth_token_id": "",
                "tags_regex": ""
              }
            ],
            "working_directory": "workspaces/"
          },
          "sensitive_attributes": [],
          "private": "eyJzY2hlbWFfdmVyc2lvbiI6IjEifQ=="
        },
        {
          "index_key": 64,
          "schema_version": 1,
          "attributes": {
            "agent_pool_id": "",
            "allow_destroy_plan": true,
            "assessments_enabled": false,
            "auto_apply": true,
            "description": "",
            "execution_mode": "remote",
            "file_triggers_enabled": true,
            "force_delete": true,
            "global_remote_state": false,
            "html_url": "https://app.terraform.io/app/hashi_strawb_testing/workspaces/many-workspace-test-0064",
            "id": "ws-PAsa4wMe1m3c7jF3",
            "name": "many-workspace-test-0064",
            "operations": true,
            "organization": "hashi_strawb_testing",
            "project_id": "prj-8rNEinGacXMAwCr4",
            "queue_all_runs": true,
            "remote_state_consumer_ids": [],
            "resource_count": 0,
            "source_name": "",
            "source_url": "",
            "speculative_enabled": true,
            "ssh_key_id": "",
            "structured_run_output_enabled": true,
            "tag_names": [],
            "terraform_version": "1.6.2",
            "trigger_patterns": [],
            "trigger_prefixes": [
              "/modules"
            ],
            "vcs_repo": [
              {
                "branch": "",
                "github_app_installation_id": "ghain-3JcBMQW48TPfPn4f",
                "identifier": "hashi-strawb/tfc-big-monorepo-test",
                "ingress_submodules": false,
                "oauth_token_id": "",
                "tags_regex": ""
              }
            ],
            "working_directory": "workspaces/"
          },
          "sensitive_attributes": [],
          "private": "eyJzY2hlbWFfdmVyc2lvbiI6IjEifQ=="
        },
        {
          "index_key": 65,
          "schema_version": 1,
          "attributes": {
            "agent_pool_id": "",
            "allow_destroy_plan": true,
            "assessments_enabled": false,
            "auto_apply": true,
            "description": "",
            "execution_mode": "remote",
            "file_triggers_enabled": true,
            "force_delete": true,
            "global_remote_state": false,
            "html_url": "https://app.terraform.io/app/hashi_strawb_testing/workspaces/many-workspace-test-0065",
            "id": "ws-hq3hBn82VDJ15Azw",
            "name": "many-workspace-test-0065",
            "operations": true,
            "organization": "hashi_strawb_testing",
            "project_id": "prj-8rNEinGacXMAwCr4",
            "queue_all_runs": true,
            "remote_state_consumer_ids": [],
            "resource_count": 1,
            "source_name": "",
            "source_url": "",
            "speculative_enabled": true,
            "ssh_key_id": "",
            "structured_run_output_enabled": true,
            "tag_names": [],
            "terraform_version": "1.6.2",
            "trigger_patterns": [],
            "trigger_prefixes": [
              "/modules"
            ],
            "vcs_repo": [
              {
                "branch": "",
                "github_app_installation_id": "ghain-3JcBMQW48TPfPn4f",
                "identifier": "hashi-strawb/tfc-big-monorepo-test",
                "ingress_submodules": false,
                "oauth_token_id": "",
                "tags_regex": ""
              }
            ],
            "working_directory": "workspaces/"
          },
          "sensitive_attributes": [],
          "private": "eyJzY2hlbWFfdmVyc2lvbiI6IjEifQ=="
        },
        {
          "index_key": 66,
          "schema_version": 1,
          "attributes": {
            "agent_pool_id": "",
            "allow_destroy_plan": true,
            "assessments_enabled": false,
            "auto_apply": true,
            "description": "",
            "execution_mode": "remote",
            "file_triggers_enabled": true,
            "force_delete": true,
            "global_remote_state": false,
            "html_url": "https://app.terraform.io/app/hashi_strawb_testing/workspaces/many-workspace-test-0066",
            "id": "ws-xTuQ83PCMrr1nn9n",
            "name": "many-workspace-test-0066",
            "operations": true,
            "organization": "hashi_strawb_testing",
            "project_id": "prj-8rNEinGacXMAwCr4",
            "queue_all_runs": true,
            "remote_state_consumer_ids": [],
            "resource_count": 1,
            "source_name": "",
            "source_url": "",
            "speculative_enabled": true,
            "ssh_key_id": "",
            "structured_run_output_enabled": true,
            "tag_names": [],
            "terraform_version": "1.6.2",
            "trigger_patterns": [],
            "trigger_prefixes": [
              "/modules"
            ],
            "vcs_repo": [
              {
                "branch": "",
                "github_app_installation_id": "ghain-3JcBMQW48TPfPn4f",
                "identifier": "hashi-strawb/tfc-big-monorepo-test",
                "ingress_submodules": false,
                "oauth_token_id": "",
                "tags_regex": ""
              }
            ],
            "working_directory": "workspaces/"
          },
          "sensitive_attributes": [],
          "private": "eyJzY2hlbWFfdmVyc2lvbiI6IjEifQ=="
        },
        {
          "index_key": 67,
          "schema_version": 1,
          "attributes": {
            "agent_pool_id": "",
            "allow_destroy_plan": true,
            "assessments_enabled": false,
            "auto_apply": true,
            "description": "",
            "execution_mode": "remote",
            "file_triggers_enabled": true,
            "force_delete": true,
            "global_remote_state": false,
            "html_url": "https://app.terraform.io/app/hashi_strawb_testing/workspaces/many-workspace-test-0067",
            "id": "ws-giyXYSuZNKZ5MjQn",
            "name": "many-workspace-test-0067",
            "operations": true,
            "organization": "hashi_strawb_testing",
            "project_id": "prj-8rNEinGacXMAwCr4",
            "queue_all_runs": true,
            "remote_state_consumer_ids": [],
            "resource_count": 1,
            "source_name": "",
            "source_url": "",
            "speculative_enabled": true,
            "ssh_key_id": "",
            "structured_run_output_enabled": true,
            "tag_names": [],
            "terraform_version": "1.6.2",
            "trigger_patterns": [],
            "trigger_prefixes": [
              "/modules"
            ],
            "vcs_repo": [
              {
                "branch": "",
                "github_app_installation_id": "ghain-3JcBMQW48TPfPn4f",
                "identifier": "hashi-strawb/tfc-big-monorepo-test",
                "ingress_submodules": false,
                "oauth_token_id": "",
                "tags_regex": ""
              }
            ],
            "working_directory": "workspaces/"
          },
          "sensitive_attributes": [],
          "private": "eyJzY2hlbWFfdmVyc2lvbiI6IjEifQ=="
        },
        {
          "index_key": 68,
          "schema_version": 1,
          "attributes": {
            "agent_pool_id": "",
            "allow_destroy_plan": true,
            "assessments_enabled": false,
            "auto_apply": true,
            "description": "",
            "execution_mode": "remote",
            "file_triggers_enabled": true,
            "force_delete": true,
            "global_remote_state": false,
            "html_url": "https://app.terraform.io/app/hashi_strawb_testing/workspaces/many-workspace-test-0068",
            "id": "ws-CH2ZmqZQybj8b4k4",
            "name": "many-workspace-test-0068",
            "operations": true,
            "organization": "hashi_strawb_testing",
            "project_id": "prj-8rNEinGacXMAwCr4",
            "queue_all_runs": true,
            "remote_state_consumer_ids": [],
            "resource_count": 1,
            "source_name": "",
            "source_url": "",
            "speculative_enabled": true,
            "ssh_key_id": "",
            "structured_run_output_enabled": true,
            "tag_names": [],
            "terraform_version": "1.6.2",
            "trigger_patterns": [],
            "trigger_prefixes": [
              "/modules"
            ],
            "vcs_repo": [
              {
                "branch": "",
                "github_app_installation_id": "ghain-3JcBMQW48TPfPn4f",
                "identifier": "hashi-strawb/tfc-big-monorepo-test",
                "ingress_submodules": false,
                "oauth_token_id": "",
                "tags_regex": ""
              }
            ],
            "working_directory": "workspaces/"
          },
          "sensitive_attributes": [],
          "private": "eyJzY2hlbWFfdmVyc2lvbiI6IjEifQ=="
        },
        {
          "index_key": 69,
          "schema_version": 1,
          "attributes": {
            "agent_pool_id": "",
            "allow_destroy_plan": true,
            "assessments_enabled": false,
            "auto_apply": true,
            "description": "",
            "execution_mode": "remote",
            "file_triggers_enabled": true,
            "force_delete": true,
            "global_remote_state": false,
            "html_url": "https://app.terraform.io/app/hashi_strawb_testing/workspaces/many-workspace-test-0069",
            "id": "ws-c6ZxrwShgvKQbmPu",
            "name": "many-workspace-test-0069",
            "operations": true,
            "organization": "hashi_strawb_testing",
            "project_id": "prj-8rNEinGacXMAwCr4",
            "queue_all_runs": true,
            "remote_state_consumer_ids": [],
            "resource_count": 1,
            "source_name": "",
            "source_url": "",
            "speculative_enabled": true,
            "ssh_key_id": "",
            "structured_run_output_enabled": true,
            "tag_names": [],
            "terraform_version": "1.6.2",
            "trigger_patterns": [],
            "trigger_prefixes": [
              "/modules"
            ],
            "vcs_repo": [
              {
                "branch": "",
                "github_app_installation_id": "ghain-3JcBMQW48TPfPn4f",
                "identifier": "hashi-strawb/tfc-big-monorepo-test",
                "ingress_submodules": false,
                "oauth_token_id": "",
                "tags_regex": ""
              }
            ],
            "working_directory": "workspaces/"
          },
          "sensitive_attributes": [],
          "private": "eyJzY2hlbWFfdmVyc2lvbiI6IjEifQ=="
        },
        {
          "index_key": 70,
          "schema_version": 1,
          "attributes": {
            "agent_pool_id": "",
            "allow_destroy_plan": true,
            "assessments_enabled": false,
            "auto_apply": true,
            "description": "",
            "execution_mode": "remote",
            "file_triggers_enabled": true,
            "force_delete": true,
            "global_remote_state": false,
            "html_url": "https://app.terraform.io/app/hashi_strawb_testing/workspaces/many-workspace-test-0070",
            "id": "ws-TFupkrrpancMWMZQ",
            "name": "many-workspace-test-0070",
            "operations": true,
            "organization": "hashi_strawb_testing",
            "project_id": "prj-8rNEinGacXMAwCr4",
            "queue_all_runs": true,
            "remote_state_consumer_ids": [],
            "resource_count": 0,
            "source_name": "",
            "source_url": "",
            "speculative_enabled": true,
            "ssh_key_id": "",
            "structured_run_output_enabled": true,
            "tag_names": [],
            "terraform_version": "1.6.2",
            "trigger_patterns": [],
            "trigger_prefixes": [
              "/modules"
            ],
            "vcs_repo": [
              {
                "branch": "",
                "github_app_installation_id": "ghain-3JcBMQW48TPfPn4f",
                "identifier": "hashi-strawb/tfc-big-monorepo-test",
                "ingress_submodules": false,
                "oauth_token_id": "",
                "tags_regex": ""
              }
            ],
            "working_directory": "workspaces/"
          },
          "sensitive_attributes": [],
          "private": "eyJzY2hlbWFfdmVyc2lvbiI6IjEifQ=="
        },
        {
          "index_key": 71,
          "schema_version": 1,
          "attributes": {
            "agent_pool_id": "",
            "allow_destroy_plan": true,
            "assessments_enabled": false,
            "auto_apply": true,
            "description": "",
            "execution_mode": "remote",
            "file_triggers_enabled": true,
            "force_delete": true,
            "global_remote_state": false,
            "html_url": "https://app.terraform.io/app/hashi_strawb_testing/workspaces/many-workspace-test-0071",
            "id": "ws-RCxdXdJSqPHeKgPM",
            "name": "many-workspace-test-0071",
            "operations": true,
            "organization": "hashi_strawb_testing",
            "project_id": "prj-8rNEinGacXMAwCr4",
            "queue_all_runs": true,
            "remote_state_consumer_ids": [],
            "resource_count": 0,
            "source_name": "",
            "source_url": "",
            "speculative_enabled": true,
            "ssh_key_id": "",
            "structured_run_output_enabled": true,
            "tag_names": [],
            "terraform_version": "1.6.2",
            "trigger_patterns": [],
            "trigger_prefixes": [
              "/modules"
            ],
            "vcs_repo": [
              {
                "branch": "",
                "github_app_installation_id": "ghain-3JcBMQW48TPfPn4f",
                "identifier": "hashi-strawb/tfc-big-monorepo-test",
                "ingress_submodules": false,
                "oauth_token_id": "",
                "tags_regex": ""
              }
            ],
            "working_directory": "workspaces/"
          },
          "sensitive_attributes": [],
          "private": "eyJzY2hlbWFfdmVyc2lvbiI6IjEifQ=="
        },
        {
          "index_key": 72,
          "schema_version": 1,
          "attributes": {
            "agent_pool_id": "",
            "allow_destroy_plan": true,
            "assessments_enabled": false,
            "auto_apply": true,
            "description": "",
            "execution_mode": "remote",
            "file_triggers_enabled": true,
            "force_delete": true,
            "global_remote_state": false,
            "html_url": "https://app.terraform.io/app/hashi_strawb_testing/workspaces/many-workspace-test-0072",
            "id": "ws-Cn9KB4H8Qe8zw1qy",
            "name": "many-workspace-test-0072",
            "operations": true,
            "organization": "hashi_strawb_testing",
            "project_id": "prj-8rNEinGacXMAwCr4",
            "queue_all_runs": true,
            "remote_state_consumer_ids": [],
            "resource_count": 0,
            "source_name": "",
            "source_url": "",
            "speculative_enabled": true,
            "ssh_key_id": "",
            "structured_run_output_enabled": true,
            "tag_names": [],
            "terraform_version": "1.6.2",
            "trigger_patterns": [],
            "trigger_prefixes": [
              "/modules"
            ],
            "vcs_repo": [
              {
                "branch": "",
                "github_app_installation_id": "ghain-3JcBMQW48TPfPn4f",
                "identifier": "hashi-strawb/tfc-big-monorepo-test",
                "ingress_submodules": false,
                "oauth_token_id": "",
                "tags_regex": ""
              }
            ],
            "working_directory": "workspaces/"
          },
          "sensitive_attributes": [],
          "private": "eyJzY2hlbWFfdmVyc2lvbiI6IjEifQ=="
        },
        {
          "index_key": 73,
          "schema_version": 1,
          "attributes": {
            "agent_pool_id": "",
            "allow_destroy_plan": true,
            "assessments_enabled": false,
            "auto_apply": true,
            "description": "",
            "execution_mode": "remote",
            "file_triggers_enabled": true,
            "force_delete": true,
            "global_remote_state": false,
            "html_url": "https://app.terraform.io/app/hashi_strawb_testing/workspaces/many-workspace-test-0073",
            "id": "ws-XYC8jGjbDDk6U15p",
            "name": "many-workspace-test-0073",
            "operations": true,
            "organization": "hashi_strawb_testing",
            "project_id": "prj-8rNEinGacXMAwCr4",
            "queue_all_runs": true,
            "remote_state_consumer_ids": [],
            "resource_count": 1,
            "source_name": "",
            "source_url": "",
            "speculative_enabled": true,
            "ssh_key_id": "",
            "structured_run_output_enabled": true,
            "tag_names": [],
            "terraform_version": "1.6.2",
            "trigger_patterns": [],
            "trigger_prefixes": [
              "/modules"
            ],
            "vcs_repo": [
              {
                "branch": "",
                "github_app_installation_id": "ghain-3JcBMQW48TPfPn4f",
                "identifier": "hashi-strawb/tfc-big-monorepo-test",
                "ingress_submodules": false,
                "oauth_token_id": "",
                "tags_regex": ""
              }
            ],
            "working_directory": "workspaces/"
          },
          "sensitive_attributes": [],
          "private": "eyJzY2hlbWFfdmVyc2lvbiI6IjEifQ=="
        },
        {
          "index_key": 74,
          "schema_version": 1,
          "attributes": {
            "agent_pool_id": "",
            "allow_destroy_plan": true,
            "assessments_enabled": false,
            "auto_apply": true,
            "description": "",
            "execution_mode": "remote",
            "file_triggers_enabled": true,
            "force_delete": true,
            "global_remote_state": false,
            "html_url": "https://app.terraform.io/app/hashi_strawb_testing/workspaces/many-workspace-test-0074",
            "id": "ws-ggxBdKMev8pY7WsC",
            "name": "many-workspace-test-0074",
            "operations": true,
            "organization": "hashi_strawb_testing",
            "project_id": "prj-8rNEinGacXMAwCr4",
            "queue_all_runs": true,
            "remote_state_consumer_ids": [],
            "resource_count": 0,
            "source_name": "",
            "source_url": "",
            "speculative_enabled": true,
            "ssh_key_id": "",
            "structured_run_output_enabled": true,
            "tag_names": [],
            "terraform_version": "1.6.2",
            "trigger_patterns": [],
            "trigger_prefixes": [
              "/modules"
            ],
            "vcs_repo": [
              {
                "branch": "",
                "github_app_installation_id": "ghain-3JcBMQW48TPfPn4f",
                "identifier": "hashi-strawb/tfc-big-monorepo-test",
                "ingress_submodules": false,
                "oauth_token_id": "",
                "tags_regex": ""
              }
            ],
            "working_directory": "workspaces/"
          },
          "sensitive_attributes": [],
          "private": "eyJzY2hlbWFfdmVyc2lvbiI6IjEifQ=="
        },
        {
          "index_key": 75,
          "schema_version": 1,
          "attributes": {
            "agent_pool_id": "",
            "allow_destroy_plan": true,
            "assessments_enabled": false,
            "auto_apply": true,
            "description": "",
            "execution_mode": "remote",
            "file_triggers_enabled": true,
            "force_delete": true,
            "global_remote_state": false,
            "html_url": "https://app.terraform.io/app/hashi_strawb_testing/workspaces/many-workspace-test-0075",
            "id": "ws-MXZfQRk6vk1QrTb4",
            "name": "many-workspace-test-0075",
            "operations": true,
            "organization": "hashi_strawb_testing",
            "project_id": "prj-8rNEinGacXMAwCr4",
            "queue_all_runs": true,
            "remote_state_consumer_ids": [],
            "resource_count": 0,
            "source_name": "",
            "source_url": "",
            "speculative_enabled": true,
            "ssh_key_id": "",
            "structured_run_output_enabled": true,
            "tag_names": [],
            "terraform_version": "1.6.2",
            "trigger_patterns": [],
            "trigger_prefixes": [
              "/modules"
            ],
            "vcs_repo": [
              {
                "branch": "",
                "github_app_installation_id": "ghain-3JcBMQW48TPfPn4f",
                "identifier": "hashi-strawb/tfc-big-monorepo-test",
                "ingress_submodules": false,
                "oauth_token_id": "",
                "tags_regex": ""
              }
            ],
            "working_directory": "workspaces/"
          },
          "sensitive_attributes": [],
          "private": "eyJzY2hlbWFfdmVyc2lvbiI6IjEifQ=="
        },
        {
          "index_key": 76,
          "schema_version": 1,
          "attributes": {
            "agent_pool_id": "",
            "allow_destroy_plan": true,
            "assessments_enabled": false,
            "auto_apply": true,
            "description": "",
            "execution_mode": "remote",
            "file_triggers_enabled": true,
            "force_delete": true,
            "global_remote_state": false,
            "html_url": "https://app.terraform.io/app/hashi_strawb_testing/workspaces/many-workspace-test-0076",
            "id": "ws-17PUy8smfm4EXDEK",
            "name": "many-workspace-test-0076",
            "operations": true,
            "organization": "hashi_strawb_testing",
            "project_id": "prj-8rNEinGacXMAwCr4",
            "queue_all_runs": true,
            "remote_state_consumer_ids": [],
            "resource_count": 0,
            "source_name": "",
            "source_url": "",
            "speculative_enabled": true,
            "ssh_key_id": "",
            "structured_run_output_enabled": true,
            "tag_names": [],
            "terraform_version": "1.6.2",
            "trigger_patterns": [],
            "trigger_prefixes": [
              "/modules"
            ],
            "vcs_repo": [
              {
                "branch": "",
                "github_app_installation_id": "ghain-3JcBMQW48TPfPn4f",
                "identifier": "hashi-strawb/tfc-big-monorepo-test",
                "ingress_submodules": false,
                "oauth_token_id": "",
                "tags_regex": ""
              }
            ],
            "working_directory": "workspaces/"
          },
          "sensitive_attributes": [],
          "private": "eyJzY2hlbWFfdmVyc2lvbiI6IjEifQ=="
        },
        {
          "index_key": 77,
          "schema_version": 1,
          "attributes": {
            "agent_pool_id": "",
            "allow_destroy_plan": true,
            "assessments_enabled": false,
            "auto_apply": true,
            "description": "",
            "execution_mode": "remote",
            "file_triggers_enabled": true,
            "force_delete": true,
            "global_remote_state": false,
            "html_url": "https://app.terraform.io/app/hashi_strawb_testing/workspaces/many-workspace-test-0077",
            "id": "ws-k6esyUx4QUCwht8s",
            "name": "many-workspace-test-0077",
            "operations": true,
            "organization": "hashi_strawb_testing",
            "project_id": "prj-8rNEinGacXMAwCr4",
            "queue_all_runs": true,
            "remote_state_consumer_ids": [],
            "resource_count": 0,
            "source_name": "",
            "source_url": "",
            "speculative_enabled": true,
            "ssh_key_id": "",
            "structured_run_output_enabled": true,
            "tag_names": [],
            "terraform_version": "1.6.2",
            "trigger_patterns": [],
            "trigger_prefixes": [
              "/modules"
            ],
            "vcs_repo": [
              {
                "branch": "",
                "github_app_installation_id": "ghain-3JcBMQW48TPfPn4f",
                "identifier": "hashi-strawb/tfc-big-monorepo-test",
                "ingress_submodules": false,
                "oauth_token_id": "",
                "tags_regex": ""
              }
            ],
            "working_directory": "workspaces/"
          },
          "sensitive_attributes": [],
          "private": "eyJzY2hlbWFfdmVyc2lvbiI6IjEifQ=="
        },
        {
          "index_key": 78,
          "schema_version": 1,
          "attributes": {
            "agent_pool_id": "",
            "allow_destroy_plan": true,
            "assessments_enabled": false,
            "auto_apply": true,
            "description": "",
            "execution_mode": "remote",
            "file_triggers_enabled": true,
            "force_delete": true,
            "global_remote_state": false,
            "html_url": "https://app.terraform.io/app/hashi_strawb_testing/workspaces/many-workspace-test-0078",
            "id": "ws-bgqmbcum4o2EgWet",
            "name": "many-workspace-test-0078",
            "operations": true,
            "organization": "hashi_strawb_testing",
            "project_id": "prj-8rNEinGacXMAwCr4",
            "queue_all_runs": true,
            "remote_state_consumer_ids": [],
            "resource_count": 0,
            "source_name": "",
            "source_url": "",
            "speculative_enabled": true,
            "ssh_key_id": "",
            "structured_run_output_enabled": true,
            "tag_names": [],
            "terraform_version": "1.6.2",
            "trigger_patterns": [],
            "trigger_prefixes": [
              "/modules"
            ],
            "vcs_repo": [
              {
                "branch": "",
                "github_app_installation_id": "ghain-3JcBMQW48TPfPn4f",
                "identifier": "hashi-strawb/tfc-big-monorepo-test",
                "ingress_submodules": false,
                "oauth_token_id": "",
                "tags_regex": ""
              }
            ],
            "working_directory": "workspaces/"
          },
          "sensitive_attributes": [],
          "private": "eyJzY2hlbWFfdmVyc2lvbiI6IjEifQ=="
        },
        {
          "index_key": 79,
          "schema_version": 1,
          "attributes": {
            "agent_pool_id": "",
            "allow_destroy_plan": true,
            "assessments_enabled": false,
            "auto_apply": true,
            "description": "",
            "execution_mode": "remote",
            "file_triggers_enabled": true,
            "force_delete": true,
            "global_remote_state": false,
            "html_url": "https://app.terraform.io/app/hashi_strawb_testing/workspaces/many-workspace-test-0079",
            "id": "ws-RgnRBSMVbWBEX2CE",
            "name": "many-workspace-test-0079",
            "operations": true,
            "organization": "hashi_strawb_testing",
            "project_id": "prj-8rNEinGacXMAwCr4",
            "queue_all_runs": true,
            "remote_state_consumer_ids": [],
            "resource_count": 0,
            "source_name": "",
            "source_url": "",
            "speculative_enabled": true,
            "ssh_key_id": "",
            "structured_run_output_enabled": true,
            "tag_names": [],
            "terraform_version": "1.6.2",
            "trigger_patterns": [],
            "trigger_prefixes": [
              "/modules"
            ],
            "vcs_repo": [
              {
                "branch": "",
                "github_app_installation_id": "ghain-3JcBMQW48TPfPn4f",
                "identifier": "hashi-strawb/tfc-big-monorepo-test",
                "ingress_submodules": false,
                "oauth_token_id": "",
                "tags_regex": ""
              }
            ],
            "working_directory": "workspaces/"
          },
          "sensitive_attributes": [],
          "private": "eyJzY2hlbWFfdmVyc2lvbiI6IjEifQ=="
        },
        {
          "index_key": 80,
          "schema_version": 1,
          "attributes": {
            "agent_pool_id": "",
            "allow_destroy_plan": true,
            "assessments_enabled": false,
            "auto_apply": true,
            "description": "",
            "execution_mode": "remote",
            "file_triggers_enabled": true,
            "force_delete": true,
            "global_remote_state": false,
            "html_url": "https://app.terraform.io/app/hashi_strawb_testing/workspaces/many-workspace-test-0080",
            "id": "ws-5LTgLXSVTk9h6tRd",
            "name": "many-workspace-test-0080",
            "operations": true,
            "organization": "hashi_strawb_testing",
            "project_id": "prj-8rNEinGacXMAwCr4",
            "queue_all_runs": true,
            "remote_state_consumer_ids": [],
            "resource_count": 1,
            "source_name": "",
            "source_url": "",
            "speculative_enabled": true,
            "ssh_key_id": "",
            "structured_run_output_enabled": true,
            "tag_names": [],
            "terraform_version": "1.6.2",
            "trigger_patterns": [],
            "trigger_prefixes": [
              "/modules"
            ],
            "vcs_repo": [
              {
                "branch": "",
                "github_app_installation_id": "ghain-3JcBMQW48TPfPn4f",
                "identifier": "hashi-strawb/tfc-big-monorepo-test",
                "ingress_submodules": false,
                "oauth_token_id": "",
                "tags_regex": ""
              }
            ],
            "working_directory": "workspaces/"
          },
          "sensitive_attributes": [],
          "private": "eyJzY2hlbWFfdmVyc2lvbiI6IjEifQ=="
        },
        {
          "index_key": 81,
          "schema_version": 1,
          "attributes": {
            "agent_pool_id": "",
            "allow_destroy_plan": true,
            "assessments_enabled": false,
            "auto_apply": true,
            "description": "",
            "execution_mode": "remote",
            "file_triggers_enabled": true,
            "force_delete": true,
            "global_remote_state": false,
            "html_url": "https://app.terraform.io/app/hashi_strawb_testing/workspaces/many-workspace-test-0081",
            "id": "ws-5NX1ibTtn2cJ2K1J",
            "name": "many-workspace-test-0081",
            "operations": true,
            "organization": "hashi_strawb_testing",
            "project_id": "prj-8rNEinGacXMAwCr4",
            "queue_all_runs": true,
            "remote_state_consumer_ids": [],
            "resource_count": 1,
            "source_name": "",
            "source_url": "",
            "speculative_enabled": true,
            "ssh_key_id": "",
            "structured_run_output_enabled": true,
            "tag_names": [],
            "terraform_version": "1.6.2",
            "trigger_patterns": [],
            "trigger_prefixes": [
              "/modules"
            ],
            "vcs_repo": [
              {
                "branch": "",
                "github_app_installation_id": "ghain-3JcBMQW48TPfPn4f",
                "identifier": "hashi-strawb/tfc-big-monorepo-test",
                "ingress_submodules": false,
                "oauth_token_id": "",
                "tags_regex": ""
              }
            ],
            "working_directory": "workspaces/"
          },
          "sensitive_attributes": [],
          "private": "eyJzY2hlbWFfdmVyc2lvbiI6IjEifQ=="
        },
        {
          "index_key": 82,
          "schema_version": 1,
          "attributes": {
            "agent_pool_id": "",
            "allow_destroy_plan": true,
            "assessments_enabled": false,
            "auto_apply": true,
            "description": "",
            "execution_mode": "remote",
            "file_triggers_enabled": true,
            "force_delete": true,
            "global_remote_state": false,
            "html_url": "https://app.terraform.io/app/hashi_strawb_testing/workspaces/many-workspace-test-0082",
            "id": "ws-AgAntnwRYdTfGUAK",
            "name": "many-workspace-test-0082",
            "operations": true,
            "organization": "hashi_strawb_testing",
            "project_id": "prj-8rNEinGacXMAwCr4",
            "queue_all_runs": true,
            "remote_state_consumer_ids": [],
            "resource_count": 1,
            "source_name": "",
            "source_url": "",
            "speculative_enabled": true,
            "ssh_key_id": "",
            "structured_run_output_enabled": true,
            "tag_names": [],
            "terraform_version": "1.6.2",
            "trigger_patterns": [],
            "trigger_prefixes": [
              "/modules"
            ],
            "vcs_repo": [
              {
                "branch": "",
                "github_app_installation_id": "ghain-3JcBMQW48TPfPn4f",
                "identifier": "hashi-strawb/tfc-big-monorepo-test",
                "ingress_submodules": false,
                "oauth_token_id": "",
                "tags_regex": ""
              }
            ],
            "working_directory": "workspaces/"
          },
          "sensitive_attributes": [],
          "private": "eyJzY2hlbWFfdmVyc2lvbiI6IjEifQ=="
        },
        {
          "index_key": 83,
          "schema_version": 1,
          "attributes": {
            "agent_pool_id": "",
            "allow_destroy_plan": true,
            "assessments_enabled": false,
            "auto_apply": true,
            "description": "",
            "execution_mode": "remote",
            "file_triggers_enabled": true,
            "force_delete": true,
            "global_remote_state": false,
            "html_url": "https://app.terraform.io/app/hashi_strawb_testing/workspaces/many-workspace-test-0083",
            "id": "ws-vFH9KvqWSoEBTGp4",
            "name": "many-workspace-test-0083",
            "operations": true,
            "organization": "hashi_strawb_testing",
            "project_id": "prj-8rNEinGacXMAwCr4",
            "queue_all_runs": true,
            "remote_state_consumer_ids": [],
            "resource_count": 1,
            "source_name": "",
            "source_url": "",
            "speculative_enabled": true,
            "ssh_key_id": "",
            "structured_run_output_enabled": true,
            "tag_names": [],
            "terraform_version": "1.6.2",
            "trigger_patterns": [],
            "trigger_prefixes": [
              "/modules"
            ],
            "vcs_repo": [
              {
                "branch": "",
                "github_app_installation_id": "ghain-3JcBMQW48TPfPn4f",
                "identifier": "hashi-strawb/tfc-big-monorepo-test",
                "ingress_submodules": false,
                "oauth_token_id": "",
                "tags_regex": ""
              }
            ],
            "working_directory": "workspaces/"
          },
          "sensitive_attributes": [],
          "private": "eyJzY2hlbWFfdmVyc2lvbiI6IjEifQ=="
        },
        {
          "index_key": 84,
          "schema_version": 1,
          "attributes": {
            "agent_pool_id": "",
            "allow_destroy_plan": true,
            "assessments_enabled": false,
            "auto_apply": true,
            "description": "",
            "execution_mode": "remote",
            "file_triggers_enabled": true,
            "force_delete": true,
            "global_remote_state": false,
            "html_url": "https://app.terraform.io/app/hashi_strawb_testing/workspaces/many-workspace-test-0084",
            "id": "ws-dZs1HfeaWQArwkDJ",
            "name": "many-workspace-test-0084",
            "operations": true,
            "organization": "hashi_strawb_testing",
            "project_id": "prj-8rNEinGacXMAwCr4",
            "queue_all_runs": true,
            "remote_state_consumer_ids": [],
            "resource_count": 0,
            "source_name": "",
            "source_url": "",
            "speculative_enabled": true,
            "ssh_key_id": "",
            "structured_run_output_enabled": true,
            "tag_names": [],
            "terraform_version": "1.6.2",
            "trigger_patterns": [],
            "trigger_prefixes": [
              "/modules"
            ],
            "vcs_repo": [
              {
                "branch": "",
                "github_app_installation_id": "ghain-3JcBMQW48TPfPn4f",
                "identifier": "hashi-strawb/tfc-big-monorepo-test",
                "ingress_submodules": false,
                "oauth_token_id": "",
                "tags_regex": ""
              }
            ],
            "working_directory": "workspaces/"
          },
          "sensitive_attributes": [],
          "private": "eyJzY2hlbWFfdmVyc2lvbiI6IjEifQ=="
        },
        {
          "index_key": 85,
          "schema_version": 1,
          "attributes": {
            "agent_pool_id": "",
            "allow_destroy_plan": true,
            "assessments_enabled": false,
            "auto_apply": true,
            "description": "",
            "execution_mode": "remote",
            "file_triggers_enabled": true,
            "force_delete": true,
            "global_remote_state": false,
            "html_url": "https://app.terraform.io/app/hashi_strawb_testing/workspaces/many-workspace-test-0085",
            "id": "ws-Zd69Twn8MAQqqvJg",
            "name": "many-workspace-test-0085",
            "operations": true,
            "organization": "hashi_strawb_testing",
            "project_id": "prj-8rNEinGacXMAwCr4",
            "queue_all_runs": true,
            "remote_state_consumer_ids": [],
            "resource_count": 0,
            "source_name": "",
            "source_url": "",
            "speculative_enabled": true,
            "ssh_key_id": "",
            "structured_run_output_enabled": true,
            "tag_names": [],
            "terraform_version": "1.6.2",
            "trigger_patterns": [],
            "trigger_prefixes": [
              "/modules"
            ],
            "vcs_repo": [
              {
                "branch": "",
                "github_app_installation_id": "ghain-3JcBMQW48TPfPn4f",
                "identifier": "hashi-strawb/tfc-big-monorepo-test",
                "ingress_submodules": false,
                "oauth_token_id": "",
                "tags_regex": ""
              }
            ],
            "working_directory": "workspaces/"
          },
          "sensitive_attributes": [],
          "private": "eyJzY2hlbWFfdmVyc2lvbiI6IjEifQ=="
        },
        {
          "index_key": 86,
          "schema_version": 1,
          "attributes": {
            "agent_pool_id": "",
            "allow_destroy_plan": true,
            "assessments_enabled": false,
            "auto_apply": true,
            "description": "",
            "execution_mode": "remote",
            "file_triggers_enabled": true,
            "force_delete": true,
            "global_remote_state": false,
            "html_url": "https://app.terraform.io/app/hashi_strawb_testing/workspaces/many-workspace-test-0086",
            "id": "ws-QJFrBtpL7ZV8PfyK",
            "name": "many-workspace-test-0086",
            "operations": true,
            "organization": "hashi_strawb_testing",
            "project_id": "prj-8rNEinGacXMAwCr4",
            "queue_all_runs": true,
            "remote_state_consumer_ids": [],
            "resource_count": 1,
            "source_name": "",
            "source_url": "",
            "speculative_enabled": true,
            "ssh_key_id": "",
            "structured_run_output_enabled": true,
            "tag_names": [],
            "terraform_version": "1.6.2",
            "trigger_patterns": [],
            "trigger_prefixes": [
              "/modules"
            ],
            "vcs_repo": [
              {
                "branch": "",
                "github_app_installation_id": "ghain-3JcBMQW48TPfPn4f",
                "identifier": "hashi-strawb/tfc-big-monorepo-test",
                "ingress_submodules": false,
                "oauth_token_id": "",
                "tags_regex": ""
              }
            ],
            "working_directory": "workspaces/"
          },
          "sensitive_attributes": [],
          "private": "eyJzY2hlbWFfdmVyc2lvbiI6IjEifQ=="
        },
        {
          "index_key": 87,
          "schema_version": 1,
          "attributes": {
            "agent_pool_id": "",
            "allow_destroy_plan": true,
            "assessments_enabled": false,
            "auto_apply": true,
            "description": "",
            "execution_mode": "remote",
            "file_triggers_enabled": true,
            "force_delete": true,
            "global_remote_state": false,
            "html_url": "https://app.terraform.io/app/hashi_strawb_testing/workspaces/many-workspace-test-0087",
            "id": "ws-QvsSmKody7hYYojw",
            "name": "many-workspace-test-0087",
            "operations": true,
            "organization": "hashi_strawb_testing",
            "project_id": "prj-8rNEinGacXMAwCr4",
            "queue_all_runs": true,
            "remote_state_consumer_ids": [],
            "resource_count": 0,
            "source_name": "",
            "source_url": "",
            "speculative_enabled": true,
            "ssh_key_id": "",
            "structured_run_output_enabled": true,
            "tag_names": [],
            "terraform_version": "1.6.2",
            "trigger_patterns": [],
            "trigger_prefixes": [
              "/modules"
            ],
            "vcs_repo": [
              {
                "branch": "",
                "github_app_installation_id": "ghain-3JcBMQW48TPfPn4f",
                "identifier": "hashi-strawb/tfc-big-monorepo-test",
                "ingress_submodules": false,
                "oauth_token_id": "",
                "tags_regex": ""
              }
            ],
            "working_directory": "workspaces/"
          },
          "sensitive_attributes": [],
          "private": "eyJzY2hlbWFfdmVyc2lvbiI6IjEifQ=="
        },
        {
          "index_key": 88,
          "schema_version": 1,
          "attributes": {
            "agent_pool_id": "",
            "allow_destroy_plan": true,
            "assessments_enabled": false,
            "auto_apply": true,
            "description": "",
            "execution_mode": "remote",
            "file_triggers_enabled": true,
            "force_delete": true,
            "global_remote_state": false,
            "html_url": "https://app.terraform.io/app/hashi_strawb_testing/workspaces/many-workspace-test-0088",
            "id": "ws-ZgNsv1EWLwwnFxUv",
            "name": "many-workspace-test-0088",
            "operations": true,
            "organization": "hashi_strawb_testing",
            "project_id": "prj-8rNEinGacXMAwCr4",
            "queue_all_runs": true,
            "remote_state_consumer_ids": [],
            "resource_count": 1,
            "source_name": "",
            "source_url": "",
            "speculative_enabled": true,
            "ssh_key_id": "",
            "structured_run_output_enabled": true,
            "tag_names": [],
            "terraform_version": "1.6.2",
            "trigger_patterns": [],
            "trigger_prefixes": [
              "/modules"
            ],
            "vcs_repo": [
              {
                "branch": "",
                "github_app_installation_id": "ghain-3JcBMQW48TPfPn4f",
                "identifier": "hashi-strawb/tfc-big-monorepo-test",
                "ingress_submodules": false,
                "oauth_token_id": "",
                "tags_regex": ""
              }
            ],
            "working_directory": "workspaces/"
          },
          "sensitive_attributes": [],
          "private": "eyJzY2hlbWFfdmVyc2lvbiI6IjEifQ=="
        },
        {
          "index_key": 89,
          "schema_version": 1,
          "attributes": {
            "agent_pool_id": "",
            "allow_destroy_plan": true,
            "assessments_enabled": false,
            "auto_apply": true,
            "description": "",
            "execution_mode": "remote",
            "file_triggers_enabled": true,
            "force_delete": true,
            "global_remote_state": false,
            "html_url": "https://app.terraform.io/app/hashi_strawb_testing/workspaces/many-workspace-test-0089",
            "id": "ws-9RoA3GbsUtezTYj5",
            "name": "many-workspace-test-0089",
            "operations": true,
            "organization": "hashi_strawb_testing",
            "project_id": "prj-8rNEinGacXMAwCr4",
            "queue_all_runs": true,
            "remote_state_consumer_ids": [],
            "resource_count": 0,
            "source_name": "",
            "source_url": "",
            "speculative_enabled": true,
            "ssh_key_id": "",
            "structured_run_output_enabled": true,
            "tag_names": [],
            "terraform_version": "1.6.2",
            "trigger_patterns": [],
            "trigger_prefixes": [
              "/modules"
            ],
            "vcs_repo": [
              {
                "branch": "",
                "github_app_installation_id": "ghain-3JcBMQW48TPfPn4f",
                "identifier": "hashi-strawb/tfc-big-monorepo-test",
                "ingress_submodules": false,
                "oauth_token_id": "",
                "tags_regex": ""
              }
            ],
            "working_directory": "workspaces/"
          },
          "sensitive_attributes": [],
          "private": "eyJzY2hlbWFfdmVyc2lvbiI6IjEifQ=="
        },
        {
          "index_key": 90,
          "schema_version": 1,
          "attributes": {
            "agent_pool_id": "",
            "allow_destroy_plan": true,
            "assessments_enabled": false,
            "auto_apply": true,
            "description": "",
            "execution_mode": "remote",
            "file_triggers_enabled": true,
            "force_delete": true,
            "global_remote_state": false,
            "html_url": "https://app.terraform.io/app/hashi_strawb_testing/workspaces/many-workspace-test-0090",
            "id": "ws-YPDbiYjfeAYwS8V5",
            "name": "many-workspace-test-0090",
            "operations": true,
            "organization": "hashi_strawb_testing",
            "project_id": "prj-8rNEinGacXMAwCr4",
            "queue_all_runs": true,
            "remote_state_consumer_ids": [],
            "resource_count": 1,
            "source_name": "",
            "source_url": "",
            "speculative_enabled": true,
            "ssh_key_id": "",
            "structured_run_output_enabled": true,
            "tag_names": [],
            "terraform_version": "1.6.2",
            "trigger_patterns": [],
            "trigger_prefixes": [
              "/modules"
            ],
            "vcs_repo": [
              {
                "branch": "",
                "github_app_installation_id": "ghain-3JcBMQW48TPfPn4f",
                "identifier": "hashi-strawb/tfc-big-monorepo-test",
                "ingress_submodules": false,
                "oauth_token_id": "",
                "tags_regex": ""
              }
            ],
            "working_directory": "workspaces/"
          },
          "sensitive_attributes": [],
          "private": "eyJzY2hlbWFfdmVyc2lvbiI6IjEifQ=="
        },
        {
          "index_key": 91,
          "schema_version": 1,
          "attributes": {
            "agent_pool_id": "",
            "allow_destroy_plan": true,
            "assessments_enabled": false,
            "auto_apply": true,
            "description": "",
            "execution_mode": "remote",
            "file_triggers_enabled": true,
            "force_delete": true,
            "global_remote_state": false,
            "html_url": "https://app.terraform.io/app/hashi_strawb_testing/workspaces/many-workspace-test-0091",
            "id": "ws-1tdExFnHEAwNQkVn",
            "name": "many-workspace-test-0091",
            "operations": true,
            "organization": "hashi_strawb_testing",
            "project_id": "prj-8rNEinGacXMAwCr4",
            "queue_all_runs": true,
            "remote_state_consumer_ids": [],
            "resource_count": 0,
            "source_name": "",
            "source_url": "",
            "speculative_enabled": true,
            "ssh_key_id": "",
            "structured_run_output_enabled": true,
            "tag_names": [],
            "terraform_version": "1.6.2",
            "trigger_patterns": [],
            "trigger_prefixes": [
              "/modules"
            ],
            "vcs_repo": [
              {
                "branch": "",
                "github_app_installation_id": "ghain-3JcBMQW48TPfPn4f",
                "identifier": "hashi-strawb/tfc-big-monorepo-test",
                "ingress_submodules": false,
                "oauth_token_id": "",
                "tags_regex": ""
              }
            ],
            "working_directory": "workspaces/"
          },
          "sensitive_attributes": [],
          "private": "eyJzY2hlbWFfdmVyc2lvbiI6IjEifQ=="
        },
        {
          "index_key": 92,
          "schema_version": 1,
          "attributes": {
            "agent_pool_id": "",
            "allow_destroy_plan": true,
            "assessments_enabled": false,
            "auto_apply": true,
            "description": "",
            "execution_mode": "remote",
            "file_triggers_enabled": true,
            "force_delete": true,
            "global_remote_state": false,
            "html_url": "https://app.terraform.io/app/hashi_strawb_testing/workspaces/many-workspace-test-0092",
            "id": "ws-MSDoE75UtZmdvuEX",
            "name": "many-workspace-test-0092",
            "operations": true,
            "organization": "hashi_strawb_testing",
            "project_id": "prj-8rNEinGacXMAwCr4",
            "queue_all_runs": true,
            "remote_state_consumer_ids": [],
            "resource_count": 1,
            "source_name": "",
            "source_url": "",
            "speculative_enabled": true,
            "ssh_key_id": "",
            "structured_run_output_enabled": true,
            "tag_names": [],
            "terraform_version": "1.6.2",
            "trigger_patterns": [],
            "trigger_prefixes": [
              "/modules"
            ],
            "vcs_repo": [
              {
                "branch": "",
                "github_app_installation_id": "ghain-3JcBMQW48TPfPn4f",
                "identifier": "hashi-strawb/tfc-big-monorepo-test",
                "ingress_submodules": false,
                "oauth_token_id": "",
                "tags_regex": ""
              }
            ],
            "working_directory": "workspaces/"
          },
          "sensitive_attributes": [],
          "private": "eyJzY2hlbWFfdmVyc2lvbiI6IjEifQ=="
        },
        {
          "index_key": 93,
          "schema_version": 1,
          "attributes": {
            "agent_pool_id": "",
            "allow_destroy_plan": true,
            "assessments_enabled": false,
            "auto_apply": true,
            "description": "",
            "execution_mode": "remote",
            "file_triggers_enabled": true,
            "force_delete": true,
            "global_remote_state": false,
            "html_url": "https://app.terraform.io/app/hashi_strawb_testing/workspaces/many-workspace-test-0093",
            "id": "ws-K9pSNWdptC6XmgdA",
            "name": "many-workspace-test-0093",
            "operations": true,
            "organization": "hashi_strawb_testing",
            "project_id": "prj-8rNEinGacXMAwCr4",
            "queue_all_runs": true,
            "remote_state_consumer_ids": [],
            "resource_count": 0,
            "source_name": "",
            "source_url": "",
            "speculative_enabled": true,
            "ssh_key_id": "",
            "structured_run_output_enabled": true,
            "tag_names": [],
            "terraform_version": "1.6.2",
            "trigger_patterns": [],
            "trigger_prefixes": [
              "/modules"
            ],
            "vcs_repo": [
              {
                "branch": "",
                "github_app_installation_id": "ghain-3JcBMQW48TPfPn4f",
                "identifier": "hashi-strawb/tfc-big-monorepo-test",
                "ingress_submodules": false,
                "oauth_token_id": "",
                "tags_regex": ""
              }
            ],
            "working_directory": "workspaces/"
          },
          "sensitive_attributes": [],
          "private": "eyJzY2hlbWFfdmVyc2lvbiI6IjEifQ=="
        },
        {
          "index_key": 94,
          "schema_version": 1,
          "attributes": {
            "agent_pool_id": "",
            "allow_destroy_plan": true,
            "assessments_enabled": false,
            "auto_apply": true,
            "description": "",
            "execution_mode": "remote",
            "file_triggers_enabled": true,
            "force_delete": true,
            "global_remote_state": false,
            "html_url": "https://app.terraform.io/app/hashi_strawb_testing/workspaces/many-workspace-test-0094",
            "id": "ws-MhvT4LpkLzr2SJRZ",
            "name": "many-workspace-test-0094",
            "operations": true,
            "organization": "hashi_strawb_testing",
            "project_id": "prj-8rNEinGacXMAwCr4",
            "queue_all_runs": true,
            "remote_state_consumer_ids": [],
            "resource_count": 1,
            "source_name": "",
            "source_url": "",
            "speculative_enabled": true,
            "ssh_key_id": "",
            "structured_run_output_enabled": true,
            "tag_names": [],
            "terraform_version": "1.6.2",
            "trigger_patterns": [],
            "trigger_prefixes": [
              "/modules"
            ],
            "vcs_repo": [
              {
                "branch": "",
                "github_app_installation_id": "ghain-3JcBMQW48TPfPn4f",
                "identifier": "hashi-strawb/tfc-big-monorepo-test",
                "ingress_submodules": false,
                "oauth_token_id": "",
                "tags_regex": ""
              }
            ],
            "working_directory": "workspaces/"
          },
          "sensitive_attributes": [],
          "private": "eyJzY2hlbWFfdmVyc2lvbiI6IjEifQ=="
        },
        {
          "index_key": 95,
          "schema_version": 1,
          "attributes": {
            "agent_pool_id": "",
            "allow_destroy_plan": true,
            "assessments_enabled": false,
            "auto_apply": true,
            "description": "",
            "execution_mode": "remote",
            "file_triggers_enabled": true,
            "force_delete": true,
            "global_remote_state": false,
            "html_url": "https://app.terraform.io/app/hashi_strawb_testing/workspaces/many-workspace-test-0095",
            "id": "ws-4eXpRMHjTWGMBBWQ",
            "name": "many-workspace-test-0095",
            "operations": true,
            "organization": "hashi_strawb_testing",
            "project_id": "prj-8rNEinGacXMAwCr4",
            "queue_all_runs": true,
            "remote_state_consumer_ids": [],
            "resource_count": 1,
            "source_name": "",
            "source_url": "",
            "speculative_enabled": true,
            "ssh_key_id": "",
            "structured_run_output_enabled": true,
            "tag_names": [],
            "terraform_version": "1.6.2",
            "trigger_patterns": [],
            "trigger_prefixes": [
              "/modules"
            ],
            "vcs_repo": [
              {
                "branch": "",
                "github_app_installation_id": "ghain-3JcBMQW48TPfPn4f",
                "identifier": "hashi-strawb/tfc-big-monorepo-test",
                "ingress_submodules": false,
                "oauth_token_id": "",
                "tags_regex": ""
              }
            ],
            "working_directory": "workspaces/"
          },
          "sensitive_attributes": [],
          "private": "eyJzY2hlbWFfdmVyc2lvbiI6IjEifQ=="
        },
        {
          "index_key": 96,
          "schema_version": 1,
          "attributes": {
            "agent_pool_id": "",
            "allow_destroy_plan": true,
            "assessments_enabled": false,
            "auto_apply": true,
            "description": "",
            "execution_mode": "remote",
            "file_triggers_enabled": true,
            "force_delete": true,
            "global_remote_state": false,
            "html_url": "https://app.terraform.io/app/hashi_strawb_testing/workspaces/many-workspace-test-0096",
            "id": "ws-3oxaEtR3WBVRUiFY",
            "name": "many-workspace-test-0096",
            "operations": true,
            "organization": "hashi_strawb_testing",
            "project_id": "prj-8rNEinGacXMAwCr4",
            "queue_all_runs": true,
            "remote_state_consumer_ids": [],
            "resource_count": 0,
            "source_name": "",
            "source_url": "",
            "speculative_enabled": true,
            "ssh_key_id": "",
            "structured_run_output_enabled": true,
            "tag_names": [],
            "terraform_version": "1.6.2",
            "trigger_patterns": [],
            "trigger_prefixes": [
              "/modules"
            ],
            "vcs_repo": [
              {
                "branch": "",
                "github_app_installation_id": "ghain-3JcBMQW48TPfPn4f",
                "identifier": "hashi-strawb/tfc-big-monorepo-test",
                "ingress_submodules": false,
                "oauth_token_id": "",
                "tags_regex": ""
              }
            ],
            "working_directory": "workspaces/"
          },
          "sensitive_attributes": [],
          "private": "eyJzY2hlbWFfdmVyc2lvbiI6IjEifQ=="
        },
        {
          "index_key": 97,
          "schema_version": 1,
          "attributes": {
            "agent_pool_id": "",
            "allow_destroy_plan": true,
            "assessments_enabled": false,
            "auto_apply": true,
            "description": "",
            "execution_mode": "remote",
            "file_triggers_enabled": true,
            "force_delete": true,
            "global_remote_state": false,
            "html_url": "https://app.terraform.io/app/hashi_strawb_testing/workspaces/many-workspace-test-0097",
            "id": "ws-9BwcrGGy3ef6oTgA",
            "name": "many-workspace-test-0097",
            "operations": true,
            "organization": "hashi_strawb_testing",
            "project_id": "prj-8rNEinGacXMAwCr4",
            "queue_all_runs": true,
            "remote_state_consumer_ids": [],
            "resource_count": 0,
            "source_name": "",
            "source_url": "",
            "speculative_enabled": true,
            "ssh_key_id": "",
            "structured_run_output_enabled": true,
            "tag_names": [],
            "terraform_version": "1.6.2",
            "trigger_patterns": [],
            "trigger_prefixes": [
              "/modules"
            ],
            "vcs_repo": [
              {
                "branch": "",
                "github_app_installation_id": "ghain-3JcBMQW48TPfPn4f",
                "identifier": "hashi-strawb/tfc-big-monorepo-test",
                "ingress_submodules": false,
                "oauth_token_id": "",
                "tags_regex": ""
              }
            ],
            "working_directory": "workspaces/"
          },
          "sensitive_attributes": [],
          "private": "eyJzY2hlbWFfdmVyc2lvbiI6IjEifQ=="
        },
        {
          "index_key": 98,
          "schema_version": 1,
          "attributes": {
            "agent_pool_id": "",
            "allow_destroy_plan": true,
            "assessments_enabled": false,
            "auto_apply": true,
            "description": "",
            "execution_mode": "remote",
            "file_triggers_enabled": true,
            "force_delete": true,
            "global_remote_state": false,
            "html_url": "https://app.terraform.io/app/hashi_strawb_testing/workspaces/many-workspace-test-0098",
            "id": "ws-5guXqafYhrw9UemX",
            "name": "many-workspace-test-0098",
            "operations": true,
            "organization": "hashi_strawb_testing",
            "project_id": "prj-8rNEinGacXMAwCr4",
            "queue_all_runs": true,
            "remote_state_consumer_ids": [],
            "resource_count": 0,
            "source_name": "",
            "source_url": "",
            "speculative_enabled": true,
            "ssh_key_id": "",
            "structured_run_output_enabled": true,
            "tag_names": [],
            "terraform_version": "1.6.2",
            "trigger_patterns": [],
            "trigger_prefixes": [
              "/modules"
            ],
            "vcs_repo": [
              {
                "branch": "",
                "github_app_installation_id": "ghain-3JcBMQW48TPfPn4f",
                "identifier": "hashi-strawb/tfc-big-monorepo-test",
                "ingress_submodules": false,
                "oauth_token_id": "",
                "tags_regex": ""
              }
            ],
            "working_directory": "workspaces/"
          },
          "sensitive_attributes": [],
          "private": "eyJzY2hlbWFfdmVyc2lvbiI6IjEifQ=="
        },
        {
          "index_key": 99,
          "schema_version": 1,
          "attributes": {
            "agent_pool_id": "",
            "allow_destroy_plan": true,
            "assessments_enabled": false,
            "auto_apply": true,
            "description": "",
            "execution_mode": "remote",
            "file_triggers_enabled": true,
            "force_delete": true,
            "global_remote_state": false,
            "html_url": "https://app.terraform.io/app/hashi_strawb_testing/workspaces/many-workspace-test-0099",
            "id": "ws-uXQydUiXwnTrHsbu",
            "name": "many-workspace-test-0099",
            "operations": true,
            "organization": "hashi_strawb_testing",
            "project_id": "prj-8rNEinGacXMAwCr4",
            "queue_all_runs": true,
            "remote_state_consumer_ids": [],
            "resource_count": 1,
            "source_name": "",
            "source_url": "",
            "speculative_enabled": true,
            "ssh_key_id": "",
            "structured_run_output_enabled": true,
            "tag_names": [],
            "terraform_version": "1.6.2",
            "trigger_patterns": [],
            "trigger_prefixes": [
              "/modules"
            ],
            "vcs_repo": [
              {
                "branch": "",
                "github_app_installation_id": "ghain-3JcBMQW48TPfPn4f",
                "identifier": "hashi-strawb/tfc-big-monorepo-test",
                "ingress_submodules": false,
                "oauth_token_id": "",
                "tags_regex": ""
              }
            ],
            "working_directory": "workspaces/"
          },
          "sensitive_attributes": [],
          "private": "eyJzY2hlbWFfdmVyc2lvbiI6IjEifQ=="
        },
        {
          "index_key": 100,
          "schema_version": 1,
          "attributes": {
            "agent_pool_id": "",
            "allow_destroy_plan": true,
            "assessments_enabled": false,
            "auto_apply": true,
            "description": "",
            "execution_mode": "remote",
            "file_triggers_enabled": true,
            "force_delete": true,
            "global_remote_state": false,
            "html_url": "https://app.terraform.io/app/hashi_strawb_testing/workspaces/many-workspace-test-0100",
            "id": "ws-XyxZgvF2PpyoKY6o",
            "name": "many-workspace-test-0100",
            "operations": true,
            "organization": "hashi_strawb_testing",
            "project_id": "prj-8rNEinGacXMAwCr4",
            "queue_all_runs": true,
            "remote_state_consumer_ids": [],
            "resource_count": 0,
            "source_name": "",
            "source_url": "",
            "speculative_enabled": true,
            "ssh_key_id": "",
            "structured_run_output_enabled": true,
            "tag_names": [],
            "terraform_version": "1.6.2",
            "trigger_patterns": [],
            "trigger_prefixes": [
              "/modules"
            ],
            "vcs_repo": [
              {
                "branch": "",
                "github_app_installation_id": "ghain-3JcBMQW48TPfPn4f",
                "identifier": "hashi-strawb/tfc-big-monorepo-test",
                "ingress_submodules": false,
                "oauth_token_id": "",
                "tags_regex": ""
              }
            ],
            "working_directory": "workspaces/"
          },
          "sensitive_attributes": [],
          "private": "eyJzY2hlbWFfdmVyc2lvbiI6IjEifQ=="
        },
        {
          "index_key": 101,
          "schema_version": 1,
          "attributes": {
            "agent_pool_id": "",
            "allow_destroy_plan": true,
            "assessments_enabled": false,
            "auto_apply": true,
            "description": "",
            "execution_mode": "remote",
            "file_triggers_enabled": true,
            "force_delete": true,
            "global_remote_state": false,
            "html_url": "https://app.terraform.io/app/hashi_strawb_testing/workspaces/many-workspace-test-0101",
            "id": "ws-18eUcVoux97fTQan",
            "name": "many-workspace-test-0101",
            "operations": true,
            "organization": "hashi_strawb_testing",
            "project_id": "prj-8rNEinGacXMAwCr4",
            "queue_all_runs": true,
            "remote_state_consumer_ids": [],
            "resource_count": 0,
            "source_name": "",
            "source_url": "",
            "speculative_enabled": true,
            "ssh_key_id": "",
            "structured_run_output_enabled": true,
            "tag_names": [],
            "terraform_version": "1.6.2",
            "trigger_patterns": [],
            "trigger_prefixes": [
              "/modules"
            ],
            "vcs_repo": [
              {
                "branch": "",
                "github_app_installation_id": "ghain-3JcBMQW48TPfPn4f",
                "identifier": "hashi-strawb/tfc-big-monorepo-test",
                "ingress_submodules": false,
                "oauth_token_id": "",
                "tags_regex": ""
              }
            ],
            "working_directory": "workspaces/"
          },
          "sensitive_attributes": [],
          "private": "eyJzY2hlbWFfdmVyc2lvbiI6IjEifQ=="
        },
        {
          "index_key": 102,
          "schema_version": 1,
          "attributes": {
            "agent_pool_id": "",
            "allow_destroy_plan": true,
            "assessments_enabled": false,
            "auto_apply": true,
            "description": "",
            "execution_mode": "remote",
            "file_triggers_enabled": true,
            "force_delete": true,
            "global_remote_state": false,
            "html_url": "https://app.terraform.io/app/hashi_strawb_testing/workspaces/many-workspace-test-0102",
            "id": "ws-nHzi1B6cXN2GXUUp",
            "name": "many-workspace-test-0102",
            "operations": true,
            "organization": "hashi_strawb_testing",
            "project_id": "prj-8rNEinGacXMAwCr4",
            "queue_all_runs": true,
            "remote_state_consumer_ids": [],
            "resource_count": 0,
            "source_name": "",
            "source_url": "",
            "speculative_enabled": true,
            "ssh_key_id": "",
            "structured_run_output_enabled": true,
            "tag_names": [],
            "terraform_version": "1.6.2",
            "trigger_patterns": [],
            "trigger_prefixes": [
              "/modules"
            ],
            "vcs_repo": [
              {
                "branch": "",
                "github_app_installation_id": "ghain-3JcBMQW48TPfPn4f",
                "identifier": "hashi-strawb/tfc-big-monorepo-test",
                "ingress_submodules": false,
                "oauth_token_id": "",
                "tags_regex": ""
              }
            ],
            "working_directory": "workspaces/"
          },
          "sensitive_attributes": [],
          "private": "eyJzY2hlbWFfdmVyc2lvbiI6IjEifQ=="
        },
        {
          "index_key": 103,
          "schema_version": 1,
          "attributes": {
            "agent_pool_id": "",
            "allow_destroy_plan": true,
            "assessments_enabled": false,
            "auto_apply": true,
            "description": "",
            "execution_mode": "remote",
            "file_triggers_enabled": true,
            "force_delete": true,
            "global_remote_state": false,
            "html_url": "https://app.terraform.io/app/hashi_strawb_testing/workspaces/many-workspace-test-0103",
            "id": "ws-ZuzmFjSLrkYcRxS2",
            "name": "many-workspace-test-0103",
            "operations": true,
            "organization": "hashi_strawb_testing",
            "project_id": "prj-8rNEinGacXMAwCr4",
            "queue_all_runs": true,
            "remote_state_consumer_ids": [],
            "resource_count": 0,
            "source_name": "",
            "source_url": "",
            "speculative_enabled": true,
            "ssh_key_id": "",
            "structured_run_output_enabled": true,
            "tag_names": [],
            "terraform_version": "1.6.2",
            "trigger_patterns": [],
            "trigger_prefixes": [
              "/modules"
            ],
            "vcs_repo": [
              {
                "branch": "",
                "github_app_installation_id": "ghain-3JcBMQW48TPfPn4f",
                "identifier": "hashi-strawb/tfc-big-monorepo-test",
                "ingress_submodules": false,
                "oauth_token_id": "",
                "tags_regex": ""
              }
            ],
            "working_directory": "workspaces/"
          },
          "sensitive_attributes": [],
          "private": "eyJzY2hlbWFfdmVyc2lvbiI6IjEifQ=="
        },
        {
          "index_key": 104,
          "schema_version": 1,
          "attributes": {
            "agent_pool_id": "",
            "allow_destroy_plan": true,
            "assessments_enabled": false,
            "auto_apply": true,
            "description": "",
            "execution_mode": "remote",
            "file_triggers_enabled": true,
            "force_delete": true,
            "global_remote_state": false,
            "html_url": "https://app.terraform.io/app/hashi_strawb_testing/workspaces/many-workspace-test-0104",
            "id": "ws-1qFX1224F88LZWeq",
            "name": "many-workspace-test-0104",
            "operations": true,
            "organization": "hashi_strawb_testing",
            "project_id": "prj-8rNEinGacXMAwCr4",
            "queue_all_runs": true,
            "remote_state_consumer_ids": [],
            "resource_count": 0,
            "source_name": "",
            "source_url": "",
            "speculative_enabled": true,
            "ssh_key_id": "",
            "structured_run_output_enabled": true,
            "tag_names": [],
            "terraform_version": "1.6.2",
            "trigger_patterns": [],
            "trigger_prefixes": [
              "/modules"
            ],
            "vcs_repo": [
              {
                "branch": "",
                "github_app_installation_id": "ghain-3JcBMQW48TPfPn4f",
                "identifier": "hashi-strawb/tfc-big-monorepo-test",
                "ingress_submodules": false,
                "oauth_token_id": "",
                "tags_regex": ""
              }
            ],
            "working_directory": "workspaces/"
          },
          "sensitive_attributes": [],
          "private": "eyJzY2hlbWFfdmVyc2lvbiI6IjEifQ=="
        },
        {
          "index_key": 105,
          "schema_version": 1,
          "attributes": {
            "agent_pool_id": "",
            "allow_destroy_plan": true,
            "assessments_enabled": false,
            "auto_apply": true,
            "description": "",
            "execution_mode": "remote",
            "file_triggers_enabled": true,
            "force_delete": true,
            "global_remote_state": false,
            "html_url": "https://app.terraform.io/app/hashi_strawb_testing/workspaces/many-workspace-test-0105",
            "id": "ws-cA9HPifP2mM9A96d",
            "name": "many-workspace-test-0105",
            "operations": true,
            "organization": "hashi_strawb_testing",
            "project_id": "prj-8rNEinGacXMAwCr4",
            "queue_all_runs": true,
            "remote_state_consumer_ids": [],
            "resource_count": 1,
            "source_name": "",
            "source_url": "",
            "speculative_enabled": true,
            "ssh_key_id": "",
            "structured_run_output_enabled": true,
            "tag_names": [],
            "terraform_version": "1.6.2",
            "trigger_patterns": [],
            "trigger_prefixes": [
              "/modules"
            ],
            "vcs_repo": [
              {
                "branch": "",
                "github_app_installation_id": "ghain-3JcBMQW48TPfPn4f",
                "identifier": "hashi-strawb/tfc-big-monorepo-test",
                "ingress_submodules": false,
                "oauth_token_id": "",
                "tags_regex": ""
              }
            ],
            "working_directory": "workspaces/"
          },
          "sensitive_attributes": [],
          "private": "eyJzY2hlbWFfdmVyc2lvbiI6IjEifQ=="
        },
        {
          "index_key": 106,
          "schema_version": 1,
          "attributes": {
            "agent_pool_id": "",
            "allow_destroy_plan": true,
            "assessments_enabled": false,
            "auto_apply": true,
            "description": "",
            "execution_mode": "remote",
            "file_triggers_enabled": true,
            "force_delete": true,
            "global_remote_state": false,
            "html_url": "https://app.terraform.io/app/hashi_strawb_testing/workspaces/many-workspace-test-0106",
            "id": "ws-rAzsSpnP9eJhanen",
            "name": "many-workspace-test-0106",
            "operations": true,
            "organization": "hashi_strawb_testing",
            "project_id": "prj-8rNEinGacXMAwCr4",
            "queue_all_runs": true,
            "remote_state_consumer_ids": [],
            "resource_count": 0,
            "source_name": "",
            "source_url": "",
            "speculative_enabled": true,
            "ssh_key_id": "",
            "structured_run_output_enabled": true,
            "tag_names": [],
            "terraform_version": "1.6.2",
            "trigger_patterns": [],
            "trigger_prefixes": [
              "/modules"
            ],
            "vcs_repo": [
              {
                "branch": "",
                "github_app_installation_id": "ghain-3JcBMQW48TPfPn4f",
                "identifier": "hashi-strawb/tfc-big-monorepo-test",
                "ingress_submodules": false,
                "oauth_token_id": "",
                "tags_regex": ""
              }
            ],
            "working_directory": "workspaces/"
          },
          "sensitive_attributes": [],
          "private": "eyJzY2hlbWFfdmVyc2lvbiI6IjEifQ=="
        },
        {
          "index_key": 107,
          "schema_version": 1,
          "attributes": {
            "agent_pool_id": "",
            "allow_destroy_plan": true,
            "assessments_enabled": false,
            "auto_apply": true,
            "description": "",
            "execution_mode": "remote",
            "file_triggers_enabled": true,
            "force_delete": true,
            "global_remote_state": false,
            "html_url": "https://app.terraform.io/app/hashi_strawb_testing/workspaces/many-workspace-test-0107",
            "id": "ws-y9JwepvpLNhEJAM6",
            "name": "many-workspace-test-0107",
            "operations": true,
            "organization": "hashi_strawb_testing",
            "project_id": "prj-8rNEinGacXMAwCr4",
            "queue_all_runs": true,
            "remote_state_consumer_ids": [],
            "resource_count": 1,
            "source_name": "",
            "source_url": "",
            "speculative_enabled": true,
            "ssh_key_id": "",
            "structured_run_output_enabled": true,
            "tag_names": [],
            "terraform_version": "1.6.2",
            "trigger_patterns": [],
            "trigger_prefixes": [
              "/modules"
            ],
            "vcs_repo": [
              {
                "branch": "",
                "github_app_installation_id": "ghain-3JcBMQW48TPfPn4f",
                "identifier": "hashi-strawb/tfc-big-monorepo-test",
                "ingress_submodules": false,
                "oauth_token_id": "",
                "tags_regex": ""
              }
            ],
            "working_directory": "workspaces/"
          },
          "sensitive_attributes": [],
          "private": "eyJzY2hlbWFfdmVyc2lvbiI6IjEifQ=="
        },
        {
          "index_key": 108,
          "schema_version": 1,
          "attributes": {
            "agent_pool_id": "",
            "allow_destroy_plan": true,
            "assessments_enabled": false,
            "auto_apply": true,
            "description": "",
            "execution_mode": "remote",
            "file_triggers_enabled": true,
            "force_delete": true,
            "global_remote_state": false,
            "html_url": "https://app.terraform.io/app/hashi_strawb_testing/workspaces/many-workspace-test-0108",
            "id": "ws-6FTYAzrHWSBCKTAV",
            "name": "many-workspace-test-0108",
            "operations": true,
            "organization": "hashi_strawb_testing",
            "project_id": "prj-8rNEinGacXMAwCr4",
            "queue_all_runs": true,
            "remote_state_consumer_ids": [],
            "resource_count": 0,
            "source_name": "",
            "source_url": "",
            "speculative_enabled": true,
            "ssh_key_id": "",
            "structured_run_output_enabled": true,
            "tag_names": [],
            "terraform_version": "1.6.2",
            "trigger_patterns": [],
            "trigger_prefixes": [
              "/modules"
            ],
            "vcs_repo": [
              {
                "branch": "",
                "github_app_installation_id": "ghain-3JcBMQW48TPfPn4f",
                "identifier": "hashi-strawb/tfc-big-monorepo-test",
                "ingress_submodules": false,
                "oauth_token_id": "",
                "tags_regex": ""
              }
            ],
            "working_directory": "workspaces/"
          },
          "sensitive_attributes": [],
          "private": "eyJzY2hlbWFfdmVyc2lvbiI6IjEifQ=="
        },
        {
          "index_key": 109,
          "schema_version": 1,
          "attributes": {
            "agent_pool_id": "",
            "allow_destroy_plan": true,
            "assessments_enabled": false,
            "auto_apply": true,
            "description": "",
            "execution_mode": "remote",
            "file_triggers_enabled": true,
            "force_delete": true,
            "global_remote_state": false,
            "html_url": "https://app.terraform.io/app/hashi_strawb_testing/workspaces/many-workspace-test-0109",
            "id": "ws-3nJnLvg3fj98pE32",
            "name": "many-workspace-test-0109",
            "operations": true,
            "organization": "hashi_strawb_testing",
            "project_id": "prj-8rNEinGacXMAwCr4",
            "queue_all_runs": true,
            "remote_state_consumer_ids": [],
            "resource_count": 1,
            "source_name": "",
            "source_url": "",
            "speculative_enabled": true,
            "ssh_key_id": "",
            "structured_run_output_enabled": true,
            "tag_names": [],
            "terraform_version": "1.6.2",
            "trigger_patterns": [],
            "trigger_prefixes": [
              "/modules"
            ],
            "vcs_repo": [
              {
                "branch": "",
                "github_app_installation_id": "ghain-3JcBMQW48TPfPn4f",
                "identifier": "hashi-strawb/tfc-big-monorepo-test",
                "ingress_submodules": false,
                "oauth_token_id": "",
                "tags_regex": ""
              }
            ],
            "working_directory": "workspaces/"
          },
          "sensitive_attributes": [],
          "private": "eyJzY2hlbWFfdmVyc2lvbiI6IjEifQ=="
        },
        {
          "index_key": 110,
          "schema_version": 1,
          "attributes": {
            "agent_pool_id": "",
            "allow_destroy_plan": true,
            "assessments_enabled": false,
            "auto_apply": true,
            "description": "",
            "execution_mode": "remote",
            "file_triggers_enabled": true,
            "force_delete": true,
            "global_remote_state": false,
            "html_url": "https://app.terraform.io/app/hashi_strawb_testing/workspaces/many-workspace-test-0110",
            "id": "ws-oxGQndmNcG7JrvxK",
            "name": "many-workspace-test-0110",
            "operations": true,
            "organization": "hashi_strawb_testing",
            "project_id": "prj-8rNEinGacXMAwCr4",
            "queue_all_runs": true,
            "remote_state_consumer_ids": [],
            "resource_count": 0,
            "source_name": "",
            "source_url": "",
            "speculative_enabled": true,
            "ssh_key_id": "",
            "structured_run_output_enabled": true,
            "tag_names": [],
            "terraform_version": "1.6.2",
            "trigger_patterns": [],
            "trigger_prefixes": [
              "/modules"
            ],
            "vcs_repo": [
              {
                "branch": "",
                "github_app_installation_id": "ghain-3JcBMQW48TPfPn4f",
                "identifier": "hashi-strawb/tfc-big-monorepo-test",
                "ingress_submodules": false,
                "oauth_token_id": "",
                "tags_regex": ""
              }
            ],
            "working_directory": "workspaces/"
          },
          "sensitive_attributes": [],
          "private": "eyJzY2hlbWFfdmVyc2lvbiI6IjEifQ=="
        },
        {
          "index_key": 111,
          "schema_version": 1,
          "attributes": {
            "agent_pool_id": "",
            "allow_destroy_plan": true,
            "assessments_enabled": false,
            "auto_apply": true,
            "description": "",
            "execution_mode": "remote",
            "file_triggers_enabled": true,
            "force_delete": true,
            "global_remote_state": false,
            "html_url": "https://app.terraform.io/app/hashi_strawb_testing/workspaces/many-workspace-test-0111",
            "id": "ws-vwjeNNCzPqqsX9Gx",
            "name": "many-workspace-test-0111",
            "operations": true,
            "organization": "hashi_strawb_testing",
            "project_id": "prj-8rNEinGacXMAwCr4",
            "queue_all_runs": true,
            "remote_state_consumer_ids": [],
            "resource_count": 1,
            "source_name": "",
            "source_url": "",
            "speculative_enabled": true,
            "ssh_key_id": "",
            "structured_run_output_enabled": true,
            "tag_names": [],
            "terraform_version": "1.6.2",
            "trigger_patterns": [],
            "trigger_prefixes": [
              "/modules"
            ],
            "vcs_repo": [
              {
                "branch": "",
                "github_app_installation_id": "ghain-3JcBMQW48TPfPn4f",
                "identifier": "hashi-strawb/tfc-big-monorepo-test",
                "ingress_submodules": false,
                "oauth_token_id": "",
                "tags_regex": ""
              }
            ],
            "working_directory": "workspaces/"
          },
          "sensitive_attributes": [],
          "private": "eyJzY2hlbWFfdmVyc2lvbiI6IjEifQ=="
        },
        {
          "index_key": 112,
          "schema_version": 1,
          "attributes": {
            "agent_pool_id": "",
            "allow_destroy_plan": true,
            "assessments_enabled": false,
            "auto_apply": true,
            "description": "",
            "execution_mode": "remote",
            "file_triggers_enabled": true,
            "force_delete": true,
            "global_remote_state": false,
            "html_url": "https://app.terraform.io/app/hashi_strawb_testing/workspaces/many-workspace-test-0112",
            "id": "ws-4siHLzMdWedbo3hE",
            "name": "many-workspace-test-0112",
            "operations": true,
            "organization": "hashi_strawb_testing",
            "project_id": "prj-8rNEinGacXMAwCr4",
            "queue_all_runs": true,
            "remote_state_consumer_ids": [],
            "resource_count": 0,
            "source_name": "",
            "source_url": "",
            "speculative_enabled": true,
            "ssh_key_id": "",
            "structured_run_output_enabled": true,
            "tag_names": [],
            "terraform_version": "1.6.2",
            "trigger_patterns": [],
            "trigger_prefixes": [
              "/modules"
            ],
            "vcs_repo": [
              {
                "branch": "",
                "github_app_installation_id": "ghain-3JcBMQW48TPfPn4f",
                "identifier": "hashi-strawb/tfc-big-monorepo-test",
                "ingress_submodules": false,
                "oauth_token_id": "",
                "tags_regex": ""
              }
            ],
            "working_directory": "workspaces/"
          },
          "sensitive_attributes": [],
          "private": "eyJzY2hlbWFfdmVyc2lvbiI6IjEifQ=="
        },
        {
          "index_key": 113,
          "schema_version": 1,
          "attributes": {
            "agent_pool_id": "",
            "allow_destroy_plan": true,
            "assessments_enabled": false,
            "auto_apply": true,
            "description": "",
            "execution_mode": "remote",
            "file_triggers_enabled": true,
            "force_delete": true,
            "global_remote_state": false,
            "html_url": "https://app.terraform.io/app/hashi_strawb_testing/workspaces/many-workspace-test-0113",
            "id": "ws-aUMd1Lqp6J3H9dWS",
            "name": "many-workspace-test-0113",
            "operations": true,
            "organization": "hashi_strawb_testing",
            "project_id": "prj-8rNEinGacXMAwCr4",
            "queue_all_runs": true,
            "remote_state_consumer_ids": [],
            "resource_count": 0,
            "source_name": "",
            "source_url": "",
            "speculative_enabled": true,
            "ssh_key_id": "",
            "structured_run_output_enabled": true,
            "tag_names": [],
            "terraform_version": "1.6.2",
            "trigger_patterns": [],
            "trigger_prefixes": [
              "/modules"
            ],
            "vcs_repo": [
              {
                "branch": "",
                "github_app_installation_id": "ghain-3JcBMQW48TPfPn4f",
                "identifier": "hashi-strawb/tfc-big-monorepo-test",
                "ingress_submodules": false,
                "oauth_token_id": "",
                "tags_regex": ""
              }
            ],
            "working_directory": "workspaces/"
          },
          "sensitive_attributes": [],
          "private": "eyJzY2hlbWFfdmVyc2lvbiI6IjEifQ=="
        },
        {
          "index_key": 114,
          "schema_version": 1,
          "attributes": {
            "agent_pool_id": "",
            "allow_destroy_plan": true,
            "assessments_enabled": false,
            "auto_apply": true,
            "description": "",
            "execution_mode": "remote",
            "file_triggers_enabled": true,
            "force_delete": true,
            "global_remote_state": false,
            "html_url": "https://app.terraform.io/app/hashi_strawb_testing/workspaces/many-workspace-test-0114",
            "id": "ws-h34Wa6ymeinMAniD",
            "name": "many-workspace-test-0114",
            "operations": true,
            "organization": "hashi_strawb_testing",
            "project_id": "prj-8rNEinGacXMAwCr4",
            "queue_all_runs": true,
            "remote_state_consumer_ids": [],
            "resource_count": 1,
            "source_name": "",
            "source_url": "",
            "speculative_enabled": true,
            "ssh_key_id": "",
            "structured_run_output_enabled": true,
            "tag_names": [],
            "terraform_version": "1.6.2",
            "trigger_patterns": [],
            "trigger_prefixes": [
              "/modules"
            ],
            "vcs_repo": [
              {
                "branch": "",
                "github_app_installation_id": "ghain-3JcBMQW48TPfPn4f",
                "identifier": "hashi-strawb/tfc-big-monorepo-test",
                "ingress_submodules": false,
                "oauth_token_id": "",
                "tags_regex": ""
              }
            ],
            "working_directory": "workspaces/"
          },
          "sensitive_attributes": [],
          "private": "eyJzY2hlbWFfdmVyc2lvbiI6IjEifQ=="
        },
        {
          "index_key": 115,
          "schema_version": 1,
          "attributes": {
            "agent_pool_id": "",
            "allow_destroy_plan": true,
            "assessments_enabled": false,
            "auto_apply": true,
            "description": "",
            "execution_mode": "remote",
            "file_triggers_enabled": true,
            "force_delete": true,
            "global_remote_state": false,
            "html_url": "https://app.terraform.io/app/hashi_strawb_testing/workspaces/many-workspace-test-0115",
            "id": "ws-12MuK6idXWCsMz1d",
            "name": "many-workspace-test-0115",
            "operations": true,
            "organization": "hashi_strawb_testing",
            "project_id": "prj-8rNEinGacXMAwCr4",
            "queue_all_runs": true,
            "remote_state_consumer_ids": [],
            "resource_count": 0,
            "source_name": "",
            "source_url": "",
            "speculative_enabled": true,
            "ssh_key_id": "",
            "structured_run_output_enabled": true,
            "tag_names": [],
            "terraform_version": "1.6.2",
            "trigger_patterns": [],
            "trigger_prefixes": [
              "/modules"
            ],
            "vcs_repo": [
              {
                "branch": "",
                "github_app_installation_id": "ghain-3JcBMQW48TPfPn4f",
                "identifier": "hashi-strawb/tfc-big-monorepo-test",
                "ingress_submodules": false,
                "oauth_token_id": "",
                "tags_regex": ""
              }
            ],
            "working_directory": "workspaces/"
          },
          "sensitive_attributes": [],
          "private": "eyJzY2hlbWFfdmVyc2lvbiI6IjEifQ=="
        },
        {
          "index_key": 116,
          "schema_version": 1,
          "attributes": {
            "agent_pool_id": "",
            "allow_destroy_plan": true,
            "assessments_enabled": false,
            "auto_apply": true,
            "description": "",
            "execution_mode": "remote",
            "file_triggers_enabled": true,
            "force_delete": true,
            "global_remote_state": false,
            "html_url": "https://app.terraform.io/app/hashi_strawb_testing/workspaces/many-workspace-test-0116",
            "id": "ws-oT2iefEn3DwB1tnZ",
            "name": "many-workspace-test-0116",
            "operations": true,
            "organization": "hashi_strawb_testing",
            "project_id": "prj-8rNEinGacXMAwCr4",
            "queue_all_runs": true,
            "remote_state_consumer_ids": [],
            "resource_count": 1,
            "source_name": "",
            "source_url": "",
            "speculative_enabled": true,
            "ssh_key_id": "",
            "structured_run_output_enabled": true,
            "tag_names": [],
            "terraform_version": "1.6.2",
            "trigger_patterns": [],
            "trigger_prefixes": [
              "/modules"
            ],
            "vcs_repo": [
              {
                "branch": "",
                "github_app_installation_id": "ghain-3JcBMQW48TPfPn4f",
                "identifier": "hashi-strawb/tfc-big-monorepo-test",
                "ingress_submodules": false,
                "oauth_token_id": "",
                "tags_regex": ""
              }
            ],
            "working_directory": "workspaces/"
          },
          "sensitive_attributes": [],
          "private": "eyJzY2hlbWFfdmVyc2lvbiI6IjEifQ=="
        },
        {
          "index_key": 117,
          "schema_version": 1,
          "attributes": {
            "agent_pool_id": "",
            "allow_destroy_plan": true,
            "assessments_enabled": false,
            "auto_apply": true,
            "description": "",
            "execution_mode": "remote",
            "file_triggers_enabled": true,
            "force_delete": true,
            "global_remote_state": false,
            "html_url": "https://app.terraform.io/app/hashi_strawb_testing/workspaces/many-workspace-test-0117",
            "id": "ws-7JUX5q52R6JUAqof",
            "name": "many-workspace-test-0117",
            "operations": true,
            "organization": "hashi_strawb_testing",
            "project_id": "prj-8rNEinGacXMAwCr4",
            "queue_all_runs": true,
            "remote_state_consumer_ids": [],
            "resource_count": 1,
            "source_name": "",
            "source_url": "",
            "speculative_enabled": true,
            "ssh_key_id": "",
            "structured_run_output_enabled": true,
            "tag_names": [],
            "terraform_version": "1.6.2",
            "trigger_patterns": [],
            "trigger_prefixes": [
              "/modules"
            ],
            "vcs_repo": [
              {
                "branch": "",
                "github_app_installation_id": "ghain-3JcBMQW48TPfPn4f",
                "identifier": "hashi-strawb/tfc-big-monorepo-test",
                "ingress_submodules": false,
                "oauth_token_id": "",
                "tags_regex": ""
              }
            ],
            "working_directory": "workspaces/"
          },
          "sensitive_attributes": [],
          "private": "eyJzY2hlbWFfdmVyc2lvbiI6IjEifQ=="
        },
        {
          "index_key": 118,
          "schema_version": 1,
          "attributes": {
            "agent_pool_id": "",
            "allow_destroy_plan": true,
            "assessments_enabled": false,
            "auto_apply": true,
            "description": "",
            "execution_mode": "remote",
            "file_triggers_enabled": true,
            "force_delete": true,
            "global_remote_state": false,
            "html_url": "https://app.terraform.io/app/hashi_strawb_testing/workspaces/many-workspace-test-0118",
            "id": "ws-vW5LZMiWZKEoYkfL",
            "name": "many-workspace-test-0118",
            "operations": true,
            "organization": "hashi_strawb_testing",
            "project_id": "prj-8rNEinGacXMAwCr4",
            "queue_all_runs": true,
            "remote_state_consumer_ids": [],
            "resource_count": 1,
            "source_name": "",
            "source_url": "",
            "speculative_enabled": true,
            "ssh_key_id": "",
            "structured_run_output_enabled": true,
            "tag_names": [],
            "terraform_version": "1.6.2",
            "trigger_patterns": [],
            "trigger_prefixes": [
              "/modules"
            ],
            "vcs_repo": [
              {
                "branch": "",
                "github_app_installation_id": "ghain-3JcBMQW48TPfPn4f",
                "identifier": "hashi-strawb/tfc-big-monorepo-test",
                "ingress_submodules": false,
                "oauth_token_id": "",
                "tags_regex": ""
              }
            ],
            "working_directory": "workspaces/"
          },
          "sensitive_attributes": [],
          "private": "eyJzY2hlbWFfdmVyc2lvbiI6IjEifQ=="
        },
        {
          "index_key": 119,
          "schema_version": 1,
          "attributes": {
            "agent_pool_id": "",
            "allow_destroy_plan": true,
            "assessments_enabled": false,
            "auto_apply": true,
            "description": "",
            "execution_mode": "remote",
            "file_triggers_enabled": true,
            "force_delete": true,
            "global_remote_state": false,
            "html_url": "https://app.terraform.io/app/hashi_strawb_testing/workspaces/many-workspace-test-0119",
            "id": "ws-fqXmLYzN1i3rYYNb",
            "name": "many-workspace-test-0119",
            "operations": true,
            "organization": "hashi_strawb_testing",
            "project_id": "prj-8rNEinGacXMAwCr4",
            "queue_all_runs": true,
            "remote_state_consumer_ids": [],
            "resource_count": 0,
            "source_name": "",
            "source_url": "",
            "speculative_enabled": true,
            "ssh_key_id": "",
            "structured_run_output_enabled": true,
            "tag_names": [],
            "terraform_version": "1.6.2",
            "trigger_patterns": [],
            "trigger_prefixes": [
              "/modules"
            ],
            "vcs_repo": [
              {
                "branch": "",
                "github_app_installation_id": "ghain-3JcBMQW48TPfPn4f",
                "identifier": "hashi-strawb/tfc-big-monorepo-test",
                "ingress_submodules": false,
                "oauth_token_id": "",
                "tags_regex": ""
              }
            ],
            "working_directory": "workspaces/"
          },
          "sensitive_attributes": [],
          "private": "eyJzY2hlbWFfdmVyc2lvbiI6IjEifQ=="
        },
        {
          "index_key": 120,
          "schema_version": 1,
          "attributes": {
            "agent_pool_id": "",
            "allow_destroy_plan": true,
            "assessments_enabled": false,
            "auto_apply": true,
            "description": "",
            "execution_mode": "remote",
            "file_triggers_enabled": true,
            "force_delete": true,
            "global_remote_state": false,
            "html_url": "https://app.terraform.io/app/hashi_strawb_testing/workspaces/many-workspace-test-0120",
            "id": "ws-Gq9p1BsMtv17xpYu",
            "name": "many-workspace-test-0120",
            "operations": true,
            "organization": "hashi_strawb_testing",
            "project_id": "prj-8rNEinGacXMAwCr4",
            "queue_all_runs": true,
            "remote_state_consumer_ids": [],
            "resource_count": 1,
            "source_name": "",
            "source_url": "",
            "speculative_enabled": true,
            "ssh_key_id": "",
            "structured_run_output_enabled": true,
            "tag_names": [],
            "terraform_version": "1.6.2",
            "trigger_patterns": [],
            "trigger_prefixes": [
              "/modules"
            ],
            "vcs_repo": [
              {
                "branch": "",
                "github_app_installation_id": "ghain-3JcBMQW48TPfPn4f",
                "identifier": "hashi-strawb/tfc-big-monorepo-test",
                "ingress_submodules": false,
                "oauth_token_id": "",
                "tags_regex": ""
              }
            ],
            "working_directory": "workspaces/"
          },
          "sensitive_attributes": [],
          "private": "eyJzY2hlbWFfdmVyc2lvbiI6IjEifQ=="
        },
        {
          "index_key": 121,
          "schema_version": 1,
          "attributes": {
            "agent_pool_id": "",
            "allow_destroy_plan": true,
            "assessments_enabled": false,
            "auto_apply": true,
            "description": "",
            "execution_mode": "remote",
            "file_triggers_enabled": true,
            "force_delete": true,
            "global_remote_state": false,
            "html_url": "https://app.terraform.io/app/hashi_strawb_testing/workspaces/many-workspace-test-0121",
            "id": "ws-PkU12yQR9oW6vABy",
            "name": "many-workspace-test-0121",
            "operations": true,
            "organization": "hashi_strawb_testing",
            "project_id": "prj-8rNEinGacXMAwCr4",
            "queue_all_runs": true,
            "remote_state_consumer_ids": [],
            "resource_count": 0,
            "source_name": "",
            "source_url": "",
            "speculative_enabled": true,
            "ssh_key_id": "",
            "structured_run_output_enabled": true,
            "tag_names": [],
            "terraform_version": "1.6.2",
            "trigger_patterns": [],
            "trigger_prefixes": [
              "/modules"
            ],
            "vcs_repo": [
              {
                "branch": "",
                "github_app_installation_id": "ghain-3JcBMQW48TPfPn4f",
                "identifier": "hashi-strawb/tfc-big-monorepo-test",
                "ingress_submodules": false,
                "oauth_token_id": "",
                "tags_regex": ""
              }
            ],
            "working_directory": "workspaces/"
          },
          "sensitive_attributes": [],
          "private": "eyJzY2hlbWFfdmVyc2lvbiI6IjEifQ=="
        },
        {
          "index_key": 122,
          "schema_version": 1,
          "attributes": {
            "agent_pool_id": "",
            "allow_destroy_plan": true,
            "assessments_enabled": false,
            "auto_apply": true,
            "description": "",
            "execution_mode": "remote",
            "file_triggers_enabled": true,
            "force_delete": true,
            "global_remote_state": false,
            "html_url": "https://app.terraform.io/app/hashi_strawb_testing/workspaces/many-workspace-test-0122",
            "id": "ws-BUM6t76UW2odyXXm",
            "name": "many-workspace-test-0122",
            "operations": true,
            "organization": "hashi_strawb_testing",
            "project_id": "prj-8rNEinGacXMAwCr4",
            "queue_all_runs": true,
            "remote_state_consumer_ids": [],
            "resource_count": 0,
            "source_name": "",
            "source_url": "",
            "speculative_enabled": true,
            "ssh_key_id": "",
            "structured_run_output_enabled": true,
            "tag_names": [],
            "terraform_version": "1.6.2",
            "trigger_patterns": [],
            "trigger_prefixes": [
              "/modules"
            ],
            "vcs_repo": [
              {
                "branch": "",
                "github_app_installation_id": "ghain-3JcBMQW48TPfPn4f",
                "identifier": "hashi-strawb/tfc-big-monorepo-test",
                "ingress_submodules": false,
                "oauth_token_id": "",
                "tags_regex": ""
              }
            ],
            "working_directory": "workspaces/"
          },
          "sensitive_attributes": [],
          "private": "eyJzY2hlbWFfdmVyc2lvbiI6IjEifQ=="
        },
        {
          "index_key": 123,
          "schema_version": 1,
          "attributes": {
            "agent_pool_id": "",
            "allow_destroy_plan": true,
            "assessments_enabled": false,
            "auto_apply": true,
            "description": "",
            "execution_mode": "remote",
            "file_triggers_enabled": true,
            "force_delete": true,
            "global_remote_state": false,
            "html_url": "https://app.terraform.io/app/hashi_strawb_testing/workspaces/many-workspace-test-0123",
            "id": "ws-YJ9H5SLgXFQy4wUK",
            "name": "many-workspace-test-0123",
            "operations": true,
            "organization": "hashi_strawb_testing",
            "project_id": "prj-8rNEinGacXMAwCr4",
            "queue_all_runs": true,
            "remote_state_consumer_ids": [],
            "resource_count": 1,
            "source_name": "",
            "source_url": "",
            "speculative_enabled": true,
            "ssh_key_id": "",
            "structured_run_output_enabled": true,
            "tag_names": [],
            "terraform_version": "1.6.2",
            "trigger_patterns": [],
            "trigger_prefixes": [
              "/modules"
            ],
            "vcs_repo": [
              {
                "branch": "",
                "github_app_installation_id": "ghain-3JcBMQW48TPfPn4f",
                "identifier": "hashi-strawb/tfc-big-monorepo-test",
                "ingress_submodules": false,
                "oauth_token_id": "",
                "tags_regex": ""
              }
            ],
            "working_directory": "workspaces/"
          },
          "sensitive_attributes": [],
          "private": "eyJzY2hlbWFfdmVyc2lvbiI6IjEifQ=="
        },
        {
          "index_key": 124,
          "schema_version": 1,
          "attributes": {
            "agent_pool_id": "",
            "allow_destroy_plan": true,
            "assessments_enabled": false,
            "auto_apply": true,
            "description": "",
            "execution_mode": "remote",
            "file_triggers_enabled": true,
            "force_delete": true,
            "global_remote_state": false,
            "html_url": "https://app.terraform.io/app/hashi_strawb_testing/workspaces/many-workspace-test-0124",
            "id": "ws-keFEmVUWKJ3B8jwA",
            "name": "many-workspace-test-0124",
            "operations": true,
            "organization": "hashi_strawb_testing",
            "project_id": "prj-8rNEinGacXMAwCr4",
            "queue_all_runs": true,
            "remote_state_consumer_ids": [],
            "resource_count": 1,
            "source_name": "",
            "source_url": "",
            "speculative_enabled": true,
            "ssh_key_id": "",
            "structured_run_output_enabled": true,
            "tag_names": [],
            "terraform_version": "1.6.2",
            "trigger_patterns": [],
            "trigger_prefixes": [
              "/modules"
            ],
            "vcs_repo": [
              {
                "branch": "",
                "github_app_installation_id": "ghain-3JcBMQW48TPfPn4f",
                "identifier": "hashi-strawb/tfc-big-monorepo-test",
                "ingress_submodules": false,
                "oauth_token_id": "",
                "tags_regex": ""
              }
            ],
            "working_directory": "workspaces/"
          },
          "sensitive_attributes": [],
          "private": "eyJzY2hlbWFfdmVyc2lvbiI6IjEifQ=="
        },
        {
          "index_key": 125,
          "schema_version": 1,
          "attributes": {
            "agent_pool_id": "",
            "allow_destroy_plan": true,
            "assessments_enabled": false,
            "auto_apply": true,
            "description": "",
            "execution_mode": "remote",
            "file_triggers_enabled": true,
            "force_delete": true,
            "global_remote_state": false,
            "html_url": "https://app.terraform.io/app/hashi_strawb_testing/workspaces/many-workspace-test-0125",
            "id": "ws-MTuvwt9HqZ8gr7s3",
            "name": "many-workspace-test-0125",
            "operations": true,
            "organization": "hashi_strawb_testing",
            "project_id": "prj-8rNEinGacXMAwCr4",
            "queue_all_runs": true,
            "remote_state_consumer_ids": [],
            "resource_count": 1,
            "source_name": "",
            "source_url": "",
            "speculative_enabled": true,
            "ssh_key_id": "",
            "structured_run_output_enabled": true,
            "tag_names": [],
            "terraform_version": "1.6.2",
            "trigger_patterns": [],
            "trigger_prefixes": [
              "/modules"
            ],
            "vcs_repo": [
              {
                "branch": "",
                "github_app_installation_id": "ghain-3JcBMQW48TPfPn4f",
                "identifier": "hashi-strawb/tfc-big-monorepo-test",
                "ingress_submodules": false,
                "oauth_token_id": "",
                "tags_regex": ""
              }
            ],
            "working_directory": "workspaces/"
          },
          "sensitive_attributes": [],
          "private": "eyJzY2hlbWFfdmVyc2lvbiI6IjEifQ=="
        },
        {
          "index_key": 126,
          "schema_version": 1,
          "attributes": {
            "agent_pool_id": "",
            "allow_destroy_plan": true,
            "assessments_enabled": false,
            "auto_apply": true,
            "description": "",
            "execution_mode": "remote",
            "file_triggers_enabled": true,
            "force_delete": true,
            "global_remote_state": false,
            "html_url": "https://app.terraform.io/app/hashi_strawb_testing/workspaces/many-workspace-test-0126",
            "id": "ws-uBdSLWQ5FV4PZdpg",
            "name": "many-workspace-test-0126",
            "operations": true,
            "organization": "hashi_strawb_testing",
            "project_id": "prj-8rNEinGacXMAwCr4",
            "queue_all_runs": true,
            "remote_state_consumer_ids": [],
            "resource_count": 0,
            "source_name": "",
            "source_url": "",
            "speculative_enabled": true,
            "ssh_key_id": "",
            "structured_run_output_enabled": true,
            "tag_names": [],
            "terraform_version": "1.6.2",
            "trigger_patterns": [],
            "trigger_prefixes": [
              "/modules"
            ],
            "vcs_repo": [
              {
                "branch": "",
                "github_app_installation_id": "ghain-3JcBMQW48TPfPn4f",
                "identifier": "hashi-strawb/tfc-big-monorepo-test",
                "ingress_submodules": false,
                "oauth_token_id": "",
                "tags_regex": ""
              }
            ],
            "working_directory": "workspaces/"
          },
          "sensitive_attributes": [],
          "private": "eyJzY2hlbWFfdmVyc2lvbiI6IjEifQ=="
        },
        {
          "index_key": 127,
          "schema_version": 1,
          "attributes": {
            "agent_pool_id": "",
            "allow_destroy_plan": true,
            "assessments_enabled": false,
            "auto_apply": true,
            "description": "",
            "execution_mode": "remote",
            "file_triggers_enabled": true,
            "force_delete": true,
            "global_remote_state": false,
            "html_url": "https://app.terraform.io/app/hashi_strawb_testing/workspaces/many-workspace-test-0127",
            "id": "ws-HFnifa3C999st492",
            "name": "many-workspace-test-0127",
            "operations": true,
            "organization": "hashi_strawb_testing",
            "project_id": "prj-8rNEinGacXMAwCr4",
            "queue_all_runs": true,
            "remote_state_consumer_ids": [],
            "resource_count": 1,
            "source_name": "",
            "source_url": "",
            "speculative_enabled": true,
            "ssh_key_id": "",
            "structured_run_output_enabled": true,
            "tag_names": [],
            "terraform_version": "1.6.2",
            "trigger_patterns": [],
            "trigger_prefixes": [
              "/modules"
            ],
            "vcs_repo": [
              {
                "branch": "",
                "github_app_installation_id": "ghain-3JcBMQW48TPfPn4f",
                "identifier": "hashi-strawb/tfc-big-monorepo-test",
                "ingress_submodules": false,
                "oauth_token_id": "",
                "tags_regex": ""
              }
            ],
            "working_directory": "workspaces/"
          },
          "sensitive_attributes": [],
          "private": "eyJzY2hlbWFfdmVyc2lvbiI6IjEifQ=="
        },
        {
          "index_key": 128,
          "schema_version": 1,
          "attributes": {
            "agent_pool_id": "",
            "allow_destroy_plan": true,
            "assessments_enabled": false,
            "auto_apply": true,
            "description": "",
            "execution_mode": "remote",
            "file_triggers_enabled": true,
            "force_delete": true,
            "global_remote_state": false,
            "html_url": "https://app.terraform.io/app/hashi_strawb_testing/workspaces/many-workspace-test-0128",
            "id": "ws-ZiZ8eE9BJGsRpmk5",
            "name": "many-workspace-test-0128",
            "operations": true,
            "organization": "hashi_strawb_testing",
            "project_id": "prj-8rNEinGacXMAwCr4",
            "queue_all_runs": true,
            "remote_state_consumer_ids": [],
            "resource_count": 0,
            "source_name": "",
            "source_url": "",
            "speculative_enabled": true,
            "ssh_key_id": "",
            "structured_run_output_enabled": true,
            "tag_names": [],
            "terraform_version": "1.6.2",
            "trigger_patterns": [],
            "trigger_prefixes": [
              "/modules"
            ],
            "vcs_repo": [
              {
                "branch": "",
                "github_app_installation_id": "ghain-3JcBMQW48TPfPn4f",
                "identifier": "hashi-strawb/tfc-big-monorepo-test",
                "ingress_submodules": false,
                "oauth_token_id": "",
                "tags_regex": ""
              }
            ],
            "working_directory": "workspaces/"
          },
          "sensitive_attributes": [],
          "private": "eyJzY2hlbWFfdmVyc2lvbiI6IjEifQ=="
        },
        {
          "index_key": 129,
          "schema_version": 1,
          "attributes": {
            "agent_pool_id": "",
            "allow_destroy_plan": true,
            "assessments_enabled": false,
            "auto_apply": true,
            "description": "",
            "execution_mode": "remote",
            "file_triggers_enabled": true,
            "force_delete": true,
            "global_remote_state": false,
            "html_url": "https://app.terraform.io/app/hashi_strawb_testing/workspaces/many-workspace-test-0129",
            "id": "ws-bZuTTzdSSiCcSckM",
            "name": "many-workspace-test-0129",
            "operations": true,
            "organization": "hashi_strawb_testing",
            "project_id": "prj-8rNEinGacXMAwCr4",
            "queue_all_runs": true,
            "remote_state_consumer_ids": [],
            "resource_count": 1,
            "source_name": "",
            "source_url": "",
            "speculative_enabled": true,
            "ssh_key_id": "",
            "structured_run_output_enabled": true,
            "tag_names": [],
            "terraform_version": "1.6.2",
            "trigger_patterns": [],
            "trigger_prefixes": [
              "/modules"
            ],
            "vcs_repo": [
              {
                "branch": "",
                "github_app_installation_id": "ghain-3JcBMQW48TPfPn4f",
                "identifier": "hashi-strawb/tfc-big-monorepo-test",
                "ingress_submodules": false,
                "oauth_token_id": "",
                "tags_regex": ""
              }
            ],
            "working_directory": "workspaces/"
          },
          "sensitive_attributes": [],
          "private": "eyJzY2hlbWFfdmVyc2lvbiI6IjEifQ=="
        },
        {
          "index_key": 130,
          "schema_version": 1,
          "attributes": {
            "agent_pool_id": "",
            "allow_destroy_plan": true,
            "assessments_enabled": false,
            "auto_apply": true,
            "description": "",
            "execution_mode": "remote",
            "file_triggers_enabled": true,
            "force_delete": true,
            "global_remote_state": false,
            "html_url": "https://app.terraform.io/app/hashi_strawb_testing/workspaces/many-workspace-test-0130",
            "id": "ws-hDoanviXeqsNew8V",
            "name": "many-workspace-test-0130",
            "operations": true,
            "organization": "hashi_strawb_testing",
            "project_id": "prj-8rNEinGacXMAwCr4",
            "queue_all_runs": true,
            "remote_state_consumer_ids": [],
            "resource_count": 0,
            "source_name": "",
            "source_url": "",
            "speculative_enabled": true,
            "ssh_key_id": "",
            "structured_run_output_enabled": true,
            "tag_names": [],
            "terraform_version": "1.6.2",
            "trigger_patterns": [],
            "trigger_prefixes": [
              "/modules"
            ],
            "vcs_repo": [
              {
                "branch": "",
                "github_app_installation_id": "ghain-3JcBMQW48TPfPn4f",
                "identifier": "hashi-strawb/tfc-big-monorepo-test",
                "ingress_submodules": false,
                "oauth_token_id": "",
                "tags_regex": ""
              }
            ],
            "working_directory": "workspaces/"
          },
          "sensitive_attributes": [],
          "private": "eyJzY2hlbWFfdmVyc2lvbiI6IjEifQ=="
        },
        {
          "index_key": 131,
          "schema_version": 1,
          "attributes": {
            "agent_pool_id": "",
            "allow_destroy_plan": true,
            "assessments_enabled": false,
            "auto_apply": true,
            "description": "",
            "execution_mode": "remote",
            "file_triggers_enabled": true,
            "force_delete": true,
            "global_remote_state": false,
            "html_url": "https://app.terraform.io/app/hashi_strawb_testing/workspaces/many-workspace-test-0131",
            "id": "ws-tbhNXKiy8Kngv8J3",
            "name": "many-workspace-test-0131",
            "operations": true,
            "organization": "hashi_strawb_testing",
            "project_id": "prj-8rNEinGacXMAwCr4",
            "queue_all_runs": true,
            "remote_state_consumer_ids": [],
            "resource_count": 0,
            "source_name": "",
            "source_url": "",
            "speculative_enabled": true,
            "ssh_key_id": "",
            "structured_run_output_enabled": true,
            "tag_names": [],
            "terraform_version": "1.6.2",
            "trigger_patterns": [],
            "trigger_prefixes": [
              "/modules"
            ],
            "vcs_repo": [
              {
                "branch": "",
                "github_app_installation_id": "ghain-3JcBMQW48TPfPn4f",
                "identifier": "hashi-strawb/tfc-big-monorepo-test",
                "ingress_submodules": false,
                "oauth_token_id": "",
                "tags_regex": ""
              }
            ],
            "working_directory": "workspaces/"
          },
          "sensitive_attributes": [],
          "private": "eyJzY2hlbWFfdmVyc2lvbiI6IjEifQ=="
        },
        {
          "index_key": 132,
          "schema_version": 1,
          "attributes": {
            "agent_pool_id": "",
            "allow_destroy_plan": true,
            "assessments_enabled": false,
            "auto_apply": true,
            "description": "",
            "execution_mode": "remote",
            "file_triggers_enabled": true,
            "force_delete": true,
            "global_remote_state": false,
            "html_url": "https://app.terraform.io/app/hashi_strawb_testing/workspaces/many-workspace-test-0132",
            "id": "ws-MMv57n4zmUv1Gs8b",
            "name": "many-workspace-test-0132",
            "operations": true,
            "organization": "hashi_strawb_testing",
            "project_id": "prj-8rNEinGacXMAwCr4",
            "queue_all_runs": true,
            "remote_state_consumer_ids": [],
            "resource_count": 1,
            "source_name": "",
            "source_url": "",
            "speculative_enabled": true,
            "ssh_key_id": "",
            "structured_run_output_enabled": true,
            "tag_names": [],
            "terraform_version": "1.6.2",
            "trigger_patterns": [],
            "trigger_prefixes": [
              "/modules"
            ],
            "vcs_repo": [
              {
                "branch": "",
                "github_app_installation_id": "ghain-3JcBMQW48TPfPn4f",
                "identifier": "hashi-strawb/tfc-big-monorepo-test",
                "ingress_submodules": false,
                "oauth_token_id": "",
                "tags_regex": ""
              }
            ],
            "working_directory": "workspaces/"
          },
          "sensitive_attributes": [],
          "private": "eyJzY2hlbWFfdmVyc2lvbiI6IjEifQ=="
        },
        {
          "index_key": 133,
          "schema_version": 1,
          "attributes": {
            "agent_pool_id": "",
            "allow_destroy_plan": true,
            "assessments_enabled": false,
            "auto_apply": true,
            "description": "",
            "execution_mode": "remote",
            "file_triggers_enabled": true,
            "force_delete": true,
            "global_remote_state": false,
            "html_url": "https://app.terraform.io/app/hashi_strawb_testing/workspaces/many-workspace-test-0133",
            "id": "ws-Z4tS9Uny3hNHTmfv",
            "name": "many-workspace-test-0133",
            "operations": true,
            "organization": "hashi_strawb_testing",
            "project_id": "prj-8rNEinGacXMAwCr4",
            "queue_all_runs": true,
            "remote_state_consumer_ids": [],
            "resource_count": 1,
            "source_name": "",
            "source_url": "",
            "speculative_enabled": true,
            "ssh_key_id": "",
            "structured_run_output_enabled": true,
            "tag_names": [],
            "terraform_version": "1.6.2",
            "trigger_patterns": [],
            "trigger_prefixes": [
              "/modules"
            ],
            "vcs_repo": [
              {
                "branch": "",
                "github_app_installation_id": "ghain-3JcBMQW48TPfPn4f",
                "identifier": "hashi-strawb/tfc-big-monorepo-test",
                "ingress_submodules": false,
                "oauth_token_id": "",
                "tags_regex": ""
              }
            ],
            "working_directory": "workspaces/"
          },
          "sensitive_attributes": [],
          "private": "eyJzY2hlbWFfdmVyc2lvbiI6IjEifQ=="
        },
        {
          "index_key": 134,
          "schema_version": 1,
          "attributes": {
            "agent_pool_id": "",
            "allow_destroy_plan": true,
            "assessments_enabled": false,
            "auto_apply": true,
            "description": "",
            "execution_mode": "remote",
            "file_triggers_enabled": true,
            "force_delete": true,
            "global_remote_state": false,
            "html_url": "https://app.terraform.io/app/hashi_strawb_testing/workspaces/many-workspace-test-0134",
            "id": "ws-P3dcoWRqLJcF5e4a",
            "name": "many-workspace-test-0134",
            "operations": true,
            "organization": "hashi_strawb_testing",
            "project_id": "prj-8rNEinGacXMAwCr4",
            "queue_all_runs": true,
            "remote_state_consumer_ids": [],
            "resource_count": 0,
            "source_name": "",
            "source_url": "",
            "speculative_enabled": true,
            "ssh_key_id": "",
            "structured_run_output_enabled": true,
            "tag_names": [],
            "terraform_version": "1.6.2",
            "trigger_patterns": [],
            "trigger_prefixes": [
              "/modules"
            ],
            "vcs_repo": [
              {
                "branch": "",
                "github_app_installation_id": "ghain-3JcBMQW48TPfPn4f",
                "identifier": "hashi-strawb/tfc-big-monorepo-test",
                "ingress_submodules": false,
                "oauth_token_id": "",
                "tags_regex": ""
              }
            ],
            "working_directory": "workspaces/"
          },
          "sensitive_attributes": [],
          "private": "eyJzY2hlbWFfdmVyc2lvbiI6IjEifQ=="
        },
        {
          "index_key": 135,
          "schema_version": 1,
          "attributes": {
            "agent_pool_id": "",
            "allow_destroy_plan": true,
            "assessments_enabled": false,
            "auto_apply": true,
            "description": "",
            "execution_mode": "remote",
            "file_triggers_enabled": true,
            "force_delete": true,
            "global_remote_state": false,
            "html_url": "https://app.terraform.io/app/hashi_strawb_testing/workspaces/many-workspace-test-0135",
            "id": "ws-qqJniHeaswEnNgY6",
            "name": "many-workspace-test-0135",
            "operations": true,
            "organization": "hashi_strawb_testing",
            "project_id": "prj-8rNEinGacXMAwCr4",
            "queue_all_runs": true,
            "remote_state_consumer_ids": [],
            "resource_count": 0,
            "source_name": "",
            "source_url": "",
            "speculative_enabled": true,
            "ssh_key_id": "",
            "structured_run_output_enabled": true,
            "tag_names": [],
            "terraform_version": "1.6.2",
            "trigger_patterns": [],
            "trigger_prefixes": [
              "/modules"
            ],
            "vcs_repo": [
              {
                "branch": "",
                "github_app_installation_id": "ghain-3JcBMQW48TPfPn4f",
                "identifier": "hashi-strawb/tfc-big-monorepo-test",
                "ingress_submodules": false,
                "oauth_token_id": "",
                "tags_regex": ""
              }
            ],
            "working_directory": "workspaces/"
          },
          "sensitive_attributes": [],
          "private": "eyJzY2hlbWFfdmVyc2lvbiI6IjEifQ=="
        },
        {
          "index_key": 136,
          "schema_version": 1,
          "attributes": {
            "agent_pool_id": "",
            "allow_destroy_plan": true,
            "assessments_enabled": false,
            "auto_apply": true,
            "description": "",
            "execution_mode": "remote",
            "file_triggers_enabled": true,
            "force_delete": true,
            "global_remote_state": false,
            "html_url": "https://app.terraform.io/app/hashi_strawb_testing/workspaces/many-workspace-test-0136",
            "id": "ws-HbW48cNSrcW65cHq",
            "name": "many-workspace-test-0136",
            "operations": true,
            "organization": "hashi_strawb_testing",
            "project_id": "prj-8rNEinGacXMAwCr4",
            "queue_all_runs": true,
            "remote_state_consumer_ids": [],
            "resource_count": 1,
            "source_name": "",
            "source_url": "",
            "speculative_enabled": true,
            "ssh_key_id": "",
            "structured_run_output_enabled": true,
            "tag_names": [],
            "terraform_version": "1.6.2",
            "trigger_patterns": [],
            "trigger_prefixes": [
              "/modules"
            ],
            "vcs_repo": [
              {
                "branch": "",
                "github_app_installation_id": "ghain-3JcBMQW48TPfPn4f",
                "identifier": "hashi-strawb/tfc-big-monorepo-test",
                "ingress_submodules": false,
                "oauth_token_id": "",
                "tags_regex": ""
              }
            ],
            "working_directory": "workspaces/"
          },
          "sensitive_attributes": [],
          "private": "eyJzY2hlbWFfdmVyc2lvbiI6IjEifQ=="
        },
        {
          "index_key": 137,
          "schema_version": 1,
          "attributes": {
            "agent_pool_id": "",
            "allow_destroy_plan": true,
            "assessments_enabled": false,
            "auto_apply": true,
            "description": "",
            "execution_mode": "remote",
            "file_triggers_enabled": true,
            "force_delete": true,
            "global_remote_state": false,
            "html_url": "https://app.terraform.io/app/hashi_strawb_testing/workspaces/many-workspace-test-0137",
            "id": "ws-NpHTRsdxgCBnQCNq",
            "name": "many-workspace-test-0137",
            "operations": true,
            "organization": "hashi_strawb_testing",
            "project_id": "prj-8rNEinGacXMAwCr4",
            "queue_all_runs": true,
            "remote_state_consumer_ids": [],
            "resource_count": 1,
            "source_name": "",
            "source_url": "",
            "speculative_enabled": true,
            "ssh_key_id": "",
            "structured_run_output_enabled": true,
            "tag_names": [],
            "terraform_version": "1.6.2",
            "trigger_patterns": [],
            "trigger_prefixes": [
              "/modules"
            ],
            "vcs_repo": [
              {
                "branch": "",
                "github_app_installation_id": "ghain-3JcBMQW48TPfPn4f",
                "identifier": "hashi-strawb/tfc-big-monorepo-test",
                "ingress_submodules": false,
                "oauth_token_id": "",
                "tags_regex": ""
              }
            ],
            "working_directory": "workspaces/"
          },
          "sensitive_attributes": [],
          "private": "eyJzY2hlbWFfdmVyc2lvbiI6IjEifQ=="
        },
        {
          "index_key": 138,
          "schema_version": 1,
          "attributes": {
            "agent_pool_id": "",
            "allow_destroy_plan": true,
            "assessments_enabled": false,
            "auto_apply": true,
            "description": "",
            "execution_mode": "remote",
            "file_triggers_enabled": true,
            "force_delete": true,
            "global_remote_state": false,
            "html_url": "https://app.terraform.io/app/hashi_strawb_testing/workspaces/many-workspace-test-0138",
            "id": "ws-bDcXhDRpNgpkkN7d",
            "name": "many-workspace-test-0138",
            "operations": true,
            "organization": "hashi_strawb_testing",
            "project_id": "prj-8rNEinGacXMAwCr4",
            "queue_all_runs": true,
            "remote_state_consumer_ids": [],
            "resource_count": 1,
            "source_name": "",
            "source_url": "",
            "speculative_enabled": true,
            "ssh_key_id": "",
            "structured_run_output_enabled": true,
            "tag_names": [],
            "terraform_version": "1.6.2",
            "trigger_patterns": [],
            "trigger_prefixes": [
              "/modules"
            ],
            "vcs_repo": [
              {
                "branch": "",
                "github_app_installation_id": "ghain-3JcBMQW48TPfPn4f",
                "identifier": "hashi-strawb/tfc-big-monorepo-test",
                "ingress_submodules": false,
                "oauth_token_id": "",
                "tags_regex": ""
              }
            ],
            "working_directory": "workspaces/"
          },
          "sensitive_attributes": [],
          "private": "eyJzY2hlbWFfdmVyc2lvbiI6IjEifQ=="
        },
        {
          "index_key": 139,
          "schema_version": 1,
          "attributes": {
            "agent_pool_id": "",
            "allow_destroy_plan": true,
            "assessments_enabled": false,
            "auto_apply": true,
            "description": "",
            "execution_mode": "remote",
            "file_triggers_enabled": true,
            "force_delete": true,
            "global_remote_state": false,
            "html_url": "https://app.terraform.io/app/hashi_strawb_testing/workspaces/many-workspace-test-0139",
            "id": "ws-6aL7UZbpfQhGsM5n",
            "name": "many-workspace-test-0139",
            "operations": true,
            "organization": "hashi_strawb_testing",
            "project_id": "prj-8rNEinGacXMAwCr4",
            "queue_all_runs": true,
            "remote_state_consumer_ids": [],
            "resource_count": 1,
            "source_name": "",
            "source_url": "",
            "speculative_enabled": true,
            "ssh_key_id": "",
            "structured_run_output_enabled": true,
            "tag_names": [],
            "terraform_version": "1.6.2",
            "trigger_patterns": [],
            "trigger_prefixes": [
              "/modules"
            ],
            "vcs_repo": [
              {
                "branch": "",
                "github_app_installation_id": "ghain-3JcBMQW48TPfPn4f",
                "identifier": "hashi-strawb/tfc-big-monorepo-test",
                "ingress_submodules": false,
                "oauth_token_id": "",
                "tags_regex": ""
              }
            ],
            "working_directory": "workspaces/"
          },
          "sensitive_attributes": [],
          "private": "eyJzY2hlbWFfdmVyc2lvbiI6IjEifQ=="
        },
        {
          "index_key": 140,
          "schema_version": 1,
          "attributes": {
            "agent_pool_id": "",
            "allow_destroy_plan": true,
            "assessments_enabled": false,
            "auto_apply": true,
            "description": "",
            "execution_mode": "remote",
            "file_triggers_enabled": true,
            "force_delete": true,
            "global_remote_state": false,
            "html_url": "https://app.terraform.io/app/hashi_strawb_testing/workspaces/many-workspace-test-0140",
            "id": "ws-9bxF9M4rskqzkPxf",
            "name": "many-workspace-test-0140",
            "operations": true,
            "organization": "hashi_strawb_testing",
            "project_id": "prj-8rNEinGacXMAwCr4",
            "queue_all_runs": true,
            "remote_state_consumer_ids": [],
            "resource_count": 0,
            "source_name": "",
            "source_url": "",
            "speculative_enabled": true,
            "ssh_key_id": "",
            "structured_run_output_enabled": true,
            "tag_names": [],
            "terraform_version": "1.6.2",
            "trigger_patterns": [],
            "trigger_prefixes": [
              "/modules"
            ],
            "vcs_repo": [
              {
                "branch": "",
                "github_app_installation_id": "ghain-3JcBMQW48TPfPn4f",
                "identifier": "hashi-strawb/tfc-big-monorepo-test",
                "ingress_submodules": false,
                "oauth_token_id": "",
                "tags_regex": ""
              }
            ],
            "working_directory": "workspaces/"
          },
          "sensitive_attributes": [],
          "private": "eyJzY2hlbWFfdmVyc2lvbiI6IjEifQ=="
        },
        {
          "index_key": 141,
          "schema_version": 1,
          "attributes": {
            "agent_pool_id": "",
            "allow_destroy_plan": true,
            "assessments_enabled": false,
            "auto_apply": true,
            "description": "",
            "execution_mode": "remote",
            "file_triggers_enabled": true,
            "force_delete": true,
            "global_remote_state": false,
            "html_url": "https://app.terraform.io/app/hashi_strawb_testing/workspaces/many-workspace-test-0141",
            "id": "ws-7Lisr4Kohsgg5inA",
            "name": "many-workspace-test-0141",
            "operations": true,
            "organization": "hashi_strawb_testing",
            "project_id": "prj-8rNEinGacXMAwCr4",
            "queue_all_runs": true,
            "remote_state_consumer_ids": [],
            "resource_count": 1,
            "source_name": "",
            "source_url": "",
            "speculative_enabled": true,
            "ssh_key_id": "",
            "structured_run_output_enabled": true,
            "tag_names": [],
            "terraform_version": "1.6.2",
            "trigger_patterns": [],
            "trigger_prefixes": [
              "/modules"
            ],
            "vcs_repo": [
              {
                "branch": "",
                "github_app_installation_id": "ghain-3JcBMQW48TPfPn4f",
                "identifier": "hashi-strawb/tfc-big-monorepo-test",
                "ingress_submodules": false,
                "oauth_token_id": "",
                "tags_regex": ""
              }
            ],
            "working_directory": "workspaces/"
          },
          "sensitive_attributes": [],
          "private": "eyJzY2hlbWFfdmVyc2lvbiI6IjEifQ=="
        },
        {
          "index_key": 142,
          "schema_version": 1,
          "attributes": {
            "agent_pool_id": "",
            "allow_destroy_plan": true,
            "assessments_enabled": false,
            "auto_apply": true,
            "description": "",
            "execution_mode": "remote",
            "file_triggers_enabled": true,
            "force_delete": true,
            "global_remote_state": false,
            "html_url": "https://app.terraform.io/app/hashi_strawb_testing/workspaces/many-workspace-test-0142",
            "id": "ws-ecBdgrPQRNNcYqyE",
            "name": "many-workspace-test-0142",
            "operations": true,
            "organization": "hashi_strawb_testing",
            "project_id": "prj-8rNEinGacXMAwCr4",
            "queue_all_runs": true,
            "remote_state_consumer_ids": [],
            "resource_count": 0,
            "source_name": "",
            "source_url": "",
            "speculative_enabled": true,
            "ssh_key_id": "",
            "structured_run_output_enabled": true,
            "tag_names": [],
            "terraform_version": "1.6.2",
            "trigger_patterns": [],
            "trigger_prefixes": [
              "/modules"
            ],
            "vcs_repo": [
              {
                "branch": "",
                "github_app_installation_id": "ghain-3JcBMQW48TPfPn4f",
                "identifier": "hashi-strawb/tfc-big-monorepo-test",
                "ingress_submodules": false,
                "oauth_token_id": "",
                "tags_regex": ""
              }
            ],
            "working_directory": "workspaces/"
          },
          "sensitive_attributes": [],
          "private": "eyJzY2hlbWFfdmVyc2lvbiI6IjEifQ=="
        },
        {
          "index_key": 143,
          "schema_version": 1,
          "attributes": {
            "agent_pool_id": "",
            "allow_destroy_plan": true,
            "assessments_enabled": false,
            "auto_apply": true,
            "description": "",
            "execution_mode": "remote",
            "file_triggers_enabled": true,
            "force_delete": true,
            "global_remote_state": false,
            "html_url": "https://app.terraform.io/app/hashi_strawb_testing/workspaces/many-workspace-test-0143",
            "id": "ws-WqiVVigsMNL88zF1",
            "name": "many-workspace-test-0143",
            "operations": true,
            "organization": "hashi_strawb_testing",
            "project_id": "prj-8rNEinGacXMAwCr4",
            "queue_all_runs": true,
            "remote_state_consumer_ids": [],
            "resource_count": 0,
            "source_name": "",
            "source_url": "",
            "speculative_enabled": true,
            "ssh_key_id": "",
            "structured_run_output_enabled": true,
            "tag_names": [],
            "terraform_version": "1.6.2",
            "trigger_patterns": [],
            "trigger_prefixes": [
              "/modules"
            ],
            "vcs_repo": [
              {
                "branch": "",
                "github_app_installation_id": "ghain-3JcBMQW48TPfPn4f",
                "identifier": "hashi-strawb/tfc-big-monorepo-test",
                "ingress_submodules": false,
                "oauth_token_id": "",
                "tags_regex": ""
              }
            ],
            "working_directory": "workspaces/"
          },
          "sensitive_attributes": [],
          "private": "eyJzY2hlbWFfdmVyc2lvbiI6IjEifQ=="
        },
        {
          "index_key": 144,
          "schema_version": 1,
          "attributes": {
            "agent_pool_id": "",
            "allow_destroy_plan": true,
            "assessments_enabled": false,
            "auto_apply": true,
            "description": "",
            "execution_mode": "remote",
            "file_triggers_enabled": true,
            "force_delete": true,
            "global_remote_state": false,
            "html_url": "https://app.terraform.io/app/hashi_strawb_testing/workspaces/many-workspace-test-0144",
            "id": "ws-72prsbcofM7TGVWZ",
            "name": "many-workspace-test-0144",
            "operations": true,
            "organization": "hashi_strawb_testing",
            "project_id": "prj-8rNEinGacXMAwCr4",
            "queue_all_runs": true,
            "remote_state_consumer_ids": [],
            "resource_count": 0,
            "source_name": "",
            "source_url": "",
            "speculative_enabled": true,
            "ssh_key_id": "",
            "structured_run_output_enabled": true,
            "tag_names": [],
            "terraform_version": "1.6.2",
            "trigger_patterns": [],
            "trigger_prefixes": [
              "/modules"
            ],
            "vcs_repo": [
              {
                "branch": "",
                "github_app_installation_id": "ghain-3JcBMQW48TPfPn4f",
                "identifier": "hashi-strawb/tfc-big-monorepo-test",
                "ingress_submodules": false,
                "oauth_token_id": "",
                "tags_regex": ""
              }
            ],
            "working_directory": "workspaces/"
          },
          "sensitive_attributes": [],
          "private": "eyJzY2hlbWFfdmVyc2lvbiI6IjEifQ=="
        },
        {
          "index_key": 145,
          "schema_version": 1,
          "attributes": {
            "agent_pool_id": "",
            "allow_destroy_plan": true,
            "assessments_enabled": false,
            "auto_apply": true,
            "description": "",
            "execution_mode": "remote",
            "file_triggers_enabled": true,
            "force_delete": true,
            "global_remote_state": false,
            "html_url": "https://app.terraform.io/app/hashi_strawb_testing/workspaces/many-workspace-test-0145",
            "id": "ws-egTP2aSEShzHcR8H",
            "name": "many-workspace-test-0145",
            "operations": true,
            "organization": "hashi_strawb_testing",
            "project_id": "prj-8rNEinGacXMAwCr4",
            "queue_all_runs": true,
            "remote_state_consumer_ids": [],
            "resource_count": 0,
            "source_name": "",
            "source_url": "",
            "speculative_enabled": true,
            "ssh_key_id": "",
            "structured_run_output_enabled": true,
            "tag_names": [],
            "terraform_version": "1.6.2",
            "trigger_patterns": [],
            "trigger_prefixes": [
              "/modules"
            ],
            "vcs_repo": [
              {
                "branch": "",
                "github_app_installation_id": "ghain-3JcBMQW48TPfPn4f",
                "identifier": "hashi-strawb/tfc-big-monorepo-test",
                "ingress_submodules": false,
                "oauth_token_id": "",
                "tags_regex": ""
              }
            ],
            "working_directory": "workspaces/"
          },
          "sensitive_attributes": [],
          "private": "eyJzY2hlbWFfdmVyc2lvbiI6IjEifQ=="
        },
        {
          "index_key": 146,
          "schema_version": 1,
          "attributes": {
            "agent_pool_id": "",
            "allow_destroy_plan": true,
            "assessments_enabled": false,
            "auto_apply": true,
            "description": "",
            "execution_mode": "remote",
            "file_triggers_enabled": true,
            "force_delete": true,
            "global_remote_state": false,
            "html_url": "https://app.terraform.io/app/hashi_strawb_testing/workspaces/many-workspace-test-0146",
            "id": "ws-B6xuepvvCNB7P6uG",
            "name": "many-workspace-test-0146",
            "operations": true,
            "organization": "hashi_strawb_testing",
            "project_id": "prj-8rNEinGacXMAwCr4",
            "queue_all_runs": true,
            "remote_state_consumer_ids": [],
            "resource_count": 1,
            "source_name": "",
            "source_url": "",
            "speculative_enabled": true,
            "ssh_key_id": "",
            "structured_run_output_enabled": true,
            "tag_names": [],
            "terraform_version": "1.6.2",
            "trigger_patterns": [],
            "trigger_prefixes": [
              "/modules"
            ],
            "vcs_repo": [
              {
                "branch": "",
                "github_app_installation_id": "ghain-3JcBMQW48TPfPn4f",
                "identifier": "hashi-strawb/tfc-big-monorepo-test",
                "ingress_submodules": false,
                "oauth_token_id": "",
                "tags_regex": ""
              }
            ],
            "working_directory": "workspaces/"
          },
          "sensitive_attributes": [],
          "private": "eyJzY2hlbWFfdmVyc2lvbiI6IjEifQ=="
        },
        {
          "index_key": 147,
          "schema_version": 1,
          "attributes": {
            "agent_pool_id": "",
            "allow_destroy_plan": true,
            "assessments_enabled": false,
            "auto_apply": true,
            "description": "",
            "execution_mode": "remote",
            "file_triggers_enabled": true,
            "force_delete": true,
            "global_remote_state": false,
            "html_url": "https://app.terraform.io/app/hashi_strawb_testing/workspaces/many-workspace-test-0147",
            "id": "ws-y2nBsubGrVHDLLXC",
            "name": "many-workspace-test-0147",
            "operations": true,
            "organization": "hashi_strawb_testing",
            "project_id": "prj-8rNEinGacXMAwCr4",
            "queue_all_runs": true,
            "remote_state_consumer_ids": [],
            "resource_count": 0,
            "source_name": "",
            "source_url": "",
            "speculative_enabled": true,
            "ssh_key_id": "",
            "structured_run_output_enabled": true,
            "tag_names": [],
            "terraform_version": "1.6.2",
            "trigger_patterns": [],
            "trigger_prefixes": [
              "/modules"
            ],
            "vcs_repo": [
              {
                "branch": "",
                "github_app_installation_id": "ghain-3JcBMQW48TPfPn4f",
                "identifier": "hashi-strawb/tfc-big-monorepo-test",
                "ingress_submodules": false,
                "oauth_token_id": "",
                "tags_regex": ""
              }
            ],
            "working_directory": "workspaces/"
          },
          "sensitive_attributes": [],
          "private": "eyJzY2hlbWFfdmVyc2lvbiI6IjEifQ=="
        },
        {
          "index_key": 148,
          "schema_version": 1,
          "attributes": {
            "agent_pool_id": "",
            "allow_destroy_plan": true,
            "assessments_enabled": false,
            "auto_apply": true,
            "description": "",
            "execution_mode": "remote",
            "file_triggers_enabled": true,
            "force_delete": true,
            "global_remote_state": false,
            "html_url": "https://app.terraform.io/app/hashi_strawb_testing/workspaces/many-workspace-test-0148",
            "id": "ws-xe2psBeFuoHXrpq5",
            "name": "many-workspace-test-0148",
            "operations": true,
            "organization": "hashi_strawb_testing",
            "project_id": "prj-8rNEinGacXMAwCr4",
            "queue_all_runs": true,
            "remote_state_consumer_ids": [],
            "resource_count": 0,
            "source_name": "",
            "source_url": "",
            "speculative_enabled": true,
            "ssh_key_id": "",
            "structured_run_output_enabled": true,
            "tag_names": [],
            "terraform_version": "1.6.2",
            "trigger_patterns": [],
            "trigger_prefixes": [
              "/modules"
            ],
            "vcs_repo": [
              {
                "branch": "",
                "github_app_installation_id": "ghain-3JcBMQW48TPfPn4f",
                "identifier": "hashi-strawb/tfc-big-monorepo-test",
                "ingress_submodules": false,
                "oauth_token_id": "",
                "tags_regex": ""
              }
            ],
            "working_directory": "workspaces/"
          },
          "sensitive_attributes": [],
          "private": "eyJzY2hlbWFfdmVyc2lvbiI6IjEifQ=="
        },
        {
          "index_key": 149,
          "schema_version": 1,
          "attributes": {
            "agent_pool_id": "",
            "allow_destroy_plan": true,
            "assessments_enabled": false,
            "auto_apply": true,
            "description": "",
            "execution_mode": "remote",
            "file_triggers_enabled": true,
            "force_delete": true,
            "global_remote_state": false,
            "html_url": "https://app.terraform.io/app/hashi_strawb_testing/workspaces/many-workspace-test-0149",
            "id": "ws-FH5L1PXdyUdHhA6H",
            "name": "many-workspace-test-0149",
            "operations": true,
            "organization": "hashi_strawb_testing",
            "project_id": "prj-8rNEinGacXMAwCr4",
            "queue_all_runs": true,
            "remote_state_consumer_ids": [],
            "resource_count": 0,
            "source_name": "",
            "source_url": "",
            "speculative_enabled": true,
            "ssh_key_id": "",
            "structured_run_output_enabled": true,
            "tag_names": [],
            "terraform_version": "1.6.2",
            "trigger_patterns": [],
            "trigger_prefixes": [
              "/modules"
            ],
            "vcs_repo": [
              {
                "branch": "",
                "github_app_installation_id": "ghain-3JcBMQW48TPfPn4f",
                "identifier": "hashi-strawb/tfc-big-monorepo-test",
                "ingress_submodules": false,
                "oauth_token_id": "",
                "tags_regex": ""
              }
            ],
            "working_directory": "workspaces/"
          },
          "sensitive_attributes": [],
          "private": "eyJzY2hlbWFfdmVyc2lvbiI6IjEifQ=="
        },
        {
          "index_key": 150,
          "schema_version": 1,
          "attributes": {
            "agent_pool_id": "",
            "allow_destroy_plan": true,
            "assessments_enabled": false,
            "auto_apply": true,
            "description": "",
            "execution_mode": "remote",
            "file_triggers_enabled": true,
            "force_delete": true,
            "global_remote_state": false,
            "html_url": "https://app.terraform.io/app/hashi_strawb_testing/workspaces/many-workspace-test-0150",
            "id": "ws-hm9Ldw1Gdk8czxbt",
            "name": "many-workspace-test-0150",
            "operations": true,
            "organization": "hashi_strawb_testing",
            "project_id": "prj-8rNEinGacXMAwCr4",
            "queue_all_runs": true,
            "remote_state_consumer_ids": [],
            "resource_count": 0,
            "source_name": "",
            "source_url": "",
            "speculative_enabled": true,
            "ssh_key_id": "",
            "structured_run_output_enabled": true,
            "tag_names": [],
            "terraform_version": "1.6.2",
            "trigger_patterns": [],
            "trigger_prefixes": [
              "/modules"
            ],
            "vcs_repo": [
              {
                "branch": "",
                "github_app_installation_id": "ghain-3JcBMQW48TPfPn4f",
                "identifier": "hashi-strawb/tfc-big-monorepo-test",
                "ingress_submodules": false,
                "oauth_token_id": "",
                "tags_regex": ""
              }
            ],
            "working_directory": "workspaces/"
          },
          "sensitive_attributes": [],
          "private": "eyJzY2hlbWFfdmVyc2lvbiI6IjEifQ=="
        },
        {
          "index_key": 151,
          "schema_version": 1,
          "attributes": {
            "agent_pool_id": "",
            "allow_destroy_plan": true,
            "assessments_enabled": false,
            "auto_apply": true,
            "description": "",
            "execution_mode": "remote",
            "file_triggers_enabled": true,
            "force_delete": true,
            "global_remote_state": false,
            "html_url": "https://app.terraform.io/app/hashi_strawb_testing/workspaces/many-workspace-test-0151",
            "id": "ws-Dm4kW98AksEpe1yd",
            "name": "many-workspace-test-0151",
            "operations": true,
            "organization": "hashi_strawb_testing",
            "project_id": "prj-8rNEinGacXMAwCr4",
            "queue_all_runs": true,
            "remote_state_consumer_ids": [],
            "resource_count": 1,
            "source_name": "",
            "source_url": "",
            "speculative_enabled": true,
            "ssh_key_id": "",
            "structured_run_output_enabled": true,
            "tag_names": [],
            "terraform_version": "1.6.2",
            "trigger_patterns": [],
            "trigger_prefixes": [
              "/modules"
            ],
            "vcs_repo": [
              {
                "branch": "",
                "github_app_installation_id": "ghain-3JcBMQW48TPfPn4f",
                "identifier": "hashi-strawb/tfc-big-monorepo-test",
                "ingress_submodules": false,
                "oauth_token_id": "",
                "tags_regex": ""
              }
            ],
            "working_directory": "workspaces/"
          },
          "sensitive_attributes": [],
          "private": "eyJzY2hlbWFfdmVyc2lvbiI6IjEifQ=="
        },
        {
          "index_key": 152,
          "schema_version": 1,
          "attributes": {
            "agent_pool_id": "",
            "allow_destroy_plan": true,
            "assessments_enabled": false,
            "auto_apply": true,
            "description": "",
            "execution_mode": "remote",
            "file_triggers_enabled": true,
            "force_delete": true,
            "global_remote_state": false,
            "html_url": "https://app.terraform.io/app/hashi_strawb_testing/workspaces/many-workspace-test-0152",
            "id": "ws-8iQJBEsGFryjZd1B",
            "name": "many-workspace-test-0152",
            "operations": true,
            "organization": "hashi_strawb_testing",
            "project_id": "prj-8rNEinGacXMAwCr4",
            "queue_all_runs": true,
            "remote_state_consumer_ids": [],
            "resource_count": 0,
            "source_name": "",
            "source_url": "",
            "speculative_enabled": true,
            "ssh_key_id": "",
            "structured_run_output_enabled": true,
            "tag_names": [],
            "terraform_version": "1.6.2",
            "trigger_patterns": [],
            "trigger_prefixes": [
              "/modules"
            ],
            "vcs_repo": [
              {
                "branch": "",
                "github_app_installation_id": "ghain-3JcBMQW48TPfPn4f",
                "identifier": "hashi-strawb/tfc-big-monorepo-test",
                "ingress_submodules": false,
                "oauth_token_id": "",
                "tags_regex": ""
              }
            ],
            "working_directory": "workspaces/"
          },
          "sensitive_attributes": [],
          "private": "eyJzY2hlbWFfdmVyc2lvbiI6IjEifQ=="
        },
        {
          "index_key": 153,
          "schema_version": 1,
          "attributes": {
            "agent_pool_id": "",
            "allow_destroy_plan": true,
            "assessments_enabled": false,
            "auto_apply": true,
            "description": "",
            "execution_mode": "remote",
            "file_triggers_enabled": true,
            "force_delete": true,
            "global_remote_state": false,
            "html_url": "https://app.terraform.io/app/hashi_strawb_testing/workspaces/many-workspace-test-0153",
            "id": "ws-d95jomxmwjB7KNLH",
            "name": "many-workspace-test-0153",
            "operations": true,
            "organization": "hashi_strawb_testing",
            "project_id": "prj-8rNEinGacXMAwCr4",
            "queue_all_runs": true,
            "remote_state_consumer_ids": [],
            "resource_count": 0,
            "source_name": "",
            "source_url": "",
            "speculative_enabled": true,
            "ssh_key_id": "",
            "structured_run_output_enabled": true,
            "tag_names": [],
            "terraform_version": "1.6.2",
            "trigger_patterns": [],
            "trigger_prefixes": [
              "/modules"
            ],
            "vcs_repo": [
              {
                "branch": "",
                "github_app_installation_id": "ghain-3JcBMQW48TPfPn4f",
                "identifier": "hashi-strawb/tfc-big-monorepo-test",
                "ingress_submodules": false,
                "oauth_token_id": "",
                "tags_regex": ""
              }
            ],
            "working_directory": "workspaces/"
          },
          "sensitive_attributes": [],
          "private": "eyJzY2hlbWFfdmVyc2lvbiI6IjEifQ=="
        },
        {
          "index_key": 154,
          "schema_version": 1,
          "attributes": {
            "agent_pool_id": "",
            "allow_destroy_plan": true,
            "assessments_enabled": false,
            "auto_apply": true,
            "description": "",
            "execution_mode": "remote",
            "file_triggers_enabled": true,
            "force_delete": true,
            "global_remote_state": false,
            "html_url": "https://app.terraform.io/app/hashi_strawb_testing/workspaces/many-workspace-test-0154",
            "id": "ws-FgxmsgDYXmKzoxwc",
            "name": "many-workspace-test-0154",
            "operations": true,
            "organization": "hashi_strawb_testing",
            "project_id": "prj-8rNEinGacXMAwCr4",
            "queue_all_runs": true,
            "remote_state_consumer_ids": [],
            "resource_count": 1,
            "source_name": "",
            "source_url": "",
            "speculative_enabled": true,
            "ssh_key_id": "",
            "structured_run_output_enabled": true,
            "tag_names": [],
            "terraform_version": "1.6.2",
            "trigger_patterns": [],
            "trigger_prefixes": [
              "/modules"
            ],
            "vcs_repo": [
              {
                "branch": "",
                "github_app_installation_id": "ghain-3JcBMQW48TPfPn4f",
                "identifier": "hashi-strawb/tfc-big-monorepo-test",
                "ingress_submodules": false,
                "oauth_token_id": "",
                "tags_regex": ""
              }
            ],
            "working_directory": "workspaces/"
          },
          "sensitive_attributes": [],
          "private": "eyJzY2hlbWFfdmVyc2lvbiI6IjEifQ=="
        },
        {
          "index_key": 155,
          "schema_version": 1,
          "attributes": {
            "agent_pool_id": "",
            "allow_destroy_plan": true,
            "assessments_enabled": false,
            "auto_apply": true,
            "description": "",
            "execution_mode": "remote",
            "file_triggers_enabled": true,
            "force_delete": true,
            "global_remote_state": false,
            "html_url": "https://app.terraform.io/app/hashi_strawb_testing/workspaces/many-workspace-test-0155",
            "id": "ws-QRxSnMqJgYacd2tt",
            "name": "many-workspace-test-0155",
            "operations": true,
            "organization": "hashi_strawb_testing",
            "project_id": "prj-8rNEinGacXMAwCr4",
            "queue_all_runs": true,
            "remote_state_consumer_ids": [],
            "resource_count": 0,
            "source_name": "",
            "source_url": "",
            "speculative_enabled": true,
            "ssh_key_id": "",
            "structured_run_output_enabled": true,
            "tag_names": [],
            "terraform_version": "1.6.2",
            "trigger_patterns": [],
            "trigger_prefixes": [
              "/modules"
            ],
            "vcs_repo": [
              {
                "branch": "",
                "github_app_installation_id": "ghain-3JcBMQW48TPfPn4f",
                "identifier": "hashi-strawb/tfc-big-monorepo-test",
                "ingress_submodules": false,
                "oauth_token_id": "",
                "tags_regex": ""
              }
            ],
            "working_directory": "workspaces/"
          },
          "sensitive_attributes": [],
          "private": "eyJzY2hlbWFfdmVyc2lvbiI6IjEifQ=="
        },
        {
          "index_key": 156,
          "schema_version": 1,
          "attributes": {
            "agent_pool_id": "",
            "allow_destroy_plan": true,
            "assessments_enabled": false,
            "auto_apply": true,
            "description": "",
            "execution_mode": "remote",
            "file_triggers_enabled": true,
            "force_delete": true,
            "global_remote_state": false,
            "html_url": "https://app.terraform.io/app/hashi_strawb_testing/workspaces/many-workspace-test-0156",
            "id": "ws-CNB5CVQnox9GZUb6",
            "name": "many-workspace-test-0156",
            "operations": true,
            "organization": "hashi_strawb_testing",
            "project_id": "prj-8rNEinGacXMAwCr4",
            "queue_all_runs": true,
            "remote_state_consumer_ids": [],
            "resource_count": 0,
            "source_name": "",
            "source_url": "",
            "speculative_enabled": true,
            "ssh_key_id": "",
            "structured_run_output_enabled": true,
            "tag_names": [],
            "terraform_version": "1.6.2",
            "trigger_patterns": [],
            "trigger_prefixes": [
              "/modules"
            ],
            "vcs_repo": [
              {
                "branch": "",
                "github_app_installation_id": "ghain-3JcBMQW48TPfPn4f",
                "identifier": "hashi-strawb/tfc-big-monorepo-test",
                "ingress_submodules": false,
                "oauth_token_id": "",
                "tags_regex": ""
              }
            ],
            "working_directory": "workspaces/"
          },
          "sensitive_attributes": [],
          "private": "eyJzY2hlbWFfdmVyc2lvbiI6IjEifQ=="
        },
        {
          "index_key": 157,
          "schema_version": 1,
          "attributes": {
            "agent_pool_id": "",
            "allow_destroy_plan": true,
            "assessments_enabled": false,
            "auto_apply": true,
            "description": "",
            "execution_mode": "remote",
            "file_triggers_enabled": true,
            "force_delete": true,
            "global_remote_state": false,
            "html_url": "https://app.terraform.io/app/hashi_strawb_testing/workspaces/many-workspace-test-0157",
            "id": "ws-ev7Cxk9CAUH2i4NZ",
            "name": "many-workspace-test-0157",
            "operations": true,
            "organization": "hashi_strawb_testing",
            "project_id": "prj-8rNEinGacXMAwCr4",
            "queue_all_runs": true,
            "remote_state_consumer_ids": [],
            "resource_count": 1,
            "source_name": "",
            "source_url": "",
            "speculative_enabled": true,
            "ssh_key_id": "",
            "structured_run_output_enabled": true,
            "tag_names": [],
            "terraform_version": "1.6.2",
            "trigger_patterns": [],
            "trigger_prefixes": [
              "/modules"
            ],
            "vcs_repo": [
              {
                "branch": "",
                "github_app_installation_id": "ghain-3JcBMQW48TPfPn4f",
                "identifier": "hashi-strawb/tfc-big-monorepo-test",
                "ingress_submodules": false,
                "oauth_token_id": "",
                "tags_regex": ""
              }
            ],
            "working_directory": "workspaces/"
          },
          "sensitive_attributes": [],
          "private": "eyJzY2hlbWFfdmVyc2lvbiI6IjEifQ=="
        },
        {
          "index_key": 158,
          "schema_version": 1,
          "attributes": {
            "agent_pool_id": "",
            "allow_destroy_plan": true,
            "assessments_enabled": false,
            "auto_apply": true,
            "description": "",
            "execution_mode": "remote",
            "file_triggers_enabled": true,
            "force_delete": true,
            "global_remote_state": false,
            "html_url": "https://app.terraform.io/app/hashi_strawb_testing/workspaces/many-workspace-test-0158",
            "id": "ws-gGT1sEKqceDS6CQU",
            "name": "many-workspace-test-0158",
            "operations": true,
            "organization": "hashi_strawb_testing",
            "project_id": "prj-8rNEinGacXMAwCr4",
            "queue_all_runs": true,
            "remote_state_consumer_ids": [],
            "resource_count": 1,
            "source_name": "",
            "source_url": "",
            "speculative_enabled": true,
            "ssh_key_id": "",
            "structured_run_output_enabled": true,
            "tag_names": [],
            "terraform_version": "1.6.2",
            "trigger_patterns": [],
            "trigger_prefixes": [
              "/modules"
            ],
            "vcs_repo": [
              {
                "branch": "",
                "github_app_installation_id": "ghain-3JcBMQW48TPfPn4f",
                "identifier": "hashi-strawb/tfc-big-monorepo-test",
                "ingress_submodules": false,
                "oauth_token_id": "",
                "tags_regex": ""
              }
            ],
            "working_directory": "workspaces/"
          },
          "sensitive_attributes": [],
          "private": "eyJzY2hlbWFfdmVyc2lvbiI6IjEifQ=="
        },
        {
          "index_key": 159,
          "schema_version": 1,
          "attributes": {
            "agent_pool_id": "",
            "allow_destroy_plan": true,
            "assessments_enabled": false,
            "auto_apply": true,
            "description": "",
            "execution_mode": "remote",
            "file_triggers_enabled": true,
            "force_delete": true,
            "global_remote_state": false,
            "html_url": "https://app.terraform.io/app/hashi_strawb_testing/workspaces/many-workspace-test-0159",
            "id": "ws-NMdMUZAL5CTLprGN",
            "name": "many-workspace-test-0159",
            "operations": true,
            "organization": "hashi_strawb_testing",
            "project_id": "prj-8rNEinGacXMAwCr4",
            "queue_all_runs": true,
            "remote_state_consumer_ids": [],
            "resource_count": 0,
            "source_name": "",
            "source_url": "",
            "speculative_enabled": true,
            "ssh_key_id": "",
            "structured_run_output_enabled": true,
            "tag_names": [],
            "terraform_version": "1.6.2",
            "trigger_patterns": [],
            "trigger_prefixes": [
              "/modules"
            ],
            "vcs_repo": [
              {
                "branch": "",
                "github_app_installation_id": "ghain-3JcBMQW48TPfPn4f",
                "identifier": "hashi-strawb/tfc-big-monorepo-test",
                "ingress_submodules": false,
                "oauth_token_id": "",
                "tags_regex": ""
              }
            ],
            "working_directory": "workspaces/"
          },
          "sensitive_attributes": [],
          "private": "eyJzY2hlbWFfdmVyc2lvbiI6IjEifQ=="
        },
        {
          "index_key": 160,
          "schema_version": 1,
          "attributes": {
            "agent_pool_id": "",
            "allow_destroy_plan": true,
            "assessments_enabled": false,
            "auto_apply": true,
            "description": "",
            "execution_mode": "remote",
            "file_triggers_enabled": true,
            "force_delete": true,
            "global_remote_state": false,
            "html_url": "https://app.terraform.io/app/hashi_strawb_testing/workspaces/many-workspace-test-0160",
            "id": "ws-ihqGtgyAfjwpyhF7",
            "name": "many-workspace-test-0160",
            "operations": true,
            "organization": "hashi_strawb_testing",
            "project_id": "prj-8rNEinGacXMAwCr4",
            "queue_all_runs": true,
            "remote_state_consumer_ids": [],
            "resource_count": 0,
            "source_name": "",
            "source_url": "",
            "speculative_enabled": true,
            "ssh_key_id": "",
            "structured_run_output_enabled": true,
            "tag_names": [],
            "terraform_version": "1.6.2",
            "trigger_patterns": [],
            "trigger_prefixes": [
              "/modules"
            ],
            "vcs_repo": [
              {
                "branch": "",
                "github_app_installation_id": "ghain-3JcBMQW48TPfPn4f",
                "identifier": "hashi-strawb/tfc-big-monorepo-test",
                "ingress_submodules": false,
                "oauth_token_id": "",
                "tags_regex": ""
              }
            ],
            "working_directory": "workspaces/"
          },
          "sensitive_attributes": [],
          "private": "eyJzY2hlbWFfdmVyc2lvbiI6IjEifQ=="
        },
        {
          "index_key": 161,
          "schema_version": 1,
          "attributes": {
            "agent_pool_id": "",
            "allow_destroy_plan": true,
            "assessments_enabled": false,
            "auto_apply": true,
            "description": "",
            "execution_mode": "remote",
            "file_triggers_enabled": true,
            "force_delete": true,
            "global_remote_state": false,
            "html_url": "https://app.terraform.io/app/hashi_strawb_testing/workspaces/many-workspace-test-0161",
            "id": "ws-dQcSU82WN1hQnVT7",
            "name": "many-workspace-test-0161",
            "operations": true,
            "organization": "hashi_strawb_testing",
            "project_id": "prj-8rNEinGacXMAwCr4",
            "queue_all_runs": true,
            "remote_state_consumer_ids": [],
            "resource_count": 0,
            "source_name": "",
            "source_url": "",
            "speculative_enabled": true,
            "ssh_key_id": "",
            "structured_run_output_enabled": true,
            "tag_names": [],
            "terraform_version": "1.6.2",
            "trigger_patterns": [],
            "trigger_prefixes": [
              "/modules"
            ],
            "vcs_repo": [
              {
                "branch": "",
                "github_app_installation_id": "ghain-3JcBMQW48TPfPn4f",
                "identifier": "hashi-strawb/tfc-big-monorepo-test",
                "ingress_submodules": false,
                "oauth_token_id": "",
                "tags_regex": ""
              }
            ],
            "working_directory": "workspaces/"
          },
          "sensitive_attributes": [],
          "private": "eyJzY2hlbWFfdmVyc2lvbiI6IjEifQ=="
        },
        {
          "index_key": 162,
          "schema_version": 1,
          "attributes": {
            "agent_pool_id": "",
            "allow_destroy_plan": true,
            "assessments_enabled": false,
            "auto_apply": true,
            "description": "",
            "execution_mode": "remote",
            "file_triggers_enabled": true,
            "force_delete": true,
            "global_remote_state": false,
            "html_url": "https://app.terraform.io/app/hashi_strawb_testing/workspaces/many-workspace-test-0162",
            "id": "ws-dFocB947FmupvxGU",
            "name": "many-workspace-test-0162",
            "operations": true,
            "organization": "hashi_strawb_testing",
            "project_id": "prj-8rNEinGacXMAwCr4",
            "queue_all_runs": true,
            "remote_state_consumer_ids": [],
            "resource_count": 1,
            "source_name": "",
            "source_url": "",
            "speculative_enabled": true,
            "ssh_key_id": "",
            "structured_run_output_enabled": true,
            "tag_names": [],
            "terraform_version": "1.6.2",
            "trigger_patterns": [],
            "trigger_prefixes": [
              "/modules"
            ],
            "vcs_repo": [
              {
                "branch": "",
                "github_app_installation_id": "ghain-3JcBMQW48TPfPn4f",
                "identifier": "hashi-strawb/tfc-big-monorepo-test",
                "ingress_submodules": false,
                "oauth_token_id": "",
                "tags_regex": ""
              }
            ],
            "working_directory": "workspaces/"
          },
          "sensitive_attributes": [],
          "private": "eyJzY2hlbWFfdmVyc2lvbiI6IjEifQ=="
        },
        {
          "index_key": 163,
          "schema_version": 1,
          "attributes": {
            "agent_pool_id": "",
            "allow_destroy_plan": true,
            "assessments_enabled": false,
            "auto_apply": true,
            "description": "",
            "execution_mode": "remote",
            "file_triggers_enabled": true,
            "force_delete": true,
            "global_remote_state": false,
            "html_url": "https://app.terraform.io/app/hashi_strawb_testing/workspaces/many-workspace-test-0163",
            "id": "ws-ifKrYzN4iYYR1sX7",
            "name": "many-workspace-test-0163",
            "operations": true,
            "organization": "hashi_strawb_testing",
            "project_id": "prj-8rNEinGacXMAwCr4",
            "queue_all_runs": true,
            "remote_state_consumer_ids": [],
            "resource_count": 1,
            "source_name": "",
            "source_url": "",
            "speculative_enabled": true,
            "ssh_key_id": "",
            "structured_run_output_enabled": true,
            "tag_names": [],
            "terraform_version": "1.6.2",
            "trigger_patterns": [],
            "trigger_prefixes": [
              "/modules"
            ],
            "vcs_repo": [
              {
                "branch": "",
                "github_app_installation_id": "ghain-3JcBMQW48TPfPn4f",
                "identifier": "hashi-strawb/tfc-big-monorepo-test",
                "ingress_submodules": false,
                "oauth_token_id": "",
                "tags_regex": ""
              }
            ],
            "working_directory": "workspaces/"
          },
          "sensitive_attributes": [],
          "private": "eyJzY2hlbWFfdmVyc2lvbiI6IjEifQ=="
        },
        {
          "index_key": 164,
          "schema_version": 1,
          "attributes": {
            "agent_pool_id": "",
            "allow_destroy_plan": true,
            "assessments_enabled": false,
            "auto_apply": true,
            "description": "",
            "execution_mode": "remote",
            "file_triggers_enabled": true,
            "force_delete": true,
            "global_remote_state": false,
            "html_url": "https://app.terraform.io/app/hashi_strawb_testing/workspaces/many-workspace-test-0164",
            "id": "ws-MMFmdHrHYAaE8oY4",
            "name": "many-workspace-test-0164",
            "operations": true,
            "organization": "hashi_strawb_testing",
            "project_id": "prj-8rNEinGacXMAwCr4",
            "queue_all_runs": true,
            "remote_state_consumer_ids": [],
            "resource_count": 0,
            "source_name": "",
            "source_url": "",
            "speculative_enabled": true,
            "ssh_key_id": "",
            "structured_run_output_enabled": true,
            "tag_names": [],
            "terraform_version": "1.6.2",
            "trigger_patterns": [],
            "trigger_prefixes": [
              "/modules"
            ],
            "vcs_repo": [
              {
                "branch": "",
                "github_app_installation_id": "ghain-3JcBMQW48TPfPn4f",
                "identifier": "hashi-strawb/tfc-big-monorepo-test",
                "ingress_submodules": false,
                "oauth_token_id": "",
                "tags_regex": ""
              }
            ],
            "working_directory": "workspaces/"
          },
          "sensitive_attributes": [],
          "private": "eyJzY2hlbWFfdmVyc2lvbiI6IjEifQ=="
        },
        {
          "index_key": 165,
          "schema_version": 1,
          "attributes": {
            "agent_pool_id": "",
            "allow_destroy_plan": true,
            "assessments_enabled": false,
            "auto_apply": true,
            "description": "",
            "execution_mode": "remote",
            "file_triggers_enabled": true,
            "force_delete": true,
            "global_remote_state": false,
            "html_url": "https://app.terraform.io/app/hashi_strawb_testing/workspaces/many-workspace-test-0165",
            "id": "ws-4V1yvsqmBjKyH9M7",
            "name": "many-workspace-test-0165",
            "operations": true,
            "organization": "hashi_strawb_testing",
            "project_id": "prj-8rNEinGacXMAwCr4",
            "queue_all_runs": true,
            "remote_state_consumer_ids": [],
            "resource_count": 1,
            "source_name": "",
            "source_url": "",
            "speculative_enabled": true,
            "ssh_key_id": "",
            "structured_run_output_enabled": true,
            "tag_names": [],
            "terraform_version": "1.6.2",
            "trigger_patterns": [],
            "trigger_prefixes": [
              "/modules"
            ],
            "vcs_repo": [
              {
                "branch": "",
                "github_app_installation_id": "ghain-3JcBMQW48TPfPn4f",
                "identifier": "hashi-strawb/tfc-big-monorepo-test",
                "ingress_submodules": false,
                "oauth_token_id": "",
                "tags_regex": ""
              }
            ],
            "working_directory": "workspaces/"
          },
          "sensitive_attributes": [],
          "private": "eyJzY2hlbWFfdmVyc2lvbiI6IjEifQ=="
        },
        {
          "index_key": 166,
          "schema_version": 1,
          "attributes": {
            "agent_pool_id": "",
            "allow_destroy_plan": true,
            "assessments_enabled": false,
            "auto_apply": true,
            "description": "",
            "execution_mode": "remote",
            "file_triggers_enabled": true,
            "force_delete": true,
            "global_remote_state": false,
            "html_url": "https://app.terraform.io/app/hashi_strawb_testing/workspaces/many-workspace-test-0166",
            "id": "ws-yGFfDwd91xEVJC4z",
            "name": "many-workspace-test-0166",
            "operations": true,
            "organization": "hashi_strawb_testing",
            "project_id": "prj-8rNEinGacXMAwCr4",
            "queue_all_runs": true,
            "remote_state_consumer_ids": [],
            "resource_count": 0,
            "source_name": "",
            "source_url": "",
            "speculative_enabled": true,
            "ssh_key_id": "",
            "structured_run_output_enabled": true,
            "tag_names": [],
            "terraform_version": "1.6.2",
            "trigger_patterns": [],
            "trigger_prefixes": [
              "/modules"
            ],
            "vcs_repo": [
              {
                "branch": "",
                "github_app_installation_id": "ghain-3JcBMQW48TPfPn4f",
                "identifier": "hashi-strawb/tfc-big-monorepo-test",
                "ingress_submodules": false,
                "oauth_token_id": "",
                "tags_regex": ""
              }
            ],
            "working_directory": "workspaces/"
          },
          "sensitive_attributes": [],
          "private": "eyJzY2hlbWFfdmVyc2lvbiI6IjEifQ=="
        },
        {
          "index_key": 167,
          "schema_version": 1,
          "attributes": {
            "agent_pool_id": "",
            "allow_destroy_plan": true,
            "assessments_enabled": false,
            "auto_apply": true,
            "description": "",
            "execution_mode": "remote",
            "file_triggers_enabled": true,
            "force_delete": true,
            "global_remote_state": false,
            "html_url": "https://app.terraform.io/app/hashi_strawb_testing/workspaces/many-workspace-test-0167",
            "id": "ws-uPyGbyFPLBMv4yUA",
            "name": "many-workspace-test-0167",
            "operations": true,
            "organization": "hashi_strawb_testing",
            "project_id": "prj-8rNEinGacXMAwCr4",
            "queue_all_runs": true,
            "remote_state_consumer_ids": [],
            "resource_count": 1,
            "source_name": "",
            "source_url": "",
            "speculative_enabled": true,
            "ssh_key_id": "",
            "structured_run_output_enabled": true,
            "tag_names": [],
            "terraform_version": "1.6.2",
            "trigger_patterns": [],
            "trigger_prefixes": [
              "/modules"
            ],
            "vcs_repo": [
              {
                "branch": "",
                "github_app_installation_id": "ghain-3JcBMQW48TPfPn4f",
                "identifier": "hashi-strawb/tfc-big-monorepo-test",
                "ingress_submodules": false,
                "oauth_token_id": "",
                "tags_regex": ""
              }
            ],
            "working_directory": "workspaces/"
          },
          "sensitive_attributes": [],
          "private": "eyJzY2hlbWFfdmVyc2lvbiI6IjEifQ=="
        },
        {
          "index_key": 168,
          "schema_version": 1,
          "attributes": {
            "agent_pool_id": "",
            "allow_destroy_plan": true,
            "assessments_enabled": false,
            "auto_apply": true,
            "description": "",
            "execution_mode": "remote",
            "file_triggers_enabled": true,
            "force_delete": true,
            "global_remote_state": false,
            "html_url": "https://app.terraform.io/app/hashi_strawb_testing/workspaces/many-workspace-test-0168",
            "id": "ws-7bpL6fDfmPaBb2Z1",
            "name": "many-workspace-test-0168",
            "operations": true,
            "organization": "hashi_strawb_testing",
            "project_id": "prj-8rNEinGacXMAwCr4",
            "queue_all_runs": true,
            "remote_state_consumer_ids": [],
            "resource_count": 0,
            "source_name": "",
            "source_url": "",
            "speculative_enabled": true,
            "ssh_key_id": "",
            "structured_run_output_enabled": true,
            "tag_names": [],
            "terraform_version": "1.6.2",
            "trigger_patterns": [],
            "trigger_prefixes": [
              "/modules"
            ],
            "vcs_repo": [
              {
                "branch": "",
                "github_app_installation_id": "ghain-3JcBMQW48TPfPn4f",
                "identifier": "hashi-strawb/tfc-big-monorepo-test",
                "ingress_submodules": false,
                "oauth_token_id": "",
                "tags_regex": ""
              }
            ],
            "working_directory": "workspaces/"
          },
          "sensitive_attributes": [],
          "private": "eyJzY2hlbWFfdmVyc2lvbiI6IjEifQ=="
        },
        {
          "index_key": 169,
          "schema_version": 1,
          "attributes": {
            "agent_pool_id": "",
            "allow_destroy_plan": true,
            "assessments_enabled": false,
            "auto_apply": true,
            "description": "",
            "execution_mode": "remote",
            "file_triggers_enabled": true,
            "force_delete": true,
            "global_remote_state": false,
            "html_url": "https://app.terraform.io/app/hashi_strawb_testing/workspaces/many-workspace-test-0169",
            "id": "ws-yXZJohd7pU7oRsQk",
            "name": "many-workspace-test-0169",
            "operations": true,
            "organization": "hashi_strawb_testing",
            "project_id": "prj-8rNEinGacXMAwCr4",
            "queue_all_runs": true,
            "remote_state_consumer_ids": [],
            "resource_count": 0,
            "source_name": "",
            "source_url": "",
            "speculative_enabled": true,
            "ssh_key_id": "",
            "structured_run_output_enabled": true,
            "tag_names": [],
            "terraform_version": "1.6.2",
            "trigger_patterns": [],
            "trigger_prefixes": [
              "/modules"
            ],
            "vcs_repo": [
              {
                "branch": "",
                "github_app_installation_id": "ghain-3JcBMQW48TPfPn4f",
                "identifier": "hashi-strawb/tfc-big-monorepo-test",
                "ingress_submodules": false,
                "oauth_token_id": "",
                "tags_regex": ""
              }
            ],
            "working_directory": "workspaces/"
          },
          "sensitive_attributes": [],
          "private": "eyJzY2hlbWFfdmVyc2lvbiI6IjEifQ=="
        },
        {
          "index_key": 170,
          "schema_version": 1,
          "attributes": {
            "agent_pool_id": "",
            "allow_destroy_plan": true,
            "assessments_enabled": false,
            "auto_apply": true,
            "description": "",
            "execution_mode": "remote",
            "file_triggers_enabled": true,
            "force_delete": true,
            "global_remote_state": false,
            "html_url": "https://app.terraform.io/app/hashi_strawb_testing/workspaces/many-workspace-test-0170",
            "id": "ws-sQ5xgzMCFUND1Sxa",
            "name": "many-workspace-test-0170",
            "operations": true,
            "organization": "hashi_strawb_testing",
            "project_id": "prj-8rNEinGacXMAwCr4",
            "queue_all_runs": true,
            "remote_state_consumer_ids": [],
            "resource_count": 0,
            "source_name": "",
            "source_url": "",
            "speculative_enabled": true,
            "ssh_key_id": "",
            "structured_run_output_enabled": true,
            "tag_names": [],
            "terraform_version": "1.6.2",
            "trigger_patterns": [],
            "trigger_prefixes": [
              "/modules"
            ],
            "vcs_repo": [
              {
                "branch": "",
                "github_app_installation_id": "ghain-3JcBMQW48TPfPn4f",
                "identifier": "hashi-strawb/tfc-big-monorepo-test",
                "ingress_submodules": false,
                "oauth_token_id": "",
                "tags_regex": ""
              }
            ],
            "working_directory": "workspaces/"
          },
          "sensitive_attributes": [],
          "private": "eyJzY2hlbWFfdmVyc2lvbiI6IjEifQ=="
        },
        {
          "index_key": 171,
          "schema_version": 1,
          "attributes": {
            "agent_pool_id": "",
            "allow_destroy_plan": true,
            "assessments_enabled": false,
            "auto_apply": true,
            "description": "",
            "execution_mode": "remote",
            "file_triggers_enabled": true,
            "force_delete": true,
            "global_remote_state": false,
            "html_url": "https://app.terraform.io/app/hashi_strawb_testing/workspaces/many-workspace-test-0171",
            "id": "ws-NESrmxS23H5Vfpep",
            "name": "many-workspace-test-0171",
            "operations": true,
            "organization": "hashi_strawb_testing",
            "project_id": "prj-8rNEinGacXMAwCr4",
            "queue_all_runs": true,
            "remote_state_consumer_ids": [],
            "resource_count": 0,
            "source_name": "",
            "source_url": "",
            "speculative_enabled": true,
            "ssh_key_id": "",
            "structured_run_output_enabled": true,
            "tag_names": [],
            "terraform_version": "1.6.2",
            "trigger_patterns": [],
            "trigger_prefixes": [
              "/modules"
            ],
            "vcs_repo": [
              {
                "branch": "",
                "github_app_installation_id": "ghain-3JcBMQW48TPfPn4f",
                "identifier": "hashi-strawb/tfc-big-monorepo-test",
                "ingress_submodules": false,
                "oauth_token_id": "",
                "tags_regex": ""
              }
            ],
            "working_directory": "workspaces/"
          },
          "sensitive_attributes": [],
          "private": "eyJzY2hlbWFfdmVyc2lvbiI6IjEifQ=="
        },
        {
          "index_key": 172,
          "schema_version": 1,
          "attributes": {
            "agent_pool_id": "",
            "allow_destroy_plan": true,
            "assessments_enabled": false,
            "auto_apply": true,
            "description": "",
            "execution_mode": "remote",
            "file_triggers_enabled": true,
            "force_delete": true,
            "global_remote_state": false,
            "html_url": "https://app.terraform.io/app/hashi_strawb_testing/workspaces/many-workspace-test-0172",
            "id": "ws-ercVkcSNDRU4E45m",
            "name": "many-workspace-test-0172",
            "operations": true,
            "organization": "hashi_strawb_testing",
            "project_id": "prj-8rNEinGacXMAwCr4",
            "queue_all_runs": true,
            "remote_state_consumer_ids": [],
            "resource_count": 0,
            "source_name": "",
            "source_url": "",
            "speculative_enabled": true,
            "ssh_key_id": "",
            "structured_run_output_enabled": true,
            "tag_names": [],
            "terraform_version": "1.6.2",
            "trigger_patterns": [],
            "trigger_prefixes": [
              "/modules"
            ],
            "vcs_repo": [
              {
                "branch": "",
                "github_app_installation_id": "ghain-3JcBMQW48TPfPn4f",
                "identifier": "hashi-strawb/tfc-big-monorepo-test",
                "ingress_submodules": false,
                "oauth_token_id": "",
                "tags_regex": ""
              }
            ],
            "working_directory": "workspaces/"
          },
          "sensitive_attributes": [],
          "private": "eyJzY2hlbWFfdmVyc2lvbiI6IjEifQ=="
        },
        {
          "index_key": 173,
          "schema_version": 1,
          "attributes": {
            "agent_pool_id": "",
            "allow_destroy_plan": true,
            "assessments_enabled": false,
            "auto_apply": true,
            "description": "",
            "execution_mode": "remote",
            "file_triggers_enabled": true,
            "force_delete": true,
            "global_remote_state": false,
            "html_url": "https://app.terraform.io/app/hashi_strawb_testing/workspaces/many-workspace-test-0173",
            "id": "ws-i2jVfEmxkEjG2wfv",
            "name": "many-workspace-test-0173",
            "operations": true,
            "organization": "hashi_strawb_testing",
            "project_id": "prj-8rNEinGacXMAwCr4",
            "queue_all_runs": true,
            "remote_state_consumer_ids": [],
            "resource_count": 0,
            "source_name": "",
            "source_url": "",
            "speculative_enabled": true,
            "ssh_key_id": "",
            "structured_run_output_enabled": true,
            "tag_names": [],
            "terraform_version": "1.6.2",
            "trigger_patterns": [],
            "trigger_prefixes": [
              "/modules"
            ],
            "vcs_repo": [
              {
                "branch": "",
                "github_app_installation_id": "ghain-3JcBMQW48TPfPn4f",
                "identifier": "hashi-strawb/tfc-big-monorepo-test",
                "ingress_submodules": false,
                "oauth_token_id": "",
                "tags_regex": ""
              }
            ],
            "working_directory": "workspaces/"
          },
          "sensitive_attributes": [],
          "private": "eyJzY2hlbWFfdmVyc2lvbiI6IjEifQ=="
        },
        {
          "index_key": 174,
          "schema_version": 1,
          "attributes": {
            "agent_pool_id": "",
            "allow_destroy_plan": true,
            "assessments_enabled": false,
            "auto_apply": true,
            "description": "",
            "execution_mode": "remote",
            "file_triggers_enabled": true,
            "force_delete": true,
            "global_remote_state": false,
            "html_url": "https://app.terraform.io/app/hashi_strawb_testing/workspaces/many-workspace-test-0174",
            "id": "ws-g5g2FjUeQJy8UZcT",
            "name": "many-workspace-test-0174",
            "operations": true,
            "organization": "hashi_strawb_testing",
            "project_id": "prj-8rNEinGacXMAwCr4",
            "queue_all_runs": true,
            "remote_state_consumer_ids": [],
            "resource_count": 0,
            "source_name": "",
            "source_url": "",
            "speculative_enabled": true,
            "ssh_key_id": "",
            "structured_run_output_enabled": true,
            "tag_names": [],
            "terraform_version": "1.6.2",
            "trigger_patterns": [],
            "trigger_prefixes": [
              "/modules"
            ],
            "vcs_repo": [
              {
                "branch": "",
                "github_app_installation_id": "ghain-3JcBMQW48TPfPn4f",
                "identifier": "hashi-strawb/tfc-big-monorepo-test",
                "ingress_submodules": false,
                "oauth_token_id": "",
                "tags_regex": ""
              }
            ],
            "working_directory": "workspaces/"
          },
          "sensitive_attributes": [],
          "private": "eyJzY2hlbWFfdmVyc2lvbiI6IjEifQ=="
        },
        {
          "index_key": 175,
          "schema_version": 1,
          "attributes": {
            "agent_pool_id": "",
            "allow_destroy_plan": true,
            "assessments_enabled": false,
            "auto_apply": true,
            "description": "",
            "execution_mode": "remote",
            "file_triggers_enabled": true,
            "force_delete": true,
            "global_remote_state": false,
            "html_url": "https://app.terraform.io/app/hashi_strawb_testing/workspaces/many-workspace-test-0175",
            "id": "ws-aNUh76WMqDmdMgTg",
            "name": "many-workspace-test-0175",
            "operations": true,
            "organization": "hashi_strawb_testing",
            "project_id": "prj-8rNEinGacXMAwCr4",
            "queue_all_runs": true,
            "remote_state_consumer_ids": [],
            "resource_count": 0,
            "source_name": "",
            "source_url": "",
            "speculative_enabled": true,
            "ssh_key_id": "",
            "structured_run_output_enabled": true,
            "tag_names": [],
            "terraform_version": "1.6.2",
            "trigger_patterns": [],
            "trigger_prefixes": [
              "/modules"
            ],
            "vcs_repo": [
              {
                "branch": "",
                "github_app_installation_id": "ghain-3JcBMQW48TPfPn4f",
                "identifier": "hashi-strawb/tfc-big-monorepo-test",
                "ingress_submodules": false,
                "oauth_token_id": "",
                "tags_regex": ""
              }
            ],
            "working_directory": "workspaces/"
          },
          "sensitive_attributes": [],
          "private": "eyJzY2hlbWFfdmVyc2lvbiI6IjEifQ=="
        },
        {
          "index_key": 176,
          "schema_version": 1,
          "attributes": {
            "agent_pool_id": "",
            "allow_destroy_plan": true,
            "assessments_enabled": false,
            "auto_apply": true,
            "description": "",
            "execution_mode": "remote",
            "file_triggers_enabled": true,
            "force_delete": true,
            "global_remote_state": false,
            "html_url": "https://app.terraform.io/app/hashi_strawb_testing/workspaces/many-workspace-test-0176",
            "id": "ws-rhbzR68KXU8o7c57",
            "name": "many-workspace-test-0176",
            "operations": true,
            "organization": "hashi_strawb_testing",
            "project_id": "prj-8rNEinGacXMAwCr4",
            "queue_all_runs": true,
            "remote_state_consumer_ids": [],
            "resource_count": 0,
            "source_name": "",
            "source_url": "",
            "speculative_enabled": true,
            "ssh_key_id": "",
            "structured_run_output_enabled": true,
            "tag_names": [],
            "terraform_version": "1.6.2",
            "trigger_patterns": [],
            "trigger_prefixes": [
              "/modules"
            ],
            "vcs_repo": [
              {
                "branch": "",
                "github_app_installation_id": "ghain-3JcBMQW48TPfPn4f",
                "identifier": "hashi-strawb/tfc-big-monorepo-test",
                "ingress_submodules": false,
                "oauth_token_id": "",
                "tags_regex": ""
              }
            ],
            "working_directory": "workspaces/"
          },
          "sensitive_attributes": [],
          "private": "eyJzY2hlbWFfdmVyc2lvbiI6IjEifQ=="
        },
        {
          "index_key": 177,
          "schema_version": 1,
          "attributes": {
            "agent_pool_id": "",
            "allow_destroy_plan": true,
            "assessments_enabled": false,
            "auto_apply": true,
            "description": "",
            "execution_mode": "remote",
            "file_triggers_enabled": true,
            "force_delete": true,
            "global_remote_state": false,
            "html_url": "https://app.terraform.io/app/hashi_strawb_testing/workspaces/many-workspace-test-0177",
            "id": "ws-YhcXA7JNEi7XAs33",
            "name": "many-workspace-test-0177",
            "operations": true,
            "organization": "hashi_strawb_testing",
            "project_id": "prj-8rNEinGacXMAwCr4",
            "queue_all_runs": true,
            "remote_state_consumer_ids": [],
            "resource_count": 0,
            "source_name": "",
            "source_url": "",
            "speculative_enabled": true,
            "ssh_key_id": "",
            "structured_run_output_enabled": true,
            "tag_names": [],
            "terraform_version": "1.6.2",
            "trigger_patterns": [],
            "trigger_prefixes": [
              "/modules"
            ],
            "vcs_repo": [
              {
                "branch": "",
                "github_app_installation_id": "ghain-3JcBMQW48TPfPn4f",
                "identifier": "hashi-strawb/tfc-big-monorepo-test",
                "ingress_submodules": false,
                "oauth_token_id": "",
                "tags_regex": ""
              }
            ],
            "working_directory": "workspaces/"
          },
          "sensitive_attributes": [],
          "private": "eyJzY2hlbWFfdmVyc2lvbiI6IjEifQ=="
        },
        {
          "index_key": 178,
          "schema_version": 1,
          "attributes": {
            "agent_pool_id": "",
            "allow_destroy_plan": true,
            "assessments_enabled": false,
            "auto_apply": true,
            "description": "",
            "execution_mode": "remote",
            "file_triggers_enabled": true,
            "force_delete": true,
            "global_remote_state": false,
            "html_url": "https://app.terraform.io/app/hashi_strawb_testing/workspaces/many-workspace-test-0178",
            "id": "ws-KdhEnWvFMhuYdCnz",
            "name": "many-workspace-test-0178",
            "operations": true,
            "organization": "hashi_strawb_testing",
            "project_id": "prj-8rNEinGacXMAwCr4",
            "queue_all_runs": true,
            "remote_state_consumer_ids": [],
            "resource_count": 0,
            "source_name": "",
            "source_url": "",
            "speculative_enabled": true,
            "ssh_key_id": "",
            "structured_run_output_enabled": true,
            "tag_names": [],
            "terraform_version": "1.6.2",
            "trigger_patterns": [],
            "trigger_prefixes": [
              "/modules"
            ],
            "vcs_repo": [
              {
                "branch": "",
                "github_app_installation_id": "ghain-3JcBMQW48TPfPn4f",
                "identifier": "hashi-strawb/tfc-big-monorepo-test",
                "ingress_submodules": false,
                "oauth_token_id": "",
                "tags_regex": ""
              }
            ],
            "working_directory": "workspaces/"
          },
          "sensitive_attributes": [],
          "private": "eyJzY2hlbWFfdmVyc2lvbiI6IjEifQ=="
        },
        {
          "index_key": 179,
          "schema_version": 1,
          "attributes": {
            "agent_pool_id": "",
            "allow_destroy_plan": true,
            "assessments_enabled": false,
            "auto_apply": true,
            "description": "",
            "execution_mode": "remote",
            "file_triggers_enabled": true,
            "force_delete": true,
            "global_remote_state": false,
            "html_url": "https://app.terraform.io/app/hashi_strawb_testing/workspaces/many-workspace-test-0179",
            "id": "ws-x7rQQpEaCAE2M6wz",
            "name": "many-workspace-test-0179",
            "operations": true,
            "organization": "hashi_strawb_testing",
            "project_id": "prj-8rNEinGacXMAwCr4",
            "queue_all_runs": true,
            "remote_state_consumer_ids": [],
            "resource_count": 0,
            "source_name": "",
            "source_url": "",
            "speculative_enabled": true,
            "ssh_key_id": "",
            "structured_run_output_enabled": true,
            "tag_names": [],
            "terraform_version": "1.6.2",
            "trigger_patterns": [],
            "trigger_prefixes": [
              "/modules"
            ],
            "vcs_repo": [
              {
                "branch": "",
                "github_app_installation_id": "ghain-3JcBMQW48TPfPn4f",
                "identifier": "hashi-strawb/tfc-big-monorepo-test",
                "ingress_submodules": false,
                "oauth_token_id": "",
                "tags_regex": ""
              }
            ],
            "working_directory": "workspaces/"
          },
          "sensitive_attributes": [],
          "private": "eyJzY2hlbWFfdmVyc2lvbiI6IjEifQ=="
        },
        {
          "index_key": 180,
          "schema_version": 1,
          "attributes": {
            "agent_pool_id": "",
            "allow_destroy_plan": true,
            "assessments_enabled": false,
            "auto_apply": true,
            "description": "",
            "execution_mode": "remote",
            "file_triggers_enabled": true,
            "force_delete": true,
            "global_remote_state": false,
            "html_url": "https://app.terraform.io/app/hashi_strawb_testing/workspaces/many-workspace-test-0180",
            "id": "ws-sqvLhdWtwXD5tQEV",
            "name": "many-workspace-test-0180",
            "operations": true,
            "organization": "hashi_strawb_testing",
            "project_id": "prj-8rNEinGacXMAwCr4",
            "queue_all_runs": true,
            "remote_state_consumer_ids": [],
            "resource_count": 0,
            "source_name": "",
            "source_url": "",
            "speculative_enabled": true,
            "ssh_key_id": "",
            "structured_run_output_enabled": true,
            "tag_names": [],
            "terraform_version": "1.6.2",
            "trigger_patterns": [],
            "trigger_prefixes": [
              "/modules"
            ],
            "vcs_repo": [
              {
                "branch": "",
                "github_app_installation_id": "ghain-3JcBMQW48TPfPn4f",
                "identifier": "hashi-strawb/tfc-big-monorepo-test",
                "ingress_submodules": false,
                "oauth_token_id": "",
                "tags_regex": ""
              }
            ],
            "working_directory": "workspaces/"
          },
          "sensitive_attributes": [],
          "private": "eyJzY2hlbWFfdmVyc2lvbiI6IjEifQ=="
        },
        {
          "index_key": 181,
          "schema_version": 1,
          "attributes": {
            "agent_pool_id": "",
            "allow_destroy_plan": true,
            "assessments_enabled": false,
            "auto_apply": true,
            "description": "",
            "execution_mode": "remote",
            "file_triggers_enabled": true,
            "force_delete": true,
            "global_remote_state": false,
            "html_url": "https://app.terraform.io/app/hashi_strawb_testing/workspaces/many-workspace-test-0181",
            "id": "ws-1WpGcJrh71q3kFat",
            "name": "many-workspace-test-0181",
            "operations": true,
            "organization": "hashi_strawb_testing",
            "project_id": "prj-8rNEinGacXMAwCr4",
            "queue_all_runs": true,
            "remote_state_consumer_ids": [],
            "resource_count": 1,
            "source_name": "",
            "source_url": "",
            "speculative_enabled": true,
            "ssh_key_id": "",
            "structured_run_output_enabled": true,
            "tag_names": [],
            "terraform_version": "1.6.2",
            "trigger_patterns": [],
            "trigger_prefixes": [
              "/modules"
            ],
            "vcs_repo": [
              {
                "branch": "",
                "github_app_installation_id": "ghain-3JcBMQW48TPfPn4f",
                "identifier": "hashi-strawb/tfc-big-monorepo-test",
                "ingress_submodules": false,
                "oauth_token_id": "",
                "tags_regex": ""
              }
            ],
            "working_directory": "workspaces/"
          },
          "sensitive_attributes": [],
          "private": "eyJzY2hlbWFfdmVyc2lvbiI6IjEifQ=="
        },
        {
          "index_key": 182,
          "schema_version": 1,
          "attributes": {
            "agent_pool_id": "",
            "allow_destroy_plan": true,
            "assessments_enabled": false,
            "auto_apply": true,
            "description": "",
            "execution_mode": "remote",
            "file_triggers_enabled": true,
            "force_delete": true,
            "global_remote_state": false,
            "html_url": "https://app.terraform.io/app/hashi_strawb_testing/workspaces/many-workspace-test-0182",
            "id": "ws-J4BxiuFmYQfxfYon",
            "name": "many-workspace-test-0182",
            "operations": true,
            "organization": "hashi_strawb_testing",
            "project_id": "prj-8rNEinGacXMAwCr4",
            "queue_all_runs": true,
            "remote_state_consumer_ids": [],
            "resource_count": 0,
            "source_name": "",
            "source_url": "",
            "speculative_enabled": true,
            "ssh_key_id": "",
            "structured_run_output_enabled": true,
            "tag_names": [],
            "terraform_version": "1.6.2",
            "trigger_patterns": [],
            "trigger_prefixes": [
              "/modules"
            ],
            "vcs_repo": [
              {
                "branch": "",
                "github_app_installation_id": "ghain-3JcBMQW48TPfPn4f",
                "identifier": "hashi-strawb/tfc-big-monorepo-test",
                "ingress_submodules": false,
                "oauth_token_id": "",
                "tags_regex": ""
              }
            ],
            "working_directory": "workspaces/"
          },
          "sensitive_attributes": [],
          "private": "eyJzY2hlbWFfdmVyc2lvbiI6IjEifQ=="
        },
        {
          "index_key": 183,
          "schema_version": 1,
          "attributes": {
            "agent_pool_id": "",
            "allow_destroy_plan": true,
            "assessments_enabled": false,
            "auto_apply": true,
            "description": "",
            "execution_mode": "remote",
            "file_triggers_enabled": true,
            "force_delete": true,
            "global_remote_state": false,
            "html_url": "https://app.terraform.io/app/hashi_strawb_testing/workspaces/many-workspace-test-0183",
            "id": "ws-vFjDtL17c7ERGGHn",
            "name": "many-workspace-test-0183",
            "operations": true,
            "organization": "hashi_strawb_testing",
            "project_id": "prj-8rNEinGacXMAwCr4",
            "queue_all_runs": true,
            "remote_state_consumer_ids": [],
            "resource_count": 1,
            "source_name": "",
            "source_url": "",
            "speculative_enabled": true,
            "ssh_key_id": "",
            "structured_run_output_enabled": true,
            "tag_names": [],
            "terraform_version": "1.6.2",
            "trigger_patterns": [],
            "trigger_prefixes": [
              "/modules"
            ],
            "vcs_repo": [
              {
                "branch": "",
                "github_app_installation_id": "ghain-3JcBMQW48TPfPn4f",
                "identifier": "hashi-strawb/tfc-big-monorepo-test",
                "ingress_submodules": false,
                "oauth_token_id": "",
                "tags_regex": ""
              }
            ],
            "working_directory": "workspaces/"
          },
          "sensitive_attributes": [],
          "private": "eyJzY2hlbWFfdmVyc2lvbiI6IjEifQ=="
        },
        {
          "index_key": 184,
          "schema_version": 1,
          "attributes": {
            "agent_pool_id": "",
            "allow_destroy_plan": true,
            "assessments_enabled": false,
            "auto_apply": true,
            "description": "",
            "execution_mode": "remote",
            "file_triggers_enabled": true,
            "force_delete": true,
            "global_remote_state": false,
            "html_url": "https://app.terraform.io/app/hashi_strawb_testing/workspaces/many-workspace-test-0184",
            "id": "ws-S1aDEE7jxNKyZy2F",
            "name": "many-workspace-test-0184",
            "operations": true,
            "organization": "hashi_strawb_testing",
            "project_id": "prj-8rNEinGacXMAwCr4",
            "queue_all_runs": true,
            "remote_state_consumer_ids": [],
            "resource_count": 0,
            "source_name": "",
            "source_url": "",
            "speculative_enabled": true,
            "ssh_key_id": "",
            "structured_run_output_enabled": true,
            "tag_names": [],
            "terraform_version": "1.6.2",
            "trigger_patterns": [],
            "trigger_prefixes": [
              "/modules"
            ],
            "vcs_repo": [
              {
                "branch": "",
                "github_app_installation_id": "ghain-3JcBMQW48TPfPn4f",
                "identifier": "hashi-strawb/tfc-big-monorepo-test",
                "ingress_submodules": false,
                "oauth_token_id": "",
                "tags_regex": ""
              }
            ],
            "working_directory": "workspaces/"
          },
          "sensitive_attributes": [],
          "private": "eyJzY2hlbWFfdmVyc2lvbiI6IjEifQ=="
        },
        {
          "index_key": 185,
          "schema_version": 1,
          "attributes": {
            "agent_pool_id": "",
            "allow_destroy_plan": true,
            "assessments_enabled": false,
            "auto_apply": true,
            "description": "",
            "execution_mode": "remote",
            "file_triggers_enabled": true,
            "force_delete": true,
            "global_remote_state": false,
            "html_url": "https://app.terraform.io/app/hashi_strawb_testing/workspaces/many-workspace-test-0185",
            "id": "ws-QdR7z8tp9Q5WW7Xp",
            "name": "many-workspace-test-0185",
            "operations": true,
            "organization": "hashi_strawb_testing",
            "project_id": "prj-8rNEinGacXMAwCr4",
            "queue_all_runs": true,
            "remote_state_consumer_ids": [],
            "resource_count": 0,
            "source_name": "",
            "source_url": "",
            "speculative_enabled": true,
            "ssh_key_id": "",
            "structured_run_output_enabled": true,
            "tag_names": [],
            "terraform_version": "1.6.2",
            "trigger_patterns": [],
            "trigger_prefixes": [
              "/modules"
            ],
            "vcs_repo": [
              {
                "branch": "",
                "github_app_installation_id": "ghain-3JcBMQW48TPfPn4f",
                "identifier": "hashi-strawb/tfc-big-monorepo-test",
                "ingress_submodules": false,
                "oauth_token_id": "",
                "tags_regex": ""
              }
            ],
            "working_directory": "workspaces/"
          },
          "sensitive_attributes": [],
          "private": "eyJzY2hlbWFfdmVyc2lvbiI6IjEifQ=="
        },
        {
          "index_key": 186,
          "schema_version": 1,
          "attributes": {
            "agent_pool_id": "",
            "allow_destroy_plan": true,
            "assessments_enabled": false,
            "auto_apply": true,
            "description": "",
            "execution_mode": "remote",
            "file_triggers_enabled": true,
            "force_delete": true,
            "global_remote_state": false,
            "html_url": "https://app.terraform.io/app/hashi_strawb_testing/workspaces/many-workspace-test-0186",
            "id": "ws-UTWT5VxSchPbGvFN",
            "name": "many-workspace-test-0186",
            "operations": true,
            "organization": "hashi_strawb_testing",
            "project_id": "prj-8rNEinGacXMAwCr4",
            "queue_all_runs": true,
            "remote_state_consumer_ids": [],
            "resource_count": 1,
            "source_name": "",
            "source_url": "",
            "speculative_enabled": true,
            "ssh_key_id": "",
            "structured_run_output_enabled": true,
            "tag_names": [],
            "terraform_version": "1.6.2",
            "trigger_patterns": [],
            "trigger_prefixes": [
              "/modules"
            ],
            "vcs_repo": [
              {
                "branch": "",
                "github_app_installation_id": "ghain-3JcBMQW48TPfPn4f",
                "identifier": "hashi-strawb/tfc-big-monorepo-test",
                "ingress_submodules": false,
                "oauth_token_id": "",
                "tags_regex": ""
              }
            ],
            "working_directory": "workspaces/"
          },
          "sensitive_attributes": [],
          "private": "eyJzY2hlbWFfdmVyc2lvbiI6IjEifQ=="
        },
        {
          "index_key": 187,
          "schema_version": 1,
          "attributes": {
            "agent_pool_id": "",
            "allow_destroy_plan": true,
            "assessments_enabled": false,
            "auto_apply": true,
            "description": "",
            "execution_mode": "remote",
            "file_triggers_enabled": true,
            "force_delete": true,
            "global_remote_state": false,
            "html_url": "https://app.terraform.io/app/hashi_strawb_testing/workspaces/many-workspace-test-0187",
            "id": "ws-AjiZSQyBzWz5iHrV",
            "name": "many-workspace-test-0187",
            "operations": true,
            "organization": "hashi_strawb_testing",
            "project_id": "prj-8rNEinGacXMAwCr4",
            "queue_all_runs": true,
            "remote_state_consumer_ids": [],
            "resource_count": 0,
            "source_name": "",
            "source_url": "",
            "speculative_enabled": true,
            "ssh_key_id": "",
            "structured_run_output_enabled": true,
            "tag_names": [],
            "terraform_version": "1.6.2",
            "trigger_patterns": [],
            "trigger_prefixes": [
              "/modules"
            ],
            "vcs_repo": [
              {
                "branch": "",
                "github_app_installation_id": "ghain-3JcBMQW48TPfPn4f",
                "identifier": "hashi-strawb/tfc-big-monorepo-test",
                "ingress_submodules": false,
                "oauth_token_id": "",
                "tags_regex": ""
              }
            ],
            "working_directory": "workspaces/"
          },
          "sensitive_attributes": [],
          "private": "eyJzY2hlbWFfdmVyc2lvbiI6IjEifQ=="
        },
        {
          "index_key": 188,
          "schema_version": 1,
          "attributes": {
            "agent_pool_id": "",
            "allow_destroy_plan": true,
            "assessments_enabled": false,
            "auto_apply": true,
            "description": "",
            "execution_mode": "remote",
            "file_triggers_enabled": true,
            "force_delete": true,
            "global_remote_state": false,
            "html_url": "https://app.terraform.io/app/hashi_strawb_testing/workspaces/many-workspace-test-0188",
            "id": "ws-q9sBGiWt8WyP9SpE",
            "name": "many-workspace-test-0188",
            "operations": true,
            "organization": "hashi_strawb_testing",
            "project_id": "prj-8rNEinGacXMAwCr4",
            "queue_all_runs": true,
            "remote_state_consumer_ids": [],
            "resource_count": 0,
            "source_name": "",
            "source_url": "",
            "speculative_enabled": true,
            "ssh_key_id": "",
            "structured_run_output_enabled": true,
            "tag_names": [],
            "terraform_version": "1.6.2",
            "trigger_patterns": [],
            "trigger_prefixes": [
              "/modules"
            ],
            "vcs_repo": [
              {
                "branch": "",
                "github_app_installation_id": "ghain-3JcBMQW48TPfPn4f",
                "identifier": "hashi-strawb/tfc-big-monorepo-test",
                "ingress_submodules": false,
                "oauth_token_id": "",
                "tags_regex": ""
              }
            ],
            "working_directory": "workspaces/"
          },
          "sensitive_attributes": [],
          "private": "eyJzY2hlbWFfdmVyc2lvbiI6IjEifQ=="
        },
        {
          "index_key": 189,
          "schema_version": 1,
          "attributes": {
            "agent_pool_id": "",
            "allow_destroy_plan": true,
            "assessments_enabled": false,
            "auto_apply": true,
            "description": "",
            "execution_mode": "remote",
            "file_triggers_enabled": true,
            "force_delete": true,
            "global_remote_state": false,
            "html_url": "https://app.terraform.io/app/hashi_strawb_testing/workspaces/many-workspace-test-0189",
            "id": "ws-r2avd4kH21zJ3DHN",
            "name": "many-workspace-test-0189",
            "operations": true,
            "organization": "hashi_strawb_testing",
            "project_id": "prj-8rNEinGacXMAwCr4",
            "queue_all_runs": true,
            "remote_state_consumer_ids": [],
            "resource_count": 1,
            "source_name": "",
            "source_url": "",
            "speculative_enabled": true,
            "ssh_key_id": "",
            "structured_run_output_enabled": true,
            "tag_names": [],
            "terraform_version": "1.6.2",
            "trigger_patterns": [],
            "trigger_prefixes": [
              "/modules"
            ],
            "vcs_repo": [
              {
                "branch": "",
                "github_app_installation_id": "ghain-3JcBMQW48TPfPn4f",
                "identifier": "hashi-strawb/tfc-big-monorepo-test",
                "ingress_submodules": false,
                "oauth_token_id": "",
                "tags_regex": ""
              }
            ],
            "working_directory": "workspaces/"
          },
          "sensitive_attributes": [],
          "private": "eyJzY2hlbWFfdmVyc2lvbiI6IjEifQ=="
        },
        {
          "index_key": 190,
          "schema_version": 1,
          "attributes": {
            "agent_pool_id": "",
            "allow_destroy_plan": true,
            "assessments_enabled": false,
            "auto_apply": true,
            "description": "",
            "execution_mode": "remote",
            "file_triggers_enabled": true,
            "force_delete": true,
            "global_remote_state": false,
            "html_url": "https://app.terraform.io/app/hashi_strawb_testing/workspaces/many-workspace-test-0190",
            "id": "ws-NbPytKRbw2t7n8Sg",
            "name": "many-workspace-test-0190",
            "operations": true,
            "organization": "hashi_strawb_testing",
            "project_id": "prj-8rNEinGacXMAwCr4",
            "queue_all_runs": true,
            "remote_state_consumer_ids": [],
            "resource_count": 0,
            "source_name": "",
            "source_url": "",
            "speculative_enabled": true,
            "ssh_key_id": "",
            "structured_run_output_enabled": true,
            "tag_names": [],
            "terraform_version": "1.6.2",
            "trigger_patterns": [],
            "trigger_prefixes": [
              "/modules"
            ],
            "vcs_repo": [
              {
                "branch": "",
                "github_app_installation_id": "ghain-3JcBMQW48TPfPn4f",
                "identifier": "hashi-strawb/tfc-big-monorepo-test",
                "ingress_submodules": false,
                "oauth_token_id": "",
                "tags_regex": ""
              }
            ],
            "working_directory": "workspaces/"
          },
          "sensitive_attributes": [],
          "private": "eyJzY2hlbWFfdmVyc2lvbiI6IjEifQ=="
        },
        {
          "index_key": 191,
          "schema_version": 1,
          "attributes": {
            "agent_pool_id": "",
            "allow_destroy_plan": true,
            "assessments_enabled": false,
            "auto_apply": true,
            "description": "",
            "execution_mode": "remote",
            "file_triggers_enabled": true,
            "force_delete": true,
            "global_remote_state": false,
            "html_url": "https://app.terraform.io/app/hashi_strawb_testing/workspaces/many-workspace-test-0191",
            "id": "ws-LbFp1UxdpYSqfXnN",
            "name": "many-workspace-test-0191",
            "operations": true,
            "organization": "hashi_strawb_testing",
            "project_id": "prj-8rNEinGacXMAwCr4",
            "queue_all_runs": true,
            "remote_state_consumer_ids": [],
            "resource_count": 1,
            "source_name": "",
            "source_url": "",
            "speculative_enabled": true,
            "ssh_key_id": "",
            "structured_run_output_enabled": true,
            "tag_names": [],
            "terraform_version": "1.6.2",
            "trigger_patterns": [],
            "trigger_prefixes": [
              "/modules"
            ],
            "vcs_repo": [
              {
                "branch": "",
                "github_app_installation_id": "ghain-3JcBMQW48TPfPn4f",
                "identifier": "hashi-strawb/tfc-big-monorepo-test",
                "ingress_submodules": false,
                "oauth_token_id": "",
                "tags_regex": ""
              }
            ],
            "working_directory": "workspaces/"
          },
          "sensitive_attributes": [],
          "private": "eyJzY2hlbWFfdmVyc2lvbiI6IjEifQ=="
        },
        {
          "index_key": 192,
          "schema_version": 1,
          "attributes": {
            "agent_pool_id": "",
            "allow_destroy_plan": true,
            "assessments_enabled": false,
            "auto_apply": true,
            "description": "",
            "execution_mode": "remote",
            "file_triggers_enabled": true,
            "force_delete": true,
            "global_remote_state": false,
            "html_url": "https://app.terraform.io/app/hashi_strawb_testing/workspaces/many-workspace-test-0192",
            "id": "ws-j29BudfxvhAfJT4t",
            "name": "many-workspace-test-0192",
            "operations": true,
            "organization": "hashi_strawb_testing",
            "project_id": "prj-8rNEinGacXMAwCr4",
            "queue_all_runs": true,
            "remote_state_consumer_ids": [],
            "resource_count": 0,
            "source_name": "",
            "source_url": "",
            "speculative_enabled": true,
            "ssh_key_id": "",
            "structured_run_output_enabled": true,
            "tag_names": [],
            "terraform_version": "1.6.2",
            "trigger_patterns": [],
            "trigger_prefixes": [
              "/modules"
            ],
            "vcs_repo": [
              {
                "branch": "",
                "github_app_installation_id": "ghain-3JcBMQW48TPfPn4f",
                "identifier": "hashi-strawb/tfc-big-monorepo-test",
                "ingress_submodules": false,
                "oauth_token_id": "",
                "tags_regex": ""
              }
            ],
            "working_directory": "workspaces/"
          },
          "sensitive_attributes": [],
          "private": "eyJzY2hlbWFfdmVyc2lvbiI6IjEifQ=="
        },
        {
          "index_key": 193,
          "schema_version": 1,
          "attributes": {
            "agent_pool_id": "",
            "allow_destroy_plan": true,
            "assessments_enabled": false,
            "auto_apply": true,
            "description": "",
            "execution_mode": "remote",
            "file_triggers_enabled": true,
            "force_delete": true,
            "global_remote_state": false,
            "html_url": "https://app.terraform.io/app/hashi_strawb_testing/workspaces/many-workspace-test-0193",
            "id": "ws-UookpjUk7hqh6BDX",
            "name": "many-workspace-test-0193",
            "operations": true,
            "organization": "hashi_strawb_testing",
            "project_id": "prj-8rNEinGacXMAwCr4",
            "queue_all_runs": true,
            "remote_state_consumer_ids": [],
            "resource_count": 0,
            "source_name": "",
            "source_url": "",
            "speculative_enabled": true,
            "ssh_key_id": "",
            "structured_run_output_enabled": true,
            "tag_names": [],
            "terraform_version": "1.6.2",
            "trigger_patterns": [],
            "trigger_prefixes": [
              "/modules"
            ],
            "vcs_repo": [
              {
                "branch": "",
                "github_app_installation_id": "ghain-3JcBMQW48TPfPn4f",
                "identifier": "hashi-strawb/tfc-big-monorepo-test",
                "ingress_submodules": false,
                "oauth_token_id": "",
                "tags_regex": ""
              }
            ],
            "working_directory": "workspaces/"
          },
          "sensitive_attributes": [],
          "private": "eyJzY2hlbWFfdmVyc2lvbiI6IjEifQ=="
        },
        {
          "index_key": 194,
          "schema_version": 1,
          "attributes": {
            "agent_pool_id": "",
            "allow_destroy_plan": true,
            "assessments_enabled": false,
            "auto_apply": true,
            "description": "",
            "execution_mode": "remote",
            "file_triggers_enabled": true,
            "force_delete": true,
            "global_remote_state": false,
            "html_url": "https://app.terraform.io/app/hashi_strawb_testing/workspaces/many-workspace-test-0194",
            "id": "ws-kg6cTkFD8wPhmuBK",
            "name": "many-workspace-test-0194",
            "operations": true,
            "organization": "hashi_strawb_testing",
            "project_id": "prj-8rNEinGacXMAwCr4",
            "queue_all_runs": true,
            "remote_state_consumer_ids": [],
            "resource_count": 0,
            "source_name": "",
            "source_url": "",
            "speculative_enabled": true,
            "ssh_key_id": "",
            "structured_run_output_enabled": true,
            "tag_names": [],
            "terraform_version": "1.6.2",
            "trigger_patterns": [],
            "trigger_prefixes": [
              "/modules"
            ],
            "vcs_repo": [
              {
                "branch": "",
                "github_app_installation_id": "ghain-3JcBMQW48TPfPn4f",
                "identifier": "hashi-strawb/tfc-big-monorepo-test",
                "ingress_submodules": false,
                "oauth_token_id": "",
                "tags_regex": ""
              }
            ],
            "working_directory": "workspaces/"
          },
          "sensitive_attributes": [],
          "private": "eyJzY2hlbWFfdmVyc2lvbiI6IjEifQ=="
        },
        {
          "index_key": 195,
          "schema_version": 1,
          "attributes": {
            "agent_pool_id": "",
            "allow_destroy_plan": true,
            "assessments_enabled": false,
            "auto_apply": true,
            "description": "",
            "execution_mode": "remote",
            "file_triggers_enabled": true,
            "force_delete": true,
            "global_remote_state": false,
            "html_url": "https://app.terraform.io/app/hashi_strawb_testing/workspaces/many-workspace-test-0195",
            "id": "ws-DrBbmsEDS7YxB6BP",
            "name": "many-workspace-test-0195",
            "operations": true,
            "organization": "hashi_strawb_testing",
            "project_id": "prj-8rNEinGacXMAwCr4",
            "queue_all_runs": true,
            "remote_state_consumer_ids": [],
            "resource_count": 0,
            "source_name": "",
            "source_url": "",
            "speculative_enabled": true,
            "ssh_key_id": "",
            "structured_run_output_enabled": true,
            "tag_names": [],
            "terraform_version": "1.6.2",
            "trigger_patterns": [],
            "trigger_prefixes": [
              "/modules"
            ],
            "vcs_repo": [
              {
                "branch": "",
                "github_app_installation_id": "ghain-3JcBMQW48TPfPn4f",
                "identifier": "hashi-strawb/tfc-big-monorepo-test",
                "ingress_submodules": false,
                "oauth_token_id": "",
                "tags_regex": ""
              }
            ],
            "working_directory": "workspaces/"
          },
          "sensitive_attributes": [],
          "private": "eyJzY2hlbWFfdmVyc2lvbiI6IjEifQ=="
        },
        {
          "index_key": 196,
          "schema_version": 1,
          "attributes": {
            "agent_pool_id": "",
            "allow_destroy_plan": true,
            "assessments_enabled": false,
            "auto_apply": true,
            "description": "",
            "execution_mode": "remote",
            "file_triggers_enabled": true,
            "force_delete": true,
            "global_remote_state": false,
            "html_url": "https://app.terraform.io/app/hashi_strawb_testing/workspaces/many-workspace-test-0196",
            "id": "ws-oKGWZ8b6QSGWxjkT",
            "name": "many-workspace-test-0196",
            "operations": true,
            "organization": "hashi_strawb_testing",
            "project_id": "prj-8rNEinGacXMAwCr4",
            "queue_all_runs": true,
            "remote_state_consumer_ids": [],
            "resource_count": 0,
            "source_name": "",
            "source_url": "",
            "speculative_enabled": true,
            "ssh_key_id": "",
            "structured_run_output_enabled": true,
            "tag_names": [],
            "terraform_version": "1.6.2",
            "trigger_patterns": [],
            "trigger_prefixes": [
              "/modules"
            ],
            "vcs_repo": [
              {
                "branch": "",
                "github_app_installation_id": "ghain-3JcBMQW48TPfPn4f",
                "identifier": "hashi-strawb/tfc-big-monorepo-test",
                "ingress_submodules": false,
                "oauth_token_id": "",
                "tags_regex": ""
              }
            ],
            "working_directory": "workspaces/"
          },
          "sensitive_attributes": [],
          "private": "eyJzY2hlbWFfdmVyc2lvbiI6IjEifQ=="
        },
        {
          "index_key": 197,
          "schema_version": 1,
          "attributes": {
            "agent_pool_id": "",
            "allow_destroy_plan": true,
            "assessments_enabled": false,
            "auto_apply": true,
            "description": "",
            "execution_mode": "remote",
            "file_triggers_enabled": true,
            "force_delete": true,
            "global_remote_state": false,
            "html_url": "https://app.terraform.io/app/hashi_strawb_testing/workspaces/many-workspace-test-0197",
            "id": "ws-pHLwE6mAo44efkLK",
            "name": "many-workspace-test-0197",
            "operations": true,
            "organization": "hashi_strawb_testing",
            "project_id": "prj-8rNEinGacXMAwCr4",
            "queue_all_runs": true,
            "remote_state_consumer_ids": [],
            "resource_count": 1,
            "source_name": "",
            "source_url": "",
            "speculative_enabled": true,
            "ssh_key_id": "",
            "structured_run_output_enabled": true,
            "tag_names": [],
            "terraform_version": "1.6.2",
            "trigger_patterns": [],
            "trigger_prefixes": [
              "/modules"
            ],
            "vcs_repo": [
              {
                "branch": "",
                "github_app_installation_id": "ghain-3JcBMQW48TPfPn4f",
                "identifier": "hashi-strawb/tfc-big-monorepo-test",
                "ingress_submodules": false,
                "oauth_token_id": "",
                "tags_regex": ""
              }
            ],
            "working_directory": "workspaces/"
          },
          "sensitive_attributes": [],
          "private": "eyJzY2hlbWFfdmVyc2lvbiI6IjEifQ=="
        },
        {
          "index_key": 198,
          "schema_version": 1,
          "attributes": {
            "agent_pool_id": "",
            "allow_destroy_plan": true,
            "assessments_enabled": false,
            "auto_apply": true,
            "description": "",
            "execution_mode": "remote",
            "file_triggers_enabled": true,
            "force_delete": true,
            "global_remote_state": false,
            "html_url": "https://app.terraform.io/app/hashi_strawb_testing/workspaces/many-workspace-test-0198",
            "id": "ws-exJ17MThuCYdMtwx",
            "name": "many-workspace-test-0198",
            "operations": true,
            "organization": "hashi_strawb_testing",
            "project_id": "prj-8rNEinGacXMAwCr4",
            "queue_all_runs": true,
            "remote_state_consumer_ids": [],
            "resource_count": 0,
            "source_name": "",
            "source_url": "",
            "speculative_enabled": true,
            "ssh_key_id": "",
            "structured_run_output_enabled": true,
            "tag_names": [],
            "terraform_version": "1.6.2",
            "trigger_patterns": [],
            "trigger_prefixes": [
              "/modules"
            ],
            "vcs_repo": [
              {
                "branch": "",
                "github_app_installation_id": "ghain-3JcBMQW48TPfPn4f",
                "identifier": "hashi-strawb/tfc-big-monorepo-test",
                "ingress_submodules": false,
                "oauth_token_id": "",
                "tags_regex": ""
              }
            ],
            "working_directory": "workspaces/"
          },
          "sensitive_attributes": [],
          "private": "eyJzY2hlbWFfdmVyc2lvbiI6IjEifQ=="
        },
        {
          "index_key": 199,
          "schema_version": 1,
          "attributes": {
            "agent_pool_id": "",
            "allow_destroy_plan": true,
            "assessments_enabled": false,
            "auto_apply": true,
            "description": "",
            "execution_mode": "remote",
            "file_triggers_enabled": true,
            "force_delete": true,
            "global_remote_state": false,
            "html_url": "https://app.terraform.io/app/hashi_strawb_testing/workspaces/many-workspace-test-0199",
            "id": "ws-XPTEqtPBgSB6yxEm",
            "name": "many-workspace-test-0199",
            "operations": true,
            "organization": "hashi_strawb_testing",
            "project_id": "prj-8rNEinGacXMAwCr4",
            "queue_all_runs": true,
            "remote_state_consumer_ids": [],
            "resource_count": 1,
            "source_name": "",
            "source_url": "",
            "speculative_enabled": true,
            "ssh_key_id": "",
            "structured_run_output_enabled": true,
            "tag_names": [],
            "terraform_version": "1.6.2",
            "trigger_patterns": [],
            "trigger_prefixes": [
              "/modules"
            ],
            "vcs_repo": [
              {
                "branch": "",
                "github_app_installation_id": "ghain-3JcBMQW48TPfPn4f",
                "identifier": "hashi-strawb/tfc-big-monorepo-test",
                "ingress_submodules": false,
                "oauth_token_id": "",
                "tags_regex": ""
              }
            ],
            "working_directory": "workspaces/"
          },
          "sensitive_attributes": [],
          "private": "eyJzY2hlbWFfdmVyc2lvbiI6IjEifQ=="
        },
        {
          "index_key": 200,
          "schema_version": 1,
          "attributes": {
            "agent_pool_id": "",
            "allow_destroy_plan": true,
            "assessments_enabled": false,
            "auto_apply": true,
            "description": "",
            "execution_mode": "remote",
            "file_triggers_enabled": true,
            "force_delete": true,
            "global_remote_state": false,
            "html_url": "https://app.terraform.io/app/hashi_strawb_testing/workspaces/many-workspace-test-0200",
            "id": "ws-odhjwJVQjUCm1mhF",
            "name": "many-workspace-test-0200",
            "operations": true,
            "organization": "hashi_strawb_testing",
            "project_id": "prj-8rNEinGacXMAwCr4",
            "queue_all_runs": true,
            "remote_state_consumer_ids": [],
            "resource_count": 0,
            "source_name": "",
            "source_url": "",
            "speculative_enabled": true,
            "ssh_key_id": "",
            "structured_run_output_enabled": true,
            "tag_names": [],
            "terraform_version": "1.6.2",
            "trigger_patterns": [],
            "trigger_prefixes": [
              "/modules"
            ],
            "vcs_repo": [
              {
                "branch": "",
                "github_app_installation_id": "ghain-3JcBMQW48TPfPn4f",
                "identifier": "hashi-strawb/tfc-big-monorepo-test",
                "ingress_submodules": false,
                "oauth_token_id": "",
                "tags_regex": ""
              }
            ],
            "working_directory": "workspaces/"
          },
          "sensitive_attributes": [],
          "private": "eyJzY2hlbWFfdmVyc2lvbiI6IjEifQ=="
        },
        {
          "index_key": 201,
          "schema_version": 1,
          "attributes": {
            "agent_pool_id": "",
            "allow_destroy_plan": true,
            "assessments_enabled": false,
            "auto_apply": true,
            "description": "",
            "execution_mode": "remote",
            "file_triggers_enabled": true,
            "force_delete": true,
            "global_remote_state": false,
            "html_url": "https://app.terraform.io/app/hashi_strawb_testing/workspaces/many-workspace-test-0201",
            "id": "ws-Xen89KdejbYAGK7k",
            "name": "many-workspace-test-0201",
            "operations": true,
            "organization": "hashi_strawb_testing",
            "project_id": "prj-8rNEinGacXMAwCr4",
            "queue_all_runs": true,
            "remote_state_consumer_ids": [],
            "resource_count": 1,
            "source_name": "",
            "source_url": "",
            "speculative_enabled": true,
            "ssh_key_id": "",
            "structured_run_output_enabled": true,
            "tag_names": [],
            "terraform_version": "1.6.2",
            "trigger_patterns": [],
            "trigger_prefixes": [
              "/modules"
            ],
            "vcs_repo": [
              {
                "branch": "",
                "github_app_installation_id": "ghain-3JcBMQW48TPfPn4f",
                "identifier": "hashi-strawb/tfc-big-monorepo-test",
                "ingress_submodules": false,
                "oauth_token_id": "",
                "tags_regex": ""
              }
            ],
            "working_directory": "workspaces/"
          },
          "sensitive_attributes": [],
          "private": "eyJzY2hlbWFfdmVyc2lvbiI6IjEifQ=="
        },
        {
          "index_key": 202,
          "schema_version": 1,
          "attributes": {
            "agent_pool_id": "",
            "allow_destroy_plan": true,
            "assessments_enabled": false,
            "auto_apply": true,
            "description": "",
            "execution_mode": "remote",
            "file_triggers_enabled": true,
            "force_delete": true,
            "global_remote_state": false,
            "html_url": "https://app.terraform.io/app/hashi_strawb_testing/workspaces/many-workspace-test-0202",
            "id": "ws-XrJHLiDEJtgLN7jm",
            "name": "many-workspace-test-0202",
            "operations": true,
            "organization": "hashi_strawb_testing",
            "project_id": "prj-8rNEinGacXMAwCr4",
            "queue_all_runs": true,
            "remote_state_consumer_ids": [],
            "resource_count": 0,
            "source_name": "",
            "source_url": "",
            "speculative_enabled": true,
            "ssh_key_id": "",
            "structured_run_output_enabled": true,
            "tag_names": [],
            "terraform_version": "1.6.2",
            "trigger_patterns": [],
            "trigger_prefixes": [
              "/modules"
            ],
            "vcs_repo": [
              {
                "branch": "",
                "github_app_installation_id": "ghain-3JcBMQW48TPfPn4f",
                "identifier": "hashi-strawb/tfc-big-monorepo-test",
                "ingress_submodules": false,
                "oauth_token_id": "",
                "tags_regex": ""
              }
            ],
            "working_directory": "workspaces/"
          },
          "sensitive_attributes": [],
          "private": "eyJzY2hlbWFfdmVyc2lvbiI6IjEifQ=="
        },
        {
          "index_key": 203,
          "schema_version": 1,
          "attributes": {
            "agent_pool_id": "",
            "allow_destroy_plan": true,
            "assessments_enabled": false,
            "auto_apply": true,
            "description": "",
            "execution_mode": "remote",
            "file_triggers_enabled": true,
            "force_delete": true,
            "global_remote_state": false,
            "html_url": "https://app.terraform.io/app/hashi_strawb_testing/workspaces/many-workspace-test-0203",
            "id": "ws-skHeHiW8dGmDK27t",
            "name": "many-workspace-test-0203",
            "operations": true,
            "organization": "hashi_strawb_testing",
            "project_id": "prj-8rNEinGacXMAwCr4",
            "queue_all_runs": true,
            "remote_state_consumer_ids": [],
            "resource_count": 0,
            "source_name": "",
            "source_url": "",
            "speculative_enabled": true,
            "ssh_key_id": "",
            "structured_run_output_enabled": true,
            "tag_names": [],
            "terraform_version": "1.6.2",
            "trigger_patterns": [],
            "trigger_prefixes": [
              "/modules"
            ],
            "vcs_repo": [
              {
                "branch": "",
                "github_app_installation_id": "ghain-3JcBMQW48TPfPn4f",
                "identifier": "hashi-strawb/tfc-big-monorepo-test",
                "ingress_submodules": false,
                "oauth_token_id": "",
                "tags_regex": ""
              }
            ],
            "working_directory": "workspaces/"
          },
          "sensitive_attributes": [],
          "private": "eyJzY2hlbWFfdmVyc2lvbiI6IjEifQ=="
        },
        {
          "index_key": 204,
          "schema_version": 1,
          "attributes": {
            "agent_pool_id": "",
            "allow_destroy_plan": true,
            "assessments_enabled": false,
            "auto_apply": true,
            "description": "",
            "execution_mode": "remote",
            "file_triggers_enabled": true,
            "force_delete": true,
            "global_remote_state": false,
            "html_url": "https://app.terraform.io/app/hashi_strawb_testing/workspaces/many-workspace-test-0204",
            "id": "ws-XCoDYwRZvWMDJ7tw",
            "name": "many-workspace-test-0204",
            "operations": true,
            "organization": "hashi_strawb_testing",
            "project_id": "prj-8rNEinGacXMAwCr4",
            "queue_all_runs": true,
            "remote_state_consumer_ids": [],
            "resource_count": 0,
            "source_name": "",
            "source_url": "",
            "speculative_enabled": true,
            "ssh_key_id": "",
            "structured_run_output_enabled": true,
            "tag_names": [],
            "terraform_version": "1.6.2",
            "trigger_patterns": [],
            "trigger_prefixes": [
              "/modules"
            ],
            "vcs_repo": [
              {
                "branch": "",
                "github_app_installation_id": "ghain-3JcBMQW48TPfPn4f",
                "identifier": "hashi-strawb/tfc-big-monorepo-test",
                "ingress_submodules": false,
                "oauth_token_id": "",
                "tags_regex": ""
              }
            ],
            "working_directory": "workspaces/"
          },
          "sensitive_attributes": [],
          "private": "eyJzY2hlbWFfdmVyc2lvbiI6IjEifQ=="
        },
        {
          "index_key": 205,
          "schema_version": 1,
          "attributes": {
            "agent_pool_id": "",
            "allow_destroy_plan": true,
            "assessments_enabled": false,
            "auto_apply": true,
            "description": "",
            "execution_mode": "remote",
            "file_triggers_enabled": true,
            "force_delete": true,
            "global_remote_state": false,
            "html_url": "https://app.terraform.io/app/hashi_strawb_testing/workspaces/many-workspace-test-0205",
            "id": "ws-taYRZRdiP71c6LzG",
            "name": "many-workspace-test-0205",
            "operations": true,
            "organization": "hashi_strawb_testing",
            "project_id": "prj-8rNEinGacXMAwCr4",
            "queue_all_runs": true,
            "remote_state_consumer_ids": [],
            "resource_count": 0,
            "source_name": "",
            "source_url": "",
            "speculative_enabled": true,
            "ssh_key_id": "",
            "structured_run_output_enabled": true,
            "tag_names": [],
            "terraform_version": "1.6.2",
            "trigger_patterns": [],
            "trigger_prefixes": [
              "/modules"
            ],
            "vcs_repo": [
              {
                "branch": "",
                "github_app_installation_id": "ghain-3JcBMQW48TPfPn4f",
                "identifier": "hashi-strawb/tfc-big-monorepo-test",
                "ingress_submodules": false,
                "oauth_token_id": "",
                "tags_regex": ""
              }
            ],
            "working_directory": "workspaces/"
          },
          "sensitive_attributes": [],
          "private": "eyJzY2hlbWFfdmVyc2lvbiI6IjEifQ=="
        },
        {
          "index_key": 206,
          "schema_version": 1,
          "attributes": {
            "agent_pool_id": "",
            "allow_destroy_plan": true,
            "assessments_enabled": false,
            "auto_apply": true,
            "description": "",
            "execution_mode": "remote",
            "file_triggers_enabled": true,
            "force_delete": true,
            "global_remote_state": false,
            "html_url": "https://app.terraform.io/app/hashi_strawb_testing/workspaces/many-workspace-test-0206",
            "id": "ws-2T6YVM4y7iXmEzGH",
            "name": "many-workspace-test-0206",
            "operations": true,
            "organization": "hashi_strawb_testing",
            "project_id": "prj-8rNEinGacXMAwCr4",
            "queue_all_runs": true,
            "remote_state_consumer_ids": [],
            "resource_count": 0,
            "source_name": "",
            "source_url": "",
            "speculative_enabled": true,
            "ssh_key_id": "",
            "structured_run_output_enabled": true,
            "tag_names": [],
            "terraform_version": "1.6.2",
            "trigger_patterns": [],
            "trigger_prefixes": [
              "/modules"
            ],
            "vcs_repo": [
              {
                "branch": "",
                "github_app_installation_id": "ghain-3JcBMQW48TPfPn4f",
                "identifier": "hashi-strawb/tfc-big-monorepo-test",
                "ingress_submodules": false,
                "oauth_token_id": "",
                "tags_regex": ""
              }
            ],
            "working_directory": "workspaces/"
          },
          "sensitive_attributes": [],
          "private": "eyJzY2hlbWFfdmVyc2lvbiI6IjEifQ=="
        },
        {
          "index_key": 207,
          "schema_version": 1,
          "attributes": {
            "agent_pool_id": "",
            "allow_destroy_plan": true,
            "assessments_enabled": false,
            "auto_apply": true,
            "description": "",
            "execution_mode": "remote",
            "file_triggers_enabled": true,
            "force_delete": true,
            "global_remote_state": false,
            "html_url": "https://app.terraform.io/app/hashi_strawb_testing/workspaces/many-workspace-test-0207",
            "id": "ws-zHRtJr7AxHx1UQPV",
            "name": "many-workspace-test-0207",
            "operations": true,
            "organization": "hashi_strawb_testing",
            "project_id": "prj-8rNEinGacXMAwCr4",
            "queue_all_runs": true,
            "remote_state_consumer_ids": [],
            "resource_count": 0,
            "source_name": "",
            "source_url": "",
            "speculative_enabled": true,
            "ssh_key_id": "",
            "structured_run_output_enabled": true,
            "tag_names": [],
            "terraform_version": "1.6.2",
            "trigger_patterns": [],
            "trigger_prefixes": [
              "/modules"
            ],
            "vcs_repo": [
              {
                "branch": "",
                "github_app_installation_id": "ghain-3JcBMQW48TPfPn4f",
                "identifier": "hashi-strawb/tfc-big-monorepo-test",
                "ingress_submodules": false,
                "oauth_token_id": "",
                "tags_regex": ""
              }
            ],
            "working_directory": "workspaces/"
          },
          "sensitive_attributes": [],
          "private": "eyJzY2hlbWFfdmVyc2lvbiI6IjEifQ=="
        },
        {
          "index_key": 208,
          "schema_version": 1,
          "attributes": {
            "agent_pool_id": "",
            "allow_destroy_plan": true,
            "assessments_enabled": false,
            "auto_apply": true,
            "description": "",
            "execution_mode": "remote",
            "file_triggers_enabled": true,
            "force_delete": true,
            "global_remote_state": false,
            "html_url": "https://app.terraform.io/app/hashi_strawb_testing/workspaces/many-workspace-test-0208",
            "id": "ws-AaXL8VnpbKsBQwaH",
            "name": "many-workspace-test-0208",
            "operations": true,
            "organization": "hashi_strawb_testing",
            "project_id": "prj-8rNEinGacXMAwCr4",
            "queue_all_runs": true,
            "remote_state_consumer_ids": [],
            "resource_count": 1,
            "source_name": "",
            "source_url": "",
            "speculative_enabled": true,
            "ssh_key_id": "",
            "structured_run_output_enabled": true,
            "tag_names": [],
            "terraform_version": "1.6.2",
            "trigger_patterns": [],
            "trigger_prefixes": [
              "/modules"
            ],
            "vcs_repo": [
              {
                "branch": "",
                "github_app_installation_id": "ghain-3JcBMQW48TPfPn4f",
                "identifier": "hashi-strawb/tfc-big-monorepo-test",
                "ingress_submodules": false,
                "oauth_token_id": "",
                "tags_regex": ""
              }
            ],
            "working_directory": "workspaces/"
          },
          "sensitive_attributes": [],
          "private": "eyJzY2hlbWFfdmVyc2lvbiI6IjEifQ=="
        },
        {
          "index_key": 209,
          "schema_version": 1,
          "attributes": {
            "agent_pool_id": "",
            "allow_destroy_plan": true,
            "assessments_enabled": false,
            "auto_apply": true,
            "description": "",
            "execution_mode": "remote",
            "file_triggers_enabled": true,
            "force_delete": true,
            "global_remote_state": false,
            "html_url": "https://app.terraform.io/app/hashi_strawb_testing/workspaces/many-workspace-test-0209",
            "id": "ws-CSLQ4Q5WHVFJjysP",
            "name": "many-workspace-test-0209",
            "operations": true,
            "organization": "hashi_strawb_testing",
            "project_id": "prj-8rNEinGacXMAwCr4",
            "queue_all_runs": true,
            "remote_state_consumer_ids": [],
            "resource_count": 0,
            "source_name": "",
            "source_url": "",
            "speculative_enabled": true,
            "ssh_key_id": "",
            "structured_run_output_enabled": true,
            "tag_names": [],
            "terraform_version": "1.6.2",
            "trigger_patterns": [],
            "trigger_prefixes": [
              "/modules"
            ],
            "vcs_repo": [
              {
                "branch": "",
                "github_app_installation_id": "ghain-3JcBMQW48TPfPn4f",
                "identifier": "hashi-strawb/tfc-big-monorepo-test",
                "ingress_submodules": false,
                "oauth_token_id": "",
                "tags_regex": ""
              }
            ],
            "working_directory": "workspaces/"
          },
          "sensitive_attributes": [],
          "private": "eyJzY2hlbWFfdmVyc2lvbiI6IjEifQ=="
        },
        {
          "index_key": 210,
          "schema_version": 1,
          "attributes": {
            "agent_pool_id": "",
            "allow_destroy_plan": true,
            "assessments_enabled": false,
            "auto_apply": true,
            "description": "",
            "execution_mode": "remote",
            "file_triggers_enabled": true,
            "force_delete": true,
            "global_remote_state": false,
            "html_url": "https://app.terraform.io/app/hashi_strawb_testing/workspaces/many-workspace-test-0210",
            "id": "ws-fZaE6e26Yjrzb8Fc",
            "name": "many-workspace-test-0210",
            "operations": true,
            "organization": "hashi_strawb_testing",
            "project_id": "prj-8rNEinGacXMAwCr4",
            "queue_all_runs": true,
            "remote_state_consumer_ids": [],
            "resource_count": 0,
            "source_name": "",
            "source_url": "",
            "speculative_enabled": true,
            "ssh_key_id": "",
            "structured_run_output_enabled": true,
            "tag_names": [],
            "terraform_version": "1.6.2",
            "trigger_patterns": [],
            "trigger_prefixes": [
              "/modules"
            ],
            "vcs_repo": [
              {
                "branch": "",
                "github_app_installation_id": "ghain-3JcBMQW48TPfPn4f",
                "identifier": "hashi-strawb/tfc-big-monorepo-test",
                "ingress_submodules": false,
                "oauth_token_id": "",
                "tags_regex": ""
              }
            ],
            "working_directory": "workspaces/"
          },
          "sensitive_attributes": [],
          "private": "eyJzY2hlbWFfdmVyc2lvbiI6IjEifQ=="
        },
        {
          "index_key": 211,
          "schema_version": 1,
          "attributes": {
            "agent_pool_id": "",
            "allow_destroy_plan": true,
            "assessments_enabled": false,
            "auto_apply": true,
            "description": "",
            "execution_mode": "remote",
            "file_triggers_enabled": true,
            "force_delete": true,
            "global_remote_state": false,
            "html_url": "https://app.terraform.io/app/hashi_strawb_testing/workspaces/many-workspace-test-0211",
            "id": "ws-tVDZkGHVYZ5FXtZh",
            "name": "many-workspace-test-0211",
            "operations": true,
            "organization": "hashi_strawb_testing",
            "project_id": "prj-8rNEinGacXMAwCr4",
            "queue_all_runs": true,
            "remote_state_consumer_ids": [],
            "resource_count": 0,
            "source_name": "",
            "source_url": "",
            "speculative_enabled": true,
            "ssh_key_id": "",
            "structured_run_output_enabled": true,
            "tag_names": [],
            "terraform_version": "1.6.2",
            "trigger_patterns": [],
            "trigger_prefixes": [
              "/modules"
            ],
            "vcs_repo": [
              {
                "branch": "",
                "github_app_installation_id": "ghain-3JcBMQW48TPfPn4f",
                "identifier": "hashi-strawb/tfc-big-monorepo-test",
                "ingress_submodules": false,
                "oauth_token_id": "",
                "tags_regex": ""
              }
            ],
            "working_directory": "workspaces/"
          },
          "sensitive_attributes": [],
          "private": "eyJzY2hlbWFfdmVyc2lvbiI6IjEifQ=="
        },
        {
          "index_key": 212,
          "schema_version": 1,
          "attributes": {
            "agent_pool_id": "",
            "allow_destroy_plan": true,
            "assessments_enabled": false,
            "auto_apply": true,
            "description": "",
            "execution_mode": "remote",
            "file_triggers_enabled": true,
            "force_delete": true,
            "global_remote_state": false,
            "html_url": "https://app.terraform.io/app/hashi_strawb_testing/workspaces/many-workspace-test-0212",
            "id": "ws-PJAYA5BjB36RjjHT",
            "name": "many-workspace-test-0212",
            "operations": true,
            "organization": "hashi_strawb_testing",
            "project_id": "prj-8rNEinGacXMAwCr4",
            "queue_all_runs": true,
            "remote_state_consumer_ids": [],
            "resource_count": 0,
            "source_name": "",
            "source_url": "",
            "speculative_enabled": true,
            "ssh_key_id": "",
            "structured_run_output_enabled": true,
            "tag_names": [],
            "terraform_version": "1.6.2",
            "trigger_patterns": [],
            "trigger_prefixes": [
              "/modules"
            ],
            "vcs_repo": [
              {
                "branch": "",
                "github_app_installation_id": "ghain-3JcBMQW48TPfPn4f",
                "identifier": "hashi-strawb/tfc-big-monorepo-test",
                "ingress_submodules": false,
                "oauth_token_id": "",
                "tags_regex": ""
              }
            ],
            "working_directory": "workspaces/"
          },
          "sensitive_attributes": [],
          "private": "eyJzY2hlbWFfdmVyc2lvbiI6IjEifQ=="
        },
        {
          "index_key": 213,
          "schema_version": 1,
          "attributes": {
            "agent_pool_id": "",
            "allow_destroy_plan": true,
            "assessments_enabled": false,
            "auto_apply": true,
            "description": "",
            "execution_mode": "remote",
            "file_triggers_enabled": true,
            "force_delete": true,
            "global_remote_state": false,
            "html_url": "https://app.terraform.io/app/hashi_strawb_testing/workspaces/many-workspace-test-0213",
            "id": "ws-tW68pPC8gcbzYhwP",
            "name": "many-workspace-test-0213",
            "operations": true,
            "organization": "hashi_strawb_testing",
            "project_id": "prj-8rNEinGacXMAwCr4",
            "queue_all_runs": true,
            "remote_state_consumer_ids": [],
            "resource_count": 0,
            "source_name": "",
            "source_url": "",
            "speculative_enabled": true,
            "ssh_key_id": "",
            "structured_run_output_enabled": true,
            "tag_names": [],
            "terraform_version": "1.6.2",
            "trigger_patterns": [],
            "trigger_prefixes": [
              "/modules"
            ],
            "vcs_repo": [
              {
                "branch": "",
                "github_app_installation_id": "ghain-3JcBMQW48TPfPn4f",
                "identifier": "hashi-strawb/tfc-big-monorepo-test",
                "ingress_submodules": false,
                "oauth_token_id": "",
                "tags_regex": ""
              }
            ],
            "working_directory": "workspaces/"
          },
          "sensitive_attributes": [],
          "private": "eyJzY2hlbWFfdmVyc2lvbiI6IjEifQ=="
        },
        {
          "index_key": 214,
          "schema_version": 1,
          "attributes": {
            "agent_pool_id": "",
            "allow_destroy_plan": true,
            "assessments_enabled": false,
            "auto_apply": true,
            "description": "",
            "execution_mode": "remote",
            "file_triggers_enabled": true,
            "force_delete": true,
            "global_remote_state": false,
            "html_url": "https://app.terraform.io/app/hashi_strawb_testing/workspaces/many-workspace-test-0214",
            "id": "ws-dbHeAsVF4QPprGsy",
            "name": "many-workspace-test-0214",
            "operations": true,
            "organization": "hashi_strawb_testing",
            "project_id": "prj-8rNEinGacXMAwCr4",
            "queue_all_runs": true,
            "remote_state_consumer_ids": [],
            "resource_count": 0,
            "source_name": "",
            "source_url": "",
            "speculative_enabled": true,
            "ssh_key_id": "",
            "structured_run_output_enabled": true,
            "tag_names": [],
            "terraform_version": "1.6.2",
            "trigger_patterns": [],
            "trigger_prefixes": [
              "/modules"
            ],
            "vcs_repo": [
              {
                "branch": "",
                "github_app_installation_id": "ghain-3JcBMQW48TPfPn4f",
                "identifier": "hashi-strawb/tfc-big-monorepo-test",
                "ingress_submodules": false,
                "oauth_token_id": "",
                "tags_regex": ""
              }
            ],
            "working_directory": "workspaces/"
          },
          "sensitive_attributes": [],
          "private": "eyJzY2hlbWFfdmVyc2lvbiI6IjEifQ=="
        },
        {
          "index_key": 215,
          "schema_version": 1,
          "attributes": {
            "agent_pool_id": "",
            "allow_destroy_plan": true,
            "assessments_enabled": false,
            "auto_apply": true,
            "description": "",
            "execution_mode": "remote",
            "file_triggers_enabled": true,
            "force_delete": true,
            "global_remote_state": false,
            "html_url": "https://app.terraform.io/app/hashi_strawb_testing/workspaces/many-workspace-test-0215",
            "id": "ws-Cnu6Xzu6MsC6QSGE",
            "name": "many-workspace-test-0215",
            "operations": true,
            "organization": "hashi_strawb_testing",
            "project_id": "prj-8rNEinGacXMAwCr4",
            "queue_all_runs": true,
            "remote_state_consumer_ids": [],
            "resource_count": 1,
            "source_name": "",
            "source_url": "",
            "speculative_enabled": true,
            "ssh_key_id": "",
            "structured_run_output_enabled": true,
            "tag_names": [],
            "terraform_version": "1.6.2",
            "trigger_patterns": [],
            "trigger_prefixes": [
              "/modules"
            ],
            "vcs_repo": [
              {
                "branch": "",
                "github_app_installation_id": "ghain-3JcBMQW48TPfPn4f",
                "identifier": "hashi-strawb/tfc-big-monorepo-test",
                "ingress_submodules": false,
                "oauth_token_id": "",
                "tags_regex": ""
              }
            ],
            "working_directory": "workspaces/"
          },
          "sensitive_attributes": [],
          "private": "eyJzY2hlbWFfdmVyc2lvbiI6IjEifQ=="
        },
        {
          "index_key": 216,
          "schema_version": 1,
          "attributes": {
            "agent_pool_id": "",
            "allow_destroy_plan": true,
            "assessments_enabled": false,
            "auto_apply": true,
            "description": "",
            "execution_mode": "remote",
            "file_triggers_enabled": true,
            "force_delete": true,
            "global_remote_state": false,
            "html_url": "https://app.terraform.io/app/hashi_strawb_testing/workspaces/many-workspace-test-0216",
            "id": "ws-fMuZzGZnJ3d4rkAq",
            "name": "many-workspace-test-0216",
            "operations": true,
            "organization": "hashi_strawb_testing",
            "project_id": "prj-8rNEinGacXMAwCr4",
            "queue_all_runs": true,
            "remote_state_consumer_ids": [],
            "resource_count": 1,
            "source_name": "",
            "source_url": "",
            "speculative_enabled": true,
            "ssh_key_id": "",
            "structured_run_output_enabled": true,
            "tag_names": [],
            "terraform_version": "1.6.2",
            "trigger_patterns": [],
            "trigger_prefixes": [
              "/modules"
            ],
            "vcs_repo": [
              {
                "branch": "",
                "github_app_installation_id": "ghain-3JcBMQW48TPfPn4f",
                "identifier": "hashi-strawb/tfc-big-monorepo-test",
                "ingress_submodules": false,
                "oauth_token_id": "",
                "tags_regex": ""
              }
            ],
            "working_directory": "workspaces/"
          },
          "sensitive_attributes": [],
          "private": "eyJzY2hlbWFfdmVyc2lvbiI6IjEifQ=="
        },
        {
          "index_key": 217,
          "schema_version": 1,
          "attributes": {
            "agent_pool_id": "",
            "allow_destroy_plan": true,
            "assessments_enabled": false,
            "auto_apply": true,
            "description": "",
            "execution_mode": "remote",
            "file_triggers_enabled": true,
            "force_delete": true,
            "global_remote_state": false,
            "html_url": "https://app.terraform.io/app/hashi_strawb_testing/workspaces/many-workspace-test-0217",
            "id": "ws-LmCrLEutotsfXap4",
            "name": "many-workspace-test-0217",
            "operations": true,
            "organization": "hashi_strawb_testing",
            "project_id": "prj-8rNEinGacXMAwCr4",
            "queue_all_runs": true,
            "remote_state_consumer_ids": [],
            "resource_count": 0,
            "source_name": "",
            "source_url": "",
            "speculative_enabled": true,
            "ssh_key_id": "",
            "structured_run_output_enabled": true,
            "tag_names": [],
            "terraform_version": "1.6.2",
            "trigger_patterns": [],
            "trigger_prefixes": [
              "/modules"
            ],
            "vcs_repo": [
              {
                "branch": "",
                "github_app_installation_id": "ghain-3JcBMQW48TPfPn4f",
                "identifier": "hashi-strawb/tfc-big-monorepo-test",
                "ingress_submodules": false,
                "oauth_token_id": "",
                "tags_regex": ""
              }
            ],
            "working_directory": "workspaces/"
          },
          "sensitive_attributes": [],
          "private": "eyJzY2hlbWFfdmVyc2lvbiI6IjEifQ=="
        },
        {
          "index_key": 218,
          "schema_version": 1,
          "attributes": {
            "agent_pool_id": "",
            "allow_destroy_plan": true,
            "assessments_enabled": false,
            "auto_apply": true,
            "description": "",
            "execution_mode": "remote",
            "file_triggers_enabled": true,
            "force_delete": true,
            "global_remote_state": false,
            "html_url": "https://app.terraform.io/app/hashi_strawb_testing/workspaces/many-workspace-test-0218",
            "id": "ws-FNhBcm3KNDMqAawi",
            "name": "many-workspace-test-0218",
            "operations": true,
            "organization": "hashi_strawb_testing",
            "project_id": "prj-8rNEinGacXMAwCr4",
            "queue_all_runs": true,
            "remote_state_consumer_ids": [],
            "resource_count": 0,
            "source_name": "",
            "source_url": "",
            "speculative_enabled": true,
            "ssh_key_id": "",
            "structured_run_output_enabled": true,
            "tag_names": [],
            "terraform_version": "1.6.2",
            "trigger_patterns": [],
            "trigger_prefixes": [
              "/modules"
            ],
            "vcs_repo": [
              {
                "branch": "",
                "github_app_installation_id": "ghain-3JcBMQW48TPfPn4f",
                "identifier": "hashi-strawb/tfc-big-monorepo-test",
                "ingress_submodules": false,
                "oauth_token_id": "",
                "tags_regex": ""
              }
            ],
            "working_directory": "workspaces/"
          },
          "sensitive_attributes": [],
          "private": "eyJzY2hlbWFfdmVyc2lvbiI6IjEifQ=="
        },
        {
          "index_key": 219,
          "schema_version": 1,
          "attributes": {
            "agent_pool_id": "",
            "allow_destroy_plan": true,
            "assessments_enabled": false,
            "auto_apply": true,
            "description": "",
            "execution_mode": "remote",
            "file_triggers_enabled": true,
            "force_delete": true,
            "global_remote_state": false,
            "html_url": "https://app.terraform.io/app/hashi_strawb_testing/workspaces/many-workspace-test-0219",
            "id": "ws-Ct5h8nM4GKYy9W8Y",
            "name": "many-workspace-test-0219",
            "operations": true,
            "organization": "hashi_strawb_testing",
            "project_id": "prj-8rNEinGacXMAwCr4",
            "queue_all_runs": true,
            "remote_state_consumer_ids": [],
            "resource_count": 1,
            "source_name": "",
            "source_url": "",
            "speculative_enabled": true,
            "ssh_key_id": "",
            "structured_run_output_enabled": true,
            "tag_names": [],
            "terraform_version": "1.6.2",
            "trigger_patterns": [],
            "trigger_prefixes": [
              "/modules"
            ],
            "vcs_repo": [
              {
                "branch": "",
                "github_app_installation_id": "ghain-3JcBMQW48TPfPn4f",
                "identifier": "hashi-strawb/tfc-big-monorepo-test",
                "ingress_submodules": false,
                "oauth_token_id": "",
                "tags_regex": ""
              }
            ],
            "working_directory": "workspaces/"
          },
          "sensitive_attributes": [],
          "private": "eyJzY2hlbWFfdmVyc2lvbiI6IjEifQ=="
        },
        {
          "index_key": 220,
          "schema_version": 1,
          "attributes": {
            "agent_pool_id": "",
            "allow_destroy_plan": true,
            "assessments_enabled": false,
            "auto_apply": true,
            "description": "",
            "execution_mode": "remote",
            "file_triggers_enabled": true,
            "force_delete": true,
            "global_remote_state": false,
            "html_url": "https://app.terraform.io/app/hashi_strawb_testing/workspaces/many-workspace-test-0220",
            "id": "ws-eUi4EFcpfp6uUgtk",
            "name": "many-workspace-test-0220",
            "operations": true,
            "organization": "hashi_strawb_testing",
            "project_id": "prj-8rNEinGacXMAwCr4",
            "queue_all_runs": true,
            "remote_state_consumer_ids": [],
            "resource_count": 0,
            "source_name": "",
            "source_url": "",
            "speculative_enabled": true,
            "ssh_key_id": "",
            "structured_run_output_enabled": true,
            "tag_names": [],
            "terraform_version": "1.6.2",
            "trigger_patterns": [],
            "trigger_prefixes": [
              "/modules"
            ],
            "vcs_repo": [
              {
                "branch": "",
                "github_app_installation_id": "ghain-3JcBMQW48TPfPn4f",
                "identifier": "hashi-strawb/tfc-big-monorepo-test",
                "ingress_submodules": false,
                "oauth_token_id": "",
                "tags_regex": ""
              }
            ],
            "working_directory": "workspaces/"
          },
          "sensitive_attributes": [],
          "private": "eyJzY2hlbWFfdmVyc2lvbiI6IjEifQ=="
        },
        {
          "index_key": 221,
          "schema_version": 1,
          "attributes": {
            "agent_pool_id": "",
            "allow_destroy_plan": true,
            "assessments_enabled": false,
            "auto_apply": true,
            "description": "",
            "execution_mode": "remote",
            "file_triggers_enabled": true,
            "force_delete": true,
            "global_remote_state": false,
            "html_url": "https://app.terraform.io/app/hashi_strawb_testing/workspaces/many-workspace-test-0221",
            "id": "ws-MkAGohM3FMcjRfzt",
            "name": "many-workspace-test-0221",
            "operations": true,
            "organization": "hashi_strawb_testing",
            "project_id": "prj-8rNEinGacXMAwCr4",
            "queue_all_runs": true,
            "remote_state_consumer_ids": [],
            "resource_count": 0,
            "source_name": "",
            "source_url": "",
            "speculative_enabled": true,
            "ssh_key_id": "",
            "structured_run_output_enabled": true,
            "tag_names": [],
            "terraform_version": "1.6.2",
            "trigger_patterns": [],
            "trigger_prefixes": [
              "/modules"
            ],
            "vcs_repo": [
              {
                "branch": "",
                "github_app_installation_id": "ghain-3JcBMQW48TPfPn4f",
                "identifier": "hashi-strawb/tfc-big-monorepo-test",
                "ingress_submodules": false,
                "oauth_token_id": "",
                "tags_regex": ""
              }
            ],
            "working_directory": "workspaces/"
          },
          "sensitive_attributes": [],
          "private": "eyJzY2hlbWFfdmVyc2lvbiI6IjEifQ=="
        },
        {
          "index_key": 222,
          "schema_version": 1,
          "attributes": {
            "agent_pool_id": "",
            "allow_destroy_plan": true,
            "assessments_enabled": false,
            "auto_apply": true,
            "description": "",
            "execution_mode": "remote",
            "file_triggers_enabled": true,
            "force_delete": true,
            "global_remote_state": false,
            "html_url": "https://app.terraform.io/app/hashi_strawb_testing/workspaces/many-workspace-test-0222",
            "id": "ws-58bqFFTKeZw5Jrbu",
            "name": "many-workspace-test-0222",
            "operations": true,
            "organization": "hashi_strawb_testing",
            "project_id": "prj-8rNEinGacXMAwCr4",
            "queue_all_runs": true,
            "remote_state_consumer_ids": [],
            "resource_count": 1,
            "source_name": "",
            "source_url": "",
            "speculative_enabled": true,
            "ssh_key_id": "",
            "structured_run_output_enabled": true,
            "tag_names": [],
            "terraform_version": "1.6.2",
            "trigger_patterns": [],
            "trigger_prefixes": [
              "/modules"
            ],
            "vcs_repo": [
              {
                "branch": "",
                "github_app_installation_id": "ghain-3JcBMQW48TPfPn4f",
                "identifier": "hashi-strawb/tfc-big-monorepo-test",
                "ingress_submodules": false,
                "oauth_token_id": "",
                "tags_regex": ""
              }
            ],
            "working_directory": "workspaces/"
          },
          "sensitive_attributes": [],
          "private": "eyJzY2hlbWFfdmVyc2lvbiI6IjEifQ=="
        },
        {
          "index_key": 223,
          "schema_version": 1,
          "attributes": {
            "agent_pool_id": "",
            "allow_destroy_plan": true,
            "assessments_enabled": false,
            "auto_apply": true,
            "description": "",
            "execution_mode": "remote",
            "file_triggers_enabled": true,
            "force_delete": true,
            "global_remote_state": false,
            "html_url": "https://app.terraform.io/app/hashi_strawb_testing/workspaces/many-workspace-test-0223",
            "id": "ws-TmewuMgibZyXp8zU",
            "name": "many-workspace-test-0223",
            "operations": true,
            "organization": "hashi_strawb_testing",
            "project_id": "prj-8rNEinGacXMAwCr4",
            "queue_all_runs": true,
            "remote_state_consumer_ids": [],
            "resource_count": 1,
            "source_name": "",
            "source_url": "",
            "speculative_enabled": true,
            "ssh_key_id": "",
            "structured_run_output_enabled": true,
            "tag_names": [],
            "terraform_version": "1.6.2",
            "trigger_patterns": [],
            "trigger_prefixes": [
              "/modules"
            ],
            "vcs_repo": [
              {
                "branch": "",
                "github_app_installation_id": "ghain-3JcBMQW48TPfPn4f",
                "identifier": "hashi-strawb/tfc-big-monorepo-test",
                "ingress_submodules": false,
                "oauth_token_id": "",
                "tags_regex": ""
              }
            ],
            "working_directory": "workspaces/"
          },
          "sensitive_attributes": [],
          "private": "eyJzY2hlbWFfdmVyc2lvbiI6IjEifQ=="
        },
        {
          "index_key": 224,
          "schema_version": 1,
          "attributes": {
            "agent_pool_id": "",
            "allow_destroy_plan": true,
            "assessments_enabled": false,
            "auto_apply": true,
            "description": "",
            "execution_mode": "remote",
            "file_triggers_enabled": true,
            "force_delete": true,
            "global_remote_state": false,
            "html_url": "https://app.terraform.io/app/hashi_strawb_testing/workspaces/many-workspace-test-0224",
            "id": "ws-QGTBCYScX3Te11Mz",
            "name": "many-workspace-test-0224",
            "operations": true,
            "organization": "hashi_strawb_testing",
            "project_id": "prj-8rNEinGacXMAwCr4",
            "queue_all_runs": true,
            "remote_state_consumer_ids": [],
            "resource_count": 0,
            "source_name": "",
            "source_url": "",
            "speculative_enabled": true,
            "ssh_key_id": "",
            "structured_run_output_enabled": true,
            "tag_names": [],
            "terraform_version": "1.6.2",
            "trigger_patterns": [],
            "trigger_prefixes": [
              "/modules"
            ],
            "vcs_repo": [
              {
                "branch": "",
                "github_app_installation_id": "ghain-3JcBMQW48TPfPn4f",
                "identifier": "hashi-strawb/tfc-big-monorepo-test",
                "ingress_submodules": false,
                "oauth_token_id": "",
                "tags_regex": ""
              }
            ],
            "working_directory": "workspaces/"
          },
          "sensitive_attributes": [],
          "private": "eyJzY2hlbWFfdmVyc2lvbiI6IjEifQ=="
        },
        {
          "index_key": 225,
          "schema_version": 1,
          "attributes": {
            "agent_pool_id": "",
            "allow_destroy_plan": true,
            "assessments_enabled": false,
            "auto_apply": true,
            "description": "",
            "execution_mode": "remote",
            "file_triggers_enabled": true,
            "force_delete": true,
            "global_remote_state": false,
            "html_url": "https://app.terraform.io/app/hashi_strawb_testing/workspaces/many-workspace-test-0225",
            "id": "ws-a1yKhtPGZ8qPwpuF",
            "name": "many-workspace-test-0225",
            "operations": true,
            "organization": "hashi_strawb_testing",
            "project_id": "prj-8rNEinGacXMAwCr4",
            "queue_all_runs": true,
            "remote_state_consumer_ids": [],
            "resource_count": 1,
            "source_name": "",
            "source_url": "",
            "speculative_enabled": true,
            "ssh_key_id": "",
            "structured_run_output_enabled": true,
            "tag_names": [],
            "terraform_version": "1.6.2",
            "trigger_patterns": [],
            "trigger_prefixes": [
              "/modules"
            ],
            "vcs_repo": [
              {
                "branch": "",
                "github_app_installation_id": "ghain-3JcBMQW48TPfPn4f",
                "identifier": "hashi-strawb/tfc-big-monorepo-test",
                "ingress_submodules": false,
                "oauth_token_id": "",
                "tags_regex": ""
              }
            ],
            "working_directory": "workspaces/"
          },
          "sensitive_attributes": [],
          "private": "eyJzY2hlbWFfdmVyc2lvbiI6IjEifQ=="
        },
        {
          "index_key": 226,
          "schema_version": 1,
          "attributes": {
            "agent_pool_id": "",
            "allow_destroy_plan": true,
            "assessments_enabled": false,
            "auto_apply": true,
            "description": "",
            "execution_mode": "remote",
            "file_triggers_enabled": true,
            "force_delete": true,
            "global_remote_state": false,
            "html_url": "https://app.terraform.io/app/hashi_strawb_testing/workspaces/many-workspace-test-0226",
            "id": "ws-crSrUQUeuqHiiK46",
            "name": "many-workspace-test-0226",
            "operations": true,
            "organization": "hashi_strawb_testing",
            "project_id": "prj-8rNEinGacXMAwCr4",
            "queue_all_runs": true,
            "remote_state_consumer_ids": [],
            "resource_count": 0,
            "source_name": "",
            "source_url": "",
            "speculative_enabled": true,
            "ssh_key_id": "",
            "structured_run_output_enabled": true,
            "tag_names": [],
            "terraform_version": "1.6.2",
            "trigger_patterns": [],
            "trigger_prefixes": [
              "/modules"
            ],
            "vcs_repo": [
              {
                "branch": "",
                "github_app_installation_id": "ghain-3JcBMQW48TPfPn4f",
                "identifier": "hashi-strawb/tfc-big-monorepo-test",
                "ingress_submodules": false,
                "oauth_token_id": "",
                "tags_regex": ""
              }
            ],
            "working_directory": "workspaces/"
          },
          "sensitive_attributes": [],
          "private": "eyJzY2hlbWFfdmVyc2lvbiI6IjEifQ=="
        },
        {
          "index_key": 227,
          "schema_version": 1,
          "attributes": {
            "agent_pool_id": "",
            "allow_destroy_plan": true,
            "assessments_enabled": false,
            "auto_apply": true,
            "description": "",
            "execution_mode": "remote",
            "file_triggers_enabled": true,
            "force_delete": true,
            "global_remote_state": false,
            "html_url": "https://app.terraform.io/app/hashi_strawb_testing/workspaces/many-workspace-test-0227",
            "id": "ws-3EuEEVts6WNNULsM",
            "name": "many-workspace-test-0227",
            "operations": true,
            "organization": "hashi_strawb_testing",
            "project_id": "prj-8rNEinGacXMAwCr4",
            "queue_all_runs": true,
            "remote_state_consumer_ids": [],
            "resource_count": 1,
            "source_name": "",
            "source_url": "",
            "speculative_enabled": true,
            "ssh_key_id": "",
            "structured_run_output_enabled": true,
            "tag_names": [],
            "terraform_version": "1.6.2",
            "trigger_patterns": [],
            "trigger_prefixes": [
              "/modules"
            ],
            "vcs_repo": [
              {
                "branch": "",
                "github_app_installation_id": "ghain-3JcBMQW48TPfPn4f",
                "identifier": "hashi-strawb/tfc-big-monorepo-test",
                "ingress_submodules": false,
                "oauth_token_id": "",
                "tags_regex": ""
              }
            ],
            "working_directory": "workspaces/"
          },
          "sensitive_attributes": [],
          "private": "eyJzY2hlbWFfdmVyc2lvbiI6IjEifQ=="
        },
        {
          "index_key": 228,
          "schema_version": 1,
          "attributes": {
            "agent_pool_id": "",
            "allow_destroy_plan": true,
            "assessments_enabled": false,
            "auto_apply": true,
            "description": "",
            "execution_mode": "remote",
            "file_triggers_enabled": true,
            "force_delete": true,
            "global_remote_state": false,
            "html_url": "https://app.terraform.io/app/hashi_strawb_testing/workspaces/many-workspace-test-0228",
            "id": "ws-T4yDKX4mkRUyMMrY",
            "name": "many-workspace-test-0228",
            "operations": true,
            "organization": "hashi_strawb_testing",
            "project_id": "prj-8rNEinGacXMAwCr4",
            "queue_all_runs": true,
            "remote_state_consumer_ids": [],
            "resource_count": 0,
            "source_name": "",
            "source_url": "",
            "speculative_enabled": true,
            "ssh_key_id": "",
            "structured_run_output_enabled": true,
            "tag_names": [],
            "terraform_version": "1.6.2",
            "trigger_patterns": [],
            "trigger_prefixes": [
              "/modules"
            ],
            "vcs_repo": [
              {
                "branch": "",
                "github_app_installation_id": "ghain-3JcBMQW48TPfPn4f",
                "identifier": "hashi-strawb/tfc-big-monorepo-test",
                "ingress_submodules": false,
                "oauth_token_id": "",
                "tags_regex": ""
              }
            ],
            "working_directory": "workspaces/"
          },
          "sensitive_attributes": [],
          "private": "eyJzY2hlbWFfdmVyc2lvbiI6IjEifQ=="
        },
        {
          "index_key": 229,
          "schema_version": 1,
          "attributes": {
            "agent_pool_id": "",
            "allow_destroy_plan": true,
            "assessments_enabled": false,
            "auto_apply": true,
            "description": "",
            "execution_mode": "remote",
            "file_triggers_enabled": true,
            "force_delete": true,
            "global_remote_state": false,
            "html_url": "https://app.terraform.io/app/hashi_strawb_testing/workspaces/many-workspace-test-0229",
            "id": "ws-TxbSqQgxDruGvz3n",
            "name": "many-workspace-test-0229",
            "operations": true,
            "organization": "hashi_strawb_testing",
            "project_id": "prj-8rNEinGacXMAwCr4",
            "queue_all_runs": true,
            "remote_state_consumer_ids": [],
            "resource_count": 0,
            "source_name": "",
            "source_url": "",
            "speculative_enabled": true,
            "ssh_key_id": "",
            "structured_run_output_enabled": true,
            "tag_names": [],
            "terraform_version": "1.6.2",
            "trigger_patterns": [],
            "trigger_prefixes": [
              "/modules"
            ],
            "vcs_repo": [
              {
                "branch": "",
                "github_app_installation_id": "ghain-3JcBMQW48TPfPn4f",
                "identifier": "hashi-strawb/tfc-big-monorepo-test",
                "ingress_submodules": false,
                "oauth_token_id": "",
                "tags_regex": ""
              }
            ],
            "working_directory": "workspaces/"
          },
          "sensitive_attributes": [],
          "private": "eyJzY2hlbWFfdmVyc2lvbiI6IjEifQ=="
        },
        {
          "index_key": 230,
          "schema_version": 1,
          "attributes": {
            "agent_pool_id": "",
            "allow_destroy_plan": true,
            "assessments_enabled": false,
            "auto_apply": true,
            "description": "",
            "execution_mode": "remote",
            "file_triggers_enabled": true,
            "force_delete": true,
            "global_remote_state": false,
            "html_url": "https://app.terraform.io/app/hashi_strawb_testing/workspaces/many-workspace-test-0230",
            "id": "ws-jcgoUtAfBJqGfjfo",
            "name": "many-workspace-test-0230",
            "operations": true,
            "organization": "hashi_strawb_testing",
            "project_id": "prj-8rNEinGacXMAwCr4",
            "queue_all_runs": true,
            "remote_state_consumer_ids": [],
            "resource_count": 1,
            "source_name": "",
            "source_url": "",
            "speculative_enabled": true,
            "ssh_key_id": "",
            "structured_run_output_enabled": true,
            "tag_names": [],
            "terraform_version": "1.6.2",
            "trigger_patterns": [],
            "trigger_prefixes": [
              "/modules"
            ],
            "vcs_repo": [
              {
                "branch": "",
                "github_app_installation_id": "ghain-3JcBMQW48TPfPn4f",
                "identifier": "hashi-strawb/tfc-big-monorepo-test",
                "ingress_submodules": false,
                "oauth_token_id": "",
                "tags_regex": ""
              }
            ],
            "working_directory": "workspaces/"
          },
          "sensitive_attributes": [],
          "private": "eyJzY2hlbWFfdmVyc2lvbiI6IjEifQ=="
        },
        {
          "index_key": 231,
          "schema_version": 1,
          "attributes": {
            "agent_pool_id": "",
            "allow_destroy_plan": true,
            "assessments_enabled": false,
            "auto_apply": true,
            "description": "",
            "execution_mode": "remote",
            "file_triggers_enabled": true,
            "force_delete": true,
            "global_remote_state": false,
            "html_url": "https://app.terraform.io/app/hashi_strawb_testing/workspaces/many-workspace-test-0231",
            "id": "ws-RKgteqRb7R3thDuW",
            "name": "many-workspace-test-0231",
            "operations": true,
            "organization": "hashi_strawb_testing",
            "project_id": "prj-8rNEinGacXMAwCr4",
            "queue_all_runs": true,
            "remote_state_consumer_ids": [],
            "resource_count": 0,
            "source_name": "",
            "source_url": "",
            "speculative_enabled": true,
            "ssh_key_id": "",
            "structured_run_output_enabled": true,
            "tag_names": [],
            "terraform_version": "1.6.2",
            "trigger_patterns": [],
            "trigger_prefixes": [
              "/modules"
            ],
            "vcs_repo": [
              {
                "branch": "",
                "github_app_installation_id": "ghain-3JcBMQW48TPfPn4f",
                "identifier": "hashi-strawb/tfc-big-monorepo-test",
                "ingress_submodules": false,
                "oauth_token_id": "",
                "tags_regex": ""
              }
            ],
            "working_directory": "workspaces/"
          },
          "sensitive_attributes": [],
          "private": "eyJzY2hlbWFfdmVyc2lvbiI6IjEifQ=="
        },
        {
          "index_key": 232,
          "schema_version": 1,
          "attributes": {
            "agent_pool_id": "",
            "allow_destroy_plan": true,
            "assessments_enabled": false,
            "auto_apply": true,
            "description": "",
            "execution_mode": "remote",
            "file_triggers_enabled": true,
            "force_delete": true,
            "global_remote_state": false,
            "html_url": "https://app.terraform.io/app/hashi_strawb_testing/workspaces/many-workspace-test-0232",
            "id": "ws-MQHd7GdEY2Dqng4P",
            "name": "many-workspace-test-0232",
            "operations": true,
            "organization": "hashi_strawb_testing",
            "project_id": "prj-8rNEinGacXMAwCr4",
            "queue_all_runs": true,
            "remote_state_consumer_ids": [],
            "resource_count": 1,
            "source_name": "",
            "source_url": "",
            "speculative_enabled": true,
            "ssh_key_id": "",
            "structured_run_output_enabled": true,
            "tag_names": [],
            "terraform_version": "1.6.2",
            "trigger_patterns": [],
            "trigger_prefixes": [
              "/modules"
            ],
            "vcs_repo": [
              {
                "branch": "",
                "github_app_installation_id": "ghain-3JcBMQW48TPfPn4f",
                "identifier": "hashi-strawb/tfc-big-monorepo-test",
                "ingress_submodules": false,
                "oauth_token_id": "",
                "tags_regex": ""
              }
            ],
            "working_directory": "workspaces/"
          },
          "sensitive_attributes": [],
          "private": "eyJzY2hlbWFfdmVyc2lvbiI6IjEifQ=="
        },
        {
          "index_key": 233,
          "schema_version": 1,
          "attributes": {
            "agent_pool_id": "",
            "allow_destroy_plan": true,
            "assessments_enabled": false,
            "auto_apply": true,
            "description": "",
            "execution_mode": "remote",
            "file_triggers_enabled": true,
            "force_delete": true,
            "global_remote_state": false,
            "html_url": "https://app.terraform.io/app/hashi_strawb_testing/workspaces/many-workspace-test-0233",
            "id": "ws-kbrwiE2mWxYaa325",
            "name": "many-workspace-test-0233",
            "operations": true,
            "organization": "hashi_strawb_testing",
            "project_id": "prj-8rNEinGacXMAwCr4",
            "queue_all_runs": true,
            "remote_state_consumer_ids": [],
            "resource_count": 0,
            "source_name": "",
            "source_url": "",
            "speculative_enabled": true,
            "ssh_key_id": "",
            "structured_run_output_enabled": true,
            "tag_names": [],
            "terraform_version": "1.6.2",
            "trigger_patterns": [],
            "trigger_prefixes": [
              "/modules"
            ],
            "vcs_repo": [
              {
                "branch": "",
                "github_app_installation_id": "ghain-3JcBMQW48TPfPn4f",
                "identifier": "hashi-strawb/tfc-big-monorepo-test",
                "ingress_submodules": false,
                "oauth_token_id": "",
                "tags_regex": ""
              }
            ],
            "working_directory": "workspaces/"
          },
          "sensitive_attributes": [],
          "private": "eyJzY2hlbWFfdmVyc2lvbiI6IjEifQ=="
        },
        {
          "index_key": 234,
          "schema_version": 1,
          "attributes": {
            "agent_pool_id": "",
            "allow_destroy_plan": true,
            "assessments_enabled": false,
            "auto_apply": true,
            "description": "",
            "execution_mode": "remote",
            "file_triggers_enabled": true,
            "force_delete": true,
            "global_remote_state": false,
            "html_url": "https://app.terraform.io/app/hashi_strawb_testing/workspaces/many-workspace-test-0234",
            "id": "ws-VETPvdmpSbAgNAJz",
            "name": "many-workspace-test-0234",
            "operations": true,
            "organization": "hashi_strawb_testing",
            "project_id": "prj-8rNEinGacXMAwCr4",
            "queue_all_runs": true,
            "remote_state_consumer_ids": [],
            "resource_count": 0,
            "source_name": "",
            "source_url": "",
            "speculative_enabled": true,
            "ssh_key_id": "",
            "structured_run_output_enabled": true,
            "tag_names": [],
            "terraform_version": "1.6.2",
            "trigger_patterns": [],
            "trigger_prefixes": [
              "/modules"
            ],
            "vcs_repo": [
              {
                "branch": "",
                "github_app_installation_id": "ghain-3JcBMQW48TPfPn4f",
                "identifier": "hashi-strawb/tfc-big-monorepo-test",
                "ingress_submodules": false,
                "oauth_token_id": "",
                "tags_regex": ""
              }
            ],
            "working_directory": "workspaces/"
          },
          "sensitive_attributes": [],
          "private": "eyJzY2hlbWFfdmVyc2lvbiI6IjEifQ=="
        },
        {
          "index_key": 235,
          "schema_version": 1,
          "attributes": {
            "agent_pool_id": "",
            "allow_destroy_plan": true,
            "assessments_enabled": false,
            "auto_apply": true,
            "description": "",
            "execution_mode": "remote",
            "file_triggers_enabled": true,
            "force_delete": true,
            "global_remote_state": false,
            "html_url": "https://app.terraform.io/app/hashi_strawb_testing/workspaces/many-workspace-test-0235",
            "id": "ws-VvbpUT8syWNt2wbU",
            "name": "many-workspace-test-0235",
            "operations": true,
            "organization": "hashi_strawb_testing",
            "project_id": "prj-8rNEinGacXMAwCr4",
            "queue_all_runs": true,
            "remote_state_consumer_ids": [],
            "resource_count": 1,
            "source_name": "",
            "source_url": "",
            "speculative_enabled": true,
            "ssh_key_id": "",
            "structured_run_output_enabled": true,
            "tag_names": [],
            "terraform_version": "1.6.2",
            "trigger_patterns": [],
            "trigger_prefixes": [
              "/modules"
            ],
            "vcs_repo": [
              {
                "branch": "",
                "github_app_installation_id": "ghain-3JcBMQW48TPfPn4f",
                "identifier": "hashi-strawb/tfc-big-monorepo-test",
                "ingress_submodules": false,
                "oauth_token_id": "",
                "tags_regex": ""
              }
            ],
            "working_directory": "workspaces/"
          },
          "sensitive_attributes": [],
          "private": "eyJzY2hlbWFfdmVyc2lvbiI6IjEifQ=="
        },
        {
          "index_key": 236,
          "schema_version": 1,
          "attributes": {
            "agent_pool_id": "",
            "allow_destroy_plan": true,
            "assessments_enabled": false,
            "auto_apply": true,
            "description": "",
            "execution_mode": "remote",
            "file_triggers_enabled": true,
            "force_delete": true,
            "global_remote_state": false,
            "html_url": "https://app.terraform.io/app/hashi_strawb_testing/workspaces/many-workspace-test-0236",
            "id": "ws-3Zq8LPC4AKTwug7D",
            "name": "many-workspace-test-0236",
            "operations": true,
            "organization": "hashi_strawb_testing",
            "project_id": "prj-8rNEinGacXMAwCr4",
            "queue_all_runs": true,
            "remote_state_consumer_ids": [],
            "resource_count": 1,
            "source_name": "",
            "source_url": "",
            "speculative_enabled": true,
            "ssh_key_id": "",
            "structured_run_output_enabled": true,
            "tag_names": [],
            "terraform_version": "1.6.2",
            "trigger_patterns": [],
            "trigger_prefixes": [
              "/modules"
            ],
            "vcs_repo": [
              {
                "branch": "",
                "github_app_installation_id": "ghain-3JcBMQW48TPfPn4f",
                "identifier": "hashi-strawb/tfc-big-monorepo-test",
                "ingress_submodules": false,
                "oauth_token_id": "",
                "tags_regex": ""
              }
            ],
            "working_directory": "workspaces/"
          },
          "sensitive_attributes": [],
          "private": "eyJzY2hlbWFfdmVyc2lvbiI6IjEifQ=="
        },
        {
          "index_key": 237,
          "schema_version": 1,
          "attributes": {
            "agent_pool_id": "",
            "allow_destroy_plan": true,
            "assessments_enabled": false,
            "auto_apply": true,
            "description": "",
            "execution_mode": "remote",
            "file_triggers_enabled": true,
            "force_delete": true,
            "global_remote_state": false,
            "html_url": "https://app.terraform.io/app/hashi_strawb_testing/workspaces/many-workspace-test-0237",
            "id": "ws-DD2MCjzJ4br8YWn7",
            "name": "many-workspace-test-0237",
            "operations": true,
            "organization": "hashi_strawb_testing",
            "project_id": "prj-8rNEinGacXMAwCr4",
            "queue_all_runs": true,
            "remote_state_consumer_ids": [],
            "resource_count": 0,
            "source_name": "",
            "source_url": "",
            "speculative_enabled": true,
            "ssh_key_id": "",
            "structured_run_output_enabled": true,
            "tag_names": [],
            "terraform_version": "1.6.2",
            "trigger_patterns": [],
            "trigger_prefixes": [
              "/modules"
            ],
            "vcs_repo": [
              {
                "branch": "",
                "github_app_installation_id": "ghain-3JcBMQW48TPfPn4f",
                "identifier": "hashi-strawb/tfc-big-monorepo-test",
                "ingress_submodules": false,
                "oauth_token_id": "",
                "tags_regex": ""
              }
            ],
            "working_directory": "workspaces/"
          },
          "sensitive_attributes": [],
          "private": "eyJzY2hlbWFfdmVyc2lvbiI6IjEifQ=="
        },
        {
          "index_key": 238,
          "schema_version": 1,
          "attributes": {
            "agent_pool_id": "",
            "allow_destroy_plan": true,
            "assessments_enabled": false,
            "auto_apply": true,
            "description": "",
            "execution_mode": "remote",
            "file_triggers_enabled": true,
            "force_delete": true,
            "global_remote_state": false,
            "html_url": "https://app.terraform.io/app/hashi_strawb_testing/workspaces/many-workspace-test-0238",
            "id": "ws-SfvfVyDRJ4Dkb2Mt",
            "name": "many-workspace-test-0238",
            "operations": true,
            "organization": "hashi_strawb_testing",
            "project_id": "prj-8rNEinGacXMAwCr4",
            "queue_all_runs": true,
            "remote_state_consumer_ids": [],
            "resource_count": 0,
            "source_name": "",
            "source_url": "",
            "speculative_enabled": true,
            "ssh_key_id": "",
            "structured_run_output_enabled": true,
            "tag_names": [],
            "terraform_version": "1.6.2",
            "trigger_patterns": [],
            "trigger_prefixes": [
              "/modules"
            ],
            "vcs_repo": [
              {
                "branch": "",
                "github_app_installation_id": "ghain-3JcBMQW48TPfPn4f",
                "identifier": "hashi-strawb/tfc-big-monorepo-test",
                "ingress_submodules": false,
                "oauth_token_id": "",
                "tags_regex": ""
              }
            ],
            "working_directory": "workspaces/"
          },
          "sensitive_attributes": [],
          "private": "eyJzY2hlbWFfdmVyc2lvbiI6IjEifQ=="
        },
        {
          "index_key": 239,
          "schema_version": 1,
          "attributes": {
            "agent_pool_id": "",
            "allow_destroy_plan": true,
            "assessments_enabled": false,
            "auto_apply": true,
            "description": "",
            "execution_mode": "remote",
            "file_triggers_enabled": true,
            "force_delete": true,
            "global_remote_state": false,
            "html_url": "https://app.terraform.io/app/hashi_strawb_testing/workspaces/many-workspace-test-0239",
            "id": "ws-2uNtMvGUgMKctBUt",
            "name": "many-workspace-test-0239",
            "operations": true,
            "organization": "hashi_strawb_testing",
            "project_id": "prj-8rNEinGacXMAwCr4",
            "queue_all_runs": true,
            "remote_state_consumer_ids": [],
            "resource_count": 0,
            "source_name": "",
            "source_url": "",
            "speculative_enabled": true,
            "ssh_key_id": "",
            "structured_run_output_enabled": true,
            "tag_names": [],
            "terraform_version": "1.6.2",
            "trigger_patterns": [],
            "trigger_prefixes": [
              "/modules"
            ],
            "vcs_repo": [
              {
                "branch": "",
                "github_app_installation_id": "ghain-3JcBMQW48TPfPn4f",
                "identifier": "hashi-strawb/tfc-big-monorepo-test",
                "ingress_submodules": false,
                "oauth_token_id": "",
                "tags_regex": ""
              }
            ],
            "working_directory": "workspaces/"
          },
          "sensitive_attributes": [],
          "private": "eyJzY2hlbWFfdmVyc2lvbiI6IjEifQ=="
        },
        {
          "index_key": 240,
          "schema_version": 1,
          "attributes": {
            "agent_pool_id": "",
            "allow_destroy_plan": true,
            "assessments_enabled": false,
            "auto_apply": true,
            "description": "",
            "execution_mode": "remote",
            "file_triggers_enabled": true,
            "force_delete": true,
            "global_remote_state": false,
            "html_url": "https://app.terraform.io/app/hashi_strawb_testing/workspaces/many-workspace-test-0240",
            "id": "ws-XrS1Uu3WnN85X2RB",
            "name": "many-workspace-test-0240",
            "operations": true,
            "organization": "hashi_strawb_testing",
            "project_id": "prj-8rNEinGacXMAwCr4",
            "queue_all_runs": true,
            "remote_state_consumer_ids": [],
            "resource_count": 1,
            "source_name": "",
            "source_url": "",
            "speculative_enabled": true,
            "ssh_key_id": "",
            "structured_run_output_enabled": true,
            "tag_names": [],
            "terraform_version": "1.6.2",
            "trigger_patterns": [],
            "trigger_prefixes": [
              "/modules"
            ],
            "vcs_repo": [
              {
                "branch": "",
                "github_app_installation_id": "ghain-3JcBMQW48TPfPn4f",
                "identifier": "hashi-strawb/tfc-big-monorepo-test",
                "ingress_submodules": false,
                "oauth_token_id": "",
                "tags_regex": ""
              }
            ],
            "working_directory": "workspaces/"
          },
          "sensitive_attributes": [],
          "private": "eyJzY2hlbWFfdmVyc2lvbiI6IjEifQ=="
        },
        {
          "index_key": 241,
          "schema_version": 1,
          "attributes": {
            "agent_pool_id": "",
            "allow_destroy_plan": true,
            "assessments_enabled": false,
            "auto_apply": true,
            "description": "",
            "execution_mode": "remote",
            "file_triggers_enabled": true,
            "force_delete": true,
            "global_remote_state": false,
            "html_url": "https://app.terraform.io/app/hashi_strawb_testing/workspaces/many-workspace-test-0241",
            "id": "ws-aBk8eDz46pN7jWLu",
            "name": "many-workspace-test-0241",
            "operations": true,
            "organization": "hashi_strawb_testing",
            "project_id": "prj-8rNEinGacXMAwCr4",
            "queue_all_runs": true,
            "remote_state_consumer_ids": [],
            "resource_count": 0,
            "source_name": "",
            "source_url": "",
            "speculative_enabled": true,
            "ssh_key_id": "",
            "structured_run_output_enabled": true,
            "tag_names": [],
            "terraform_version": "1.6.2",
            "trigger_patterns": [],
            "trigger_prefixes": [
              "/modules"
            ],
            "vcs_repo": [
              {
                "branch": "",
                "github_app_installation_id": "ghain-3JcBMQW48TPfPn4f",
                "identifier": "hashi-strawb/tfc-big-monorepo-test",
                "ingress_submodules": false,
                "oauth_token_id": "",
                "tags_regex": ""
              }
            ],
            "working_directory": "workspaces/"
          },
          "sensitive_attributes": [],
          "private": "eyJzY2hlbWFfdmVyc2lvbiI6IjEifQ=="
        },
        {
          "index_key": 242,
          "schema_version": 1,
          "attributes": {
            "agent_pool_id": "",
            "allow_destroy_plan": true,
            "assessments_enabled": false,
            "auto_apply": true,
            "description": "",
            "execution_mode": "remote",
            "file_triggers_enabled": true,
            "force_delete": true,
            "global_remote_state": false,
            "html_url": "https://app.terraform.io/app/hashi_strawb_testing/workspaces/many-workspace-test-0242",
            "id": "ws-KUvSazYj5sK2Y4MZ",
            "name": "many-workspace-test-0242",
            "operations": true,
            "organization": "hashi_strawb_testing",
            "project_id": "prj-8rNEinGacXMAwCr4",
            "queue_all_runs": true,
            "remote_state_consumer_ids": [],
            "resource_count": 1,
            "source_name": "",
            "source_url": "",
            "speculative_enabled": true,
            "ssh_key_id": "",
            "structured_run_output_enabled": true,
            "tag_names": [],
            "terraform_version": "1.6.2",
            "trigger_patterns": [],
            "trigger_prefixes": [
              "/modules"
            ],
            "vcs_repo": [
              {
                "branch": "",
                "github_app_installation_id": "ghain-3JcBMQW48TPfPn4f",
                "identifier": "hashi-strawb/tfc-big-monorepo-test",
                "ingress_submodules": false,
                "oauth_token_id": "",
                "tags_regex": ""
              }
            ],
            "working_directory": "workspaces/"
          },
          "sensitive_attributes": [],
          "private": "eyJzY2hlbWFfdmVyc2lvbiI6IjEifQ=="
        },
        {
          "index_key": 243,
          "schema_version": 1,
          "attributes": {
            "agent_pool_id": "",
            "allow_destroy_plan": true,
            "assessments_enabled": false,
            "auto_apply": true,
            "description": "",
            "execution_mode": "remote",
            "file_triggers_enabled": true,
            "force_delete": true,
            "global_remote_state": false,
            "html_url": "https://app.terraform.io/app/hashi_strawb_testing/workspaces/many-workspace-test-0243",
            "id": "ws-wnBbhB2bHfhMcZEv",
            "name": "many-workspace-test-0243",
            "operations": true,
            "organization": "hashi_strawb_testing",
            "project_id": "prj-8rNEinGacXMAwCr4",
            "queue_all_runs": true,
            "remote_state_consumer_ids": [],
            "resource_count": 0,
            "source_name": "",
            "source_url": "",
            "speculative_enabled": true,
            "ssh_key_id": "",
            "structured_run_output_enabled": true,
            "tag_names": [],
            "terraform_version": "1.6.2",
            "trigger_patterns": [],
            "trigger_prefixes": [
              "/modules"
            ],
            "vcs_repo": [
              {
                "branch": "",
                "github_app_installation_id": "ghain-3JcBMQW48TPfPn4f",
                "identifier": "hashi-strawb/tfc-big-monorepo-test",
                "ingress_submodules": false,
                "oauth_token_id": "",
                "tags_regex": ""
              }
            ],
            "working_directory": "workspaces/"
          },
          "sensitive_attributes": [],
          "private": "eyJzY2hlbWFfdmVyc2lvbiI6IjEifQ=="
        },
        {
          "index_key": 244,
          "schema_version": 1,
          "attributes": {
            "agent_pool_id": "",
            "allow_destroy_plan": true,
            "assessments_enabled": false,
            "auto_apply": true,
            "description": "",
            "execution_mode": "remote",
            "file_triggers_enabled": true,
            "force_delete": true,
            "global_remote_state": false,
            "html_url": "https://app.terraform.io/app/hashi_strawb_testing/workspaces/many-workspace-test-0244",
            "id": "ws-tYzcWZ3bB6YtMNk2",
            "name": "many-workspace-test-0244",
            "operations": true,
            "organization": "hashi_strawb_testing",
            "project_id": "prj-8rNEinGacXMAwCr4",
            "queue_all_runs": true,
            "remote_state_consumer_ids": [],
            "resource_count": 1,
            "source_name": "",
            "source_url": "",
            "speculative_enabled": true,
            "ssh_key_id": "",
            "structured_run_output_enabled": true,
            "tag_names": [],
            "terraform_version": "1.6.2",
            "trigger_patterns": [],
            "trigger_prefixes": [
              "/modules"
            ],
            "vcs_repo": [
              {
                "branch": "",
                "github_app_installation_id": "ghain-3JcBMQW48TPfPn4f",
                "identifier": "hashi-strawb/tfc-big-monorepo-test",
                "ingress_submodules": false,
                "oauth_token_id": "",
                "tags_regex": ""
              }
            ],
            "working_directory": "workspaces/"
          },
          "sensitive_attributes": [],
          "private": "eyJzY2hlbWFfdmVyc2lvbiI6IjEifQ=="
        },
        {
          "index_key": 245,
          "schema_version": 1,
          "attributes": {
            "agent_pool_id": "",
            "allow_destroy_plan": true,
            "assessments_enabled": false,
            "auto_apply": true,
            "description": "",
            "execution_mode": "remote",
            "file_triggers_enabled": true,
            "force_delete": true,
            "global_remote_state": false,
            "html_url": "https://app.terraform.io/app/hashi_strawb_testing/workspaces/many-workspace-test-0245",
            "id": "ws-GE2RKDLNY6rAFnwt",
            "name": "many-workspace-test-0245",
            "operations": true,
            "organization": "hashi_strawb_testing",
            "project_id": "prj-8rNEinGacXMAwCr4",
            "queue_all_runs": true,
            "remote_state_consumer_ids": [],
            "resource_count": 0,
            "source_name": "",
            "source_url": "",
            "speculative_enabled": true,
            "ssh_key_id": "",
            "structured_run_output_enabled": true,
            "tag_names": [],
            "terraform_version": "1.6.2",
            "trigger_patterns": [],
            "trigger_prefixes": [
              "/modules"
            ],
            "vcs_repo": [
              {
                "branch": "",
                "github_app_installation_id": "ghain-3JcBMQW48TPfPn4f",
                "identifier": "hashi-strawb/tfc-big-monorepo-test",
                "ingress_submodules": false,
                "oauth_token_id": "",
                "tags_regex": ""
              }
            ],
            "working_directory": "workspaces/"
          },
          "sensitive_attributes": [],
          "private": "eyJzY2hlbWFfdmVyc2lvbiI6IjEifQ=="
        },
        {
          "index_key": 246,
          "schema_version": 1,
          "attributes": {
            "agent_pool_id": "",
            "allow_destroy_plan": true,
            "assessments_enabled": false,
            "auto_apply": true,
            "description": "",
            "execution_mode": "remote",
            "file_triggers_enabled": true,
            "force_delete": true,
            "global_remote_state": false,
            "html_url": "https://app.terraform.io/app/hashi_strawb_testing/workspaces/many-workspace-test-0246",
            "id": "ws-8yQeRLQXTns1RGRA",
            "name": "many-workspace-test-0246",
            "operations": true,
            "organization": "hashi_strawb_testing",
            "project_id": "prj-8rNEinGacXMAwCr4",
            "queue_all_runs": true,
            "remote_state_consumer_ids": [],
            "resource_count": 0,
            "source_name": "",
            "source_url": "",
            "speculative_enabled": true,
            "ssh_key_id": "",
            "structured_run_output_enabled": true,
            "tag_names": [],
            "terraform_version": "1.6.2",
            "trigger_patterns": [],
            "trigger_prefixes": [
              "/modules"
            ],
            "vcs_repo": [
              {
                "branch": "",
                "github_app_installation_id": "ghain-3JcBMQW48TPfPn4f",
                "identifier": "hashi-strawb/tfc-big-monorepo-test",
                "ingress_submodules": false,
                "oauth_token_id": "",
                "tags_regex": ""
              }
            ],
            "working_directory": "workspaces/"
          },
          "sensitive_attributes": [],
          "private": "eyJzY2hlbWFfdmVyc2lvbiI6IjEifQ=="
        },
        {
          "index_key": 247,
          "schema_version": 1,
          "attributes": {
            "agent_pool_id": "",
            "allow_destroy_plan": true,
            "assessments_enabled": false,
            "auto_apply": true,
            "description": "",
            "execution_mode": "remote",
            "file_triggers_enabled": true,
            "force_delete": true,
            "global_remote_state": false,
            "html_url": "https://app.terraform.io/app/hashi_strawb_testing/workspaces/many-workspace-test-0247",
            "id": "ws-5ffEZ3K1vXTGZL7n",
            "name": "many-workspace-test-0247",
            "operations": true,
            "organization": "hashi_strawb_testing",
            "project_id": "prj-8rNEinGacXMAwCr4",
            "queue_all_runs": true,
            "remote_state_consumer_ids": [],
            "resource_count": 0,
            "source_name": "",
            "source_url": "",
            "speculative_enabled": true,
            "ssh_key_id": "",
            "structured_run_output_enabled": true,
            "tag_names": [],
            "terraform_version": "1.6.2",
            "trigger_patterns": [],
            "trigger_prefixes": [
              "/modules"
            ],
            "vcs_repo": [
              {
                "branch": "",
                "github_app_installation_id": "ghain-3JcBMQW48TPfPn4f",
                "identifier": "hashi-strawb/tfc-big-monorepo-test",
                "ingress_submodules": false,
                "oauth_token_id": "",
                "tags_regex": ""
              }
            ],
            "working_directory": "workspaces/"
          },
          "sensitive_attributes": [],
          "private": "eyJzY2hlbWFfdmVyc2lvbiI6IjEifQ=="
        },
        {
          "index_key": 248,
          "schema_version": 1,
          "attributes": {
            "agent_pool_id": "",
            "allow_destroy_plan": true,
            "assessments_enabled": false,
            "auto_apply": true,
            "description": "",
            "execution_mode": "remote",
            "file_triggers_enabled": true,
            "force_delete": true,
            "global_remote_state": false,
            "html_url": "https://app.terraform.io/app/hashi_strawb_testing/workspaces/many-workspace-test-0248",
            "id": "ws-H5TUnEcUEsSjrE2i",
            "name": "many-workspace-test-0248",
            "operations": true,
            "organization": "hashi_strawb_testing",
            "project_id": "prj-8rNEinGacXMAwCr4",
            "queue_all_runs": true,
            "remote_state_consumer_ids": [],
            "resource_count": 0,
            "source_name": "",
            "source_url": "",
            "speculative_enabled": true,
            "ssh_key_id": "",
            "structured_run_output_enabled": true,
            "tag_names": [],
            "terraform_version": "1.6.2",
            "trigger_patterns": [],
            "trigger_prefixes": [
              "/modules"
            ],
            "vcs_repo": [
              {
                "branch": "",
                "github_app_installation_id": "ghain-3JcBMQW48TPfPn4f",
                "identifier": "hashi-strawb/tfc-big-monorepo-test",
                "ingress_submodules": false,
                "oauth_token_id": "",
                "tags_regex": ""
              }
            ],
            "working_directory": "workspaces/"
          },
          "sensitive_attributes": [],
          "private": "eyJzY2hlbWFfdmVyc2lvbiI6IjEifQ=="
        },
        {
          "index_key": 249,
          "schema_version": 1,
          "attributes": {
            "agent_pool_id": "",
            "allow_destroy_plan": true,
            "assessments_enabled": false,
            "auto_apply": true,
            "description": "",
            "execution_mode": "remote",
            "file_triggers_enabled": true,
            "force_delete": true,
            "global_remote_state": false,
            "html_url": "https://app.terraform.io/app/hashi_strawb_testing/workspaces/many-workspace-test-0249",
            "id": "ws-UqbARTgLNomZ2F7Z",
            "name": "many-workspace-test-0249",
            "operations": true,
            "organization": "hashi_strawb_testing",
            "project_id": "prj-8rNEinGacXMAwCr4",
            "queue_all_runs": true,
            "remote_state_consumer_ids": [],
            "resource_count": 0,
            "source_name": "",
            "source_url": "",
            "speculative_enabled": true,
            "ssh_key_id": "",
            "structured_run_output_enabled": true,
            "tag_names": [],
            "terraform_version": "1.6.2",
            "trigger_patterns": [],
            "trigger_prefixes": [
              "/modules"
            ],
            "vcs_repo": [
              {
                "branch": "",
                "github_app_installation_id": "ghain-3JcBMQW48TPfPn4f",
                "identifier": "hashi-strawb/tfc-big-monorepo-test",
                "ingress_submodules": false,
                "oauth_token_id": "",
                "tags_regex": ""
              }
            ],
            "working_directory": "workspaces/"
          },
          "sensitive_attributes": [],
          "private": "eyJzY2hlbWFfdmVyc2lvbiI6IjEifQ=="
        },
        {
          "index_key": 250,
          "schema_version": 1,
          "attributes": {
            "agent_pool_id": "",
            "allow_destroy_plan": true,
            "assessments_enabled": false,
            "auto_apply": true,
            "description": "",
            "execution_mode": "remote",
            "file_triggers_enabled": true,
            "force_delete": true,
            "global_remote_state": false,
            "html_url": "https://app.terraform.io/app/hashi_strawb_testing/workspaces/many-workspace-test-0250",
            "id": "ws-R2kamWGoCyZAF7Bn",
            "name": "many-workspace-test-0250",
            "operations": true,
            "organization": "hashi_strawb_testing",
            "project_id": "prj-8rNEinGacXMAwCr4",
            "queue_all_runs": true,
            "remote_state_consumer_ids": [],
            "resource_count": 0,
            "source_name": "",
            "source_url": "",
            "speculative_enabled": true,
            "ssh_key_id": "",
            "structured_run_output_enabled": true,
            "tag_names": [],
            "terraform_version": "1.6.2",
            "trigger_patterns": [],
            "trigger_prefixes": [
              "/modules"
            ],
            "vcs_repo": [
              {
                "branch": "",
                "github_app_installation_id": "ghain-3JcBMQW48TPfPn4f",
                "identifier": "hashi-strawb/tfc-big-monorepo-test",
                "ingress_submodules": false,
                "oauth_token_id": "",
                "tags_regex": ""
              }
            ],
            "working_directory": "workspaces/"
          },
          "sensitive_attributes": [],
          "private": "eyJzY2hlbWFfdmVyc2lvbiI6IjEifQ=="
        },
        {
          "index_key": 251,
          "schema_version": 1,
          "attributes": {
            "agent_pool_id": "",
            "allow_destroy_plan": true,
            "assessments_enabled": false,
            "auto_apply": true,
            "description": "",
            "execution_mode": "remote",
            "file_triggers_enabled": true,
            "force_delete": true,
            "global_remote_state": false,
            "html_url": "https://app.terraform.io/app/hashi_strawb_testing/workspaces/many-workspace-test-0251",
            "id": "ws-C2bguUPbcPFZBgem",
            "name": "many-workspace-test-0251",
            "operations": true,
            "organization": "hashi_strawb_testing",
            "project_id": "prj-8rNEinGacXMAwCr4",
            "queue_all_runs": true,
            "remote_state_consumer_ids": [],
            "resource_count": 1,
            "source_name": "",
            "source_url": "",
            "speculative_enabled": true,
            "ssh_key_id": "",
            "structured_run_output_enabled": true,
            "tag_names": [],
            "terraform_version": "1.6.2",
            "trigger_patterns": [],
            "trigger_prefixes": [
              "/modules"
            ],
            "vcs_repo": [
              {
                "branch": "",
                "github_app_installation_id": "ghain-3JcBMQW48TPfPn4f",
                "identifier": "hashi-strawb/tfc-big-monorepo-test",
                "ingress_submodules": false,
                "oauth_token_id": "",
                "tags_regex": ""
              }
            ],
            "working_directory": "workspaces/"
          },
          "sensitive_attributes": [],
          "private": "eyJzY2hlbWFfdmVyc2lvbiI6IjEifQ=="
        },
        {
          "index_key": 252,
          "schema_version": 1,
          "attributes": {
            "agent_pool_id": "",
            "allow_destroy_plan": true,
            "assessments_enabled": false,
            "auto_apply": true,
            "description": "",
            "execution_mode": "remote",
            "file_triggers_enabled": true,
            "force_delete": true,
            "global_remote_state": false,
            "html_url": "https://app.terraform.io/app/hashi_strawb_testing/workspaces/many-workspace-test-0252",
            "id": "ws-wHza8ZQHLA9LxapN",
            "name": "many-workspace-test-0252",
            "operations": true,
            "organization": "hashi_strawb_testing",
            "project_id": "prj-8rNEinGacXMAwCr4",
            "queue_all_runs": true,
            "remote_state_consumer_ids": [],
            "resource_count": 1,
            "source_name": "",
            "source_url": "",
            "speculative_enabled": true,
            "ssh_key_id": "",
            "structured_run_output_enabled": true,
            "tag_names": [],
            "terraform_version": "1.6.2",
            "trigger_patterns": [],
            "trigger_prefixes": [
              "/modules"
            ],
            "vcs_repo": [
              {
                "branch": "",
                "github_app_installation_id": "ghain-3JcBMQW48TPfPn4f",
                "identifier": "hashi-strawb/tfc-big-monorepo-test",
                "ingress_submodules": false,
                "oauth_token_id": "",
                "tags_regex": ""
              }
            ],
            "working_directory": "workspaces/"
          },
          "sensitive_attributes": [],
          "private": "eyJzY2hlbWFfdmVyc2lvbiI6IjEifQ=="
        },
        {
          "index_key": 253,
          "schema_version": 1,
          "attributes": {
            "agent_pool_id": "",
            "allow_destroy_plan": true,
            "assessments_enabled": false,
            "auto_apply": true,
            "description": "",
            "execution_mode": "remote",
            "file_triggers_enabled": true,
            "force_delete": true,
            "global_remote_state": false,
            "html_url": "https://app.terraform.io/app/hashi_strawb_testing/workspaces/many-workspace-test-0253",
            "id": "ws-oTRZLxdmWHKPuze8",
            "name": "many-workspace-test-0253",
            "operations": true,
            "organization": "hashi_strawb_testing",
            "project_id": "prj-8rNEinGacXMAwCr4",
            "queue_all_runs": true,
            "remote_state_consumer_ids": [],
            "resource_count": 0,
            "source_name": "",
            "source_url": "",
            "speculative_enabled": true,
            "ssh_key_id": "",
            "structured_run_output_enabled": true,
            "tag_names": [],
            "terraform_version": "1.6.2",
            "trigger_patterns": [],
            "trigger_prefixes": [
              "/modules"
            ],
            "vcs_repo": [
              {
                "branch": "",
                "github_app_installation_id": "ghain-3JcBMQW48TPfPn4f",
                "identifier": "hashi-strawb/tfc-big-monorepo-test",
                "ingress_submodules": false,
                "oauth_token_id": "",
                "tags_regex": ""
              }
            ],
            "working_directory": "workspaces/"
          },
          "sensitive_attributes": [],
          "private": "eyJzY2hlbWFfdmVyc2lvbiI6IjEifQ=="
        },
        {
          "index_key": 254,
          "schema_version": 1,
          "attributes": {
            "agent_pool_id": "",
            "allow_destroy_plan": true,
            "assessments_enabled": false,
            "auto_apply": true,
            "description": "",
            "execution_mode": "remote",
            "file_triggers_enabled": true,
            "force_delete": true,
            "global_remote_state": false,
            "html_url": "https://app.terraform.io/app/hashi_strawb_testing/workspaces/many-workspace-test-0254",
            "id": "ws-8oxRd7drPq4yFg4Z",
            "name": "many-workspace-test-0254",
            "operations": true,
            "organization": "hashi_strawb_testing",
            "project_id": "prj-8rNEinGacXMAwCr4",
            "queue_all_runs": true,
            "remote_state_consumer_ids": [],
            "resource_count": 0,
            "source_name": "",
            "source_url": "",
            "speculative_enabled": true,
            "ssh_key_id": "",
            "structured_run_output_enabled": true,
            "tag_names": [],
            "terraform_version": "1.6.2",
            "trigger_patterns": [],
            "trigger_prefixes": [
              "/modules"
            ],
            "vcs_repo": [
              {
                "branch": "",
                "github_app_installation_id": "ghain-3JcBMQW48TPfPn4f",
                "identifier": "hashi-strawb/tfc-big-monorepo-test",
                "ingress_submodules": false,
                "oauth_token_id": "",
                "tags_regex": ""
              }
            ],
            "working_directory": "workspaces/"
          },
          "sensitive_attributes": [],
          "private": "eyJzY2hlbWFfdmVyc2lvbiI6IjEifQ=="
        },
        {
          "index_key": 255,
          "schema_version": 1,
          "attributes": {
            "agent_pool_id": "",
            "allow_destroy_plan": true,
            "assessments_enabled": false,
            "auto_apply": true,
            "description": "",
            "execution_mode": "remote",
            "file_triggers_enabled": true,
            "force_delete": true,
            "global_remote_state": false,
            "html_url": "https://app.terraform.io/app/hashi_strawb_testing/workspaces/many-workspace-test-0255",
            "id": "ws-kipmXtwjZCzUqaga",
            "name": "many-workspace-test-0255",
            "operations": true,
            "organization": "hashi_strawb_testing",
            "project_id": "prj-8rNEinGacXMAwCr4",
            "queue_all_runs": true,
            "remote_state_consumer_ids": [],
            "resource_count": 1,
            "source_name": "",
            "source_url": "",
            "speculative_enabled": true,
            "ssh_key_id": "",
            "structured_run_output_enabled": true,
            "tag_names": [],
            "terraform_version": "1.6.2",
            "trigger_patterns": [],
            "trigger_prefixes": [
              "/modules"
            ],
            "vcs_repo": [
              {
                "branch": "",
                "github_app_installation_id": "ghain-3JcBMQW48TPfPn4f",
                "identifier": "hashi-strawb/tfc-big-monorepo-test",
                "ingress_submodules": false,
                "oauth_token_id": "",
                "tags_regex": ""
              }
            ],
            "working_directory": "workspaces/"
          },
          "sensitive_attributes": [],
          "private": "eyJzY2hlbWFfdmVyc2lvbiI6IjEifQ=="
        },
        {
          "index_key": 256,
          "schema_version": 1,
          "attributes": {
            "agent_pool_id": "",
            "allow_destroy_plan": true,
            "assessments_enabled": false,
            "auto_apply": true,
            "description": "",
            "execution_mode": "remote",
            "file_triggers_enabled": true,
            "force_delete": true,
            "global_remote_state": false,
            "html_url": "https://app.terraform.io/app/hashi_strawb_testing/workspaces/many-workspace-test-0256",
            "id": "ws-CZdcPu3iEkqa8NNo",
            "name": "many-workspace-test-0256",
            "operations": true,
            "organization": "hashi_strawb_testing",
            "project_id": "prj-8rNEinGacXMAwCr4",
            "queue_all_runs": true,
            "remote_state_consumer_ids": [],
            "resource_count": 1,
            "source_name": "",
            "source_url": "",
            "speculative_enabled": true,
            "ssh_key_id": "",
            "structured_run_output_enabled": true,
            "tag_names": [],
            "terraform_version": "1.6.2",
            "trigger_patterns": [],
            "trigger_prefixes": [
              "/modules"
            ],
            "vcs_repo": [
              {
                "branch": "",
                "github_app_installation_id": "ghain-3JcBMQW48TPfPn4f",
                "identifier": "hashi-strawb/tfc-big-monorepo-test",
                "ingress_submodules": false,
                "oauth_token_id": "",
                "tags_regex": ""
              }
            ],
            "working_directory": "workspaces/"
          },
          "sensitive_attributes": [],
          "private": "eyJzY2hlbWFfdmVyc2lvbiI6IjEifQ=="
        },
        {
          "index_key": 257,
          "schema_version": 1,
          "attributes": {
            "agent_pool_id": "",
            "allow_destroy_plan": true,
            "assessments_enabled": false,
            "auto_apply": true,
            "description": "",
            "execution_mode": "remote",
            "file_triggers_enabled": true,
            "force_delete": true,
            "global_remote_state": false,
            "html_url": "https://app.terraform.io/app/hashi_strawb_testing/workspaces/many-workspace-test-0257",
            "id": "ws-P9hqaHs7PhjC4pRS",
            "name": "many-workspace-test-0257",
            "operations": true,
            "organization": "hashi_strawb_testing",
            "project_id": "prj-8rNEinGacXMAwCr4",
            "queue_all_runs": true,
            "remote_state_consumer_ids": [],
            "resource_count": 0,
            "source_name": "",
            "source_url": "",
            "speculative_enabled": true,
            "ssh_key_id": "",
            "structured_run_output_enabled": true,
            "tag_names": [],
            "terraform_version": "1.6.2",
            "trigger_patterns": [],
            "trigger_prefixes": [
              "/modules"
            ],
            "vcs_repo": [
              {
                "branch": "",
                "github_app_installation_id": "ghain-3JcBMQW48TPfPn4f",
                "identifier": "hashi-strawb/tfc-big-monorepo-test",
                "ingress_submodules": false,
                "oauth_token_id": "",
                "tags_regex": ""
              }
            ],
            "working_directory": "workspaces/"
          },
          "sensitive_attributes": [],
          "private": "eyJzY2hlbWFfdmVyc2lvbiI6IjEifQ=="
        },
        {
          "index_key": 258,
          "schema_version": 1,
          "attributes": {
            "agent_pool_id": "",
            "allow_destroy_plan": true,
            "assessments_enabled": false,
            "auto_apply": true,
            "description": "",
            "execution_mode": "remote",
            "file_triggers_enabled": true,
            "force_delete": true,
            "global_remote_state": false,
            "html_url": "https://app.terraform.io/app/hashi_strawb_testing/workspaces/many-workspace-test-0258",
            "id": "ws-HMj5x29eS6r2SeaA",
            "name": "many-workspace-test-0258",
            "operations": true,
            "organization": "hashi_strawb_testing",
            "project_id": "prj-8rNEinGacXMAwCr4",
            "queue_all_runs": true,
            "remote_state_consumer_ids": [],
            "resource_count": 0,
            "source_name": "",
            "source_url": "",
            "speculative_enabled": true,
            "ssh_key_id": "",
            "structured_run_output_enabled": true,
            "tag_names": [],
            "terraform_version": "1.6.2",
            "trigger_patterns": [],
            "trigger_prefixes": [
              "/modules"
            ],
            "vcs_repo": [
              {
                "branch": "",
                "github_app_installation_id": "ghain-3JcBMQW48TPfPn4f",
                "identifier": "hashi-strawb/tfc-big-monorepo-test",
                "ingress_submodules": false,
                "oauth_token_id": "",
                "tags_regex": ""
              }
            ],
            "working_directory": "workspaces/"
          },
          "sensitive_attributes": [],
          "private": "eyJzY2hlbWFfdmVyc2lvbiI6IjEifQ=="
        },
        {
          "index_key": 259,
          "schema_version": 1,
          "attributes": {
            "agent_pool_id": "",
            "allow_destroy_plan": true,
            "assessments_enabled": false,
            "auto_apply": true,
            "description": "",
            "execution_mode": "remote",
            "file_triggers_enabled": true,
            "force_delete": true,
            "global_remote_state": false,
            "html_url": "https://app.terraform.io/app/hashi_strawb_testing/workspaces/many-workspace-test-0259",
            "id": "ws-tgMsgTdmPhUdvfcY",
            "name": "many-workspace-test-0259",
            "operations": true,
            "organization": "hashi_strawb_testing",
            "project_id": "prj-8rNEinGacXMAwCr4",
            "queue_all_runs": true,
            "remote_state_consumer_ids": [],
            "resource_count": 0,
            "source_name": "",
            "source_url": "",
            "speculative_enabled": true,
            "ssh_key_id": "",
            "structured_run_output_enabled": true,
            "tag_names": [],
            "terraform_version": "1.6.2",
            "trigger_patterns": [],
            "trigger_prefixes": [
              "/modules"
            ],
            "vcs_repo": [
              {
                "branch": "",
                "github_app_installation_id": "ghain-3JcBMQW48TPfPn4f",
                "identifier": "hashi-strawb/tfc-big-monorepo-test",
                "ingress_submodules": false,
                "oauth_token_id": "",
                "tags_regex": ""
              }
            ],
            "working_directory": "workspaces/"
          },
          "sensitive_attributes": [],
          "private": "eyJzY2hlbWFfdmVyc2lvbiI6IjEifQ=="
        },
        {
          "index_key": 260,
          "schema_version": 1,
          "attributes": {
            "agent_pool_id": "",
            "allow_destroy_plan": true,
            "assessments_enabled": false,
            "auto_apply": true,
            "description": "",
            "execution_mode": "remote",
            "file_triggers_enabled": true,
            "force_delete": true,
            "global_remote_state": false,
            "html_url": "https://app.terraform.io/app/hashi_strawb_testing/workspaces/many-workspace-test-0260",
            "id": "ws-fjNNfzsRNwybbxP7",
            "name": "many-workspace-test-0260",
            "operations": true,
            "organization": "hashi_strawb_testing",
            "project_id": "prj-8rNEinGacXMAwCr4",
            "queue_all_runs": true,
            "remote_state_consumer_ids": [],
            "resource_count": 0,
            "source_name": "",
            "source_url": "",
            "speculative_enabled": true,
            "ssh_key_id": "",
            "structured_run_output_enabled": true,
            "tag_names": [],
            "terraform_version": "1.6.2",
            "trigger_patterns": [],
            "trigger_prefixes": [
              "/modules"
            ],
            "vcs_repo": [
              {
                "branch": "",
                "github_app_installation_id": "ghain-3JcBMQW48TPfPn4f",
                "identifier": "hashi-strawb/tfc-big-monorepo-test",
                "ingress_submodules": false,
                "oauth_token_id": "",
                "tags_regex": ""
              }
            ],
            "working_directory": "workspaces/"
          },
          "sensitive_attributes": [],
          "private": "eyJzY2hlbWFfdmVyc2lvbiI6IjEifQ=="
        },
        {
          "index_key": 261,
          "schema_version": 1,
          "attributes": {
            "agent_pool_id": "",
            "allow_destroy_plan": true,
            "assessments_enabled": false,
            "auto_apply": true,
            "description": "",
            "execution_mode": "remote",
            "file_triggers_enabled": true,
            "force_delete": true,
            "global_remote_state": false,
            "html_url": "https://app.terraform.io/app/hashi_strawb_testing/workspaces/many-workspace-test-0261",
            "id": "ws-Qq6VRDbFQbBFMSF8",
            "name": "many-workspace-test-0261",
            "operations": true,
            "organization": "hashi_strawb_testing",
            "project_id": "prj-8rNEinGacXMAwCr4",
            "queue_all_runs": true,
            "remote_state_consumer_ids": [],
            "resource_count": 1,
            "source_name": "",
            "source_url": "",
            "speculative_enabled": true,
            "ssh_key_id": "",
            "structured_run_output_enabled": true,
            "tag_names": [],
            "terraform_version": "1.6.2",
            "trigger_patterns": [],
            "trigger_prefixes": [
              "/modules"
            ],
            "vcs_repo": [
              {
                "branch": "",
                "github_app_installation_id": "ghain-3JcBMQW48TPfPn4f",
                "identifier": "hashi-strawb/tfc-big-monorepo-test",
                "ingress_submodules": false,
                "oauth_token_id": "",
                "tags_regex": ""
              }
            ],
            "working_directory": "workspaces/"
          },
          "sensitive_attributes": [],
          "private": "eyJzY2hlbWFfdmVyc2lvbiI6IjEifQ=="
        },
        {
          "index_key": 262,
          "schema_version": 1,
          "attributes": {
            "agent_pool_id": "",
            "allow_destroy_plan": true,
            "assessments_enabled": false,
            "auto_apply": true,
            "description": "",
            "execution_mode": "remote",
            "file_triggers_enabled": true,
            "force_delete": true,
            "global_remote_state": false,
            "html_url": "https://app.terraform.io/app/hashi_strawb_testing/workspaces/many-workspace-test-0262",
            "id": "ws-B4ZgefvESUnPwLvi",
            "name": "many-workspace-test-0262",
            "operations": true,
            "organization": "hashi_strawb_testing",
            "project_id": "prj-8rNEinGacXMAwCr4",
            "queue_all_runs": true,
            "remote_state_consumer_ids": [],
            "resource_count": 0,
            "source_name": "",
            "source_url": "",
            "speculative_enabled": true,
            "ssh_key_id": "",
            "structured_run_output_enabled": true,
            "tag_names": [],
            "terraform_version": "1.6.2",
            "trigger_patterns": [],
            "trigger_prefixes": [
              "/modules"
            ],
            "vcs_repo": [
              {
                "branch": "",
                "github_app_installation_id": "ghain-3JcBMQW48TPfPn4f",
                "identifier": "hashi-strawb/tfc-big-monorepo-test",
                "ingress_submodules": false,
                "oauth_token_id": "",
                "tags_regex": ""
              }
            ],
            "working_directory": "workspaces/"
          },
          "sensitive_attributes": [],
          "private": "eyJzY2hlbWFfdmVyc2lvbiI6IjEifQ=="
        },
        {
          "index_key": 263,
          "schema_version": 1,
          "attributes": {
            "agent_pool_id": "",
            "allow_destroy_plan": true,
            "assessments_enabled": false,
            "auto_apply": true,
            "description": "",
            "execution_mode": "remote",
            "file_triggers_enabled": true,
            "force_delete": true,
            "global_remote_state": false,
            "html_url": "https://app.terraform.io/app/hashi_strawb_testing/workspaces/many-workspace-test-0263",
            "id": "ws-duCGKKU2fVQoB6UP",
            "name": "many-workspace-test-0263",
            "operations": true,
            "organization": "hashi_strawb_testing",
            "project_id": "prj-8rNEinGacXMAwCr4",
            "queue_all_runs": true,
            "remote_state_consumer_ids": [],
            "resource_count": 1,
            "source_name": "",
            "source_url": "",
            "speculative_enabled": true,
            "ssh_key_id": "",
            "structured_run_output_enabled": true,
            "tag_names": [],
            "terraform_version": "1.6.2",
            "trigger_patterns": [],
            "trigger_prefixes": [
              "/modules"
            ],
            "vcs_repo": [
              {
                "branch": "",
                "github_app_installation_id": "ghain-3JcBMQW48TPfPn4f",
                "identifier": "hashi-strawb/tfc-big-monorepo-test",
                "ingress_submodules": false,
                "oauth_token_id": "",
                "tags_regex": ""
              }
            ],
            "working_directory": "workspaces/"
          },
          "sensitive_attributes": [],
          "private": "eyJzY2hlbWFfdmVyc2lvbiI6IjEifQ=="
        },
        {
          "index_key": 264,
          "schema_version": 1,
          "attributes": {
            "agent_pool_id": "",
            "allow_destroy_plan": true,
            "assessments_enabled": false,
            "auto_apply": true,
            "description": "",
            "execution_mode": "remote",
            "file_triggers_enabled": true,
            "force_delete": true,
            "global_remote_state": false,
            "html_url": "https://app.terraform.io/app/hashi_strawb_testing/workspaces/many-workspace-test-0264",
            "id": "ws-A6HHZeZh26EcmvMo",
            "name": "many-workspace-test-0264",
            "operations": true,
            "organization": "hashi_strawb_testing",
            "project_id": "prj-8rNEinGacXMAwCr4",
            "queue_all_runs": true,
            "remote_state_consumer_ids": [],
            "resource_count": 1,
            "source_name": "",
            "source_url": "",
            "speculative_enabled": true,
            "ssh_key_id": "",
            "structured_run_output_enabled": true,
            "tag_names": [],
            "terraform_version": "1.6.2",
            "trigger_patterns": [],
            "trigger_prefixes": [
              "/modules"
            ],
            "vcs_repo": [
              {
                "branch": "",
                "github_app_installation_id": "ghain-3JcBMQW48TPfPn4f",
                "identifier": "hashi-strawb/tfc-big-monorepo-test",
                "ingress_submodules": false,
                "oauth_token_id": "",
                "tags_regex": ""
              }
            ],
            "working_directory": "workspaces/"
          },
          "sensitive_attributes": [],
          "private": "eyJzY2hlbWFfdmVyc2lvbiI6IjEifQ=="
        },
        {
          "index_key": 265,
          "schema_version": 1,
          "attributes": {
            "agent_pool_id": "",
            "allow_destroy_plan": true,
            "assessments_enabled": false,
            "auto_apply": true,
            "description": "",
            "execution_mode": "remote",
            "file_triggers_enabled": true,
            "force_delete": true,
            "global_remote_state": false,
            "html_url": "https://app.terraform.io/app/hashi_strawb_testing/workspaces/many-workspace-test-0265",
            "id": "ws-4UkGtsENGaMV2w1G",
            "name": "many-workspace-test-0265",
            "operations": true,
            "organization": "hashi_strawb_testing",
            "project_id": "prj-8rNEinGacXMAwCr4",
            "queue_all_runs": true,
            "remote_state_consumer_ids": [],
            "resource_count": 0,
            "source_name": "",
            "source_url": "",
            "speculative_enabled": true,
            "ssh_key_id": "",
            "structured_run_output_enabled": true,
            "tag_names": [],
            "terraform_version": "1.6.2",
            "trigger_patterns": [],
            "trigger_prefixes": [
              "/modules"
            ],
            "vcs_repo": [
              {
                "branch": "",
                "github_app_installation_id": "ghain-3JcBMQW48TPfPn4f",
                "identifier": "hashi-strawb/tfc-big-monorepo-test",
                "ingress_submodules": false,
                "oauth_token_id": "",
                "tags_regex": ""
              }
            ],
            "working_directory": "workspaces/"
          },
          "sensitive_attributes": [],
          "private": "eyJzY2hlbWFfdmVyc2lvbiI6IjEifQ=="
        },
        {
          "index_key": 266,
          "schema_version": 1,
          "attributes": {
            "agent_pool_id": "",
            "allow_destroy_plan": true,
            "assessments_enabled": false,
            "auto_apply": true,
            "description": "",
            "execution_mode": "remote",
            "file_triggers_enabled": true,
            "force_delete": true,
            "global_remote_state": false,
            "html_url": "https://app.terraform.io/app/hashi_strawb_testing/workspaces/many-workspace-test-0266",
            "id": "ws-dcATxDjJ3QFGY3aG",
            "name": "many-workspace-test-0266",
            "operations": true,
            "organization": "hashi_strawb_testing",
            "project_id": "prj-8rNEinGacXMAwCr4",
            "queue_all_runs": true,
            "remote_state_consumer_ids": [],
            "resource_count": 0,
            "source_name": "",
            "source_url": "",
            "speculative_enabled": true,
            "ssh_key_id": "",
            "structured_run_output_enabled": true,
            "tag_names": [],
            "terraform_version": "1.6.2",
            "trigger_patterns": [],
            "trigger_prefixes": [
              "/modules"
            ],
            "vcs_repo": [
              {
                "branch": "",
                "github_app_installation_id": "ghain-3JcBMQW48TPfPn4f",
                "identifier": "hashi-strawb/tfc-big-monorepo-test",
                "ingress_submodules": false,
                "oauth_token_id": "",
                "tags_regex": ""
              }
            ],
            "working_directory": "workspaces/"
          },
          "sensitive_attributes": [],
          "private": "eyJzY2hlbWFfdmVyc2lvbiI6IjEifQ=="
        },
        {
          "index_key": 267,
          "schema_version": 1,
          "attributes": {
            "agent_pool_id": "",
            "allow_destroy_plan": true,
            "assessments_enabled": false,
            "auto_apply": true,
            "description": "",
            "execution_mode": "remote",
            "file_triggers_enabled": true,
            "force_delete": true,
            "global_remote_state": false,
            "html_url": "https://app.terraform.io/app/hashi_strawb_testing/workspaces/many-workspace-test-0267",
            "id": "ws-LUcenb2x46f4VKkZ",
            "name": "many-workspace-test-0267",
            "operations": true,
            "organization": "hashi_strawb_testing",
            "project_id": "prj-8rNEinGacXMAwCr4",
            "queue_all_runs": true,
            "remote_state_consumer_ids": [],
            "resource_count": 0,
            "source_name": "",
            "source_url": "",
            "speculative_enabled": true,
            "ssh_key_id": "",
            "structured_run_output_enabled": true,
            "tag_names": [],
            "terraform_version": "1.6.2",
            "trigger_patterns": [],
            "trigger_prefixes": [
              "/modules"
            ],
            "vcs_repo": [
              {
                "branch": "",
                "github_app_installation_id": "ghain-3JcBMQW48TPfPn4f",
                "identifier": "hashi-strawb/tfc-big-monorepo-test",
                "ingress_submodules": false,
                "oauth_token_id": "",
                "tags_regex": ""
              }
            ],
            "working_directory": "workspaces/"
          },
          "sensitive_attributes": [],
          "private": "eyJzY2hlbWFfdmVyc2lvbiI6IjEifQ=="
        },
        {
          "index_key": 268,
          "schema_version": 1,
          "attributes": {
            "agent_pool_id": "",
            "allow_destroy_plan": true,
            "assessments_enabled": false,
            "auto_apply": true,
            "description": "",
            "execution_mode": "remote",
            "file_triggers_enabled": true,
            "force_delete": true,
            "global_remote_state": false,
            "html_url": "https://app.terraform.io/app/hashi_strawb_testing/workspaces/many-workspace-test-0268",
            "id": "ws-EYYC7QYVtkM7peN7",
            "name": "many-workspace-test-0268",
            "operations": true,
            "organization": "hashi_strawb_testing",
            "project_id": "prj-8rNEinGacXMAwCr4",
            "queue_all_runs": true,
            "remote_state_consumer_ids": [],
            "resource_count": 0,
            "source_name": "",
            "source_url": "",
            "speculative_enabled": true,
            "ssh_key_id": "",
            "structured_run_output_enabled": true,
            "tag_names": [],
            "terraform_version": "1.6.2",
            "trigger_patterns": [],
            "trigger_prefixes": [
              "/modules"
            ],
            "vcs_repo": [
              {
                "branch": "",
                "github_app_installation_id": "ghain-3JcBMQW48TPfPn4f",
                "identifier": "hashi-strawb/tfc-big-monorepo-test",
                "ingress_submodules": false,
                "oauth_token_id": "",
                "tags_regex": ""
              }
            ],
            "working_directory": "workspaces/"
          },
          "sensitive_attributes": [],
          "private": "eyJzY2hlbWFfdmVyc2lvbiI6IjEifQ=="
        },
        {
          "index_key": 269,
          "schema_version": 1,
          "attributes": {
            "agent_pool_id": "",
            "allow_destroy_plan": true,
            "assessments_enabled": false,
            "auto_apply": true,
            "description": "",
            "execution_mode": "remote",
            "file_triggers_enabled": true,
            "force_delete": true,
            "global_remote_state": false,
            "html_url": "https://app.terraform.io/app/hashi_strawb_testing/workspaces/many-workspace-test-0269",
            "id": "ws-cQjo82LDnoFQfj2W",
            "name": "many-workspace-test-0269",
            "operations": true,
            "organization": "hashi_strawb_testing",
            "project_id": "prj-8rNEinGacXMAwCr4",
            "queue_all_runs": true,
            "remote_state_consumer_ids": [],
            "resource_count": 0,
            "source_name": "",
            "source_url": "",
            "speculative_enabled": true,
            "ssh_key_id": "",
            "structured_run_output_enabled": true,
            "tag_names": [],
            "terraform_version": "1.6.2",
            "trigger_patterns": [],
            "trigger_prefixes": [
              "/modules"
            ],
            "vcs_repo": [
              {
                "branch": "",
                "github_app_installation_id": "ghain-3JcBMQW48TPfPn4f",
                "identifier": "hashi-strawb/tfc-big-monorepo-test",
                "ingress_submodules": false,
                "oauth_token_id": "",
                "tags_regex": ""
              }
            ],
            "working_directory": "workspaces/"
          },
          "sensitive_attributes": [],
          "private": "eyJzY2hlbWFfdmVyc2lvbiI6IjEifQ=="
        },
        {
          "index_key": 270,
          "schema_version": 1,
          "attributes": {
            "agent_pool_id": "",
            "allow_destroy_plan": true,
            "assessments_enabled": false,
            "auto_apply": true,
            "description": "",
            "execution_mode": "remote",
            "file_triggers_enabled": true,
            "force_delete": true,
            "global_remote_state": false,
            "html_url": "https://app.terraform.io/app/hashi_strawb_testing/workspaces/many-workspace-test-0270",
            "id": "ws-Vhd5kawzaorKnKkL",
            "name": "many-workspace-test-0270",
            "operations": true,
            "organization": "hashi_strawb_testing",
            "project_id": "prj-8rNEinGacXMAwCr4",
            "queue_all_runs": true,
            "remote_state_consumer_ids": [],
            "resource_count": 0,
            "source_name": "",
            "source_url": "",
            "speculative_enabled": true,
            "ssh_key_id": "",
            "structured_run_output_enabled": true,
            "tag_names": [],
            "terraform_version": "1.6.2",
            "trigger_patterns": [],
            "trigger_prefixes": [
              "/modules"
            ],
            "vcs_repo": [
              {
                "branch": "",
                "github_app_installation_id": "ghain-3JcBMQW48TPfPn4f",
                "identifier": "hashi-strawb/tfc-big-monorepo-test",
                "ingress_submodules": false,
                "oauth_token_id": "",
                "tags_regex": ""
              }
            ],
            "working_directory": "workspaces/"
          },
          "sensitive_attributes": [],
          "private": "eyJzY2hlbWFfdmVyc2lvbiI6IjEifQ=="
        },
        {
          "index_key": 271,
          "schema_version": 1,
          "attributes": {
            "agent_pool_id": "",
            "allow_destroy_plan": true,
            "assessments_enabled": false,
            "auto_apply": true,
            "description": "",
            "execution_mode": "remote",
            "file_triggers_enabled": true,
            "force_delete": true,
            "global_remote_state": false,
            "html_url": "https://app.terraform.io/app/hashi_strawb_testing/workspaces/many-workspace-test-0271",
            "id": "ws-YNqy9ESMfUQnSGgX",
            "name": "many-workspace-test-0271",
            "operations": true,
            "organization": "hashi_strawb_testing",
            "project_id": "prj-8rNEinGacXMAwCr4",
            "queue_all_runs": true,
            "remote_state_consumer_ids": [],
            "resource_count": 0,
            "source_name": "",
            "source_url": "",
            "speculative_enabled": true,
            "ssh_key_id": "",
            "structured_run_output_enabled": true,
            "tag_names": [],
            "terraform_version": "1.6.2",
            "trigger_patterns": [],
            "trigger_prefixes": [
              "/modules"
            ],
            "vcs_repo": [
              {
                "branch": "",
                "github_app_installation_id": "ghain-3JcBMQW48TPfPn4f",
                "identifier": "hashi-strawb/tfc-big-monorepo-test",
                "ingress_submodules": false,
                "oauth_token_id": "",
                "tags_regex": ""
              }
            ],
            "working_directory": "workspaces/"
          },
          "sensitive_attributes": [],
          "private": "eyJzY2hlbWFfdmVyc2lvbiI6IjEifQ=="
        },
        {
          "index_key": 272,
          "schema_version": 1,
          "attributes": {
            "agent_pool_id": "",
            "allow_destroy_plan": true,
            "assessments_enabled": false,
            "auto_apply": true,
            "description": "",
            "execution_mode": "remote",
            "file_triggers_enabled": true,
            "force_delete": true,
            "global_remote_state": false,
            "html_url": "https://app.terraform.io/app/hashi_strawb_testing/workspaces/many-workspace-test-0272",
            "id": "ws-gxCaFkBZsJNCrgAX",
            "name": "many-workspace-test-0272",
            "operations": true,
            "organization": "hashi_strawb_testing",
            "project_id": "prj-8rNEinGacXMAwCr4",
            "queue_all_runs": true,
            "remote_state_consumer_ids": [],
            "resource_count": 0,
            "source_name": "",
            "source_url": "",
            "speculative_enabled": true,
            "ssh_key_id": "",
            "structured_run_output_enabled": true,
            "tag_names": [],
            "terraform_version": "1.6.2",
            "trigger_patterns": [],
            "trigger_prefixes": [
              "/modules"
            ],
            "vcs_repo": [
              {
                "branch": "",
                "github_app_installation_id": "ghain-3JcBMQW48TPfPn4f",
                "identifier": "hashi-strawb/tfc-big-monorepo-test",
                "ingress_submodules": false,
                "oauth_token_id": "",
                "tags_regex": ""
              }
            ],
            "working_directory": "workspaces/"
          },
          "sensitive_attributes": [],
          "private": "eyJzY2hlbWFfdmVyc2lvbiI6IjEifQ=="
        },
        {
          "index_key": 273,
          "schema_version": 1,
          "attributes": {
            "agent_pool_id": "",
            "allow_destroy_plan": true,
            "assessments_enabled": false,
            "auto_apply": true,
            "description": "",
            "execution_mode": "remote",
            "file_triggers_enabled": true,
            "force_delete": true,
            "global_remote_state": false,
            "html_url": "https://app.terraform.io/app/hashi_strawb_testing/workspaces/many-workspace-test-0273",
            "id": "ws-qkYGvDDveD1sTgwt",
            "name": "many-workspace-test-0273",
            "operations": true,
            "organization": "hashi_strawb_testing",
            "project_id": "prj-8rNEinGacXMAwCr4",
            "queue_all_runs": true,
            "remote_state_consumer_ids": [],
            "resource_count": 1,
            "source_name": "",
            "source_url": "",
            "speculative_enabled": true,
            "ssh_key_id": "",
            "structured_run_output_enabled": true,
            "tag_names": [],
            "terraform_version": "1.6.2",
            "trigger_patterns": [],
            "trigger_prefixes": [
              "/modules"
            ],
            "vcs_repo": [
              {
                "branch": "",
                "github_app_installation_id": "ghain-3JcBMQW48TPfPn4f",
                "identifier": "hashi-strawb/tfc-big-monorepo-test",
                "ingress_submodules": false,
                "oauth_token_id": "",
                "tags_regex": ""
              }
            ],
            "working_directory": "workspaces/"
          },
          "sensitive_attributes": [],
          "private": "eyJzY2hlbWFfdmVyc2lvbiI6IjEifQ=="
        },
        {
          "index_key": 274,
          "schema_version": 1,
          "attributes": {
            "agent_pool_id": "",
            "allow_destroy_plan": true,
            "assessments_enabled": false,
            "auto_apply": true,
            "description": "",
            "execution_mode": "remote",
            "file_triggers_enabled": true,
            "force_delete": true,
            "global_remote_state": false,
            "html_url": "https://app.terraform.io/app/hashi_strawb_testing/workspaces/many-workspace-test-0274",
            "id": "ws-eBkk1eveK1AGZkA6",
            "name": "many-workspace-test-0274",
            "operations": true,
            "organization": "hashi_strawb_testing",
            "project_id": "prj-8rNEinGacXMAwCr4",
            "queue_all_runs": true,
            "remote_state_consumer_ids": [],
            "resource_count": 1,
            "source_name": "",
            "source_url": "",
            "speculative_enabled": true,
            "ssh_key_id": "",
            "structured_run_output_enabled": true,
            "tag_names": [],
            "terraform_version": "1.6.2",
            "trigger_patterns": [],
            "trigger_prefixes": [
              "/modules"
            ],
            "vcs_repo": [
              {
                "branch": "",
                "github_app_installation_id": "ghain-3JcBMQW48TPfPn4f",
                "identifier": "hashi-strawb/tfc-big-monorepo-test",
                "ingress_submodules": false,
                "oauth_token_id": "",
                "tags_regex": ""
              }
            ],
            "working_directory": "workspaces/"
          },
          "sensitive_attributes": [],
          "private": "eyJzY2hlbWFfdmVyc2lvbiI6IjEifQ=="
        },
        {
          "index_key": 275,
          "schema_version": 1,
          "attributes": {
            "agent_pool_id": "",
            "allow_destroy_plan": true,
            "assessments_enabled": false,
            "auto_apply": true,
            "description": "",
            "execution_mode": "remote",
            "file_triggers_enabled": true,
            "force_delete": true,
            "global_remote_state": false,
            "html_url": "https://app.terraform.io/app/hashi_strawb_testing/workspaces/many-workspace-test-0275",
            "id": "ws-RrCh5APu9JVbezeL",
            "name": "many-workspace-test-0275",
            "operations": true,
            "organization": "hashi_strawb_testing",
            "project_id": "prj-8rNEinGacXMAwCr4",
            "queue_all_runs": true,
            "remote_state_consumer_ids": [],
            "resource_count": 1,
            "source_name": "",
            "source_url": "",
            "speculative_enabled": true,
            "ssh_key_id": "",
            "structured_run_output_enabled": true,
            "tag_names": [],
            "terraform_version": "1.6.2",
            "trigger_patterns": [],
            "trigger_prefixes": [
              "/modules"
            ],
            "vcs_repo": [
              {
                "branch": "",
                "github_app_installation_id": "ghain-3JcBMQW48TPfPn4f",
                "identifier": "hashi-strawb/tfc-big-monorepo-test",
                "ingress_submodules": false,
                "oauth_token_id": "",
                "tags_regex": ""
              }
            ],
            "working_directory": "workspaces/"
          },
          "sensitive_attributes": [],
          "private": "eyJzY2hlbWFfdmVyc2lvbiI6IjEifQ=="
        },
        {
          "index_key": 276,
          "schema_version": 1,
          "attributes": {
            "agent_pool_id": "",
            "allow_destroy_plan": true,
            "assessments_enabled": false,
            "auto_apply": true,
            "description": "",
            "execution_mode": "remote",
            "file_triggers_enabled": true,
            "force_delete": true,
            "global_remote_state": false,
            "html_url": "https://app.terraform.io/app/hashi_strawb_testing/workspaces/many-workspace-test-0276",
            "id": "ws-zzEHcVP5WkcGxcNA",
            "name": "many-workspace-test-0276",
            "operations": true,
            "organization": "hashi_strawb_testing",
            "project_id": "prj-8rNEinGacXMAwCr4",
            "queue_all_runs": true,
            "remote_state_consumer_ids": [],
            "resource_count": 0,
            "source_name": "",
            "source_url": "",
            "speculative_enabled": true,
            "ssh_key_id": "",
            "structured_run_output_enabled": true,
            "tag_names": [],
            "terraform_version": "1.6.2",
            "trigger_patterns": [],
            "trigger_prefixes": [
              "/modules"
            ],
            "vcs_repo": [
              {
                "branch": "",
                "github_app_installation_id": "ghain-3JcBMQW48TPfPn4f",
                "identifier": "hashi-strawb/tfc-big-monorepo-test",
                "ingress_submodules": false,
                "oauth_token_id": "",
                "tags_regex": ""
              }
            ],
            "working_directory": "workspaces/"
          },
          "sensitive_attributes": [],
          "private": "eyJzY2hlbWFfdmVyc2lvbiI6IjEifQ=="
        },
        {
          "index_key": 277,
          "schema_version": 1,
          "attributes": {
            "agent_pool_id": "",
            "allow_destroy_plan": true,
            "assessments_enabled": false,
            "auto_apply": true,
            "description": "",
            "execution_mode": "remote",
            "file_triggers_enabled": true,
            "force_delete": true,
            "global_remote_state": false,
            "html_url": "https://app.terraform.io/app/hashi_strawb_testing/workspaces/many-workspace-test-0277",
            "id": "ws-bijoKm1QnGNk9Z3B",
            "name": "many-workspace-test-0277",
            "operations": true,
            "organization": "hashi_strawb_testing",
            "project_id": "prj-8rNEinGacXMAwCr4",
            "queue_all_runs": true,
            "remote_state_consumer_ids": [],
            "resource_count": 1,
            "source_name": "",
            "source_url": "",
            "speculative_enabled": true,
            "ssh_key_id": "",
            "structured_run_output_enabled": true,
            "tag_names": [],
            "terraform_version": "1.6.2",
            "trigger_patterns": [],
            "trigger_prefixes": [
              "/modules"
            ],
            "vcs_repo": [
              {
                "branch": "",
                "github_app_installation_id": "ghain-3JcBMQW48TPfPn4f",
                "identifier": "hashi-strawb/tfc-big-monorepo-test",
                "ingress_submodules": false,
                "oauth_token_id": "",
                "tags_regex": ""
              }
            ],
            "working_directory": "workspaces/"
          },
          "sensitive_attributes": [],
          "private": "eyJzY2hlbWFfdmVyc2lvbiI6IjEifQ=="
        },
        {
          "index_key": 278,
          "schema_version": 1,
          "attributes": {
            "agent_pool_id": "",
            "allow_destroy_plan": true,
            "assessments_enabled": false,
            "auto_apply": true,
            "description": "",
            "execution_mode": "remote",
            "file_triggers_enabled": true,
            "force_delete": true,
            "global_remote_state": false,
            "html_url": "https://app.terraform.io/app/hashi_strawb_testing/workspaces/many-workspace-test-0278",
            "id": "ws-B4kAtX2x6hVh8Tw8",
            "name": "many-workspace-test-0278",
            "operations": true,
            "organization": "hashi_strawb_testing",
            "project_id": "prj-8rNEinGacXMAwCr4",
            "queue_all_runs": true,
            "remote_state_consumer_ids": [],
            "resource_count": 0,
            "source_name": "",
            "source_url": "",
            "speculative_enabled": true,
            "ssh_key_id": "",
            "structured_run_output_enabled": true,
            "tag_names": [],
            "terraform_version": "1.6.2",
            "trigger_patterns": [],
            "trigger_prefixes": [
              "/modules"
            ],
            "vcs_repo": [
              {
                "branch": "",
                "github_app_installation_id": "ghain-3JcBMQW48TPfPn4f",
                "identifier": "hashi-strawb/tfc-big-monorepo-test",
                "ingress_submodules": false,
                "oauth_token_id": "",
                "tags_regex": ""
              }
            ],
            "working_directory": "workspaces/"
          },
          "sensitive_attributes": [],
          "private": "eyJzY2hlbWFfdmVyc2lvbiI6IjEifQ=="
        },
        {
          "index_key": 279,
          "schema_version": 1,
          "attributes": {
            "agent_pool_id": "",
            "allow_destroy_plan": true,
            "assessments_enabled": false,
            "auto_apply": true,
            "description": "",
            "execution_mode": "remote",
            "file_triggers_enabled": true,
            "force_delete": true,
            "global_remote_state": false,
            "html_url": "https://app.terraform.io/app/hashi_strawb_testing/workspaces/many-workspace-test-0279",
            "id": "ws-UKimYpFNgQFuaLcz",
            "name": "many-workspace-test-0279",
            "operations": true,
            "organization": "hashi_strawb_testing",
            "project_id": "prj-8rNEinGacXMAwCr4",
            "queue_all_runs": true,
            "remote_state_consumer_ids": [],
            "resource_count": 1,
            "source_name": "",
            "source_url": "",
            "speculative_enabled": true,
            "ssh_key_id": "",
            "structured_run_output_enabled": true,
            "tag_names": [],
            "terraform_version": "1.6.2",
            "trigger_patterns": [],
            "trigger_prefixes": [
              "/modules"
            ],
            "vcs_repo": [
              {
                "branch": "",
                "github_app_installation_id": "ghain-3JcBMQW48TPfPn4f",
                "identifier": "hashi-strawb/tfc-big-monorepo-test",
                "ingress_submodules": false,
                "oauth_token_id": "",
                "tags_regex": ""
              }
            ],
            "working_directory": "workspaces/"
          },
          "sensitive_attributes": [],
          "private": "eyJzY2hlbWFfdmVyc2lvbiI6IjEifQ=="
        },
        {
          "index_key": 280,
          "schema_version": 1,
          "attributes": {
            "agent_pool_id": "",
            "allow_destroy_plan": true,
            "assessments_enabled": false,
            "auto_apply": true,
            "description": "",
            "execution_mode": "remote",
            "file_triggers_enabled": true,
            "force_delete": true,
            "global_remote_state": false,
            "html_url": "https://app.terraform.io/app/hashi_strawb_testing/workspaces/many-workspace-test-0280",
            "id": "ws-AkrixV6rzpusU7Dw",
            "name": "many-workspace-test-0280",
            "operations": true,
            "organization": "hashi_strawb_testing",
            "project_id": "prj-8rNEinGacXMAwCr4",
            "queue_all_runs": true,
            "remote_state_consumer_ids": [],
            "resource_count": 1,
            "source_name": "",
            "source_url": "",
            "speculative_enabled": true,
            "ssh_key_id": "",
            "structured_run_output_enabled": true,
            "tag_names": [],
            "terraform_version": "1.6.2",
            "trigger_patterns": [],
            "trigger_prefixes": [
              "/modules"
            ],
            "vcs_repo": [
              {
                "branch": "",
                "github_app_installation_id": "ghain-3JcBMQW48TPfPn4f",
                "identifier": "hashi-strawb/tfc-big-monorepo-test",
                "ingress_submodules": false,
                "oauth_token_id": "",
                "tags_regex": ""
              }
            ],
            "working_directory": "workspaces/"
          },
          "sensitive_attributes": [],
          "private": "eyJzY2hlbWFfdmVyc2lvbiI6IjEifQ=="
        },
        {
          "index_key": 281,
          "schema_version": 1,
          "attributes": {
            "agent_pool_id": "",
            "allow_destroy_plan": true,
            "assessments_enabled": false,
            "auto_apply": true,
            "description": "",
            "execution_mode": "remote",
            "file_triggers_enabled": true,
            "force_delete": true,
            "global_remote_state": false,
            "html_url": "https://app.terraform.io/app/hashi_strawb_testing/workspaces/many-workspace-test-0281",
            "id": "ws-m7G3hHzJjj4nmkkL",
            "name": "many-workspace-test-0281",
            "operations": true,
            "organization": "hashi_strawb_testing",
            "project_id": "prj-8rNEinGacXMAwCr4",
            "queue_all_runs": true,
            "remote_state_consumer_ids": [],
            "resource_count": 1,
            "source_name": "",
            "source_url": "",
            "speculative_enabled": true,
            "ssh_key_id": "",
            "structured_run_output_enabled": true,
            "tag_names": [],
            "terraform_version": "1.6.2",
            "trigger_patterns": [],
            "trigger_prefixes": [
              "/modules"
            ],
            "vcs_repo": [
              {
                "branch": "",
                "github_app_installation_id": "ghain-3JcBMQW48TPfPn4f",
                "identifier": "hashi-strawb/tfc-big-monorepo-test",
                "ingress_submodules": false,
                "oauth_token_id": "",
                "tags_regex": ""
              }
            ],
            "working_directory": "workspaces/"
          },
          "sensitive_attributes": [],
          "private": "eyJzY2hlbWFfdmVyc2lvbiI6IjEifQ=="
        },
        {
          "index_key": 282,
          "schema_version": 1,
          "attributes": {
            "agent_pool_id": "",
            "allow_destroy_plan": true,
            "assessments_enabled": false,
            "auto_apply": true,
            "description": "",
            "execution_mode": "remote",
            "file_triggers_enabled": true,
            "force_delete": true,
            "global_remote_state": false,
            "html_url": "https://app.terraform.io/app/hashi_strawb_testing/workspaces/many-workspace-test-0282",
            "id": "ws-ubMzU4DHDJYbbekm",
            "name": "many-workspace-test-0282",
            "operations": true,
            "organization": "hashi_strawb_testing",
            "project_id": "prj-8rNEinGacXMAwCr4",
            "queue_all_runs": true,
            "remote_state_consumer_ids": [],
            "resource_count": 1,
            "source_name": "",
            "source_url": "",
            "speculative_enabled": true,
            "ssh_key_id": "",
            "structured_run_output_enabled": true,
            "tag_names": [],
            "terraform_version": "1.6.2",
            "trigger_patterns": [],
            "trigger_prefixes": [
              "/modules"
            ],
            "vcs_repo": [
              {
                "branch": "",
                "github_app_installation_id": "ghain-3JcBMQW48TPfPn4f",
                "identifier": "hashi-strawb/tfc-big-monorepo-test",
                "ingress_submodules": false,
                "oauth_token_id": "",
                "tags_regex": ""
              }
            ],
            "working_directory": "workspaces/"
          },
          "sensitive_attributes": [],
          "private": "eyJzY2hlbWFfdmVyc2lvbiI6IjEifQ=="
        },
        {
          "index_key": 283,
          "schema_version": 1,
          "attributes": {
            "agent_pool_id": "",
            "allow_destroy_plan": true,
            "assessments_enabled": false,
            "auto_apply": true,
            "description": "",
            "execution_mode": "remote",
            "file_triggers_enabled": true,
            "force_delete": true,
            "global_remote_state": false,
            "html_url": "https://app.terraform.io/app/hashi_strawb_testing/workspaces/many-workspace-test-0283",
            "id": "ws-Lk83yQX8SPSsKcz8",
            "name": "many-workspace-test-0283",
            "operations": true,
            "organization": "hashi_strawb_testing",
            "project_id": "prj-8rNEinGacXMAwCr4",
            "queue_all_runs": true,
            "remote_state_consumer_ids": [],
            "resource_count": 1,
            "source_name": "",
            "source_url": "",
            "speculative_enabled": true,
            "ssh_key_id": "",
            "structured_run_output_enabled": true,
            "tag_names": [],
            "terraform_version": "1.6.2",
            "trigger_patterns": [],
            "trigger_prefixes": [
              "/modules"
            ],
            "vcs_repo": [
              {
                "branch": "",
                "github_app_installation_id": "ghain-3JcBMQW48TPfPn4f",
                "identifier": "hashi-strawb/tfc-big-monorepo-test",
                "ingress_submodules": false,
                "oauth_token_id": "",
                "tags_regex": ""
              }
            ],
            "working_directory": "workspaces/"
          },
          "sensitive_attributes": [],
          "private": "eyJzY2hlbWFfdmVyc2lvbiI6IjEifQ=="
        },
        {
          "index_key": 284,
          "schema_version": 1,
          "attributes": {
            "agent_pool_id": "",
            "allow_destroy_plan": true,
            "assessments_enabled": false,
            "auto_apply": true,
            "description": "",
            "execution_mode": "remote",
            "file_triggers_enabled": true,
            "force_delete": true,
            "global_remote_state": false,
            "html_url": "https://app.terraform.io/app/hashi_strawb_testing/workspaces/many-workspace-test-0284",
            "id": "ws-XYndueoVqZBvQ4rX",
            "name": "many-workspace-test-0284",
            "operations": true,
            "organization": "hashi_strawb_testing",
            "project_id": "prj-8rNEinGacXMAwCr4",
            "queue_all_runs": true,
            "remote_state_consumer_ids": [],
            "resource_count": 0,
            "source_name": "",
            "source_url": "",
            "speculative_enabled": true,
            "ssh_key_id": "",
            "structured_run_output_enabled": true,
            "tag_names": [],
            "terraform_version": "1.6.2",
            "trigger_patterns": [],
            "trigger_prefixes": [
              "/modules"
            ],
            "vcs_repo": [
              {
                "branch": "",
                "github_app_installation_id": "ghain-3JcBMQW48TPfPn4f",
                "identifier": "hashi-strawb/tfc-big-monorepo-test",
                "ingress_submodules": false,
                "oauth_token_id": "",
                "tags_regex": ""
              }
            ],
            "working_directory": "workspaces/"
          },
          "sensitive_attributes": [],
          "private": "eyJzY2hlbWFfdmVyc2lvbiI6IjEifQ=="
        },
        {
          "index_key": 285,
          "schema_version": 1,
          "attributes": {
            "agent_pool_id": "",
            "allow_destroy_plan": true,
            "assessments_enabled": false,
            "auto_apply": true,
            "description": "",
            "execution_mode": "remote",
            "file_triggers_enabled": true,
            "force_delete": true,
            "global_remote_state": false,
            "html_url": "https://app.terraform.io/app/hashi_strawb_testing/workspaces/many-workspace-test-0285",
            "id": "ws-yVAL6wZAkjXjJFfw",
            "name": "many-workspace-test-0285",
            "operations": true,
            "organization": "hashi_strawb_testing",
            "project_id": "prj-8rNEinGacXMAwCr4",
            "queue_all_runs": true,
            "remote_state_consumer_ids": [],
            "resource_count": 0,
            "source_name": "",
            "source_url": "",
            "speculative_enabled": true,
            "ssh_key_id": "",
            "structured_run_output_enabled": true,
            "tag_names": [],
            "terraform_version": "1.6.2",
            "trigger_patterns": [],
            "trigger_prefixes": [
              "/modules"
            ],
            "vcs_repo": [
              {
                "branch": "",
                "github_app_installation_id": "ghain-3JcBMQW48TPfPn4f",
                "identifier": "hashi-strawb/tfc-big-monorepo-test",
                "ingress_submodules": false,
                "oauth_token_id": "",
                "tags_regex": ""
              }
            ],
            "working_directory": "workspaces/"
          },
          "sensitive_attributes": [],
          "private": "eyJzY2hlbWFfdmVyc2lvbiI6IjEifQ=="
        },
        {
          "index_key": 286,
          "schema_version": 1,
          "attributes": {
            "agent_pool_id": "",
            "allow_destroy_plan": true,
            "assessments_enabled": false,
            "auto_apply": true,
            "description": "",
            "execution_mode": "remote",
            "file_triggers_enabled": true,
            "force_delete": true,
            "global_remote_state": false,
            "html_url": "https://app.terraform.io/app/hashi_strawb_testing/workspaces/many-workspace-test-0286",
            "id": "ws-bfdCtXe4chBBqdub",
            "name": "many-workspace-test-0286",
            "operations": true,
            "organization": "hashi_strawb_testing",
            "project_id": "prj-8rNEinGacXMAwCr4",
            "queue_all_runs": true,
            "remote_state_consumer_ids": [],
            "resource_count": 0,
            "source_name": "",
            "source_url": "",
            "speculative_enabled": true,
            "ssh_key_id": "",
            "structured_run_output_enabled": true,
            "tag_names": [],
            "terraform_version": "1.6.2",
            "trigger_patterns": [],
            "trigger_prefixes": [
              "/modules"
            ],
            "vcs_repo": [
              {
                "branch": "",
                "github_app_installation_id": "ghain-3JcBMQW48TPfPn4f",
                "identifier": "hashi-strawb/tfc-big-monorepo-test",
                "ingress_submodules": false,
                "oauth_token_id": "",
                "tags_regex": ""
              }
            ],
            "working_directory": "workspaces/"
          },
          "sensitive_attributes": [],
          "private": "eyJzY2hlbWFfdmVyc2lvbiI6IjEifQ=="
        },
        {
          "index_key": 287,
          "schema_version": 1,
          "attributes": {
            "agent_pool_id": "",
            "allow_destroy_plan": true,
            "assessments_enabled": false,
            "auto_apply": true,
            "description": "",
            "execution_mode": "remote",
            "file_triggers_enabled": true,
            "force_delete": true,
            "global_remote_state": false,
            "html_url": "https://app.terraform.io/app/hashi_strawb_testing/workspaces/many-workspace-test-0287",
            "id": "ws-iDW3JV8eQsw2uJqN",
            "name": "many-workspace-test-0287",
            "operations": true,
            "organization": "hashi_strawb_testing",
            "project_id": "prj-8rNEinGacXMAwCr4",
            "queue_all_runs": true,
            "remote_state_consumer_ids": [],
            "resource_count": 0,
            "source_name": "",
            "source_url": "",
            "speculative_enabled": true,
            "ssh_key_id": "",
            "structured_run_output_enabled": true,
            "tag_names": [],
            "terraform_version": "1.6.2",
            "trigger_patterns": [],
            "trigger_prefixes": [
              "/modules"
            ],
            "vcs_repo": [
              {
                "branch": "",
                "github_app_installation_id": "ghain-3JcBMQW48TPfPn4f",
                "identifier": "hashi-strawb/tfc-big-monorepo-test",
                "ingress_submodules": false,
                "oauth_token_id": "",
                "tags_regex": ""
              }
            ],
            "working_directory": "workspaces/"
          },
          "sensitive_attributes": [],
          "private": "eyJzY2hlbWFfdmVyc2lvbiI6IjEifQ=="
        },
        {
          "index_key": 288,
          "schema_version": 1,
          "attributes": {
            "agent_pool_id": "",
            "allow_destroy_plan": true,
            "assessments_enabled": false,
            "auto_apply": true,
            "description": "",
            "execution_mode": "remote",
            "file_triggers_enabled": true,
            "force_delete": true,
            "global_remote_state": false,
            "html_url": "https://app.terraform.io/app/hashi_strawb_testing/workspaces/many-workspace-test-0288",
            "id": "ws-Qpc85F5JtKMhC5Ks",
            "name": "many-workspace-test-0288",
            "operations": true,
            "organization": "hashi_strawb_testing",
            "project_id": "prj-8rNEinGacXMAwCr4",
            "queue_all_runs": true,
            "remote_state_consumer_ids": [],
            "resource_count": 0,
            "source_name": "",
            "source_url": "",
            "speculative_enabled": true,
            "ssh_key_id": "",
            "structured_run_output_enabled": true,
            "tag_names": [],
            "terraform_version": "1.6.2",
            "trigger_patterns": [],
            "trigger_prefixes": [
              "/modules"
            ],
            "vcs_repo": [
              {
                "branch": "",
                "github_app_installation_id": "ghain-3JcBMQW48TPfPn4f",
                "identifier": "hashi-strawb/tfc-big-monorepo-test",
                "ingress_submodules": false,
                "oauth_token_id": "",
                "tags_regex": ""
              }
            ],
            "working_directory": "workspaces/"
          },
          "sensitive_attributes": [],
          "private": "eyJzY2hlbWFfdmVyc2lvbiI6IjEifQ=="
        },
        {
          "index_key": 289,
          "schema_version": 1,
          "attributes": {
            "agent_pool_id": "",
            "allow_destroy_plan": true,
            "assessments_enabled": false,
            "auto_apply": true,
            "description": "",
            "execution_mode": "remote",
            "file_triggers_enabled": true,
            "force_delete": true,
            "global_remote_state": false,
            "html_url": "https://app.terraform.io/app/hashi_strawb_testing/workspaces/many-workspace-test-0289",
            "id": "ws-HrqZkgpPrgV7rP6J",
            "name": "many-workspace-test-0289",
            "operations": true,
            "organization": "hashi_strawb_testing",
            "project_id": "prj-8rNEinGacXMAwCr4",
            "queue_all_runs": true,
            "remote_state_consumer_ids": [],
            "resource_count": 0,
            "source_name": "",
            "source_url": "",
            "speculative_enabled": true,
            "ssh_key_id": "",
            "structured_run_output_enabled": true,
            "tag_names": [],
            "terraform_version": "1.6.2",
            "trigger_patterns": [],
            "trigger_prefixes": [
              "/modules"
            ],
            "vcs_repo": [
              {
                "branch": "",
                "github_app_installation_id": "ghain-3JcBMQW48TPfPn4f",
                "identifier": "hashi-strawb/tfc-big-monorepo-test",
                "ingress_submodules": false,
                "oauth_token_id": "",
                "tags_regex": ""
              }
            ],
            "working_directory": "workspaces/"
          },
          "sensitive_attributes": [],
          "private": "eyJzY2hlbWFfdmVyc2lvbiI6IjEifQ=="
        },
        {
          "index_key": 290,
          "schema_version": 1,
          "attributes": {
            "agent_pool_id": "",
            "allow_destroy_plan": true,
            "assessments_enabled": false,
            "auto_apply": true,
            "description": "",
            "execution_mode": "remote",
            "file_triggers_enabled": true,
            "force_delete": true,
            "global_remote_state": false,
            "html_url": "https://app.terraform.io/app/hashi_strawb_testing/workspaces/many-workspace-test-0290",
            "id": "ws-x9MPSQUkWe1nw5t3",
            "name": "many-workspace-test-0290",
            "operations": true,
            "organization": "hashi_strawb_testing",
            "project_id": "prj-8rNEinGacXMAwCr4",
            "queue_all_runs": true,
            "remote_state_consumer_ids": [],
            "resource_count": 0,
            "source_name": "",
            "source_url": "",
            "speculative_enabled": true,
            "ssh_key_id": "",
            "structured_run_output_enabled": true,
            "tag_names": [],
            "terraform_version": "1.6.2",
            "trigger_patterns": [],
            "trigger_prefixes": [
              "/modules"
            ],
            "vcs_repo": [
              {
                "branch": "",
                "github_app_installation_id": "ghain-3JcBMQW48TPfPn4f",
                "identifier": "hashi-strawb/tfc-big-monorepo-test",
                "ingress_submodules": false,
                "oauth_token_id": "",
                "tags_regex": ""
              }
            ],
            "working_directory": "workspaces/"
          },
          "sensitive_attributes": [],
          "private": "eyJzY2hlbWFfdmVyc2lvbiI6IjEifQ=="
        },
        {
          "index_key": 291,
          "schema_version": 1,
          "attributes": {
            "agent_pool_id": "",
            "allow_destroy_plan": true,
            "assessments_enabled": false,
            "auto_apply": true,
            "description": "",
            "execution_mode": "remote",
            "file_triggers_enabled": true,
            "force_delete": true,
            "global_remote_state": false,
            "html_url": "https://app.terraform.io/app/hashi_strawb_testing/workspaces/many-workspace-test-0291",
            "id": "ws-9QedvgnYAqKaYUot",
            "name": "many-workspace-test-0291",
            "operations": true,
            "organization": "hashi_strawb_testing",
            "project_id": "prj-8rNEinGacXMAwCr4",
            "queue_all_runs": true,
            "remote_state_consumer_ids": [],
            "resource_count": 1,
            "source_name": "",
            "source_url": "",
            "speculative_enabled": true,
            "ssh_key_id": "",
            "structured_run_output_enabled": true,
            "tag_names": [],
            "terraform_version": "1.6.2",
            "trigger_patterns": [],
            "trigger_prefixes": [
              "/modules"
            ],
            "vcs_repo": [
              {
                "branch": "",
                "github_app_installation_id": "ghain-3JcBMQW48TPfPn4f",
                "identifier": "hashi-strawb/tfc-big-monorepo-test",
                "ingress_submodules": false,
                "oauth_token_id": "",
                "tags_regex": ""
              }
            ],
            "working_directory": "workspaces/"
          },
          "sensitive_attributes": [],
          "private": "eyJzY2hlbWFfdmVyc2lvbiI6IjEifQ=="
        },
        {
          "index_key": 292,
          "schema_version": 1,
          "attributes": {
            "agent_pool_id": "",
            "allow_destroy_plan": true,
            "assessments_enabled": false,
            "auto_apply": true,
            "description": "",
            "execution_mode": "remote",
            "file_triggers_enabled": true,
            "force_delete": true,
            "global_remote_state": false,
            "html_url": "https://app.terraform.io/app/hashi_strawb_testing/workspaces/many-workspace-test-0292",
            "id": "ws-GsU1XAN1LaRkasnc",
            "name": "many-workspace-test-0292",
            "operations": true,
            "organization": "hashi_strawb_testing",
            "project_id": "prj-8rNEinGacXMAwCr4",
            "queue_all_runs": true,
            "remote_state_consumer_ids": [],
            "resource_count": 1,
            "source_name": "",
            "source_url": "",
            "speculative_enabled": true,
            "ssh_key_id": "",
            "structured_run_output_enabled": true,
            "tag_names": [],
            "terraform_version": "1.6.2",
            "trigger_patterns": [],
            "trigger_prefixes": [
              "/modules"
            ],
            "vcs_repo": [
              {
                "branch": "",
                "github_app_installation_id": "ghain-3JcBMQW48TPfPn4f",
                "identifier": "hashi-strawb/tfc-big-monorepo-test",
                "ingress_submodules": false,
                "oauth_token_id": "",
                "tags_regex": ""
              }
            ],
            "working_directory": "workspaces/"
          },
          "sensitive_attributes": [],
          "private": "eyJzY2hlbWFfdmVyc2lvbiI6IjEifQ=="
        },
        {
          "index_key": 293,
          "schema_version": 1,
          "attributes": {
            "agent_pool_id": "",
            "allow_destroy_plan": true,
            "assessments_enabled": false,
            "auto_apply": true,
            "description": "",
            "execution_mode": "remote",
            "file_triggers_enabled": true,
            "force_delete": true,
            "global_remote_state": false,
            "html_url": "https://app.terraform.io/app/hashi_strawb_testing/workspaces/many-workspace-test-0293",
            "id": "ws-EjtozBvvpn1Qvo7e",
            "name": "many-workspace-test-0293",
            "operations": true,
            "organization": "hashi_strawb_testing",
            "project_id": "prj-8rNEinGacXMAwCr4",
            "queue_all_runs": true,
            "remote_state_consumer_ids": [],
            "resource_count": 1,
            "source_name": "",
            "source_url": "",
            "speculative_enabled": true,
            "ssh_key_id": "",
            "structured_run_output_enabled": true,
            "tag_names": [],
            "terraform_version": "1.6.2",
            "trigger_patterns": [],
            "trigger_prefixes": [
              "/modules"
            ],
            "vcs_repo": [
              {
                "branch": "",
                "github_app_installation_id": "ghain-3JcBMQW48TPfPn4f",
                "identifier": "hashi-strawb/tfc-big-monorepo-test",
                "ingress_submodules": false,
                "oauth_token_id": "",
                "tags_regex": ""
              }
            ],
            "working_directory": "workspaces/"
          },
          "sensitive_attributes": [],
          "private": "eyJzY2hlbWFfdmVyc2lvbiI6IjEifQ=="
        },
        {
          "index_key": 294,
          "schema_version": 1,
          "attributes": {
            "agent_pool_id": "",
            "allow_destroy_plan": true,
            "assessments_enabled": false,
            "auto_apply": true,
            "description": "",
            "execution_mode": "remote",
            "file_triggers_enabled": true,
            "force_delete": true,
            "global_remote_state": false,
            "html_url": "https://app.terraform.io/app/hashi_strawb_testing/workspaces/many-workspace-test-0294",
            "id": "ws-UXuaKMuarPFAnbTp",
            "name": "many-workspace-test-0294",
            "operations": true,
            "organization": "hashi_strawb_testing",
            "project_id": "prj-8rNEinGacXMAwCr4",
            "queue_all_runs": true,
            "remote_state_consumer_ids": [],
            "resource_count": 1,
            "source_name": "",
            "source_url": "",
            "speculative_enabled": true,
            "ssh_key_id": "",
            "structured_run_output_enabled": true,
            "tag_names": [],
            "terraform_version": "1.6.2",
            "trigger_patterns": [],
            "trigger_prefixes": [
              "/modules"
            ],
            "vcs_repo": [
              {
                "branch": "",
                "github_app_installation_id": "ghain-3JcBMQW48TPfPn4f",
                "identifier": "hashi-strawb/tfc-big-monorepo-test",
                "ingress_submodules": false,
                "oauth_token_id": "",
                "tags_regex": ""
              }
            ],
            "working_directory": "workspaces/"
          },
          "sensitive_attributes": [],
          "private": "eyJzY2hlbWFfdmVyc2lvbiI6IjEifQ=="
        },
        {
          "index_key": 295,
          "schema_version": 1,
          "attributes": {
            "agent_pool_id": "",
            "allow_destroy_plan": true,
            "assessments_enabled": false,
            "auto_apply": true,
            "description": "",
            "execution_mode": "remote",
            "file_triggers_enabled": true,
            "force_delete": true,
            "global_remote_state": false,
            "html_url": "https://app.terraform.io/app/hashi_strawb_testing/workspaces/many-workspace-test-0295",
            "id": "ws-eNLk8h8fqF4GJhrD",
            "name": "many-workspace-test-0295",
            "operations": true,
            "organization": "hashi_strawb_testing",
            "project_id": "prj-8rNEinGacXMAwCr4",
            "queue_all_runs": true,
            "remote_state_consumer_ids": [],
            "resource_count": 0,
            "source_name": "",
            "source_url": "",
            "speculative_enabled": true,
            "ssh_key_id": "",
            "structured_run_output_enabled": true,
            "tag_names": [],
            "terraform_version": "1.6.2",
            "trigger_patterns": [],
            "trigger_prefixes": [
              "/modules"
            ],
            "vcs_repo": [
              {
                "branch": "",
                "github_app_installation_id": "ghain-3JcBMQW48TPfPn4f",
                "identifier": "hashi-strawb/tfc-big-monorepo-test",
                "ingress_submodules": false,
                "oauth_token_id": "",
                "tags_regex": ""
              }
            ],
            "working_directory": "workspaces/"
          },
          "sensitive_attributes": [],
          "private": "eyJzY2hlbWFfdmVyc2lvbiI6IjEifQ=="
        },
        {
          "index_key": 296,
          "schema_version": 1,
          "attributes": {
            "agent_pool_id": "",
            "allow_destroy_plan": true,
            "assessments_enabled": false,
            "auto_apply": true,
            "description": "",
            "execution_mode": "remote",
            "file_triggers_enabled": true,
            "force_delete": true,
            "global_remote_state": false,
            "html_url": "https://app.terraform.io/app/hashi_strawb_testing/workspaces/many-workspace-test-0296",
            "id": "ws-pWBkTmNPH8yjUMQu",
            "name": "many-workspace-test-0296",
            "operations": true,
            "organization": "hashi_strawb_testing",
            "project_id": "prj-8rNEinGacXMAwCr4",
            "queue_all_runs": true,
            "remote_state_consumer_ids": [],
            "resource_count": 0,
            "source_name": "",
            "source_url": "",
            "speculative_enabled": true,
            "ssh_key_id": "",
            "structured_run_output_enabled": true,
            "tag_names": [],
            "terraform_version": "1.6.2",
            "trigger_patterns": [],
            "trigger_prefixes": [
              "/modules"
            ],
            "vcs_repo": [
              {
                "branch": "",
                "github_app_installation_id": "ghain-3JcBMQW48TPfPn4f",
                "identifier": "hashi-strawb/tfc-big-monorepo-test",
                "ingress_submodules": false,
                "oauth_token_id": "",
                "tags_regex": ""
              }
            ],
            "working_directory": "workspaces/"
          },
          "sensitive_attributes": [],
          "private": "eyJzY2hlbWFfdmVyc2lvbiI6IjEifQ=="
        },
        {
          "index_key": 297,
          "schema_version": 1,
          "attributes": {
            "agent_pool_id": "",
            "allow_destroy_plan": true,
            "assessments_enabled": false,
            "auto_apply": true,
            "description": "",
            "execution_mode": "remote",
            "file_triggers_enabled": true,
            "force_delete": true,
            "global_remote_state": false,
            "html_url": "https://app.terraform.io/app/hashi_strawb_testing/workspaces/many-workspace-test-0297",
            "id": "ws-owDCCAVYz2E8Ah3m",
            "name": "many-workspace-test-0297",
            "operations": true,
            "organization": "hashi_strawb_testing",
            "project_id": "prj-8rNEinGacXMAwCr4",
            "queue_all_runs": true,
            "remote_state_consumer_ids": [],
            "resource_count": 0,
            "source_name": "",
            "source_url": "",
            "speculative_enabled": true,
            "ssh_key_id": "",
            "structured_run_output_enabled": true,
            "tag_names": [],
            "terraform_version": "1.6.2",
            "trigger_patterns": [],
            "trigger_prefixes": [
              "/modules"
            ],
            "vcs_repo": [
              {
                "branch": "",
                "github_app_installation_id": "ghain-3JcBMQW48TPfPn4f",
                "identifier": "hashi-strawb/tfc-big-monorepo-test",
                "ingress_submodules": false,
                "oauth_token_id": "",
                "tags_regex": ""
              }
            ],
            "working_directory": "workspaces/"
          },
          "sensitive_attributes": [],
          "private": "eyJzY2hlbWFfdmVyc2lvbiI6IjEifQ=="
        },
        {
          "index_key": 298,
          "schema_version": 1,
          "attributes": {
            "agent_pool_id": "",
            "allow_destroy_plan": true,
            "assessments_enabled": false,
            "auto_apply": true,
            "description": "",
            "execution_mode": "remote",
            "file_triggers_enabled": true,
            "force_delete": true,
            "global_remote_state": false,
            "html_url": "https://app.terraform.io/app/hashi_strawb_testing/workspaces/many-workspace-test-0298",
            "id": "ws-ndTuEutXrs9bB9Hs",
            "name": "many-workspace-test-0298",
            "operations": true,
            "organization": "hashi_strawb_testing",
            "project_id": "prj-8rNEinGacXMAwCr4",
            "queue_all_runs": true,
            "remote_state_consumer_ids": [],
            "resource_count": 0,
            "source_name": "",
            "source_url": "",
            "speculative_enabled": true,
            "ssh_key_id": "",
            "structured_run_output_enabled": true,
            "tag_names": [],
            "terraform_version": "1.6.2",
            "trigger_patterns": [],
            "trigger_prefixes": [
              "/modules"
            ],
            "vcs_repo": [
              {
                "branch": "",
                "github_app_installation_id": "ghain-3JcBMQW48TPfPn4f",
                "identifier": "hashi-strawb/tfc-big-monorepo-test",
                "ingress_submodules": false,
                "oauth_token_id": "",
                "tags_regex": ""
              }
            ],
            "working_directory": "workspaces/"
          },
          "sensitive_attributes": [],
          "private": "eyJzY2hlbWFfdmVyc2lvbiI6IjEifQ=="
        },
        {
          "index_key": 299,
          "schema_version": 1,
          "attributes": {
            "agent_pool_id": "",
            "allow_destroy_plan": true,
            "assessments_enabled": false,
            "auto_apply": true,
            "description": "",
            "execution_mode": "remote",
            "file_triggers_enabled": true,
            "force_delete": true,
            "global_remote_state": false,
            "html_url": "https://app.terraform.io/app/hashi_strawb_testing/workspaces/many-workspace-test-0299",
            "id": "ws-CT8AW3hGDdHJHp94",
            "name": "many-workspace-test-0299",
            "operations": true,
            "organization": "hashi_strawb_testing",
            "project_id": "prj-8rNEinGacXMAwCr4",
            "queue_all_runs": true,
            "remote_state_consumer_ids": [],
            "resource_count": 1,
            "source_name": "",
            "source_url": "",
            "speculative_enabled": true,
            "ssh_key_id": "",
            "structured_run_output_enabled": true,
            "tag_names": [],
            "terraform_version": "1.6.2",
            "trigger_patterns": [],
            "trigger_prefixes": [
              "/modules"
            ],
            "vcs_repo": [
              {
                "branch": "",
                "github_app_installation_id": "ghain-3JcBMQW48TPfPn4f",
                "identifier": "hashi-strawb/tfc-big-monorepo-test",
                "ingress_submodules": false,
                "oauth_token_id": "",
                "tags_regex": ""
              }
            ],
            "working_directory": "workspaces/"
          },
          "sensitive_attributes": [],
          "private": "eyJzY2hlbWFfdmVyc2lvbiI6IjEifQ=="
        },
        {
          "index_key": 300,
          "schema_version": 1,
          "attributes": {
            "agent_pool_id": "",
            "allow_destroy_plan": true,
            "assessments_enabled": false,
            "auto_apply": true,
            "description": "",
            "execution_mode": "remote",
            "file_triggers_enabled": true,
            "force_delete": true,
            "global_remote_state": false,
            "html_url": "https://app.terraform.io/app/hashi_strawb_testing/workspaces/many-workspace-test-0300",
            "id": "ws-6Hvo4QncbZiDGeHz",
            "name": "many-workspace-test-0300",
            "operations": true,
            "organization": "hashi_strawb_testing",
            "project_id": "prj-8rNEinGacXMAwCr4",
            "queue_all_runs": true,
            "remote_state_consumer_ids": [],
            "resource_count": 0,
            "source_name": "",
            "source_url": "",
            "speculative_enabled": true,
            "ssh_key_id": "",
            "structured_run_output_enabled": true,
            "tag_names": [],
            "terraform_version": "1.6.2",
            "trigger_patterns": [],
            "trigger_prefixes": [
              "/modules"
            ],
            "vcs_repo": [
              {
                "branch": "",
                "github_app_installation_id": "ghain-3JcBMQW48TPfPn4f",
                "identifier": "hashi-strawb/tfc-big-monorepo-test",
                "ingress_submodules": false,
                "oauth_token_id": "",
                "tags_regex": ""
              }
            ],
            "working_directory": "workspaces/"
          },
          "sensitive_attributes": [],
          "private": "eyJzY2hlbWFfdmVyc2lvbiI6IjEifQ=="
        },
        {
          "index_key": 301,
          "schema_version": 1,
          "attributes": {
            "agent_pool_id": "",
            "allow_destroy_plan": true,
            "assessments_enabled": false,
            "auto_apply": true,
            "description": "",
            "execution_mode": "remote",
            "file_triggers_enabled": true,
            "force_delete": true,
            "global_remote_state": false,
            "html_url": "https://app.terraform.io/app/hashi_strawb_testing/workspaces/many-workspace-test-0301",
            "id": "ws-b1oqudVQcZM77GCJ",
            "name": "many-workspace-test-0301",
            "operations": true,
            "organization": "hashi_strawb_testing",
            "project_id": "prj-8rNEinGacXMAwCr4",
            "queue_all_runs": true,
            "remote_state_consumer_ids": [],
            "resource_count": 0,
            "source_name": "",
            "source_url": "",
            "speculative_enabled": true,
            "ssh_key_id": "",
            "structured_run_output_enabled": true,
            "tag_names": [],
            "terraform_version": "1.6.2",
            "trigger_patterns": [],
            "trigger_prefixes": [
              "/modules"
            ],
            "vcs_repo": [
              {
                "branch": "",
                "github_app_installation_id": "ghain-3JcBMQW48TPfPn4f",
                "identifier": "hashi-strawb/tfc-big-monorepo-test",
                "ingress_submodules": false,
                "oauth_token_id": "",
                "tags_regex": ""
              }
            ],
            "working_directory": "workspaces/"
          },
          "sensitive_attributes": [],
          "private": "eyJzY2hlbWFfdmVyc2lvbiI6IjEifQ=="
        },
        {
          "index_key": 302,
          "schema_version": 1,
          "attributes": {
            "agent_pool_id": "",
            "allow_destroy_plan": true,
            "assessments_enabled": false,
            "auto_apply": true,
            "description": "",
            "execution_mode": "remote",
            "file_triggers_enabled": true,
            "force_delete": true,
            "global_remote_state": false,
            "html_url": "https://app.terraform.io/app/hashi_strawb_testing/workspaces/many-workspace-test-0302",
            "id": "ws-h8bQ5Y2jXXGhHsWx",
            "name": "many-workspace-test-0302",
            "operations": true,
            "organization": "hashi_strawb_testing",
            "project_id": "prj-8rNEinGacXMAwCr4",
            "queue_all_runs": true,
            "remote_state_consumer_ids": [],
            "resource_count": 0,
            "source_name": "",
            "source_url": "",
            "speculative_enabled": true,
            "ssh_key_id": "",
            "structured_run_output_enabled": true,
            "tag_names": [],
            "terraform_version": "1.6.2",
            "trigger_patterns": [],
            "trigger_prefixes": [
              "/modules"
            ],
            "vcs_repo": [
              {
                "branch": "",
                "github_app_installation_id": "ghain-3JcBMQW48TPfPn4f",
                "identifier": "hashi-strawb/tfc-big-monorepo-test",
                "ingress_submodules": false,
                "oauth_token_id": "",
                "tags_regex": ""
              }
            ],
            "working_directory": "workspaces/"
          },
          "sensitive_attributes": [],
          "private": "eyJzY2hlbWFfdmVyc2lvbiI6IjEifQ=="
        },
        {
          "index_key": 303,
          "schema_version": 1,
          "attributes": {
            "agent_pool_id": "",
            "allow_destroy_plan": true,
            "assessments_enabled": false,
            "auto_apply": true,
            "description": "",
            "execution_mode": "remote",
            "file_triggers_enabled": true,
            "force_delete": true,
            "global_remote_state": false,
            "html_url": "https://app.terraform.io/app/hashi_strawb_testing/workspaces/many-workspace-test-0303",
            "id": "ws-CxrfPgUMY2Br2tjw",
            "name": "many-workspace-test-0303",
            "operations": true,
            "organization": "hashi_strawb_testing",
            "project_id": "prj-8rNEinGacXMAwCr4",
            "queue_all_runs": true,
            "remote_state_consumer_ids": [],
            "resource_count": 1,
            "source_name": "",
            "source_url": "",
            "speculative_enabled": true,
            "ssh_key_id": "",
            "structured_run_output_enabled": true,
            "tag_names": [],
            "terraform_version": "1.6.2",
            "trigger_patterns": [],
            "trigger_prefixes": [
              "/modules"
            ],
            "vcs_repo": [
              {
                "branch": "",
                "github_app_installation_id": "ghain-3JcBMQW48TPfPn4f",
                "identifier": "hashi-strawb/tfc-big-monorepo-test",
                "ingress_submodules": false,
                "oauth_token_id": "",
                "tags_regex": ""
              }
            ],
            "working_directory": "workspaces/"
          },
          "sensitive_attributes": [],
          "private": "eyJzY2hlbWFfdmVyc2lvbiI6IjEifQ=="
        },
        {
          "index_key": 304,
          "schema_version": 1,
          "attributes": {
            "agent_pool_id": "",
            "allow_destroy_plan": true,
            "assessments_enabled": false,
            "auto_apply": true,
            "description": "",
            "execution_mode": "remote",
            "file_triggers_enabled": true,
            "force_delete": true,
            "global_remote_state": false,
            "html_url": "https://app.terraform.io/app/hashi_strawb_testing/workspaces/many-workspace-test-0304",
            "id": "ws-ALQpE8oYoSFYxP88",
            "name": "many-workspace-test-0304",
            "operations": true,
            "organization": "hashi_strawb_testing",
            "project_id": "prj-8rNEinGacXMAwCr4",
            "queue_all_runs": true,
            "remote_state_consumer_ids": [],
            "resource_count": 0,
            "source_name": "",
            "source_url": "",
            "speculative_enabled": true,
            "ssh_key_id": "",
            "structured_run_output_enabled": true,
            "tag_names": [],
            "terraform_version": "1.6.2",
            "trigger_patterns": [],
            "trigger_prefixes": [
              "/modules"
            ],
            "vcs_repo": [
              {
                "branch": "",
                "github_app_installation_id": "ghain-3JcBMQW48TPfPn4f",
                "identifier": "hashi-strawb/tfc-big-monorepo-test",
                "ingress_submodules": false,
                "oauth_token_id": "",
                "tags_regex": ""
              }
            ],
            "working_directory": "workspaces/"
          },
          "sensitive_attributes": [],
          "private": "eyJzY2hlbWFfdmVyc2lvbiI6IjEifQ=="
        },
        {
          "index_key": 305,
          "schema_version": 1,
          "attributes": {
            "agent_pool_id": "",
            "allow_destroy_plan": true,
            "assessments_enabled": false,
            "auto_apply": true,
            "description": "",
            "execution_mode": "remote",
            "file_triggers_enabled": true,
            "force_delete": true,
            "global_remote_state": false,
            "html_url": "https://app.terraform.io/app/hashi_strawb_testing/workspaces/many-workspace-test-0305",
            "id": "ws-aE1xdeH8gdejpUtd",
            "name": "many-workspace-test-0305",
            "operations": true,
            "organization": "hashi_strawb_testing",
            "project_id": "prj-8rNEinGacXMAwCr4",
            "queue_all_runs": true,
            "remote_state_consumer_ids": [],
            "resource_count": 1,
            "source_name": "",
            "source_url": "",
            "speculative_enabled": true,
            "ssh_key_id": "",
            "structured_run_output_enabled": true,
            "tag_names": [],
            "terraform_version": "1.6.2",
            "trigger_patterns": [],
            "trigger_prefixes": [
              "/modules"
            ],
            "vcs_repo": [
              {
                "branch": "",
                "github_app_installation_id": "ghain-3JcBMQW48TPfPn4f",
                "identifier": "hashi-strawb/tfc-big-monorepo-test",
                "ingress_submodules": false,
                "oauth_token_id": "",
                "tags_regex": ""
              }
            ],
            "working_directory": "workspaces/"
          },
          "sensitive_attributes": [],
          "private": "eyJzY2hlbWFfdmVyc2lvbiI6IjEifQ=="
        },
        {
          "index_key": 306,
          "schema_version": 1,
          "attributes": {
            "agent_pool_id": "",
            "allow_destroy_plan": true,
            "assessments_enabled": false,
            "auto_apply": true,
            "description": "",
            "execution_mode": "remote",
            "file_triggers_enabled": true,
            "force_delete": true,
            "global_remote_state": false,
            "html_url": "https://app.terraform.io/app/hashi_strawb_testing/workspaces/many-workspace-test-0306",
            "id": "ws-KSrrEgZCaafgjb55",
            "name": "many-workspace-test-0306",
            "operations": true,
            "organization": "hashi_strawb_testing",
            "project_id": "prj-8rNEinGacXMAwCr4",
            "queue_all_runs": true,
            "remote_state_consumer_ids": [],
            "resource_count": 1,
            "source_name": "",
            "source_url": "",
            "speculative_enabled": true,
            "ssh_key_id": "",
            "structured_run_output_enabled": true,
            "tag_names": [],
            "terraform_version": "1.6.2",
            "trigger_patterns": [],
            "trigger_prefixes": [
              "/modules"
            ],
            "vcs_repo": [
              {
                "branch": "",
                "github_app_installation_id": "ghain-3JcBMQW48TPfPn4f",
                "identifier": "hashi-strawb/tfc-big-monorepo-test",
                "ingress_submodules": false,
                "oauth_token_id": "",
                "tags_regex": ""
              }
            ],
            "working_directory": "workspaces/"
          },
          "sensitive_attributes": [],
          "private": "eyJzY2hlbWFfdmVyc2lvbiI6IjEifQ=="
        },
        {
          "index_key": 307,
          "schema_version": 1,
          "attributes": {
            "agent_pool_id": "",
            "allow_destroy_plan": true,
            "assessments_enabled": false,
            "auto_apply": true,
            "description": "",
            "execution_mode": "remote",
            "file_triggers_enabled": true,
            "force_delete": true,
            "global_remote_state": false,
            "html_url": "https://app.terraform.io/app/hashi_strawb_testing/workspaces/many-workspace-test-0307",
            "id": "ws-HdsXmqB8ExUhbrvf",
            "name": "many-workspace-test-0307",
            "operations": true,
            "organization": "hashi_strawb_testing",
            "project_id": "prj-8rNEinGacXMAwCr4",
            "queue_all_runs": true,
            "remote_state_consumer_ids": [],
            "resource_count": 1,
            "source_name": "",
            "source_url": "",
            "speculative_enabled": true,
            "ssh_key_id": "",
            "structured_run_output_enabled": true,
            "tag_names": [],
            "terraform_version": "1.6.2",
            "trigger_patterns": [],
            "trigger_prefixes": [
              "/modules"
            ],
            "vcs_repo": [
              {
                "branch": "",
                "github_app_installation_id": "ghain-3JcBMQW48TPfPn4f",
                "identifier": "hashi-strawb/tfc-big-monorepo-test",
                "ingress_submodules": false,
                "oauth_token_id": "",
                "tags_regex": ""
              }
            ],
            "working_directory": "workspaces/"
          },
          "sensitive_attributes": [],
          "private": "eyJzY2hlbWFfdmVyc2lvbiI6IjEifQ=="
        },
        {
          "index_key": 308,
          "schema_version": 1,
          "attributes": {
            "agent_pool_id": "",
            "allow_destroy_plan": true,
            "assessments_enabled": false,
            "auto_apply": true,
            "description": "",
            "execution_mode": "remote",
            "file_triggers_enabled": true,
            "force_delete": true,
            "global_remote_state": false,
            "html_url": "https://app.terraform.io/app/hashi_strawb_testing/workspaces/many-workspace-test-0308",
            "id": "ws-nLyBARzF7dqGmP2H",
            "name": "many-workspace-test-0308",
            "operations": true,
            "organization": "hashi_strawb_testing",
            "project_id": "prj-8rNEinGacXMAwCr4",
            "queue_all_runs": true,
            "remote_state_consumer_ids": [],
            "resource_count": 1,
            "source_name": "",
            "source_url": "",
            "speculative_enabled": true,
            "ssh_key_id": "",
            "structured_run_output_enabled": true,
            "tag_names": [],
            "terraform_version": "1.6.2",
            "trigger_patterns": [],
            "trigger_prefixes": [
              "/modules"
            ],
            "vcs_repo": [
              {
                "branch": "",
                "github_app_installation_id": "ghain-3JcBMQW48TPfPn4f",
                "identifier": "hashi-strawb/tfc-big-monorepo-test",
                "ingress_submodules": false,
                "oauth_token_id": "",
                "tags_regex": ""
              }
            ],
            "working_directory": "workspaces/"
          },
          "sensitive_attributes": [],
          "private": "eyJzY2hlbWFfdmVyc2lvbiI6IjEifQ=="
        },
        {
          "index_key": 309,
          "schema_version": 1,
          "attributes": {
            "agent_pool_id": "",
            "allow_destroy_plan": true,
            "assessments_enabled": false,
            "auto_apply": true,
            "description": "",
            "execution_mode": "remote",
            "file_triggers_enabled": true,
            "force_delete": true,
            "global_remote_state": false,
            "html_url": "https://app.terraform.io/app/hashi_strawb_testing/workspaces/many-workspace-test-0309",
            "id": "ws-JBCZMSndrELwWGT7",
            "name": "many-workspace-test-0309",
            "operations": true,
            "organization": "hashi_strawb_testing",
            "project_id": "prj-8rNEinGacXMAwCr4",
            "queue_all_runs": true,
            "remote_state_consumer_ids": [],
            "resource_count": 1,
            "source_name": "",
            "source_url": "",
            "speculative_enabled": true,
            "ssh_key_id": "",
            "structured_run_output_enabled": true,
            "tag_names": [],
            "terraform_version": "1.6.2",
            "trigger_patterns": [],
            "trigger_prefixes": [
              "/modules"
            ],
            "vcs_repo": [
              {
                "branch": "",
                "github_app_installation_id": "ghain-3JcBMQW48TPfPn4f",
                "identifier": "hashi-strawb/tfc-big-monorepo-test",
                "ingress_submodules": false,
                "oauth_token_id": "",
                "tags_regex": ""
              }
            ],
            "working_directory": "workspaces/"
          },
          "sensitive_attributes": [],
          "private": "eyJzY2hlbWFfdmVyc2lvbiI6IjEifQ=="
        },
        {
          "index_key": 310,
          "schema_version": 1,
          "attributes": {
            "agent_pool_id": "",
            "allow_destroy_plan": true,
            "assessments_enabled": false,
            "auto_apply": true,
            "description": "",
            "execution_mode": "remote",
            "file_triggers_enabled": true,
            "force_delete": true,
            "global_remote_state": false,
            "html_url": "https://app.terraform.io/app/hashi_strawb_testing/workspaces/many-workspace-test-0310",
            "id": "ws-nTN3ErbxiQUA1Xqv",
            "name": "many-workspace-test-0310",
            "operations": true,
            "organization": "hashi_strawb_testing",
            "project_id": "prj-8rNEinGacXMAwCr4",
            "queue_all_runs": true,
            "remote_state_consumer_ids": [],
            "resource_count": 0,
            "source_name": "",
            "source_url": "",
            "speculative_enabled": true,
            "ssh_key_id": "",
            "structured_run_output_enabled": true,
            "tag_names": [],
            "terraform_version": "1.6.2",
            "trigger_patterns": [],
            "trigger_prefixes": [
              "/modules"
            ],
            "vcs_repo": [
              {
                "branch": "",
                "github_app_installation_id": "ghain-3JcBMQW48TPfPn4f",
                "identifier": "hashi-strawb/tfc-big-monorepo-test",
                "ingress_submodules": false,
                "oauth_token_id": "",
                "tags_regex": ""
              }
            ],
            "working_directory": "workspaces/"
          },
          "sensitive_attributes": [],
          "private": "eyJzY2hlbWFfdmVyc2lvbiI6IjEifQ=="
        },
        {
          "index_key": 311,
          "schema_version": 1,
          "attributes": {
            "agent_pool_id": "",
            "allow_destroy_plan": true,
            "assessments_enabled": false,
            "auto_apply": true,
            "description": "",
            "execution_mode": "remote",
            "file_triggers_enabled": true,
            "force_delete": true,
            "global_remote_state": false,
            "html_url": "https://app.terraform.io/app/hashi_strawb_testing/workspaces/many-workspace-test-0311",
            "id": "ws-zHmAWaVL1gPmAQ7B",
            "name": "many-workspace-test-0311",
            "operations": true,
            "organization": "hashi_strawb_testing",
            "project_id": "prj-8rNEinGacXMAwCr4",
            "queue_all_runs": true,
            "remote_state_consumer_ids": [],
            "resource_count": 1,
            "source_name": "",
            "source_url": "",
            "speculative_enabled": true,
            "ssh_key_id": "",
            "structured_run_output_enabled": true,
            "tag_names": [],
            "terraform_version": "1.6.2",
            "trigger_patterns": [],
            "trigger_prefixes": [
              "/modules"
            ],
            "vcs_repo": [
              {
                "branch": "",
                "github_app_installation_id": "ghain-3JcBMQW48TPfPn4f",
                "identifier": "hashi-strawb/tfc-big-monorepo-test",
                "ingress_submodules": false,
                "oauth_token_id": "",
                "tags_regex": ""
              }
            ],
            "working_directory": "workspaces/"
          },
          "sensitive_attributes": [],
          "private": "eyJzY2hlbWFfdmVyc2lvbiI6IjEifQ=="
        },
        {
          "index_key": 312,
          "schema_version": 1,
          "attributes": {
            "agent_pool_id": "",
            "allow_destroy_plan": true,
            "assessments_enabled": false,
            "auto_apply": true,
            "description": "",
            "execution_mode": "remote",
            "file_triggers_enabled": true,
            "force_delete": true,
            "global_remote_state": false,
            "html_url": "https://app.terraform.io/app/hashi_strawb_testing/workspaces/many-workspace-test-0312",
            "id": "ws-Eqxj8zBAVKtDorm6",
            "name": "many-workspace-test-0312",
            "operations": true,
            "organization": "hashi_strawb_testing",
            "project_id": "prj-8rNEinGacXMAwCr4",
            "queue_all_runs": true,
            "remote_state_consumer_ids": [],
            "resource_count": 0,
            "source_name": "",
            "source_url": "",
            "speculative_enabled": true,
            "ssh_key_id": "",
            "structured_run_output_enabled": true,
            "tag_names": [],
            "terraform_version": "1.6.2",
            "trigger_patterns": [],
            "trigger_prefixes": [
              "/modules"
            ],
            "vcs_repo": [
              {
                "branch": "",
                "github_app_installation_id": "ghain-3JcBMQW48TPfPn4f",
                "identifier": "hashi-strawb/tfc-big-monorepo-test",
                "ingress_submodules": false,
                "oauth_token_id": "",
                "tags_regex": ""
              }
            ],
            "working_directory": "workspaces/"
          },
          "sensitive_attributes": [],
          "private": "eyJzY2hlbWFfdmVyc2lvbiI6IjEifQ=="
        },
        {
          "index_key": 313,
          "schema_version": 1,
          "attributes": {
            "agent_pool_id": "",
            "allow_destroy_plan": true,
            "assessments_enabled": false,
            "auto_apply": true,
            "description": "",
            "execution_mode": "remote",
            "file_triggers_enabled": true,
            "force_delete": true,
            "global_remote_state": false,
            "html_url": "https://app.terraform.io/app/hashi_strawb_testing/workspaces/many-workspace-test-0313",
            "id": "ws-GXYKqLK3Rh7tSTGP",
            "name": "many-workspace-test-0313",
            "operations": true,
            "organization": "hashi_strawb_testing",
            "project_id": "prj-8rNEinGacXMAwCr4",
            "queue_all_runs": true,
            "remote_state_consumer_ids": [],
            "resource_count": 1,
            "source_name": "",
            "source_url": "",
            "speculative_enabled": true,
            "ssh_key_id": "",
            "structured_run_output_enabled": true,
            "tag_names": [],
            "terraform_version": "1.6.2",
            "trigger_patterns": [],
            "trigger_prefixes": [
              "/modules"
            ],
            "vcs_repo": [
              {
                "branch": "",
                "github_app_installation_id": "ghain-3JcBMQW48TPfPn4f",
                "identifier": "hashi-strawb/tfc-big-monorepo-test",
                "ingress_submodules": false,
                "oauth_token_id": "",
                "tags_regex": ""
              }
            ],
            "working_directory": "workspaces/"
          },
          "sensitive_attributes": [],
          "private": "eyJzY2hlbWFfdmVyc2lvbiI6IjEifQ=="
        },
        {
          "index_key": 314,
          "schema_version": 1,
          "attributes": {
            "agent_pool_id": "",
            "allow_destroy_plan": true,
            "assessments_enabled": false,
            "auto_apply": true,
            "description": "",
            "execution_mode": "remote",
            "file_triggers_enabled": true,
            "force_delete": true,
            "global_remote_state": false,
            "html_url": "https://app.terraform.io/app/hashi_strawb_testing/workspaces/many-workspace-test-0314",
            "id": "ws-NsD77YB68AzR8F9u",
            "name": "many-workspace-test-0314",
            "operations": true,
            "organization": "hashi_strawb_testing",
            "project_id": "prj-8rNEinGacXMAwCr4",
            "queue_all_runs": true,
            "remote_state_consumer_ids": [],
            "resource_count": 1,
            "source_name": "",
            "source_url": "",
            "speculative_enabled": true,
            "ssh_key_id": "",
            "structured_run_output_enabled": true,
            "tag_names": [],
            "terraform_version": "1.6.2",
            "trigger_patterns": [],
            "trigger_prefixes": [
              "/modules"
            ],
            "vcs_repo": [
              {
                "branch": "",
                "github_app_installation_id": "ghain-3JcBMQW48TPfPn4f",
                "identifier": "hashi-strawb/tfc-big-monorepo-test",
                "ingress_submodules": false,
                "oauth_token_id": "",
                "tags_regex": ""
              }
            ],
            "working_directory": "workspaces/"
          },
          "sensitive_attributes": [],
          "private": "eyJzY2hlbWFfdmVyc2lvbiI6IjEifQ=="
        },
        {
          "index_key": 315,
          "schema_version": 1,
          "attributes": {
            "agent_pool_id": "",
            "allow_destroy_plan": true,
            "assessments_enabled": false,
            "auto_apply": true,
            "description": "",
            "execution_mode": "remote",
            "file_triggers_enabled": true,
            "force_delete": true,
            "global_remote_state": false,
            "html_url": "https://app.terraform.io/app/hashi_strawb_testing/workspaces/many-workspace-test-0315",
            "id": "ws-miM36NGurN2uqGZZ",
            "name": "many-workspace-test-0315",
            "operations": true,
            "organization": "hashi_strawb_testing",
            "project_id": "prj-8rNEinGacXMAwCr4",
            "queue_all_runs": true,
            "remote_state_consumer_ids": [],
            "resource_count": 0,
            "source_name": "",
            "source_url": "",
            "speculative_enabled": true,
            "ssh_key_id": "",
            "structured_run_output_enabled": true,
            "tag_names": [],
            "terraform_version": "1.6.2",
            "trigger_patterns": [],
            "trigger_prefixes": [
              "/modules"
            ],
            "vcs_repo": [
              {
                "branch": "",
                "github_app_installation_id": "ghain-3JcBMQW48TPfPn4f",
                "identifier": "hashi-strawb/tfc-big-monorepo-test",
                "ingress_submodules": false,
                "oauth_token_id": "",
                "tags_regex": ""
              }
            ],
            "working_directory": "workspaces/"
          },
          "sensitive_attributes": [],
          "private": "eyJzY2hlbWFfdmVyc2lvbiI6IjEifQ=="
        },
        {
          "index_key": 316,
          "schema_version": 1,
          "attributes": {
            "agent_pool_id": "",
            "allow_destroy_plan": true,
            "assessments_enabled": false,
            "auto_apply": true,
            "description": "",
            "execution_mode": "remote",
            "file_triggers_enabled": true,
            "force_delete": true,
            "global_remote_state": false,
            "html_url": "https://app.terraform.io/app/hashi_strawb_testing/workspaces/many-workspace-test-0316",
            "id": "ws-293U4uXKNTMKo335",
            "name": "many-workspace-test-0316",
            "operations": true,
            "organization": "hashi_strawb_testing",
            "project_id": "prj-8rNEinGacXMAwCr4",
            "queue_all_runs": true,
            "remote_state_consumer_ids": [],
            "resource_count": 0,
            "source_name": "",
            "source_url": "",
            "speculative_enabled": true,
            "ssh_key_id": "",
            "structured_run_output_enabled": true,
            "tag_names": [],
            "terraform_version": "1.6.2",
            "trigger_patterns": [],
            "trigger_prefixes": [
              "/modules"
            ],
            "vcs_repo": [
              {
                "branch": "",
                "github_app_installation_id": "ghain-3JcBMQW48TPfPn4f",
                "identifier": "hashi-strawb/tfc-big-monorepo-test",
                "ingress_submodules": false,
                "oauth_token_id": "",
                "tags_regex": ""
              }
            ],
            "working_directory": "workspaces/"
          },
          "sensitive_attributes": [],
          "private": "eyJzY2hlbWFfdmVyc2lvbiI6IjEifQ=="
        },
        {
          "index_key": 317,
          "schema_version": 1,
          "attributes": {
            "agent_pool_id": "",
            "allow_destroy_plan": true,
            "assessments_enabled": false,
            "auto_apply": true,
            "description": "",
            "execution_mode": "remote",
            "file_triggers_enabled": true,
            "force_delete": true,
            "global_remote_state": false,
            "html_url": "https://app.terraform.io/app/hashi_strawb_testing/workspaces/many-workspace-test-0317",
            "id": "ws-uoijzQoZx9kAAqyP",
            "name": "many-workspace-test-0317",
            "operations": true,
            "organization": "hashi_strawb_testing",
            "project_id": "prj-8rNEinGacXMAwCr4",
            "queue_all_runs": true,
            "remote_state_consumer_ids": [],
            "resource_count": 1,
            "source_name": "",
            "source_url": "",
            "speculative_enabled": true,
            "ssh_key_id": "",
            "structured_run_output_enabled": true,
            "tag_names": [],
            "terraform_version": "1.6.2",
            "trigger_patterns": [],
            "trigger_prefixes": [
              "/modules"
            ],
            "vcs_repo": [
              {
                "branch": "",
                "github_app_installation_id": "ghain-3JcBMQW48TPfPn4f",
                "identifier": "hashi-strawb/tfc-big-monorepo-test",
                "ingress_submodules": false,
                "oauth_token_id": "",
                "tags_regex": ""
              }
            ],
            "working_directory": "workspaces/"
          },
          "sensitive_attributes": [],
          "private": "eyJzY2hlbWFfdmVyc2lvbiI6IjEifQ=="
        },
        {
          "index_key": 318,
          "schema_version": 1,
          "attributes": {
            "agent_pool_id": "",
            "allow_destroy_plan": true,
            "assessments_enabled": false,
            "auto_apply": true,
            "description": "",
            "execution_mode": "remote",
            "file_triggers_enabled": true,
            "force_delete": true,
            "global_remote_state": false,
            "html_url": "https://app.terraform.io/app/hashi_strawb_testing/workspaces/many-workspace-test-0318",
            "id": "ws-j74QxtUQsHGD1pTF",
            "name": "many-workspace-test-0318",
            "operations": true,
            "organization": "hashi_strawb_testing",
            "project_id": "prj-8rNEinGacXMAwCr4",
            "queue_all_runs": true,
            "remote_state_consumer_ids": [],
            "resource_count": 0,
            "source_name": "",
            "source_url": "",
            "speculative_enabled": true,
            "ssh_key_id": "",
            "structured_run_output_enabled": true,
            "tag_names": [],
            "terraform_version": "1.6.2",
            "trigger_patterns": [],
            "trigger_prefixes": [
              "/modules"
            ],
            "vcs_repo": [
              {
                "branch": "",
                "github_app_installation_id": "ghain-3JcBMQW48TPfPn4f",
                "identifier": "hashi-strawb/tfc-big-monorepo-test",
                "ingress_submodules": false,
                "oauth_token_id": "",
                "tags_regex": ""
              }
            ],
            "working_directory": "workspaces/"
          },
          "sensitive_attributes": [],
          "private": "eyJzY2hlbWFfdmVyc2lvbiI6IjEifQ=="
        },
        {
          "index_key": 319,
          "schema_version": 1,
          "attributes": {
            "agent_pool_id": "",
            "allow_destroy_plan": true,
            "assessments_enabled": false,
            "auto_apply": true,
            "description": "",
            "execution_mode": "remote",
            "file_triggers_enabled": true,
            "force_delete": true,
            "global_remote_state": false,
            "html_url": "https://app.terraform.io/app/hashi_strawb_testing/workspaces/many-workspace-test-0319",
            "id": "ws-HEVfzDJpigzbciDj",
            "name": "many-workspace-test-0319",
            "operations": true,
            "organization": "hashi_strawb_testing",
            "project_id": "prj-8rNEinGacXMAwCr4",
            "queue_all_runs": true,
            "remote_state_consumer_ids": [],
            "resource_count": 0,
            "source_name": "",
            "source_url": "",
            "speculative_enabled": true,
            "ssh_key_id": "",
            "structured_run_output_enabled": true,
            "tag_names": [],
            "terraform_version": "1.6.2",
            "trigger_patterns": [],
            "trigger_prefixes": [
              "/modules"
            ],
            "vcs_repo": [
              {
                "branch": "",
                "github_app_installation_id": "ghain-3JcBMQW48TPfPn4f",
                "identifier": "hashi-strawb/tfc-big-monorepo-test",
                "ingress_submodules": false,
                "oauth_token_id": "",
                "tags_regex": ""
              }
            ],
            "working_directory": "workspaces/"
          },
          "sensitive_attributes": [],
          "private": "eyJzY2hlbWFfdmVyc2lvbiI6IjEifQ=="
        },
        {
          "index_key": 320,
          "schema_version": 1,
          "attributes": {
            "agent_pool_id": "",
            "allow_destroy_plan": true,
            "assessments_enabled": false,
            "auto_apply": true,
            "description": "",
            "execution_mode": "remote",
            "file_triggers_enabled": true,
            "force_delete": true,
            "global_remote_state": false,
            "html_url": "https://app.terraform.io/app/hashi_strawb_testing/workspaces/many-workspace-test-0320",
            "id": "ws-y33JyTZ9USfwKLgT",
            "name": "many-workspace-test-0320",
            "operations": true,
            "organization": "hashi_strawb_testing",
            "project_id": "prj-8rNEinGacXMAwCr4",
            "queue_all_runs": true,
            "remote_state_consumer_ids": [],
            "resource_count": 0,
            "source_name": "",
            "source_url": "",
            "speculative_enabled": true,
            "ssh_key_id": "",
            "structured_run_output_enabled": true,
            "tag_names": [],
            "terraform_version": "1.6.2",
            "trigger_patterns": [],
            "trigger_prefixes": [
              "/modules"
            ],
            "vcs_repo": [
              {
                "branch": "",
                "github_app_installation_id": "ghain-3JcBMQW48TPfPn4f",
                "identifier": "hashi-strawb/tfc-big-monorepo-test",
                "ingress_submodules": false,
                "oauth_token_id": "",
                "tags_regex": ""
              }
            ],
            "working_directory": "workspaces/"
          },
          "sensitive_attributes": [],
          "private": "eyJzY2hlbWFfdmVyc2lvbiI6IjEifQ=="
        },
        {
          "index_key": 321,
          "schema_version": 1,
          "attributes": {
            "agent_pool_id": "",
            "allow_destroy_plan": true,
            "assessments_enabled": false,
            "auto_apply": true,
            "description": "",
            "execution_mode": "remote",
            "file_triggers_enabled": true,
            "force_delete": true,
            "global_remote_state": false,
            "html_url": "https://app.terraform.io/app/hashi_strawb_testing/workspaces/many-workspace-test-0321",
            "id": "ws-4YPoNrxSmBjh9EHN",
            "name": "many-workspace-test-0321",
            "operations": true,
            "organization": "hashi_strawb_testing",
            "project_id": "prj-8rNEinGacXMAwCr4",
            "queue_all_runs": true,
            "remote_state_consumer_ids": [],
            "resource_count": 0,
            "source_name": "",
            "source_url": "",
            "speculative_enabled": true,
            "ssh_key_id": "",
            "structured_run_output_enabled": true,
            "tag_names": [],
            "terraform_version": "1.6.2",
            "trigger_patterns": [],
            "trigger_prefixes": [
              "/modules"
            ],
            "vcs_repo": [
              {
                "branch": "",
                "github_app_installation_id": "ghain-3JcBMQW48TPfPn4f",
                "identifier": "hashi-strawb/tfc-big-monorepo-test",
                "ingress_submodules": false,
                "oauth_token_id": "",
                "tags_regex": ""
              }
            ],
            "working_directory": "workspaces/"
          },
          "sensitive_attributes": [],
          "private": "eyJzY2hlbWFfdmVyc2lvbiI6IjEifQ=="
        },
        {
          "index_key": 322,
          "schema_version": 1,
          "attributes": {
            "agent_pool_id": "",
            "allow_destroy_plan": true,
            "assessments_enabled": false,
            "auto_apply": true,
            "description": "",
            "execution_mode": "remote",
            "file_triggers_enabled": true,
            "force_delete": true,
            "global_remote_state": false,
            "html_url": "https://app.terraform.io/app/hashi_strawb_testing/workspaces/many-workspace-test-0322",
            "id": "ws-LSpBDhGqk9qKNYor",
            "name": "many-workspace-test-0322",
            "operations": true,
            "organization": "hashi_strawb_testing",
            "project_id": "prj-8rNEinGacXMAwCr4",
            "queue_all_runs": true,
            "remote_state_consumer_ids": [],
            "resource_count": 0,
            "source_name": "",
            "source_url": "",
            "speculative_enabled": true,
            "ssh_key_id": "",
            "structured_run_output_enabled": true,
            "tag_names": [],
            "terraform_version": "1.6.2",
            "trigger_patterns": [],
            "trigger_prefixes": [
              "/modules"
            ],
            "vcs_repo": [
              {
                "branch": "",
                "github_app_installation_id": "ghain-3JcBMQW48TPfPn4f",
                "identifier": "hashi-strawb/tfc-big-monorepo-test",
                "ingress_submodules": false,
                "oauth_token_id": "",
                "tags_regex": ""
              }
            ],
            "working_directory": "workspaces/"
          },
          "sensitive_attributes": [],
          "private": "eyJzY2hlbWFfdmVyc2lvbiI6IjEifQ=="
        },
        {
          "index_key": 323,
          "schema_version": 1,
          "attributes": {
            "agent_pool_id": "",
            "allow_destroy_plan": true,
            "assessments_enabled": false,
            "auto_apply": true,
            "description": "",
            "execution_mode": "remote",
            "file_triggers_enabled": true,
            "force_delete": true,
            "global_remote_state": false,
            "html_url": "https://app.terraform.io/app/hashi_strawb_testing/workspaces/many-workspace-test-0323",
            "id": "ws-C7hZgFikXf8vPzfs",
            "name": "many-workspace-test-0323",
            "operations": true,
            "organization": "hashi_strawb_testing",
            "project_id": "prj-8rNEinGacXMAwCr4",
            "queue_all_runs": true,
            "remote_state_consumer_ids": [],
            "resource_count": 0,
            "source_name": "",
            "source_url": "",
            "speculative_enabled": true,
            "ssh_key_id": "",
            "structured_run_output_enabled": true,
            "tag_names": [],
            "terraform_version": "1.6.2",
            "trigger_patterns": [],
            "trigger_prefixes": [
              "/modules"
            ],
            "vcs_repo": [
              {
                "branch": "",
                "github_app_installation_id": "ghain-3JcBMQW48TPfPn4f",
                "identifier": "hashi-strawb/tfc-big-monorepo-test",
                "ingress_submodules": false,
                "oauth_token_id": "",
                "tags_regex": ""
              }
            ],
            "working_directory": "workspaces/"
          },
          "sensitive_attributes": [],
          "private": "eyJzY2hlbWFfdmVyc2lvbiI6IjEifQ=="
        },
        {
          "index_key": 324,
          "schema_version": 1,
          "attributes": {
            "agent_pool_id": "",
            "allow_destroy_plan": true,
            "assessments_enabled": false,
            "auto_apply": true,
            "description": "",
            "execution_mode": "remote",
            "file_triggers_enabled": true,
            "force_delete": true,
            "global_remote_state": false,
            "html_url": "https://app.terraform.io/app/hashi_strawb_testing/workspaces/many-workspace-test-0324",
            "id": "ws-Vpxg9U6dcyuPaLzF",
            "name": "many-workspace-test-0324",
            "operations": true,
            "organization": "hashi_strawb_testing",
            "project_id": "prj-8rNEinGacXMAwCr4",
            "queue_all_runs": true,
            "remote_state_consumer_ids": [],
            "resource_count": 0,
            "source_name": "",
            "source_url": "",
            "speculative_enabled": true,
            "ssh_key_id": "",
            "structured_run_output_enabled": true,
            "tag_names": [],
            "terraform_version": "1.6.2",
            "trigger_patterns": [],
            "trigger_prefixes": [
              "/modules"
            ],
            "vcs_repo": [
              {
                "branch": "",
                "github_app_installation_id": "ghain-3JcBMQW48TPfPn4f",
                "identifier": "hashi-strawb/tfc-big-monorepo-test",
                "ingress_submodules": false,
                "oauth_token_id": "",
                "tags_regex": ""
              }
            ],
            "working_directory": "workspaces/"
          },
          "sensitive_attributes": [],
          "private": "eyJzY2hlbWFfdmVyc2lvbiI6IjEifQ=="
        },
        {
          "index_key": 325,
          "schema_version": 1,
          "attributes": {
            "agent_pool_id": "",
            "allow_destroy_plan": true,
            "assessments_enabled": false,
            "auto_apply": true,
            "description": "",
            "execution_mode": "remote",
            "file_triggers_enabled": true,
            "force_delete": true,
            "global_remote_state": false,
            "html_url": "https://app.terraform.io/app/hashi_strawb_testing/workspaces/many-workspace-test-0325",
            "id": "ws-1q25hqbBDdLDCPYi",
            "name": "many-workspace-test-0325",
            "operations": true,
            "organization": "hashi_strawb_testing",
            "project_id": "prj-8rNEinGacXMAwCr4",
            "queue_all_runs": true,
            "remote_state_consumer_ids": [],
            "resource_count": 0,
            "source_name": "",
            "source_url": "",
            "speculative_enabled": true,
            "ssh_key_id": "",
            "structured_run_output_enabled": true,
            "tag_names": [],
            "terraform_version": "1.6.2",
            "trigger_patterns": [],
            "trigger_prefixes": [
              "/modules"
            ],
            "vcs_repo": [
              {
                "branch": "",
                "github_app_installation_id": "ghain-3JcBMQW48TPfPn4f",
                "identifier": "hashi-strawb/tfc-big-monorepo-test",
                "ingress_submodules": false,
                "oauth_token_id": "",
                "tags_regex": ""
              }
            ],
            "working_directory": "workspaces/"
          },
          "sensitive_attributes": [],
          "private": "eyJzY2hlbWFfdmVyc2lvbiI6IjEifQ=="
        },
        {
          "index_key": 326,
          "schema_version": 1,
          "attributes": {
            "agent_pool_id": "",
            "allow_destroy_plan": true,
            "assessments_enabled": false,
            "auto_apply": true,
            "description": "",
            "execution_mode": "remote",
            "file_triggers_enabled": true,
            "force_delete": true,
            "global_remote_state": false,
            "html_url": "https://app.terraform.io/app/hashi_strawb_testing/workspaces/many-workspace-test-0326",
            "id": "ws-feZwdnxJ7rZud3EA",
            "name": "many-workspace-test-0326",
            "operations": true,
            "organization": "hashi_strawb_testing",
            "project_id": "prj-8rNEinGacXMAwCr4",
            "queue_all_runs": true,
            "remote_state_consumer_ids": [],
            "resource_count": 0,
            "source_name": "",
            "source_url": "",
            "speculative_enabled": true,
            "ssh_key_id": "",
            "structured_run_output_enabled": true,
            "tag_names": [],
            "terraform_version": "1.6.2",
            "trigger_patterns": [],
            "trigger_prefixes": [
              "/modules"
            ],
            "vcs_repo": [
              {
                "branch": "",
                "github_app_installation_id": "ghain-3JcBMQW48TPfPn4f",
                "identifier": "hashi-strawb/tfc-big-monorepo-test",
                "ingress_submodules": false,
                "oauth_token_id": "",
                "tags_regex": ""
              }
            ],
            "working_directory": "workspaces/"
          },
          "sensitive_attributes": [],
          "private": "eyJzY2hlbWFfdmVyc2lvbiI6IjEifQ=="
        },
        {
          "index_key": 327,
          "schema_version": 1,
          "attributes": {
            "agent_pool_id": "",
            "allow_destroy_plan": true,
            "assessments_enabled": false,
            "auto_apply": true,
            "description": "",
            "execution_mode": "remote",
            "file_triggers_enabled": true,
            "force_delete": true,
            "global_remote_state": false,
            "html_url": "https://app.terraform.io/app/hashi_strawb_testing/workspaces/many-workspace-test-0327",
            "id": "ws-cpz1NNaoXm2QySMm",
            "name": "many-workspace-test-0327",
            "operations": true,
            "organization": "hashi_strawb_testing",
            "project_id": "prj-8rNEinGacXMAwCr4",
            "queue_all_runs": true,
            "remote_state_consumer_ids": [],
            "resource_count": 1,
            "source_name": "",
            "source_url": "",
            "speculative_enabled": true,
            "ssh_key_id": "",
            "structured_run_output_enabled": true,
            "tag_names": [],
            "terraform_version": "1.6.2",
            "trigger_patterns": [],
            "trigger_prefixes": [
              "/modules"
            ],
            "vcs_repo": [
              {
                "branch": "",
                "github_app_installation_id": "ghain-3JcBMQW48TPfPn4f",
                "identifier": "hashi-strawb/tfc-big-monorepo-test",
                "ingress_submodules": false,
                "oauth_token_id": "",
                "tags_regex": ""
              }
            ],
            "working_directory": "workspaces/"
          },
          "sensitive_attributes": [],
          "private": "eyJzY2hlbWFfdmVyc2lvbiI6IjEifQ=="
        },
        {
          "index_key": 328,
          "schema_version": 1,
          "attributes": {
            "agent_pool_id": "",
            "allow_destroy_plan": true,
            "assessments_enabled": false,
            "auto_apply": true,
            "description": "",
            "execution_mode": "remote",
            "file_triggers_enabled": true,
            "force_delete": true,
            "global_remote_state": false,
            "html_url": "https://app.terraform.io/app/hashi_strawb_testing/workspaces/many-workspace-test-0328",
            "id": "ws-5ZZmPqj1bw6zGDnJ",
            "name": "many-workspace-test-0328",
            "operations": true,
            "organization": "hashi_strawb_testing",
            "project_id": "prj-8rNEinGacXMAwCr4",
            "queue_all_runs": true,
            "remote_state_consumer_ids": [],
            "resource_count": 0,
            "source_name": "",
            "source_url": "",
            "speculative_enabled": true,
            "ssh_key_id": "",
            "structured_run_output_enabled": true,
            "tag_names": [],
            "terraform_version": "1.6.2",
            "trigger_patterns": [],
            "trigger_prefixes": [
              "/modules"
            ],
            "vcs_repo": [
              {
                "branch": "",
                "github_app_installation_id": "ghain-3JcBMQW48TPfPn4f",
                "identifier": "hashi-strawb/tfc-big-monorepo-test",
                "ingress_submodules": false,
                "oauth_token_id": "",
                "tags_regex": ""
              }
            ],
            "working_directory": "workspaces/"
          },
          "sensitive_attributes": [],
          "private": "eyJzY2hlbWFfdmVyc2lvbiI6IjEifQ=="
        },
        {
          "index_key": 329,
          "schema_version": 1,
          "attributes": {
            "agent_pool_id": "",
            "allow_destroy_plan": true,
            "assessments_enabled": false,
            "auto_apply": true,
            "description": "",
            "execution_mode": "remote",
            "file_triggers_enabled": true,
            "force_delete": true,
            "global_remote_state": false,
            "html_url": "https://app.terraform.io/app/hashi_strawb_testing/workspaces/many-workspace-test-0329",
            "id": "ws-FJWGR6oQCmWoeRbW",
            "name": "many-workspace-test-0329",
            "operations": true,
            "organization": "hashi_strawb_testing",
            "project_id": "prj-8rNEinGacXMAwCr4",
            "queue_all_runs": true,
            "remote_state_consumer_ids": [],
            "resource_count": 0,
            "source_name": "",
            "source_url": "",
            "speculative_enabled": true,
            "ssh_key_id": "",
            "structured_run_output_enabled": true,
            "tag_names": [],
            "terraform_version": "1.6.2",
            "trigger_patterns": [],
            "trigger_prefixes": [
              "/modules"
            ],
            "vcs_repo": [
              {
                "branch": "",
                "github_app_installation_id": "ghain-3JcBMQW48TPfPn4f",
                "identifier": "hashi-strawb/tfc-big-monorepo-test",
                "ingress_submodules": false,
                "oauth_token_id": "",
                "tags_regex": ""
              }
            ],
            "working_directory": "workspaces/"
          },
          "sensitive_attributes": [],
          "private": "eyJzY2hlbWFfdmVyc2lvbiI6IjEifQ=="
        },
        {
          "index_key": 330,
          "schema_version": 1,
          "attributes": {
            "agent_pool_id": "",
            "allow_destroy_plan": true,
            "assessments_enabled": false,
            "auto_apply": true,
            "description": "",
            "execution_mode": "remote",
            "file_triggers_enabled": true,
            "force_delete": true,
            "global_remote_state": false,
            "html_url": "https://app.terraform.io/app/hashi_strawb_testing/workspaces/many-workspace-test-0330",
            "id": "ws-D3c21mRkriWXikhN",
            "name": "many-workspace-test-0330",
            "operations": true,
            "organization": "hashi_strawb_testing",
            "project_id": "prj-8rNEinGacXMAwCr4",
            "queue_all_runs": true,
            "remote_state_consumer_ids": [],
            "resource_count": 1,
            "source_name": "",
            "source_url": "",
            "speculative_enabled": true,
            "ssh_key_id": "",
            "structured_run_output_enabled": true,
            "tag_names": [],
            "terraform_version": "1.6.2",
            "trigger_patterns": [],
            "trigger_prefixes": [
              "/modules"
            ],
            "vcs_repo": [
              {
                "branch": "",
                "github_app_installation_id": "ghain-3JcBMQW48TPfPn4f",
                "identifier": "hashi-strawb/tfc-big-monorepo-test",
                "ingress_submodules": false,
                "oauth_token_id": "",
                "tags_regex": ""
              }
            ],
            "working_directory": "workspaces/"
          },
          "sensitive_attributes": [],
          "private": "eyJzY2hlbWFfdmVyc2lvbiI6IjEifQ=="
        },
        {
          "index_key": 331,
          "schema_version": 1,
          "attributes": {
            "agent_pool_id": "",
            "allow_destroy_plan": true,
            "assessments_enabled": false,
            "auto_apply": true,
            "description": "",
            "execution_mode": "remote",
            "file_triggers_enabled": true,
            "force_delete": true,
            "global_remote_state": false,
            "html_url": "https://app.terraform.io/app/hashi_strawb_testing/workspaces/many-workspace-test-0331",
            "id": "ws-v4XRzzwouKsnuHZQ",
            "name": "many-workspace-test-0331",
            "operations": true,
            "organization": "hashi_strawb_testing",
            "project_id": "prj-8rNEinGacXMAwCr4",
            "queue_all_runs": true,
            "remote_state_consumer_ids": [],
            "resource_count": 0,
            "source_name": "",
            "source_url": "",
            "speculative_enabled": true,
            "ssh_key_id": "",
            "structured_run_output_enabled": true,
            "tag_names": [],
            "terraform_version": "1.6.2",
            "trigger_patterns": [],
            "trigger_prefixes": [
              "/modules"
            ],
            "vcs_repo": [
              {
                "branch": "",
                "github_app_installation_id": "ghain-3JcBMQW48TPfPn4f",
                "identifier": "hashi-strawb/tfc-big-monorepo-test",
                "ingress_submodules": false,
                "oauth_token_id": "",
                "tags_regex": ""
              }
            ],
            "working_directory": "workspaces/"
          },
          "sensitive_attributes": [],
          "private": "eyJzY2hlbWFfdmVyc2lvbiI6IjEifQ=="
        },
        {
          "index_key": 332,
          "schema_version": 1,
          "attributes": {
            "agent_pool_id": "",
            "allow_destroy_plan": true,
            "assessments_enabled": false,
            "auto_apply": true,
            "description": "",
            "execution_mode": "remote",
            "file_triggers_enabled": true,
            "force_delete": true,
            "global_remote_state": false,
            "html_url": "https://app.terraform.io/app/hashi_strawb_testing/workspaces/many-workspace-test-0332",
            "id": "ws-LS89PJt4ryUqycCj",
            "name": "many-workspace-test-0332",
            "operations": true,
            "organization": "hashi_strawb_testing",
            "project_id": "prj-8rNEinGacXMAwCr4",
            "queue_all_runs": true,
            "remote_state_consumer_ids": [],
            "resource_count": 1,
            "source_name": "",
            "source_url": "",
            "speculative_enabled": true,
            "ssh_key_id": "",
            "structured_run_output_enabled": true,
            "tag_names": [],
            "terraform_version": "1.6.2",
            "trigger_patterns": [],
            "trigger_prefixes": [
              "/modules"
            ],
            "vcs_repo": [
              {
                "branch": "",
                "github_app_installation_id": "ghain-3JcBMQW48TPfPn4f",
                "identifier": "hashi-strawb/tfc-big-monorepo-test",
                "ingress_submodules": false,
                "oauth_token_id": "",
                "tags_regex": ""
              }
            ],
            "working_directory": "workspaces/"
          },
          "sensitive_attributes": [],
          "private": "eyJzY2hlbWFfdmVyc2lvbiI6IjEifQ=="
        },
        {
          "index_key": 333,
          "schema_version": 1,
          "attributes": {
            "agent_pool_id": "",
            "allow_destroy_plan": true,
            "assessments_enabled": false,
            "auto_apply": true,
            "description": "",
            "execution_mode": "remote",
            "file_triggers_enabled": true,
            "force_delete": true,
            "global_remote_state": false,
            "html_url": "https://app.terraform.io/app/hashi_strawb_testing/workspaces/many-workspace-test-0333",
            "id": "ws-7UqJRoC4RATMjaeB",
            "name": "many-workspace-test-0333",
            "operations": true,
            "organization": "hashi_strawb_testing",
            "project_id": "prj-8rNEinGacXMAwCr4",
            "queue_all_runs": true,
            "remote_state_consumer_ids": [],
            "resource_count": 1,
            "source_name": "",
            "source_url": "",
            "speculative_enabled": true,
            "ssh_key_id": "",
            "structured_run_output_enabled": true,
            "tag_names": [],
            "terraform_version": "1.6.2",
            "trigger_patterns": [],
            "trigger_prefixes": [
              "/modules"
            ],
            "vcs_repo": [
              {
                "branch": "",
                "github_app_installation_id": "ghain-3JcBMQW48TPfPn4f",
                "identifier": "hashi-strawb/tfc-big-monorepo-test",
                "ingress_submodules": false,
                "oauth_token_id": "",
                "tags_regex": ""
              }
            ],
            "working_directory": "workspaces/"
          },
          "sensitive_attributes": [],
          "private": "eyJzY2hlbWFfdmVyc2lvbiI6IjEifQ=="
        },
        {
          "index_key": 334,
          "schema_version": 1,
          "attributes": {
            "agent_pool_id": "",
            "allow_destroy_plan": true,
            "assessments_enabled": false,
            "auto_apply": true,
            "description": "",
            "execution_mode": "remote",
            "file_triggers_enabled": true,
            "force_delete": true,
            "global_remote_state": false,
            "html_url": "https://app.terraform.io/app/hashi_strawb_testing/workspaces/many-workspace-test-0334",
            "id": "ws-AR322FJYJKcZbf7b",
            "name": "many-workspace-test-0334",
            "operations": true,
            "organization": "hashi_strawb_testing",
            "project_id": "prj-8rNEinGacXMAwCr4",
            "queue_all_runs": true,
            "remote_state_consumer_ids": [],
            "resource_count": 0,
            "source_name": "",
            "source_url": "",
            "speculative_enabled": true,
            "ssh_key_id": "",
            "structured_run_output_enabled": true,
            "tag_names": [],
            "terraform_version": "1.6.2",
            "trigger_patterns": [],
            "trigger_prefixes": [
              "/modules"
            ],
            "vcs_repo": [
              {
                "branch": "",
                "github_app_installation_id": "ghain-3JcBMQW48TPfPn4f",
                "identifier": "hashi-strawb/tfc-big-monorepo-test",
                "ingress_submodules": false,
                "oauth_token_id": "",
                "tags_regex": ""
              }
            ],
            "working_directory": "workspaces/"
          },
          "sensitive_attributes": [],
          "private": "eyJzY2hlbWFfdmVyc2lvbiI6IjEifQ=="
        },
        {
          "index_key": 335,
          "schema_version": 1,
          "attributes": {
            "agent_pool_id": "",
            "allow_destroy_plan": true,
            "assessments_enabled": false,
            "auto_apply": true,
            "description": "",
            "execution_mode": "remote",
            "file_triggers_enabled": true,
            "force_delete": true,
            "global_remote_state": false,
            "html_url": "https://app.terraform.io/app/hashi_strawb_testing/workspaces/many-workspace-test-0335",
            "id": "ws-eebzRNyUScghfPgn",
            "name": "many-workspace-test-0335",
            "operations": true,
            "organization": "hashi_strawb_testing",
            "project_id": "prj-8rNEinGacXMAwCr4",
            "queue_all_runs": true,
            "remote_state_consumer_ids": [],
            "resource_count": 0,
            "source_name": "",
            "source_url": "",
            "speculative_enabled": true,
            "ssh_key_id": "",
            "structured_run_output_enabled": true,
            "tag_names": [],
            "terraform_version": "1.6.2",
            "trigger_patterns": [],
            "trigger_prefixes": [
              "/modules"
            ],
            "vcs_repo": [
              {
                "branch": "",
                "github_app_installation_id": "ghain-3JcBMQW48TPfPn4f",
                "identifier": "hashi-strawb/tfc-big-monorepo-test",
                "ingress_submodules": false,
                "oauth_token_id": "",
                "tags_regex": ""
              }
            ],
            "working_directory": "workspaces/"
          },
          "sensitive_attributes": [],
          "private": "eyJzY2hlbWFfdmVyc2lvbiI6IjEifQ=="
        },
        {
          "index_key": 336,
          "schema_version": 1,
          "attributes": {
            "agent_pool_id": "",
            "allow_destroy_plan": true,
            "assessments_enabled": false,
            "auto_apply": true,
            "description": "",
            "execution_mode": "remote",
            "file_triggers_enabled": true,
            "force_delete": true,
            "global_remote_state": false,
            "html_url": "https://app.terraform.io/app/hashi_strawb_testing/workspaces/many-workspace-test-0336",
            "id": "ws-JcFGtKAN6T2h4gG8",
            "name": "many-workspace-test-0336",
            "operations": true,
            "organization": "hashi_strawb_testing",
            "project_id": "prj-8rNEinGacXMAwCr4",
            "queue_all_runs": true,
            "remote_state_consumer_ids": [],
            "resource_count": 0,
            "source_name": "",
            "source_url": "",
            "speculative_enabled": true,
            "ssh_key_id": "",
            "structured_run_output_enabled": true,
            "tag_names": [],
            "terraform_version": "1.6.2",
            "trigger_patterns": [],
            "trigger_prefixes": [
              "/modules"
            ],
            "vcs_repo": [
              {
                "branch": "",
                "github_app_installation_id": "ghain-3JcBMQW48TPfPn4f",
                "identifier": "hashi-strawb/tfc-big-monorepo-test",
                "ingress_submodules": false,
                "oauth_token_id": "",
                "tags_regex": ""
              }
            ],
            "working_directory": "workspaces/"
          },
          "sensitive_attributes": [],
          "private": "eyJzY2hlbWFfdmVyc2lvbiI6IjEifQ=="
        },
        {
          "index_key": 337,
          "schema_version": 1,
          "attributes": {
            "agent_pool_id": "",
            "allow_destroy_plan": true,
            "assessments_enabled": false,
            "auto_apply": true,
            "description": "",
            "execution_mode": "remote",
            "file_triggers_enabled": true,
            "force_delete": true,
            "global_remote_state": false,
            "html_url": "https://app.terraform.io/app/hashi_strawb_testing/workspaces/many-workspace-test-0337",
            "id": "ws-cJKiYdpRhTyEeoha",
            "name": "many-workspace-test-0337",
            "operations": true,
            "organization": "hashi_strawb_testing",
            "project_id": "prj-8rNEinGacXMAwCr4",
            "queue_all_runs": true,
            "remote_state_consumer_ids": [],
            "resource_count": 0,
            "source_name": "",
            "source_url": "",
            "speculative_enabled": true,
            "ssh_key_id": "",
            "structured_run_output_enabled": true,
            "tag_names": [],
            "terraform_version": "1.6.2",
            "trigger_patterns": [],
            "trigger_prefixes": [
              "/modules"
            ],
            "vcs_repo": [
              {
                "branch": "",
                "github_app_installation_id": "ghain-3JcBMQW48TPfPn4f",
                "identifier": "hashi-strawb/tfc-big-monorepo-test",
                "ingress_submodules": false,
                "oauth_token_id": "",
                "tags_regex": ""
              }
            ],
            "working_directory": "workspaces/"
          },
          "sensitive_attributes": [],
          "private": "eyJzY2hlbWFfdmVyc2lvbiI6IjEifQ=="
        },
        {
          "index_key": 338,
          "schema_version": 1,
          "attributes": {
            "agent_pool_id": "",
            "allow_destroy_plan": true,
            "assessments_enabled": false,
            "auto_apply": true,
            "description": "",
            "execution_mode": "remote",
            "file_triggers_enabled": true,
            "force_delete": true,
            "global_remote_state": false,
            "html_url": "https://app.terraform.io/app/hashi_strawb_testing/workspaces/many-workspace-test-0338",
            "id": "ws-JrhejXpFkQ5z1eMf",
            "name": "many-workspace-test-0338",
            "operations": true,
            "organization": "hashi_strawb_testing",
            "project_id": "prj-8rNEinGacXMAwCr4",
            "queue_all_runs": true,
            "remote_state_consumer_ids": [],
            "resource_count": 0,
            "source_name": "",
            "source_url": "",
            "speculative_enabled": true,
            "ssh_key_id": "",
            "structured_run_output_enabled": true,
            "tag_names": [],
            "terraform_version": "1.6.2",
            "trigger_patterns": [],
            "trigger_prefixes": [
              "/modules"
            ],
            "vcs_repo": [
              {
                "branch": "",
                "github_app_installation_id": "ghain-3JcBMQW48TPfPn4f",
                "identifier": "hashi-strawb/tfc-big-monorepo-test",
                "ingress_submodules": false,
                "oauth_token_id": "",
                "tags_regex": ""
              }
            ],
            "working_directory": "workspaces/"
          },
          "sensitive_attributes": [],
          "private": "eyJzY2hlbWFfdmVyc2lvbiI6IjEifQ=="
        },
        {
          "index_key": 339,
          "schema_version": 1,
          "attributes": {
            "agent_pool_id": "",
            "allow_destroy_plan": true,
            "assessments_enabled": false,
            "auto_apply": true,
            "description": "",
            "execution_mode": "remote",
            "file_triggers_enabled": true,
            "force_delete": true,
            "global_remote_state": false,
            "html_url": "https://app.terraform.io/app/hashi_strawb_testing/workspaces/many-workspace-test-0339",
            "id": "ws-6qkPwrXAmkjtw72e",
            "name": "many-workspace-test-0339",
            "operations": true,
            "organization": "hashi_strawb_testing",
            "project_id": "prj-8rNEinGacXMAwCr4",
            "queue_all_runs": true,
            "remote_state_consumer_ids": [],
            "resource_count": 1,
            "source_name": "",
            "source_url": "",
            "speculative_enabled": true,
            "ssh_key_id": "",
            "structured_run_output_enabled": true,
            "tag_names": [],
            "terraform_version": "1.6.2",
            "trigger_patterns": [],
            "trigger_prefixes": [
              "/modules"
            ],
            "vcs_repo": [
              {
                "branch": "",
                "github_app_installation_id": "ghain-3JcBMQW48TPfPn4f",
                "identifier": "hashi-strawb/tfc-big-monorepo-test",
                "ingress_submodules": false,
                "oauth_token_id": "",
                "tags_regex": ""
              }
            ],
            "working_directory": "workspaces/"
          },
          "sensitive_attributes": [],
          "private": "eyJzY2hlbWFfdmVyc2lvbiI6IjEifQ=="
        },
        {
          "index_key": 340,
          "schema_version": 1,
          "attributes": {
            "agent_pool_id": "",
            "allow_destroy_plan": true,
            "assessments_enabled": false,
            "auto_apply": true,
            "description": "",
            "execution_mode": "remote",
            "file_triggers_enabled": true,
            "force_delete": true,
            "global_remote_state": false,
            "html_url": "https://app.terraform.io/app/hashi_strawb_testing/workspaces/many-workspace-test-0340",
            "id": "ws-TrKJ9Rc3kE1LqKoj",
            "name": "many-workspace-test-0340",
            "operations": true,
            "organization": "hashi_strawb_testing",
            "project_id": "prj-8rNEinGacXMAwCr4",
            "queue_all_runs": true,
            "remote_state_consumer_ids": [],
            "resource_count": 0,
            "source_name": "",
            "source_url": "",
            "speculative_enabled": true,
            "ssh_key_id": "",
            "structured_run_output_enabled": true,
            "tag_names": [],
            "terraform_version": "1.6.2",
            "trigger_patterns": [],
            "trigger_prefixes": [
              "/modules"
            ],
            "vcs_repo": [
              {
                "branch": "",
                "github_app_installation_id": "ghain-3JcBMQW48TPfPn4f",
                "identifier": "hashi-strawb/tfc-big-monorepo-test",
                "ingress_submodules": false,
                "oauth_token_id": "",
                "tags_regex": ""
              }
            ],
            "working_directory": "workspaces/"
          },
          "sensitive_attributes": [],
          "private": "eyJzY2hlbWFfdmVyc2lvbiI6IjEifQ=="
        },
        {
          "index_key": 341,
          "schema_version": 1,
          "attributes": {
            "agent_pool_id": "",
            "allow_destroy_plan": true,
            "assessments_enabled": false,
            "auto_apply": true,
            "description": "",
            "execution_mode": "remote",
            "file_triggers_enabled": true,
            "force_delete": true,
            "global_remote_state": false,
            "html_url": "https://app.terraform.io/app/hashi_strawb_testing/workspaces/many-workspace-test-0341",
            "id": "ws-55pTnCLJxMCF6XMk",
            "name": "many-workspace-test-0341",
            "operations": true,
            "organization": "hashi_strawb_testing",
            "project_id": "prj-8rNEinGacXMAwCr4",
            "queue_all_runs": true,
            "remote_state_consumer_ids": [],
            "resource_count": 0,
            "source_name": "",
            "source_url": "",
            "speculative_enabled": true,
            "ssh_key_id": "",
            "structured_run_output_enabled": true,
            "tag_names": [],
            "terraform_version": "1.6.2",
            "trigger_patterns": [],
            "trigger_prefixes": [
              "/modules"
            ],
            "vcs_repo": [
              {
                "branch": "",
                "github_app_installation_id": "ghain-3JcBMQW48TPfPn4f",
                "identifier": "hashi-strawb/tfc-big-monorepo-test",
                "ingress_submodules": false,
                "oauth_token_id": "",
                "tags_regex": ""
              }
            ],
            "working_directory": "workspaces/"
          },
          "sensitive_attributes": [],
          "private": "eyJzY2hlbWFfdmVyc2lvbiI6IjEifQ=="
        },
        {
          "index_key": 342,
          "schema_version": 1,
          "attributes": {
            "agent_pool_id": "",
            "allow_destroy_plan": true,
            "assessments_enabled": false,
            "auto_apply": true,
            "description": "",
            "execution_mode": "remote",
            "file_triggers_enabled": true,
            "force_delete": true,
            "global_remote_state": false,
            "html_url": "https://app.terraform.io/app/hashi_strawb_testing/workspaces/many-workspace-test-0342",
            "id": "ws-hQRQ6PkCGVsj7SEC",
            "name": "many-workspace-test-0342",
            "operations": true,
            "organization": "hashi_strawb_testing",
            "project_id": "prj-8rNEinGacXMAwCr4",
            "queue_all_runs": true,
            "remote_state_consumer_ids": [],
            "resource_count": 0,
            "source_name": "",
            "source_url": "",
            "speculative_enabled": true,
            "ssh_key_id": "",
            "structured_run_output_enabled": true,
            "tag_names": [],
            "terraform_version": "1.6.2",
            "trigger_patterns": [],
            "trigger_prefixes": [
              "/modules"
            ],
            "vcs_repo": [
              {
                "branch": "",
                "github_app_installation_id": "ghain-3JcBMQW48TPfPn4f",
                "identifier": "hashi-strawb/tfc-big-monorepo-test",
                "ingress_submodules": false,
                "oauth_token_id": "",
                "tags_regex": ""
              }
            ],
            "working_directory": "workspaces/"
          },
          "sensitive_attributes": [],
          "private": "eyJzY2hlbWFfdmVyc2lvbiI6IjEifQ=="
        },
        {
          "index_key": 343,
          "schema_version": 1,
          "attributes": {
            "agent_pool_id": "",
            "allow_destroy_plan": true,
            "assessments_enabled": false,
            "auto_apply": true,
            "description": "",
            "execution_mode": "remote",
            "file_triggers_enabled": true,
            "force_delete": true,
            "global_remote_state": false,
            "html_url": "https://app.terraform.io/app/hashi_strawb_testing/workspaces/many-workspace-test-0343",
            "id": "ws-DdFpXMNYEXfPAkgt",
            "name": "many-workspace-test-0343",
            "operations": true,
            "organization": "hashi_strawb_testing",
            "project_id": "prj-8rNEinGacXMAwCr4",
            "queue_all_runs": true,
            "remote_state_consumer_ids": [],
            "resource_count": 0,
            "source_name": "",
            "source_url": "",
            "speculative_enabled": true,
            "ssh_key_id": "",
            "structured_run_output_enabled": true,
            "tag_names": [],
            "terraform_version": "1.6.2",
            "trigger_patterns": [],
            "trigger_prefixes": [
              "/modules"
            ],
            "vcs_repo": [
              {
                "branch": "",
                "github_app_installation_id": "ghain-3JcBMQW48TPfPn4f",
                "identifier": "hashi-strawb/tfc-big-monorepo-test",
                "ingress_submodules": false,
                "oauth_token_id": "",
                "tags_regex": ""
              }
            ],
            "working_directory": "workspaces/"
          },
          "sensitive_attributes": [],
          "private": "eyJzY2hlbWFfdmVyc2lvbiI6IjEifQ=="
        },
        {
          "index_key": 344,
          "schema_version": 1,
          "attributes": {
            "agent_pool_id": "",
            "allow_destroy_plan": true,
            "assessments_enabled": false,
            "auto_apply": true,
            "description": "",
            "execution_mode": "remote",
            "file_triggers_enabled": true,
            "force_delete": true,
            "global_remote_state": false,
            "html_url": "https://app.terraform.io/app/hashi_strawb_testing/workspaces/many-workspace-test-0344",
            "id": "ws-fu68JnoskL98faoU",
            "name": "many-workspace-test-0344",
            "operations": true,
            "organization": "hashi_strawb_testing",
            "project_id": "prj-8rNEinGacXMAwCr4",
            "queue_all_runs": true,
            "remote_state_consumer_ids": [],
            "resource_count": 0,
            "source_name": "",
            "source_url": "",
            "speculative_enabled": true,
            "ssh_key_id": "",
            "structured_run_output_enabled": true,
            "tag_names": [],
            "terraform_version": "1.6.2",
            "trigger_patterns": [],
            "trigger_prefixes": [
              "/modules"
            ],
            "vcs_repo": [
              {
                "branch": "",
                "github_app_installation_id": "ghain-3JcBMQW48TPfPn4f",
                "identifier": "hashi-strawb/tfc-big-monorepo-test",
                "ingress_submodules": false,
                "oauth_token_id": "",
                "tags_regex": ""
              }
            ],
            "working_directory": "workspaces/"
          },
          "sensitive_attributes": [],
          "private": "eyJzY2hlbWFfdmVyc2lvbiI6IjEifQ=="
        },
        {
          "index_key": 345,
          "schema_version": 1,
          "attributes": {
            "agent_pool_id": "",
            "allow_destroy_plan": true,
            "assessments_enabled": false,
            "auto_apply": true,
            "description": "",
            "execution_mode": "remote",
            "file_triggers_enabled": true,
            "force_delete": true,
            "global_remote_state": false,
            "html_url": "https://app.terraform.io/app/hashi_strawb_testing/workspaces/many-workspace-test-0345",
            "id": "ws-RHFYuhiQUSSxwCPH",
            "name": "many-workspace-test-0345",
            "operations": true,
            "organization": "hashi_strawb_testing",
            "project_id": "prj-8rNEinGacXMAwCr4",
            "queue_all_runs": true,
            "remote_state_consumer_ids": [],
            "resource_count": 1,
            "source_name": "",
            "source_url": "",
            "speculative_enabled": true,
            "ssh_key_id": "",
            "structured_run_output_enabled": true,
            "tag_names": [],
            "terraform_version": "1.6.2",
            "trigger_patterns": [],
            "trigger_prefixes": [
              "/modules"
            ],
            "vcs_repo": [
              {
                "branch": "",
                "github_app_installation_id": "ghain-3JcBMQW48TPfPn4f",
                "identifier": "hashi-strawb/tfc-big-monorepo-test",
                "ingress_submodules": false,
                "oauth_token_id": "",
                "tags_regex": ""
              }
            ],
            "working_directory": "workspaces/"
          },
          "sensitive_attributes": [],
          "private": "eyJzY2hlbWFfdmVyc2lvbiI6IjEifQ=="
        },
        {
          "index_key": 346,
          "schema_version": 1,
          "attributes": {
            "agent_pool_id": "",
            "allow_destroy_plan": true,
            "assessments_enabled": false,
            "auto_apply": true,
            "description": "",
            "execution_mode": "remote",
            "file_triggers_enabled": true,
            "force_delete": true,
            "global_remote_state": false,
            "html_url": "https://app.terraform.io/app/hashi_strawb_testing/workspaces/many-workspace-test-0346",
            "id": "ws-zApcCgGKQBQ5fDGc",
            "name": "many-workspace-test-0346",
            "operations": true,
            "organization": "hashi_strawb_testing",
            "project_id": "prj-8rNEinGacXMAwCr4",
            "queue_all_runs": true,
            "remote_state_consumer_ids": [],
            "resource_count": 0,
            "source_name": "",
            "source_url": "",
            "speculative_enabled": true,
            "ssh_key_id": "",
            "structured_run_output_enabled": true,
            "tag_names": [],
            "terraform_version": "1.6.2",
            "trigger_patterns": [],
            "trigger_prefixes": [
              "/modules"
            ],
            "vcs_repo": [
              {
                "branch": "",
                "github_app_installation_id": "ghain-3JcBMQW48TPfPn4f",
                "identifier": "hashi-strawb/tfc-big-monorepo-test",
                "ingress_submodules": false,
                "oauth_token_id": "",
                "tags_regex": ""
              }
            ],
            "working_directory": "workspaces/"
          },
          "sensitive_attributes": [],
          "private": "eyJzY2hlbWFfdmVyc2lvbiI6IjEifQ=="
        },
        {
          "index_key": 347,
          "schema_version": 1,
          "attributes": {
            "agent_pool_id": "",
            "allow_destroy_plan": true,
            "assessments_enabled": false,
            "auto_apply": true,
            "description": "",
            "execution_mode": "remote",
            "file_triggers_enabled": true,
            "force_delete": true,
            "global_remote_state": false,
            "html_url": "https://app.terraform.io/app/hashi_strawb_testing/workspaces/many-workspace-test-0347",
            "id": "ws-8VUPWjQfZ429XCMV",
            "name": "many-workspace-test-0347",
            "operations": true,
            "organization": "hashi_strawb_testing",
            "project_id": "prj-8rNEinGacXMAwCr4",
            "queue_all_runs": true,
            "remote_state_consumer_ids": [],
            "resource_count": 0,
            "source_name": "",
            "source_url": "",
            "speculative_enabled": true,
            "ssh_key_id": "",
            "structured_run_output_enabled": true,
            "tag_names": [],
            "terraform_version": "1.6.2",
            "trigger_patterns": [],
            "trigger_prefixes": [
              "/modules"
            ],
            "vcs_repo": [
              {
                "branch": "",
                "github_app_installation_id": "ghain-3JcBMQW48TPfPn4f",
                "identifier": "hashi-strawb/tfc-big-monorepo-test",
                "ingress_submodules": false,
                "oauth_token_id": "",
                "tags_regex": ""
              }
            ],
            "working_directory": "workspaces/"
          },
          "sensitive_attributes": [],
          "private": "eyJzY2hlbWFfdmVyc2lvbiI6IjEifQ=="
        },
        {
          "index_key": 348,
          "schema_version": 1,
          "attributes": {
            "agent_pool_id": "",
            "allow_destroy_plan": true,
            "assessments_enabled": false,
            "auto_apply": true,
            "description": "",
            "execution_mode": "remote",
            "file_triggers_enabled": true,
            "force_delete": true,
            "global_remote_state": false,
            "html_url": "https://app.terraform.io/app/hashi_strawb_testing/workspaces/many-workspace-test-0348",
            "id": "ws-4vVNYwssBhR59Bg4",
            "name": "many-workspace-test-0348",
            "operations": true,
            "organization": "hashi_strawb_testing",
            "project_id": "prj-8rNEinGacXMAwCr4",
            "queue_all_runs": true,
            "remote_state_consumer_ids": [],
            "resource_count": 1,
            "source_name": "",
            "source_url": "",
            "speculative_enabled": true,
            "ssh_key_id": "",
            "structured_run_output_enabled": true,
            "tag_names": [],
            "terraform_version": "1.6.2",
            "trigger_patterns": [],
            "trigger_prefixes": [
              "/modules"
            ],
            "vcs_repo": [
              {
                "branch": "",
                "github_app_installation_id": "ghain-3JcBMQW48TPfPn4f",
                "identifier": "hashi-strawb/tfc-big-monorepo-test",
                "ingress_submodules": false,
                "oauth_token_id": "",
                "tags_regex": ""
              }
            ],
            "working_directory": "workspaces/"
          },
          "sensitive_attributes": [],
          "private": "eyJzY2hlbWFfdmVyc2lvbiI6IjEifQ=="
        },
        {
          "index_key": 349,
          "schema_version": 1,
          "attributes": {
            "agent_pool_id": "",
            "allow_destroy_plan": true,
            "assessments_enabled": false,
            "auto_apply": true,
            "description": "",
            "execution_mode": "remote",
            "file_triggers_enabled": true,
            "force_delete": true,
            "global_remote_state": false,
            "html_url": "https://app.terraform.io/app/hashi_strawb_testing/workspaces/many-workspace-test-0349",
            "id": "ws-DmEEB8pxUvdvwTca",
            "name": "many-workspace-test-0349",
            "operations": true,
            "organization": "hashi_strawb_testing",
            "project_id": "prj-8rNEinGacXMAwCr4",
            "queue_all_runs": true,
            "remote_state_consumer_ids": [],
            "resource_count": 1,
            "source_name": "",
            "source_url": "",
            "speculative_enabled": true,
            "ssh_key_id": "",
            "structured_run_output_enabled": true,
            "tag_names": [],
            "terraform_version": "1.6.2",
            "trigger_patterns": [],
            "trigger_prefixes": [
              "/modules"
            ],
            "vcs_repo": [
              {
                "branch": "",
                "github_app_installation_id": "ghain-3JcBMQW48TPfPn4f",
                "identifier": "hashi-strawb/tfc-big-monorepo-test",
                "ingress_submodules": false,
                "oauth_token_id": "",
                "tags_regex": ""
              }
            ],
            "working_directory": "workspaces/"
          },
          "sensitive_attributes": [],
          "private": "eyJzY2hlbWFfdmVyc2lvbiI6IjEifQ=="
        },
        {
          "index_key": 350,
          "schema_version": 1,
          "attributes": {
            "agent_pool_id": "",
            "allow_destroy_plan": true,
            "assessments_enabled": false,
            "auto_apply": true,
            "description": "",
            "execution_mode": "remote",
            "file_triggers_enabled": true,
            "force_delete": true,
            "global_remote_state": false,
            "html_url": "https://app.terraform.io/app/hashi_strawb_testing/workspaces/many-workspace-test-0350",
            "id": "ws-38CAD6CJ4XHRekfs",
            "name": "many-workspace-test-0350",
            "operations": true,
            "organization": "hashi_strawb_testing",
            "project_id": "prj-8rNEinGacXMAwCr4",
            "queue_all_runs": true,
            "remote_state_consumer_ids": [],
            "resource_count": 1,
            "source_name": "",
            "source_url": "",
            "speculative_enabled": true,
            "ssh_key_id": "",
            "structured_run_output_enabled": true,
            "tag_names": [],
            "terraform_version": "1.6.2",
            "trigger_patterns": [],
            "trigger_prefixes": [
              "/modules"
            ],
            "vcs_repo": [
              {
                "branch": "",
                "github_app_installation_id": "ghain-3JcBMQW48TPfPn4f",
                "identifier": "hashi-strawb/tfc-big-monorepo-test",
                "ingress_submodules": false,
                "oauth_token_id": "",
                "tags_regex": ""
              }
            ],
            "working_directory": "workspaces/"
          },
          "sensitive_attributes": [],
          "private": "eyJzY2hlbWFfdmVyc2lvbiI6IjEifQ=="
        },
        {
          "index_key": 351,
          "schema_version": 1,
          "attributes": {
            "agent_pool_id": "",
            "allow_destroy_plan": true,
            "assessments_enabled": false,
            "auto_apply": true,
            "description": "",
            "execution_mode": "remote",
            "file_triggers_enabled": true,
            "force_delete": true,
            "global_remote_state": false,
            "html_url": "https://app.terraform.io/app/hashi_strawb_testing/workspaces/many-workspace-test-0351",
            "id": "ws-AbvXGbTNZs8gXXRD",
            "name": "many-workspace-test-0351",
            "operations": true,
            "organization": "hashi_strawb_testing",
            "project_id": "prj-8rNEinGacXMAwCr4",
            "queue_all_runs": true,
            "remote_state_consumer_ids": [],
            "resource_count": 1,
            "source_name": "",
            "source_url": "",
            "speculative_enabled": true,
            "ssh_key_id": "",
            "structured_run_output_enabled": true,
            "tag_names": [],
            "terraform_version": "1.6.2",
            "trigger_patterns": [],
            "trigger_prefixes": [
              "/modules"
            ],
            "vcs_repo": [
              {
                "branch": "",
                "github_app_installation_id": "ghain-3JcBMQW48TPfPn4f",
                "identifier": "hashi-strawb/tfc-big-monorepo-test",
                "ingress_submodules": false,
                "oauth_token_id": "",
                "tags_regex": ""
              }
            ],
            "working_directory": "workspaces/"
          },
          "sensitive_attributes": [],
          "private": "eyJzY2hlbWFfdmVyc2lvbiI6IjEifQ=="
        },
        {
          "index_key": 352,
          "schema_version": 1,
          "attributes": {
            "agent_pool_id": "",
            "allow_destroy_plan": true,
            "assessments_enabled": false,
            "auto_apply": true,
            "description": "",
            "execution_mode": "remote",
            "file_triggers_enabled": true,
            "force_delete": true,
            "global_remote_state": false,
            "html_url": "https://app.terraform.io/app/hashi_strawb_testing/workspaces/many-workspace-test-0352",
            "id": "ws-fXREJ6Vz8frGWMEq",
            "name": "many-workspace-test-0352",
            "operations": true,
            "organization": "hashi_strawb_testing",
            "project_id": "prj-8rNEinGacXMAwCr4",
            "queue_all_runs": true,
            "remote_state_consumer_ids": [],
            "resource_count": 0,
            "source_name": "",
            "source_url": "",
            "speculative_enabled": true,
            "ssh_key_id": "",
            "structured_run_output_enabled": true,
            "tag_names": [],
            "terraform_version": "1.6.2",
            "trigger_patterns": [],
            "trigger_prefixes": [
              "/modules"
            ],
            "vcs_repo": [
              {
                "branch": "",
                "github_app_installation_id": "ghain-3JcBMQW48TPfPn4f",
                "identifier": "hashi-strawb/tfc-big-monorepo-test",
                "ingress_submodules": false,
                "oauth_token_id": "",
                "tags_regex": ""
              }
            ],
            "working_directory": "workspaces/"
          },
          "sensitive_attributes": [],
          "private": "eyJzY2hlbWFfdmVyc2lvbiI6IjEifQ=="
        },
        {
          "index_key": 353,
          "schema_version": 1,
          "attributes": {
            "agent_pool_id": "",
            "allow_destroy_plan": true,
            "assessments_enabled": false,
            "auto_apply": true,
            "description": "",
            "execution_mode": "remote",
            "file_triggers_enabled": true,
            "force_delete": true,
            "global_remote_state": false,
            "html_url": "https://app.terraform.io/app/hashi_strawb_testing/workspaces/many-workspace-test-0353",
            "id": "ws-zCaxc9WwujXKdfUc",
            "name": "many-workspace-test-0353",
            "operations": true,
            "organization": "hashi_strawb_testing",
            "project_id": "prj-8rNEinGacXMAwCr4",
            "queue_all_runs": true,
            "remote_state_consumer_ids": [],
            "resource_count": 0,
            "source_name": "",
            "source_url": "",
            "speculative_enabled": true,
            "ssh_key_id": "",
            "structured_run_output_enabled": true,
            "tag_names": [],
            "terraform_version": "1.6.2",
            "trigger_patterns": [],
            "trigger_prefixes": [
              "/modules"
            ],
            "vcs_repo": [
              {
                "branch": "",
                "github_app_installation_id": "ghain-3JcBMQW48TPfPn4f",
                "identifier": "hashi-strawb/tfc-big-monorepo-test",
                "ingress_submodules": false,
                "oauth_token_id": "",
                "tags_regex": ""
              }
            ],
            "working_directory": "workspaces/"
          },
          "sensitive_attributes": [],
          "private": "eyJzY2hlbWFfdmVyc2lvbiI6IjEifQ=="
        },
        {
          "index_key": 354,
          "schema_version": 1,
          "attributes": {
            "agent_pool_id": "",
            "allow_destroy_plan": true,
            "assessments_enabled": false,
            "auto_apply": true,
            "description": "",
            "execution_mode": "remote",
            "file_triggers_enabled": true,
            "force_delete": true,
            "global_remote_state": false,
            "html_url": "https://app.terraform.io/app/hashi_strawb_testing/workspaces/many-workspace-test-0354",
            "id": "ws-TNjW6jyDYJTs3TaD",
            "name": "many-workspace-test-0354",
            "operations": true,
            "organization": "hashi_strawb_testing",
            "project_id": "prj-8rNEinGacXMAwCr4",
            "queue_all_runs": true,
            "remote_state_consumer_ids": [],
            "resource_count": 0,
            "source_name": "",
            "source_url": "",
            "speculative_enabled": true,
            "ssh_key_id": "",
            "structured_run_output_enabled": true,
            "tag_names": [],
            "terraform_version": "1.6.2",
            "trigger_patterns": [],
            "trigger_prefixes": [
              "/modules"
            ],
            "vcs_repo": [
              {
                "branch": "",
                "github_app_installation_id": "ghain-3JcBMQW48TPfPn4f",
                "identifier": "hashi-strawb/tfc-big-monorepo-test",
                "ingress_submodules": false,
                "oauth_token_id": "",
                "tags_regex": ""
              }
            ],
            "working_directory": "workspaces/"
          },
          "sensitive_attributes": [],
          "private": "eyJzY2hlbWFfdmVyc2lvbiI6IjEifQ=="
        },
        {
          "index_key": 355,
          "schema_version": 1,
          "attributes": {
            "agent_pool_id": "",
            "allow_destroy_plan": true,
            "assessments_enabled": false,
            "auto_apply": true,
            "description": "",
            "execution_mode": "remote",
            "file_triggers_enabled": true,
            "force_delete": true,
            "global_remote_state": false,
            "html_url": "https://app.terraform.io/app/hashi_strawb_testing/workspaces/many-workspace-test-0355",
            "id": "ws-RcKocaYEk8pz4Ybq",
            "name": "many-workspace-test-0355",
            "operations": true,
            "organization": "hashi_strawb_testing",
            "project_id": "prj-8rNEinGacXMAwCr4",
            "queue_all_runs": true,
            "remote_state_consumer_ids": [],
            "resource_count": 0,
            "source_name": "",
            "source_url": "",
            "speculative_enabled": true,
            "ssh_key_id": "",
            "structured_run_output_enabled": true,
            "tag_names": [],
            "terraform_version": "1.6.2",
            "trigger_patterns": [],
            "trigger_prefixes": [
              "/modules"
            ],
            "vcs_repo": [
              {
                "branch": "",
                "github_app_installation_id": "ghain-3JcBMQW48TPfPn4f",
                "identifier": "hashi-strawb/tfc-big-monorepo-test",
                "ingress_submodules": false,
                "oauth_token_id": "",
                "tags_regex": ""
              }
            ],
            "working_directory": "workspaces/"
          },
          "sensitive_attributes": [],
          "private": "eyJzY2hlbWFfdmVyc2lvbiI6IjEifQ=="
        },
        {
          "index_key": 356,
          "schema_version": 1,
          "attributes": {
            "agent_pool_id": "",
            "allow_destroy_plan": true,
            "assessments_enabled": false,
            "auto_apply": true,
            "description": "",
            "execution_mode": "remote",
            "file_triggers_enabled": true,
            "force_delete": true,
            "global_remote_state": false,
            "html_url": "https://app.terraform.io/app/hashi_strawb_testing/workspaces/many-workspace-test-0356",
            "id": "ws-UZWhuQhCz9HhKjt7",
            "name": "many-workspace-test-0356",
            "operations": true,
            "organization": "hashi_strawb_testing",
            "project_id": "prj-8rNEinGacXMAwCr4",
            "queue_all_runs": true,
            "remote_state_consumer_ids": [],
            "resource_count": 1,
            "source_name": "",
            "source_url": "",
            "speculative_enabled": true,
            "ssh_key_id": "",
            "structured_run_output_enabled": true,
            "tag_names": [],
            "terraform_version": "1.6.2",
            "trigger_patterns": [],
            "trigger_prefixes": [
              "/modules"
            ],
            "vcs_repo": [
              {
                "branch": "",
                "github_app_installation_id": "ghain-3JcBMQW48TPfPn4f",
                "identifier": "hashi-strawb/tfc-big-monorepo-test",
                "ingress_submodules": false,
                "oauth_token_id": "",
                "tags_regex": ""
              }
            ],
            "working_directory": "workspaces/"
          },
          "sensitive_attributes": [],
          "private": "eyJzY2hlbWFfdmVyc2lvbiI6IjEifQ=="
        },
        {
          "index_key": 357,
          "schema_version": 1,
          "attributes": {
            "agent_pool_id": "",
            "allow_destroy_plan": true,
            "assessments_enabled": false,
            "auto_apply": true,
            "description": "",
            "execution_mode": "remote",
            "file_triggers_enabled": true,
            "force_delete": true,
            "global_remote_state": false,
            "html_url": "https://app.terraform.io/app/hashi_strawb_testing/workspaces/many-workspace-test-0357",
            "id": "ws-aMrn3sqBgw5BtGTo",
            "name": "many-workspace-test-0357",
            "operations": true,
            "organization": "hashi_strawb_testing",
            "project_id": "prj-8rNEinGacXMAwCr4",
            "queue_all_runs": true,
            "remote_state_consumer_ids": [],
            "resource_count": 0,
            "source_name": "",
            "source_url": "",
            "speculative_enabled": true,
            "ssh_key_id": "",
            "structured_run_output_enabled": true,
            "tag_names": [],
            "terraform_version": "1.6.2",
            "trigger_patterns": [],
            "trigger_prefixes": [
              "/modules"
            ],
            "vcs_repo": [
              {
                "branch": "",
                "github_app_installation_id": "ghain-3JcBMQW48TPfPn4f",
                "identifier": "hashi-strawb/tfc-big-monorepo-test",
                "ingress_submodules": false,
                "oauth_token_id": "",
                "tags_regex": ""
              }
            ],
            "working_directory": "workspaces/"
          },
          "sensitive_attributes": [],
          "private": "eyJzY2hlbWFfdmVyc2lvbiI6IjEifQ=="
        },
        {
          "index_key": 358,
          "schema_version": 1,
          "attributes": {
            "agent_pool_id": "",
            "allow_destroy_plan": true,
            "assessments_enabled": false,
            "auto_apply": true,
            "description": "",
            "execution_mode": "remote",
            "file_triggers_enabled": true,
            "force_delete": true,
            "global_remote_state": false,
            "html_url": "https://app.terraform.io/app/hashi_strawb_testing/workspaces/many-workspace-test-0358",
            "id": "ws-akneaowY9eUEeDUF",
            "name": "many-workspace-test-0358",
            "operations": true,
            "organization": "hashi_strawb_testing",
            "project_id": "prj-8rNEinGacXMAwCr4",
            "queue_all_runs": true,
            "remote_state_consumer_ids": [],
            "resource_count": 1,
            "source_name": "",
            "source_url": "",
            "speculative_enabled": true,
            "ssh_key_id": "",
            "structured_run_output_enabled": true,
            "tag_names": [],
            "terraform_version": "1.6.2",
            "trigger_patterns": [],
            "trigger_prefixes": [
              "/modules"
            ],
            "vcs_repo": [
              {
                "branch": "",
                "github_app_installation_id": "ghain-3JcBMQW48TPfPn4f",
                "identifier": "hashi-strawb/tfc-big-monorepo-test",
                "ingress_submodules": false,
                "oauth_token_id": "",
                "tags_regex": ""
              }
            ],
            "working_directory": "workspaces/"
          },
          "sensitive_attributes": [],
          "private": "eyJzY2hlbWFfdmVyc2lvbiI6IjEifQ=="
        },
        {
          "index_key": 359,
          "schema_version": 1,
          "attributes": {
            "agent_pool_id": "",
            "allow_destroy_plan": true,
            "assessments_enabled": false,
            "auto_apply": true,
            "description": "",
            "execution_mode": "remote",
            "file_triggers_enabled": true,
            "force_delete": true,
            "global_remote_state": false,
            "html_url": "https://app.terraform.io/app/hashi_strawb_testing/workspaces/many-workspace-test-0359",
            "id": "ws-m2RijZfykEmgZo7U",
            "name": "many-workspace-test-0359",
            "operations": true,
            "organization": "hashi_strawb_testing",
            "project_id": "prj-8rNEinGacXMAwCr4",
            "queue_all_runs": true,
            "remote_state_consumer_ids": [],
            "resource_count": 1,
            "source_name": "",
            "source_url": "",
            "speculative_enabled": true,
            "ssh_key_id": "",
            "structured_run_output_enabled": true,
            "tag_names": [],
            "terraform_version": "1.6.2",
            "trigger_patterns": [],
            "trigger_prefixes": [
              "/modules"
            ],
            "vcs_repo": [
              {
                "branch": "",
                "github_app_installation_id": "ghain-3JcBMQW48TPfPn4f",
                "identifier": "hashi-strawb/tfc-big-monorepo-test",
                "ingress_submodules": false,
                "oauth_token_id": "",
                "tags_regex": ""
              }
            ],
            "working_directory": "workspaces/"
          },
          "sensitive_attributes": [],
          "private": "eyJzY2hlbWFfdmVyc2lvbiI6IjEifQ=="
        },
        {
          "index_key": 360,
          "schema_version": 1,
          "attributes": {
            "agent_pool_id": "",
            "allow_destroy_plan": true,
            "assessments_enabled": false,
            "auto_apply": true,
            "description": "",
            "execution_mode": "remote",
            "file_triggers_enabled": true,
            "force_delete": true,
            "global_remote_state": false,
            "html_url": "https://app.terraform.io/app/hashi_strawb_testing/workspaces/many-workspace-test-0360",
            "id": "ws-ooSMpuyTkVYkwVYD",
            "name": "many-workspace-test-0360",
            "operations": true,
            "organization": "hashi_strawb_testing",
            "project_id": "prj-8rNEinGacXMAwCr4",
            "queue_all_runs": true,
            "remote_state_consumer_ids": [],
            "resource_count": 0,
            "source_name": "",
            "source_url": "",
            "speculative_enabled": true,
            "ssh_key_id": "",
            "structured_run_output_enabled": true,
            "tag_names": [],
            "terraform_version": "1.6.2",
            "trigger_patterns": [],
            "trigger_prefixes": [
              "/modules"
            ],
            "vcs_repo": [
              {
                "branch": "",
                "github_app_installation_id": "ghain-3JcBMQW48TPfPn4f",
                "identifier": "hashi-strawb/tfc-big-monorepo-test",
                "ingress_submodules": false,
                "oauth_token_id": "",
                "tags_regex": ""
              }
            ],
            "working_directory": "workspaces/"
          },
          "sensitive_attributes": [],
          "private": "eyJzY2hlbWFfdmVyc2lvbiI6IjEifQ=="
        },
        {
          "index_key": 361,
          "schema_version": 1,
          "attributes": {
            "agent_pool_id": "",
            "allow_destroy_plan": true,
            "assessments_enabled": false,
            "auto_apply": true,
            "description": "",
            "execution_mode": "remote",
            "file_triggers_enabled": true,
            "force_delete": true,
            "global_remote_state": false,
            "html_url": "https://app.terraform.io/app/hashi_strawb_testing/workspaces/many-workspace-test-0361",
            "id": "ws-LEqWzJBb3wAiiwTv",
            "name": "many-workspace-test-0361",
            "operations": true,
            "organization": "hashi_strawb_testing",
            "project_id": "prj-8rNEinGacXMAwCr4",
            "queue_all_runs": true,
            "remote_state_consumer_ids": [],
            "resource_count": 1,
            "source_name": "",
            "source_url": "",
            "speculative_enabled": true,
            "ssh_key_id": "",
            "structured_run_output_enabled": true,
            "tag_names": [],
            "terraform_version": "1.6.2",
            "trigger_patterns": [],
            "trigger_prefixes": [
              "/modules"
            ],
            "vcs_repo": [
              {
                "branch": "",
                "github_app_installation_id": "ghain-3JcBMQW48TPfPn4f",
                "identifier": "hashi-strawb/tfc-big-monorepo-test",
                "ingress_submodules": false,
                "oauth_token_id": "",
                "tags_regex": ""
              }
            ],
            "working_directory": "workspaces/"
          },
          "sensitive_attributes": [],
          "private": "eyJzY2hlbWFfdmVyc2lvbiI6IjEifQ=="
        },
        {
          "index_key": 362,
          "schema_version": 1,
          "attributes": {
            "agent_pool_id": "",
            "allow_destroy_plan": true,
            "assessments_enabled": false,
            "auto_apply": true,
            "description": "",
            "execution_mode": "remote",
            "file_triggers_enabled": true,
            "force_delete": true,
            "global_remote_state": false,
            "html_url": "https://app.terraform.io/app/hashi_strawb_testing/workspaces/many-workspace-test-0362",
            "id": "ws-msJhPCaLoDaoNrDQ",
            "name": "many-workspace-test-0362",
            "operations": true,
            "organization": "hashi_strawb_testing",
            "project_id": "prj-8rNEinGacXMAwCr4",
            "queue_all_runs": true,
            "remote_state_consumer_ids": [],
            "resource_count": 0,
            "source_name": "",
            "source_url": "",
            "speculative_enabled": true,
            "ssh_key_id": "",
            "structured_run_output_enabled": true,
            "tag_names": [],
            "terraform_version": "1.6.2",
            "trigger_patterns": [],
            "trigger_prefixes": [
              "/modules"
            ],
            "vcs_repo": [
              {
                "branch": "",
                "github_app_installation_id": "ghain-3JcBMQW48TPfPn4f",
                "identifier": "hashi-strawb/tfc-big-monorepo-test",
                "ingress_submodules": false,
                "oauth_token_id": "",
                "tags_regex": ""
              }
            ],
            "working_directory": "workspaces/"
          },
          "sensitive_attributes": [],
          "private": "eyJzY2hlbWFfdmVyc2lvbiI6IjEifQ=="
        },
        {
          "index_key": 363,
          "schema_version": 1,
          "attributes": {
            "agent_pool_id": "",
            "allow_destroy_plan": true,
            "assessments_enabled": false,
            "auto_apply": true,
            "description": "",
            "execution_mode": "remote",
            "file_triggers_enabled": true,
            "force_delete": true,
            "global_remote_state": false,
            "html_url": "https://app.terraform.io/app/hashi_strawb_testing/workspaces/many-workspace-test-0363",
            "id": "ws-mWW4UFzMp5u9GuWS",
            "name": "many-workspace-test-0363",
            "operations": true,
            "organization": "hashi_strawb_testing",
            "project_id": "prj-8rNEinGacXMAwCr4",
            "queue_all_runs": true,
            "remote_state_consumer_ids": [],
            "resource_count": 1,
            "source_name": "",
            "source_url": "",
            "speculative_enabled": true,
            "ssh_key_id": "",
            "structured_run_output_enabled": true,
            "tag_names": [],
            "terraform_version": "1.6.2",
            "trigger_patterns": [],
            "trigger_prefixes": [
              "/modules"
            ],
            "vcs_repo": [
              {
                "branch": "",
                "github_app_installation_id": "ghain-3JcBMQW48TPfPn4f",
                "identifier": "hashi-strawb/tfc-big-monorepo-test",
                "ingress_submodules": false,
                "oauth_token_id": "",
                "tags_regex": ""
              }
            ],
            "working_directory": "workspaces/"
          },
          "sensitive_attributes": [],
          "private": "eyJzY2hlbWFfdmVyc2lvbiI6IjEifQ=="
        },
        {
          "index_key": 364,
          "schema_version": 1,
          "attributes": {
            "agent_pool_id": "",
            "allow_destroy_plan": true,
            "assessments_enabled": false,
            "auto_apply": true,
            "description": "",
            "execution_mode": "remote",
            "file_triggers_enabled": true,
            "force_delete": true,
            "global_remote_state": false,
            "html_url": "https://app.terraform.io/app/hashi_strawb_testing/workspaces/many-workspace-test-0364",
            "id": "ws-zpBQ6UnswtgtWuhU",
            "name": "many-workspace-test-0364",
            "operations": true,
            "organization": "hashi_strawb_testing",
            "project_id": "prj-8rNEinGacXMAwCr4",
            "queue_all_runs": true,
            "remote_state_consumer_ids": [],
            "resource_count": 1,
            "source_name": "",
            "source_url": "",
            "speculative_enabled": true,
            "ssh_key_id": "",
            "structured_run_output_enabled": true,
            "tag_names": [],
            "terraform_version": "1.6.2",
            "trigger_patterns": [],
            "trigger_prefixes": [
              "/modules"
            ],
            "vcs_repo": [
              {
                "branch": "",
                "github_app_installation_id": "ghain-3JcBMQW48TPfPn4f",
                "identifier": "hashi-strawb/tfc-big-monorepo-test",
                "ingress_submodules": false,
                "oauth_token_id": "",
                "tags_regex": ""
              }
            ],
            "working_directory": "workspaces/"
          },
          "sensitive_attributes": [],
          "private": "eyJzY2hlbWFfdmVyc2lvbiI6IjEifQ=="
        },
        {
          "index_key": 365,
          "schema_version": 1,
          "attributes": {
            "agent_pool_id": "",
            "allow_destroy_plan": true,
            "assessments_enabled": false,
            "auto_apply": true,
            "description": "",
            "execution_mode": "remote",
            "file_triggers_enabled": true,
            "force_delete": true,
            "global_remote_state": false,
            "html_url": "https://app.terraform.io/app/hashi_strawb_testing/workspaces/many-workspace-test-0365",
            "id": "ws-StJapS1EkZQkAuYT",
            "name": "many-workspace-test-0365",
            "operations": true,
            "organization": "hashi_strawb_testing",
            "project_id": "prj-8rNEinGacXMAwCr4",
            "queue_all_runs": true,
            "remote_state_consumer_ids": [],
            "resource_count": 0,
            "source_name": "",
            "source_url": "",
            "speculative_enabled": true,
            "ssh_key_id": "",
            "structured_run_output_enabled": true,
            "tag_names": [],
            "terraform_version": "1.6.2",
            "trigger_patterns": [],
            "trigger_prefixes": [
              "/modules"
            ],
            "vcs_repo": [
              {
                "branch": "",
                "github_app_installation_id": "ghain-3JcBMQW48TPfPn4f",
                "identifier": "hashi-strawb/tfc-big-monorepo-test",
                "ingress_submodules": false,
                "oauth_token_id": "",
                "tags_regex": ""
              }
            ],
            "working_directory": "workspaces/"
          },
          "sensitive_attributes": [],
          "private": "eyJzY2hlbWFfdmVyc2lvbiI6IjEifQ=="
        },
        {
          "index_key": 366,
          "schema_version": 1,
          "attributes": {
            "agent_pool_id": "",
            "allow_destroy_plan": true,
            "assessments_enabled": false,
            "auto_apply": true,
            "description": "",
            "execution_mode": "remote",
            "file_triggers_enabled": true,
            "force_delete": true,
            "global_remote_state": false,
            "html_url": "https://app.terraform.io/app/hashi_strawb_testing/workspaces/many-workspace-test-0366",
            "id": "ws-NgKGd4QDcyr1MqNV",
            "name": "many-workspace-test-0366",
            "operations": true,
            "organization": "hashi_strawb_testing",
            "project_id": "prj-8rNEinGacXMAwCr4",
            "queue_all_runs": true,
            "remote_state_consumer_ids": [],
            "resource_count": 1,
            "source_name": "",
            "source_url": "",
            "speculative_enabled": true,
            "ssh_key_id": "",
            "structured_run_output_enabled": true,
            "tag_names": [],
            "terraform_version": "1.6.2",
            "trigger_patterns": [],
            "trigger_prefixes": [
              "/modules"
            ],
            "vcs_repo": [
              {
                "branch": "",
                "github_app_installation_id": "ghain-3JcBMQW48TPfPn4f",
                "identifier": "hashi-strawb/tfc-big-monorepo-test",
                "ingress_submodules": false,
                "oauth_token_id": "",
                "tags_regex": ""
              }
            ],
            "working_directory": "workspaces/"
          },
          "sensitive_attributes": [],
          "private": "eyJzY2hlbWFfdmVyc2lvbiI6IjEifQ=="
        },
        {
          "index_key": 367,
          "schema_version": 1,
          "attributes": {
            "agent_pool_id": "",
            "allow_destroy_plan": true,
            "assessments_enabled": false,
            "auto_apply": true,
            "description": "",
            "execution_mode": "remote",
            "file_triggers_enabled": true,
            "force_delete": true,
            "global_remote_state": false,
            "html_url": "https://app.terraform.io/app/hashi_strawb_testing/workspaces/many-workspace-test-0367",
            "id": "ws-9hxgt94hW15KY96M",
            "name": "many-workspace-test-0367",
            "operations": true,
            "organization": "hashi_strawb_testing",
            "project_id": "prj-8rNEinGacXMAwCr4",
            "queue_all_runs": true,
            "remote_state_consumer_ids": [],
            "resource_count": 0,
            "source_name": "",
            "source_url": "",
            "speculative_enabled": true,
            "ssh_key_id": "",
            "structured_run_output_enabled": true,
            "tag_names": [],
            "terraform_version": "1.6.2",
            "trigger_patterns": [],
            "trigger_prefixes": [
              "/modules"
            ],
            "vcs_repo": [
              {
                "branch": "",
                "github_app_installation_id": "ghain-3JcBMQW48TPfPn4f",
                "identifier": "hashi-strawb/tfc-big-monorepo-test",
                "ingress_submodules": false,
                "oauth_token_id": "",
                "tags_regex": ""
              }
            ],
            "working_directory": "workspaces/"
          },
          "sensitive_attributes": [],
          "private": "eyJzY2hlbWFfdmVyc2lvbiI6IjEifQ=="
        },
        {
          "index_key": 368,
          "schema_version": 1,
          "attributes": {
            "agent_pool_id": "",
            "allow_destroy_plan": true,
            "assessments_enabled": false,
            "auto_apply": true,
            "description": "",
            "execution_mode": "remote",
            "file_triggers_enabled": true,
            "force_delete": true,
            "global_remote_state": false,
            "html_url": "https://app.terraform.io/app/hashi_strawb_testing/workspaces/many-workspace-test-0368",
            "id": "ws-1MSDnxCDSvrektrT",
            "name": "many-workspace-test-0368",
            "operations": true,
            "organization": "hashi_strawb_testing",
            "project_id": "prj-8rNEinGacXMAwCr4",
            "queue_all_runs": true,
            "remote_state_consumer_ids": [],
            "resource_count": 0,
            "source_name": "",
            "source_url": "",
            "speculative_enabled": true,
            "ssh_key_id": "",
            "structured_run_output_enabled": true,
            "tag_names": [],
            "terraform_version": "1.6.2",
            "trigger_patterns": [],
            "trigger_prefixes": [
              "/modules"
            ],
            "vcs_repo": [
              {
                "branch": "",
                "github_app_installation_id": "ghain-3JcBMQW48TPfPn4f",
                "identifier": "hashi-strawb/tfc-big-monorepo-test",
                "ingress_submodules": false,
                "oauth_token_id": "",
                "tags_regex": ""
              }
            ],
            "working_directory": "workspaces/"
          },
          "sensitive_attributes": [],
          "private": "eyJzY2hlbWFfdmVyc2lvbiI6IjEifQ=="
        },
        {
          "index_key": 369,
          "schema_version": 1,
          "attributes": {
            "agent_pool_id": "",
            "allow_destroy_plan": true,
            "assessments_enabled": false,
            "auto_apply": true,
            "description": "",
            "execution_mode": "remote",
            "file_triggers_enabled": true,
            "force_delete": true,
            "global_remote_state": false,
            "html_url": "https://app.terraform.io/app/hashi_strawb_testing/workspaces/many-workspace-test-0369",
            "id": "ws-f4vdJm2ZSCLFzhQa",
            "name": "many-workspace-test-0369",
            "operations": true,
            "organization": "hashi_strawb_testing",
            "project_id": "prj-8rNEinGacXMAwCr4",
            "queue_all_runs": true,
            "remote_state_consumer_ids": [],
            "resource_count": 1,
            "source_name": "",
            "source_url": "",
            "speculative_enabled": true,
            "ssh_key_id": "",
            "structured_run_output_enabled": true,
            "tag_names": [],
            "terraform_version": "1.6.2",
            "trigger_patterns": [],
            "trigger_prefixes": [
              "/modules"
            ],
            "vcs_repo": [
              {
                "branch": "",
                "github_app_installation_id": "ghain-3JcBMQW48TPfPn4f",
                "identifier": "hashi-strawb/tfc-big-monorepo-test",
                "ingress_submodules": false,
                "oauth_token_id": "",
                "tags_regex": ""
              }
            ],
            "working_directory": "workspaces/"
          },
          "sensitive_attributes": [],
          "private": "eyJzY2hlbWFfdmVyc2lvbiI6IjEifQ=="
        },
        {
          "index_key": 370,
          "schema_version": 1,
          "attributes": {
            "agent_pool_id": "",
            "allow_destroy_plan": true,
            "assessments_enabled": false,
            "auto_apply": true,
            "description": "",
            "execution_mode": "remote",
            "file_triggers_enabled": true,
            "force_delete": true,
            "global_remote_state": false,
            "html_url": "https://app.terraform.io/app/hashi_strawb_testing/workspaces/many-workspace-test-0370",
            "id": "ws-9AxgSJkb9r2kKRen",
            "name": "many-workspace-test-0370",
            "operations": true,
            "organization": "hashi_strawb_testing",
            "project_id": "prj-8rNEinGacXMAwCr4",
            "queue_all_runs": true,
            "remote_state_consumer_ids": [],
            "resource_count": 0,
            "source_name": "",
            "source_url": "",
            "speculative_enabled": true,
            "ssh_key_id": "",
            "structured_run_output_enabled": true,
            "tag_names": [],
            "terraform_version": "1.6.2",
            "trigger_patterns": [],
            "trigger_prefixes": [
              "/modules"
            ],
            "vcs_repo": [
              {
                "branch": "",
                "github_app_installation_id": "ghain-3JcBMQW48TPfPn4f",
                "identifier": "hashi-strawb/tfc-big-monorepo-test",
                "ingress_submodules": false,
                "oauth_token_id": "",
                "tags_regex": ""
              }
            ],
            "working_directory": "workspaces/"
          },
          "sensitive_attributes": [],
          "private": "eyJzY2hlbWFfdmVyc2lvbiI6IjEifQ=="
        },
        {
          "index_key": 371,
          "schema_version": 1,
          "attributes": {
            "agent_pool_id": "",
            "allow_destroy_plan": true,
            "assessments_enabled": false,
            "auto_apply": true,
            "description": "",
            "execution_mode": "remote",
            "file_triggers_enabled": true,
            "force_delete": true,
            "global_remote_state": false,
            "html_url": "https://app.terraform.io/app/hashi_strawb_testing/workspaces/many-workspace-test-0371",
            "id": "ws-1cdLh7DPbjPaNXQh",
            "name": "many-workspace-test-0371",
            "operations": true,
            "organization": "hashi_strawb_testing",
            "project_id": "prj-8rNEinGacXMAwCr4",
            "queue_all_runs": true,
            "remote_state_consumer_ids": [],
            "resource_count": 1,
            "source_name": "",
            "source_url": "",
            "speculative_enabled": true,
            "ssh_key_id": "",
            "structured_run_output_enabled": true,
            "tag_names": [],
            "terraform_version": "1.6.2",
            "trigger_patterns": [],
            "trigger_prefixes": [
              "/modules"
            ],
            "vcs_repo": [
              {
                "branch": "",
                "github_app_installation_id": "ghain-3JcBMQW48TPfPn4f",
                "identifier": "hashi-strawb/tfc-big-monorepo-test",
                "ingress_submodules": false,
                "oauth_token_id": "",
                "tags_regex": ""
              }
            ],
            "working_directory": "workspaces/"
          },
          "sensitive_attributes": [],
          "private": "eyJzY2hlbWFfdmVyc2lvbiI6IjEifQ=="
        },
        {
          "index_key": 372,
          "schema_version": 1,
          "attributes": {
            "agent_pool_id": "",
            "allow_destroy_plan": true,
            "assessments_enabled": false,
            "auto_apply": true,
            "description": "",
            "execution_mode": "remote",
            "file_triggers_enabled": true,
            "force_delete": true,
            "global_remote_state": false,
            "html_url": "https://app.terraform.io/app/hashi_strawb_testing/workspaces/many-workspace-test-0372",
            "id": "ws-mKGf5htnojX3HZrx",
            "name": "many-workspace-test-0372",
            "operations": true,
            "organization": "hashi_strawb_testing",
            "project_id": "prj-8rNEinGacXMAwCr4",
            "queue_all_runs": true,
            "remote_state_consumer_ids": [],
            "resource_count": 1,
            "source_name": "",
            "source_url": "",
            "speculative_enabled": true,
            "ssh_key_id": "",
            "structured_run_output_enabled": true,
            "tag_names": [],
            "terraform_version": "1.6.2",
            "trigger_patterns": [],
            "trigger_prefixes": [
              "/modules"
            ],
            "vcs_repo": [
              {
                "branch": "",
                "github_app_installation_id": "ghain-3JcBMQW48TPfPn4f",
                "identifier": "hashi-strawb/tfc-big-monorepo-test",
                "ingress_submodules": false,
                "oauth_token_id": "",
                "tags_regex": ""
              }
            ],
            "working_directory": "workspaces/"
          },
          "sensitive_attributes": [],
          "private": "eyJzY2hlbWFfdmVyc2lvbiI6IjEifQ=="
        },
        {
          "index_key": 373,
          "schema_version": 1,
          "attributes": {
            "agent_pool_id": "",
            "allow_destroy_plan": true,
            "assessments_enabled": false,
            "auto_apply": true,
            "description": "",
            "execution_mode": "remote",
            "file_triggers_enabled": true,
            "force_delete": true,
            "global_remote_state": false,
            "html_url": "https://app.terraform.io/app/hashi_strawb_testing/workspaces/many-workspace-test-0373",
            "id": "ws-r1kbTawDy3KYGMJB",
            "name": "many-workspace-test-0373",
            "operations": true,
            "organization": "hashi_strawb_testing",
            "project_id": "prj-8rNEinGacXMAwCr4",
            "queue_all_runs": true,
            "remote_state_consumer_ids": [],
            "resource_count": 0,
            "source_name": "",
            "source_url": "",
            "speculative_enabled": true,
            "ssh_key_id": "",
            "structured_run_output_enabled": true,
            "tag_names": [],
            "terraform_version": "1.6.2",
            "trigger_patterns": [],
            "trigger_prefixes": [
              "/modules"
            ],
            "vcs_repo": [
              {
                "branch": "",
                "github_app_installation_id": "ghain-3JcBMQW48TPfPn4f",
                "identifier": "hashi-strawb/tfc-big-monorepo-test",
                "ingress_submodules": false,
                "oauth_token_id": "",
                "tags_regex": ""
              }
            ],
            "working_directory": "workspaces/"
          },
          "sensitive_attributes": [],
          "private": "eyJzY2hlbWFfdmVyc2lvbiI6IjEifQ=="
        },
        {
          "index_key": 374,
          "schema_version": 1,
          "attributes": {
            "agent_pool_id": "",
            "allow_destroy_plan": true,
            "assessments_enabled": false,
            "auto_apply": true,
            "description": "",
            "execution_mode": "remote",
            "file_triggers_enabled": true,
            "force_delete": true,
            "global_remote_state": false,
            "html_url": "https://app.terraform.io/app/hashi_strawb_testing/workspaces/many-workspace-test-0374",
            "id": "ws-JfvJkaRkK8sa65Jc",
            "name": "many-workspace-test-0374",
            "operations": true,
            "organization": "hashi_strawb_testing",
            "project_id": "prj-8rNEinGacXMAwCr4",
            "queue_all_runs": true,
            "remote_state_consumer_ids": [],
            "resource_count": 1,
            "source_name": "",
            "source_url": "",
            "speculative_enabled": true,
            "ssh_key_id": "",
            "structured_run_output_enabled": true,
            "tag_names": [],
            "terraform_version": "1.6.2",
            "trigger_patterns": [],
            "trigger_prefixes": [
              "/modules"
            ],
            "vcs_repo": [
              {
                "branch": "",
                "github_app_installation_id": "ghain-3JcBMQW48TPfPn4f",
                "identifier": "hashi-strawb/tfc-big-monorepo-test",
                "ingress_submodules": false,
                "oauth_token_id": "",
                "tags_regex": ""
              }
            ],
            "working_directory": "workspaces/"
          },
          "sensitive_attributes": [],
          "private": "eyJzY2hlbWFfdmVyc2lvbiI6IjEifQ=="
        },
        {
          "index_key": 375,
          "schema_version": 1,
          "attributes": {
            "agent_pool_id": "",
            "allow_destroy_plan": true,
            "assessments_enabled": false,
            "auto_apply": true,
            "description": "",
            "execution_mode": "remote",
            "file_triggers_enabled": true,
            "force_delete": true,
            "global_remote_state": false,
            "html_url": "https://app.terraform.io/app/hashi_strawb_testing/workspaces/many-workspace-test-0375",
            "id": "ws-j1pQJuQPDQjDQgg5",
            "name": "many-workspace-test-0375",
            "operations": true,
            "organization": "hashi_strawb_testing",
            "project_id": "prj-8rNEinGacXMAwCr4",
            "queue_all_runs": true,
            "remote_state_consumer_ids": [],
            "resource_count": 0,
            "source_name": "",
            "source_url": "",
            "speculative_enabled": true,
            "ssh_key_id": "",
            "structured_run_output_enabled": true,
            "tag_names": [],
            "terraform_version": "1.6.2",
            "trigger_patterns": [],
            "trigger_prefixes": [
              "/modules"
            ],
            "vcs_repo": [
              {
                "branch": "",
                "github_app_installation_id": "ghain-3JcBMQW48TPfPn4f",
                "identifier": "hashi-strawb/tfc-big-monorepo-test",
                "ingress_submodules": false,
                "oauth_token_id": "",
                "tags_regex": ""
              }
            ],
            "working_directory": "workspaces/"
          },
          "sensitive_attributes": [],
          "private": "eyJzY2hlbWFfdmVyc2lvbiI6IjEifQ=="
        },
        {
          "index_key": 376,
          "schema_version": 1,
          "attributes": {
            "agent_pool_id": "",
            "allow_destroy_plan": true,
            "assessments_enabled": false,
            "auto_apply": true,
            "description": "",
            "execution_mode": "remote",
            "file_triggers_enabled": true,
            "force_delete": true,
            "global_remote_state": false,
            "html_url": "https://app.terraform.io/app/hashi_strawb_testing/workspaces/many-workspace-test-0376",
            "id": "ws-EKm1Z7qpYaUmjeg7",
            "name": "many-workspace-test-0376",
            "operations": true,
            "organization": "hashi_strawb_testing",
            "project_id": "prj-8rNEinGacXMAwCr4",
            "queue_all_runs": true,
            "remote_state_consumer_ids": [],
            "resource_count": 1,
            "source_name": "",
            "source_url": "",
            "speculative_enabled": true,
            "ssh_key_id": "",
            "structured_run_output_enabled": true,
            "tag_names": [],
            "terraform_version": "1.6.2",
            "trigger_patterns": [],
            "trigger_prefixes": [
              "/modules"
            ],
            "vcs_repo": [
              {
                "branch": "",
                "github_app_installation_id": "ghain-3JcBMQW48TPfPn4f",
                "identifier": "hashi-strawb/tfc-big-monorepo-test",
                "ingress_submodules": false,
                "oauth_token_id": "",
                "tags_regex": ""
              }
            ],
            "working_directory": "workspaces/"
          },
          "sensitive_attributes": [],
          "private": "eyJzY2hlbWFfdmVyc2lvbiI6IjEifQ=="
        },
        {
          "index_key": 377,
          "schema_version": 1,
          "attributes": {
            "agent_pool_id": "",
            "allow_destroy_plan": true,
            "assessments_enabled": false,
            "auto_apply": true,
            "description": "",
            "execution_mode": "remote",
            "file_triggers_enabled": true,
            "force_delete": true,
            "global_remote_state": false,
            "html_url": "https://app.terraform.io/app/hashi_strawb_testing/workspaces/many-workspace-test-0377",
            "id": "ws-QRPytbj61z2za7Ue",
            "name": "many-workspace-test-0377",
            "operations": true,
            "organization": "hashi_strawb_testing",
            "project_id": "prj-8rNEinGacXMAwCr4",
            "queue_all_runs": true,
            "remote_state_consumer_ids": [],
            "resource_count": 0,
            "source_name": "",
            "source_url": "",
            "speculative_enabled": true,
            "ssh_key_id": "",
            "structured_run_output_enabled": true,
            "tag_names": [],
            "terraform_version": "1.6.2",
            "trigger_patterns": [],
            "trigger_prefixes": [
              "/modules"
            ],
            "vcs_repo": [
              {
                "branch": "",
                "github_app_installation_id": "ghain-3JcBMQW48TPfPn4f",
                "identifier": "hashi-strawb/tfc-big-monorepo-test",
                "ingress_submodules": false,
                "oauth_token_id": "",
                "tags_regex": ""
              }
            ],
            "working_directory": "workspaces/"
          },
          "sensitive_attributes": [],
          "private": "eyJzY2hlbWFfdmVyc2lvbiI6IjEifQ=="
        },
        {
          "index_key": 378,
          "schema_version": 1,
          "attributes": {
            "agent_pool_id": "",
            "allow_destroy_plan": true,
            "assessments_enabled": false,
            "auto_apply": true,
            "description": "",
            "execution_mode": "remote",
            "file_triggers_enabled": true,
            "force_delete": true,
            "global_remote_state": false,
            "html_url": "https://app.terraform.io/app/hashi_strawb_testing/workspaces/many-workspace-test-0378",
            "id": "ws-kuYdhyMXpFbKSeus",
            "name": "many-workspace-test-0378",
            "operations": true,
            "organization": "hashi_strawb_testing",
            "project_id": "prj-8rNEinGacXMAwCr4",
            "queue_all_runs": true,
            "remote_state_consumer_ids": [],
            "resource_count": 1,
            "source_name": "",
            "source_url": "",
            "speculative_enabled": true,
            "ssh_key_id": "",
            "structured_run_output_enabled": true,
            "tag_names": [],
            "terraform_version": "1.6.2",
            "trigger_patterns": [],
            "trigger_prefixes": [
              "/modules"
            ],
            "vcs_repo": [
              {
                "branch": "",
                "github_app_installation_id": "ghain-3JcBMQW48TPfPn4f",
                "identifier": "hashi-strawb/tfc-big-monorepo-test",
                "ingress_submodules": false,
                "oauth_token_id": "",
                "tags_regex": ""
              }
            ],
            "working_directory": "workspaces/"
          },
          "sensitive_attributes": [],
          "private": "eyJzY2hlbWFfdmVyc2lvbiI6IjEifQ=="
        },
        {
          "index_key": 379,
          "schema_version": 1,
          "attributes": {
            "agent_pool_id": "",
            "allow_destroy_plan": true,
            "assessments_enabled": false,
            "auto_apply": true,
            "description": "",
            "execution_mode": "remote",
            "file_triggers_enabled": true,
            "force_delete": true,
            "global_remote_state": false,
            "html_url": "https://app.terraform.io/app/hashi_strawb_testing/workspaces/many-workspace-test-0379",
            "id": "ws-kSUzK3kM8GDwacrW",
            "name": "many-workspace-test-0379",
            "operations": true,
            "organization": "hashi_strawb_testing",
            "project_id": "prj-8rNEinGacXMAwCr4",
            "queue_all_runs": true,
            "remote_state_consumer_ids": [],
            "resource_count": 0,
            "source_name": "",
            "source_url": "",
            "speculative_enabled": true,
            "ssh_key_id": "",
            "structured_run_output_enabled": true,
            "tag_names": [],
            "terraform_version": "1.6.2",
            "trigger_patterns": [],
            "trigger_prefixes": [
              "/modules"
            ],
            "vcs_repo": [
              {
                "branch": "",
                "github_app_installation_id": "ghain-3JcBMQW48TPfPn4f",
                "identifier": "hashi-strawb/tfc-big-monorepo-test",
                "ingress_submodules": false,
                "oauth_token_id": "",
                "tags_regex": ""
              }
            ],
            "working_directory": "workspaces/"
          },
          "sensitive_attributes": [],
          "private": "eyJzY2hlbWFfdmVyc2lvbiI6IjEifQ=="
        },
        {
          "index_key": 380,
          "schema_version": 1,
          "attributes": {
            "agent_pool_id": "",
            "allow_destroy_plan": true,
            "assessments_enabled": false,
            "auto_apply": true,
            "description": "",
            "execution_mode": "remote",
            "file_triggers_enabled": true,
            "force_delete": true,
            "global_remote_state": false,
            "html_url": "https://app.terraform.io/app/hashi_strawb_testing/workspaces/many-workspace-test-0380",
            "id": "ws-vcEQt4TwUFhgRoyn",
            "name": "many-workspace-test-0380",
            "operations": true,
            "organization": "hashi_strawb_testing",
            "project_id": "prj-8rNEinGacXMAwCr4",
            "queue_all_runs": true,
            "remote_state_consumer_ids": [],
            "resource_count": 0,
            "source_name": "",
            "source_url": "",
            "speculative_enabled": true,
            "ssh_key_id": "",
            "structured_run_output_enabled": true,
            "tag_names": [],
            "terraform_version": "1.6.2",
            "trigger_patterns": [],
            "trigger_prefixes": [
              "/modules"
            ],
            "vcs_repo": [
              {
                "branch": "",
                "github_app_installation_id": "ghain-3JcBMQW48TPfPn4f",
                "identifier": "hashi-strawb/tfc-big-monorepo-test",
                "ingress_submodules": false,
                "oauth_token_id": "",
                "tags_regex": ""
              }
            ],
            "working_directory": "workspaces/"
          },
          "sensitive_attributes": [],
          "private": "eyJzY2hlbWFfdmVyc2lvbiI6IjEifQ=="
        },
        {
          "index_key": 381,
          "schema_version": 1,
          "attributes": {
            "agent_pool_id": "",
            "allow_destroy_plan": true,
            "assessments_enabled": false,
            "auto_apply": true,
            "description": "",
            "execution_mode": "remote",
            "file_triggers_enabled": true,
            "force_delete": true,
            "global_remote_state": false,
            "html_url": "https://app.terraform.io/app/hashi_strawb_testing/workspaces/many-workspace-test-0381",
            "id": "ws-NFuPqWZhraxX8yQp",
            "name": "many-workspace-test-0381",
            "operations": true,
            "organization": "hashi_strawb_testing",
            "project_id": "prj-8rNEinGacXMAwCr4",
            "queue_all_runs": true,
            "remote_state_consumer_ids": [],
            "resource_count": 0,
            "source_name": "",
            "source_url": "",
            "speculative_enabled": true,
            "ssh_key_id": "",
            "structured_run_output_enabled": true,
            "tag_names": [],
            "terraform_version": "1.6.2",
            "trigger_patterns": [],
            "trigger_prefixes": [
              "/modules"
            ],
            "vcs_repo": [
              {
                "branch": "",
                "github_app_installation_id": "ghain-3JcBMQW48TPfPn4f",
                "identifier": "hashi-strawb/tfc-big-monorepo-test",
                "ingress_submodules": false,
                "oauth_token_id": "",
                "tags_regex": ""
              }
            ],
            "working_directory": "workspaces/"
          },
          "sensitive_attributes": [],
          "private": "eyJzY2hlbWFfdmVyc2lvbiI6IjEifQ=="
        },
        {
          "index_key": 382,
          "schema_version": 1,
          "attributes": {
            "agent_pool_id": "",
            "allow_destroy_plan": true,
            "assessments_enabled": false,
            "auto_apply": true,
            "description": "",
            "execution_mode": "remote",
            "file_triggers_enabled": true,
            "force_delete": true,
            "global_remote_state": false,
            "html_url": "https://app.terraform.io/app/hashi_strawb_testing/workspaces/many-workspace-test-0382",
            "id": "ws-WF5S9capSEjHcoWq",
            "name": "many-workspace-test-0382",
            "operations": true,
            "organization": "hashi_strawb_testing",
            "project_id": "prj-8rNEinGacXMAwCr4",
            "queue_all_runs": true,
            "remote_state_consumer_ids": [],
            "resource_count": 0,
            "source_name": "",
            "source_url": "",
            "speculative_enabled": true,
            "ssh_key_id": "",
            "structured_run_output_enabled": true,
            "tag_names": [],
            "terraform_version": "1.6.2",
            "trigger_patterns": [],
            "trigger_prefixes": [
              "/modules"
            ],
            "vcs_repo": [
              {
                "branch": "",
                "github_app_installation_id": "ghain-3JcBMQW48TPfPn4f",
                "identifier": "hashi-strawb/tfc-big-monorepo-test",
                "ingress_submodules": false,
                "oauth_token_id": "",
                "tags_regex": ""
              }
            ],
            "working_directory": "workspaces/"
          },
          "sensitive_attributes": [],
          "private": "eyJzY2hlbWFfdmVyc2lvbiI6IjEifQ=="
        },
        {
          "index_key": 383,
          "schema_version": 1,
          "attributes": {
            "agent_pool_id": "",
            "allow_destroy_plan": true,
            "assessments_enabled": false,
            "auto_apply": true,
            "description": "",
            "execution_mode": "remote",
            "file_triggers_enabled": true,
            "force_delete": true,
            "global_remote_state": false,
            "html_url": "https://app.terraform.io/app/hashi_strawb_testing/workspaces/many-workspace-test-0383",
            "id": "ws-NmpVJ7WNSACyUQ5C",
            "name": "many-workspace-test-0383",
            "operations": true,
            "organization": "hashi_strawb_testing",
            "project_id": "prj-8rNEinGacXMAwCr4",
            "queue_all_runs": true,
            "remote_state_consumer_ids": [],
            "resource_count": 0,
            "source_name": "",
            "source_url": "",
            "speculative_enabled": true,
            "ssh_key_id": "",
            "structured_run_output_enabled": true,
            "tag_names": [],
            "terraform_version": "1.6.2",
            "trigger_patterns": [],
            "trigger_prefixes": [
              "/modules"
            ],
            "vcs_repo": [
              {
                "branch": "",
                "github_app_installation_id": "ghain-3JcBMQW48TPfPn4f",
                "identifier": "hashi-strawb/tfc-big-monorepo-test",
                "ingress_submodules": false,
                "oauth_token_id": "",
                "tags_regex": ""
              }
            ],
            "working_directory": "workspaces/"
          },
          "sensitive_attributes": [],
          "private": "eyJzY2hlbWFfdmVyc2lvbiI6IjEifQ=="
        },
        {
          "index_key": 384,
          "schema_version": 1,
          "attributes": {
            "agent_pool_id": "",
            "allow_destroy_plan": true,
            "assessments_enabled": false,
            "auto_apply": true,
            "description": "",
            "execution_mode": "remote",
            "file_triggers_enabled": true,
            "force_delete": true,
            "global_remote_state": false,
            "html_url": "https://app.terraform.io/app/hashi_strawb_testing/workspaces/many-workspace-test-0384",
            "id": "ws-baP36FRa2LHno654",
            "name": "many-workspace-test-0384",
            "operations": true,
            "organization": "hashi_strawb_testing",
            "project_id": "prj-8rNEinGacXMAwCr4",
            "queue_all_runs": true,
            "remote_state_consumer_ids": [],
            "resource_count": 0,
            "source_name": "",
            "source_url": "",
            "speculative_enabled": true,
            "ssh_key_id": "",
            "structured_run_output_enabled": true,
            "tag_names": [],
            "terraform_version": "1.6.2",
            "trigger_patterns": [],
            "trigger_prefixes": [
              "/modules"
            ],
            "vcs_repo": [
              {
                "branch": "",
                "github_app_installation_id": "ghain-3JcBMQW48TPfPn4f",
                "identifier": "hashi-strawb/tfc-big-monorepo-test",
                "ingress_submodules": false,
                "oauth_token_id": "",
                "tags_regex": ""
              }
            ],
            "working_directory": "workspaces/"
          },
          "sensitive_attributes": [],
          "private": "eyJzY2hlbWFfdmVyc2lvbiI6IjEifQ=="
        },
        {
          "index_key": 385,
          "schema_version": 1,
          "attributes": {
            "agent_pool_id": "",
            "allow_destroy_plan": true,
            "assessments_enabled": false,
            "auto_apply": true,
            "description": "",
            "execution_mode": "remote",
            "file_triggers_enabled": true,
            "force_delete": true,
            "global_remote_state": false,
            "html_url": "https://app.terraform.io/app/hashi_strawb_testing/workspaces/many-workspace-test-0385",
            "id": "ws-iVVSrHzKRapLmacJ",
            "name": "many-workspace-test-0385",
            "operations": true,
            "organization": "hashi_strawb_testing",
            "project_id": "prj-8rNEinGacXMAwCr4",
            "queue_all_runs": true,
            "remote_state_consumer_ids": [],
            "resource_count": 1,
            "source_name": "",
            "source_url": "",
            "speculative_enabled": true,
            "ssh_key_id": "",
            "structured_run_output_enabled": true,
            "tag_names": [],
            "terraform_version": "1.6.2",
            "trigger_patterns": [],
            "trigger_prefixes": [
              "/modules"
            ],
            "vcs_repo": [
              {
                "branch": "",
                "github_app_installation_id": "ghain-3JcBMQW48TPfPn4f",
                "identifier": "hashi-strawb/tfc-big-monorepo-test",
                "ingress_submodules": false,
                "oauth_token_id": "",
                "tags_regex": ""
              }
            ],
            "working_directory": "workspaces/"
          },
          "sensitive_attributes": [],
          "private": "eyJzY2hlbWFfdmVyc2lvbiI6IjEifQ=="
        },
        {
          "index_key": 386,
          "schema_version": 1,
          "attributes": {
            "agent_pool_id": "",
            "allow_destroy_plan": true,
            "assessments_enabled": false,
            "auto_apply": true,
            "description": "",
            "execution_mode": "remote",
            "file_triggers_enabled": true,
            "force_delete": true,
            "global_remote_state": false,
            "html_url": "https://app.terraform.io/app/hashi_strawb_testing/workspaces/many-workspace-test-0386",
            "id": "ws-7QHkwBab5tm9noAg",
            "name": "many-workspace-test-0386",
            "operations": true,
            "organization": "hashi_strawb_testing",
            "project_id": "prj-8rNEinGacXMAwCr4",
            "queue_all_runs": true,
            "remote_state_consumer_ids": [],
            "resource_count": 1,
            "source_name": "",
            "source_url": "",
            "speculative_enabled": true,
            "ssh_key_id": "",
            "structured_run_output_enabled": true,
            "tag_names": [],
            "terraform_version": "1.6.2",
            "trigger_patterns": [],
            "trigger_prefixes": [
              "/modules"
            ],
            "vcs_repo": [
              {
                "branch": "",
                "github_app_installation_id": "ghain-3JcBMQW48TPfPn4f",
                "identifier": "hashi-strawb/tfc-big-monorepo-test",
                "ingress_submodules": false,
                "oauth_token_id": "",
                "tags_regex": ""
              }
            ],
            "working_directory": "workspaces/"
          },
          "sensitive_attributes": [],
          "private": "eyJzY2hlbWFfdmVyc2lvbiI6IjEifQ=="
        },
        {
          "index_key": 387,
          "schema_version": 1,
          "attributes": {
            "agent_pool_id": "",
            "allow_destroy_plan": true,
            "assessments_enabled": false,
            "auto_apply": true,
            "description": "",
            "execution_mode": "remote",
            "file_triggers_enabled": true,
            "force_delete": true,
            "global_remote_state": false,
            "html_url": "https://app.terraform.io/app/hashi_strawb_testing/workspaces/many-workspace-test-0387",
            "id": "ws-5jubLXLqTHCmpWmR",
            "name": "many-workspace-test-0387",
            "operations": true,
            "organization": "hashi_strawb_testing",
            "project_id": "prj-8rNEinGacXMAwCr4",
            "queue_all_runs": true,
            "remote_state_consumer_ids": [],
            "resource_count": 1,
            "source_name": "",
            "source_url": "",
            "speculative_enabled": true,
            "ssh_key_id": "",
            "structured_run_output_enabled": true,
            "tag_names": [],
            "terraform_version": "1.6.2",
            "trigger_patterns": [],
            "trigger_prefixes": [
              "/modules"
            ],
            "vcs_repo": [
              {
                "branch": "",
                "github_app_installation_id": "ghain-3JcBMQW48TPfPn4f",
                "identifier": "hashi-strawb/tfc-big-monorepo-test",
                "ingress_submodules": false,
                "oauth_token_id": "",
                "tags_regex": ""
              }
            ],
            "working_directory": "workspaces/"
          },
          "sensitive_attributes": [],
          "private": "eyJzY2hlbWFfdmVyc2lvbiI6IjEifQ=="
        },
        {
          "index_key": 388,
          "schema_version": 1,
          "attributes": {
            "agent_pool_id": "",
            "allow_destroy_plan": true,
            "assessments_enabled": false,
            "auto_apply": true,
            "description": "",
            "execution_mode": "remote",
            "file_triggers_enabled": true,
            "force_delete": true,
            "global_remote_state": false,
            "html_url": "https://app.terraform.io/app/hashi_strawb_testing/workspaces/many-workspace-test-0388",
            "id": "ws-sWC6EXrTEcqYddnP",
            "name": "many-workspace-test-0388",
            "operations": true,
            "organization": "hashi_strawb_testing",
            "project_id": "prj-8rNEinGacXMAwCr4",
            "queue_all_runs": true,
            "remote_state_consumer_ids": [],
            "resource_count": 1,
            "source_name": "",
            "source_url": "",
            "speculative_enabled": true,
            "ssh_key_id": "",
            "structured_run_output_enabled": true,
            "tag_names": [],
            "terraform_version": "1.6.2",
            "trigger_patterns": [],
            "trigger_prefixes": [
              "/modules"
            ],
            "vcs_repo": [
              {
                "branch": "",
                "github_app_installation_id": "ghain-3JcBMQW48TPfPn4f",
                "identifier": "hashi-strawb/tfc-big-monorepo-test",
                "ingress_submodules": false,
                "oauth_token_id": "",
                "tags_regex": ""
              }
            ],
            "working_directory": "workspaces/"
          },
          "sensitive_attributes": [],
          "private": "eyJzY2hlbWFfdmVyc2lvbiI6IjEifQ=="
        },
        {
          "index_key": 389,
          "schema_version": 1,
          "attributes": {
            "agent_pool_id": "",
            "allow_destroy_plan": true,
            "assessments_enabled": false,
            "auto_apply": true,
            "description": "",
            "execution_mode": "remote",
            "file_triggers_enabled": true,
            "force_delete": true,
            "global_remote_state": false,
            "html_url": "https://app.terraform.io/app/hashi_strawb_testing/workspaces/many-workspace-test-0389",
            "id": "ws-1rgkWr5duA2QoDR7",
            "name": "many-workspace-test-0389",
            "operations": true,
            "organization": "hashi_strawb_testing",
            "project_id": "prj-8rNEinGacXMAwCr4",
            "queue_all_runs": true,
            "remote_state_consumer_ids": [],
            "resource_count": 1,
            "source_name": "",
            "source_url": "",
            "speculative_enabled": true,
            "ssh_key_id": "",
            "structured_run_output_enabled": true,
            "tag_names": [],
            "terraform_version": "1.6.2",
            "trigger_patterns": [],
            "trigger_prefixes": [
              "/modules"
            ],
            "vcs_repo": [
              {
                "branch": "",
                "github_app_installation_id": "ghain-3JcBMQW48TPfPn4f",
                "identifier": "hashi-strawb/tfc-big-monorepo-test",
                "ingress_submodules": false,
                "oauth_token_id": "",
                "tags_regex": ""
              }
            ],
            "working_directory": "workspaces/"
          },
          "sensitive_attributes": [],
          "private": "eyJzY2hlbWFfdmVyc2lvbiI6IjEifQ=="
        },
        {
          "index_key": 390,
          "schema_version": 1,
          "attributes": {
            "agent_pool_id": "",
            "allow_destroy_plan": true,
            "assessments_enabled": false,
            "auto_apply": true,
            "description": "",
            "execution_mode": "remote",
            "file_triggers_enabled": true,
            "force_delete": true,
            "global_remote_state": false,
            "html_url": "https://app.terraform.io/app/hashi_strawb_testing/workspaces/many-workspace-test-0390",
            "id": "ws-KKC3PvXVrYFQ5DsD",
            "name": "many-workspace-test-0390",
            "operations": true,
            "organization": "hashi_strawb_testing",
            "project_id": "prj-8rNEinGacXMAwCr4",
            "queue_all_runs": true,
            "remote_state_consumer_ids": [],
            "resource_count": 1,
            "source_name": "",
            "source_url": "",
            "speculative_enabled": true,
            "ssh_key_id": "",
            "structured_run_output_enabled": true,
            "tag_names": [],
            "terraform_version": "1.6.2",
            "trigger_patterns": [],
            "trigger_prefixes": [
              "/modules"
            ],
            "vcs_repo": [
              {
                "branch": "",
                "github_app_installation_id": "ghain-3JcBMQW48TPfPn4f",
                "identifier": "hashi-strawb/tfc-big-monorepo-test",
                "ingress_submodules": false,
                "oauth_token_id": "",
                "tags_regex": ""
              }
            ],
            "working_directory": "workspaces/"
          },
          "sensitive_attributes": [],
          "private": "eyJzY2hlbWFfdmVyc2lvbiI6IjEifQ=="
        },
        {
          "index_key": 391,
          "schema_version": 1,
          "attributes": {
            "agent_pool_id": "",
            "allow_destroy_plan": true,
            "assessments_enabled": false,
            "auto_apply": true,
            "description": "",
            "execution_mode": "remote",
            "file_triggers_enabled": true,
            "force_delete": true,
            "global_remote_state": false,
            "html_url": "https://app.terraform.io/app/hashi_strawb_testing/workspaces/many-workspace-test-0391",
            "id": "ws-vho2qLhe1pEQVaoF",
            "name": "many-workspace-test-0391",
            "operations": true,
            "organization": "hashi_strawb_testing",
            "project_id": "prj-8rNEinGacXMAwCr4",
            "queue_all_runs": true,
            "remote_state_consumer_ids": [],
            "resource_count": 0,
            "source_name": "",
            "source_url": "",
            "speculative_enabled": true,
            "ssh_key_id": "",
            "structured_run_output_enabled": true,
            "tag_names": [],
            "terraform_version": "1.6.2",
            "trigger_patterns": [],
            "trigger_prefixes": [
              "/modules"
            ],
            "vcs_repo": [
              {
                "branch": "",
                "github_app_installation_id": "ghain-3JcBMQW48TPfPn4f",
                "identifier": "hashi-strawb/tfc-big-monorepo-test",
                "ingress_submodules": false,
                "oauth_token_id": "",
                "tags_regex": ""
              }
            ],
            "working_directory": "workspaces/"
          },
          "sensitive_attributes": [],
          "private": "eyJzY2hlbWFfdmVyc2lvbiI6IjEifQ=="
        },
        {
          "index_key": 392,
          "schema_version": 1,
          "attributes": {
            "agent_pool_id": "",
            "allow_destroy_plan": true,
            "assessments_enabled": false,
            "auto_apply": true,
            "description": "",
            "execution_mode": "remote",
            "file_triggers_enabled": true,
            "force_delete": true,
            "global_remote_state": false,
            "html_url": "https://app.terraform.io/app/hashi_strawb_testing/workspaces/many-workspace-test-0392",
            "id": "ws-SRGDYamSEC6bbtk9",
            "name": "many-workspace-test-0392",
            "operations": true,
            "organization": "hashi_strawb_testing",
            "project_id": "prj-8rNEinGacXMAwCr4",
            "queue_all_runs": true,
            "remote_state_consumer_ids": [],
            "resource_count": 0,
            "source_name": "",
            "source_url": "",
            "speculative_enabled": true,
            "ssh_key_id": "",
            "structured_run_output_enabled": true,
            "tag_names": [],
            "terraform_version": "1.6.2",
            "trigger_patterns": [],
            "trigger_prefixes": [
              "/modules"
            ],
            "vcs_repo": [
              {
                "branch": "",
                "github_app_installation_id": "ghain-3JcBMQW48TPfPn4f",
                "identifier": "hashi-strawb/tfc-big-monorepo-test",
                "ingress_submodules": false,
                "oauth_token_id": "",
                "tags_regex": ""
              }
            ],
            "working_directory": "workspaces/"
          },
          "sensitive_attributes": [],
          "private": "eyJzY2hlbWFfdmVyc2lvbiI6IjEifQ=="
        },
        {
          "index_key": 393,
          "schema_version": 1,
          "attributes": {
            "agent_pool_id": "",
            "allow_destroy_plan": true,
            "assessments_enabled": false,
            "auto_apply": true,
            "description": "",
            "execution_mode": "remote",
            "file_triggers_enabled": true,
            "force_delete": true,
            "global_remote_state": false,
            "html_url": "https://app.terraform.io/app/hashi_strawb_testing/workspaces/many-workspace-test-0393",
            "id": "ws-PpKKa6vvHeeBs4ey",
            "name": "many-workspace-test-0393",
            "operations": true,
            "organization": "hashi_strawb_testing",
            "project_id": "prj-8rNEinGacXMAwCr4",
            "queue_all_runs": true,
            "remote_state_consumer_ids": [],
            "resource_count": 0,
            "source_name": "",
            "source_url": "",
            "speculative_enabled": true,
            "ssh_key_id": "",
            "structured_run_output_enabled": true,
            "tag_names": [],
            "terraform_version": "1.6.2",
            "trigger_patterns": [],
            "trigger_prefixes": [
              "/modules"
            ],
            "vcs_repo": [
              {
                "branch": "",
                "github_app_installation_id": "ghain-3JcBMQW48TPfPn4f",
                "identifier": "hashi-strawb/tfc-big-monorepo-test",
                "ingress_submodules": false,
                "oauth_token_id": "",
                "tags_regex": ""
              }
            ],
            "working_directory": "workspaces/"
          },
          "sensitive_attributes": [],
          "private": "eyJzY2hlbWFfdmVyc2lvbiI6IjEifQ=="
        },
        {
          "index_key": 394,
          "schema_version": 1,
          "attributes": {
            "agent_pool_id": "",
            "allow_destroy_plan": true,
            "assessments_enabled": false,
            "auto_apply": true,
            "description": "",
            "execution_mode": "remote",
            "file_triggers_enabled": true,
            "force_delete": true,
            "global_remote_state": false,
            "html_url": "https://app.terraform.io/app/hashi_strawb_testing/workspaces/many-workspace-test-0394",
            "id": "ws-Und6AFFmzkP2C7hF",
            "name": "many-workspace-test-0394",
            "operations": true,
            "organization": "hashi_strawb_testing",
            "project_id": "prj-8rNEinGacXMAwCr4",
            "queue_all_runs": true,
            "remote_state_consumer_ids": [],
            "resource_count": 1,
            "source_name": "",
            "source_url": "",
            "speculative_enabled": true,
            "ssh_key_id": "",
            "structured_run_output_enabled": true,
            "tag_names": [],
            "terraform_version": "1.6.2",
            "trigger_patterns": [],
            "trigger_prefixes": [
              "/modules"
            ],
            "vcs_repo": [
              {
                "branch": "",
                "github_app_installation_id": "ghain-3JcBMQW48TPfPn4f",
                "identifier": "hashi-strawb/tfc-big-monorepo-test",
                "ingress_submodules": false,
                "oauth_token_id": "",
                "tags_regex": ""
              }
            ],
            "working_directory": "workspaces/"
          },
          "sensitive_attributes": [],
          "private": "eyJzY2hlbWFfdmVyc2lvbiI6IjEifQ=="
        },
        {
          "index_key": 395,
          "schema_version": 1,
          "attributes": {
            "agent_pool_id": "",
            "allow_destroy_plan": true,
            "assessments_enabled": false,
            "auto_apply": true,
            "description": "",
            "execution_mode": "remote",
            "file_triggers_enabled": true,
            "force_delete": true,
            "global_remote_state": false,
            "html_url": "https://app.terraform.io/app/hashi_strawb_testing/workspaces/many-workspace-test-0395",
            "id": "ws-SFfd6pPT66AqZtdJ",
            "name": "many-workspace-test-0395",
            "operations": true,
            "organization": "hashi_strawb_testing",
            "project_id": "prj-8rNEinGacXMAwCr4",
            "queue_all_runs": true,
            "remote_state_consumer_ids": [],
            "resource_count": 1,
            "source_name": "",
            "source_url": "",
            "speculative_enabled": true,
            "ssh_key_id": "",
            "structured_run_output_enabled": true,
            "tag_names": [],
            "terraform_version": "1.6.2",
            "trigger_patterns": [],
            "trigger_prefixes": [
              "/modules"
            ],
            "vcs_repo": [
              {
                "branch": "",
                "github_app_installation_id": "ghain-3JcBMQW48TPfPn4f",
                "identifier": "hashi-strawb/tfc-big-monorepo-test",
                "ingress_submodules": false,
                "oauth_token_id": "",
                "tags_regex": ""
              }
            ],
            "working_directory": "workspaces/"
          },
          "sensitive_attributes": [],
          "private": "eyJzY2hlbWFfdmVyc2lvbiI6IjEifQ=="
        },
        {
          "index_key": 396,
          "schema_version": 1,
          "attributes": {
            "agent_pool_id": "",
            "allow_destroy_plan": true,
            "assessments_enabled": false,
            "auto_apply": true,
            "description": "",
            "execution_mode": "remote",
            "file_triggers_enabled": true,
            "force_delete": true,
            "global_remote_state": false,
            "html_url": "https://app.terraform.io/app/hashi_strawb_testing/workspaces/many-workspace-test-0396",
            "id": "ws-SJaVptvsWQyBjPJF",
            "name": "many-workspace-test-0396",
            "operations": true,
            "organization": "hashi_strawb_testing",
            "project_id": "prj-8rNEinGacXMAwCr4",
            "queue_all_runs": true,
            "remote_state_consumer_ids": [],
            "resource_count": 1,
            "source_name": "",
            "source_url": "",
            "speculative_enabled": true,
            "ssh_key_id": "",
            "structured_run_output_enabled": true,
            "tag_names": [],
            "terraform_version": "1.6.2",
            "trigger_patterns": [],
            "trigger_prefixes": [
              "/modules"
            ],
            "vcs_repo": [
              {
                "branch": "",
                "github_app_installation_id": "ghain-3JcBMQW48TPfPn4f",
                "identifier": "hashi-strawb/tfc-big-monorepo-test",
                "ingress_submodules": false,
                "oauth_token_id": "",
                "tags_regex": ""
              }
            ],
            "working_directory": "workspaces/"
          },
          "sensitive_attributes": [],
          "private": "eyJzY2hlbWFfdmVyc2lvbiI6IjEifQ=="
        },
        {
          "index_key": 397,
          "schema_version": 1,
          "attributes": {
            "agent_pool_id": "",
            "allow_destroy_plan": true,
            "assessments_enabled": false,
            "auto_apply": true,
            "description": "",
            "execution_mode": "remote",
            "file_triggers_enabled": true,
            "force_delete": true,
            "global_remote_state": false,
            "html_url": "https://app.terraform.io/app/hashi_strawb_testing/workspaces/many-workspace-test-0397",
            "id": "ws-EtM3ykAsdojojE3v",
            "name": "many-workspace-test-0397",
            "operations": true,
            "organization": "hashi_strawb_testing",
            "project_id": "prj-8rNEinGacXMAwCr4",
            "queue_all_runs": true,
            "remote_state_consumer_ids": [],
            "resource_count": 0,
            "source_name": "",
            "source_url": "",
            "speculative_enabled": true,
            "ssh_key_id": "",
            "structured_run_output_enabled": true,
            "tag_names": [],
            "terraform_version": "1.6.2",
            "trigger_patterns": [],
            "trigger_prefixes": [
              "/modules"
            ],
            "vcs_repo": [
              {
                "branch": "",
                "github_app_installation_id": "ghain-3JcBMQW48TPfPn4f",
                "identifier": "hashi-strawb/tfc-big-monorepo-test",
                "ingress_submodules": false,
                "oauth_token_id": "",
                "tags_regex": ""
              }
            ],
            "working_directory": "workspaces/"
          },
          "sensitive_attributes": [],
          "private": "eyJzY2hlbWFfdmVyc2lvbiI6IjEifQ=="
        },
        {
          "index_key": 398,
          "schema_version": 1,
          "attributes": {
            "agent_pool_id": "",
            "allow_destroy_plan": true,
            "assessments_enabled": false,
            "auto_apply": true,
            "description": "",
            "execution_mode": "remote",
            "file_triggers_enabled": true,
            "force_delete": true,
            "global_remote_state": false,
            "html_url": "https://app.terraform.io/app/hashi_strawb_testing/workspaces/many-workspace-test-0398",
            "id": "ws-jDggptWJGSCzcbUV",
            "name": "many-workspace-test-0398",
            "operations": true,
            "organization": "hashi_strawb_testing",
            "project_id": "prj-8rNEinGacXMAwCr4",
            "queue_all_runs": true,
            "remote_state_consumer_ids": [],
            "resource_count": 1,
            "source_name": "",
            "source_url": "",
            "speculative_enabled": true,
            "ssh_key_id": "",
            "structured_run_output_enabled": true,
            "tag_names": [],
            "terraform_version": "1.6.2",
            "trigger_patterns": [],
            "trigger_prefixes": [
              "/modules"
            ],
            "vcs_repo": [
              {
                "branch": "",
                "github_app_installation_id": "ghain-3JcBMQW48TPfPn4f",
                "identifier": "hashi-strawb/tfc-big-monorepo-test",
                "ingress_submodules": false,
                "oauth_token_id": "",
                "tags_regex": ""
              }
            ],
            "working_directory": "workspaces/"
          },
          "sensitive_attributes": [],
          "private": "eyJzY2hlbWFfdmVyc2lvbiI6IjEifQ=="
        },
        {
          "index_key": 399,
          "schema_version": 1,
          "attributes": {
            "agent_pool_id": "",
            "allow_destroy_plan": true,
            "assessments_enabled": false,
            "auto_apply": true,
            "description": "",
            "execution_mode": "remote",
            "file_triggers_enabled": true,
            "force_delete": true,
            "global_remote_state": false,
            "html_url": "https://app.terraform.io/app/hashi_strawb_testing/workspaces/many-workspace-test-0399",
            "id": "ws-diYhvk2bA63chSqQ",
            "name": "many-workspace-test-0399",
            "operations": true,
            "organization": "hashi_strawb_testing",
            "project_id": "prj-8rNEinGacXMAwCr4",
            "queue_all_runs": true,
            "remote_state_consumer_ids": [],
            "resource_count": 0,
            "source_name": "",
            "source_url": "",
            "speculative_enabled": true,
            "ssh_key_id": "",
            "structured_run_output_enabled": true,
            "tag_names": [],
            "terraform_version": "1.6.2",
            "trigger_patterns": [],
            "trigger_prefixes": [
              "/modules"
            ],
            "vcs_repo": [
              {
                "branch": "",
                "github_app_installation_id": "ghain-3JcBMQW48TPfPn4f",
                "identifier": "hashi-strawb/tfc-big-monorepo-test",
                "ingress_submodules": false,
                "oauth_token_id": "",
                "tags_regex": ""
              }
            ],
            "working_directory": "workspaces/"
          },
          "sensitive_attributes": [],
          "private": "eyJzY2hlbWFfdmVyc2lvbiI6IjEifQ=="
        },
        {
          "index_key": 400,
          "schema_version": 1,
          "attributes": {
            "agent_pool_id": "",
            "allow_destroy_plan": true,
            "assessments_enabled": false,
            "auto_apply": true,
            "description": "",
            "execution_mode": "remote",
            "file_triggers_enabled": true,
            "force_delete": true,
            "global_remote_state": false,
            "html_url": "https://app.terraform.io/app/hashi_strawb_testing/workspaces/many-workspace-test-0400",
            "id": "ws-Nu8FcpZx4RCo5PuA",
            "name": "many-workspace-test-0400",
            "operations": true,
            "organization": "hashi_strawb_testing",
            "project_id": "prj-8rNEinGacXMAwCr4",
            "queue_all_runs": true,
            "remote_state_consumer_ids": [],
            "resource_count": 0,
            "source_name": "",
            "source_url": "",
            "speculative_enabled": true,
            "ssh_key_id": "",
            "structured_run_output_enabled": true,
            "tag_names": [],
            "terraform_version": "1.6.2",
            "trigger_patterns": [],
            "trigger_prefixes": [
              "/modules"
            ],
            "vcs_repo": [
              {
                "branch": "",
                "github_app_installation_id": "ghain-3JcBMQW48TPfPn4f",
                "identifier": "hashi-strawb/tfc-big-monorepo-test",
                "ingress_submodules": false,
                "oauth_token_id": "",
                "tags_regex": ""
              }
            ],
            "working_directory": "workspaces/"
          },
          "sensitive_attributes": [],
          "private": "eyJzY2hlbWFfdmVyc2lvbiI6IjEifQ=="
        },
        {
          "index_key": 401,
          "schema_version": 1,
          "attributes": {
            "agent_pool_id": "",
            "allow_destroy_plan": true,
            "assessments_enabled": false,
            "auto_apply": true,
            "description": "",
            "execution_mode": "remote",
            "file_triggers_enabled": true,
            "force_delete": true,
            "global_remote_state": false,
            "html_url": "https://app.terraform.io/app/hashi_strawb_testing/workspaces/many-workspace-test-0401",
            "id": "ws-SyKfgsgNVD6D58mv",
            "name": "many-workspace-test-0401",
            "operations": true,
            "organization": "hashi_strawb_testing",
            "project_id": "prj-8rNEinGacXMAwCr4",
            "queue_all_runs": true,
            "remote_state_consumer_ids": [],
            "resource_count": 1,
            "source_name": "",
            "source_url": "",
            "speculative_enabled": true,
            "ssh_key_id": "",
            "structured_run_output_enabled": true,
            "tag_names": [],
            "terraform_version": "1.6.2",
            "trigger_patterns": [],
            "trigger_prefixes": [
              "/modules"
            ],
            "vcs_repo": [
              {
                "branch": "",
                "github_app_installation_id": "ghain-3JcBMQW48TPfPn4f",
                "identifier": "hashi-strawb/tfc-big-monorepo-test",
                "ingress_submodules": false,
                "oauth_token_id": "",
                "tags_regex": ""
              }
            ],
            "working_directory": "workspaces/"
          },
          "sensitive_attributes": [],
          "private": "eyJzY2hlbWFfdmVyc2lvbiI6IjEifQ=="
        },
        {
          "index_key": 402,
          "schema_version": 1,
          "attributes": {
            "agent_pool_id": "",
            "allow_destroy_plan": true,
            "assessments_enabled": false,
            "auto_apply": true,
            "description": "",
            "execution_mode": "remote",
            "file_triggers_enabled": true,
            "force_delete": true,
            "global_remote_state": false,
            "html_url": "https://app.terraform.io/app/hashi_strawb_testing/workspaces/many-workspace-test-0402",
            "id": "ws-xvqngqtcJQPNWYd2",
            "name": "many-workspace-test-0402",
            "operations": true,
            "organization": "hashi_strawb_testing",
            "project_id": "prj-8rNEinGacXMAwCr4",
            "queue_all_runs": true,
            "remote_state_consumer_ids": [],
            "resource_count": 1,
            "source_name": "",
            "source_url": "",
            "speculative_enabled": true,
            "ssh_key_id": "",
            "structured_run_output_enabled": true,
            "tag_names": [],
            "terraform_version": "1.6.2",
            "trigger_patterns": [],
            "trigger_prefixes": [
              "/modules"
            ],
            "vcs_repo": [
              {
                "branch": "",
                "github_app_installation_id": "ghain-3JcBMQW48TPfPn4f",
                "identifier": "hashi-strawb/tfc-big-monorepo-test",
                "ingress_submodules": false,
                "oauth_token_id": "",
                "tags_regex": ""
              }
            ],
            "working_directory": "workspaces/"
          },
          "sensitive_attributes": [],
          "private": "eyJzY2hlbWFfdmVyc2lvbiI6IjEifQ=="
        },
        {
          "index_key": 403,
          "schema_version": 1,
          "attributes": {
            "agent_pool_id": "",
            "allow_destroy_plan": true,
            "assessments_enabled": false,
            "auto_apply": true,
            "description": "",
            "execution_mode": "remote",
            "file_triggers_enabled": true,
            "force_delete": true,
            "global_remote_state": false,
            "html_url": "https://app.terraform.io/app/hashi_strawb_testing/workspaces/many-workspace-test-0403",
            "id": "ws-Gf4tRWBqzTQAFqsi",
            "name": "many-workspace-test-0403",
            "operations": true,
            "organization": "hashi_strawb_testing",
            "project_id": "prj-8rNEinGacXMAwCr4",
            "queue_all_runs": true,
            "remote_state_consumer_ids": [],
            "resource_count": 1,
            "source_name": "",
            "source_url": "",
            "speculative_enabled": true,
            "ssh_key_id": "",
            "structured_run_output_enabled": true,
            "tag_names": [],
            "terraform_version": "1.6.2",
            "trigger_patterns": [],
            "trigger_prefixes": [
              "/modules"
            ],
            "vcs_repo": [
              {
                "branch": "",
                "github_app_installation_id": "ghain-3JcBMQW48TPfPn4f",
                "identifier": "hashi-strawb/tfc-big-monorepo-test",
                "ingress_submodules": false,
                "oauth_token_id": "",
                "tags_regex": ""
              }
            ],
            "working_directory": "workspaces/"
          },
          "sensitive_attributes": [],
          "private": "eyJzY2hlbWFfdmVyc2lvbiI6IjEifQ=="
        },
        {
          "index_key": 404,
          "schema_version": 1,
          "attributes": {
            "agent_pool_id": "",
            "allow_destroy_plan": true,
            "assessments_enabled": false,
            "auto_apply": true,
            "description": "",
            "execution_mode": "remote",
            "file_triggers_enabled": true,
            "force_delete": true,
            "global_remote_state": false,
            "html_url": "https://app.terraform.io/app/hashi_strawb_testing/workspaces/many-workspace-test-0404",
            "id": "ws-Cx9TYtMboynWKb7i",
            "name": "many-workspace-test-0404",
            "operations": true,
            "organization": "hashi_strawb_testing",
            "project_id": "prj-8rNEinGacXMAwCr4",
            "queue_all_runs": true,
            "remote_state_consumer_ids": [],
            "resource_count": 1,
            "source_name": "",
            "source_url": "",
            "speculative_enabled": true,
            "ssh_key_id": "",
            "structured_run_output_enabled": true,
            "tag_names": [],
            "terraform_version": "1.6.2",
            "trigger_patterns": [],
            "trigger_prefixes": [
              "/modules"
            ],
            "vcs_repo": [
              {
                "branch": "",
                "github_app_installation_id": "ghain-3JcBMQW48TPfPn4f",
                "identifier": "hashi-strawb/tfc-big-monorepo-test",
                "ingress_submodules": false,
                "oauth_token_id": "",
                "tags_regex": ""
              }
            ],
            "working_directory": "workspaces/"
          },
          "sensitive_attributes": [],
          "private": "eyJzY2hlbWFfdmVyc2lvbiI6IjEifQ=="
        },
        {
          "index_key": 405,
          "schema_version": 1,
          "attributes": {
            "agent_pool_id": "",
            "allow_destroy_plan": true,
            "assessments_enabled": false,
            "auto_apply": true,
            "description": "",
            "execution_mode": "remote",
            "file_triggers_enabled": true,
            "force_delete": true,
            "global_remote_state": false,
            "html_url": "https://app.terraform.io/app/hashi_strawb_testing/workspaces/many-workspace-test-0405",
            "id": "ws-7FaC9jTcKU8BvU9B",
            "name": "many-workspace-test-0405",
            "operations": true,
            "organization": "hashi_strawb_testing",
            "project_id": "prj-8rNEinGacXMAwCr4",
            "queue_all_runs": true,
            "remote_state_consumer_ids": [],
            "resource_count": 1,
            "source_name": "",
            "source_url": "",
            "speculative_enabled": true,
            "ssh_key_id": "",
            "structured_run_output_enabled": true,
            "tag_names": [],
            "terraform_version": "1.6.2",
            "trigger_patterns": [],
            "trigger_prefixes": [
              "/modules"
            ],
            "vcs_repo": [
              {
                "branch": "",
                "github_app_installation_id": "ghain-3JcBMQW48TPfPn4f",
                "identifier": "hashi-strawb/tfc-big-monorepo-test",
                "ingress_submodules": false,
                "oauth_token_id": "",
                "tags_regex": ""
              }
            ],
            "working_directory": "workspaces/"
          },
          "sensitive_attributes": [],
          "private": "eyJzY2hlbWFfdmVyc2lvbiI6IjEifQ=="
        },
        {
          "index_key": 406,
          "schema_version": 1,
          "attributes": {
            "agent_pool_id": "",
            "allow_destroy_plan": true,
            "assessments_enabled": false,
            "auto_apply": true,
            "description": "",
            "execution_mode": "remote",
            "file_triggers_enabled": true,
            "force_delete": true,
            "global_remote_state": false,
            "html_url": "https://app.terraform.io/app/hashi_strawb_testing/workspaces/many-workspace-test-0406",
            "id": "ws-Y836nex7HYcULpvc",
            "name": "many-workspace-test-0406",
            "operations": true,
            "organization": "hashi_strawb_testing",
            "project_id": "prj-8rNEinGacXMAwCr4",
            "queue_all_runs": true,
            "remote_state_consumer_ids": [],
            "resource_count": 1,
            "source_name": "",
            "source_url": "",
            "speculative_enabled": true,
            "ssh_key_id": "",
            "structured_run_output_enabled": true,
            "tag_names": [],
            "terraform_version": "1.6.2",
            "trigger_patterns": [],
            "trigger_prefixes": [
              "/modules"
            ],
            "vcs_repo": [
              {
                "branch": "",
                "github_app_installation_id": "ghain-3JcBMQW48TPfPn4f",
                "identifier": "hashi-strawb/tfc-big-monorepo-test",
                "ingress_submodules": false,
                "oauth_token_id": "",
                "tags_regex": ""
              }
            ],
            "working_directory": "workspaces/"
          },
          "sensitive_attributes": [],
          "private": "eyJzY2hlbWFfdmVyc2lvbiI6IjEifQ=="
        },
        {
          "index_key": 407,
          "schema_version": 1,
          "attributes": {
            "agent_pool_id": "",
            "allow_destroy_plan": true,
            "assessments_enabled": false,
            "auto_apply": true,
            "description": "",
            "execution_mode": "remote",
            "file_triggers_enabled": true,
            "force_delete": true,
            "global_remote_state": false,
            "html_url": "https://app.terraform.io/app/hashi_strawb_testing/workspaces/many-workspace-test-0407",
            "id": "ws-LfcM8fmudqMHsyoU",
            "name": "many-workspace-test-0407",
            "operations": true,
            "organization": "hashi_strawb_testing",
            "project_id": "prj-8rNEinGacXMAwCr4",
            "queue_all_runs": true,
            "remote_state_consumer_ids": [],
            "resource_count": 0,
            "source_name": "",
            "source_url": "",
            "speculative_enabled": true,
            "ssh_key_id": "",
            "structured_run_output_enabled": true,
            "tag_names": [],
            "terraform_version": "1.6.2",
            "trigger_patterns": [],
            "trigger_prefixes": [
              "/modules"
            ],
            "vcs_repo": [
              {
                "branch": "",
                "github_app_installation_id": "ghain-3JcBMQW48TPfPn4f",
                "identifier": "hashi-strawb/tfc-big-monorepo-test",
                "ingress_submodules": false,
                "oauth_token_id": "",
                "tags_regex": ""
              }
            ],
            "working_directory": "workspaces/"
          },
          "sensitive_attributes": [],
          "private": "eyJzY2hlbWFfdmVyc2lvbiI6IjEifQ=="
        },
        {
          "index_key": 408,
          "schema_version": 1,
          "attributes": {
            "agent_pool_id": "",
            "allow_destroy_plan": true,
            "assessments_enabled": false,
            "auto_apply": true,
            "description": "",
            "execution_mode": "remote",
            "file_triggers_enabled": true,
            "force_delete": true,
            "global_remote_state": false,
            "html_url": "https://app.terraform.io/app/hashi_strawb_testing/workspaces/many-workspace-test-0408",
            "id": "ws-9p9tsEL3fvJPfjeZ",
            "name": "many-workspace-test-0408",
            "operations": true,
            "organization": "hashi_strawb_testing",
            "project_id": "prj-8rNEinGacXMAwCr4",
            "queue_all_runs": true,
            "remote_state_consumer_ids": [],
            "resource_count": 0,
            "source_name": "",
            "source_url": "",
            "speculative_enabled": true,
            "ssh_key_id": "",
            "structured_run_output_enabled": true,
            "tag_names": [],
            "terraform_version": "1.6.2",
            "trigger_patterns": [],
            "trigger_prefixes": [
              "/modules"
            ],
            "vcs_repo": [
              {
                "branch": "",
                "github_app_installation_id": "ghain-3JcBMQW48TPfPn4f",
                "identifier": "hashi-strawb/tfc-big-monorepo-test",
                "ingress_submodules": false,
                "oauth_token_id": "",
                "tags_regex": ""
              }
            ],
            "working_directory": "workspaces/"
          },
          "sensitive_attributes": [],
          "private": "eyJzY2hlbWFfdmVyc2lvbiI6IjEifQ=="
        },
        {
          "index_key": 409,
          "schema_version": 1,
          "attributes": {
            "agent_pool_id": "",
            "allow_destroy_plan": true,
            "assessments_enabled": false,
            "auto_apply": true,
            "description": "",
            "execution_mode": "remote",
            "file_triggers_enabled": true,
            "force_delete": true,
            "global_remote_state": false,
            "html_url": "https://app.terraform.io/app/hashi_strawb_testing/workspaces/many-workspace-test-0409",
            "id": "ws-phF5BXqmJFcbV8W2",
            "name": "many-workspace-test-0409",
            "operations": true,
            "organization": "hashi_strawb_testing",
            "project_id": "prj-8rNEinGacXMAwCr4",
            "queue_all_runs": true,
            "remote_state_consumer_ids": [],
            "resource_count": 0,
            "source_name": "",
            "source_url": "",
            "speculative_enabled": true,
            "ssh_key_id": "",
            "structured_run_output_enabled": true,
            "tag_names": [],
            "terraform_version": "1.6.2",
            "trigger_patterns": [],
            "trigger_prefixes": [
              "/modules"
            ],
            "vcs_repo": [
              {
                "branch": "",
                "github_app_installation_id": "ghain-3JcBMQW48TPfPn4f",
                "identifier": "hashi-strawb/tfc-big-monorepo-test",
                "ingress_submodules": false,
                "oauth_token_id": "",
                "tags_regex": ""
              }
            ],
            "working_directory": "workspaces/"
          },
          "sensitive_attributes": [],
          "private": "eyJzY2hlbWFfdmVyc2lvbiI6IjEifQ=="
        },
        {
          "index_key": 410,
          "schema_version": 1,
          "attributes": {
            "agent_pool_id": "",
            "allow_destroy_plan": true,
            "assessments_enabled": false,
            "auto_apply": true,
            "description": "",
            "execution_mode": "remote",
            "file_triggers_enabled": true,
            "force_delete": true,
            "global_remote_state": false,
            "html_url": "https://app.terraform.io/app/hashi_strawb_testing/workspaces/many-workspace-test-0410",
            "id": "ws-pVNUfdjHLCgBYyXt",
            "name": "many-workspace-test-0410",
            "operations": true,
            "organization": "hashi_strawb_testing",
            "project_id": "prj-8rNEinGacXMAwCr4",
            "queue_all_runs": true,
            "remote_state_consumer_ids": [],
            "resource_count": 0,
            "source_name": "",
            "source_url": "",
            "speculative_enabled": true,
            "ssh_key_id": "",
            "structured_run_output_enabled": true,
            "tag_names": [],
            "terraform_version": "1.6.2",
            "trigger_patterns": [],
            "trigger_prefixes": [
              "/modules"
            ],
            "vcs_repo": [
              {
                "branch": "",
                "github_app_installation_id": "ghain-3JcBMQW48TPfPn4f",
                "identifier": "hashi-strawb/tfc-big-monorepo-test",
                "ingress_submodules": false,
                "oauth_token_id": "",
                "tags_regex": ""
              }
            ],
            "working_directory": "workspaces/"
          },
          "sensitive_attributes": [],
          "private": "eyJzY2hlbWFfdmVyc2lvbiI6IjEifQ=="
        },
        {
          "index_key": 411,
          "schema_version": 1,
          "attributes": {
            "agent_pool_id": "",
            "allow_destroy_plan": true,
            "assessments_enabled": false,
            "auto_apply": true,
            "description": "",
            "execution_mode": "remote",
            "file_triggers_enabled": true,
            "force_delete": true,
            "global_remote_state": false,
            "html_url": "https://app.terraform.io/app/hashi_strawb_testing/workspaces/many-workspace-test-0411",
            "id": "ws-sbDN5hoFguyPhiVR",
            "name": "many-workspace-test-0411",
            "operations": true,
            "organization": "hashi_strawb_testing",
            "project_id": "prj-8rNEinGacXMAwCr4",
            "queue_all_runs": true,
            "remote_state_consumer_ids": [],
            "resource_count": 0,
            "source_name": "",
            "source_url": "",
            "speculative_enabled": true,
            "ssh_key_id": "",
            "structured_run_output_enabled": true,
            "tag_names": [],
            "terraform_version": "1.6.2",
            "trigger_patterns": [],
            "trigger_prefixes": [
              "/modules"
            ],
            "vcs_repo": [
              {
                "branch": "",
                "github_app_installation_id": "ghain-3JcBMQW48TPfPn4f",
                "identifier": "hashi-strawb/tfc-big-monorepo-test",
                "ingress_submodules": false,
                "oauth_token_id": "",
                "tags_regex": ""
              }
            ],
            "working_directory": "workspaces/"
          },
          "sensitive_attributes": [],
          "private": "eyJzY2hlbWFfdmVyc2lvbiI6IjEifQ=="
        },
        {
          "index_key": 412,
          "schema_version": 1,
          "attributes": {
            "agent_pool_id": "",
            "allow_destroy_plan": true,
            "assessments_enabled": false,
            "auto_apply": true,
            "description": "",
            "execution_mode": "remote",
            "file_triggers_enabled": true,
            "force_delete": true,
            "global_remote_state": false,
            "html_url": "https://app.terraform.io/app/hashi_strawb_testing/workspaces/many-workspace-test-0412",
            "id": "ws-qTA1zZnU3afK7ixZ",
            "name": "many-workspace-test-0412",
            "operations": true,
            "organization": "hashi_strawb_testing",
            "project_id": "prj-8rNEinGacXMAwCr4",
            "queue_all_runs": true,
            "remote_state_consumer_ids": [],
            "resource_count": 0,
            "source_name": "",
            "source_url": "",
            "speculative_enabled": true,
            "ssh_key_id": "",
            "structured_run_output_enabled": true,
            "tag_names": [],
            "terraform_version": "1.6.2",
            "trigger_patterns": [],
            "trigger_prefixes": [
              "/modules"
            ],
            "vcs_repo": [
              {
                "branch": "",
                "github_app_installation_id": "ghain-3JcBMQW48TPfPn4f",
                "identifier": "hashi-strawb/tfc-big-monorepo-test",
                "ingress_submodules": false,
                "oauth_token_id": "",
                "tags_regex": ""
              }
            ],
            "working_directory": "workspaces/"
          },
          "sensitive_attributes": [],
          "private": "eyJzY2hlbWFfdmVyc2lvbiI6IjEifQ=="
        },
        {
          "index_key": 413,
          "schema_version": 1,
          "attributes": {
            "agent_pool_id": "",
            "allow_destroy_plan": true,
            "assessments_enabled": false,
            "auto_apply": true,
            "description": "",
            "execution_mode": "remote",
            "file_triggers_enabled": true,
            "force_delete": true,
            "global_remote_state": false,
            "html_url": "https://app.terraform.io/app/hashi_strawb_testing/workspaces/many-workspace-test-0413",
            "id": "ws-wxFarhJyre2Lmc9h",
            "name": "many-workspace-test-0413",
            "operations": true,
            "organization": "hashi_strawb_testing",
            "project_id": "prj-8rNEinGacXMAwCr4",
            "queue_all_runs": true,
            "remote_state_consumer_ids": [],
            "resource_count": 0,
            "source_name": "",
            "source_url": "",
            "speculative_enabled": true,
            "ssh_key_id": "",
            "structured_run_output_enabled": true,
            "tag_names": [],
            "terraform_version": "1.6.2",
            "trigger_patterns": [],
            "trigger_prefixes": [
              "/modules"
            ],
            "vcs_repo": [
              {
                "branch": "",
                "github_app_installation_id": "ghain-3JcBMQW48TPfPn4f",
                "identifier": "hashi-strawb/tfc-big-monorepo-test",
                "ingress_submodules": false,
                "oauth_token_id": "",
                "tags_regex": ""
              }
            ],
            "working_directory": "workspaces/"
          },
          "sensitive_attributes": [],
          "private": "eyJzY2hlbWFfdmVyc2lvbiI6IjEifQ=="
        },
        {
          "index_key": 414,
          "schema_version": 1,
          "attributes": {
            "agent_pool_id": "",
            "allow_destroy_plan": true,
            "assessments_enabled": false,
            "auto_apply": true,
            "description": "",
            "execution_mode": "remote",
            "file_triggers_enabled": true,
            "force_delete": true,
            "global_remote_state": false,
            "html_url": "https://app.terraform.io/app/hashi_strawb_testing/workspaces/many-workspace-test-0414",
            "id": "ws-JoqWjJUMK8bFCvts",
            "name": "many-workspace-test-0414",
            "operations": true,
            "organization": "hashi_strawb_testing",
            "project_id": "prj-8rNEinGacXMAwCr4",
            "queue_all_runs": true,
            "remote_state_consumer_ids": [],
            "resource_count": 1,
            "source_name": "",
            "source_url": "",
            "speculative_enabled": true,
            "ssh_key_id": "",
            "structured_run_output_enabled": true,
            "tag_names": [],
            "terraform_version": "1.6.2",
            "trigger_patterns": [],
            "trigger_prefixes": [
              "/modules"
            ],
            "vcs_repo": [
              {
                "branch": "",
                "github_app_installation_id": "ghain-3JcBMQW48TPfPn4f",
                "identifier": "hashi-strawb/tfc-big-monorepo-test",
                "ingress_submodules": false,
                "oauth_token_id": "",
                "tags_regex": ""
              }
            ],
            "working_directory": "workspaces/"
          },
          "sensitive_attributes": [],
          "private": "eyJzY2hlbWFfdmVyc2lvbiI6IjEifQ=="
        },
        {
          "index_key": 415,
          "schema_version": 1,
          "attributes": {
            "agent_pool_id": "",
            "allow_destroy_plan": true,
            "assessments_enabled": false,
            "auto_apply": true,
            "description": "",
            "execution_mode": "remote",
            "file_triggers_enabled": true,
            "force_delete": true,
            "global_remote_state": false,
            "html_url": "https://app.terraform.io/app/hashi_strawb_testing/workspaces/many-workspace-test-0415",
            "id": "ws-2Rri4ZUnxFiVa7Y7",
            "name": "many-workspace-test-0415",
            "operations": true,
            "organization": "hashi_strawb_testing",
            "project_id": "prj-8rNEinGacXMAwCr4",
            "queue_all_runs": true,
            "remote_state_consumer_ids": [],
            "resource_count": 0,
            "source_name": "",
            "source_url": "",
            "speculative_enabled": true,
            "ssh_key_id": "",
            "structured_run_output_enabled": true,
            "tag_names": [],
            "terraform_version": "1.6.2",
            "trigger_patterns": [],
            "trigger_prefixes": [
              "/modules"
            ],
            "vcs_repo": [
              {
                "branch": "",
                "github_app_installation_id": "ghain-3JcBMQW48TPfPn4f",
                "identifier": "hashi-strawb/tfc-big-monorepo-test",
                "ingress_submodules": false,
                "oauth_token_id": "",
                "tags_regex": ""
              }
            ],
            "working_directory": "workspaces/"
          },
          "sensitive_attributes": [],
          "private": "eyJzY2hlbWFfdmVyc2lvbiI6IjEifQ=="
        },
        {
          "index_key": 416,
          "schema_version": 1,
          "attributes": {
            "agent_pool_id": "",
            "allow_destroy_plan": true,
            "assessments_enabled": false,
            "auto_apply": true,
            "description": "",
            "execution_mode": "remote",
            "file_triggers_enabled": true,
            "force_delete": true,
            "global_remote_state": false,
            "html_url": "https://app.terraform.io/app/hashi_strawb_testing/workspaces/many-workspace-test-0416",
            "id": "ws-6Zs4o6mshv3jZg9Q",
            "name": "many-workspace-test-0416",
            "operations": true,
            "organization": "hashi_strawb_testing",
            "project_id": "prj-8rNEinGacXMAwCr4",
            "queue_all_runs": true,
            "remote_state_consumer_ids": [],
            "resource_count": 1,
            "source_name": "",
            "source_url": "",
            "speculative_enabled": true,
            "ssh_key_id": "",
            "structured_run_output_enabled": true,
            "tag_names": [],
            "terraform_version": "1.6.2",
            "trigger_patterns": [],
            "trigger_prefixes": [
              "/modules"
            ],
            "vcs_repo": [
              {
                "branch": "",
                "github_app_installation_id": "ghain-3JcBMQW48TPfPn4f",
                "identifier": "hashi-strawb/tfc-big-monorepo-test",
                "ingress_submodules": false,
                "oauth_token_id": "",
                "tags_regex": ""
              }
            ],
            "working_directory": "workspaces/"
          },
          "sensitive_attributes": [],
          "private": "eyJzY2hlbWFfdmVyc2lvbiI6IjEifQ=="
        },
        {
          "index_key": 417,
          "schema_version": 1,
          "attributes": {
            "agent_pool_id": "",
            "allow_destroy_plan": true,
            "assessments_enabled": false,
            "auto_apply": true,
            "description": "",
            "execution_mode": "remote",
            "file_triggers_enabled": true,
            "force_delete": true,
            "global_remote_state": false,
            "html_url": "https://app.terraform.io/app/hashi_strawb_testing/workspaces/many-workspace-test-0417",
            "id": "ws-1BNkrE5tEFSVecy5",
            "name": "many-workspace-test-0417",
            "operations": true,
            "organization": "hashi_strawb_testing",
            "project_id": "prj-8rNEinGacXMAwCr4",
            "queue_all_runs": true,
            "remote_state_consumer_ids": [],
            "resource_count": 0,
            "source_name": "",
            "source_url": "",
            "speculative_enabled": true,
            "ssh_key_id": "",
            "structured_run_output_enabled": true,
            "tag_names": [],
            "terraform_version": "1.6.2",
            "trigger_patterns": [],
            "trigger_prefixes": [
              "/modules"
            ],
            "vcs_repo": [
              {
                "branch": "",
                "github_app_installation_id": "ghain-3JcBMQW48TPfPn4f",
                "identifier": "hashi-strawb/tfc-big-monorepo-test",
                "ingress_submodules": false,
                "oauth_token_id": "",
                "tags_regex": ""
              }
            ],
            "working_directory": "workspaces/"
          },
          "sensitive_attributes": [],
          "private": "eyJzY2hlbWFfdmVyc2lvbiI6IjEifQ=="
        },
        {
          "index_key": 418,
          "schema_version": 1,
          "attributes": {
            "agent_pool_id": "",
            "allow_destroy_plan": true,
            "assessments_enabled": false,
            "auto_apply": true,
            "description": "",
            "execution_mode": "remote",
            "file_triggers_enabled": true,
            "force_delete": true,
            "global_remote_state": false,
            "html_url": "https://app.terraform.io/app/hashi_strawb_testing/workspaces/many-workspace-test-0418",
            "id": "ws-FixpUpQT3mTu7sfA",
            "name": "many-workspace-test-0418",
            "operations": true,
            "organization": "hashi_strawb_testing",
            "project_id": "prj-8rNEinGacXMAwCr4",
            "queue_all_runs": true,
            "remote_state_consumer_ids": [],
            "resource_count": 0,
            "source_name": "",
            "source_url": "",
            "speculative_enabled": true,
            "ssh_key_id": "",
            "structured_run_output_enabled": true,
            "tag_names": [],
            "terraform_version": "1.6.2",
            "trigger_patterns": [],
            "trigger_prefixes": [
              "/modules"
            ],
            "vcs_repo": [
              {
                "branch": "",
                "github_app_installation_id": "ghain-3JcBMQW48TPfPn4f",
                "identifier": "hashi-strawb/tfc-big-monorepo-test",
                "ingress_submodules": false,
                "oauth_token_id": "",
                "tags_regex": ""
              }
            ],
            "working_directory": "workspaces/"
          },
          "sensitive_attributes": [],
          "private": "eyJzY2hlbWFfdmVyc2lvbiI6IjEifQ=="
        },
        {
          "index_key": 419,
          "schema_version": 1,
          "attributes": {
            "agent_pool_id": "",
            "allow_destroy_plan": true,
            "assessments_enabled": false,
            "auto_apply": true,
            "description": "",
            "execution_mode": "remote",
            "file_triggers_enabled": true,
            "force_delete": true,
            "global_remote_state": false,
            "html_url": "https://app.terraform.io/app/hashi_strawb_testing/workspaces/many-workspace-test-0419",
            "id": "ws-R93Jr9ju6VNbgr3o",
            "name": "many-workspace-test-0419",
            "operations": true,
            "organization": "hashi_strawb_testing",
            "project_id": "prj-8rNEinGacXMAwCr4",
            "queue_all_runs": true,
            "remote_state_consumer_ids": [],
            "resource_count": 0,
            "source_name": "",
            "source_url": "",
            "speculative_enabled": true,
            "ssh_key_id": "",
            "structured_run_output_enabled": true,
            "tag_names": [],
            "terraform_version": "1.6.2",
            "trigger_patterns": [],
            "trigger_prefixes": [
              "/modules"
            ],
            "vcs_repo": [
              {
                "branch": "",
                "github_app_installation_id": "ghain-3JcBMQW48TPfPn4f",
                "identifier": "hashi-strawb/tfc-big-monorepo-test",
                "ingress_submodules": false,
                "oauth_token_id": "",
                "tags_regex": ""
              }
            ],
            "working_directory": "workspaces/"
          },
          "sensitive_attributes": [],
          "private": "eyJzY2hlbWFfdmVyc2lvbiI6IjEifQ=="
        },
        {
          "index_key": 420,
          "schema_version": 1,
          "attributes": {
            "agent_pool_id": "",
            "allow_destroy_plan": true,
            "assessments_enabled": false,
            "auto_apply": true,
            "description": "",
            "execution_mode": "remote",
            "file_triggers_enabled": true,
            "force_delete": true,
            "global_remote_state": false,
            "html_url": "https://app.terraform.io/app/hashi_strawb_testing/workspaces/many-workspace-test-0420",
            "id": "ws-JGT3NChrDh2ZPPmR",
            "name": "many-workspace-test-0420",
            "operations": true,
            "organization": "hashi_strawb_testing",
            "project_id": "prj-8rNEinGacXMAwCr4",
            "queue_all_runs": true,
            "remote_state_consumer_ids": [],
            "resource_count": 1,
            "source_name": "",
            "source_url": "",
            "speculative_enabled": true,
            "ssh_key_id": "",
            "structured_run_output_enabled": true,
            "tag_names": [],
            "terraform_version": "1.6.2",
            "trigger_patterns": [],
            "trigger_prefixes": [
              "/modules"
            ],
            "vcs_repo": [
              {
                "branch": "",
                "github_app_installation_id": "ghain-3JcBMQW48TPfPn4f",
                "identifier": "hashi-strawb/tfc-big-monorepo-test",
                "ingress_submodules": false,
                "oauth_token_id": "",
                "tags_regex": ""
              }
            ],
            "working_directory": "workspaces/"
          },
          "sensitive_attributes": [],
          "private": "eyJzY2hlbWFfdmVyc2lvbiI6IjEifQ=="
        },
        {
          "index_key": 421,
          "schema_version": 1,
          "attributes": {
            "agent_pool_id": "",
            "allow_destroy_plan": true,
            "assessments_enabled": false,
            "auto_apply": true,
            "description": "",
            "execution_mode": "remote",
            "file_triggers_enabled": true,
            "force_delete": true,
            "global_remote_state": false,
            "html_url": "https://app.terraform.io/app/hashi_strawb_testing/workspaces/many-workspace-test-0421",
            "id": "ws-MhrX2WJxF9XxxiEE",
            "name": "many-workspace-test-0421",
            "operations": true,
            "organization": "hashi_strawb_testing",
            "project_id": "prj-8rNEinGacXMAwCr4",
            "queue_all_runs": true,
            "remote_state_consumer_ids": [],
            "resource_count": 0,
            "source_name": "",
            "source_url": "",
            "speculative_enabled": true,
            "ssh_key_id": "",
            "structured_run_output_enabled": true,
            "tag_names": [],
            "terraform_version": "1.6.2",
            "trigger_patterns": [],
            "trigger_prefixes": [
              "/modules"
            ],
            "vcs_repo": [
              {
                "branch": "",
                "github_app_installation_id": "ghain-3JcBMQW48TPfPn4f",
                "identifier": "hashi-strawb/tfc-big-monorepo-test",
                "ingress_submodules": false,
                "oauth_token_id": "",
                "tags_regex": ""
              }
            ],
            "working_directory": "workspaces/"
          },
          "sensitive_attributes": [],
          "private": "eyJzY2hlbWFfdmVyc2lvbiI6IjEifQ=="
        },
        {
          "index_key": 422,
          "schema_version": 1,
          "attributes": {
            "agent_pool_id": "",
            "allow_destroy_plan": true,
            "assessments_enabled": false,
            "auto_apply": true,
            "description": "",
            "execution_mode": "remote",
            "file_triggers_enabled": true,
            "force_delete": true,
            "global_remote_state": false,
            "html_url": "https://app.terraform.io/app/hashi_strawb_testing/workspaces/many-workspace-test-0422",
            "id": "ws-mg6hAk3ha77cn9GA",
            "name": "many-workspace-test-0422",
            "operations": true,
            "organization": "hashi_strawb_testing",
            "project_id": "prj-8rNEinGacXMAwCr4",
            "queue_all_runs": true,
            "remote_state_consumer_ids": [],
            "resource_count": 0,
            "source_name": "",
            "source_url": "",
            "speculative_enabled": true,
            "ssh_key_id": "",
            "structured_run_output_enabled": true,
            "tag_names": [],
            "terraform_version": "1.6.2",
            "trigger_patterns": [],
            "trigger_prefixes": [
              "/modules"
            ],
            "vcs_repo": [
              {
                "branch": "",
                "github_app_installation_id": "ghain-3JcBMQW48TPfPn4f",
                "identifier": "hashi-strawb/tfc-big-monorepo-test",
                "ingress_submodules": false,
                "oauth_token_id": "",
                "tags_regex": ""
              }
            ],
            "working_directory": "workspaces/"
          },
          "sensitive_attributes": [],
          "private": "eyJzY2hlbWFfdmVyc2lvbiI6IjEifQ=="
        },
        {
          "index_key": 423,
          "schema_version": 1,
          "attributes": {
            "agent_pool_id": "",
            "allow_destroy_plan": true,
            "assessments_enabled": false,
            "auto_apply": true,
            "description": "",
            "execution_mode": "remote",
            "file_triggers_enabled": true,
            "force_delete": true,
            "global_remote_state": false,
            "html_url": "https://app.terraform.io/app/hashi_strawb_testing/workspaces/many-workspace-test-0423",
            "id": "ws-Mg5mT7Fiq5F1P5wo",
            "name": "many-workspace-test-0423",
            "operations": true,
            "organization": "hashi_strawb_testing",
            "project_id": "prj-8rNEinGacXMAwCr4",
            "queue_all_runs": true,
            "remote_state_consumer_ids": [],
            "resource_count": 1,
            "source_name": "",
            "source_url": "",
            "speculative_enabled": true,
            "ssh_key_id": "",
            "structured_run_output_enabled": true,
            "tag_names": [],
            "terraform_version": "1.6.2",
            "trigger_patterns": [],
            "trigger_prefixes": [
              "/modules"
            ],
            "vcs_repo": [
              {
                "branch": "",
                "github_app_installation_id": "ghain-3JcBMQW48TPfPn4f",
                "identifier": "hashi-strawb/tfc-big-monorepo-test",
                "ingress_submodules": false,
                "oauth_token_id": "",
                "tags_regex": ""
              }
            ],
            "working_directory": "workspaces/"
          },
          "sensitive_attributes": [],
          "private": "eyJzY2hlbWFfdmVyc2lvbiI6IjEifQ=="
        },
        {
          "index_key": 424,
          "schema_version": 1,
          "attributes": {
            "agent_pool_id": "",
            "allow_destroy_plan": true,
            "assessments_enabled": false,
            "auto_apply": true,
            "description": "",
            "execution_mode": "remote",
            "file_triggers_enabled": true,
            "force_delete": true,
            "global_remote_state": false,
            "html_url": "https://app.terraform.io/app/hashi_strawb_testing/workspaces/many-workspace-test-0424",
            "id": "ws-UuTpuUFK1Sh7FWfu",
            "name": "many-workspace-test-0424",
            "operations": true,
            "organization": "hashi_strawb_testing",
            "project_id": "prj-8rNEinGacXMAwCr4",
            "queue_all_runs": true,
            "remote_state_consumer_ids": [],
            "resource_count": 1,
            "source_name": "",
            "source_url": "",
            "speculative_enabled": true,
            "ssh_key_id": "",
            "structured_run_output_enabled": true,
            "tag_names": [],
            "terraform_version": "1.6.2",
            "trigger_patterns": [],
            "trigger_prefixes": [
              "/modules"
            ],
            "vcs_repo": [
              {
                "branch": "",
                "github_app_installation_id": "ghain-3JcBMQW48TPfPn4f",
                "identifier": "hashi-strawb/tfc-big-monorepo-test",
                "ingress_submodules": false,
                "oauth_token_id": "",
                "tags_regex": ""
              }
            ],
            "working_directory": "workspaces/"
          },
          "sensitive_attributes": [],
          "private": "eyJzY2hlbWFfdmVyc2lvbiI6IjEifQ=="
        },
        {
          "index_key": 425,
          "schema_version": 1,
          "attributes": {
            "agent_pool_id": "",
            "allow_destroy_plan": true,
            "assessments_enabled": false,
            "auto_apply": true,
            "description": "",
            "execution_mode": "remote",
            "file_triggers_enabled": true,
            "force_delete": true,
            "global_remote_state": false,
            "html_url": "https://app.terraform.io/app/hashi_strawb_testing/workspaces/many-workspace-test-0425",
            "id": "ws-EcGqz7bpTWmnp1d4",
            "name": "many-workspace-test-0425",
            "operations": true,
            "organization": "hashi_strawb_testing",
            "project_id": "prj-8rNEinGacXMAwCr4",
            "queue_all_runs": true,
            "remote_state_consumer_ids": [],
            "resource_count": 1,
            "source_name": "",
            "source_url": "",
            "speculative_enabled": true,
            "ssh_key_id": "",
            "structured_run_output_enabled": true,
            "tag_names": [],
            "terraform_version": "1.6.2",
            "trigger_patterns": [],
            "trigger_prefixes": [
              "/modules"
            ],
            "vcs_repo": [
              {
                "branch": "",
                "github_app_installation_id": "ghain-3JcBMQW48TPfPn4f",
                "identifier": "hashi-strawb/tfc-big-monorepo-test",
                "ingress_submodules": false,
                "oauth_token_id": "",
                "tags_regex": ""
              }
            ],
            "working_directory": "workspaces/"
          },
          "sensitive_attributes": [],
          "private": "eyJzY2hlbWFfdmVyc2lvbiI6IjEifQ=="
        },
        {
          "index_key": 426,
          "schema_version": 1,
          "attributes": {
            "agent_pool_id": "",
            "allow_destroy_plan": true,
            "assessments_enabled": false,
            "auto_apply": true,
            "description": "",
            "execution_mode": "remote",
            "file_triggers_enabled": true,
            "force_delete": true,
            "global_remote_state": false,
            "html_url": "https://app.terraform.io/app/hashi_strawb_testing/workspaces/many-workspace-test-0426",
            "id": "ws-NFiGLTgw8z2YZdL9",
            "name": "many-workspace-test-0426",
            "operations": true,
            "organization": "hashi_strawb_testing",
            "project_id": "prj-8rNEinGacXMAwCr4",
            "queue_all_runs": true,
            "remote_state_consumer_ids": [],
            "resource_count": 1,
            "source_name": "",
            "source_url": "",
            "speculative_enabled": true,
            "ssh_key_id": "",
            "structured_run_output_enabled": true,
            "tag_names": [],
            "terraform_version": "1.6.2",
            "trigger_patterns": [],
            "trigger_prefixes": [
              "/modules"
            ],
            "vcs_repo": [
              {
                "branch": "",
                "github_app_installation_id": "ghain-3JcBMQW48TPfPn4f",
                "identifier": "hashi-strawb/tfc-big-monorepo-test",
                "ingress_submodules": false,
                "oauth_token_id": "",
                "tags_regex": ""
              }
            ],
            "working_directory": "workspaces/"
          },
          "sensitive_attributes": [],
          "private": "eyJzY2hlbWFfdmVyc2lvbiI6IjEifQ=="
        },
        {
          "index_key": 427,
          "schema_version": 1,
          "attributes": {
            "agent_pool_id": "",
            "allow_destroy_plan": true,
            "assessments_enabled": false,
            "auto_apply": true,
            "description": "",
            "execution_mode": "remote",
            "file_triggers_enabled": true,
            "force_delete": true,
            "global_remote_state": false,
            "html_url": "https://app.terraform.io/app/hashi_strawb_testing/workspaces/many-workspace-test-0427",
            "id": "ws-9SDu316n5gq2aYri",
            "name": "many-workspace-test-0427",
            "operations": true,
            "organization": "hashi_strawb_testing",
            "project_id": "prj-8rNEinGacXMAwCr4",
            "queue_all_runs": true,
            "remote_state_consumer_ids": [],
            "resource_count": 0,
            "source_name": "",
            "source_url": "",
            "speculative_enabled": true,
            "ssh_key_id": "",
            "structured_run_output_enabled": true,
            "tag_names": [],
            "terraform_version": "1.6.2",
            "trigger_patterns": [],
            "trigger_prefixes": [
              "/modules"
            ],
            "vcs_repo": [
              {
                "branch": "",
                "github_app_installation_id": "ghain-3JcBMQW48TPfPn4f",
                "identifier": "hashi-strawb/tfc-big-monorepo-test",
                "ingress_submodules": false,
                "oauth_token_id": "",
                "tags_regex": ""
              }
            ],
            "working_directory": "workspaces/"
          },
          "sensitive_attributes": [],
          "private": "eyJzY2hlbWFfdmVyc2lvbiI6IjEifQ=="
        },
        {
          "index_key": 428,
          "schema_version": 1,
          "attributes": {
            "agent_pool_id": "",
            "allow_destroy_plan": true,
            "assessments_enabled": false,
            "auto_apply": true,
            "description": "",
            "execution_mode": "remote",
            "file_triggers_enabled": true,
            "force_delete": true,
            "global_remote_state": false,
            "html_url": "https://app.terraform.io/app/hashi_strawb_testing/workspaces/many-workspace-test-0428",
            "id": "ws-9E14Pv8ns3UAWeUc",
            "name": "many-workspace-test-0428",
            "operations": true,
            "organization": "hashi_strawb_testing",
            "project_id": "prj-8rNEinGacXMAwCr4",
            "queue_all_runs": true,
            "remote_state_consumer_ids": [],
            "resource_count": 0,
            "source_name": "",
            "source_url": "",
            "speculative_enabled": true,
            "ssh_key_id": "",
            "structured_run_output_enabled": true,
            "tag_names": [],
            "terraform_version": "1.6.2",
            "trigger_patterns": [],
            "trigger_prefixes": [
              "/modules"
            ],
            "vcs_repo": [
              {
                "branch": "",
                "github_app_installation_id": "ghain-3JcBMQW48TPfPn4f",
                "identifier": "hashi-strawb/tfc-big-monorepo-test",
                "ingress_submodules": false,
                "oauth_token_id": "",
                "tags_regex": ""
              }
            ],
            "working_directory": "workspaces/"
          },
          "sensitive_attributes": [],
          "private": "eyJzY2hlbWFfdmVyc2lvbiI6IjEifQ=="
        },
        {
          "index_key": 429,
          "schema_version": 1,
          "attributes": {
            "agent_pool_id": "",
            "allow_destroy_plan": true,
            "assessments_enabled": false,
            "auto_apply": true,
            "description": "",
            "execution_mode": "remote",
            "file_triggers_enabled": true,
            "force_delete": true,
            "global_remote_state": false,
            "html_url": "https://app.terraform.io/app/hashi_strawb_testing/workspaces/many-workspace-test-0429",
            "id": "ws-RCCN1uY27zbB1jND",
            "name": "many-workspace-test-0429",
            "operations": true,
            "organization": "hashi_strawb_testing",
            "project_id": "prj-8rNEinGacXMAwCr4",
            "queue_all_runs": true,
            "remote_state_consumer_ids": [],
            "resource_count": 0,
            "source_name": "",
            "source_url": "",
            "speculative_enabled": true,
            "ssh_key_id": "",
            "structured_run_output_enabled": true,
            "tag_names": [],
            "terraform_version": "1.6.2",
            "trigger_patterns": [],
            "trigger_prefixes": [
              "/modules"
            ],
            "vcs_repo": [
              {
                "branch": "",
                "github_app_installation_id": "ghain-3JcBMQW48TPfPn4f",
                "identifier": "hashi-strawb/tfc-big-monorepo-test",
                "ingress_submodules": false,
                "oauth_token_id": "",
                "tags_regex": ""
              }
            ],
            "working_directory": "workspaces/"
          },
          "sensitive_attributes": [],
          "private": "eyJzY2hlbWFfdmVyc2lvbiI6IjEifQ=="
        },
        {
          "index_key": 430,
          "schema_version": 1,
          "attributes": {
            "agent_pool_id": "",
            "allow_destroy_plan": true,
            "assessments_enabled": false,
            "auto_apply": true,
            "description": "",
            "execution_mode": "remote",
            "file_triggers_enabled": true,
            "force_delete": true,
            "global_remote_state": false,
            "html_url": "https://app.terraform.io/app/hashi_strawb_testing/workspaces/many-workspace-test-0430",
            "id": "ws-qtuJh8HV98DSdtSw",
            "name": "many-workspace-test-0430",
            "operations": true,
            "organization": "hashi_strawb_testing",
            "project_id": "prj-8rNEinGacXMAwCr4",
            "queue_all_runs": true,
            "remote_state_consumer_ids": [],
            "resource_count": 0,
            "source_name": "",
            "source_url": "",
            "speculative_enabled": true,
            "ssh_key_id": "",
            "structured_run_output_enabled": true,
            "tag_names": [],
            "terraform_version": "1.6.2",
            "trigger_patterns": [],
            "trigger_prefixes": [
              "/modules"
            ],
            "vcs_repo": [
              {
                "branch": "",
                "github_app_installation_id": "ghain-3JcBMQW48TPfPn4f",
                "identifier": "hashi-strawb/tfc-big-monorepo-test",
                "ingress_submodules": false,
                "oauth_token_id": "",
                "tags_regex": ""
              }
            ],
            "working_directory": "workspaces/"
          },
          "sensitive_attributes": [],
          "private": "eyJzY2hlbWFfdmVyc2lvbiI6IjEifQ=="
        },
        {
          "index_key": 431,
          "schema_version": 1,
          "attributes": {
            "agent_pool_id": "",
            "allow_destroy_plan": true,
            "assessments_enabled": false,
            "auto_apply": true,
            "description": "",
            "execution_mode": "remote",
            "file_triggers_enabled": true,
            "force_delete": true,
            "global_remote_state": false,
            "html_url": "https://app.terraform.io/app/hashi_strawb_testing/workspaces/many-workspace-test-0431",
            "id": "ws-6W8FgE7ANKuztxAH",
            "name": "many-workspace-test-0431",
            "operations": true,
            "organization": "hashi_strawb_testing",
            "project_id": "prj-8rNEinGacXMAwCr4",
            "queue_all_runs": true,
            "remote_state_consumer_ids": [],
            "resource_count": 1,
            "source_name": "",
            "source_url": "",
            "speculative_enabled": true,
            "ssh_key_id": "",
            "structured_run_output_enabled": true,
            "tag_names": [],
            "terraform_version": "1.6.2",
            "trigger_patterns": [],
            "trigger_prefixes": [
              "/modules"
            ],
            "vcs_repo": [
              {
                "branch": "",
                "github_app_installation_id": "ghain-3JcBMQW48TPfPn4f",
                "identifier": "hashi-strawb/tfc-big-monorepo-test",
                "ingress_submodules": false,
                "oauth_token_id": "",
                "tags_regex": ""
              }
            ],
            "working_directory": "workspaces/"
          },
          "sensitive_attributes": [],
          "private": "eyJzY2hlbWFfdmVyc2lvbiI6IjEifQ=="
        },
        {
          "index_key": 432,
          "schema_version": 1,
          "attributes": {
            "agent_pool_id": "",
            "allow_destroy_plan": true,
            "assessments_enabled": false,
            "auto_apply": true,
            "description": "",
            "execution_mode": "remote",
            "file_triggers_enabled": true,
            "force_delete": true,
            "global_remote_state": false,
            "html_url": "https://app.terraform.io/app/hashi_strawb_testing/workspaces/many-workspace-test-0432",
            "id": "ws-yzdJLmhEP2twa3NP",
            "name": "many-workspace-test-0432",
            "operations": true,
            "organization": "hashi_strawb_testing",
            "project_id": "prj-8rNEinGacXMAwCr4",
            "queue_all_runs": true,
            "remote_state_consumer_ids": [],
            "resource_count": 0,
            "source_name": "",
            "source_url": "",
            "speculative_enabled": true,
            "ssh_key_id": "",
            "structured_run_output_enabled": true,
            "tag_names": [],
            "terraform_version": "1.6.2",
            "trigger_patterns": [],
            "trigger_prefixes": [
              "/modules"
            ],
            "vcs_repo": [
              {
                "branch": "",
                "github_app_installation_id": "ghain-3JcBMQW48TPfPn4f",
                "identifier": "hashi-strawb/tfc-big-monorepo-test",
                "ingress_submodules": false,
                "oauth_token_id": "",
                "tags_regex": ""
              }
            ],
            "working_directory": "workspaces/"
          },
          "sensitive_attributes": [],
          "private": "eyJzY2hlbWFfdmVyc2lvbiI6IjEifQ=="
        },
        {
          "index_key": 433,
          "schema_version": 1,
          "attributes": {
            "agent_pool_id": "",
            "allow_destroy_plan": true,
            "assessments_enabled": false,
            "auto_apply": true,
            "description": "",
            "execution_mode": "remote",
            "file_triggers_enabled": true,
            "force_delete": true,
            "global_remote_state": false,
            "html_url": "https://app.terraform.io/app/hashi_strawb_testing/workspaces/many-workspace-test-0433",
            "id": "ws-BMrTnWHQ3LibQqwq",
            "name": "many-workspace-test-0433",
            "operations": true,
            "organization": "hashi_strawb_testing",
            "project_id": "prj-8rNEinGacXMAwCr4",
            "queue_all_runs": true,
            "remote_state_consumer_ids": [],
            "resource_count": 0,
            "source_name": "",
            "source_url": "",
            "speculative_enabled": true,
            "ssh_key_id": "",
            "structured_run_output_enabled": true,
            "tag_names": [],
            "terraform_version": "1.6.2",
            "trigger_patterns": [],
            "trigger_prefixes": [
              "/modules"
            ],
            "vcs_repo": [
              {
                "branch": "",
                "github_app_installation_id": "ghain-3JcBMQW48TPfPn4f",
                "identifier": "hashi-strawb/tfc-big-monorepo-test",
                "ingress_submodules": false,
                "oauth_token_id": "",
                "tags_regex": ""
              }
            ],
            "working_directory": "workspaces/"
          },
          "sensitive_attributes": [],
          "private": "eyJzY2hlbWFfdmVyc2lvbiI6IjEifQ=="
        },
        {
          "index_key": 434,
          "schema_version": 1,
          "attributes": {
            "agent_pool_id": "",
            "allow_destroy_plan": true,
            "assessments_enabled": false,
            "auto_apply": true,
            "description": "",
            "execution_mode": "remote",
            "file_triggers_enabled": true,
            "force_delete": true,
            "global_remote_state": false,
            "html_url": "https://app.terraform.io/app/hashi_strawb_testing/workspaces/many-workspace-test-0434",
            "id": "ws-cdJZsU69eCy5kcNv",
            "name": "many-workspace-test-0434",
            "operations": true,
            "organization": "hashi_strawb_testing",
            "project_id": "prj-8rNEinGacXMAwCr4",
            "queue_all_runs": true,
            "remote_state_consumer_ids": [],
            "resource_count": 1,
            "source_name": "",
            "source_url": "",
            "speculative_enabled": true,
            "ssh_key_id": "",
            "structured_run_output_enabled": true,
            "tag_names": [],
            "terraform_version": "1.6.2",
            "trigger_patterns": [],
            "trigger_prefixes": [
              "/modules"
            ],
            "vcs_repo": [
              {
                "branch": "",
                "github_app_installation_id": "ghain-3JcBMQW48TPfPn4f",
                "identifier": "hashi-strawb/tfc-big-monorepo-test",
                "ingress_submodules": false,
                "oauth_token_id": "",
                "tags_regex": ""
              }
            ],
            "working_directory": "workspaces/"
          },
          "sensitive_attributes": [],
          "private": "eyJzY2hlbWFfdmVyc2lvbiI6IjEifQ=="
        },
        {
          "index_key": 435,
          "schema_version": 1,
          "attributes": {
            "agent_pool_id": "",
            "allow_destroy_plan": true,
            "assessments_enabled": false,
            "auto_apply": true,
            "description": "",
            "execution_mode": "remote",
            "file_triggers_enabled": true,
            "force_delete": true,
            "global_remote_state": false,
            "html_url": "https://app.terraform.io/app/hashi_strawb_testing/workspaces/many-workspace-test-0435",
            "id": "ws-THw8yxedMD4exMSa",
            "name": "many-workspace-test-0435",
            "operations": true,
            "organization": "hashi_strawb_testing",
            "project_id": "prj-8rNEinGacXMAwCr4",
            "queue_all_runs": true,
            "remote_state_consumer_ids": [],
            "resource_count": 1,
            "source_name": "",
            "source_url": "",
            "speculative_enabled": true,
            "ssh_key_id": "",
            "structured_run_output_enabled": true,
            "tag_names": [],
            "terraform_version": "1.6.2",
            "trigger_patterns": [],
            "trigger_prefixes": [
              "/modules"
            ],
            "vcs_repo": [
              {
                "branch": "",
                "github_app_installation_id": "ghain-3JcBMQW48TPfPn4f",
                "identifier": "hashi-strawb/tfc-big-monorepo-test",
                "ingress_submodules": false,
                "oauth_token_id": "",
                "tags_regex": ""
              }
            ],
            "working_directory": "workspaces/"
          },
          "sensitive_attributes": [],
          "private": "eyJzY2hlbWFfdmVyc2lvbiI6IjEifQ=="
        },
        {
          "index_key": 436,
          "schema_version": 1,
          "attributes": {
            "agent_pool_id": "",
            "allow_destroy_plan": true,
            "assessments_enabled": false,
            "auto_apply": true,
            "description": "",
            "execution_mode": "remote",
            "file_triggers_enabled": true,
            "force_delete": true,
            "global_remote_state": false,
            "html_url": "https://app.terraform.io/app/hashi_strawb_testing/workspaces/many-workspace-test-0436",
            "id": "ws-samuXC4Wp7ibkBwN",
            "name": "many-workspace-test-0436",
            "operations": true,
            "organization": "hashi_strawb_testing",
            "project_id": "prj-8rNEinGacXMAwCr4",
            "queue_all_runs": true,
            "remote_state_consumer_ids": [],
            "resource_count": 0,
            "source_name": "",
            "source_url": "",
            "speculative_enabled": true,
            "ssh_key_id": "",
            "structured_run_output_enabled": true,
            "tag_names": [],
            "terraform_version": "1.6.2",
            "trigger_patterns": [],
            "trigger_prefixes": [
              "/modules"
            ],
            "vcs_repo": [
              {
                "branch": "",
                "github_app_installation_id": "ghain-3JcBMQW48TPfPn4f",
                "identifier": "hashi-strawb/tfc-big-monorepo-test",
                "ingress_submodules": false,
                "oauth_token_id": "",
                "tags_regex": ""
              }
            ],
            "working_directory": "workspaces/"
          },
          "sensitive_attributes": [],
          "private": "eyJzY2hlbWFfdmVyc2lvbiI6IjEifQ=="
        },
        {
          "index_key": 437,
          "schema_version": 1,
          "attributes": {
            "agent_pool_id": "",
            "allow_destroy_plan": true,
            "assessments_enabled": false,
            "auto_apply": true,
            "description": "",
            "execution_mode": "remote",
            "file_triggers_enabled": true,
            "force_delete": true,
            "global_remote_state": false,
            "html_url": "https://app.terraform.io/app/hashi_strawb_testing/workspaces/many-workspace-test-0437",
            "id": "ws-TDhmMAtS7CCPmiid",
            "name": "many-workspace-test-0437",
            "operations": true,
            "organization": "hashi_strawb_testing",
            "project_id": "prj-8rNEinGacXMAwCr4",
            "queue_all_runs": true,
            "remote_state_consumer_ids": [],
            "resource_count": 0,
            "source_name": "",
            "source_url": "",
            "speculative_enabled": true,
            "ssh_key_id": "",
            "structured_run_output_enabled": true,
            "tag_names": [],
            "terraform_version": "1.6.2",
            "trigger_patterns": [],
            "trigger_prefixes": [
              "/modules"
            ],
            "vcs_repo": [
              {
                "branch": "",
                "github_app_installation_id": "ghain-3JcBMQW48TPfPn4f",
                "identifier": "hashi-strawb/tfc-big-monorepo-test",
                "ingress_submodules": false,
                "oauth_token_id": "",
                "tags_regex": ""
              }
            ],
            "working_directory": "workspaces/"
          },
          "sensitive_attributes": [],
          "private": "eyJzY2hlbWFfdmVyc2lvbiI6IjEifQ=="
        },
        {
          "index_key": 438,
          "schema_version": 1,
          "attributes": {
            "agent_pool_id": "",
            "allow_destroy_plan": true,
            "assessments_enabled": false,
            "auto_apply": true,
            "description": "",
            "execution_mode": "remote",
            "file_triggers_enabled": true,
            "force_delete": true,
            "global_remote_state": false,
            "html_url": "https://app.terraform.io/app/hashi_strawb_testing/workspaces/many-workspace-test-0438",
            "id": "ws-bwgaUb4kq8g4kEWu",
            "name": "many-workspace-test-0438",
            "operations": true,
            "organization": "hashi_strawb_testing",
            "project_id": "prj-8rNEinGacXMAwCr4",
            "queue_all_runs": true,
            "remote_state_consumer_ids": [],
            "resource_count": 0,
            "source_name": "",
            "source_url": "",
            "speculative_enabled": true,
            "ssh_key_id": "",
            "structured_run_output_enabled": true,
            "tag_names": [],
            "terraform_version": "1.6.2",
            "trigger_patterns": [],
            "trigger_prefixes": [
              "/modules"
            ],
            "vcs_repo": [
              {
                "branch": "",
                "github_app_installation_id": "ghain-3JcBMQW48TPfPn4f",
                "identifier": "hashi-strawb/tfc-big-monorepo-test",
                "ingress_submodules": false,
                "oauth_token_id": "",
                "tags_regex": ""
              }
            ],
            "working_directory": "workspaces/"
          },
          "sensitive_attributes": [],
          "private": "eyJzY2hlbWFfdmVyc2lvbiI6IjEifQ=="
        },
        {
          "index_key": 439,
          "schema_version": 1,
          "attributes": {
            "agent_pool_id": "",
            "allow_destroy_plan": true,
            "assessments_enabled": false,
            "auto_apply": true,
            "description": "",
            "execution_mode": "remote",
            "file_triggers_enabled": true,
            "force_delete": true,
            "global_remote_state": false,
            "html_url": "https://app.terraform.io/app/hashi_strawb_testing/workspaces/many-workspace-test-0439",
            "id": "ws-cwMgLH9h9YPF2H9m",
            "name": "many-workspace-test-0439",
            "operations": true,
            "organization": "hashi_strawb_testing",
            "project_id": "prj-8rNEinGacXMAwCr4",
            "queue_all_runs": true,
            "remote_state_consumer_ids": [],
            "resource_count": 1,
            "source_name": "",
            "source_url": "",
            "speculative_enabled": true,
            "ssh_key_id": "",
            "structured_run_output_enabled": true,
            "tag_names": [],
            "terraform_version": "1.6.2",
            "trigger_patterns": [],
            "trigger_prefixes": [
              "/modules"
            ],
            "vcs_repo": [
              {
                "branch": "",
                "github_app_installation_id": "ghain-3JcBMQW48TPfPn4f",
                "identifier": "hashi-strawb/tfc-big-monorepo-test",
                "ingress_submodules": false,
                "oauth_token_id": "",
                "tags_regex": ""
              }
            ],
            "working_directory": "workspaces/"
          },
          "sensitive_attributes": [],
          "private": "eyJzY2hlbWFfdmVyc2lvbiI6IjEifQ=="
        },
        {
          "index_key": 440,
          "schema_version": 1,
          "attributes": {
            "agent_pool_id": "",
            "allow_destroy_plan": true,
            "assessments_enabled": false,
            "auto_apply": true,
            "description": "",
            "execution_mode": "remote",
            "file_triggers_enabled": true,
            "force_delete": true,
            "global_remote_state": false,
            "html_url": "https://app.terraform.io/app/hashi_strawb_testing/workspaces/many-workspace-test-0440",
            "id": "ws-5D5xkepdrDQ2uLhW",
            "name": "many-workspace-test-0440",
            "operations": true,
            "organization": "hashi_strawb_testing",
            "project_id": "prj-8rNEinGacXMAwCr4",
            "queue_all_runs": true,
            "remote_state_consumer_ids": [],
            "resource_count": 0,
            "source_name": "",
            "source_url": "",
            "speculative_enabled": true,
            "ssh_key_id": "",
            "structured_run_output_enabled": true,
            "tag_names": [],
            "terraform_version": "1.6.2",
            "trigger_patterns": [],
            "trigger_prefixes": [
              "/modules"
            ],
            "vcs_repo": [
              {
                "branch": "",
                "github_app_installation_id": "ghain-3JcBMQW48TPfPn4f",
                "identifier": "hashi-strawb/tfc-big-monorepo-test",
                "ingress_submodules": false,
                "oauth_token_id": "",
                "tags_regex": ""
              }
            ],
            "working_directory": "workspaces/"
          },
          "sensitive_attributes": [],
          "private": "eyJzY2hlbWFfdmVyc2lvbiI6IjEifQ=="
        },
        {
          "index_key": 441,
          "schema_version": 1,
          "attributes": {
            "agent_pool_id": "",
            "allow_destroy_plan": true,
            "assessments_enabled": false,
            "auto_apply": true,
            "description": "",
            "execution_mode": "remote",
            "file_triggers_enabled": true,
            "force_delete": true,
            "global_remote_state": false,
            "html_url": "https://app.terraform.io/app/hashi_strawb_testing/workspaces/many-workspace-test-0441",
            "id": "ws-xHRGihyYf2LDLivj",
            "name": "many-workspace-test-0441",
            "operations": true,
            "organization": "hashi_strawb_testing",
            "project_id": "prj-8rNEinGacXMAwCr4",
            "queue_all_runs": true,
            "remote_state_consumer_ids": [],
            "resource_count": 0,
            "source_name": "",
            "source_url": "",
            "speculative_enabled": true,
            "ssh_key_id": "",
            "structured_run_output_enabled": true,
            "tag_names": [],
            "terraform_version": "1.6.2",
            "trigger_patterns": [],
            "trigger_prefixes": [
              "/modules"
            ],
            "vcs_repo": [
              {
                "branch": "",
                "github_app_installation_id": "ghain-3JcBMQW48TPfPn4f",
                "identifier": "hashi-strawb/tfc-big-monorepo-test",
                "ingress_submodules": false,
                "oauth_token_id": "",
                "tags_regex": ""
              }
            ],
            "working_directory": "workspaces/"
          },
          "sensitive_attributes": [],
          "private": "eyJzY2hlbWFfdmVyc2lvbiI6IjEifQ=="
        },
        {
          "index_key": 442,
          "schema_version": 1,
          "attributes": {
            "agent_pool_id": "",
            "allow_destroy_plan": true,
            "assessments_enabled": false,
            "auto_apply": true,
            "description": "",
            "execution_mode": "remote",
            "file_triggers_enabled": true,
            "force_delete": true,
            "global_remote_state": false,
            "html_url": "https://app.terraform.io/app/hashi_strawb_testing/workspaces/many-workspace-test-0442",
            "id": "ws-EFo4Aye9gvoyMM79",
            "name": "many-workspace-test-0442",
            "operations": true,
            "organization": "hashi_strawb_testing",
            "project_id": "prj-8rNEinGacXMAwCr4",
            "queue_all_runs": true,
            "remote_state_consumer_ids": [],
            "resource_count": 1,
            "source_name": "",
            "source_url": "",
            "speculative_enabled": true,
            "ssh_key_id": "",
            "structured_run_output_enabled": true,
            "tag_names": [],
            "terraform_version": "1.6.2",
            "trigger_patterns": [],
            "trigger_prefixes": [
              "/modules"
            ],
            "vcs_repo": [
              {
                "branch": "",
                "github_app_installation_id": "ghain-3JcBMQW48TPfPn4f",
                "identifier": "hashi-strawb/tfc-big-monorepo-test",
                "ingress_submodules": false,
                "oauth_token_id": "",
                "tags_regex": ""
              }
            ],
            "working_directory": "workspaces/"
          },
          "sensitive_attributes": [],
          "private": "eyJzY2hlbWFfdmVyc2lvbiI6IjEifQ=="
        },
        {
          "index_key": 443,
          "schema_version": 1,
          "attributes": {
            "agent_pool_id": "",
            "allow_destroy_plan": true,
            "assessments_enabled": false,
            "auto_apply": true,
            "description": "",
            "execution_mode": "remote",
            "file_triggers_enabled": true,
            "force_delete": true,
            "global_remote_state": false,
            "html_url": "https://app.terraform.io/app/hashi_strawb_testing/workspaces/many-workspace-test-0443",
            "id": "ws-6V5tRNiPZ1YAkmYf",
            "name": "many-workspace-test-0443",
            "operations": true,
            "organization": "hashi_strawb_testing",
            "project_id": "prj-8rNEinGacXMAwCr4",
            "queue_all_runs": true,
            "remote_state_consumer_ids": [],
            "resource_count": 0,
            "source_name": "",
            "source_url": "",
            "speculative_enabled": true,
            "ssh_key_id": "",
            "structured_run_output_enabled": true,
            "tag_names": [],
            "terraform_version": "1.6.2",
            "trigger_patterns": [],
            "trigger_prefixes": [
              "/modules"
            ],
            "vcs_repo": [
              {
                "branch": "",
                "github_app_installation_id": "ghain-3JcBMQW48TPfPn4f",
                "identifier": "hashi-strawb/tfc-big-monorepo-test",
                "ingress_submodules": false,
                "oauth_token_id": "",
                "tags_regex": ""
              }
            ],
            "working_directory": "workspaces/"
          },
          "sensitive_attributes": [],
          "private": "eyJzY2hlbWFfdmVyc2lvbiI6IjEifQ=="
        },
        {
          "index_key": 444,
          "schema_version": 1,
          "attributes": {
            "agent_pool_id": "",
            "allow_destroy_plan": true,
            "assessments_enabled": false,
            "auto_apply": true,
            "description": "",
            "execution_mode": "remote",
            "file_triggers_enabled": true,
            "force_delete": true,
            "global_remote_state": false,
            "html_url": "https://app.terraform.io/app/hashi_strawb_testing/workspaces/many-workspace-test-0444",
            "id": "ws-os9kXrLPCZdc3va5",
            "name": "many-workspace-test-0444",
            "operations": true,
            "organization": "hashi_strawb_testing",
            "project_id": "prj-8rNEinGacXMAwCr4",
            "queue_all_runs": true,
            "remote_state_consumer_ids": [],
            "resource_count": 0,
            "source_name": "",
            "source_url": "",
            "speculative_enabled": true,
            "ssh_key_id": "",
            "structured_run_output_enabled": true,
            "tag_names": [],
            "terraform_version": "1.6.2",
            "trigger_patterns": [],
            "trigger_prefixes": [
              "/modules"
            ],
            "vcs_repo": [
              {
                "branch": "",
                "github_app_installation_id": "ghain-3JcBMQW48TPfPn4f",
                "identifier": "hashi-strawb/tfc-big-monorepo-test",
                "ingress_submodules": false,
                "oauth_token_id": "",
                "tags_regex": ""
              }
            ],
            "working_directory": "workspaces/"
          },
          "sensitive_attributes": [],
          "private": "eyJzY2hlbWFfdmVyc2lvbiI6IjEifQ=="
        },
        {
          "index_key": 445,
          "schema_version": 1,
          "attributes": {
            "agent_pool_id": "",
            "allow_destroy_plan": true,
            "assessments_enabled": false,
            "auto_apply": true,
            "description": "",
            "execution_mode": "remote",
            "file_triggers_enabled": true,
            "force_delete": true,
            "global_remote_state": false,
            "html_url": "https://app.terraform.io/app/hashi_strawb_testing/workspaces/many-workspace-test-0445",
            "id": "ws-oowT9AEtJH6CJcNs",
            "name": "many-workspace-test-0445",
            "operations": true,
            "organization": "hashi_strawb_testing",
            "project_id": "prj-8rNEinGacXMAwCr4",
            "queue_all_runs": true,
            "remote_state_consumer_ids": [],
            "resource_count": 0,
            "source_name": "",
            "source_url": "",
            "speculative_enabled": true,
            "ssh_key_id": "",
            "structured_run_output_enabled": true,
            "tag_names": [],
            "terraform_version": "1.6.2",
            "trigger_patterns": [],
            "trigger_prefixes": [
              "/modules"
            ],
            "vcs_repo": [
              {
                "branch": "",
                "github_app_installation_id": "ghain-3JcBMQW48TPfPn4f",
                "identifier": "hashi-strawb/tfc-big-monorepo-test",
                "ingress_submodules": false,
                "oauth_token_id": "",
                "tags_regex": ""
              }
            ],
            "working_directory": "workspaces/"
          },
          "sensitive_attributes": [],
          "private": "eyJzY2hlbWFfdmVyc2lvbiI6IjEifQ=="
        },
        {
          "index_key": 446,
          "schema_version": 1,
          "attributes": {
            "agent_pool_id": "",
            "allow_destroy_plan": true,
            "assessments_enabled": false,
            "auto_apply": true,
            "description": "",
            "execution_mode": "remote",
            "file_triggers_enabled": true,
            "force_delete": true,
            "global_remote_state": false,
            "html_url": "https://app.terraform.io/app/hashi_strawb_testing/workspaces/many-workspace-test-0446",
            "id": "ws-s1tTwgUNKcHPNRaE",
            "name": "many-workspace-test-0446",
            "operations": true,
            "organization": "hashi_strawb_testing",
            "project_id": "prj-8rNEinGacXMAwCr4",
            "queue_all_runs": true,
            "remote_state_consumer_ids": [],
            "resource_count": 0,
            "source_name": "",
            "source_url": "",
            "speculative_enabled": true,
            "ssh_key_id": "",
            "structured_run_output_enabled": true,
            "tag_names": [],
            "terraform_version": "1.6.2",
            "trigger_patterns": [],
            "trigger_prefixes": [
              "/modules"
            ],
            "vcs_repo": [
              {
                "branch": "",
                "github_app_installation_id": "ghain-3JcBMQW48TPfPn4f",
                "identifier": "hashi-strawb/tfc-big-monorepo-test",
                "ingress_submodules": false,
                "oauth_token_id": "",
                "tags_regex": ""
              }
            ],
            "working_directory": "workspaces/"
          },
          "sensitive_attributes": [],
          "private": "eyJzY2hlbWFfdmVyc2lvbiI6IjEifQ=="
        },
        {
          "index_key": 447,
          "schema_version": 1,
          "attributes": {
            "agent_pool_id": "",
            "allow_destroy_plan": true,
            "assessments_enabled": false,
            "auto_apply": true,
            "description": "",
            "execution_mode": "remote",
            "file_triggers_enabled": true,
            "force_delete": true,
            "global_remote_state": false,
            "html_url": "https://app.terraform.io/app/hashi_strawb_testing/workspaces/many-workspace-test-0447",
            "id": "ws-8dX5G263opU61Wx7",
            "name": "many-workspace-test-0447",
            "operations": true,
            "organization": "hashi_strawb_testing",
            "project_id": "prj-8rNEinGacXMAwCr4",
            "queue_all_runs": true,
            "remote_state_consumer_ids": [],
            "resource_count": 1,
            "source_name": "",
            "source_url": "",
            "speculative_enabled": true,
            "ssh_key_id": "",
            "structured_run_output_enabled": true,
            "tag_names": [],
            "terraform_version": "1.6.2",
            "trigger_patterns": [],
            "trigger_prefixes": [
              "/modules"
            ],
            "vcs_repo": [
              {
                "branch": "",
                "github_app_installation_id": "ghain-3JcBMQW48TPfPn4f",
                "identifier": "hashi-strawb/tfc-big-monorepo-test",
                "ingress_submodules": false,
                "oauth_token_id": "",
                "tags_regex": ""
              }
            ],
            "working_directory": "workspaces/"
          },
          "sensitive_attributes": [],
          "private": "eyJzY2hlbWFfdmVyc2lvbiI6IjEifQ=="
        },
        {
          "index_key": 448,
          "schema_version": 1,
          "attributes": {
            "agent_pool_id": "",
            "allow_destroy_plan": true,
            "assessments_enabled": false,
            "auto_apply": true,
            "description": "",
            "execution_mode": "remote",
            "file_triggers_enabled": true,
            "force_delete": true,
            "global_remote_state": false,
            "html_url": "https://app.terraform.io/app/hashi_strawb_testing/workspaces/many-workspace-test-0448",
            "id": "ws-YmzN2Hh5wV42EpmK",
            "name": "many-workspace-test-0448",
            "operations": true,
            "organization": "hashi_strawb_testing",
            "project_id": "prj-8rNEinGacXMAwCr4",
            "queue_all_runs": true,
            "remote_state_consumer_ids": [],
            "resource_count": 1,
            "source_name": "",
            "source_url": "",
            "speculative_enabled": true,
            "ssh_key_id": "",
            "structured_run_output_enabled": true,
            "tag_names": [],
            "terraform_version": "1.6.2",
            "trigger_patterns": [],
            "trigger_prefixes": [
              "/modules"
            ],
            "vcs_repo": [
              {
                "branch": "",
                "github_app_installation_id": "ghain-3JcBMQW48TPfPn4f",
                "identifier": "hashi-strawb/tfc-big-monorepo-test",
                "ingress_submodules": false,
                "oauth_token_id": "",
                "tags_regex": ""
              }
            ],
            "working_directory": "workspaces/"
          },
          "sensitive_attributes": [],
          "private": "eyJzY2hlbWFfdmVyc2lvbiI6IjEifQ=="
        },
        {
          "index_key": 449,
          "schema_version": 1,
          "attributes": {
            "agent_pool_id": "",
            "allow_destroy_plan": true,
            "assessments_enabled": false,
            "auto_apply": true,
            "description": "",
            "execution_mode": "remote",
            "file_triggers_enabled": true,
            "force_delete": true,
            "global_remote_state": false,
            "html_url": "https://app.terraform.io/app/hashi_strawb_testing/workspaces/many-workspace-test-0449",
            "id": "ws-V2WegswDx57Vt7DK",
            "name": "many-workspace-test-0449",
            "operations": true,
            "organization": "hashi_strawb_testing",
            "project_id": "prj-8rNEinGacXMAwCr4",
            "queue_all_runs": true,
            "remote_state_consumer_ids": [],
            "resource_count": 1,
            "source_name": "",
            "source_url": "",
            "speculative_enabled": true,
            "ssh_key_id": "",
            "structured_run_output_enabled": true,
            "tag_names": [],
            "terraform_version": "1.6.2",
            "trigger_patterns": [],
            "trigger_prefixes": [
              "/modules"
            ],
            "vcs_repo": [
              {
                "branch": "",
                "github_app_installation_id": "ghain-3JcBMQW48TPfPn4f",
                "identifier": "hashi-strawb/tfc-big-monorepo-test",
                "ingress_submodules": false,
                "oauth_token_id": "",
                "tags_regex": ""
              }
            ],
            "working_directory": "workspaces/"
          },
          "sensitive_attributes": [],
          "private": "eyJzY2hlbWFfdmVyc2lvbiI6IjEifQ=="
        },
        {
          "index_key": 450,
          "schema_version": 1,
          "attributes": {
            "agent_pool_id": "",
            "allow_destroy_plan": true,
            "assessments_enabled": false,
            "auto_apply": true,
            "description": "",
            "execution_mode": "remote",
            "file_triggers_enabled": true,
            "force_delete": true,
            "global_remote_state": false,
            "html_url": "https://app.terraform.io/app/hashi_strawb_testing/workspaces/many-workspace-test-0450",
            "id": "ws-KZM5pqCMr1WDExYi",
            "name": "many-workspace-test-0450",
            "operations": true,
            "organization": "hashi_strawb_testing",
            "project_id": "prj-8rNEinGacXMAwCr4",
            "queue_all_runs": true,
            "remote_state_consumer_ids": [],
            "resource_count": 1,
            "source_name": "",
            "source_url": "",
            "speculative_enabled": true,
            "ssh_key_id": "",
            "structured_run_output_enabled": true,
            "tag_names": [],
            "terraform_version": "1.6.2",
            "trigger_patterns": [],
            "trigger_prefixes": [
              "/modules"
            ],
            "vcs_repo": [
              {
                "branch": "",
                "github_app_installation_id": "ghain-3JcBMQW48TPfPn4f",
                "identifier": "hashi-strawb/tfc-big-monorepo-test",
                "ingress_submodules": false,
                "oauth_token_id": "",
                "tags_regex": ""
              }
            ],
            "working_directory": "workspaces/"
          },
          "sensitive_attributes": [],
          "private": "eyJzY2hlbWFfdmVyc2lvbiI6IjEifQ=="
        },
        {
          "index_key": 451,
          "schema_version": 1,
          "attributes": {
            "agent_pool_id": "",
            "allow_destroy_plan": true,
            "assessments_enabled": false,
            "auto_apply": true,
            "description": "",
            "execution_mode": "remote",
            "file_triggers_enabled": true,
            "force_delete": true,
            "global_remote_state": false,
            "html_url": "https://app.terraform.io/app/hashi_strawb_testing/workspaces/many-workspace-test-0451",
            "id": "ws-Hmqug43zaGkmmuTH",
            "name": "many-workspace-test-0451",
            "operations": true,
            "organization": "hashi_strawb_testing",
            "project_id": "prj-8rNEinGacXMAwCr4",
            "queue_all_runs": true,
            "remote_state_consumer_ids": [],
            "resource_count": 0,
            "source_name": "",
            "source_url": "",
            "speculative_enabled": true,
            "ssh_key_id": "",
            "structured_run_output_enabled": true,
            "tag_names": [],
            "terraform_version": "1.6.2",
            "trigger_patterns": [],
            "trigger_prefixes": [
              "/modules"
            ],
            "vcs_repo": [
              {
                "branch": "",
                "github_app_installation_id": "ghain-3JcBMQW48TPfPn4f",
                "identifier": "hashi-strawb/tfc-big-monorepo-test",
                "ingress_submodules": false,
                "oauth_token_id": "",
                "tags_regex": ""
              }
            ],
            "working_directory": "workspaces/"
          },
          "sensitive_attributes": [],
          "private": "eyJzY2hlbWFfdmVyc2lvbiI6IjEifQ=="
        },
        {
          "index_key": 452,
          "schema_version": 1,
          "attributes": {
            "agent_pool_id": "",
            "allow_destroy_plan": true,
            "assessments_enabled": false,
            "auto_apply": true,
            "description": "",
            "execution_mode": "remote",
            "file_triggers_enabled": true,
            "force_delete": true,
            "global_remote_state": false,
            "html_url": "https://app.terraform.io/app/hashi_strawb_testing/workspaces/many-workspace-test-0452",
            "id": "ws-hST5W47s5cL6iBdC",
            "name": "many-workspace-test-0452",
            "operations": true,
            "organization": "hashi_strawb_testing",
            "project_id": "prj-8rNEinGacXMAwCr4",
            "queue_all_runs": true,
            "remote_state_consumer_ids": [],
            "resource_count": 0,
            "source_name": "",
            "source_url": "",
            "speculative_enabled": true,
            "ssh_key_id": "",
            "structured_run_output_enabled": true,
            "tag_names": [],
            "terraform_version": "1.6.2",
            "trigger_patterns": [],
            "trigger_prefixes": [
              "/modules"
            ],
            "vcs_repo": [
              {
                "branch": "",
                "github_app_installation_id": "ghain-3JcBMQW48TPfPn4f",
                "identifier": "hashi-strawb/tfc-big-monorepo-test",
                "ingress_submodules": false,
                "oauth_token_id": "",
                "tags_regex": ""
              }
            ],
            "working_directory": "workspaces/"
          },
          "sensitive_attributes": [],
          "private": "eyJzY2hlbWFfdmVyc2lvbiI6IjEifQ=="
        },
        {
          "index_key": 453,
          "schema_version": 1,
          "attributes": {
            "agent_pool_id": "",
            "allow_destroy_plan": true,
            "assessments_enabled": false,
            "auto_apply": true,
            "description": "",
            "execution_mode": "remote",
            "file_triggers_enabled": true,
            "force_delete": true,
            "global_remote_state": false,
            "html_url": "https://app.terraform.io/app/hashi_strawb_testing/workspaces/many-workspace-test-0453",
            "id": "ws-ug4ocbDy8zNGDxCm",
            "name": "many-workspace-test-0453",
            "operations": true,
            "organization": "hashi_strawb_testing",
            "project_id": "prj-8rNEinGacXMAwCr4",
            "queue_all_runs": true,
            "remote_state_consumer_ids": [],
            "resource_count": 1,
            "source_name": "",
            "source_url": "",
            "speculative_enabled": true,
            "ssh_key_id": "",
            "structured_run_output_enabled": true,
            "tag_names": [],
            "terraform_version": "1.6.2",
            "trigger_patterns": [],
            "trigger_prefixes": [
              "/modules"
            ],
            "vcs_repo": [
              {
                "branch": "",
                "github_app_installation_id": "ghain-3JcBMQW48TPfPn4f",
                "identifier": "hashi-strawb/tfc-big-monorepo-test",
                "ingress_submodules": false,
                "oauth_token_id": "",
                "tags_regex": ""
              }
            ],
            "working_directory": "workspaces/"
          },
          "sensitive_attributes": [],
          "private": "eyJzY2hlbWFfdmVyc2lvbiI6IjEifQ=="
        },
        {
          "index_key": 454,
          "schema_version": 1,
          "attributes": {
            "agent_pool_id": "",
            "allow_destroy_plan": true,
            "assessments_enabled": false,
            "auto_apply": true,
            "description": "",
            "execution_mode": "remote",
            "file_triggers_enabled": true,
            "force_delete": true,
            "global_remote_state": false,
            "html_url": "https://app.terraform.io/app/hashi_strawb_testing/workspaces/many-workspace-test-0454",
            "id": "ws-WGJVZZaiFFzJLtxi",
            "name": "many-workspace-test-0454",
            "operations": true,
            "organization": "hashi_strawb_testing",
            "project_id": "prj-8rNEinGacXMAwCr4",
            "queue_all_runs": true,
            "remote_state_consumer_ids": [],
            "resource_count": 1,
            "source_name": "",
            "source_url": "",
            "speculative_enabled": true,
            "ssh_key_id": "",
            "structured_run_output_enabled": true,
            "tag_names": [],
            "terraform_version": "1.6.2",
            "trigger_patterns": [],
            "trigger_prefixes": [
              "/modules"
            ],
            "vcs_repo": [
              {
                "branch": "",
                "github_app_installation_id": "ghain-3JcBMQW48TPfPn4f",
                "identifier": "hashi-strawb/tfc-big-monorepo-test",
                "ingress_submodules": false,
                "oauth_token_id": "",
                "tags_regex": ""
              }
            ],
            "working_directory": "workspaces/"
          },
          "sensitive_attributes": [],
          "private": "eyJzY2hlbWFfdmVyc2lvbiI6IjEifQ=="
        },
        {
          "index_key": 455,
          "schema_version": 1,
          "attributes": {
            "agent_pool_id": "",
            "allow_destroy_plan": true,
            "assessments_enabled": false,
            "auto_apply": true,
            "description": "",
            "execution_mode": "remote",
            "file_triggers_enabled": true,
            "force_delete": true,
            "global_remote_state": false,
            "html_url": "https://app.terraform.io/app/hashi_strawb_testing/workspaces/many-workspace-test-0455",
            "id": "ws-kL54AEkvAXhn47gT",
            "name": "many-workspace-test-0455",
            "operations": true,
            "organization": "hashi_strawb_testing",
            "project_id": "prj-8rNEinGacXMAwCr4",
            "queue_all_runs": true,
            "remote_state_consumer_ids": [],
            "resource_count": 0,
            "source_name": "",
            "source_url": "",
            "speculative_enabled": true,
            "ssh_key_id": "",
            "structured_run_output_enabled": true,
            "tag_names": [],
            "terraform_version": "1.6.2",
            "trigger_patterns": [],
            "trigger_prefixes": [
              "/modules"
            ],
            "vcs_repo": [
              {
                "branch": "",
                "github_app_installation_id": "ghain-3JcBMQW48TPfPn4f",
                "identifier": "hashi-strawb/tfc-big-monorepo-test",
                "ingress_submodules": false,
                "oauth_token_id": "",
                "tags_regex": ""
              }
            ],
            "working_directory": "workspaces/"
          },
          "sensitive_attributes": [],
          "private": "eyJzY2hlbWFfdmVyc2lvbiI6IjEifQ=="
        },
        {
          "index_key": 456,
          "schema_version": 1,
          "attributes": {
            "agent_pool_id": "",
            "allow_destroy_plan": true,
            "assessments_enabled": false,
            "auto_apply": true,
            "description": "",
            "execution_mode": "remote",
            "file_triggers_enabled": true,
            "force_delete": true,
            "global_remote_state": false,
            "html_url": "https://app.terraform.io/app/hashi_strawb_testing/workspaces/many-workspace-test-0456",
            "id": "ws-b3isU5Y7S7Bwxdq2",
            "name": "many-workspace-test-0456",
            "operations": true,
            "organization": "hashi_strawb_testing",
            "project_id": "prj-8rNEinGacXMAwCr4",
            "queue_all_runs": true,
            "remote_state_consumer_ids": [],
            "resource_count": 0,
            "source_name": "",
            "source_url": "",
            "speculative_enabled": true,
            "ssh_key_id": "",
            "structured_run_output_enabled": true,
            "tag_names": [],
            "terraform_version": "1.6.2",
            "trigger_patterns": [],
            "trigger_prefixes": [
              "/modules"
            ],
            "vcs_repo": [
              {
                "branch": "",
                "github_app_installation_id": "ghain-3JcBMQW48TPfPn4f",
                "identifier": "hashi-strawb/tfc-big-monorepo-test",
                "ingress_submodules": false,
                "oauth_token_id": "",
                "tags_regex": ""
              }
            ],
            "working_directory": "workspaces/"
          },
          "sensitive_attributes": [],
          "private": "eyJzY2hlbWFfdmVyc2lvbiI6IjEifQ=="
        },
        {
          "index_key": 457,
          "schema_version": 1,
          "attributes": {
            "agent_pool_id": "",
            "allow_destroy_plan": true,
            "assessments_enabled": false,
            "auto_apply": true,
            "description": "",
            "execution_mode": "remote",
            "file_triggers_enabled": true,
            "force_delete": true,
            "global_remote_state": false,
            "html_url": "https://app.terraform.io/app/hashi_strawb_testing/workspaces/many-workspace-test-0457",
            "id": "ws-4DewhvVLHVMTcAPW",
            "name": "many-workspace-test-0457",
            "operations": true,
            "organization": "hashi_strawb_testing",
            "project_id": "prj-8rNEinGacXMAwCr4",
            "queue_all_runs": true,
            "remote_state_consumer_ids": [],
            "resource_count": 0,
            "source_name": "",
            "source_url": "",
            "speculative_enabled": true,
            "ssh_key_id": "",
            "structured_run_output_enabled": true,
            "tag_names": [],
            "terraform_version": "1.6.2",
            "trigger_patterns": [],
            "trigger_prefixes": [
              "/modules"
            ],
            "vcs_repo": [
              {
                "branch": "",
                "github_app_installation_id": "ghain-3JcBMQW48TPfPn4f",
                "identifier": "hashi-strawb/tfc-big-monorepo-test",
                "ingress_submodules": false,
                "oauth_token_id": "",
                "tags_regex": ""
              }
            ],
            "working_directory": "workspaces/"
          },
          "sensitive_attributes": [],
          "private": "eyJzY2hlbWFfdmVyc2lvbiI6IjEifQ=="
        },
        {
          "index_key": 458,
          "schema_version": 1,
          "attributes": {
            "agent_pool_id": "",
            "allow_destroy_plan": true,
            "assessments_enabled": false,
            "auto_apply": true,
            "description": "",
            "execution_mode": "remote",
            "file_triggers_enabled": true,
            "force_delete": true,
            "global_remote_state": false,
            "html_url": "https://app.terraform.io/app/hashi_strawb_testing/workspaces/many-workspace-test-0458",
            "id": "ws-C7yoBPfp6wuW4n7b",
            "name": "many-workspace-test-0458",
            "operations": true,
            "organization": "hashi_strawb_testing",
            "project_id": "prj-8rNEinGacXMAwCr4",
            "queue_all_runs": true,
            "remote_state_consumer_ids": [],
            "resource_count": 1,
            "source_name": "",
            "source_url": "",
            "speculative_enabled": true,
            "ssh_key_id": "",
            "structured_run_output_enabled": true,
            "tag_names": [],
            "terraform_version": "1.6.2",
            "trigger_patterns": [],
            "trigger_prefixes": [
              "/modules"
            ],
            "vcs_repo": [
              {
                "branch": "",
                "github_app_installation_id": "ghain-3JcBMQW48TPfPn4f",
                "identifier": "hashi-strawb/tfc-big-monorepo-test",
                "ingress_submodules": false,
                "oauth_token_id": "",
                "tags_regex": ""
              }
            ],
            "working_directory": "workspaces/"
          },
          "sensitive_attributes": [],
          "private": "eyJzY2hlbWFfdmVyc2lvbiI6IjEifQ=="
        },
        {
          "index_key": 459,
          "schema_version": 1,
          "attributes": {
            "agent_pool_id": "",
            "allow_destroy_plan": true,
            "assessments_enabled": false,
            "auto_apply": true,
            "description": "",
            "execution_mode": "remote",
            "file_triggers_enabled": true,
            "force_delete": true,
            "global_remote_state": false,
            "html_url": "https://app.terraform.io/app/hashi_strawb_testing/workspaces/many-workspace-test-0459",
            "id": "ws-3BgoS7rP5ALB4sWH",
            "name": "many-workspace-test-0459",
            "operations": true,
            "organization": "hashi_strawb_testing",
            "project_id": "prj-8rNEinGacXMAwCr4",
            "queue_all_runs": true,
            "remote_state_consumer_ids": [],
            "resource_count": 0,
            "source_name": "",
            "source_url": "",
            "speculative_enabled": true,
            "ssh_key_id": "",
            "structured_run_output_enabled": true,
            "tag_names": [],
            "terraform_version": "1.6.2",
            "trigger_patterns": [],
            "trigger_prefixes": [
              "/modules"
            ],
            "vcs_repo": [
              {
                "branch": "",
                "github_app_installation_id": "ghain-3JcBMQW48TPfPn4f",
                "identifier": "hashi-strawb/tfc-big-monorepo-test",
                "ingress_submodules": false,
                "oauth_token_id": "",
                "tags_regex": ""
              }
            ],
            "working_directory": "workspaces/"
          },
          "sensitive_attributes": [],
          "private": "eyJzY2hlbWFfdmVyc2lvbiI6IjEifQ=="
        },
        {
          "index_key": 460,
          "schema_version": 1,
          "attributes": {
            "agent_pool_id": "",
            "allow_destroy_plan": true,
            "assessments_enabled": false,
            "auto_apply": true,
            "description": "",
            "execution_mode": "remote",
            "file_triggers_enabled": true,
            "force_delete": true,
            "global_remote_state": false,
            "html_url": "https://app.terraform.io/app/hashi_strawb_testing/workspaces/many-workspace-test-0460",
            "id": "ws-1Aeufr59nBuBJW1K",
            "name": "many-workspace-test-0460",
            "operations": true,
            "organization": "hashi_strawb_testing",
            "project_id": "prj-8rNEinGacXMAwCr4",
            "queue_all_runs": true,
            "remote_state_consumer_ids": [],
            "resource_count": 1,
            "source_name": "",
            "source_url": "",
            "speculative_enabled": true,
            "ssh_key_id": "",
            "structured_run_output_enabled": true,
            "tag_names": [],
            "terraform_version": "1.6.2",
            "trigger_patterns": [],
            "trigger_prefixes": [
              "/modules"
            ],
            "vcs_repo": [
              {
                "branch": "",
                "github_app_installation_id": "ghain-3JcBMQW48TPfPn4f",
                "identifier": "hashi-strawb/tfc-big-monorepo-test",
                "ingress_submodules": false,
                "oauth_token_id": "",
                "tags_regex": ""
              }
            ],
            "working_directory": "workspaces/"
          },
          "sensitive_attributes": [],
          "private": "eyJzY2hlbWFfdmVyc2lvbiI6IjEifQ=="
        },
        {
          "index_key": 461,
          "schema_version": 1,
          "attributes": {
            "agent_pool_id": "",
            "allow_destroy_plan": true,
            "assessments_enabled": false,
            "auto_apply": true,
            "description": "",
            "execution_mode": "remote",
            "file_triggers_enabled": true,
            "force_delete": true,
            "global_remote_state": false,
            "html_url": "https://app.terraform.io/app/hashi_strawb_testing/workspaces/many-workspace-test-0461",
            "id": "ws-hhbHbsAwz1ZfGt6E",
            "name": "many-workspace-test-0461",
            "operations": true,
            "organization": "hashi_strawb_testing",
            "project_id": "prj-8rNEinGacXMAwCr4",
            "queue_all_runs": true,
            "remote_state_consumer_ids": [],
            "resource_count": 0,
            "source_name": "",
            "source_url": "",
            "speculative_enabled": true,
            "ssh_key_id": "",
            "structured_run_output_enabled": true,
            "tag_names": [],
            "terraform_version": "1.6.2",
            "trigger_patterns": [],
            "trigger_prefixes": [
              "/modules"
            ],
            "vcs_repo": [
              {
                "branch": "",
                "github_app_installation_id": "ghain-3JcBMQW48TPfPn4f",
                "identifier": "hashi-strawb/tfc-big-monorepo-test",
                "ingress_submodules": false,
                "oauth_token_id": "",
                "tags_regex": ""
              }
            ],
            "working_directory": "workspaces/"
          },
          "sensitive_attributes": [],
          "private": "eyJzY2hlbWFfdmVyc2lvbiI6IjEifQ=="
        },
        {
          "index_key": 462,
          "schema_version": 1,
          "attributes": {
            "agent_pool_id": "",
            "allow_destroy_plan": true,
            "assessments_enabled": false,
            "auto_apply": true,
            "description": "",
            "execution_mode": "remote",
            "file_triggers_enabled": true,
            "force_delete": true,
            "global_remote_state": false,
            "html_url": "https://app.terraform.io/app/hashi_strawb_testing/workspaces/many-workspace-test-0462",
            "id": "ws-VZdFMGUH31YjZMS4",
            "name": "many-workspace-test-0462",
            "operations": true,
            "organization": "hashi_strawb_testing",
            "project_id": "prj-8rNEinGacXMAwCr4",
            "queue_all_runs": true,
            "remote_state_consumer_ids": [],
            "resource_count": 1,
            "source_name": "",
            "source_url": "",
            "speculative_enabled": true,
            "ssh_key_id": "",
            "structured_run_output_enabled": true,
            "tag_names": [],
            "terraform_version": "1.6.2",
            "trigger_patterns": [],
            "trigger_prefixes": [
              "/modules"
            ],
            "vcs_repo": [
              {
                "branch": "",
                "github_app_installation_id": "ghain-3JcBMQW48TPfPn4f",
                "identifier": "hashi-strawb/tfc-big-monorepo-test",
                "ingress_submodules": false,
                "oauth_token_id": "",
                "tags_regex": ""
              }
            ],
            "working_directory": "workspaces/"
          },
          "sensitive_attributes": [],
          "private": "eyJzY2hlbWFfdmVyc2lvbiI6IjEifQ=="
        },
        {
          "index_key": 463,
          "schema_version": 1,
          "attributes": {
            "agent_pool_id": "",
            "allow_destroy_plan": true,
            "assessments_enabled": false,
            "auto_apply": true,
            "description": "",
            "execution_mode": "remote",
            "file_triggers_enabled": true,
            "force_delete": true,
            "global_remote_state": false,
            "html_url": "https://app.terraform.io/app/hashi_strawb_testing/workspaces/many-workspace-test-0463",
            "id": "ws-PQLcNdCbTipqoH6g",
            "name": "many-workspace-test-0463",
            "operations": true,
            "organization": "hashi_strawb_testing",
            "project_id": "prj-8rNEinGacXMAwCr4",
            "queue_all_runs": true,
            "remote_state_consumer_ids": [],
            "resource_count": 1,
            "source_name": "",
            "source_url": "",
            "speculative_enabled": true,
            "ssh_key_id": "",
            "structured_run_output_enabled": true,
            "tag_names": [],
            "terraform_version": "1.6.2",
            "trigger_patterns": [],
            "trigger_prefixes": [
              "/modules"
            ],
            "vcs_repo": [
              {
                "branch": "",
                "github_app_installation_id": "ghain-3JcBMQW48TPfPn4f",
                "identifier": "hashi-strawb/tfc-big-monorepo-test",
                "ingress_submodules": false,
                "oauth_token_id": "",
                "tags_regex": ""
              }
            ],
            "working_directory": "workspaces/"
          },
          "sensitive_attributes": [],
          "private": "eyJzY2hlbWFfdmVyc2lvbiI6IjEifQ=="
        },
        {
          "index_key": 464,
          "schema_version": 1,
          "attributes": {
            "agent_pool_id": "",
            "allow_destroy_plan": true,
            "assessments_enabled": false,
            "auto_apply": true,
            "description": "",
            "execution_mode": "remote",
            "file_triggers_enabled": true,
            "force_delete": true,
            "global_remote_state": false,
            "html_url": "https://app.terraform.io/app/hashi_strawb_testing/workspaces/many-workspace-test-0464",
            "id": "ws-ubbYtwJBXUXsxQrJ",
            "name": "many-workspace-test-0464",
            "operations": true,
            "organization": "hashi_strawb_testing",
            "project_id": "prj-8rNEinGacXMAwCr4",
            "queue_all_runs": true,
            "remote_state_consumer_ids": [],
            "resource_count": 0,
            "source_name": "",
            "source_url": "",
            "speculative_enabled": true,
            "ssh_key_id": "",
            "structured_run_output_enabled": true,
            "tag_names": [],
            "terraform_version": "1.6.2",
            "trigger_patterns": [],
            "trigger_prefixes": [
              "/modules"
            ],
            "vcs_repo": [
              {
                "branch": "",
                "github_app_installation_id": "ghain-3JcBMQW48TPfPn4f",
                "identifier": "hashi-strawb/tfc-big-monorepo-test",
                "ingress_submodules": false,
                "oauth_token_id": "",
                "tags_regex": ""
              }
            ],
            "working_directory": "workspaces/"
          },
          "sensitive_attributes": [],
          "private": "eyJzY2hlbWFfdmVyc2lvbiI6IjEifQ=="
        },
        {
          "index_key": 465,
          "schema_version": 1,
          "attributes": {
            "agent_pool_id": "",
            "allow_destroy_plan": true,
            "assessments_enabled": false,
            "auto_apply": true,
            "description": "",
            "execution_mode": "remote",
            "file_triggers_enabled": true,
            "force_delete": true,
            "global_remote_state": false,
            "html_url": "https://app.terraform.io/app/hashi_strawb_testing/workspaces/many-workspace-test-0465",
            "id": "ws-x4MPyvduhEMPa2c8",
            "name": "many-workspace-test-0465",
            "operations": true,
            "organization": "hashi_strawb_testing",
            "project_id": "prj-8rNEinGacXMAwCr4",
            "queue_all_runs": true,
            "remote_state_consumer_ids": [],
            "resource_count": 0,
            "source_name": "",
            "source_url": "",
            "speculative_enabled": true,
            "ssh_key_id": "",
            "structured_run_output_enabled": true,
            "tag_names": [],
            "terraform_version": "1.6.2",
            "trigger_patterns": [],
            "trigger_prefixes": [
              "/modules"
            ],
            "vcs_repo": [
              {
                "branch": "",
                "github_app_installation_id": "ghain-3JcBMQW48TPfPn4f",
                "identifier": "hashi-strawb/tfc-big-monorepo-test",
                "ingress_submodules": false,
                "oauth_token_id": "",
                "tags_regex": ""
              }
            ],
            "working_directory": "workspaces/"
          },
          "sensitive_attributes": [],
          "private": "eyJzY2hlbWFfdmVyc2lvbiI6IjEifQ=="
        },
        {
          "index_key": 466,
          "schema_version": 1,
          "attributes": {
            "agent_pool_id": "",
            "allow_destroy_plan": true,
            "assessments_enabled": false,
            "auto_apply": true,
            "description": "",
            "execution_mode": "remote",
            "file_triggers_enabled": true,
            "force_delete": true,
            "global_remote_state": false,
            "html_url": "https://app.terraform.io/app/hashi_strawb_testing/workspaces/many-workspace-test-0466",
            "id": "ws-18Vgv5rfrDxupsgc",
            "name": "many-workspace-test-0466",
            "operations": true,
            "organization": "hashi_strawb_testing",
            "project_id": "prj-8rNEinGacXMAwCr4",
            "queue_all_runs": true,
            "remote_state_consumer_ids": [],
            "resource_count": 0,
            "source_name": "",
            "source_url": "",
            "speculative_enabled": true,
            "ssh_key_id": "",
            "structured_run_output_enabled": true,
            "tag_names": [],
            "terraform_version": "1.6.2",
            "trigger_patterns": [],
            "trigger_prefixes": [
              "/modules"
            ],
            "vcs_repo": [
              {
                "branch": "",
                "github_app_installation_id": "ghain-3JcBMQW48TPfPn4f",
                "identifier": "hashi-strawb/tfc-big-monorepo-test",
                "ingress_submodules": false,
                "oauth_token_id": "",
                "tags_regex": ""
              }
            ],
            "working_directory": "workspaces/"
          },
          "sensitive_attributes": [],
          "private": "eyJzY2hlbWFfdmVyc2lvbiI6IjEifQ=="
        },
        {
          "index_key": 467,
          "schema_version": 1,
          "attributes": {
            "agent_pool_id": "",
            "allow_destroy_plan": true,
            "assessments_enabled": false,
            "auto_apply": true,
            "description": "",
            "execution_mode": "remote",
            "file_triggers_enabled": true,
            "force_delete": true,
            "global_remote_state": false,
            "html_url": "https://app.terraform.io/app/hashi_strawb_testing/workspaces/many-workspace-test-0467",
            "id": "ws-KbYsYAKGs1fQCsa8",
            "name": "many-workspace-test-0467",
            "operations": true,
            "organization": "hashi_strawb_testing",
            "project_id": "prj-8rNEinGacXMAwCr4",
            "queue_all_runs": true,
            "remote_state_consumer_ids": [],
            "resource_count": 0,
            "source_name": "",
            "source_url": "",
            "speculative_enabled": true,
            "ssh_key_id": "",
            "structured_run_output_enabled": true,
            "tag_names": [],
            "terraform_version": "1.6.2",
            "trigger_patterns": [],
            "trigger_prefixes": [
              "/modules"
            ],
            "vcs_repo": [
              {
                "branch": "",
                "github_app_installation_id": "ghain-3JcBMQW48TPfPn4f",
                "identifier": "hashi-strawb/tfc-big-monorepo-test",
                "ingress_submodules": false,
                "oauth_token_id": "",
                "tags_regex": ""
              }
            ],
            "working_directory": "workspaces/"
          },
          "sensitive_attributes": [],
          "private": "eyJzY2hlbWFfdmVyc2lvbiI6IjEifQ=="
        },
        {
          "index_key": 468,
          "schema_version": 1,
          "attributes": {
            "agent_pool_id": "",
            "allow_destroy_plan": true,
            "assessments_enabled": false,
            "auto_apply": true,
            "description": "",
            "execution_mode": "remote",
            "file_triggers_enabled": true,
            "force_delete": true,
            "global_remote_state": false,
            "html_url": "https://app.terraform.io/app/hashi_strawb_testing/workspaces/many-workspace-test-0468",
            "id": "ws-1ondYJ15APPtAv6x",
            "name": "many-workspace-test-0468",
            "operations": true,
            "organization": "hashi_strawb_testing",
            "project_id": "prj-8rNEinGacXMAwCr4",
            "queue_all_runs": true,
            "remote_state_consumer_ids": [],
            "resource_count": 0,
            "source_name": "",
            "source_url": "",
            "speculative_enabled": true,
            "ssh_key_id": "",
            "structured_run_output_enabled": true,
            "tag_names": [],
            "terraform_version": "1.6.2",
            "trigger_patterns": [],
            "trigger_prefixes": [
              "/modules"
            ],
            "vcs_repo": [
              {
                "branch": "",
                "github_app_installation_id": "ghain-3JcBMQW48TPfPn4f",
                "identifier": "hashi-strawb/tfc-big-monorepo-test",
                "ingress_submodules": false,
                "oauth_token_id": "",
                "tags_regex": ""
              }
            ],
            "working_directory": "workspaces/"
          },
          "sensitive_attributes": [],
          "private": "eyJzY2hlbWFfdmVyc2lvbiI6IjEifQ=="
        },
        {
          "index_key": 469,
          "schema_version": 1,
          "attributes": {
            "agent_pool_id": "",
            "allow_destroy_plan": true,
            "assessments_enabled": false,
            "auto_apply": true,
            "description": "",
            "execution_mode": "remote",
            "file_triggers_enabled": true,
            "force_delete": true,
            "global_remote_state": false,
            "html_url": "https://app.terraform.io/app/hashi_strawb_testing/workspaces/many-workspace-test-0469",
            "id": "ws-L4aLyAMgARsS1s8v",
            "name": "many-workspace-test-0469",
            "operations": true,
            "organization": "hashi_strawb_testing",
            "project_id": "prj-8rNEinGacXMAwCr4",
            "queue_all_runs": true,
            "remote_state_consumer_ids": [],
            "resource_count": 0,
            "source_name": "",
            "source_url": "",
            "speculative_enabled": true,
            "ssh_key_id": "",
            "structured_run_output_enabled": true,
            "tag_names": [],
            "terraform_version": "1.6.2",
            "trigger_patterns": [],
            "trigger_prefixes": [
              "/modules"
            ],
            "vcs_repo": [
              {
                "branch": "",
                "github_app_installation_id": "ghain-3JcBMQW48TPfPn4f",
                "identifier": "hashi-strawb/tfc-big-monorepo-test",
                "ingress_submodules": false,
                "oauth_token_id": "",
                "tags_regex": ""
              }
            ],
            "working_directory": "workspaces/"
          },
          "sensitive_attributes": [],
          "private": "eyJzY2hlbWFfdmVyc2lvbiI6IjEifQ=="
        },
        {
          "index_key": 470,
          "schema_version": 1,
          "attributes": {
            "agent_pool_id": "",
            "allow_destroy_plan": true,
            "assessments_enabled": false,
            "auto_apply": true,
            "description": "",
            "execution_mode": "remote",
            "file_triggers_enabled": true,
            "force_delete": true,
            "global_remote_state": false,
            "html_url": "https://app.terraform.io/app/hashi_strawb_testing/workspaces/many-workspace-test-0470",
            "id": "ws-Db45nYGFehHkM63L",
            "name": "many-workspace-test-0470",
            "operations": true,
            "organization": "hashi_strawb_testing",
            "project_id": "prj-8rNEinGacXMAwCr4",
            "queue_all_runs": true,
            "remote_state_consumer_ids": [],
            "resource_count": 0,
            "source_name": "",
            "source_url": "",
            "speculative_enabled": true,
            "ssh_key_id": "",
            "structured_run_output_enabled": true,
            "tag_names": [],
            "terraform_version": "1.6.2",
            "trigger_patterns": [],
            "trigger_prefixes": [
              "/modules"
            ],
            "vcs_repo": [
              {
                "branch": "",
                "github_app_installation_id": "ghain-3JcBMQW48TPfPn4f",
                "identifier": "hashi-strawb/tfc-big-monorepo-test",
                "ingress_submodules": false,
                "oauth_token_id": "",
                "tags_regex": ""
              }
            ],
            "working_directory": "workspaces/"
          },
          "sensitive_attributes": [],
          "private": "eyJzY2hlbWFfdmVyc2lvbiI6IjEifQ=="
        },
        {
          "index_key": 471,
          "schema_version": 1,
          "attributes": {
            "agent_pool_id": "",
            "allow_destroy_plan": true,
            "assessments_enabled": false,
            "auto_apply": true,
            "description": "",
            "execution_mode": "remote",
            "file_triggers_enabled": true,
            "force_delete": true,
            "global_remote_state": false,
            "html_url": "https://app.terraform.io/app/hashi_strawb_testing/workspaces/many-workspace-test-0471",
            "id": "ws-Fx9sbzME8cHETtuN",
            "name": "many-workspace-test-0471",
            "operations": true,
            "organization": "hashi_strawb_testing",
            "project_id": "prj-8rNEinGacXMAwCr4",
            "queue_all_runs": true,
            "remote_state_consumer_ids": [],
            "resource_count": 1,
            "source_name": "",
            "source_url": "",
            "speculative_enabled": true,
            "ssh_key_id": "",
            "structured_run_output_enabled": true,
            "tag_names": [],
            "terraform_version": "1.6.2",
            "trigger_patterns": [],
            "trigger_prefixes": [
              "/modules"
            ],
            "vcs_repo": [
              {
                "branch": "",
                "github_app_installation_id": "ghain-3JcBMQW48TPfPn4f",
                "identifier": "hashi-strawb/tfc-big-monorepo-test",
                "ingress_submodules": false,
                "oauth_token_id": "",
                "tags_regex": ""
              }
            ],
            "working_directory": "workspaces/"
          },
          "sensitive_attributes": [],
          "private": "eyJzY2hlbWFfdmVyc2lvbiI6IjEifQ=="
        },
        {
          "index_key": 472,
          "schema_version": 1,
          "attributes": {
            "agent_pool_id": "",
            "allow_destroy_plan": true,
            "assessments_enabled": false,
            "auto_apply": true,
            "description": "",
            "execution_mode": "remote",
            "file_triggers_enabled": true,
            "force_delete": true,
            "global_remote_state": false,
            "html_url": "https://app.terraform.io/app/hashi_strawb_testing/workspaces/many-workspace-test-0472",
            "id": "ws-m2otHcZ7dQqtCNhu",
            "name": "many-workspace-test-0472",
            "operations": true,
            "organization": "hashi_strawb_testing",
            "project_id": "prj-8rNEinGacXMAwCr4",
            "queue_all_runs": true,
            "remote_state_consumer_ids": [],
            "resource_count": 1,
            "source_name": "",
            "source_url": "",
            "speculative_enabled": true,
            "ssh_key_id": "",
            "structured_run_output_enabled": true,
            "tag_names": [],
            "terraform_version": "1.6.2",
            "trigger_patterns": [],
            "trigger_prefixes": [
              "/modules"
            ],
            "vcs_repo": [
              {
                "branch": "",
                "github_app_installation_id": "ghain-3JcBMQW48TPfPn4f",
                "identifier": "hashi-strawb/tfc-big-monorepo-test",
                "ingress_submodules": false,
                "oauth_token_id": "",
                "tags_regex": ""
              }
            ],
            "working_directory": "workspaces/"
          },
          "sensitive_attributes": [],
          "private": "eyJzY2hlbWFfdmVyc2lvbiI6IjEifQ=="
        },
        {
          "index_key": 473,
          "schema_version": 1,
          "attributes": {
            "agent_pool_id": "",
            "allow_destroy_plan": true,
            "assessments_enabled": false,
            "auto_apply": true,
            "description": "",
            "execution_mode": "remote",
            "file_triggers_enabled": true,
            "force_delete": true,
            "global_remote_state": false,
            "html_url": "https://app.terraform.io/app/hashi_strawb_testing/workspaces/many-workspace-test-0473",
            "id": "ws-ufyvkCiVbbmyN9SV",
            "name": "many-workspace-test-0473",
            "operations": true,
            "organization": "hashi_strawb_testing",
            "project_id": "prj-8rNEinGacXMAwCr4",
            "queue_all_runs": true,
            "remote_state_consumer_ids": [],
            "resource_count": 0,
            "source_name": "",
            "source_url": "",
            "speculative_enabled": true,
            "ssh_key_id": "",
            "structured_run_output_enabled": true,
            "tag_names": [],
            "terraform_version": "1.6.2",
            "trigger_patterns": [],
            "trigger_prefixes": [
              "/modules"
            ],
            "vcs_repo": [
              {
                "branch": "",
                "github_app_installation_id": "ghain-3JcBMQW48TPfPn4f",
                "identifier": "hashi-strawb/tfc-big-monorepo-test",
                "ingress_submodules": false,
                "oauth_token_id": "",
                "tags_regex": ""
              }
            ],
            "working_directory": "workspaces/"
          },
          "sensitive_attributes": [],
          "private": "eyJzY2hlbWFfdmVyc2lvbiI6IjEifQ=="
        },
        {
          "index_key": 474,
          "schema_version": 1,
          "attributes": {
            "agent_pool_id": "",
            "allow_destroy_plan": true,
            "assessments_enabled": false,
            "auto_apply": true,
            "description": "",
            "execution_mode": "remote",
            "file_triggers_enabled": true,
            "force_delete": true,
            "global_remote_state": false,
            "html_url": "https://app.terraform.io/app/hashi_strawb_testing/workspaces/many-workspace-test-0474",
            "id": "ws-9DSxD1J9GsqyPH43",
            "name": "many-workspace-test-0474",
            "operations": true,
            "organization": "hashi_strawb_testing",
            "project_id": "prj-8rNEinGacXMAwCr4",
            "queue_all_runs": true,
            "remote_state_consumer_ids": [],
            "resource_count": 0,
            "source_name": "",
            "source_url": "",
            "speculative_enabled": true,
            "ssh_key_id": "",
            "structured_run_output_enabled": true,
            "tag_names": [],
            "terraform_version": "1.6.2",
            "trigger_patterns": [],
            "trigger_prefixes": [
              "/modules"
            ],
            "vcs_repo": [
              {
                "branch": "",
                "github_app_installation_id": "ghain-3JcBMQW48TPfPn4f",
                "identifier": "hashi-strawb/tfc-big-monorepo-test",
                "ingress_submodules": false,
                "oauth_token_id": "",
                "tags_regex": ""
              }
            ],
            "working_directory": "workspaces/"
          },
          "sensitive_attributes": [],
          "private": "eyJzY2hlbWFfdmVyc2lvbiI6IjEifQ=="
        },
        {
          "index_key": 475,
          "schema_version": 1,
          "attributes": {
            "agent_pool_id": "",
            "allow_destroy_plan": true,
            "assessments_enabled": false,
            "auto_apply": true,
            "description": "",
            "execution_mode": "remote",
            "file_triggers_enabled": true,
            "force_delete": true,
            "global_remote_state": false,
            "html_url": "https://app.terraform.io/app/hashi_strawb_testing/workspaces/many-workspace-test-0475",
            "id": "ws-JZngj49ke15SbqLz",
            "name": "many-workspace-test-0475",
            "operations": true,
            "organization": "hashi_strawb_testing",
            "project_id": "prj-8rNEinGacXMAwCr4",
            "queue_all_runs": true,
            "remote_state_consumer_ids": [],
            "resource_count": 0,
            "source_name": "",
            "source_url": "",
            "speculative_enabled": true,
            "ssh_key_id": "",
            "structured_run_output_enabled": true,
            "tag_names": [],
            "terraform_version": "1.6.2",
            "trigger_patterns": [],
            "trigger_prefixes": [
              "/modules"
            ],
            "vcs_repo": [
              {
                "branch": "",
                "github_app_installation_id": "ghain-3JcBMQW48TPfPn4f",
                "identifier": "hashi-strawb/tfc-big-monorepo-test",
                "ingress_submodules": false,
                "oauth_token_id": "",
                "tags_regex": ""
              }
            ],
            "working_directory": "workspaces/"
          },
          "sensitive_attributes": [],
          "private": "eyJzY2hlbWFfdmVyc2lvbiI6IjEifQ=="
        },
        {
          "index_key": 476,
          "schema_version": 1,
          "attributes": {
            "agent_pool_id": "",
            "allow_destroy_plan": true,
            "assessments_enabled": false,
            "auto_apply": true,
            "description": "",
            "execution_mode": "remote",
            "file_triggers_enabled": true,
            "force_delete": true,
            "global_remote_state": false,
            "html_url": "https://app.terraform.io/app/hashi_strawb_testing/workspaces/many-workspace-test-0476",
            "id": "ws-LoAAExDNia8MABr7",
            "name": "many-workspace-test-0476",
            "operations": true,
            "organization": "hashi_strawb_testing",
            "project_id": "prj-8rNEinGacXMAwCr4",
            "queue_all_runs": true,
            "remote_state_consumer_ids": [],
            "resource_count": 0,
            "source_name": "",
            "source_url": "",
            "speculative_enabled": true,
            "ssh_key_id": "",
            "structured_run_output_enabled": true,
            "tag_names": [],
            "terraform_version": "1.6.2",
            "trigger_patterns": [],
            "trigger_prefixes": [
              "/modules"
            ],
            "vcs_repo": [
              {
                "branch": "",
                "github_app_installation_id": "ghain-3JcBMQW48TPfPn4f",
                "identifier": "hashi-strawb/tfc-big-monorepo-test",
                "ingress_submodules": false,
                "oauth_token_id": "",
                "tags_regex": ""
              }
            ],
            "working_directory": "workspaces/"
          },
          "sensitive_attributes": [],
          "private": "eyJzY2hlbWFfdmVyc2lvbiI6IjEifQ=="
        },
        {
          "index_key": 477,
          "schema_version": 1,
          "attributes": {
            "agent_pool_id": "",
            "allow_destroy_plan": true,
            "assessments_enabled": false,
            "auto_apply": true,
            "description": "",
            "execution_mode": "remote",
            "file_triggers_enabled": true,
            "force_delete": true,
            "global_remote_state": false,
            "html_url": "https://app.terraform.io/app/hashi_strawb_testing/workspaces/many-workspace-test-0477",
            "id": "ws-Jc21CvErze2U4Pxa",
            "name": "many-workspace-test-0477",
            "operations": true,
            "organization": "hashi_strawb_testing",
            "project_id": "prj-8rNEinGacXMAwCr4",
            "queue_all_runs": true,
            "remote_state_consumer_ids": [],
            "resource_count": 0,
            "source_name": "",
            "source_url": "",
            "speculative_enabled": true,
            "ssh_key_id": "",
            "structured_run_output_enabled": true,
            "tag_names": [],
            "terraform_version": "1.6.2",
            "trigger_patterns": [],
            "trigger_prefixes": [
              "/modules"
            ],
            "vcs_repo": [
              {
                "branch": "",
                "github_app_installation_id": "ghain-3JcBMQW48TPfPn4f",
                "identifier": "hashi-strawb/tfc-big-monorepo-test",
                "ingress_submodules": false,
                "oauth_token_id": "",
                "tags_regex": ""
              }
            ],
            "working_directory": "workspaces/"
          },
          "sensitive_attributes": [],
          "private": "eyJzY2hlbWFfdmVyc2lvbiI6IjEifQ=="
        },
        {
          "index_key": 478,
          "schema_version": 1,
          "attributes": {
            "agent_pool_id": "",
            "allow_destroy_plan": true,
            "assessments_enabled": false,
            "auto_apply": true,
            "description": "",
            "execution_mode": "remote",
            "file_triggers_enabled": true,
            "force_delete": true,
            "global_remote_state": false,
            "html_url": "https://app.terraform.io/app/hashi_strawb_testing/workspaces/many-workspace-test-0478",
            "id": "ws-6H4hqwyaSvi1vffs",
            "name": "many-workspace-test-0478",
            "operations": true,
            "organization": "hashi_strawb_testing",
            "project_id": "prj-8rNEinGacXMAwCr4",
            "queue_all_runs": true,
            "remote_state_consumer_ids": [],
            "resource_count": 0,
            "source_name": "",
            "source_url": "",
            "speculative_enabled": true,
            "ssh_key_id": "",
            "structured_run_output_enabled": true,
            "tag_names": [],
            "terraform_version": "1.6.2",
            "trigger_patterns": [],
            "trigger_prefixes": [
              "/modules"
            ],
            "vcs_repo": [
              {
                "branch": "",
                "github_app_installation_id": "ghain-3JcBMQW48TPfPn4f",
                "identifier": "hashi-strawb/tfc-big-monorepo-test",
                "ingress_submodules": false,
                "oauth_token_id": "",
                "tags_regex": ""
              }
            ],
            "working_directory": "workspaces/"
          },
          "sensitive_attributes": [],
          "private": "eyJzY2hlbWFfdmVyc2lvbiI6IjEifQ=="
        },
        {
          "index_key": 479,
          "schema_version": 1,
          "attributes": {
            "agent_pool_id": "",
            "allow_destroy_plan": true,
            "assessments_enabled": false,
            "auto_apply": true,
            "description": "",
            "execution_mode": "remote",
            "file_triggers_enabled": true,
            "force_delete": true,
            "global_remote_state": false,
            "html_url": "https://app.terraform.io/app/hashi_strawb_testing/workspaces/many-workspace-test-0479",
            "id": "ws-3nzB5xjPVFCwmy7F",
            "name": "many-workspace-test-0479",
            "operations": true,
            "organization": "hashi_strawb_testing",
            "project_id": "prj-8rNEinGacXMAwCr4",
            "queue_all_runs": true,
            "remote_state_consumer_ids": [],
            "resource_count": 1,
            "source_name": "",
            "source_url": "",
            "speculative_enabled": true,
            "ssh_key_id": "",
            "structured_run_output_enabled": true,
            "tag_names": [],
            "terraform_version": "1.6.2",
            "trigger_patterns": [],
            "trigger_prefixes": [
              "/modules"
            ],
            "vcs_repo": [
              {
                "branch": "",
                "github_app_installation_id": "ghain-3JcBMQW48TPfPn4f",
                "identifier": "hashi-strawb/tfc-big-monorepo-test",
                "ingress_submodules": false,
                "oauth_token_id": "",
                "tags_regex": ""
              }
            ],
            "working_directory": "workspaces/"
          },
          "sensitive_attributes": [],
          "private": "eyJzY2hlbWFfdmVyc2lvbiI6IjEifQ=="
        },
        {
          "index_key": 480,
          "schema_version": 1,
          "attributes": {
            "agent_pool_id": "",
            "allow_destroy_plan": true,
            "assessments_enabled": false,
            "auto_apply": true,
            "description": "",
            "execution_mode": "remote",
            "file_triggers_enabled": true,
            "force_delete": true,
            "global_remote_state": false,
            "html_url": "https://app.terraform.io/app/hashi_strawb_testing/workspaces/many-workspace-test-0480",
            "id": "ws-xrK6P5Mnpw6V1dud",
            "name": "many-workspace-test-0480",
            "operations": true,
            "organization": "hashi_strawb_testing",
            "project_id": "prj-8rNEinGacXMAwCr4",
            "queue_all_runs": true,
            "remote_state_consumer_ids": [],
            "resource_count": 0,
            "source_name": "",
            "source_url": "",
            "speculative_enabled": true,
            "ssh_key_id": "",
            "structured_run_output_enabled": true,
            "tag_names": [],
            "terraform_version": "1.6.2",
            "trigger_patterns": [],
            "trigger_prefixes": [
              "/modules"
            ],
            "vcs_repo": [
              {
                "branch": "",
                "github_app_installation_id": "ghain-3JcBMQW48TPfPn4f",
                "identifier": "hashi-strawb/tfc-big-monorepo-test",
                "ingress_submodules": false,
                "oauth_token_id": "",
                "tags_regex": ""
              }
            ],
            "working_directory": "workspaces/"
          },
          "sensitive_attributes": [],
          "private": "eyJzY2hlbWFfdmVyc2lvbiI6IjEifQ=="
        },
        {
          "index_key": 481,
          "schema_version": 1,
          "attributes": {
            "agent_pool_id": "",
            "allow_destroy_plan": true,
            "assessments_enabled": false,
            "auto_apply": true,
            "description": "",
            "execution_mode": "remote",
            "file_triggers_enabled": true,
            "force_delete": true,
            "global_remote_state": false,
            "html_url": "https://app.terraform.io/app/hashi_strawb_testing/workspaces/many-workspace-test-0481",
            "id": "ws-C53QHjUPDGZCQ6wu",
            "name": "many-workspace-test-0481",
            "operations": true,
            "organization": "hashi_strawb_testing",
            "project_id": "prj-8rNEinGacXMAwCr4",
            "queue_all_runs": true,
            "remote_state_consumer_ids": [],
            "resource_count": 1,
            "source_name": "",
            "source_url": "",
            "speculative_enabled": true,
            "ssh_key_id": "",
            "structured_run_output_enabled": true,
            "tag_names": [],
            "terraform_version": "1.6.2",
            "trigger_patterns": [],
            "trigger_prefixes": [
              "/modules"
            ],
            "vcs_repo": [
              {
                "branch": "",
                "github_app_installation_id": "ghain-3JcBMQW48TPfPn4f",
                "identifier": "hashi-strawb/tfc-big-monorepo-test",
                "ingress_submodules": false,
                "oauth_token_id": "",
                "tags_regex": ""
              }
            ],
            "working_directory": "workspaces/"
          },
          "sensitive_attributes": [],
          "private": "eyJzY2hlbWFfdmVyc2lvbiI6IjEifQ=="
        },
        {
          "index_key": 482,
          "schema_version": 1,
          "attributes": {
            "agent_pool_id": "",
            "allow_destroy_plan": true,
            "assessments_enabled": false,
            "auto_apply": true,
            "description": "",
            "execution_mode": "remote",
            "file_triggers_enabled": true,
            "force_delete": true,
            "global_remote_state": false,
            "html_url": "https://app.terraform.io/app/hashi_strawb_testing/workspaces/many-workspace-test-0482",
            "id": "ws-m686MnN61DJf7mgy",
            "name": "many-workspace-test-0482",
            "operations": true,
            "organization": "hashi_strawb_testing",
            "project_id": "prj-8rNEinGacXMAwCr4",
            "queue_all_runs": true,
            "remote_state_consumer_ids": [],
            "resource_count": 0,
            "source_name": "",
            "source_url": "",
            "speculative_enabled": true,
            "ssh_key_id": "",
            "structured_run_output_enabled": true,
            "tag_names": [],
            "terraform_version": "1.6.2",
            "trigger_patterns": [],
            "trigger_prefixes": [
              "/modules"
            ],
            "vcs_repo": [
              {
                "branch": "",
                "github_app_installation_id": "ghain-3JcBMQW48TPfPn4f",
                "identifier": "hashi-strawb/tfc-big-monorepo-test",
                "ingress_submodules": false,
                "oauth_token_id": "",
                "tags_regex": ""
              }
            ],
            "working_directory": "workspaces/"
          },
          "sensitive_attributes": [],
          "private": "eyJzY2hlbWFfdmVyc2lvbiI6IjEifQ=="
        },
        {
          "index_key": 483,
          "schema_version": 1,
          "attributes": {
            "agent_pool_id": "",
            "allow_destroy_plan": true,
            "assessments_enabled": false,
            "auto_apply": true,
            "description": "",
            "execution_mode": "remote",
            "file_triggers_enabled": true,
            "force_delete": true,
            "global_remote_state": false,
            "html_url": "https://app.terraform.io/app/hashi_strawb_testing/workspaces/many-workspace-test-0483",
            "id": "ws-B4hQ6X1ftKEioXwh",
            "name": "many-workspace-test-0483",
            "operations": true,
            "organization": "hashi_strawb_testing",
            "project_id": "prj-8rNEinGacXMAwCr4",
            "queue_all_runs": true,
            "remote_state_consumer_ids": [],
            "resource_count": 0,
            "source_name": "",
            "source_url": "",
            "speculative_enabled": true,
            "ssh_key_id": "",
            "structured_run_output_enabled": true,
            "tag_names": [],
            "terraform_version": "1.6.2",
            "trigger_patterns": [],
            "trigger_prefixes": [
              "/modules"
            ],
            "vcs_repo": [
              {
                "branch": "",
                "github_app_installation_id": "ghain-3JcBMQW48TPfPn4f",
                "identifier": "hashi-strawb/tfc-big-monorepo-test",
                "ingress_submodules": false,
                "oauth_token_id": "",
                "tags_regex": ""
              }
            ],
            "working_directory": "workspaces/"
          },
          "sensitive_attributes": [],
          "private": "eyJzY2hlbWFfdmVyc2lvbiI6IjEifQ=="
        },
        {
          "index_key": 484,
          "schema_version": 1,
          "attributes": {
            "agent_pool_id": "",
            "allow_destroy_plan": true,
            "assessments_enabled": false,
            "auto_apply": true,
            "description": "",
            "execution_mode": "remote",
            "file_triggers_enabled": true,
            "force_delete": true,
            "global_remote_state": false,
            "html_url": "https://app.terraform.io/app/hashi_strawb_testing/workspaces/many-workspace-test-0484",
            "id": "ws-Me3kdAD2ctrgEaHP",
            "name": "many-workspace-test-0484",
            "operations": true,
            "organization": "hashi_strawb_testing",
            "project_id": "prj-8rNEinGacXMAwCr4",
            "queue_all_runs": true,
            "remote_state_consumer_ids": [],
            "resource_count": 1,
            "source_name": "",
            "source_url": "",
            "speculative_enabled": true,
            "ssh_key_id": "",
            "structured_run_output_enabled": true,
            "tag_names": [],
            "terraform_version": "1.6.2",
            "trigger_patterns": [],
            "trigger_prefixes": [
              "/modules"
            ],
            "vcs_repo": [
              {
                "branch": "",
                "github_app_installation_id": "ghain-3JcBMQW48TPfPn4f",
                "identifier": "hashi-strawb/tfc-big-monorepo-test",
                "ingress_submodules": false,
                "oauth_token_id": "",
                "tags_regex": ""
              }
            ],
            "working_directory": "workspaces/"
          },
          "sensitive_attributes": [],
          "private": "eyJzY2hlbWFfdmVyc2lvbiI6IjEifQ=="
        },
        {
          "index_key": 485,
          "schema_version": 1,
          "attributes": {
            "agent_pool_id": "",
            "allow_destroy_plan": true,
            "assessments_enabled": false,
            "auto_apply": true,
            "description": "",
            "execution_mode": "remote",
            "file_triggers_enabled": true,
            "force_delete": true,
            "global_remote_state": false,
            "html_url": "https://app.terraform.io/app/hashi_strawb_testing/workspaces/many-workspace-test-0485",
            "id": "ws-mnED3skSFWuyJsXx",
            "name": "many-workspace-test-0485",
            "operations": true,
            "organization": "hashi_strawb_testing",
            "project_id": "prj-8rNEinGacXMAwCr4",
            "queue_all_runs": true,
            "remote_state_consumer_ids": [],
            "resource_count": 0,
            "source_name": "",
            "source_url": "",
            "speculative_enabled": true,
            "ssh_key_id": "",
            "structured_run_output_enabled": true,
            "tag_names": [],
            "terraform_version": "1.6.2",
            "trigger_patterns": [],
            "trigger_prefixes": [
              "/modules"
            ],
            "vcs_repo": [
              {
                "branch": "",
                "github_app_installation_id": "ghain-3JcBMQW48TPfPn4f",
                "identifier": "hashi-strawb/tfc-big-monorepo-test",
                "ingress_submodules": false,
                "oauth_token_id": "",
                "tags_regex": ""
              }
            ],
            "working_directory": "workspaces/"
          },
          "sensitive_attributes": [],
          "private": "eyJzY2hlbWFfdmVyc2lvbiI6IjEifQ=="
        },
        {
          "index_key": 486,
          "schema_version": 1,
          "attributes": {
            "agent_pool_id": "",
            "allow_destroy_plan": true,
            "assessments_enabled": false,
            "auto_apply": true,
            "description": "",
            "execution_mode": "remote",
            "file_triggers_enabled": true,
            "force_delete": true,
            "global_remote_state": false,
            "html_url": "https://app.terraform.io/app/hashi_strawb_testing/workspaces/many-workspace-test-0486",
            "id": "ws-zBpMxXr2Vag5zZYa",
            "name": "many-workspace-test-0486",
            "operations": true,
            "organization": "hashi_strawb_testing",
            "project_id": "prj-8rNEinGacXMAwCr4",
            "queue_all_runs": true,
            "remote_state_consumer_ids": [],
            "resource_count": 1,
            "source_name": "",
            "source_url": "",
            "speculative_enabled": true,
            "ssh_key_id": "",
            "structured_run_output_enabled": true,
            "tag_names": [],
            "terraform_version": "1.6.2",
            "trigger_patterns": [],
            "trigger_prefixes": [
              "/modules"
            ],
            "vcs_repo": [
              {
                "branch": "",
                "github_app_installation_id": "ghain-3JcBMQW48TPfPn4f",
                "identifier": "hashi-strawb/tfc-big-monorepo-test",
                "ingress_submodules": false,
                "oauth_token_id": "",
                "tags_regex": ""
              }
            ],
            "working_directory": "workspaces/"
          },
          "sensitive_attributes": [],
          "private": "eyJzY2hlbWFfdmVyc2lvbiI6IjEifQ=="
        },
        {
          "index_key": 487,
          "schema_version": 1,
          "attributes": {
            "agent_pool_id": "",
            "allow_destroy_plan": true,
            "assessments_enabled": false,
            "auto_apply": true,
            "description": "",
            "execution_mode": "remote",
            "file_triggers_enabled": true,
            "force_delete": true,
            "global_remote_state": false,
            "html_url": "https://app.terraform.io/app/hashi_strawb_testing/workspaces/many-workspace-test-0487",
            "id": "ws-tfCAvmnn77Q3ofS8",
            "name": "many-workspace-test-0487",
            "operations": true,
            "organization": "hashi_strawb_testing",
            "project_id": "prj-8rNEinGacXMAwCr4",
            "queue_all_runs": true,
            "remote_state_consumer_ids": [],
            "resource_count": 1,
            "source_name": "",
            "source_url": "",
            "speculative_enabled": true,
            "ssh_key_id": "",
            "structured_run_output_enabled": true,
            "tag_names": [],
            "terraform_version": "1.6.2",
            "trigger_patterns": [],
            "trigger_prefixes": [
              "/modules"
            ],
            "vcs_repo": [
              {
                "branch": "",
                "github_app_installation_id": "ghain-3JcBMQW48TPfPn4f",
                "identifier": "hashi-strawb/tfc-big-monorepo-test",
                "ingress_submodules": false,
                "oauth_token_id": "",
                "tags_regex": ""
              }
            ],
            "working_directory": "workspaces/"
          },
          "sensitive_attributes": [],
          "private": "eyJzY2hlbWFfdmVyc2lvbiI6IjEifQ=="
        },
        {
          "index_key": 488,
          "schema_version": 1,
          "attributes": {
            "agent_pool_id": "",
            "allow_destroy_plan": true,
            "assessments_enabled": false,
            "auto_apply": true,
            "description": "",
            "execution_mode": "remote",
            "file_triggers_enabled": true,
            "force_delete": true,
            "global_remote_state": false,
            "html_url": "https://app.terraform.io/app/hashi_strawb_testing/workspaces/many-workspace-test-0488",
            "id": "ws-uD9rBJTX7kwTAjDx",
            "name": "many-workspace-test-0488",
            "operations": true,
            "organization": "hashi_strawb_testing",
            "project_id": "prj-8rNEinGacXMAwCr4",
            "queue_all_runs": true,
            "remote_state_consumer_ids": [],
            "resource_count": 0,
            "source_name": "",
            "source_url": "",
            "speculative_enabled": true,
            "ssh_key_id": "",
            "structured_run_output_enabled": true,
            "tag_names": [],
            "terraform_version": "1.6.2",
            "trigger_patterns": [],
            "trigger_prefixes": [
              "/modules"
            ],
            "vcs_repo": [
              {
                "branch": "",
                "github_app_installation_id": "ghain-3JcBMQW48TPfPn4f",
                "identifier": "hashi-strawb/tfc-big-monorepo-test",
                "ingress_submodules": false,
                "oauth_token_id": "",
                "tags_regex": ""
              }
            ],
            "working_directory": "workspaces/"
          },
          "sensitive_attributes": [],
          "private": "eyJzY2hlbWFfdmVyc2lvbiI6IjEifQ=="
        },
        {
          "index_key": 489,
          "schema_version": 1,
          "attributes": {
            "agent_pool_id": "",
            "allow_destroy_plan": true,
            "assessments_enabled": false,
            "auto_apply": true,
            "description": "",
            "execution_mode": "remote",
            "file_triggers_enabled": true,
            "force_delete": true,
            "global_remote_state": false,
            "html_url": "https://app.terraform.io/app/hashi_strawb_testing/workspaces/many-workspace-test-0489",
            "id": "ws-1kbyV9gZUpGvcaEo",
            "name": "many-workspace-test-0489",
            "operations": true,
            "organization": "hashi_strawb_testing",
            "project_id": "prj-8rNEinGacXMAwCr4",
            "queue_all_runs": true,
            "remote_state_consumer_ids": [],
            "resource_count": 1,
            "source_name": "",
            "source_url": "",
            "speculative_enabled": true,
            "ssh_key_id": "",
            "structured_run_output_enabled": true,
            "tag_names": [],
            "terraform_version": "1.6.2",
            "trigger_patterns": [],
            "trigger_prefixes": [
              "/modules"
            ],
            "vcs_repo": [
              {
                "branch": "",
                "github_app_installation_id": "ghain-3JcBMQW48TPfPn4f",
                "identifier": "hashi-strawb/tfc-big-monorepo-test",
                "ingress_submodules": false,
                "oauth_token_id": "",
                "tags_regex": ""
              }
            ],
            "working_directory": "workspaces/"
          },
          "sensitive_attributes": [],
          "private": "eyJzY2hlbWFfdmVyc2lvbiI6IjEifQ=="
        },
        {
          "index_key": 490,
          "schema_version": 1,
          "attributes": {
            "agent_pool_id": "",
            "allow_destroy_plan": true,
            "assessments_enabled": false,
            "auto_apply": true,
            "description": "",
            "execution_mode": "remote",
            "file_triggers_enabled": true,
            "force_delete": true,
            "global_remote_state": false,
            "html_url": "https://app.terraform.io/app/hashi_strawb_testing/workspaces/many-workspace-test-0490",
            "id": "ws-reuc8XMwzmoLTajn",
            "name": "many-workspace-test-0490",
            "operations": true,
            "organization": "hashi_strawb_testing",
            "project_id": "prj-8rNEinGacXMAwCr4",
            "queue_all_runs": true,
            "remote_state_consumer_ids": [],
            "resource_count": 1,
            "source_name": "",
            "source_url": "",
            "speculative_enabled": true,
            "ssh_key_id": "",
            "structured_run_output_enabled": true,
            "tag_names": [],
            "terraform_version": "1.6.2",
            "trigger_patterns": [],
            "trigger_prefixes": [
              "/modules"
            ],
            "vcs_repo": [
              {
                "branch": "",
                "github_app_installation_id": "ghain-3JcBMQW48TPfPn4f",
                "identifier": "hashi-strawb/tfc-big-monorepo-test",
                "ingress_submodules": false,
                "oauth_token_id": "",
                "tags_regex": ""
              }
            ],
            "working_directory": "workspaces/"
          },
          "sensitive_attributes": [],
          "private": "eyJzY2hlbWFfdmVyc2lvbiI6IjEifQ=="
        },
        {
          "index_key": 491,
          "schema_version": 1,
          "attributes": {
            "agent_pool_id": "",
            "allow_destroy_plan": true,
            "assessments_enabled": false,
            "auto_apply": true,
            "description": "",
            "execution_mode": "remote",
            "file_triggers_enabled": true,
            "force_delete": true,
            "global_remote_state": false,
            "html_url": "https://app.terraform.io/app/hashi_strawb_testing/workspaces/many-workspace-test-0491",
            "id": "ws-tiW5PGhzzZeasS4K",
            "name": "many-workspace-test-0491",
            "operations": true,
            "organization": "hashi_strawb_testing",
            "project_id": "prj-8rNEinGacXMAwCr4",
            "queue_all_runs": true,
            "remote_state_consumer_ids": [],
            "resource_count": 0,
            "source_name": "",
            "source_url": "",
            "speculative_enabled": true,
            "ssh_key_id": "",
            "structured_run_output_enabled": true,
            "tag_names": [],
            "terraform_version": "1.6.2",
            "trigger_patterns": [],
            "trigger_prefixes": [
              "/modules"
            ],
            "vcs_repo": [
              {
                "branch": "",
                "github_app_installation_id": "ghain-3JcBMQW48TPfPn4f",
                "identifier": "hashi-strawb/tfc-big-monorepo-test",
                "ingress_submodules": false,
                "oauth_token_id": "",
                "tags_regex": ""
              }
            ],
            "working_directory": "workspaces/"
          },
          "sensitive_attributes": [],
          "private": "eyJzY2hlbWFfdmVyc2lvbiI6IjEifQ=="
        },
        {
          "index_key": 492,
          "schema_version": 1,
          "attributes": {
            "agent_pool_id": "",
            "allow_destroy_plan": true,
            "assessments_enabled": false,
            "auto_apply": true,
            "description": "",
            "execution_mode": "remote",
            "file_triggers_enabled": true,
            "force_delete": true,
            "global_remote_state": false,
            "html_url": "https://app.terraform.io/app/hashi_strawb_testing/workspaces/many-workspace-test-0492",
            "id": "ws-RfEmcBV1VhW77FRd",
            "name": "many-workspace-test-0492",
            "operations": true,
            "organization": "hashi_strawb_testing",
            "project_id": "prj-8rNEinGacXMAwCr4",
            "queue_all_runs": true,
            "remote_state_consumer_ids": [],
            "resource_count": 1,
            "source_name": "",
            "source_url": "",
            "speculative_enabled": true,
            "ssh_key_id": "",
            "structured_run_output_enabled": true,
            "tag_names": [],
            "terraform_version": "1.6.2",
            "trigger_patterns": [],
            "trigger_prefixes": [
              "/modules"
            ],
            "vcs_repo": [
              {
                "branch": "",
                "github_app_installation_id": "ghain-3JcBMQW48TPfPn4f",
                "identifier": "hashi-strawb/tfc-big-monorepo-test",
                "ingress_submodules": false,
                "oauth_token_id": "",
                "tags_regex": ""
              }
            ],
            "working_directory": "workspaces/"
          },
          "sensitive_attributes": [],
          "private": "eyJzY2hlbWFfdmVyc2lvbiI6IjEifQ=="
        },
        {
          "index_key": 493,
          "schema_version": 1,
          "attributes": {
            "agent_pool_id": "",
            "allow_destroy_plan": true,
            "assessments_enabled": false,
            "auto_apply": true,
            "description": "",
            "execution_mode": "remote",
            "file_triggers_enabled": true,
            "force_delete": true,
            "global_remote_state": false,
            "html_url": "https://app.terraform.io/app/hashi_strawb_testing/workspaces/many-workspace-test-0493",
            "id": "ws-beXTeUnSEYU44FZd",
            "name": "many-workspace-test-0493",
            "operations": true,
            "organization": "hashi_strawb_testing",
            "project_id": "prj-8rNEinGacXMAwCr4",
            "queue_all_runs": true,
            "remote_state_consumer_ids": [],
            "resource_count": 0,
            "source_name": "",
            "source_url": "",
            "speculative_enabled": true,
            "ssh_key_id": "",
            "structured_run_output_enabled": true,
            "tag_names": [],
            "terraform_version": "1.6.2",
            "trigger_patterns": [],
            "trigger_prefixes": [
              "/modules"
            ],
            "vcs_repo": [
              {
                "branch": "",
                "github_app_installation_id": "ghain-3JcBMQW48TPfPn4f",
                "identifier": "hashi-strawb/tfc-big-monorepo-test",
                "ingress_submodules": false,
                "oauth_token_id": "",
                "tags_regex": ""
              }
            ],
            "working_directory": "workspaces/"
          },
          "sensitive_attributes": [],
          "private": "eyJzY2hlbWFfdmVyc2lvbiI6IjEifQ=="
        },
        {
          "index_key": 494,
          "schema_version": 1,
          "attributes": {
            "agent_pool_id": "",
            "allow_destroy_plan": true,
            "assessments_enabled": false,
            "auto_apply": true,
            "description": "",
            "execution_mode": "remote",
            "file_triggers_enabled": true,
            "force_delete": true,
            "global_remote_state": false,
            "html_url": "https://app.terraform.io/app/hashi_strawb_testing/workspaces/many-workspace-test-0494",
            "id": "ws-kiNcsiijcTpnBRwy",
            "name": "many-workspace-test-0494",
            "operations": true,
            "organization": "hashi_strawb_testing",
            "project_id": "prj-8rNEinGacXMAwCr4",
            "queue_all_runs": true,
            "remote_state_consumer_ids": [],
            "resource_count": 0,
            "source_name": "",
            "source_url": "",
            "speculative_enabled": true,
            "ssh_key_id": "",
            "structured_run_output_enabled": true,
            "tag_names": [],
            "terraform_version": "1.6.2",
            "trigger_patterns": [],
            "trigger_prefixes": [
              "/modules"
            ],
            "vcs_repo": [
              {
                "branch": "",
                "github_app_installation_id": "ghain-3JcBMQW48TPfPn4f",
                "identifier": "hashi-strawb/tfc-big-monorepo-test",
                "ingress_submodules": false,
                "oauth_token_id": "",
                "tags_regex": ""
              }
            ],
            "working_directory": "workspaces/"
          },
          "sensitive_attributes": [],
          "private": "eyJzY2hlbWFfdmVyc2lvbiI6IjEifQ=="
        },
        {
          "index_key": 495,
          "schema_version": 1,
          "attributes": {
            "agent_pool_id": "",
            "allow_destroy_plan": true,
            "assessments_enabled": false,
            "auto_apply": true,
            "description": "",
            "execution_mode": "remote",
            "file_triggers_enabled": true,
            "force_delete": true,
            "global_remote_state": false,
            "html_url": "https://app.terraform.io/app/hashi_strawb_testing/workspaces/many-workspace-test-0495",
            "id": "ws-ZMgYxFhqcSJiYUNC",
            "name": "many-workspace-test-0495",
            "operations": true,
            "organization": "hashi_strawb_testing",
            "project_id": "prj-8rNEinGacXMAwCr4",
            "queue_all_runs": true,
            "remote_state_consumer_ids": [],
            "resource_count": 0,
            "source_name": "",
            "source_url": "",
            "speculative_enabled": true,
            "ssh_key_id": "",
            "structured_run_output_enabled": true,
            "tag_names": [],
            "terraform_version": "1.6.2",
            "trigger_patterns": [],
            "trigger_prefixes": [
              "/modules"
            ],
            "vcs_repo": [
              {
                "branch": "",
                "github_app_installation_id": "ghain-3JcBMQW48TPfPn4f",
                "identifier": "hashi-strawb/tfc-big-monorepo-test",
                "ingress_submodules": false,
                "oauth_token_id": "",
                "tags_regex": ""
              }
            ],
            "working_directory": "workspaces/"
          },
          "sensitive_attributes": [],
          "private": "eyJzY2hlbWFfdmVyc2lvbiI6IjEifQ=="
        },
        {
          "index_key": 496,
          "schema_version": 1,
          "attributes": {
            "agent_pool_id": "",
            "allow_destroy_plan": true,
            "assessments_enabled": false,
            "auto_apply": true,
            "description": "",
            "execution_mode": "remote",
            "file_triggers_enabled": true,
            "force_delete": true,
            "global_remote_state": false,
            "html_url": "https://app.terraform.io/app/hashi_strawb_testing/workspaces/many-workspace-test-0496",
            "id": "ws-Hz7dBSkFc8fBvXnf",
            "name": "many-workspace-test-0496",
            "operations": true,
            "organization": "hashi_strawb_testing",
            "project_id": "prj-8rNEinGacXMAwCr4",
            "queue_all_runs": true,
            "remote_state_consumer_ids": [],
            "resource_count": 0,
            "source_name": "",
            "source_url": "",
            "speculative_enabled": true,
            "ssh_key_id": "",
            "structured_run_output_enabled": true,
            "tag_names": [],
            "terraform_version": "1.6.2",
            "trigger_patterns": [],
            "trigger_prefixes": [
              "/modules"
            ],
            "vcs_repo": [
              {
                "branch": "",
                "github_app_installation_id": "ghain-3JcBMQW48TPfPn4f",
                "identifier": "hashi-strawb/tfc-big-monorepo-test",
                "ingress_submodules": false,
                "oauth_token_id": "",
                "tags_regex": ""
              }
            ],
            "working_directory": "workspaces/"
          },
          "sensitive_attributes": [],
          "private": "eyJzY2hlbWFfdmVyc2lvbiI6IjEifQ=="
        },
        {
          "index_key": 497,
          "schema_version": 1,
          "attributes": {
            "agent_pool_id": "",
            "allow_destroy_plan": true,
            "assessments_enabled": false,
            "auto_apply": true,
            "description": "",
            "execution_mode": "remote",
            "file_triggers_enabled": true,
            "force_delete": true,
            "global_remote_state": false,
            "html_url": "https://app.terraform.io/app/hashi_strawb_testing/workspaces/many-workspace-test-0497",
            "id": "ws-6K1LygVmQAijd7Mu",
            "name": "many-workspace-test-0497",
            "operations": true,
            "organization": "hashi_strawb_testing",
            "project_id": "prj-8rNEinGacXMAwCr4",
            "queue_all_runs": true,
            "remote_state_consumer_ids": [],
            "resource_count": 1,
            "source_name": "",
            "source_url": "",
            "speculative_enabled": true,
            "ssh_key_id": "",
            "structured_run_output_enabled": true,
            "tag_names": [],
            "terraform_version": "1.6.2",
            "trigger_patterns": [],
            "trigger_prefixes": [
              "/modules"
            ],
            "vcs_repo": [
              {
                "branch": "",
                "github_app_installation_id": "ghain-3JcBMQW48TPfPn4f",
                "identifier": "hashi-strawb/tfc-big-monorepo-test",
                "ingress_submodules": false,
                "oauth_token_id": "",
                "tags_regex": ""
              }
            ],
            "working_directory": "workspaces/"
          },
          "sensitive_attributes": [],
          "private": "eyJzY2hlbWFfdmVyc2lvbiI6IjEifQ=="
        },
        {
          "index_key": 498,
          "schema_version": 1,
          "attributes": {
            "agent_pool_id": "",
            "allow_destroy_plan": true,
            "assessments_enabled": false,
            "auto_apply": true,
            "description": "",
            "execution_mode": "remote",
            "file_triggers_enabled": true,
            "force_delete": true,
            "global_remote_state": false,
            "html_url": "https://app.terraform.io/app/hashi_strawb_testing/workspaces/many-workspace-test-0498",
            "id": "ws-ppushZH4nU43Gnj7",
            "name": "many-workspace-test-0498",
            "operations": true,
            "organization": "hashi_strawb_testing",
            "project_id": "prj-8rNEinGacXMAwCr4",
            "queue_all_runs": true,
            "remote_state_consumer_ids": [],
            "resource_count": 1,
            "source_name": "",
            "source_url": "",
            "speculative_enabled": true,
            "ssh_key_id": "",
            "structured_run_output_enabled": true,
            "tag_names": [],
            "terraform_version": "1.6.2",
            "trigger_patterns": [],
            "trigger_prefixes": [
              "/modules"
            ],
            "vcs_repo": [
              {
                "branch": "",
                "github_app_installation_id": "ghain-3JcBMQW48TPfPn4f",
                "identifier": "hashi-strawb/tfc-big-monorepo-test",
                "ingress_submodules": false,
                "oauth_token_id": "",
                "tags_regex": ""
              }
            ],
            "working_directory": "workspaces/"
          },
          "sensitive_attributes": [],
          "private": "eyJzY2hlbWFfdmVyc2lvbiI6IjEifQ=="
        },
        {
          "index_key": 499,
          "schema_version": 1,
          "attributes": {
            "agent_pool_id": "",
            "allow_destroy_plan": true,
            "assessments_enabled": false,
            "auto_apply": true,
            "description": "",
            "execution_mode": "remote",
            "file_triggers_enabled": true,
            "force_delete": true,
            "global_remote_state": false,
            "html_url": "https://app.terraform.io/app/hashi_strawb_testing/workspaces/many-workspace-test-0499",
            "id": "ws-pYrRKfKTC9xyS2WU",
            "name": "many-workspace-test-0499",
            "operations": true,
            "organization": "hashi_strawb_testing",
            "project_id": "prj-8rNEinGacXMAwCr4",
            "queue_all_runs": true,
            "remote_state_consumer_ids": [],
            "resource_count": 0,
            "source_name": "",
            "source_url": "",
            "speculative_enabled": true,
            "ssh_key_id": "",
            "structured_run_output_enabled": true,
            "tag_names": [],
            "terraform_version": "1.6.2",
            "trigger_patterns": [],
            "trigger_prefixes": [
              "/modules"
            ],
            "vcs_repo": [
              {
                "branch": "",
                "github_app_installation_id": "ghain-3JcBMQW48TPfPn4f",
                "identifier": "hashi-strawb/tfc-big-monorepo-test",
                "ingress_submodules": false,
                "oauth_token_id": "",
                "tags_regex": ""
              }
            ],
            "working_directory": "workspaces/"
          },
          "sensitive_attributes": [],
          "private": "eyJzY2hlbWFfdmVyc2lvbiI6IjEifQ=="
        }
      ]
    }
  ],
  "check_results": null
}
