{
  "version": 4,
  "terraform_version": "1.7.2",
  "serial": 2306,
  "lineage": "d04fb3a5-b84d-3dbc-5677-e0ad91f5a777",
  "outputs": {},
  "resources": [
    {
      "mode": "managed",
      "type": "tfe_project",
      "name": "test",
      "provider": "provider[\"registry.terraform.io/hashicorp/tfe\"]",
      "instances": [
        {
          "schema_version": 0,
          "attributes": {
            "id": "prj-NGVvi8adZhBaT19C",
            "name": "monorepo-test",
            "organization": "hashi_strawb_testing"
          },
          "sensitive_attributes": [],
          "private": "bnVsbA=="
        }
      ]
    },
    {
      "mode": "managed",
      "type": "tfe_workspace",
      "name": "ws",
      "provider": "provider[\"registry.terraform.io/hashicorp/tfe\"]",
      "instances": [
        {
          "index_key": 0,
          "schema_version": 1,
          "attributes": {
            "agent_pool_id": "",
            "allow_destroy_plan": true,
            "assessments_enabled": false,
            "auto_apply": true,
            "description": "",
            "execution_mode": "remote",
            "file_triggers_enabled": true,
            "force_delete": true,
            "global_remote_state": false,
            "html_url": "https://app.terraform.io/app/hashi_strawb_testing/workspaces/many-workspace-test-0000",
            "id": "ws-2mGqip2TmxF8RZ39",
            "name": "many-workspace-test-0000",
            "operations": true,
            "organization": "hashi_strawb_testing",
            "project_id": "prj-NGVvi8adZhBaT19C",
            "queue_all_runs": true,
            "remote_state_consumer_ids": [],
            "resource_count": 1,
            "source_name": "",
            "source_url": "",
            "speculative_enabled": true,
            "ssh_key_id": "",
            "structured_run_output_enabled": true,
            "tag_names": [],
            "terraform_version": "1.7.5",
            "trigger_patterns": [],
            "trigger_prefixes": [
              "/modules"
            ],
            "vcs_repo": [
              {
                "branch": "",
                "github_app_installation_id": "ghain-3JcBMQW48TPfPn4f",
                "identifier": "hashi-strawb/tfc-big-monorepo-test",
                "ingress_submodules": false,
                "oauth_token_id": "",
                "tags_regex": ""
              }
            ],
            "working_directory": "individual-workspaces/ws-0000"
          },
          "sensitive_attributes": [],
          "private": "eyJzY2hlbWFfdmVyc2lvbiI6IjEifQ==",
          "dependencies": [
            "tfe_project.test"
          ]
        },
        {
          "index_key": 1,
          "schema_version": 1,
          "attributes": {
            "agent_pool_id": "",
            "allow_destroy_plan": true,
            "assessments_enabled": false,
            "auto_apply": true,
            "description": "",
            "execution_mode": "remote",
            "file_triggers_enabled": true,
            "force_delete": true,
            "global_remote_state": false,
            "html_url": "https://app.terraform.io/app/hashi_strawb_testing/workspaces/many-workspace-test-0001",
            "id": "ws-tPpN2AsvJWuTG7Zg",
            "name": "many-workspace-test-0001",
            "operations": true,
            "organization": "hashi_strawb_testing",
            "project_id": "prj-NGVvi8adZhBaT19C",
            "queue_all_runs": true,
            "remote_state_consumer_ids": [],
            "resource_count": 1,
            "source_name": "",
            "source_url": "",
            "speculative_enabled": true,
            "ssh_key_id": "",
            "structured_run_output_enabled": true,
            "tag_names": [],
            "terraform_version": "1.7.5",
            "trigger_patterns": [],
            "trigger_prefixes": [
              "/modules"
            ],
            "vcs_repo": [
              {
                "branch": "",
                "github_app_installation_id": "ghain-3JcBMQW48TPfPn4f",
                "identifier": "hashi-strawb/tfc-big-monorepo-test",
                "ingress_submodules": false,
                "oauth_token_id": "",
                "tags_regex": ""
              }
            ],
            "working_directory": "individual-workspaces/ws-0001"
          },
          "sensitive_attributes": [],
          "private": "eyJzY2hlbWFfdmVyc2lvbiI6IjEifQ==",
          "dependencies": [
            "tfe_project.test"
          ]
        },
        {
          "index_key": 2,
          "schema_version": 1,
          "attributes": {
            "agent_pool_id": "",
            "allow_destroy_plan": true,
            "assessments_enabled": false,
            "auto_apply": true,
            "description": "",
            "execution_mode": "remote",
            "file_triggers_enabled": true,
            "force_delete": true,
            "global_remote_state": false,
            "html_url": "https://app.terraform.io/app/hashi_strawb_testing/workspaces/many-workspace-test-0002",
            "id": "ws-StRuyexA4WPk9Fxa",
            "name": "many-workspace-test-0002",
            "operations": true,
            "organization": "hashi_strawb_testing",
            "project_id": "prj-NGVvi8adZhBaT19C",
            "queue_all_runs": true,
            "remote_state_consumer_ids": [],
            "resource_count": 1,
            "source_name": "",
            "source_url": "",
            "speculative_enabled": true,
            "ssh_key_id": "",
            "structured_run_output_enabled": true,
            "tag_names": [],
            "terraform_version": "1.7.5",
            "trigger_patterns": [],
            "trigger_prefixes": [
              "/modules"
            ],
            "vcs_repo": [
              {
                "branch": "",
                "github_app_installation_id": "ghain-3JcBMQW48TPfPn4f",
                "identifier": "hashi-strawb/tfc-big-monorepo-test",
                "ingress_submodules": false,
                "oauth_token_id": "",
                "tags_regex": ""
              }
            ],
            "working_directory": "individual-workspaces/ws-0002"
          },
          "sensitive_attributes": [],
          "private": "eyJzY2hlbWFfdmVyc2lvbiI6IjEifQ==",
          "dependencies": [
            "tfe_project.test"
          ]
        },
        {
          "index_key": 3,
          "schema_version": 1,
          "attributes": {
            "agent_pool_id": "",
            "allow_destroy_plan": true,
            "assessments_enabled": false,
            "auto_apply": true,
            "description": "",
            "execution_mode": "remote",
            "file_triggers_enabled": true,
            "force_delete": true,
            "global_remote_state": false,
            "html_url": "https://app.terraform.io/app/hashi_strawb_testing/workspaces/many-workspace-test-0003",
            "id": "ws-f58svvoRFZRBk23F",
            "name": "many-workspace-test-0003",
            "operations": true,
            "organization": "hashi_strawb_testing",
            "project_id": "prj-NGVvi8adZhBaT19C",
            "queue_all_runs": true,
            "remote_state_consumer_ids": [],
            "resource_count": 1,
            "source_name": "",
            "source_url": "",
            "speculative_enabled": true,
            "ssh_key_id": "",
            "structured_run_output_enabled": true,
            "tag_names": [],
            "terraform_version": "1.7.5",
            "trigger_patterns": [],
            "trigger_prefixes": [
              "/modules"
            ],
            "vcs_repo": [
              {
                "branch": "",
                "github_app_installation_id": "ghain-3JcBMQW48TPfPn4f",
                "identifier": "hashi-strawb/tfc-big-monorepo-test",
                "ingress_submodules": false,
                "oauth_token_id": "",
                "tags_regex": ""
              }
            ],
            "working_directory": "individual-workspaces/ws-0003"
          },
          "sensitive_attributes": [],
          "private": "eyJzY2hlbWFfdmVyc2lvbiI6IjEifQ==",
          "dependencies": [
            "tfe_project.test"
          ]
        },
        {
          "index_key": 4,
          "schema_version": 1,
          "attributes": {
            "agent_pool_id": "",
            "allow_destroy_plan": true,
            "assessments_enabled": false,
            "auto_apply": true,
            "description": "",
            "execution_mode": "remote",
            "file_triggers_enabled": true,
            "force_delete": true,
            "global_remote_state": false,
            "html_url": "https://app.terraform.io/app/hashi_strawb_testing/workspaces/many-workspace-test-0004",
            "id": "ws-7fidiu6Fq1gLnfvs",
            "name": "many-workspace-test-0004",
            "operations": true,
            "organization": "hashi_strawb_testing",
            "project_id": "prj-NGVvi8adZhBaT19C",
            "queue_all_runs": true,
            "remote_state_consumer_ids": [],
            "resource_count": 1,
            "source_name": "",
            "source_url": "",
            "speculative_enabled": true,
            "ssh_key_id": "",
            "structured_run_output_enabled": true,
            "tag_names": [],
            "terraform_version": "1.7.5",
            "trigger_patterns": [],
            "trigger_prefixes": [
              "/modules"
            ],
            "vcs_repo": [
              {
                "branch": "",
                "github_app_installation_id": "ghain-3JcBMQW48TPfPn4f",
                "identifier": "hashi-strawb/tfc-big-monorepo-test",
                "ingress_submodules": false,
                "oauth_token_id": "",
                "tags_regex": ""
              }
            ],
            "working_directory": "individual-workspaces/ws-0004"
          },
          "sensitive_attributes": [],
          "private": "eyJzY2hlbWFfdmVyc2lvbiI6IjEifQ==",
          "dependencies": [
            "tfe_project.test"
          ]
        },
        {
          "index_key": 5,
          "schema_version": 1,
          "attributes": {
            "agent_pool_id": "",
            "allow_destroy_plan": true,
            "assessments_enabled": false,
            "auto_apply": true,
            "description": "",
            "execution_mode": "remote",
            "file_triggers_enabled": true,
            "force_delete": true,
            "global_remote_state": false,
            "html_url": "https://app.terraform.io/app/hashi_strawb_testing/workspaces/many-workspace-test-0005",
            "id": "ws-AVnBrcWtbbUJJaTD",
            "name": "many-workspace-test-0005",
            "operations": true,
            "organization": "hashi_strawb_testing",
            "project_id": "prj-NGVvi8adZhBaT19C",
            "queue_all_runs": true,
            "remote_state_consumer_ids": [],
            "resource_count": 1,
            "source_name": "",
            "source_url": "",
            "speculative_enabled": true,
            "ssh_key_id": "",
            "structured_run_output_enabled": true,
            "tag_names": [],
            "terraform_version": "1.7.5",
            "trigger_patterns": [],
            "trigger_prefixes": [
              "/modules"
            ],
            "vcs_repo": [
              {
                "branch": "",
                "github_app_installation_id": "ghain-3JcBMQW48TPfPn4f",
                "identifier": "hashi-strawb/tfc-big-monorepo-test",
                "ingress_submodules": false,
                "oauth_token_id": "",
                "tags_regex": ""
              }
            ],
            "working_directory": "individual-workspaces/ws-0005"
          },
          "sensitive_attributes": [],
          "private": "eyJzY2hlbWFfdmVyc2lvbiI6IjEifQ==",
          "dependencies": [
            "tfe_project.test"
          ]
        },
        {
          "index_key": 6,
          "schema_version": 1,
          "attributes": {
            "agent_pool_id": "",
            "allow_destroy_plan": true,
            "assessments_enabled": false,
            "auto_apply": true,
            "description": "",
            "execution_mode": "remote",
            "file_triggers_enabled": true,
            "force_delete": true,
            "global_remote_state": false,
            "html_url": "https://app.terraform.io/app/hashi_strawb_testing/workspaces/many-workspace-test-0006",
            "id": "ws-ayGUPg9sdpnf8rWG",
            "name": "many-workspace-test-0006",
            "operations": true,
            "organization": "hashi_strawb_testing",
            "project_id": "prj-NGVvi8adZhBaT19C",
            "queue_all_runs": true,
            "remote_state_consumer_ids": [],
            "resource_count": 1,
            "source_name": "",
            "source_url": "",
            "speculative_enabled": true,
            "ssh_key_id": "",
            "structured_run_output_enabled": true,
            "tag_names": [],
            "terraform_version": "1.7.5",
            "trigger_patterns": [],
            "trigger_prefixes": [
              "/modules"
            ],
            "vcs_repo": [
              {
                "branch": "",
                "github_app_installation_id": "ghain-3JcBMQW48TPfPn4f",
                "identifier": "hashi-strawb/tfc-big-monorepo-test",
                "ingress_submodules": false,
                "oauth_token_id": "",
                "tags_regex": ""
              }
            ],
            "working_directory": "individual-workspaces/ws-0006"
          },
          "sensitive_attributes": [],
          "private": "eyJzY2hlbWFfdmVyc2lvbiI6IjEifQ==",
          "dependencies": [
            "tfe_project.test"
          ]
        },
        {
          "index_key": 7,
          "schema_version": 1,
          "attributes": {
            "agent_pool_id": "",
            "allow_destroy_plan": true,
            "assessments_enabled": false,
            "auto_apply": true,
            "description": "",
            "execution_mode": "remote",
            "file_triggers_enabled": true,
            "force_delete": true,
            "global_remote_state": false,
            "html_url": "https://app.terraform.io/app/hashi_strawb_testing/workspaces/many-workspace-test-0007",
            "id": "ws-Ji8kCueTPAMBXp2f",
            "name": "many-workspace-test-0007",
            "operations": true,
            "organization": "hashi_strawb_testing",
            "project_id": "prj-NGVvi8adZhBaT19C",
            "queue_all_runs": true,
            "remote_state_consumer_ids": [],
            "resource_count": 1,
            "source_name": "",
            "source_url": "",
            "speculative_enabled": true,
            "ssh_key_id": "",
            "structured_run_output_enabled": true,
            "tag_names": [],
            "terraform_version": "1.7.5",
            "trigger_patterns": [],
            "trigger_prefixes": [
              "/modules"
            ],
            "vcs_repo": [
              {
                "branch": "",
                "github_app_installation_id": "ghain-3JcBMQW48TPfPn4f",
                "identifier": "hashi-strawb/tfc-big-monorepo-test",
                "ingress_submodules": false,
                "oauth_token_id": "",
                "tags_regex": ""
              }
            ],
            "working_directory": "individual-workspaces/ws-0007"
          },
          "sensitive_attributes": [],
          "private": "eyJzY2hlbWFfdmVyc2lvbiI6IjEifQ==",
          "dependencies": [
            "tfe_project.test"
          ]
        },
        {
          "index_key": 8,
          "schema_version": 1,
          "attributes": {
            "agent_pool_id": "",
            "allow_destroy_plan": true,
            "assessments_enabled": false,
            "auto_apply": true,
            "description": "",
            "execution_mode": "remote",
            "file_triggers_enabled": true,
            "force_delete": true,
            "global_remote_state": false,
            "html_url": "https://app.terraform.io/app/hashi_strawb_testing/workspaces/many-workspace-test-0008",
            "id": "ws-9UCwubPs8Vpewf5H",
            "name": "many-workspace-test-0008",
            "operations": true,
            "organization": "hashi_strawb_testing",
            "project_id": "prj-NGVvi8adZhBaT19C",
            "queue_all_runs": true,
            "remote_state_consumer_ids": [],
            "resource_count": 1,
            "source_name": "",
            "source_url": "",
            "speculative_enabled": true,
            "ssh_key_id": "",
            "structured_run_output_enabled": true,
            "tag_names": [],
            "terraform_version": "1.7.5",
            "trigger_patterns": [],
            "trigger_prefixes": [
              "/modules"
            ],
            "vcs_repo": [
              {
                "branch": "",
                "github_app_installation_id": "ghain-3JcBMQW48TPfPn4f",
                "identifier": "hashi-strawb/tfc-big-monorepo-test",
                "ingress_submodules": false,
                "oauth_token_id": "",
                "tags_regex": ""
              }
            ],
            "working_directory": "individual-workspaces/ws-0008"
          },
          "sensitive_attributes": [],
          "private": "eyJzY2hlbWFfdmVyc2lvbiI6IjEifQ==",
          "dependencies": [
            "tfe_project.test"
          ]
        },
        {
          "index_key": 9,
          "schema_version": 1,
          "attributes": {
            "agent_pool_id": "",
            "allow_destroy_plan": true,
            "assessments_enabled": false,
            "auto_apply": true,
            "description": "",
            "execution_mode": "remote",
            "file_triggers_enabled": true,
            "force_delete": true,
            "global_remote_state": false,
            "html_url": "https://app.terraform.io/app/hashi_strawb_testing/workspaces/many-workspace-test-0009",
            "id": "ws-9nsHm9VMadE5xFEV",
            "name": "many-workspace-test-0009",
            "operations": true,
            "organization": "hashi_strawb_testing",
            "project_id": "prj-NGVvi8adZhBaT19C",
            "queue_all_runs": true,
            "remote_state_consumer_ids": [],
            "resource_count": 1,
            "source_name": "",
            "source_url": "",
            "speculative_enabled": true,
            "ssh_key_id": "",
            "structured_run_output_enabled": true,
            "tag_names": [],
            "terraform_version": "1.7.5",
            "trigger_patterns": [],
            "trigger_prefixes": [
              "/modules"
            ],
            "vcs_repo": [
              {
                "branch": "",
                "github_app_installation_id": "ghain-3JcBMQW48TPfPn4f",
                "identifier": "hashi-strawb/tfc-big-monorepo-test",
                "ingress_submodules": false,
                "oauth_token_id": "",
                "tags_regex": ""
              }
            ],
            "working_directory": "individual-workspaces/ws-0009"
          },
          "sensitive_attributes": [],
          "private": "eyJzY2hlbWFfdmVyc2lvbiI6IjEifQ==",
          "dependencies": [
            "tfe_project.test"
          ]
        }
      ]
    }
  ],
  "check_results": null
}
