{
  "version": 4,
  "terraform_version": "1.6.0",
  "serial": 12,
  "lineage": "d04fb3a5-b84d-3dbc-5677-e0ad91f5a777",
  "outputs": {},
  "resources": [
    {
      "mode": "managed",
      "type": "tfe_workspace",
      "name": "ws",
      "provider": "provider[\"registry.terraform.io/hashicorp/tfe\"]",
      "instances": [
        {
          "index_key": 0,
          "schema_version": 1,
          "attributes": {
            "agent_pool_id": "",
            "allow_destroy_plan": true,
            "assessments_enabled": false,
            "auto_apply": true,
            "description": "",
            "execution_mode": "remote",
            "file_triggers_enabled": true,
            "force_delete": false,
            "global_remote_state": false,
            "html_url": "https://app.terraform.io/app/hashi_strawb_testing/workspaces/many-workspace-test-0",
            "id": "ws-DXkxfNxZ3MHDJDMv",
            "name": "many-workspace-test-0",
            "operations": true,
            "organization": "hashi_strawb_testing",
            "project_id": "prj-8rNEinGacXMAwCr4",
            "queue_all_runs": true,
            "remote_state_consumer_ids": [],
            "resource_count": 1,
            "source_name": "",
            "source_url": "",
            "speculative_enabled": true,
            "ssh_key_id": "",
            "structured_run_output_enabled": true,
            "tag_names": [],
            "terraform_version": "1.6.2",
            "trigger_patterns": [],
            "trigger_prefixes": [
              "/modules"
            ],
            "vcs_repo": [
              {
                "branch": "",
                "github_app_installation_id": "ghain-3JcBMQW48TPfPn4f",
                "identifier": "hashi-strawb/tfc-big-monorepo-test",
                "ingress_submodules": false,
                "oauth_token_id": "",
                "tags_regex": ""
              }
            ],
            "working_directory": "workspaces/"
          },
          "sensitive_attributes": [],
          "private": "eyJzY2hlbWFfdmVyc2lvbiI6IjEifQ=="
        },
        {
          "index_key": 1,
          "schema_version": 1,
          "attributes": {
            "agent_pool_id": "",
            "allow_destroy_plan": true,
            "assessments_enabled": false,
            "auto_apply": true,
            "description": "",
            "execution_mode": "remote",
            "file_triggers_enabled": true,
            "force_delete": false,
            "global_remote_state": false,
            "html_url": "https://app.terraform.io/app/hashi_strawb_testing/workspaces/many-workspace-test-1",
            "id": "ws-AnVSgGKCMEvd1hK5",
            "name": "many-workspace-test-1",
            "operations": true,
            "organization": "hashi_strawb_testing",
            "project_id": "prj-8rNEinGacXMAwCr4",
            "queue_all_runs": true,
            "remote_state_consumer_ids": [],
            "resource_count": 0,
            "source_name": "",
            "source_url": "",
            "speculative_enabled": true,
            "ssh_key_id": "",
            "structured_run_output_enabled": true,
            "tag_names": [],
            "terraform_version": "1.6.2",
            "trigger_patterns": null,
            "trigger_prefixes": [
              "/modules"
            ],
            "vcs_repo": [
              {
                "branch": "",
                "github_app_installation_id": "ghain-3JcBMQW48TPfPn4f",
                "identifier": "hashi-strawb/tfc-big-monorepo-test",
                "ingress_submodules": false,
                "oauth_token_id": "",
                "tags_regex": ""
              }
            ],
            "working_directory": "workspaces/"
          },
          "sensitive_attributes": [],
          "private": "eyJzY2hlbWFfdmVyc2lvbiI6IjEifQ=="
        },
        {
          "index_key": 2,
          "schema_version": 1,
          "attributes": {
            "agent_pool_id": "",
            "allow_destroy_plan": true,
            "assessments_enabled": false,
            "auto_apply": true,
            "description": "",
            "execution_mode": "remote",
            "file_triggers_enabled": true,
            "force_delete": false,
            "global_remote_state": false,
            "html_url": "https://app.terraform.io/app/hashi_strawb_testing/workspaces/many-workspace-test-2",
            "id": "ws-K5k2SFYp7GFztsg5",
            "name": "many-workspace-test-2",
            "operations": true,
            "organization": "hashi_strawb_testing",
            "project_id": "prj-8rNEinGacXMAwCr4",
            "queue_all_runs": true,
            "remote_state_consumer_ids": [],
            "resource_count": 0,
            "source_name": "",
            "source_url": "",
            "speculative_enabled": true,
            "ssh_key_id": "",
            "structured_run_output_enabled": true,
            "tag_names": [],
            "terraform_version": "1.6.2",
            "trigger_patterns": null,
            "trigger_prefixes": [
              "/modules"
            ],
            "vcs_repo": [
              {
                "branch": "",
                "github_app_installation_id": "ghain-3JcBMQW48TPfPn4f",
                "identifier": "hashi-strawb/tfc-big-monorepo-test",
                "ingress_submodules": false,
                "oauth_token_id": "",
                "tags_regex": ""
              }
            ],
            "working_directory": "workspaces/"
          },
          "sensitive_attributes": [],
          "private": "eyJzY2hlbWFfdmVyc2lvbiI6IjEifQ=="
        },
        {
          "index_key": 3,
          "schema_version": 1,
          "attributes": {
            "agent_pool_id": "",
            "allow_destroy_plan": true,
            "assessments_enabled": false,
            "auto_apply": true,
            "description": "",
            "execution_mode": "remote",
            "file_triggers_enabled": true,
            "force_delete": false,
            "global_remote_state": false,
            "html_url": "https://app.terraform.io/app/hashi_strawb_testing/workspaces/many-workspace-test-3",
            "id": "ws-zyUW6EWAvJZr72bq",
            "name": "many-workspace-test-3",
            "operations": true,
            "organization": "hashi_strawb_testing",
            "project_id": "prj-8rNEinGacXMAwCr4",
            "queue_all_runs": true,
            "remote_state_consumer_ids": [],
            "resource_count": 0,
            "source_name": "",
            "source_url": "",
            "speculative_enabled": true,
            "ssh_key_id": "",
            "structured_run_output_enabled": true,
            "tag_names": [],
            "terraform_version": "1.6.2",
            "trigger_patterns": null,
            "trigger_prefixes": [
              "/modules"
            ],
            "vcs_repo": [
              {
                "branch": "",
                "github_app_installation_id": "ghain-3JcBMQW48TPfPn4f",
                "identifier": "hashi-strawb/tfc-big-monorepo-test",
                "ingress_submodules": false,
                "oauth_token_id": "",
                "tags_regex": ""
              }
            ],
            "working_directory": "workspaces/"
          },
          "sensitive_attributes": [],
          "private": "eyJzY2hlbWFfdmVyc2lvbiI6IjEifQ=="
        },
        {
          "index_key": 4,
          "schema_version": 1,
          "attributes": {
            "agent_pool_id": "",
            "allow_destroy_plan": true,
            "assessments_enabled": false,
            "auto_apply": true,
            "description": "",
            "execution_mode": "remote",
            "file_triggers_enabled": true,
            "force_delete": false,
            "global_remote_state": false,
            "html_url": "https://app.terraform.io/app/hashi_strawb_testing/workspaces/many-workspace-test-4",
            "id": "ws-jCvYw5PHb6uF4EFk",
            "name": "many-workspace-test-4",
            "operations": true,
            "organization": "hashi_strawb_testing",
            "project_id": "prj-8rNEinGacXMAwCr4",
            "queue_all_runs": true,
            "remote_state_consumer_ids": [],
            "resource_count": 0,
            "source_name": "",
            "source_url": "",
            "speculative_enabled": true,
            "ssh_key_id": "",
            "structured_run_output_enabled": true,
            "tag_names": [],
            "terraform_version": "1.6.2",
            "trigger_patterns": null,
            "trigger_prefixes": [
              "/modules"
            ],
            "vcs_repo": [
              {
                "branch": "",
                "github_app_installation_id": "ghain-3JcBMQW48TPfPn4f",
                "identifier": "hashi-strawb/tfc-big-monorepo-test",
                "ingress_submodules": false,
                "oauth_token_id": "",
                "tags_regex": ""
              }
            ],
            "working_directory": "workspaces/"
          },
          "sensitive_attributes": [],
          "private": "eyJzY2hlbWFfdmVyc2lvbiI6IjEifQ=="
        },
        {
          "index_key": 5,
          "schema_version": 1,
          "attributes": {
            "agent_pool_id": "",
            "allow_destroy_plan": true,
            "assessments_enabled": false,
            "auto_apply": true,
            "description": "",
            "execution_mode": "remote",
            "file_triggers_enabled": true,
            "force_delete": false,
            "global_remote_state": false,
            "html_url": "https://app.terraform.io/app/hashi_strawb_testing/workspaces/many-workspace-test-5",
            "id": "ws-SQyoqCDfJcLWnDqZ",
            "name": "many-workspace-test-5",
            "operations": true,
            "organization": "hashi_strawb_testing",
            "project_id": "prj-8rNEinGacXMAwCr4",
            "queue_all_runs": true,
            "remote_state_consumer_ids": [],
            "resource_count": 0,
            "source_name": "",
            "source_url": "",
            "speculative_enabled": true,
            "ssh_key_id": "",
            "structured_run_output_enabled": true,
            "tag_names": [],
            "terraform_version": "1.6.2",
            "trigger_patterns": null,
            "trigger_prefixes": [
              "/modules"
            ],
            "vcs_repo": [
              {
                "branch": "",
                "github_app_installation_id": "ghain-3JcBMQW48TPfPn4f",
                "identifier": "hashi-strawb/tfc-big-monorepo-test",
                "ingress_submodules": false,
                "oauth_token_id": "",
                "tags_regex": ""
              }
            ],
            "working_directory": "workspaces/"
          },
          "sensitive_attributes": [],
          "private": "eyJzY2hlbWFfdmVyc2lvbiI6IjEifQ=="
        },
        {
          "index_key": 6,
          "schema_version": 1,
          "attributes": {
            "agent_pool_id": "",
            "allow_destroy_plan": true,
            "assessments_enabled": false,
            "auto_apply": true,
            "description": "",
            "execution_mode": "remote",
            "file_triggers_enabled": true,
            "force_delete": false,
            "global_remote_state": false,
            "html_url": "https://app.terraform.io/app/hashi_strawb_testing/workspaces/many-workspace-test-6",
            "id": "ws-ARfzPYCj3Jo25PYh",
            "name": "many-workspace-test-6",
            "operations": true,
            "organization": "hashi_strawb_testing",
            "project_id": "prj-8rNEinGacXMAwCr4",
            "queue_all_runs": true,
            "remote_state_consumer_ids": [],
            "resource_count": 0,
            "source_name": "",
            "source_url": "",
            "speculative_enabled": true,
            "ssh_key_id": "",
            "structured_run_output_enabled": true,
            "tag_names": [],
            "terraform_version": "1.6.2",
            "trigger_patterns": null,
            "trigger_prefixes": [
              "/modules"
            ],
            "vcs_repo": [
              {
                "branch": "",
                "github_app_installation_id": "ghain-3JcBMQW48TPfPn4f",
                "identifier": "hashi-strawb/tfc-big-monorepo-test",
                "ingress_submodules": false,
                "oauth_token_id": "",
                "tags_regex": ""
              }
            ],
            "working_directory": "workspaces/"
          },
          "sensitive_attributes": [],
          "private": "eyJzY2hlbWFfdmVyc2lvbiI6IjEifQ=="
        },
        {
          "index_key": 7,
          "schema_version": 1,
          "attributes": {
            "agent_pool_id": "",
            "allow_destroy_plan": true,
            "assessments_enabled": false,
            "auto_apply": true,
            "description": "",
            "execution_mode": "remote",
            "file_triggers_enabled": true,
            "force_delete": false,
            "global_remote_state": false,
            "html_url": "https://app.terraform.io/app/hashi_strawb_testing/workspaces/many-workspace-test-7",
            "id": "ws-KJwcQtedfGapK5No",
            "name": "many-workspace-test-7",
            "operations": true,
            "organization": "hashi_strawb_testing",
            "project_id": "prj-8rNEinGacXMAwCr4",
            "queue_all_runs": true,
            "remote_state_consumer_ids": [],
            "resource_count": 0,
            "source_name": "",
            "source_url": "",
            "speculative_enabled": true,
            "ssh_key_id": "",
            "structured_run_output_enabled": true,
            "tag_names": [],
            "terraform_version": "1.6.2",
            "trigger_patterns": null,
            "trigger_prefixes": [
              "/modules"
            ],
            "vcs_repo": [
              {
                "branch": "",
                "github_app_installation_id": "ghain-3JcBMQW48TPfPn4f",
                "identifier": "hashi-strawb/tfc-big-monorepo-test",
                "ingress_submodules": false,
                "oauth_token_id": "",
                "tags_regex": ""
              }
            ],
            "working_directory": "workspaces/"
          },
          "sensitive_attributes": [],
          "private": "eyJzY2hlbWFfdmVyc2lvbiI6IjEifQ=="
        },
        {
          "index_key": 8,
          "schema_version": 1,
          "attributes": {
            "agent_pool_id": "",
            "allow_destroy_plan": true,
            "assessments_enabled": false,
            "auto_apply": true,
            "description": "",
            "execution_mode": "remote",
            "file_triggers_enabled": true,
            "force_delete": false,
            "global_remote_state": false,
            "html_url": "https://app.terraform.io/app/hashi_strawb_testing/workspaces/many-workspace-test-8",
            "id": "ws-fK5rkNUyceh3N3At",
            "name": "many-workspace-test-8",
            "operations": true,
            "organization": "hashi_strawb_testing",
            "project_id": "prj-8rNEinGacXMAwCr4",
            "queue_all_runs": true,
            "remote_state_consumer_ids": [],
            "resource_count": 0,
            "source_name": "",
            "source_url": "",
            "speculative_enabled": true,
            "ssh_key_id": "",
            "structured_run_output_enabled": true,
            "tag_names": [],
            "terraform_version": "1.6.2",
            "trigger_patterns": null,
            "trigger_prefixes": [
              "/modules"
            ],
            "vcs_repo": [
              {
                "branch": "",
                "github_app_installation_id": "ghain-3JcBMQW48TPfPn4f",
                "identifier": "hashi-strawb/tfc-big-monorepo-test",
                "ingress_submodules": false,
                "oauth_token_id": "",
                "tags_regex": ""
              }
            ],
            "working_directory": "workspaces/"
          },
          "sensitive_attributes": [],
          "private": "eyJzY2hlbWFfdmVyc2lvbiI6IjEifQ=="
        },
        {
          "index_key": 9,
          "schema_version": 1,
          "attributes": {
            "agent_pool_id": "",
            "allow_destroy_plan": true,
            "assessments_enabled": false,
            "auto_apply": true,
            "description": "",
            "execution_mode": "remote",
            "file_triggers_enabled": true,
            "force_delete": false,
            "global_remote_state": false,
            "html_url": "https://app.terraform.io/app/hashi_strawb_testing/workspaces/many-workspace-test-9",
            "id": "ws-EWfLVyFrb5dD8a5a",
            "name": "many-workspace-test-9",
            "operations": true,
            "organization": "hashi_strawb_testing",
            "project_id": "prj-8rNEinGacXMAwCr4",
            "queue_all_runs": true,
            "remote_state_consumer_ids": [],
            "resource_count": 0,
            "source_name": "",
            "source_url": "",
            "speculative_enabled": true,
            "ssh_key_id": "",
            "structured_run_output_enabled": true,
            "tag_names": [],
            "terraform_version": "1.6.2",
            "trigger_patterns": null,
            "trigger_prefixes": [
              "/modules"
            ],
            "vcs_repo": [
              {
                "branch": "",
                "github_app_installation_id": "ghain-3JcBMQW48TPfPn4f",
                "identifier": "hashi-strawb/tfc-big-monorepo-test",
                "ingress_submodules": false,
                "oauth_token_id": "",
                "tags_regex": ""
              }
            ],
            "working_directory": "workspaces/"
          },
          "sensitive_attributes": [],
          "private": "eyJzY2hlbWFfdmVyc2lvbiI6IjEifQ=="
        }
      ]
    }
  ],
  "check_results": null
}
